{
    "format_version": "1.2",
    "terraform_version": "1.7.5",
    "planned_values": {
        "root_module": {
            "resources": [
                {
                    "address": "azurerm_mysql_flexible_server.cvs-mysql-flexible-server",
                    "mode": "managed",
                    "type": "azurerm_mysql_flexible_server",
                    "name": "cvs-mysql-flexible-server",
                    "provider_name": "registry.terraform.io/hashicorp/azurerm",
                    "schema_version": 0,
                    "values": {
                        "administrator_password": null,
                        "administrator_password_wo": null,
                        "administrator_password_wo_version": null,
                        "backup_retention_days": 7,
                        "create_mode": null,
                        "customer_managed_key": [],
                        "delegated_subnet_id": null,
                        "geo_redundant_backup_enabled": false,
                        "high_availability": [],
                        "identity": [],
                        "location": "eastus2",
                        "maintenance_window": [],
                        "name": "cvs-mysql-flexible-server",
                        "point_in_time_restore_time_in_utc": null,
                        "private_dns_zone_id": null,
                        "resource_group_name": "security-poc-yogeshd-rg",
                        "sku_name": "GP_Standard_D2ds_v4",
                        "source_server_id": null,
                        "tags": {
                            "costcenter": "02045",
                            "dataclassification": "confidential",
                            "environmenttype": "dev",
                            "itpmid": "12345",
                            "sharedemailaddress": "CloudSecurityServices@cvshealth.com"
                        },
                        "timeouts": null,
                        "version": "8.0.21",
                        "zone": "1"
                    },
                    "sensitive_values": {
                        "customer_managed_key": [],
                        "high_availability": [],
                        "identity": [],
                        "maintenance_window": [],
                        "storage": [],
                        "tags": {}
                    }
                }
            ]
        }
    },
    "resource_changes": [
        {
            "address": "azurerm_mysql_flexible_server.cvs-mysql-flexible-server",
            "mode": "managed",
            "type": "azurerm_mysql_flexible_server",
            "name": "cvs-mysql-flexible-server",
            "provider_name": "registry.terraform.io/hashicorp/azurerm",
            "change": {
                "actions": [
                    "create"
                ],
                "before": null,
                "after": {
                    "administrator_password": null,
                    "administrator_password_wo": null,
                    "administrator_password_wo_version": null,
                    "backup_retention_days": 7,
                    "create_mode": null,
                    "customer_managed_key": [],
                    "delegated_subnet_id": null,
                    "geo_redundant_backup_enabled": false,
                    "high_availability": [],
                    "identity": [],
                    "location": "eastus2",
                    "maintenance_window": [],
                    "name": "cvs-mysql-flexible-server",
                    "point_in_time_restore_time_in_utc": null,
                    "private_dns_zone_id": null,
                    "resource_group_name": "security-poc-yogeshd-rg",
                    "sku_name": "GP_Standard_D2ds_v4",
                    "source_server_id": null,
                    "tags": {
                        "costcenter": "02045",
                        "dataclassification": "confidential",
                        "environmenttype": "dev",
                        "itpmid": "12345",
                        "sharedemailaddress": "CloudSecurityServices@cvshealth.com"
                    },
                    "timeouts": null,
                    "version": "8.0.21",
                    "zone": "1"
                },
                "after_unknown": {
                    "administrator_login": true,
                    "customer_managed_key": [],
                    "fqdn": true,
                    "high_availability": [],
                    "id": true,
                    "identity": [],
                    "maintenance_window": [],
                    "public_network_access": true,
                    "public_network_access_enabled": true,
                    "replica_capacity": true,
                    "replication_role": true,
                    "storage": true,
                    "tags": {}
                },
                "before_sensitive": false,
                "after_sensitive": {
                    "administrator_password": true,
                    "customer_managed_key": [],
                    "high_availability": [],
                    "identity": [],
                    "maintenance_window": [],
                    "storage": [],
                    "tags": {}
                }
            }
        }
    ],
    "prior_state": {
        "format_version": "1.0",
        "terraform_version": "1.7.5",
        "values": {
            "root_module": {
                "resources": [
                    {
                        "address": "data.azurerm_client_config.current",
                        "mode": "data",
                        "type": "azurerm_client_config",
                        "name": "current",
                        "provider_name": "registry.terraform.io/hashicorp/azurerm",
                        "schema_version": 0,
                        "values": {
                            "client_id": "04b07795-8ddb-461a-bbee-02f9e1bf7b46",
                            "id": "Y2xpZW50Q29uZmlncy9jbGllbnRJZD0wNGIwNzc5NS04ZGRiLTQ2MWEtYmJlZS0wMmY5ZTFiZjdiNDY7b2JqZWN0SWQ9ZWIwM2VjMzEtZDkyMy00N2FmLTkzYjUtNGRlOGI5ZTI2NDE0O3N1YnNjcmlwdGlvbklkPWVjOGRjNjE4LTQ2ZGQtNDNlMi04NTA2LTMwMDdmMzA0ZDg4NDt0ZW5hbnRJZD1mYWJiNjFiOC0zYWZlLTRlNzUtYjkzNC1hNDdmNzgyYjhjZDc=",
                            "object_id": "eb03ec31-d923-47af-93b5-4de8b9e26414",
                            "subscription_id": "ec8dc618-46dd-43e2-8506-3007f304d884",
                            "tenant_id": "fabb61b8-3afe-4e75-b934-a47f782b8cd7",
                            "timeouts": null
                        },
                        "sensitive_values": {}
                    },
                    {
                        "address": "data.azurerm_resource_group.resource_group",
                        "mode": "data",
                        "type": "azurerm_resource_group",
                        "name": "resource_group",
                        "provider_name": "registry.terraform.io/hashicorp/azurerm",
                        "schema_version": 0,
                        "values": {
                            "id": "/subscriptions/ec8dc618-46dd-43e2-8506-3007f304d884/resourceGroups/security-poc-yogeshd-rg",
                            "location": "eastus2",
                            "managed_by": "",
                            "name": "security-poc-yogeshd-rg",
                            "tags": {
                                "createdondate": "2024-06-26",
                                "dataclassification": "restrictedD",
                                "environmentsubtype": "POC",
                                "environmenttype": "NonProd"
                            },
                            "timeouts": null
                        },
                        "sensitive_values": {
                            "tags": {}
                        }
                    }
                ]
            }
        }
    },
    "configuration": {
        "provider_config": {
            "azurerm": {
                "name": "azurerm",
                "full_name": "registry.terraform.io/hashicorp/azurerm",
                "version_constraint": "4.26.0",
                "expressions": {
                    "features": [
                        {}
                    ],
                    "subscription_id": {
                        "constant_value": "ec8dc618-46dd-43e2-8506-3007f304d884"
                    }
                }
            }
        },
        "root_module": {
            "resources": [
                {
                    "address": "azurerm_mysql_flexible_server.cvs-mysql-flexible-server",
                    "mode": "managed",
                    "type": "azurerm_mysql_flexible_server",
                    "name": "cvs-mysql-flexible-server",
                    "provider_config_key": "azurerm",
                    "expressions": {
                        "location": {
                            "references": [
                                "data.azurerm_resource_group.resource_group.location",
                                "data.azurerm_resource_group.resource_group"
                            ]
                        },
                        "name": {
                            "constant_value": "cvs-mysql-flexible-server"
                        },
                        "resource_group_name": {
                            "references": [
                                "data.azurerm_resource_group.resource_group.name",
                                "data.azurerm_resource_group.resource_group"
                            ]
                        },
                        "sku_name": {
                            "constant_value": "GP_Standard_D2ds_v4"
                        },
                        "tags": {
                            "constant_value": {
                                "costcenter": "02045",
                                "dataclassification": "confidential",
                                "environmenttype": "dev",
                                "itpmid": "12345",
                                "sharedemailaddress": "CloudSecurityServices@cvshealth.com"
                            }
                        },
                        "version": {
                            "constant_value": "8.0.21"
                        },
                        "zone": {
                            "constant_value": 1
                        }
                    },
                    "schema_version": 0
                },
                {
                    "address": "data.azurerm_client_config.current",
                    "mode": "data",
                    "type": "azurerm_client_config",
                    "name": "current",
                    "provider_config_key": "azurerm",
                    "schema_version": 0
                },
                {
                    "address": "data.azurerm_resource_group.resource_group",
                    "mode": "data",
                    "type": "azurerm_resource_group",
                    "name": "resource_group",
                    "provider_config_key": "azurerm",
                    "expressions": {
                        "name": {
                            "constant_value": "security-poc-yogeshd-rg"
                        }
                    },
                    "schema_version": 0
                }
            ]
        }
    },
    "relevant_attributes": [
        {
            "resource": "data.azurerm_resource_group.resource_group",
            "attribute": [
                "name"
            ]
        },
        {
            "resource": "data.azurerm_resource_group.resource_group",
            "attribute": [
                "location"
            ]
        }
    ],
    "timestamp": "2025-04-15T14:44:36Z",
    "errored": false
}