{
    "format_version": "1.1",
    "terraform_version": "1.4.2",
    "planned_values": {
        "outputs": {
            "resource_group_name": {
                "sensitive": false
            }
        },
        "root_module": {
            "resources": [
                {
                    "address": "azurerm_advanced_threat_protection.tp1",
                    "mode": "managed",
                    "type": "azurerm_advanced_threat_protection",
                    "name": "tp1",
                    "provider_name": "registry.terraform.io/hashicorp/azurerm",
                    "schema_version": 1,
                    "values": {
                        "enabled": true,
                        "timeouts": null
                    },
                    "sensitive_values": {}
                },
                {
                    "address": "azurerm_resource_group.rg",
                    "mode": "managed",
                    "type": "azurerm_resource_group",
                    "name": "rg",
                    "provider_name": "registry.terraform.io/hashicorp/azurerm",
                    "schema_version": 0,
                    "values": {
                        "location": "westeurope",
                        "tags": null,
                        "timeouts": null
                    },
                    "sensitive_values": {}
                },
                {
                    "address": "azurerm_storage_account.allowed",
                    "mode": "managed",
                    "type": "azurerm_storage_account",
                    "name": "allowed",
                    "provider_name": "registry.terraform.io/hashicorp/azurerm",
                    "schema_version": 2,
                    "values": {
                        "account_kind": "StorageV2",
                        "account_replication_type": "LRS",
                        "account_tier": "Standard",
                        "allow_blob_public_access": false,
                        "azure_files_authentication": [],
                        "custom_domain": [],
                        "enable_https_traffic_only": true,
                        "identity": [],
                        "infrastructure_encryption_enabled": false,
                        "is_hns_enabled": false,
                        "location": "westeurope",
                        "min_tls_version": "TLS1_0",
                        "name": "allowed",
                        "nfsv3_enabled": false,
                        "queue_encryption_key_type": "Service",
                        "resource_group_name": "rg1",
                        "shared_access_key_enabled": true,
                        "static_website": [],
                        "table_encryption_key_type": "Service",
                        "tags": {
                            "environment": "dev"
                        },
                        "timeouts": null
                    },
                    "sensitive_values": {
                        "azure_files_authentication": [],
                        "blob_properties": [],
                        "custom_domain": [],
                        "customer_managed_key": [],
                        "identity": [],
                        "network_rules": [],
                        "queue_properties": [],
                        "routing": [],
                        "share_properties": [],
                        "static_website": [],
                        "tags": {}
                    }
                },
                {
                    "address": "azurerm_storage_container.denied",
                    "mode": "managed",
                    "type": "azurerm_storage_container",
                    "name": "denied",
                    "provider_name": "registry.terraform.io/hashicorp/azurerm",
                    "schema_version": 1,
                    "values": {
                        "container_access_type": "blob",
                        "name": "denied",
                        "storage_account_name": "acct1",
                        "timeouts": null
                    },
                    "sensitive_values": {
                        "metadata": {}
                    }
                },
                {
                    "address": "random_pet.rg_name",
                    "mode": "managed",
                    "type": "random_pet",
                    "name": "rg_name",
                    "provider_name": "registry.terraform.io/hashicorp/random",
                    "schema_version": 0,
                    "values": {
                        "keepers": null,
                        "length": 2,
                        "prefix": "tst",
                        "separator": "-"
                    },
                    "sensitive_values": {}
                }
            ]
        }
    },
    "resource_changes": [
        {
            "address": "azurerm_advanced_threat_protection.tp1",
            "mode": "managed",
            "type": "azurerm_advanced_threat_protection",
            "name": "tp1",
            "provider_name": "registry.terraform.io/hashicorp/azurerm",
            "change": {
                "actions": [
                    "create"
                ],
                "before": null,
                "after": {
                    "enabled": true,
                    "timeouts": null
                },
                "after_unknown": {
                    "id": true,
                    "target_resource_id": true
                },
                "before_sensitive": false,
                "after_sensitive": {}
            }
        },
        {
            "address": "azurerm_resource_group.rg",
            "mode": "managed",
            "type": "azurerm_resource_group",
            "name": "rg",
            "provider_name": "registry.terraform.io/hashicorp/azurerm",
            "change": {
                "actions": [
                    "create"
                ],
                "before": null,
                "after": {
                    "location": "westeurope",
                    "tags": null,
                    "timeouts": null
                },
                "after_unknown": {
                    "id": true,
                    "name": true
                },
                "before_sensitive": false,
                "after_sensitive": {}
            }
        },
        {
            "address": "azurerm_storage_account.allowed",
            "mode": "managed",
            "type": "azurerm_storage_account",
            "name": "allowed",
            "provider_name": "registry.terraform.io/hashicorp/azurerm",
            "change": {
                "actions": [
                    "create"
                ],
                "before": null,
                "after": {
                    "account_kind": "StorageV2",
                    "account_replication_type": "LRS",
                    "account_tier": "Standard",
                    "allow_blob_public_access": false,
                    "azure_files_authentication": [],
                    "custom_domain": [],
                    "enable_https_traffic_only": true,
                    "identity": [],
                    "infrastructure_encryption_enabled": false,
                    "is_hns_enabled": false,
                    "location": "westeurope",
                    "min_tls_version": "TLS1_0",
                    "name": "allowed",
                    "nfsv3_enabled": false,
                    "queue_encryption_key_type": "Service",
                    "resource_group_name": "rg1",
                    "shared_access_key_enabled": true,
                    "static_website": [],
                    "table_encryption_key_type": "Service",
                    "tags": {
                        "environment": "dev"
                    },
                    "timeouts": null
                },
                "after_unknown": {
                    "access_tier": true,
                    "azure_files_authentication": [],
                    "blob_properties": true,
                    "custom_domain": [],
                    "customer_managed_key": true,
                    "id": true,
                    "identity": [],
                    "large_file_share_enabled": true,
                    "network_rules": true,
                    "primary_access_key": true,
                    "primary_blob_connection_string": true,
                    "primary_blob_endpoint": true,
                    "primary_blob_host": true,
                    "primary_connection_string": true,
                    "primary_dfs_endpoint": true,
                    "primary_dfs_host": true,
                    "primary_file_endpoint": true,
                    "primary_file_host": true,
                    "primary_location": true,
                    "primary_queue_endpoint": true,
                    "primary_queue_host": true,
                    "primary_table_endpoint": true,
                    "primary_table_host": true,
                    "primary_web_endpoint": true,
                    "primary_web_host": true,
                    "queue_properties": true,
                    "routing": true,
                    "secondary_access_key": true,
                    "secondary_blob_connection_string": true,
                    "secondary_blob_endpoint": true,
                    "secondary_blob_host": true,
                    "secondary_connection_string": true,
                    "secondary_dfs_endpoint": true,
                    "secondary_dfs_host": true,
                    "secondary_file_endpoint": true,
                    "secondary_file_host": true,
                    "secondary_location": true,
                    "secondary_queue_endpoint": true,
                    "secondary_queue_host": true,
                    "secondary_table_endpoint": true,
                    "secondary_table_host": true,
                    "secondary_web_endpoint": true,
                    "secondary_web_host": true,
                    "share_properties": true,
                    "static_website": [],
                    "tags": {}
                },
                "before_sensitive": false,
                "after_sensitive": {
                    "azure_files_authentication": [],
                    "blob_properties": [],
                    "custom_domain": [],
                    "customer_managed_key": [],
                    "identity": [],
                    "network_rules": [],
                    "primary_access_key": true,
                    "primary_blob_connection_string": true,
                    "primary_connection_string": true,
                    "queue_properties": [],
                    "routing": [],
                    "secondary_access_key": true,
                    "secondary_blob_connection_string": true,
                    "secondary_connection_string": true,
                    "share_properties": [],
                    "static_website": [],
                    "tags": {}
                }
            }
        },
        {
            "address": "azurerm_storage_container.denied",
            "mode": "managed",
            "type": "azurerm_storage_container",
            "name": "denied",
            "provider_name": "registry.terraform.io/hashicorp/azurerm",
            "change": {
                "actions": [
                    "create"
                ],
                "before": null,
                "after": {
                    "container_access_type": "blob",
                    "name": "denied",
                    "storage_account_name": "acct1",
                    "timeouts": null
                },
                "after_unknown": {
                    "has_immutability_policy": true,
                    "has_legal_hold": true,
                    "id": true,
                    "metadata": true,
                    "resource_manager_id": true
                },
                "before_sensitive": false,
                "after_sensitive": {
                    "metadata": {}
                }
            }
        },
        {
            "address": "random_pet.rg_name",
            "mode": "managed",
            "type": "random_pet",
            "name": "rg_name",
            "provider_name": "registry.terraform.io/hashicorp/random",
            "change": {
                "actions": [
                    "create"
                ],
                "before": null,
                "after": {
                    "keepers": null,
                    "length": 2,
                    "prefix": "tst",
                    "separator": "-"
                },
                "after_unknown": {
                    "id": true
                },
                "before_sensitive": false,
                "after_sensitive": {}
            }
        }
    ],
    "output_changes": {
        "resource_group_name": {
            "actions": [
                "create"
            ],
            "before": null,
            "after_unknown": true,
            "before_sensitive": false,
            "after_sensitive": false
        }
    },
    "configuration": {
        "provider_config": {
            "azurerm": {
                "name": "azurerm",
                "full_name": "registry.terraform.io/hashicorp/azurerm",
                "version_constraint": "~\u003e 2.0",
                "expressions": {
                    "features": [
                        {}
                    ]
                }
            },
            "random": {
                "name": "random",
                "full_name": "registry.terraform.io/hashicorp/random",
                "version_constraint": "~\u003e 3.0"
            }
        },
        "root_module": {
            "outputs": {
                "resource_group_name": {
                    "expression": {
                        "references": [
                            "azurerm_resource_group.rg.name",
                            "azurerm_resource_group.rg"
                        ]
                    }
                }
            },
            "resources": [
                {
                    "address": "azurerm_advanced_threat_protection.tp1",
                    "mode": "managed",
                    "type": "azurerm_advanced_threat_protection",
                    "name": "tp1",
                    "provider_config_key": "azurerm",
                    "expressions": {
                        "enabled": {
                            "constant_value": true
                        },
                        "target_resource_id": {
                            "references": [
                                "azurerm_storage_account.allowed.id",
                                "azurerm_storage_account.allowed"
                            ]
                        }
                    },
                    "schema_version": 1
                },
                {
                    "address": "azurerm_resource_group.rg",
                    "mode": "managed",
                    "type": "azurerm_resource_group",
                    "name": "rg",
                    "provider_config_key": "azurerm",
                    "expressions": {
                        "location": {
                            "constant_value": "West Europe"
                        },
                        "name": {
                            "references": [
                                "random_pet.rg_name.id",
                                "random_pet.rg_name"
                            ]
                        }
                    },
                    "schema_version": 0
                },
                {
                    "address": "azurerm_storage_account.allowed",
                    "mode": "managed",
                    "type": "azurerm_storage_account",
                    "name": "allowed",
                    "provider_config_key": "azurerm",
                    "expressions": {
                        "account_replication_type": {
                            "constant_value": "LRS"
                        },
                        "account_tier": {
                            "constant_value": "Standard"
                        },
                        "location": {
                            "constant_value": "West Europe"
                        },
                        "name": {
                            "constant_value": "allowed"
                        },
                        "resource_group_name": {
                            "constant_value": "rg1"
                        },
                        "tags": {
                            "constant_value": {
                                "environment": "dev"
                            }
                        }
                    },
                    "schema_version": 2
                },
                {
                    "address": "azurerm_storage_container.denied",
                    "mode": "managed",
                    "type": "azurerm_storage_container",
                    "name": "denied",
                    "provider_config_key": "azurerm",
                    "expressions": {
                        "container_access_type": {
                            "constant_value": "blob"
                        },
                        "name": {
                            "constant_value": "denied"
                        },
                        "storage_account_name": {
                            "constant_value": "acct1"
                        }
                    },
                    "schema_version": 1
                },
                {
                    "address": "random_pet.rg_name",
                    "mode": "managed",
                    "type": "random_pet",
                    "name": "rg_name",
                    "provider_config_key": "random",
                    "expressions": {
                        "prefix": {
                            "constant_value": "tst"
                        }
                    },
                    "schema_version": 0
                }
            ]
        }
    },
    "relevant_attributes": [
        {
            "resource": "random_pet.rg_name",
            "attribute": [
                "id"
            ]
        },
        {
            "resource": "azurerm_storage_account.allowed",
            "attribute": [
                "id"
            ]
        },
        {
            "resource": "azurerm_resource_group.rg",
            "attribute": [
                "name"
            ]
        }
    ]
}