{
    "format_version": "1.2",
    "terraform_version": "1.7.5",
    "planned_values": {
        "root_module": {
            "resources": [
                {
                    "address": "aws_s3_bucket.s3_bucket",
                    "mode": "managed",
                    "type": "aws_s3_bucket",
                    "name": "s3_bucket",
                    "provider_name": "registry.terraform.io/hashicorp/aws",
                    "schema_version": 0,
                    "values": {
                        "acl": "private",
                        "bucket": "cvs-s3-bucket",
                        "force_destroy": false,
                        "region": "us-east-1",
                        "tags": {
                            "Environment": "Dev",
                            "Name": "My bucket"
                        },
                        "tags_all": {
                            "Environment": "Dev",
                            "Name": "My bucket"
                        },
                        "timeouts": null
                    },
                    "sensitive_values": {
                        "cors_rule": [],
                        "grant": [],
                        "lifecycle_rule": [],
                        "logging": [],
                        "object_lock_configuration": [],
                        "replication_configuration": [],
                        "server_side_encryption_configuration": [],
                        "tags": {},
                        "tags_all": {},
                        "versioning": [],
                        "website": []
                    }
                },
                {
                    "address": "aws_s3_bucket_acl.bucket_acl",
                    "mode": "managed",
                    "type": "aws_s3_bucket_acl",
                    "name": "bucket_acl",
                    "provider_name": "registry.terraform.io/hashicorp/aws",
                    "schema_version": 0,
                    "values": {
                        "access_control_policy": [
                            {
                                "grant": [
                                    {
                                        "grantee": [
                                            {
                                                "email_address": "",
                                                "id": "675879c25db320e8a42c954a19856789db3b79ff611afcf85b305b38fd4745f5",
                                                "type": "CanonicalUser",
                                                "uri": ""
                                            }
                                        ],
                                        "permission": "WRITE_ACP"
                                    }
                                ],
                                "owner": [
                                    {
                                        "id": "675879c25db320e8a42c954a19856789db3b79ff611afcf85b305b38fd4745f5"
                                    }
                                ]
                            }
                        ],
                        "acl": null,
                        "bucket": "cvs-s3-bucket",
                        "expected_bucket_owner": null,
                        "region": "us-east-1"
                    },
                    "sensitive_values": {
                        "access_control_policy": [
                            {
                                "grant": [
                                    {
                                        "grantee": [
                                            {}
                                        ]
                                    }
                                ],
                                "owner": [
                                    {}
                                ]
                            }
                        ]
                    }
                }
            ]
        }
    },
    "resource_changes": [
        {
            "address": "aws_s3_bucket.s3_bucket",
            "mode": "managed",
            "type": "aws_s3_bucket",
            "name": "s3_bucket",
            "provider_name": "registry.terraform.io/hashicorp/aws",
            "change": {
                "actions": [
                    "create"
                ],
                "before": null,
                "after": {
                    "acl": "private",
                    "bucket": "cvs-s3-bucket",
                    "force_destroy": false,
                    "region": "us-east-1",
                    "tags": {
                        "Environment": "Dev",
                        "Name": "My bucket"
                    },
                    "tags_all": {
                        "Environment": "Dev",
                        "Name": "My bucket"
                    },
                    "timeouts": null
                },
                "after_unknown": {
                    "acceleration_status": true,
                    "arn": true,
                    "bucket_domain_name": true,
                    "bucket_prefix": true,
                    "bucket_region": true,
                    "bucket_regional_domain_name": true,
                    "cors_rule": true,
                    "grant": true,
                    "hosted_zone_id": true,
                    "id": true,
                    "lifecycle_rule": true,
                    "logging": true,
                    "object_lock_configuration": true,
                    "object_lock_enabled": true,
                    "policy": true,
                    "replication_configuration": true,
                    "request_payer": true,
                    "server_side_encryption_configuration": true,
                    "tags": {},
                    "tags_all": {},
                    "versioning": true,
                    "website": true,
                    "website_domain": true,
                    "website_endpoint": true
                },
                "before_sensitive": false,
                "after_sensitive": {
                    "cors_rule": [],
                    "grant": [],
                    "lifecycle_rule": [],
                    "logging": [],
                    "object_lock_configuration": [],
                    "replication_configuration": [],
                    "server_side_encryption_configuration": [],
                    "tags": {},
                    "tags_all": {},
                    "versioning": [],
                    "website": []
                }
            }
        },
        {
            "address": "aws_s3_bucket_acl.bucket_acl",
            "mode": "managed",
            "type": "aws_s3_bucket_acl",
            "name": "bucket_acl",
            "provider_name": "registry.terraform.io/hashicorp/aws",
            "change": {
                "actions": [
                    "create"
                ],
                "before": null,
                "after": {
                    "access_control_policy": [
                        {
                            "grant": [
                                {
                                    "grantee": [
                                        {
                                            "email_address": "",
                                            "id": "675879c25db320e8a42c954a19856789db3b79ff611afcf85b305b38fd4745f5",
                                            "type": "CanonicalUser",
                                            "uri": ""
                                        }
                                    ],
                                    "permission": "WRITE_ACP"
                                }
                            ],
                            "owner": [
                                {
                                    "id": "675879c25db320e8a42c954a19856789db3b79ff611afcf85b305b38fd4745f5"
                                }
                            ]
                        }
                    ],
                    "acl": null,
                    "bucket": "cvs-s3-bucket",
                    "expected_bucket_owner": null,
                    "region": "us-east-1"
                },
                "after_unknown": {
                    "access_control_policy": [
                        {
                            "grant": [
                                {
                                    "grantee": [
                                        {
                                            "display_name": true
                                        }
                                    ]
                                }
                            ],
                            "owner": [
                                {
                                    "display_name": true
                                }
                            ]
                        }
                    ],
                    "id": true
                },
                "before_sensitive": false,
                "after_sensitive": {
                    "access_control_policy": [
                        {
                            "grant": [
                                {
                                    "grantee": [
                                        {}
                                    ]
                                }
                            ],
                            "owner": [
                                {}
                            ]
                        }
                    ]
                }
            }
        }
    ],
    "prior_state": {
        "format_version": "1.0",
        "terraform_version": "1.7.5",
        "values": {
            "root_module": {
                "resources": [
                    {
                        "address": "data.aws_canonical_user_id.current",
                        "mode": "data",
                        "type": "aws_canonical_user_id",
                        "name": "current",
                        "provider_name": "registry.terraform.io/hashicorp/aws",
                        "schema_version": 0,
                        "values": {
                            "display_name": "EISCSSAWSDev",
                            "id": "675879c25db320e8a42c954a19856789db3b79ff611afcf85b305b38fd4745f5"
                        },
                        "sensitive_values": {}
                    }
                ]
            }
        }
    },
    "configuration": {
        "provider_config": {
            "aws": {
                "name": "aws",
                "full_name": "registry.terraform.io/hashicorp/aws",
                "version_constraint": "6.4.0",
                "expressions": {
                    "profile": {
                        "constant_value": "saurabh-eis-dev"
                    },
                    "region": {
                        "constant_value": "us-east-1"
                    }
                }
            }
        },
        "root_module": {
            "resources": [
                {
                    "address": "aws_s3_bucket.s3_bucket",
                    "mode": "managed",
                    "type": "aws_s3_bucket",
                    "name": "s3_bucket",
                    "provider_config_key": "aws",
                    "expressions": {
                        "acl": {
                            "constant_value": "private"
                        },
                        "bucket": {
                            "constant_value": "cvs-s3-bucket"
                        },
                        "tags": {
                            "constant_value": {
                                "Environment": "Dev",
                                "Name": "My bucket"
                            }
                        }
                    },
                    "schema_version": 0
                },
                {
                    "address": "aws_s3_bucket_acl.bucket_acl",
                    "mode": "managed",
                    "type": "aws_s3_bucket_acl",
                    "name": "bucket_acl",
                    "provider_config_key": "aws",
                    "expressions": {
                        "access_control_policy": [
                            {
                                "grant": [
                                    {
                                        "grantee": [
                                            {
                                                "id": {
                                                    "references": [
                                                        "data.aws_canonical_user_id.current.id",
                                                        "data.aws_canonical_user_id.current"
                                                    ]
                                                },
                                                "type": {
                                                    "constant_value": "CanonicalUser"
                                                }
                                            }
                                        ],
                                        "permission": {
                                            "constant_value": "WRITE_ACP"
                                        }
                                    }
                                ],
                                "owner": [
                                    {
                                        "id": {
                                            "references": [
                                                "data.aws_canonical_user_id.current.id",
                                                "data.aws_canonical_user_id.current"
                                            ]
                                        }
                                    }
                                ]
                            }
                        ],
                        "bucket": {
                            "constant_value": "cvs-s3-bucket"
                        }
                    },
                    "schema_version": 0
                },
                {
                    "address": "data.aws_canonical_user_id.current",
                    "mode": "data",
                    "type": "aws_canonical_user_id",
                    "name": "current",
                    "provider_config_key": "aws",
                    "schema_version": 0
                }
            ]
        }
    },
    "relevant_attributes": [
        {
            "resource": "data.aws_canonical_user_id.current",
            "attribute": [
                "id"
            ]
        }
    ],
    "timestamp": "2025-07-23T12:37:43Z",
    "errored": false
}