{
    "format_version": "1.2",
    "terraform_version": "1.7.5",
    "planned_values": {
        "root_module": {
            "resources": [
                {
                    "address": "aws_security_group.db_exposed",
                    "mode": "managed",
                    "type": "aws_security_group",
                    "name": "db_exposed",
                    "provider_name": "registry.terraform.io/hashicorp/aws",
                    "schema_version": 1,
                    "values": {
                        "description": "Managed by Terraform",
                        "ingress": [
                            {
                                "cidr_blocks": [
                                    "0.0.0.0/0"
                                ],
                                "description": "",
                                "from_port": 3306,
                                "ipv6_cidr_blocks": [],
                                "prefix_list_ids": [],
                                "protocol": "tcp",
                                "security_groups": [],
                                "self": false,
                                "to_port": 3306
                            },
                            {
                                "cidr_blocks": [
                                    "0.0.0.0/0"
                                ],
                                "description": "",
                                "from_port": 5432,
                                "ipv6_cidr_blocks": [],
                                "prefix_list_ids": [],
                                "protocol": "udp",
                                "security_groups": [],
                                "self": false,
                                "to_port": 5432
                            }
                        ],
                        "name": "db-exposed",
                        "region": "us-east-1",
                        "revoke_rules_on_delete": false,
                        "tags": null,
                        "timeouts": null
                    },
                    "sensitive_values": {
                        "egress": [],
                        "ingress": [
                            {
                                "cidr_blocks": [
                                    false
                                ],
                                "ipv6_cidr_blocks": [],
                                "prefix_list_ids": [],
                                "security_groups": []
                            },
                            {
                                "cidr_blocks": [
                                    false
                                ],
                                "ipv6_cidr_blocks": [],
                                "prefix_list_ids": [],
                                "security_groups": []
                            }
                        ],
                        "tags_all": {}
                    }
                },
                {
                    "address": "aws_security_group.https_exposed",
                    "mode": "managed",
                    "type": "aws_security_group",
                    "name": "https_exposed",
                    "provider_name": "registry.terraform.io/hashicorp/aws",
                    "schema_version": 1,
                    "values": {
                        "description": "Managed by Terraform",
                        "ingress": [
                            {
                                "cidr_blocks": [
                                    "0.0.0.0/0"
                                ],
                                "description": "",
                                "from_port": 443,
                                "ipv6_cidr_blocks": [],
                                "prefix_list_ids": [],
                                "protocol": "tcp",
                                "security_groups": [],
                                "self": false,
                                "to_port": 443
                            }
                        ],
                        "name": "https-exposed",
                        "region": "us-east-1",
                        "revoke_rules_on_delete": false,
                        "tags": null,
                        "timeouts": null
                    },
                    "sensitive_values": {
                        "egress": [],
                        "ingress": [
                            {
                                "cidr_blocks": [
                                    false
                                ],
                                "ipv6_cidr_blocks": [],
                                "prefix_list_ids": [],
                                "security_groups": []
                            }
                        ],
                        "tags_all": {}
                    }
                },
                {
                    "address": "aws_security_group.multi_exposed",
                    "mode": "managed",
                    "type": "aws_security_group",
                    "name": "multi_exposed",
                    "provider_name": "registry.terraform.io/hashicorp/aws",
                    "schema_version": 1,
                    "values": {
                        "description": "Managed by Terraform",
                        "ingress": [
                            {
                                "cidr_blocks": [
                                    "0.0.0.0/0"
                                ],
                                "description": "",
                                "from_port": 1433,
                                "ipv6_cidr_blocks": [],
                                "prefix_list_ids": [],
                                "protocol": "tcp",
                                "security_groups": [],
                                "self": false,
                                "to_port": 1433
                            },
                            {
                                "cidr_blocks": [
                                    "10.0.0.0/8"
                                ],
                                "description": "",
                                "from_port": 80,
                                "ipv6_cidr_blocks": [],
                                "prefix_list_ids": [],
                                "protocol": "tcp",
                                "security_groups": [],
                                "self": false,
                                "to_port": 80
                            }
                        ],
                        "name": "multi-exposed",
                        "region": "us-east-1",
                        "revoke_rules_on_delete": false,
                        "tags": null,
                        "timeouts": null
                    },
                    "sensitive_values": {
                        "egress": [],
                        "ingress": [
                            {
                                "cidr_blocks": [
                                    false
                                ],
                                "ipv6_cidr_blocks": [],
                                "prefix_list_ids": [],
                                "security_groups": []
                            },
                            {
                                "cidr_blocks": [
                                    false
                                ],
                                "ipv6_cidr_blocks": [],
                                "prefix_list_ids": [],
                                "security_groups": []
                            }
                        ],
                        "tags_all": {}
                    }
                },
                {
                    "address": "aws_security_group.range_exposed",
                    "mode": "managed",
                    "type": "aws_security_group",
                    "name": "range_exposed",
                    "provider_name": "registry.terraform.io/hashicorp/aws",
                    "schema_version": 1,
                    "values": {
                        "description": "Managed by Terraform",
                        "ingress": [
                            {
                                "cidr_blocks": [
                                    "0.0.0.0/0"
                                ],
                                "description": "",
                                "from_port": 20,
                                "ipv6_cidr_blocks": [],
                                "prefix_list_ids": [],
                                "protocol": "tcp",
                                "security_groups": [],
                                "self": false,
                                "to_port": 25
                            }
                        ],
                        "name": "range-exposed",
                        "region": "us-east-1",
                        "revoke_rules_on_delete": false,
                        "tags": null,
                        "timeouts": null
                    },
                    "sensitive_values": {
                        "egress": [],
                        "ingress": [
                            {
                                "cidr_blocks": [
                                    false
                                ],
                                "ipv6_cidr_blocks": [],
                                "prefix_list_ids": [],
                                "security_groups": []
                            }
                        ],
                        "tags_all": {}
                    }
                },
                {
                    "address": "aws_security_group.ssh_exposed",
                    "mode": "managed",
                    "type": "aws_security_group",
                    "name": "ssh_exposed",
                    "provider_name": "registry.terraform.io/hashicorp/aws",
                    "schema_version": 1,
                    "values": {
                        "description": "Managed by Terraform",
                        "ingress": [
                            {
                                "cidr_blocks": [
                                    "0.0.0.0/0"
                                ],
                                "description": "",
                                "from_port": 22,
                                "ipv6_cidr_blocks": [],
                                "prefix_list_ids": [],
                                "protocol": "tcp",
                                "security_groups": [],
                                "self": false,
                                "to_port": 22
                            }
                        ],
                        "name": "ssh-exposed",
                        "region": "us-east-1",
                        "revoke_rules_on_delete": false,
                        "tags": null,
                        "timeouts": null
                    },
                    "sensitive_values": {
                        "egress": [],
                        "ingress": [
                            {
                                "cidr_blocks": [
                                    false
                                ],
                                "ipv6_cidr_blocks": [],
                                "prefix_list_ids": [],
                                "security_groups": []
                            }
                        ],
                        "tags_all": {}
                    }
                }
            ]
        }
    },
    "resource_changes": [
        {
            "address": "aws_security_group.db_exposed",
            "mode": "managed",
            "type": "aws_security_group",
            "name": "db_exposed",
            "provider_name": "registry.terraform.io/hashicorp/aws",
            "change": {
                "actions": [
                    "create"
                ],
                "before": null,
                "after": {
                    "description": "Managed by Terraform",
                    "ingress": [
                        {
                            "cidr_blocks": [
                                "0.0.0.0/0"
                            ],
                            "description": "",
                            "from_port": 3306,
                            "ipv6_cidr_blocks": [],
                            "prefix_list_ids": [],
                            "protocol": "tcp",
                            "security_groups": [],
                            "self": false,
                            "to_port": 3306
                        },
                        {
                            "cidr_blocks": [
                                "0.0.0.0/0"
                            ],
                            "description": "",
                            "from_port": 5432,
                            "ipv6_cidr_blocks": [],
                            "prefix_list_ids": [],
                            "protocol": "udp",
                            "security_groups": [],
                            "self": false,
                            "to_port": 5432
                        }
                    ],
                    "name": "db-exposed",
                    "region": "us-east-1",
                    "revoke_rules_on_delete": false,
                    "tags": null,
                    "timeouts": null
                },
                "after_unknown": {
                    "arn": true,
                    "egress": true,
                    "id": true,
                    "ingress": [
                        {
                            "cidr_blocks": [
                                false
                            ],
                            "ipv6_cidr_blocks": [],
                            "prefix_list_ids": [],
                            "security_groups": []
                        },
                        {
                            "cidr_blocks": [
                                false
                            ],
                            "ipv6_cidr_blocks": [],
                            "prefix_list_ids": [],
                            "security_groups": []
                        }
                    ],
                    "name_prefix": true,
                    "owner_id": true,
                    "tags_all": true,
                    "vpc_id": true
                },
                "before_sensitive": false,
                "after_sensitive": {
                    "egress": [],
                    "ingress": [
                        {
                            "cidr_blocks": [
                                false
                            ],
                            "ipv6_cidr_blocks": [],
                            "prefix_list_ids": [],
                            "security_groups": []
                        },
                        {
                            "cidr_blocks": [
                                false
                            ],
                            "ipv6_cidr_blocks": [],
                            "prefix_list_ids": [],
                            "security_groups": []
                        }
                    ],
                    "tags_all": {}
                }
            }
        },
        {
            "address": "aws_security_group.https_exposed",
            "mode": "managed",
            "type": "aws_security_group",
            "name": "https_exposed",
            "provider_name": "registry.terraform.io/hashicorp/aws",
            "change": {
                "actions": [
                    "create"
                ],
                "before": null,
                "after": {
                    "description": "Managed by Terraform",
                    "ingress": [
                        {
                            "cidr_blocks": [
                                "0.0.0.0/0"
                            ],
                            "description": "",
                            "from_port": 443,
                            "ipv6_cidr_blocks": [],
                            "prefix_list_ids": [],
                            "protocol": "tcp",
                            "security_groups": [],
                            "self": false,
                            "to_port": 443
                        }
                    ],
                    "name": "https-exposed",
                    "region": "us-east-1",
                    "revoke_rules_on_delete": false,
                    "tags": null,
                    "timeouts": null
                },
                "after_unknown": {
                    "arn": true,
                    "egress": true,
                    "id": true,
                    "ingress": [
                        {
                            "cidr_blocks": [
                                false
                            ],
                            "ipv6_cidr_blocks": [],
                            "prefix_list_ids": [],
                            "security_groups": []
                        }
                    ],
                    "name_prefix": true,
                    "owner_id": true,
                    "tags_all": true,
                    "vpc_id": true
                },
                "before_sensitive": false,
                "after_sensitive": {
                    "egress": [],
                    "ingress": [
                        {
                            "cidr_blocks": [
                                false
                            ],
                            "ipv6_cidr_blocks": [],
                            "prefix_list_ids": [],
                            "security_groups": []
                        }
                    ],
                    "tags_all": {}
                }
            }
        },
        {
            "address": "aws_security_group.multi_exposed",
            "mode": "managed",
            "type": "aws_security_group",
            "name": "multi_exposed",
            "provider_name": "registry.terraform.io/hashicorp/aws",
            "change": {
                "actions": [
                    "create"
                ],
                "before": null,
                "after": {
                    "description": "Managed by Terraform",
                    "ingress": [
                        {
                            "cidr_blocks": [
                                "0.0.0.0/0"
                            ],
                            "description": "",
                            "from_port": 1433,
                            "ipv6_cidr_blocks": [],
                            "prefix_list_ids": [],
                            "protocol": "tcp",
                            "security_groups": [],
                            "self": false,
                            "to_port": 1433
                        },
                        {
                            "cidr_blocks": [
                                "10.0.0.0/8"
                            ],
                            "description": "",
                            "from_port": 80,
                            "ipv6_cidr_blocks": [],
                            "prefix_list_ids": [],
                            "protocol": "tcp",
                            "security_groups": [],
                            "self": false,
                            "to_port": 80
                        }
                    ],
                    "name": "multi-exposed",
                    "region": "us-east-1",
                    "revoke_rules_on_delete": false,
                    "tags": null,
                    "timeouts": null
                },
                "after_unknown": {
                    "arn": true,
                    "egress": true,
                    "id": true,
                    "ingress": [
                        {
                            "cidr_blocks": [
                                false
                            ],
                            "ipv6_cidr_blocks": [],
                            "prefix_list_ids": [],
                            "security_groups": []
                        },
                        {
                            "cidr_blocks": [
                                false
                            ],
                            "ipv6_cidr_blocks": [],
                            "prefix_list_ids": [],
                            "security_groups": []
                        }
                    ],
                    "name_prefix": true,
                    "owner_id": true,
                    "tags_all": true,
                    "vpc_id": true
                },
                "before_sensitive": false,
                "after_sensitive": {
                    "egress": [],
                    "ingress": [
                        {
                            "cidr_blocks": [
                                false
                            ],
                            "ipv6_cidr_blocks": [],
                            "prefix_list_ids": [],
                            "security_groups": []
                        },
                        {
                            "cidr_blocks": [
                                false
                            ],
                            "ipv6_cidr_blocks": [],
                            "prefix_list_ids": [],
                            "security_groups": []
                        }
                    ],
                    "tags_all": {}
                }
            }
        },
        {
            "address": "aws_security_group.range_exposed",
            "mode": "managed",
            "type": "aws_security_group",
            "name": "range_exposed",
            "provider_name": "registry.terraform.io/hashicorp/aws",
            "change": {
                "actions": [
                    "create"
                ],
                "before": null,
                "after": {
                    "description": "Managed by Terraform",
                    "ingress": [
                        {
                            "cidr_blocks": [
                                "0.0.0.0/0"
                            ],
                            "description": "",
                            "from_port": 20,
                            "ipv6_cidr_blocks": [],
                            "prefix_list_ids": [],
                            "protocol": "tcp",
                            "security_groups": [],
                            "self": false,
                            "to_port": 25
                        }
                    ],
                    "name": "range-exposed",
                    "region": "us-east-1",
                    "revoke_rules_on_delete": false,
                    "tags": null,
                    "timeouts": null
                },
                "after_unknown": {
                    "arn": true,
                    "egress": true,
                    "id": true,
                    "ingress": [
                        {
                            "cidr_blocks": [
                                false
                            ],
                            "ipv6_cidr_blocks": [],
                            "prefix_list_ids": [],
                            "security_groups": []
                        }
                    ],
                    "name_prefix": true,
                    "owner_id": true,
                    "tags_all": true,
                    "vpc_id": true
                },
                "before_sensitive": false,
                "after_sensitive": {
                    "egress": [],
                    "ingress": [
                        {
                            "cidr_blocks": [
                                false
                            ],
                            "ipv6_cidr_blocks": [],
                            "prefix_list_ids": [],
                            "security_groups": []
                        }
                    ],
                    "tags_all": {}
                }
            }
        },
        {
            "address": "aws_security_group.ssh_exposed",
            "mode": "managed",
            "type": "aws_security_group",
            "name": "ssh_exposed",
            "provider_name": "registry.terraform.io/hashicorp/aws",
            "change": {
                "actions": [
                    "create"
                ],
                "before": null,
                "after": {
                    "description": "Managed by Terraform",
                    "ingress": [
                        {
                            "cidr_blocks": [
                                "0.0.0.0/0"
                            ],
                            "description": "",
                            "from_port": 22,
                            "ipv6_cidr_blocks": [],
                            "prefix_list_ids": [],
                            "protocol": "tcp",
                            "security_groups": [],
                            "self": false,
                            "to_port": 22
                        }
                    ],
                    "name": "ssh-exposed",
                    "region": "us-east-1",
                    "revoke_rules_on_delete": false,
                    "tags": null,
                    "timeouts": null
                },
                "after_unknown": {
                    "arn": true,
                    "egress": true,
                    "id": true,
                    "ingress": [
                        {
                            "cidr_blocks": [
                                false
                            ],
                            "ipv6_cidr_blocks": [],
                            "prefix_list_ids": [],
                            "security_groups": []
                        }
                    ],
                    "name_prefix": true,
                    "owner_id": true,
                    "tags_all": true,
                    "vpc_id": true
                },
                "before_sensitive": false,
                "after_sensitive": {
                    "egress": [],
                    "ingress": [
                        {
                            "cidr_blocks": [
                                false
                            ],
                            "ipv6_cidr_blocks": [],
                            "prefix_list_ids": [],
                            "security_groups": []
                        }
                    ],
                    "tags_all": {}
                }
            }
        }
    ],
    "configuration": {
        "provider_config": {
            "aws": {
                "name": "aws",
                "full_name": "registry.terraform.io/hashicorp/aws",
                "version_constraint": "6.4.0",
                "expressions": {
                    "profile": {
                        "constant_value": "saurabh-eis-dev"
                    },
                    "region": {
                        "constant_value": "us-east-1"
                    }
                }
            }
        },
        "root_module": {
            "resources": [
                {
                    "address": "aws_security_group.db_exposed",
                    "mode": "managed",
                    "type": "aws_security_group",
                    "name": "db_exposed",
                    "provider_config_key": "aws",
                    "expressions": {
                        "ingress": {
                            "constant_value": [
                                {
                                    "cidr_blocks": [
                                        "0.0.0.0/0"
                                    ],
                                    "description": null,
                                    "from_port": 3306,
                                    "ipv6_cidr_blocks": null,
                                    "prefix_list_ids": null,
                                    "protocol": "tcp",
                                    "security_groups": null,
                                    "self": null,
                                    "to_port": 3306
                                },
                                {
                                    "cidr_blocks": [
                                        "0.0.0.0/0"
                                    ],
                                    "description": null,
                                    "from_port": 5432,
                                    "ipv6_cidr_blocks": null,
                                    "prefix_list_ids": null,
                                    "protocol": "udp",
                                    "security_groups": null,
                                    "self": null,
                                    "to_port": 5432
                                }
                            ]
                        },
                        "name": {
                            "constant_value": "db-exposed"
                        }
                    },
                    "schema_version": 1
                },
                {
                    "address": "aws_security_group.https_exposed",
                    "mode": "managed",
                    "type": "aws_security_group",
                    "name": "https_exposed",
                    "provider_config_key": "aws",
                    "expressions": {
                        "ingress": {
                            "constant_value": [
                                {
                                    "cidr_blocks": [
                                        "0.0.0.0/0"
                                    ],
                                    "description": null,
                                    "from_port": 443,
                                    "ipv6_cidr_blocks": null,
                                    "prefix_list_ids": null,
                                    "protocol": "tcp",
                                    "security_groups": null,
                                    "self": null,
                                    "to_port": 443
                                }
                            ]
                        },
                        "name": {
                            "constant_value": "https-exposed"
                        }
                    },
                    "schema_version": 1
                },
                {
                    "address": "aws_security_group.multi_exposed",
                    "mode": "managed",
                    "type": "aws_security_group",
                    "name": "multi_exposed",
                    "provider_config_key": "aws",
                    "expressions": {
                        "ingress": {
                            "constant_value": [
                                {
                                    "cidr_blocks": [
                                        "10.0.0.0/8"
                                    ],
                                    "description": null,
                                    "from_port": 80,
                                    "ipv6_cidr_blocks": null,
                                    "prefix_list_ids": null,
                                    "protocol": "tcp",
                                    "security_groups": null,
                                    "self": null,
                                    "to_port": 80
                                },
                                {
                                    "cidr_blocks": [
                                        "0.0.0.0/0"
                                    ],
                                    "description": null,
                                    "from_port": 1433,
                                    "ipv6_cidr_blocks": null,
                                    "prefix_list_ids": null,
                                    "protocol": "tcp",
                                    "security_groups": null,
                                    "self": null,
                                    "to_port": 1433
                                }
                            ]
                        },
                        "name": {
                            "constant_value": "multi-exposed"
                        }
                    },
                    "schema_version": 1
                },
                {
                    "address": "aws_security_group.range_exposed",
                    "mode": "managed",
                    "type": "aws_security_group",
                    "name": "range_exposed",
                    "provider_config_key": "aws",
                    "expressions": {
                        "ingress": {
                            "constant_value": [
                                {
                                    "cidr_blocks": [
                                        "0.0.0.0/0"
                                    ],
                                    "description": null,
                                    "from_port": 20,
                                    "ipv6_cidr_blocks": null,
                                    "prefix_list_ids": null,
                                    "protocol": "tcp",
                                    "security_groups": null,
                                    "self": null,
                                    "to_port": 25
                                }
                            ]
                        },
                        "name": {
                            "constant_value": "range-exposed"
                        }
                    },
                    "schema_version": 1
                },
                {
                    "address": "aws_security_group.ssh_exposed",
                    "mode": "managed",
                    "type": "aws_security_group",
                    "name": "ssh_exposed",
                    "provider_config_key": "aws",
                    "expressions": {
                        "ingress": {
                            "constant_value": [
                                {
                                    "cidr_blocks": [
                                        "0.0.0.0/0"
                                    ],
                                    "description": null,
                                    "from_port": 22,
                                    "ipv6_cidr_blocks": null,
                                    "prefix_list_ids": null,
                                    "protocol": "tcp",
                                    "security_groups": null,
                                    "self": null,
                                    "to_port": 22
                                }
                            ]
                        },
                        "name": {
                            "constant_value": "ssh-exposed"
                        }
                    },
                    "schema_version": 1
                }
            ]
        }
    },
    "timestamp": "2025-08-14T11:41:09Z",
    "errored": false
}