{
    "format_version": "1.2",
    "terraform_version": "1.7.5",
    "planned_values": {
        "root_module": {
            "resources": [
                {
                    "address": "google_bigquery_dataset.dataset",
                    "mode": "managed",
                    "type": "google_bigquery_dataset",
                    "name": "dataset",
                    "provider_name": "registry.terraform.io/hashicorp/google",
                    "schema_version": 0,
                    "values": {
                        "access": [
                            {
                                "condition": [],
                                "dataset": [],
                                "domain": "hashicorp.com",
                                "group_by_email": "",
                                "iam_member": "",
                                "role": "READER",
                                "routine": [],
                                "special_group": "projectReaders",
                                "user_by_email": "",
                                "view": []
                            }
                        ],
                        "dataset_id": "example_dataset",
                        "default_encryption_configuration": [],
                        "default_partition_expiration_ms": null,
                        "default_table_expiration_ms": 3600000,
                        "delete_contents_on_destroy": false,
                        "description": "This is a test description",
                        "effective_labels": {
                            "env": "default",
                            "goog-terraform-provisioned": "true"
                        },
                        "external_catalog_dataset_options": [],
                        "external_dataset_reference": [],
                        "friendly_name": "test",
                        "labels": {
                            "env": "default"
                        },
                        "location": "EU",
                        "project": "security-controls-sandbox",
                        "resource_tags": null,
                        "terraform_labels": {
                            "env": "default",
                            "goog-terraform-provisioned": "true"
                        },
                        "timeouts": null
                    },
                    "sensitive_values": {
                        "access": [
                            {
                                "condition": [],
                                "dataset": [],
                                "routine": [],
                                "view": []
                            }
                        ],
                        "default_encryption_configuration": [],
                        "effective_labels": {},
                        "external_catalog_dataset_options": [],
                        "external_dataset_reference": [],
                        "labels": {},
                        "terraform_labels": {}
                    }
                }
            ]
        }
    },
    "resource_changes": [
        {
            "address": "google_bigquery_dataset.dataset",
            "mode": "managed",
            "type": "google_bigquery_dataset",
            "name": "dataset",
            "provider_name": "registry.terraform.io/hashicorp/google",
            "change": {
                "actions": [
                    "create"
                ],
                "before": null,
                "after": {
                    "access": [
                        {
                            "condition": [],
                            "dataset": [],
                            "domain": "hashicorp.com",
                            "group_by_email": "",
                            "iam_member": "",
                            "role": "READER",
                            "routine": [],
                            "special_group": "projectReaders",
                            "user_by_email": "",
                            "view": []
                        }
                    ],
                    "dataset_id": "example_dataset",
                    "default_encryption_configuration": [],
                    "default_partition_expiration_ms": null,
                    "default_table_expiration_ms": 3600000,
                    "delete_contents_on_destroy": false,
                    "description": "This is a test description",
                    "effective_labels": {
                        "env": "default",
                        "goog-terraform-provisioned": "true"
                    },
                    "external_catalog_dataset_options": [],
                    "external_dataset_reference": [],
                    "friendly_name": "test",
                    "labels": {
                        "env": "default"
                    },
                    "location": "EU",
                    "project": "security-controls-sandbox",
                    "resource_tags": null,
                    "terraform_labels": {
                        "env": "default",
                        "goog-terraform-provisioned": "true"
                    },
                    "timeouts": null
                },
                "after_unknown": {
                    "access": [
                        {
                            "condition": [],
                            "dataset": [],
                            "routine": [],
                            "view": []
                        }
                    ],
                    "creation_time": true,
                    "default_collation": true,
                    "default_encryption_configuration": [],
                    "effective_labels": {},
                    "etag": true,
                    "external_catalog_dataset_options": [],
                    "external_dataset_reference": [],
                    "id": true,
                    "is_case_insensitive": true,
                    "labels": {},
                    "last_modified_time": true,
                    "max_time_travel_hours": true,
                    "self_link": true,
                    "storage_billing_model": true,
                    "terraform_labels": {}
                },
                "before_sensitive": false,
                "after_sensitive": {
                    "access": [
                        {
                            "condition": [],
                            "dataset": [],
                            "routine": [],
                            "view": []
                        }
                    ],
                    "default_encryption_configuration": [],
                    "effective_labels": {},
                    "external_catalog_dataset_options": [],
                    "external_dataset_reference": [],
                    "labels": {},
                    "terraform_labels": {}
                }
            }
        }
    ],
    "configuration": {
        "provider_config": {
            "google": {
                "name": "google",
                "full_name": "registry.terraform.io/hashicorp/google",
                "version_constraint": "6.35.0",
                "expressions": {
                    "project": {
                        "constant_value": "security-controls-sandbox"
                    },
                    "region": {
                        "constant_value": "us-central1"
                    }
                }
            }
        },
        "root_module": {
            "resources": [
                {
                    "address": "google_bigquery_dataset.dataset",
                    "mode": "managed",
                    "type": "google_bigquery_dataset",
                    "name": "dataset",
                    "provider_config_key": "google",
                    "expressions": {
                        "access": [
                            {
                                "domain": {
                                    "constant_value": "hashicorp.com"
                                },
                                "role": {
                                    "constant_value": "READER"
                                },
                                "special_group": {
                                    "constant_value": "projectReaders"
                                }
                            }
                        ],
                        "dataset_id": {
                            "constant_value": "example_dataset"
                        },
                        "default_table_expiration_ms": {
                            "constant_value": 3600000
                        },
                        "description": {
                            "constant_value": "This is a test description"
                        },
                        "friendly_name": {
                            "constant_value": "test"
                        },
                        "labels": {
                            "constant_value": {
                                "env": "default"
                            }
                        },
                        "location": {
                            "constant_value": "EU"
                        }
                    },
                    "schema_version": 0
                }
            ]
        }
    },
    "timestamp": "2025-05-22T19:00:58Z",
    "errored": false
}