{
    "format_version": "1.2",
    "terraform_version": "1.7.5",
    "planned_values": {
        "root_module": {
            "resources": [
                {
                    "address": "azurerm_cognitive_account.negative1",
                    "mode": "managed",
                    "type": "azurerm_cognitive_account",
                    "name": "negative1",
                    "provider_name": "registry.terraform.io/hashicorp/azurerm",
                    "schema_version": 0,
                    "values": {
                        "custom_question_answering_search_service_id": null,
                        "custom_question_answering_search_service_key": null,
                        "custom_subdomain_name": null,
                        "customer_managed_key": [],
                        "dynamic_throttling_enabled": null,
                        "fqdns": null,
                        "identity": [],
                        "kind": "OpenAI",
                        "local_auth_enabled": true,
                        "location": "eastus",
                        "metrics_advisor_aad_client_id": null,
                        "metrics_advisor_aad_tenant_id": null,
                        "metrics_advisor_super_user_name": null,
                        "metrics_advisor_website_name": null,
                        "name": "example-account",
                        "network_acls": [],
                        "outbound_network_access_restricted": false,
                        "public_network_access_enabled": false,
                        "qna_runtime_endpoint": null,
                        "resource_group_name": "test-resource-group-1",
                        "sku_name": "S0",
                        "storage": [],
                        "tags": {
                            "costcenter": "02045",
                            "dataclassification": "confidential",
                            "environmenttype": "dev",
                            "itpmid": "12345"
                        },
                        "timeouts": null
                    },
                    "sensitive_values": {
                        "customer_managed_key": [],
                        "identity": [],
                        "network_acls": [],
                        "storage": [],
                        "tags": {}
                    }
                },
                {
                    "address": "azurerm_key_vault.example2",
                    "mode": "managed",
                    "type": "azurerm_key_vault",
                    "name": "example2",
                    "provider_name": "registry.terraform.io/hashicorp/azurerm",
                    "schema_version": 2,
                    "values": {
                        "enable_rbac_authorization": null,
                        "enabled_for_deployment": null,
                        "enabled_for_disk_encryption": null,
                        "enabled_for_template_deployment": null,
                        "location": "eastus",
                        "name": "example-vault",
                        "public_network_access_enabled": true,
                        "purge_protection_enabled": null,
                        "resource_group_name": "test-resource-group-1",
                        "sku_name": "standard",
                        "soft_delete_retention_days": 90,
                        "tags": null,
                        "tenant_id": "fabb61b8-3afe-4e75-b934-a47f782b8cd7",
                        "timeouts": null
                    },
                    "sensitive_values": {
                        "access_policy": [],
                        "contact": [],
                        "network_acls": []
                    }
                },
                {
                    "address": "azurerm_key_vault_key.example2",
                    "mode": "managed",
                    "type": "azurerm_key_vault_key",
                    "name": "example2",
                    "provider_name": "registry.terraform.io/hashicorp/azurerm",
                    "schema_version": 0,
                    "values": {
                        "expiration_date": null,
                        "key_opts": [
                            "decrypt",
                            "encrypt",
                            "sign",
                            "unwrapKey",
                            "verify",
                            "wrapKey"
                        ],
                        "key_size": 2048,
                        "key_type": "RSA",
                        "name": "example-key",
                        "not_before_date": null,
                        "rotation_policy": [],
                        "tags": null,
                        "timeouts": null
                    },
                    "sensitive_values": {
                        "key_opts": [
                            false,
                            false,
                            false,
                            false,
                            false,
                            false
                        ],
                        "rotation_policy": []
                    }
                },
                {
                    "address": "azurerm_resource_group.example",
                    "mode": "managed",
                    "type": "azurerm_resource_group",
                    "name": "example",
                    "provider_name": "registry.terraform.io/hashicorp/azurerm",
                    "schema_version": 0,
                    "values": {
                        "location": "eastus",
                        "managed_by": null,
                        "name": "test-resource-group-1",
                        "tags": null,
                        "timeouts": null
                    },
                    "sensitive_values": {}
                }
            ]
        }
    },
    "resource_changes": [
        {
            "address": "azurerm_cognitive_account.negative1",
            "mode": "managed",
            "type": "azurerm_cognitive_account",
            "name": "negative1",
            "provider_name": "registry.terraform.io/hashicorp/azurerm",
            "change": {
                "actions": [
                    "create"
                ],
                "before": null,
                "after": {
                    "custom_question_answering_search_service_id": null,
                    "custom_question_answering_search_service_key": null,
                    "custom_subdomain_name": null,
                    "customer_managed_key": [],
                    "dynamic_throttling_enabled": null,
                    "fqdns": null,
                    "identity": [],
                    "kind": "OpenAI",
                    "local_auth_enabled": true,
                    "location": "eastus",
                    "metrics_advisor_aad_client_id": null,
                    "metrics_advisor_aad_tenant_id": null,
                    "metrics_advisor_super_user_name": null,
                    "metrics_advisor_website_name": null,
                    "name": "example-account",
                    "network_acls": [],
                    "outbound_network_access_restricted": false,
                    "public_network_access_enabled": false,
                    "qna_runtime_endpoint": null,
                    "resource_group_name": "test-resource-group-1",
                    "sku_name": "S0",
                    "storage": [],
                    "tags": {
                        "costcenter": "02045",
                        "dataclassification": "confidential",
                        "environmenttype": "dev",
                        "itpmid": "12345",
                        "sharedemailaddress": "CloudSecurityServices@cvshealth.com"
                    },
                    "timeouts": null
                },
                "after_unknown": {
                    "customer_managed_key": [],
                    "endpoint": true,
                    "id": true,
                    "identity": [],
                    "network_acls": [],
                    "primary_access_key": true,
                    "secondary_access_key": true,
                    "storage": [],
                    "tags": {}
                },
                "before_sensitive": false,
                "after_sensitive": {
                    "custom_question_answering_search_service_key": true,
                    "customer_managed_key": [],
                    "identity": [],
                    "network_acls": [],
                    "primary_access_key": true,
                    "secondary_access_key": true,
                    "storage": [],
                    "tags": {}
                }
            }
        },
        {
            "address": "azurerm_key_vault.example2",
            "mode": "managed",
            "type": "azurerm_key_vault",
            "name": "example2",
            "provider_name": "registry.terraform.io/hashicorp/azurerm",
            "change": {
                "actions": [
                    "create"
                ],
                "before": null,
                "after": {
                    "enable_rbac_authorization": null,
                    "enabled_for_deployment": null,
                    "enabled_for_disk_encryption": null,
                    "enabled_for_template_deployment": null,
                    "location": "eastus",
                    "name": "example-vault",
                    "public_network_access_enabled": true,
                    "purge_protection_enabled": null,
                    "resource_group_name": "test-resource-group-1",
                    "sku_name": "standard",
                    "soft_delete_retention_days": 90,
                    "tags": null,
                    "tenant_id": "fabb61b8-3afe-4e75-b934-a47f782b8cd7",
                    "timeouts": null
                },
                "after_unknown": {
                    "access_policy": true,
                    "contact": true,
                    "id": true,
                    "network_acls": true,
                    "vault_uri": true
                },
                "before_sensitive": false,
                "after_sensitive": {
                    "access_policy": [],
                    "contact": [],
                    "network_acls": []
                }
            }
        },
        {
            "address": "azurerm_key_vault_key.example2",
            "mode": "managed",
            "type": "azurerm_key_vault_key",
            "name": "example2",
            "provider_name": "registry.terraform.io/hashicorp/azurerm",
            "change": {
                "actions": [
                    "create"
                ],
                "before": null,
                "after": {
                    "expiration_date": null,
                    "key_opts": [
                        "decrypt",
                        "encrypt",
                        "sign",
                        "unwrapKey",
                        "verify",
                        "wrapKey"
                    ],
                    "key_size": 2048,
                    "key_type": "RSA",
                    "name": "example-key",
                    "not_before_date": null,
                    "rotation_policy": [],
                    "tags": null,
                    "timeouts": null
                },
                "after_unknown": {
                    "curve": true,
                    "e": true,
                    "id": true,
                    "key_opts": [
                        false,
                        false,
                        false,
                        false,
                        false,
                        false
                    ],
                    "key_vault_id": true,
                    "n": true,
                    "public_key_openssh": true,
                    "public_key_pem": true,
                    "resource_id": true,
                    "resource_versionless_id": true,
                    "rotation_policy": [],
                    "version": true,
                    "versionless_id": true,
                    "x": true,
                    "y": true
                },
                "before_sensitive": false,
                "after_sensitive": {
                    "key_opts": [
                        false,
                        false,
                        false,
                        false,
                        false,
                        false
                    ],
                    "rotation_policy": []
                }
            }
        },
        {
            "address": "azurerm_resource_group.example",
            "mode": "managed",
            "type": "azurerm_resource_group",
            "name": "example",
            "provider_name": "registry.terraform.io/hashicorp/azurerm",
            "change": {
                "actions": [
                    "create"
                ],
                "before": null,
                "after": {
                    "location": "eastus",
                    "managed_by": null,
                    "name": "test-resource-group-1",
                    "tags": null,
                    "timeouts": null
                },
                "after_unknown": {
                    "id": true
                },
                "before_sensitive": false,
                "after_sensitive": {}
            }
        }
    ],
    "prior_state": {
        "format_version": "1.0",
        "terraform_version": "1.7.5",
        "values": {
            "root_module": {
                "resources": [
                    {
                        "address": "data.azurerm_client_config.current1",
                        "mode": "data",
                        "type": "azurerm_client_config",
                        "name": "current1",
                        "provider_name": "registry.terraform.io/hashicorp/azurerm",
                        "schema_version": 0,
                        "values": {
                            "client_id": "04b07795-8ddb-461a-bbee-02f9e1bf7b46",
                            "id": "Y2xpZW50Q29uZmlncy9jbGllbnRJZD0wNGIwNzc5NS04ZGRiLTQ2MWEtYmJlZS0wMmY5ZTFiZjdiNDY7b2JqZWN0SWQ9MzkzNDMwNGItYmJlZC00MjYwLTkxODMtYTA5ZDA3Y2YzMTU1O3N1YnNjcmlwdGlvbklkPWVjOGRjNjE4LTQ2ZGQtNDNlMi04NTA2LTMwMDdmMzA0ZDg4NDt0ZW5hbnRJZD1mYWJiNjFiOC0zYWZlLTRlNzUtYjkzNC1hNDdmNzgyYjhjZDc=",
                            "object_id": "3934304b-bbed-4260-9183-a09d07cf3155",
                            "subscription_id": "ec8dc618-46dd-43e2-8506-3007f304d884",
                            "tenant_id": "fabb61b8-3afe-4e75-b934-a47f782b8cd7",
                            "timeouts": null
                        },
                        "sensitive_values": {}
                    }
                ]
            }
        }
    },
    "configuration": {
        "provider_config": {
            "azurerm": {
                "name": "azurerm",
                "full_name": "registry.terraform.io/hashicorp/azurerm",
                "version_constraint": "3.117.0",
                "expressions": {
                    "features": [
                        {}
                    ]
                }
            }
        },
        "root_module": {
            "resources": [
                {
                    "address": "azurerm_cognitive_account.negative1",
                    "mode": "managed",
                    "type": "azurerm_cognitive_account",
                    "name": "negative1",
                    "provider_config_key": "azurerm",
                    "expressions": {
                        "kind": {
                            "constant_value": "OpenAI"
                        },
                        "location": {
                            "references": [
                                "azurerm_resource_group.example.location",
                                "azurerm_resource_group.example"
                            ]
                        },
                        "name": {
                            "constant_value": "example-account"
                        },
                        "public_network_access_enabled": {
                            "constant_value": false
                        },
                        "resource_group_name": {
                            "references": [
                                "azurerm_resource_group.example.name",
                                "azurerm_resource_group.example"
                            ]
                        },
                        "sku_name": {
                            "constant_value": "S0"
                        },
                        "tags": {
                            "constant_value": {
                                "costcenter": "02045",
                                "dataclassification": "confidential",
                                "environmenttype": "dev",
                                "itpmid": "12345",
                                "sharedemailaddress": "CloudSecurityServices@cvshealth.com"
                            }
                        }
                    },
                    "schema_version": 0
                },
                {
                    "address": "azurerm_key_vault.example2",
                    "mode": "managed",
                    "type": "azurerm_key_vault",
                    "name": "example2",
                    "provider_config_key": "azurerm",
                    "expressions": {
                        "location": {
                            "references": [
                                "azurerm_resource_group.example.location",
                                "azurerm_resource_group.example"
                            ]
                        },
                        "name": {
                            "constant_value": "example-vault"
                        },
                        "resource_group_name": {
                            "references": [
                                "azurerm_resource_group.example.name",
                                "azurerm_resource_group.example"
                            ]
                        },
                        "sku_name": {
                            "constant_value": "standard"
                        },
                        "tenant_id": {
                            "references": [
                                "data.azurerm_client_config.current1.tenant_id",
                                "data.azurerm_client_config.current1"
                            ]
                        }
                    },
                    "schema_version": 2
                },
                {
                    "address": "azurerm_key_vault_key.example2",
                    "mode": "managed",
                    "type": "azurerm_key_vault_key",
                    "name": "example2",
                    "provider_config_key": "azurerm",
                    "expressions": {
                        "key_opts": {
                            "constant_value": [
                                "decrypt",
                                "encrypt",
                                "sign",
                                "unwrapKey",
                                "verify",
                                "wrapKey"
                            ]
                        },
                        "key_size": {
                            "constant_value": 2048
                        },
                        "key_type": {
                            "constant_value": "RSA"
                        },
                        "key_vault_id": {
                            "references": [
                                "azurerm_key_vault.example2.id",
                                "azurerm_key_vault.example2"
                            ]
                        },
                        "name": {
                            "constant_value": "example-key"
                        }
                    },
                    "schema_version": 0
                },
                {
                    "address": "azurerm_resource_group.example",
                    "mode": "managed",
                    "type": "azurerm_resource_group",
                    "name": "example",
                    "provider_config_key": "azurerm",
                    "expressions": {
                        "location": {
                            "constant_value": "East US"
                        },
                        "name": {
                            "constant_value": "test-resource-group-1"
                        }
                    },
                    "schema_version": 0
                },
                {
                    "address": "data.azurerm_client_config.current1",
                    "mode": "data",
                    "type": "azurerm_client_config",
                    "name": "current1",
                    "provider_config_key": "azurerm",
                    "schema_version": 0
                }
            ]
        }
    },
    "relevant_attributes": [
        {
            "resource": "data.azurerm_client_config.current1",
            "attribute": [
                "tenant_id"
            ]
        },
        {
            "resource": "azurerm_key_vault.example2",
            "attribute": [
                "id"
            ]
        },
        {
            "resource": "azurerm_resource_group.example",
            "attribute": [
                "name"
            ]
        },
        {
            "resource": "azurerm_resource_group.example",
            "attribute": [
                "location"
            ]
        }
    ],
    "timestamp": "2025-02-11T19:44:15Z",
    "errored": false
}