{
    "format_version": "1.2",
    "terraform_version": "1.7.5",
    "planned_values": {
        "root_module": {
            "resources": [
                {
                    "address": "google_kms_crypto_key.negative1",
                    "mode": "managed",
                    "type": "google_kms_crypto_key",
                    "name": "negative1",
                    "provider_name": "registry.terraform.io/hashicorp/google",
                    "schema_version": 1,
                    "values": {
                        "effective_labels": {
                            "goog-terraform-provisioned": "true"
                        },
                        "labels": null,
                        "name": "crypto-key-example",
                        "purpose": "ASYMMETRIC_SIGN",
                        "rotation_period": "7776000s",
                        "skip_initial_version_creation": null,
                        "terraform_labels": {
                            "goog-terraform-provisioned": "true"
                        },
                        "timeouts": null,
                        "version_template": [
                            {
                                "algorithm": "EC_SIGN_P384_SHA384",
                                "protection_level": "SOFTWARE"
                            }
                        ]
                    },
                    "sensitive_values": {
                        "effective_labels": {},
                        "primary": [],
                        "terraform_labels": {},
                        "version_template": [
                            {}
                        ]
                    }
                },
                {
                    "address": "google_kms_key_ring.negativekeyring",
                    "mode": "managed",
                    "type": "google_kms_key_ring",
                    "name": "negativekeyring",
                    "provider_name": "registry.terraform.io/hashicorp/google",
                    "schema_version": 0,
                    "values": {
                        "location": "global",
                        "name": "keyring-example",
                        "project": "security-controls-sandbox",
                        "timeouts": null
                    },
                    "sensitive_values": {}
                }
            ]
        }
    },
    "resource_changes": [
        {
            "address": "google_kms_crypto_key.negative1",
            "mode": "managed",
            "type": "google_kms_crypto_key",
            "name": "negative1",
            "provider_name": "registry.terraform.io/hashicorp/google",
            "change": {
                "actions": [
                    "create"
                ],
                "before": null,
                "after": {
                    "effective_labels": {
                        "goog-terraform-provisioned": "true"
                    },
                    "labels": null,
                    "name": "crypto-key-example",
                    "purpose": "ASYMMETRIC_SIGN",
                    "rotation_period": "7776000s",
                    "skip_initial_version_creation": null,
                    "terraform_labels": {
                        "goog-terraform-provisioned": "true"
                    },
                    "timeouts": null,
                    "version_template": [
                        {
                            "algorithm": "EC_SIGN_P384_SHA384",
                            "protection_level": "SOFTWARE"
                        }
                    ]
                },
                "after_unknown": {
                    "crypto_key_backend": true,
                    "destroy_scheduled_duration": true,
                    "effective_labels": {},
                    "id": true,
                    "import_only": true,
                    "key_ring": true,
                    "primary": true,
                    "terraform_labels": {},
                    "version_template": [
                        {}
                    ]
                },
                "before_sensitive": false,
                "after_sensitive": {
                    "effective_labels": {},
                    "primary": [],
                    "terraform_labels": {},
                    "version_template": [
                        {}
                    ]
                }
            }
        },
        {
            "address": "google_kms_key_ring.negativekeyring",
            "mode": "managed",
            "type": "google_kms_key_ring",
            "name": "negativekeyring",
            "provider_name": "registry.terraform.io/hashicorp/google",
            "change": {
                "actions": [
                    "create"
                ],
                "before": null,
                "after": {
                    "location": "global",
                    "name": "keyring-example",
                    "project": "security-controls-sandbox",
                    "timeouts": null
                },
                "after_unknown": {
                    "id": true
                },
                "before_sensitive": false,
                "after_sensitive": {}
            }
        }
    ],
    "configuration": {
        "provider_config": {
            "google": {
                "name": "google",
                "full_name": "registry.terraform.io/hashicorp/google",
                "version_constraint": "6.15.0",
                "expressions": {
                    "project": {
                        "constant_value": "security-controls-sandbox"
                    },
                    "region": {
                        "constant_value": "us-central1"
                    },
                    "zone": {
                        "constant_value": "us-central1-c"
                    }
                }
            }
        },
        "root_module": {
            "resources": [
                {
                    "address": "google_kms_crypto_key.negative1",
                    "mode": "managed",
                    "type": "google_kms_crypto_key",
                    "name": "negative1",
                    "provider_config_key": "google",
                    "expressions": {
                        "key_ring": {
                            "references": [
                                "google_kms_key_ring.negativekeyring.id",
                                "google_kms_key_ring.negativekeyring"
                            ]
                        },
                        "name": {
                            "constant_value": "crypto-key-example"
                        },
                        "purpose": {
                            "constant_value": "ASYMMETRIC_SIGN"
                        },
                        "rotation_period": {
                            "constant_value": "7776000s"
                        },
                        "version_template": [
                            {
                                "algorithm": {
                                    "constant_value": "EC_SIGN_P384_SHA384"
                                },
                                "protection_level": {
                                    "constant_value": "SOFTWARE"
                                }
                            }
                        ]
                    },
                    "schema_version": 1
                },
                {
                    "address": "google_kms_key_ring.negativekeyring",
                    "mode": "managed",
                    "type": "google_kms_key_ring",
                    "name": "negativekeyring",
                    "provider_config_key": "google",
                    "expressions": {
                        "location": {
                            "constant_value": "global"
                        },
                        "name": {
                            "constant_value": "keyring-example"
                        }
                    },
                    "schema_version": 0
                }
            ]
        }
    },
    "relevant_attributes": [
        {
            "resource": "google_kms_key_ring.negativekeyring",
            "attribute": [
                "id"
            ]
        }
    ],
    "timestamp": "2025-07-14T18:14:05Z",
    "errored": false
}