{
    "format_version": "1.2",
    "terraform_version": "1.7.5",
    "planned_values": {
        "root_module": {
            "resources": [
                {
                    "address": "azurerm_databricks_workspace.databricks_workspace",
                    "mode": "managed",
                    "type": "azurerm_databricks_workspace",
                    "name": "databricks_workspace",
                    "provider_name": "registry.terraform.io/hashicorp/azurerm",
                    "schema_version": 0,
                    "values": {
                        "access_connector_id": null,
                        "custom_parameters": [
                            {
                                "machine_learning_workspace_id": null,
                                "nat_gateway_name": "nat-gateway-test",
                                "no_public_ip": false,
                                "private_subnet_name": null,
                                "private_subnet_network_security_group_association_id": null,
                                "public_subnet_name": null,
                                "public_subnet_network_security_group_association_id": null,
                                "virtual_network_id": null
                            }
                        ],
                        "customer_managed_key_enabled": true,
                        "default_storage_firewall_enabled": null,
                        "enhanced_security_compliance": [],
                        "infrastructure_encryption_enabled": true,
                        "load_balancer_backend_address_pool_id": null,
                        "location": "eastus2",
                        "managed_disk_cmk_key_vault_id": null,
                        "managed_disk_cmk_key_vault_key_id": "https://security-poc-akv-01.vault.azure.net/keys/securitypoccsscmk/7e7b204cd4a240ca880991658dc3ad14",
                        "managed_disk_cmk_rotation_to_latest_version_enabled": null,
                        "managed_services_cmk_key_vault_id": null,
                        "managed_services_cmk_key_vault_key_id": "https://security-poc-akv-01.vault.azure.net/keys/securitypoccsscmk/7e7b204cd4a240ca880991658dc3ad14",
                        "name": "databricks-test",
                        "network_security_group_rules_required": "NoAzureDatabricksRules",
                        "public_network_access_enabled": false,
                        "resource_group_name": "security-poc-kartik-rg",
                        "sku": "premium",
                        "tags": {
                            "costcenter": "02045",
                            "dataclassification": "confidential",
                            "environmenttype": "dev",
                            "itpmid": "12345",
                            "sharedemailaddress": "CloudSecurityServices@cvshealth.com"
                        },
                        "timeouts": null
                    },
                    "sensitive_values": {
                        "custom_parameters": [
                            {}
                        ],
                        "enhanced_security_compliance": [],
                        "managed_disk_identity": [],
                        "storage_account_identity": [],
                        "tags": {}
                    }
                }
            ]
        }
    },
    "resource_changes": [
        {
            "address": "azurerm_databricks_workspace.databricks_workspace",
            "mode": "managed",
            "type": "azurerm_databricks_workspace",
            "name": "databricks_workspace",
            "provider_name": "registry.terraform.io/hashicorp/azurerm",
            "change": {
                "actions": [
                    "create"
                ],
                "before": null,
                "after": {
                    "access_connector_id": null,
                    "custom_parameters": [
                        {
                            "machine_learning_workspace_id": null,
                            "nat_gateway_name": "nat-gateway-test",
                            "no_public_ip": false,
                            "private_subnet_name": null,
                            "private_subnet_network_security_group_association_id": null,
                            "public_subnet_name": null,
                            "public_subnet_network_security_group_association_id": null,
                            "virtual_network_id": null
                        }
                    ],
                    "customer_managed_key_enabled": true,
                    "default_storage_firewall_enabled": null,
                    "enhanced_security_compliance": [],
                    "infrastructure_encryption_enabled": true,
                    "load_balancer_backend_address_pool_id": null,
                    "location": "eastus2",
                    "managed_disk_cmk_key_vault_id": null,
                    "managed_disk_cmk_key_vault_key_id": "https://security-poc-akv-01.vault.azure.net/keys/securitypoccsscmk/7e7b204cd4a240ca880991658dc3ad14",
                    "managed_disk_cmk_rotation_to_latest_version_enabled": null,
                    "managed_services_cmk_key_vault_id": null,
                    "managed_services_cmk_key_vault_key_id": "https://security-poc-akv-01.vault.azure.net/keys/securitypoccsscmk/7e7b204cd4a240ca880991658dc3ad14",
                    "name": "databricks-test",
                    "network_security_group_rules_required": "NoAzureDatabricksRules",
                    "public_network_access_enabled": false,
                    "resource_group_name": "security-poc-kartik-rg",
                    "sku": "premium",
                    "tags": {
                        "costcenter": "02045",
                        "dataclassification": "confidential",
                        "environmenttype": "dev",
                        "itpmid": "12345",
                        "sharedemailaddress": "CloudSecurityServices@cvshealth.com"
                    },
                    "timeouts": null
                },
                "after_unknown": {
                    "custom_parameters": [
                        {
                            "public_ip_name": true,
                            "storage_account_name": true,
                            "storage_account_sku_name": true,
                            "vnet_address_prefix": true
                        }
                    ],
                    "disk_encryption_set_id": true,
                    "enhanced_security_compliance": [],
                    "id": true,
                    "managed_disk_identity": true,
                    "managed_resource_group_id": true,
                    "managed_resource_group_name": true,
                    "storage_account_identity": true,
                    "tags": {},
                    "workspace_id": true,
                    "workspace_url": true
                },
                "before_sensitive": false,
                "after_sensitive": {
                    "custom_parameters": [
                        {}
                    ],
                    "enhanced_security_compliance": [],
                    "managed_disk_identity": [],
                    "storage_account_identity": [],
                    "tags": {}
                }
            }
        }
    ],
    "prior_state": {
        "format_version": "1.0",
        "terraform_version": "1.7.5",
        "values": {
            "root_module": {
                "resources": [
                    {
                        "address": "data.azurerm_key_vault.key_vault",
                        "mode": "data",
                        "type": "azurerm_key_vault",
                        "name": "key_vault",
                        "provider_name": "registry.terraform.io/hashicorp/azurerm",
                        "schema_version": 0,
                        "values": {
                            "access_policy": [
                                {
                                    "application_id": "",
                                    "certificate_permissions": [],
                                    "key_permissions": [
                                        "Get",
                                        "WrapKey",
                                        "UnwrapKey"
                                    ],
                                    "object_id": "6398c932-d085-438b-92f2-bf549e79835a",
                                    "secret_permissions": [],
                                    "storage_permissions": [],
                                    "tenant_id": "fabb61b8-3afe-4e75-b934-a47f782b8cd7"
                                },
                                {
                                    "application_id": "",
                                    "certificate_permissions": [],
                                    "key_permissions": [
                                        "Get",
                                        "WrapKey",
                                        "UnwrapKey"
                                    ],
                                    "object_id": "7b4b6789-a588-4838-b64e-26e3f05fa890",
                                    "secret_permissions": [],
                                    "storage_permissions": [],
                                    "tenant_id": "fabb61b8-3afe-4e75-b934-a47f782b8cd7"
                                },
                                {
                                    "application_id": "",
                                    "certificate_permissions": [],
                                    "key_permissions": [
                                        "Get",
                                        "WrapKey",
                                        "UnwrapKey"
                                    ],
                                    "object_id": "26097c96-5317-4df4-a018-4fee9229c8cf",
                                    "secret_permissions": [],
                                    "storage_permissions": [],
                                    "tenant_id": "fabb61b8-3afe-4e75-b934-a47f782b8cd7"
                                },
                                {
                                    "application_id": "",
                                    "certificate_permissions": [],
                                    "key_permissions": [
                                        "Get",
                                        "WrapKey",
                                        "UnwrapKey"
                                    ],
                                    "object_id": "8fea6a3b-2e89-45e7-8dc7-d2bf22f9d54e",
                                    "secret_permissions": [],
                                    "storage_permissions": [],
                                    "tenant_id": "fabb61b8-3afe-4e75-b934-a47f782b8cd7"
                                },
                                {
                                    "application_id": "",
                                    "certificate_permissions": [],
                                    "key_permissions": [
                                        "Get",
                                        "WrapKey",
                                        "UnwrapKey"
                                    ],
                                    "object_id": "6ca86747-f3a4-4f27-824d-80e33f51194d",
                                    "secret_permissions": [],
                                    "storage_permissions": [],
                                    "tenant_id": "fabb61b8-3afe-4e75-b934-a47f782b8cd7"
                                },
                                {
                                    "application_id": "",
                                    "certificate_permissions": [
                                        "Get",
                                        "List",
                                        "Update",
                                        "Create",
                                        "Import",
                                        "Delete",
                                        "Recover",
                                        "Backup",
                                        "Restore",
                                        "ManageContacts",
                                        "ManageIssuers",
                                        "GetIssuers",
                                        "ListIssuers",
                                        "SetIssuers",
                                        "DeleteIssuers",
                                        "Get",
                                        "List",
                                        "Update",
                                        "Create",
                                        "Import",
                                        "Delete",
                                        "Recover",
                                        "Backup",
                                        "Restore",
                                        "ManageContacts",
                                        "ManageIssuers",
                                        "GetIssuers",
                                        "ListIssuers",
                                        "SetIssuers",
                                        "DeleteIssuers"
                                    ],
                                    "key_permissions": [
                                        "Get",
                                        "List",
                                        "Update",
                                        "Create",
                                        "Import",
                                        "Delete",
                                        "Recover",
                                        "Backup",
                                        "Restore",
                                        "Decrypt",
                                        "Encrypt",
                                        "UnwrapKey",
                                        "WrapKey",
                                        "Verify",
                                        "Sign",
                                        "Release",
                                        "Rotate",
                                        "GetRotationPolicy",
                                        "SetRotationPolicy",
                                        "Get",
                                        "List",
                                        "Update",
                                        "Create",
                                        "Import",
                                        "Delete",
                                        "Recover",
                                        "Backup",
                                        "Restore",
                                        "Decrypt",
                                        "Encrypt",
                                        "UnwrapKey",
                                        "WrapKey",
                                        "Verify",
                                        "Sign",
                                        "Release",
                                        "Rotate",
                                        "GetRotationPolicy",
                                        "SetRotationPolicy"
                                    ],
                                    "object_id": "ee2ea2d5-3084-4b48-9879-5f6654b20b8c",
                                    "secret_permissions": [
                                        "Get",
                                        "List",
                                        "Set",
                                        "Delete",
                                        "Recover",
                                        "Backup",
                                        "Restore",
                                        "Get",
                                        "List",
                                        "Set",
                                        "Delete",
                                        "Recover",
                                        "Backup",
                                        "Restore"
                                    ],
                                    "storage_permissions": [],
                                    "tenant_id": "fabb61b8-3afe-4e75-b934-a47f782b8cd7"
                                },
                                {
                                    "application_id": "",
                                    "certificate_permissions": [
                                        "Get",
                                        "List",
                                        "Update",
                                        "Create",
                                        "Import",
                                        "Delete",
                                        "Recover",
                                        "Backup",
                                        "Restore",
                                        "ManageContacts",
                                        "ManageIssuers",
                                        "GetIssuers",
                                        "ListIssuers",
                                        "SetIssuers",
                                        "DeleteIssuers",
                                        "Get",
                                        "List",
                                        "Update",
                                        "Create",
                                        "Import",
                                        "Delete",
                                        "Recover",
                                        "Backup",
                                        "Restore",
                                        "ManageContacts",
                                        "ManageIssuers",
                                        "GetIssuers",
                                        "ListIssuers",
                                        "SetIssuers",
                                        "DeleteIssuers"
                                    ],
                                    "key_permissions": [
                                        "Get",
                                        "List",
                                        "Update",
                                        "Create",
                                        "Import",
                                        "Delete",
                                        "Recover",
                                        "Backup",
                                        "Restore",
                                        "Decrypt",
                                        "Encrypt",
                                        "UnwrapKey",
                                        "WrapKey",
                                        "Verify",
                                        "Sign",
                                        "Release",
                                        "Rotate",
                                        "GetRotationPolicy",
                                        "SetRotationPolicy",
                                        "Get",
                                        "List",
                                        "Update",
                                        "Create",
                                        "Import",
                                        "Delete",
                                        "Recover",
                                        "Backup",
                                        "Restore",
                                        "Decrypt",
                                        "Encrypt",
                                        "UnwrapKey",
                                        "WrapKey",
                                        "Verify",
                                        "Sign",
                                        "Release",
                                        "Rotate",
                                        "GetRotationPolicy",
                                        "SetRotationPolicy"
                                    ],
                                    "object_id": "8dcf5f70-cee1-4e3e-a70e-1db0ebb994aa",
                                    "secret_permissions": [
                                        "Get",
                                        "List",
                                        "Set",
                                        "Delete",
                                        "Recover",
                                        "Backup",
                                        "Restore",
                                        "Get",
                                        "List",
                                        "Set",
                                        "Delete",
                                        "Recover",
                                        "Backup",
                                        "Restore"
                                    ],
                                    "storage_permissions": [],
                                    "tenant_id": "fabb61b8-3afe-4e75-b934-a47f782b8cd7"
                                },
                                {
                                    "application_id": "",
                                    "certificate_permissions": [
                                        "Get",
                                        "List",
                                        "Update",
                                        "Create",
                                        "Import",
                                        "Delete",
                                        "Recover",
                                        "Backup",
                                        "Restore",
                                        "ManageContacts",
                                        "ManageIssuers",
                                        "GetIssuers",
                                        "ListIssuers",
                                        "SetIssuers",
                                        "DeleteIssuers",
                                        "Get",
                                        "List",
                                        "Update",
                                        "Create",
                                        "Import",
                                        "Delete",
                                        "Recover",
                                        "Backup",
                                        "Restore",
                                        "ManageContacts",
                                        "ManageIssuers",
                                        "GetIssuers",
                                        "ListIssuers",
                                        "SetIssuers",
                                        "DeleteIssuers"
                                    ],
                                    "key_permissions": [
                                        "Get",
                                        "List",
                                        "Update",
                                        "Create",
                                        "Import",
                                        "Delete",
                                        "Recover",
                                        "Backup",
                                        "Restore",
                                        "Decrypt",
                                        "Encrypt",
                                        "UnwrapKey",
                                        "WrapKey",
                                        "Verify",
                                        "Sign",
                                        "Release",
                                        "Rotate",
                                        "GetRotationPolicy",
                                        "SetRotationPolicy",
                                        "Get",
                                        "List",
                                        "Update",
                                        "Create",
                                        "Import",
                                        "Delete",
                                        "Recover",
                                        "Backup",
                                        "Restore",
                                        "Decrypt",
                                        "Encrypt",
                                        "UnwrapKey",
                                        "WrapKey",
                                        "Verify",
                                        "Sign",
                                        "Release",
                                        "Rotate",
                                        "GetRotationPolicy",
                                        "SetRotationPolicy"
                                    ],
                                    "object_id": "352e6c63-b44d-4e93-8f25-dda6d21be0f7",
                                    "secret_permissions": [
                                        "Get",
                                        "List",
                                        "Set",
                                        "Delete",
                                        "Recover",
                                        "Backup",
                                        "Restore",
                                        "Get",
                                        "List",
                                        "Set",
                                        "Delete",
                                        "Recover",
                                        "Backup",
                                        "Restore"
                                    ],
                                    "storage_permissions": [],
                                    "tenant_id": "fabb61b8-3afe-4e75-b934-a47f782b8cd7"
                                },
                                {
                                    "application_id": "",
                                    "certificate_permissions": [],
                                    "key_permissions": [
                                        "Get",
                                        "WrapKey",
                                        "UnwrapKey"
                                    ],
                                    "object_id": "faff23ad-10a5-4250-8af6-09e642dc61c6",
                                    "secret_permissions": [],
                                    "storage_permissions": [],
                                    "tenant_id": "fabb61b8-3afe-4e75-b934-a47f782b8cd7"
                                },
                                {
                                    "application_id": "",
                                    "certificate_permissions": [],
                                    "key_permissions": [
                                        "Get",
                                        "WrapKey",
                                        "UnwrapKey"
                                    ],
                                    "object_id": "7b8a316d-376e-4fef-8a36-ff56c2076a98",
                                    "secret_permissions": [],
                                    "storage_permissions": [],
                                    "tenant_id": "fabb61b8-3afe-4e75-b934-a47f782b8cd7"
                                },
                                {
                                    "application_id": "",
                                    "certificate_permissions": [],
                                    "key_permissions": [
                                        "Get",
                                        "WrapKey",
                                        "UnwrapKey"
                                    ],
                                    "object_id": "7e9254ab-e4e6-4fd3-845e-17810afb5f58",
                                    "secret_permissions": [],
                                    "storage_permissions": [],
                                    "tenant_id": "fabb61b8-3afe-4e75-b934-a47f782b8cd7"
                                },
                                {
                                    "application_id": "",
                                    "certificate_permissions": [
                                        "all"
                                    ],
                                    "key_permissions": [
                                        "all"
                                    ],
                                    "object_id": "cf309b37-09a3-4881-af92-50adc6709dfa",
                                    "secret_permissions": [
                                        "all"
                                    ],
                                    "storage_permissions": [],
                                    "tenant_id": "fabb61b8-3afe-4e75-b934-a47f782b8cd7"
                                },
                                {
                                    "application_id": "",
                                    "certificate_permissions": [
                                        "all"
                                    ],
                                    "key_permissions": [
                                        "all"
                                    ],
                                    "object_id": "b677ab0d-7190-4461-b293-373d6b8705de",
                                    "secret_permissions": [
                                        "all"
                                    ],
                                    "storage_permissions": [],
                                    "tenant_id": "fabb61b8-3afe-4e75-b934-a47f782b8cd7"
                                },
                                {
                                    "application_id": "",
                                    "certificate_permissions": [
                                        "all"
                                    ],
                                    "key_permissions": [
                                        "all"
                                    ],
                                    "object_id": "32dc243e-2806-4c1f-baeb-2dca7e44d709",
                                    "secret_permissions": [
                                        "all"
                                    ],
                                    "storage_permissions": [],
                                    "tenant_id": "fabb61b8-3afe-4e75-b934-a47f782b8cd7"
                                },
                                {
                                    "application_id": "",
                                    "certificate_permissions": [
                                        "all"
                                    ],
                                    "key_permissions": [
                                        "all"
                                    ],
                                    "object_id": "9d5033be-f57d-4cd4-8cd9-5afb381cadac",
                                    "secret_permissions": [
                                        "all"
                                    ],
                                    "storage_permissions": [],
                                    "tenant_id": "fabb61b8-3afe-4e75-b934-a47f782b8cd7"
                                },
                                {
                                    "application_id": "",
                                    "certificate_permissions": [
                                        "all"
                                    ],
                                    "key_permissions": [
                                        "all"
                                    ],
                                    "object_id": "944222b1-1a9c-4850-9047-3afd0babc269",
                                    "secret_permissions": [
                                        "all"
                                    ],
                                    "storage_permissions": [],
                                    "tenant_id": "fabb61b8-3afe-4e75-b934-a47f782b8cd7"
                                },
                                {
                                    "application_id": "",
                                    "certificate_permissions": [
                                        "all"
                                    ],
                                    "key_permissions": [
                                        "all"
                                    ],
                                    "object_id": "dd1c8f3a-9608-4f2e-9ee8-f12640fc1baa",
                                    "secret_permissions": [
                                        "all"
                                    ],
                                    "storage_permissions": [],
                                    "tenant_id": "fabb61b8-3afe-4e75-b934-a47f782b8cd7"
                                }
                            ],
                            "enable_rbac_authorization": true,
                            "enabled_for_deployment": false,
                            "enabled_for_disk_encryption": true,
                            "enabled_for_template_deployment": true,
                            "id": "/subscriptions/ec8dc618-46dd-43e2-8506-3007f304d884/resourceGroups/security-poc-yogeshd-rg/providers/Microsoft.KeyVault/vaults/security-poc-akv-01",
                            "location": "eastus2",
                            "name": "security-poc-akv-01",
                            "network_acls": [],
                            "public_network_access_enabled": true,
                            "purge_protection_enabled": true,
                            "resource_group_name": "security-poc-yogeshd-rg",
                            "sku_name": "premium",
                            "tags": {
                                "createdondate": "2024-07-31",
                                "dataclassification": "restrictedD",
                                "environmenttype": "NonProd",
                                "itpmid": "87DB880C626F02E3"
                            },
                            "tenant_id": "fabb61b8-3afe-4e75-b934-a47f782b8cd7",
                            "timeouts": null,
                            "vault_uri": "https://security-poc-akv-01.vault.azure.net/"
                        },
                        "sensitive_values": {
                            "access_policy": [
                                {
                                    "certificate_permissions": [],
                                    "key_permissions": [
                                        false,
                                        false,
                                        false
                                    ],
                                    "secret_permissions": [],
                                    "storage_permissions": []
                                },
                                {
                                    "certificate_permissions": [],
                                    "key_permissions": [
                                        false,
                                        false,
                                        false
                                    ],
                                    "secret_permissions": [],
                                    "storage_permissions": []
                                },
                                {
                                    "certificate_permissions": [],
                                    "key_permissions": [
                                        false,
                                        false,
                                        false
                                    ],
                                    "secret_permissions": [],
                                    "storage_permissions": []
                                },
                                {
                                    "certificate_permissions": [],
                                    "key_permissions": [
                                        false,
                                        false,
                                        false
                                    ],
                                    "secret_permissions": [],
                                    "storage_permissions": []
                                },
                                {
                                    "certificate_permissions": [],
                                    "key_permissions": [
                                        false,
                                        false,
                                        false
                                    ],
                                    "secret_permissions": [],
                                    "storage_permissions": []
                                },
                                {
                                    "certificate_permissions": [
                                        false,
                                        false,
                                        false,
                                        false,
                                        false,
                                        false,
                                        false,
                                        false,
                                        false,
                                        false,
                                        false,
                                        false,
                                        false,
                                        false,
                                        false,
                                        false,
                                        false,
                                        false,
                                        false,
                                        false,
                                        false,
                                        false,
                                        false,
                                        false,
                                        false,
                                        false,
                                        false,
                                        false,
                                        false,
                                        false
                                    ],
                                    "key_permissions": [
                                        false,
                                        false,
                                        false,
                                        false,
                                        false,
                                        false,
                                        false,
                                        false,
                                        false,
                                        false,
                                        false,
                                        false,
                                        false,
                                        false,
                                        false,
                                        false,
                                        false,
                                        false,
                                        false,
                                        false,
                                        false,
                                        false,
                                        false,
                                        false,
                                        false,
                                        false,
                                        false,
                                        false,
                                        false,
                                        false,
                                        false,
                                        false,
                                        false,
                                        false,
                                        false,
                                        false,
                                        false,
                                        false
                                    ],
                                    "secret_permissions": [
                                        false,
                                        false,
                                        false,
                                        false,
                                        false,
                                        false,
                                        false,
                                        false,
                                        false,
                                        false,
                                        false,
                                        false,
                                        false,
                                        false
                                    ],
                                    "storage_permissions": []
                                },
                                {
                                    "certificate_permissions": [
                                        false,
                                        false,
                                        false,
                                        false,
                                        false,
                                        false,
                                        false,
                                        false,
                                        false,
                                        false,
                                        false,
                                        false,
                                        false,
                                        false,
                                        false,
                                        false,
                                        false,
                                        false,
                                        false,
                                        false,
                                        false,
                                        false,
                                        false,
                                        false,
                                        false,
                                        false,
                                        false,
                                        false,
                                        false,
                                        false
                                    ],
                                    "key_permissions": [
                                        false,
                                        false,
                                        false,
                                        false,
                                        false,
                                        false,
                                        false,
                                        false,
                                        false,
                                        false,
                                        false,
                                        false,
                                        false,
                                        false,
                                        false,
                                        false,
                                        false,
                                        false,
                                        false,
                                        false,
                                        false,
                                        false,
                                        false,
                                        false,
                                        false,
                                        false,
                                        false,
                                        false,
                                        false,
                                        false,
                                        false,
                                        false,
                                        false,
                                        false,
                                        false,
                                        false,
                                        false,
                                        false
                                    ],
                                    "secret_permissions": [
                                        false,
                                        false,
                                        false,
                                        false,
                                        false,
                                        false,
                                        false,
                                        false,
                                        false,
                                        false,
                                        false,
                                        false,
                                        false,
                                        false
                                    ],
                                    "storage_permissions": []
                                },
                                {
                                    "certificate_permissions": [
                                        false,
                                        false,
                                        false,
                                        false,
                                        false,
                                        false,
                                        false,
                                        false,
                                        false,
                                        false,
                                        false,
                                        false,
                                        false,
                                        false,
                                        false,
                                        false,
                                        false,
                                        false,
                                        false,
                                        false,
                                        false,
                                        false,
                                        false,
                                        false,
                                        false,
                                        false,
                                        false,
                                        false,
                                        false,
                                        false
                                    ],
                                    "key_permissions": [
                                        false,
                                        false,
                                        false,
                                        false,
                                        false,
                                        false,
                                        false,
                                        false,
                                        false,
                                        false,
                                        false,
                                        false,
                                        false,
                                        false,
                                        false,
                                        false,
                                        false,
                                        false,
                                        false,
                                        false,
                                        false,
                                        false,
                                        false,
                                        false,
                                        false,
                                        false,
                                        false,
                                        false,
                                        false,
                                        false,
                                        false,
                                        false,
                                        false,
                                        false,
                                        false,
                                        false,
                                        false,
                                        false
                                    ],
                                    "secret_permissions": [
                                        false,
                                        false,
                                        false,
                                        false,
                                        false,
                                        false,
                                        false,
                                        false,
                                        false,
                                        false,
                                        false,
                                        false,
                                        false,
                                        false
                                    ],
                                    "storage_permissions": []
                                },
                                {
                                    "certificate_permissions": [],
                                    "key_permissions": [
                                        false,
                                        false,
                                        false
                                    ],
                                    "secret_permissions": [],
                                    "storage_permissions": []
                                },
                                {
                                    "certificate_permissions": [],
                                    "key_permissions": [
                                        false,
                                        false,
                                        false
                                    ],
                                    "secret_permissions": [],
                                    "storage_permissions": []
                                },
                                {
                                    "certificate_permissions": [],
                                    "key_permissions": [
                                        false,
                                        false,
                                        false
                                    ],
                                    "secret_permissions": [],
                                    "storage_permissions": []
                                },
                                {
                                    "certificate_permissions": [
                                        false
                                    ],
                                    "key_permissions": [
                                        false
                                    ],
                                    "secret_permissions": [
                                        false
                                    ],
                                    "storage_permissions": []
                                },
                                {
                                    "certificate_permissions": [
                                        false
                                    ],
                                    "key_permissions": [
                                        false
                                    ],
                                    "secret_permissions": [
                                        false
                                    ],
                                    "storage_permissions": []
                                },
                                {
                                    "certificate_permissions": [
                                        false
                                    ],
                                    "key_permissions": [
                                        false
                                    ],
                                    "secret_permissions": [
                                        false
                                    ],
                                    "storage_permissions": []
                                },
                                {
                                    "certificate_permissions": [
                                        false
                                    ],
                                    "key_permissions": [
                                        false
                                    ],
                                    "secret_permissions": [
                                        false
                                    ],
                                    "storage_permissions": []
                                },
                                {
                                    "certificate_permissions": [
                                        false
                                    ],
                                    "key_permissions": [
                                        false
                                    ],
                                    "secret_permissions": [
                                        false
                                    ],
                                    "storage_permissions": []
                                },
                                {
                                    "certificate_permissions": [
                                        false
                                    ],
                                    "key_permissions": [
                                        false
                                    ],
                                    "secret_permissions": [
                                        false
                                    ],
                                    "storage_permissions": []
                                }
                            ],
                            "network_acls": [],
                            "tags": {}
                        }
                    },
                    {
                        "address": "data.azurerm_key_vault_key.key_vault_key",
                        "mode": "data",
                        "type": "azurerm_key_vault_key",
                        "name": "key_vault_key",
                        "provider_name": "registry.terraform.io/hashicorp/azurerm",
                        "schema_version": 0,
                        "values": {
                            "curve": "",
                            "e": "AQAB",
                            "id": "https://security-poc-akv-01.vault.azure.net/keys/securitypoccsscmk/7e7b204cd4a240ca880991658dc3ad14",
                            "key_opts": [
                                "sign",
                                "verify",
                                "wrapKey",
                                "unwrapKey",
                                "encrypt",
                                "decrypt"
                            ],
                            "key_size": null,
                            "key_type": "RSA-HSM",
                            "key_vault_id": "/subscriptions/ec8dc618-46dd-43e2-8506-3007f304d884/resourceGroups/security-poc-yogeshd-rg/providers/Microsoft.KeyVault/vaults/security-poc-akv-01",
                            "n": "mRiQ2SX6x7jUpaAl1vAeI6B0NyMsfeCcfmsRBZTLqEUXlUm0LyZo732xhCzWvoBt-KXHfVnUjLhgDjfy1UFMQ65FNXQcKlS-mjvGjQ5yXV8d-De1zgzTyDo96HAflYPApfVPBup20Tz9KEcw7BwkNddiMRuaYud_85-ngxj4EFf8ph60-5Sr5O2T5b8kfkRcjGBBvOgZUPXiDOdNfUqgcVRqLZwCB3fKvaR8WF4n7jsU5GaiV6K1c8YpOTi-jU2NcUx91Vll2-o-_AXOhUEaXvjR83LMHc5mWI-54FYbNiu8nxNYdyhBZfkux9WFVsfiI8UvyrXE_hiSaBH4yHjnNw",
                            "name": "securitypoccsscmk",
                            "public_key_openssh": "ssh-rsa AAAAB3NzaC1yc2EAAAADAQABAAABAQCZGJDZJfrHuNSloCXW8B4joHQ3Iyx94Jx+axEFlMuoRReVSbQvJmjvfbGELNa+gG34pcd9WdSMuGAON/LVQUxDrkU1dBwqVL6aO8aNDnJdXx34N7XODNPIOj3ocB+Vg8Cl9U8G6nbRPP0oRzDsHCQ112IxG5pi53/zn6eDGPgQV/ymHrT7lKvk7ZPlvyR+RFyMYEG86BlQ9eIM5019SqBxVGotnAIHd8q9pHxYXifuOxTkZqJXorVzxik5OL6NTY1xTH3VWWXb6j78Bc6FQRpe+NHzcswdzmZYj7ngVhs2K7yfE1h3KEFl+S7H1YVWx+IjxS/KtcT+GJJoEfjIeOc3\n",
                            "public_key_pem": "-----BEGIN PUBLIC KEY-----\nMIIBIjANBgkqhkiG9w0BAQEFAAOCAQ8AMIIBCgKCAQEAmRiQ2SX6x7jUpaAl1vAe\nI6B0NyMsfeCcfmsRBZTLqEUXlUm0LyZo732xhCzWvoBt+KXHfVnUjLhgDjfy1UFM\nQ65FNXQcKlS+mjvGjQ5yXV8d+De1zgzTyDo96HAflYPApfVPBup20Tz9KEcw7Bwk\nNddiMRuaYud/85+ngxj4EFf8ph60+5Sr5O2T5b8kfkRcjGBBvOgZUPXiDOdNfUqg\ncVRqLZwCB3fKvaR8WF4n7jsU5GaiV6K1c8YpOTi+jU2NcUx91Vll2+o+/AXOhUEa\nXvjR83LMHc5mWI+54FYbNiu8nxNYdyhBZfkux9WFVsfiI8UvyrXE/hiSaBH4yHjn\nNwIDAQAB\n-----END PUBLIC KEY-----\n",
                            "resource_id": "/subscriptions/ec8dc618-46dd-43e2-8506-3007f304d884/resourceGroups/security-poc-yogeshd-rg/providers/Microsoft.KeyVault/vaults/security-poc-akv-01/keys/securitypoccsscmk/versions/7e7b204cd4a240ca880991658dc3ad14",
                            "resource_versionless_id": "/subscriptions/ec8dc618-46dd-43e2-8506-3007f304d884/resourceGroups/security-poc-yogeshd-rg/providers/Microsoft.KeyVault/vaults/security-poc-akv-01/keys/securitypoccsscmk",
                            "tags": {},
                            "timeouts": null,
                            "version": "7e7b204cd4a240ca880991658dc3ad14",
                            "versionless_id": "https://security-poc-akv-01.vault.azure.net/keys/securitypoccsscmk",
                            "x": "",
                            "y": ""
                        },
                        "sensitive_values": {
                            "key_opts": [
                                false,
                                false,
                                false,
                                false,
                                false,
                                false
                            ],
                            "tags": {}
                        }
                    }
                ]
            }
        }
    },
    "configuration": {
        "provider_config": {
            "azurerm": {
                "name": "azurerm",
                "full_name": "registry.terraform.io/hashicorp/azurerm",
                "version_constraint": "4.27.0",
                "expressions": {
                    "features": [
                        {}
                    ],
                    "subscription_id": {
                        "constant_value": "ec8dc618-46dd-43e2-8506-3007f304d884"
                    }
                }
            }
        },
        "root_module": {
            "resources": [
                {
                    "address": "azurerm_databricks_workspace.databricks_workspace",
                    "mode": "managed",
                    "type": "azurerm_databricks_workspace",
                    "name": "databricks_workspace",
                    "provider_config_key": "azurerm",
                    "expressions": {
                        "custom_parameters": [
                            {
                                "nat_gateway_name": {
                                    "constant_value": "nat-gateway-test"
                                },
                                "no_public_ip": {
                                    "constant_value": false
                                }
                            }
                        ],
                        "customer_managed_key_enabled": {
                            "constant_value": true
                        },
                        "infrastructure_encryption_enabled": {
                            "constant_value": true
                        },
                        "location": {
                            "constant_value": "eastus2"
                        },
                        "managed_disk_cmk_key_vault_key_id": {
                            "references": [
                                "data.azurerm_key_vault_key.key_vault_key.id",
                                "data.azurerm_key_vault_key.key_vault_key"
                            ]
                        },
                        "managed_services_cmk_key_vault_key_id": {
                            "references": [
                                "data.azurerm_key_vault_key.key_vault_key.id",
                                "data.azurerm_key_vault_key.key_vault_key"
                            ]
                        },
                        "name": {
                            "constant_value": "databricks-test"
                        },
                        "network_security_group_rules_required": {
                            "constant_value": "NoAzureDatabricksRules"
                        },
                        "public_network_access_enabled": {
                            "constant_value": false
                        },
                        "resource_group_name": {
                            "constant_value": "security-poc-kartik-rg"
                        },
                        "sku": {
                            "constant_value": "premium"
                        },
                        "tags": {
                            "constant_value": {
                                "costcenter": "02045",
                                "dataclassification": "confidential",
                                "environmenttype": "dev",
                                "itpmid": "12345",
                                "sharedemailaddress": "CloudSecurityServices@cvshealth.com"
                            }
                        }
                    },
                    "schema_version": 0
                },
                {
                    "address": "data.azurerm_key_vault.key_vault",
                    "mode": "data",
                    "type": "azurerm_key_vault",
                    "name": "key_vault",
                    "provider_config_key": "azurerm",
                    "expressions": {
                        "name": {
                            "constant_value": "security-poc-akv-01"
                        },
                        "resource_group_name": {
                            "constant_value": "security-poc-yogeshd-rg"
                        }
                    },
                    "schema_version": 0
                },
                {
                    "address": "data.azurerm_key_vault_key.key_vault_key",
                    "mode": "data",
                    "type": "azurerm_key_vault_key",
                    "name": "key_vault_key",
                    "provider_config_key": "azurerm",
                    "expressions": {
                        "key_vault_id": {
                            "references": [
                                "data.azurerm_key_vault.key_vault.id",
                                "data.azurerm_key_vault.key_vault"
                            ]
                        },
                        "name": {
                            "constant_value": "securitypoccsscmk"
                        }
                    },
                    "schema_version": 0
                }
            ]
        }
    },
    "relevant_attributes": [
        {
            "resource": "data.azurerm_key_vault_key.key_vault_key",
            "attribute": [
                "id"
            ]
        }
    ],
    "timestamp": "2025-05-08T19:18:45Z",
    "errored": false
}