{
    "format_version": "1.2",
    "terraform_version": "1.7.5",
    "planned_values": {
        "root_module": {
            "resources": [
                {
                    "address": "google_kms_crypto_key.gcp-crypto-key",
                    "mode": "managed",
                    "type": "google_kms_crypto_key",
                    "name": "gcp-crypto-key",
                    "provider_name": "registry.terraform.io/hashicorp/google",
                    "schema_version": 1,
                    "values": {
                        "effective_labels": {
                            "goog-terraform-provisioned": "true"
                        },
                        "key_ring": "projects/security-controls-sandbox/locations/us-east4/keyRings/crypto-key-example-key-ring",
                        "labels": null,
                        "name": "crypto-key-example",
                        "purpose": "ASYMMETRIC_SIGN",
                        "rotation_period": "7865000s",
                        "skip_initial_version_creation": null,
                        "terraform_labels": {
                            "goog-terraform-provisioned": "true"
                        },
                        "timeouts": null,
                        "version_template": [
                            {
                                "algorithm": "EC_SIGN_P384_SHA384",
                                "protection_level": "SOFTWARE"
                            }
                        ]
                    },
                    "sensitive_values": {
                        "effective_labels": {},
                        "primary": [],
                        "terraform_labels": {},
                        "version_template": [
                            {}
                        ]
                    }
                }
            ]
        }
    },
    "resource_changes": [
        {
            "address": "google_kms_crypto_key.gcp-crypto-key",
            "mode": "managed",
            "type": "google_kms_crypto_key",
            "name": "gcp-crypto-key",
            "provider_name": "registry.terraform.io/hashicorp/google",
            "change": {
                "actions": [
                    "create"
                ],
                "before": null,
                "after": {
                    "effective_labels": {
                        "goog-terraform-provisioned": "true"
                    },
                    "key_ring": "projects/security-controls-sandbox/locations/us-east4/keyRings/crypto-key-example-key-ring",
                    "labels": null,
                    "name": "crypto-key-example",
                    "purpose": "ASYMMETRIC_SIGN",
                    "rotation_period": "7865000s",
                    "skip_initial_version_creation": null,
                    "terraform_labels": {
                        "goog-terraform-provisioned": "true"
                    },
                    "timeouts": null,
                    "version_template": [
                        {
                            "algorithm": "EC_SIGN_P384_SHA384",
                            "protection_level": "SOFTWARE"
                        }
                    ]
                },
                "after_unknown": {
                    "crypto_key_backend": true,
                    "destroy_scheduled_duration": true,
                    "effective_labels": {},
                    "id": true,
                    "import_only": true,
                    "primary": true,
                    "terraform_labels": {},
                    "version_template": [
                        {}
                    ]
                },
                "before_sensitive": false,
                "after_sensitive": {
                    "effective_labels": {},
                    "primary": [],
                    "terraform_labels": {},
                    "version_template": [
                        {}
                    ]
                }
            }
        }
    ],
    "configuration": {
        "provider_config": {
            "google": {
                "name": "google",
                "full_name": "registry.terraform.io/hashicorp/google",
                "version_constraint": "6.35.0",
                "expressions": {
                    "project": {
                        "constant_value": "security-controls-sandbox"
                    },
                    "region": {
                        "constant_value": "us-central1"
                    }
                }
            }
        },
        "root_module": {
            "resources": [
                {
                    "address": "google_kms_crypto_key.gcp-crypto-key",
                    "mode": "managed",
                    "type": "google_kms_crypto_key",
                    "name": "gcp-crypto-key",
                    "provider_config_key": "google",
                    "expressions": {
                        "key_ring": {
                            "constant_value": "projects/security-controls-sandbox/locations/us-east4/keyRings/crypto-key-example-key-ring"
                        },
                        "name": {
                            "constant_value": "crypto-key-example"
                        },
                        "purpose": {
                            "constant_value": "ASYMMETRIC_SIGN"
                        },
                        "rotation_period": {
                            "constant_value": "7865000s"
                        },
                        "version_template": [
                            {
                                "algorithm": {
                                    "constant_value": "EC_SIGN_P384_SHA384"
                                }
                            }
                        ]
                    },
                    "schema_version": 1
                }
            ]
        }
    },
    "timestamp": "2025-05-22T16:03:16Z",
    "errored": false
}