{
    "format_version": "1.2",
    "terraform_version": "1.7.5",
    "planned_values": {
        "root_module": {
            "resources": [
                {
                    "address": "aws_s3_bucket.s3_bucket",
                    "mode": "managed",
                    "type": "aws_s3_bucket",
                    "name": "s3_bucket",
                    "provider_name": "registry.terraform.io/hashicorp/aws",
                    "schema_version": 0,
                    "values": {
                        "bucket": "cvs-s3-bucket",
                        "force_destroy": false,
                        "lifecycle_rule": [
                            {
                                "abort_incomplete_multipart_upload_days": null,
                                "enabled": true,
                                "expiration": [
                                    {
                                        "date": "2016-01-12",
                                        "days": null,
                                        "expired_object_delete_marker": null
                                    }
                                ],
                                "id": "tmp",
                                "noncurrent_version_expiration": [],
                                "noncurrent_version_transition": [],
                                "prefix": "tmp/",
                                "tags": null,
                                "transition": []
                            }
                        ],
                        "region": "us-east-1",
                        "tags": {
                            "Environment": "Dev",
                            "Name": "My bucket"
                        },
                        "tags_all": {
                            "Environment": "Dev",
                            "Name": "My bucket"
                        },
                        "timeouts": null,
                        "versioning": [
                            {
                                "enabled": true,
                                "mfa_delete": true
                            }
                        ]
                    },
                    "sensitive_values": {
                        "cors_rule": [],
                        "grant": [],
                        "lifecycle_rule": [
                            {
                                "expiration": [
                                    {}
                                ],
                                "noncurrent_version_expiration": [],
                                "noncurrent_version_transition": [],
                                "transition": []
                            }
                        ],
                        "logging": [],
                        "object_lock_configuration": [],
                        "replication_configuration": [],
                        "server_side_encryption_configuration": [],
                        "tags": {},
                        "tags_all": {},
                        "versioning": [
                            {}
                        ],
                        "website": []
                    }
                },
                {
                    "address": "aws_s3_bucket_versioning.bucket_versioning",
                    "mode": "managed",
                    "type": "aws_s3_bucket_versioning",
                    "name": "bucket_versioning",
                    "provider_name": "registry.terraform.io/hashicorp/aws",
                    "schema_version": 0,
                    "values": {
                        "bucket": "cvs-s3-bucket",
                        "expected_bucket_owner": null,
                        "mfa": null,
                        "region": "us-east-1",
                        "versioning_configuration": [
                            {
                                "mfa_delete": "Enabled",
                                "status": "Enabled"
                            }
                        ]
                    },
                    "sensitive_values": {
                        "versioning_configuration": [
                            {}
                        ]
                    }
                }
            ]
        }
    },
    "resource_changes": [
        {
            "address": "aws_s3_bucket.s3_bucket",
            "mode": "managed",
            "type": "aws_s3_bucket",
            "name": "s3_bucket",
            "provider_name": "registry.terraform.io/hashicorp/aws",
            "change": {
                "actions": [
                    "create"
                ],
                "before": null,
                "after": {
                    "bucket": "cvs-s3-bucket",
                    "force_destroy": false,
                    "lifecycle_rule": [
                        {
                            "abort_incomplete_multipart_upload_days": null,
                            "enabled": true,
                            "expiration": [
                                {
                                    "date": "2016-01-12",
                                    "days": null,
                                    "expired_object_delete_marker": null
                                }
                            ],
                            "id": "tmp",
                            "noncurrent_version_expiration": [],
                            "noncurrent_version_transition": [],
                            "prefix": "tmp/",
                            "tags": null,
                            "transition": []
                        }
                    ],
                    "region": "us-east-1",
                    "tags": {
                        "Environment": "Dev",
                        "Name": "My bucket"
                    },
                    "tags_all": {
                        "Environment": "Dev",
                        "Name": "My bucket"
                    },
                    "timeouts": null,
                    "versioning": [
                        {
                            "enabled": true,
                            "mfa_delete": true
                        }
                    ]
                },
                "after_unknown": {
                    "acceleration_status": true,
                    "acl": true,
                    "arn": true,
                    "bucket_domain_name": true,
                    "bucket_prefix": true,
                    "bucket_region": true,
                    "bucket_regional_domain_name": true,
                    "cors_rule": true,
                    "grant": true,
                    "hosted_zone_id": true,
                    "id": true,
                    "lifecycle_rule": [
                        {
                            "expiration": [
                                {}
                            ],
                            "noncurrent_version_expiration": [],
                            "noncurrent_version_transition": [],
                            "transition": []
                        }
                    ],
                    "logging": true,
                    "object_lock_configuration": true,
                    "object_lock_enabled": true,
                    "policy": true,
                    "replication_configuration": true,
                    "request_payer": true,
                    "server_side_encryption_configuration": true,
                    "tags": {},
                    "tags_all": {},
                    "versioning": [
                        {}
                    ],
                    "website": true,
                    "website_domain": true,
                    "website_endpoint": true
                },
                "before_sensitive": false,
                "after_sensitive": {
                    "cors_rule": [],
                    "grant": [],
                    "lifecycle_rule": [
                        {
                            "expiration": [
                                {}
                            ],
                            "noncurrent_version_expiration": [],
                            "noncurrent_version_transition": [],
                            "transition": []
                        }
                    ],
                    "logging": [],
                    "object_lock_configuration": [],
                    "replication_configuration": [],
                    "server_side_encryption_configuration": [],
                    "tags": {},
                    "tags_all": {},
                    "versioning": [
                        {}
                    ],
                    "website": []
                }
            }
        },
        {
            "address": "aws_s3_bucket_versioning.bucket_versioning",
            "mode": "managed",
            "type": "aws_s3_bucket_versioning",
            "name": "bucket_versioning",
            "provider_name": "registry.terraform.io/hashicorp/aws",
            "change": {
                "actions": [
                    "create"
                ],
                "before": null,
                "after": {
                    "bucket": "cvs-s3-bucket",
                    "expected_bucket_owner": null,
                    "mfa": null,
                    "region": "us-east-1",
                    "versioning_configuration": [
                        {
                            "mfa_delete": "Enabled",
                            "status": "Enabled"
                        }
                    ]
                },
                "after_unknown": {
                    "id": true,
                    "versioning_configuration": [
                        {}
                    ]
                },
                "before_sensitive": false,
                "after_sensitive": {
                    "versioning_configuration": [
                        {}
                    ]
                }
            }
        }
    ],
    "configuration": {
        "provider_config": {
            "aws": {
                "name": "aws",
                "full_name": "registry.terraform.io/hashicorp/aws",
                "version_constraint": "6.4.0",
                "expressions": {
                    "profile": {
                        "constant_value": "saurabh-eis-dev"
                    },
                    "region": {
                        "constant_value": "us-east-1"
                    }
                }
            }
        },
        "root_module": {
            "resources": [
                {
                    "address": "aws_s3_bucket.s3_bucket",
                    "mode": "managed",
                    "type": "aws_s3_bucket",
                    "name": "s3_bucket",
                    "provider_config_key": "aws",
                    "expressions": {
                        "bucket": {
                            "constant_value": "cvs-s3-bucket"
                        },
                        "lifecycle_rule": [
                            {
                                "enabled": {
                                    "constant_value": true
                                },
                                "expiration": [
                                    {
                                        "date": {
                                            "constant_value": "2016-01-12"
                                        }
                                    }
                                ],
                                "id": {
                                    "constant_value": "tmp"
                                },
                                "prefix": {
                                    "constant_value": "tmp/"
                                }
                            }
                        ],
                        "tags": {
                            "constant_value": {
                                "Environment": "Dev",
                                "Name": "My bucket"
                            }
                        },
                        "versioning": [
                            {
                                "enabled": {
                                    "constant_value": true
                                },
                                "mfa_delete": {
                                    "constant_value": true
                                }
                            }
                        ]
                    },
                    "schema_version": 0
                },
                {
                    "address": "aws_s3_bucket_versioning.bucket_versioning",
                    "mode": "managed",
                    "type": "aws_s3_bucket_versioning",
                    "name": "bucket_versioning",
                    "provider_config_key": "aws",
                    "expressions": {
                        "bucket": {
                            "constant_value": "cvs-s3-bucket"
                        },
                        "versioning_configuration": [
                            {
                                "mfa_delete": {
                                    "constant_value": "Enabled"
                                },
                                "status": {
                                    "constant_value": "Enabled"
                                }
                            }
                        ]
                    },
                    "schema_version": 0
                }
            ]
        }
    },
    "timestamp": "2025-07-23T10:57:23Z",
    "errored": false
}