{
    "format_version": "1.2",
    "terraform_version": "1.7.5",
    "planned_values": {
        "root_module": {
            "resources": [
                {
                    "address": "google_vertex_ai_dataset.dataset",
                    "mode": "managed",
                    "type": "google_vertex_ai_dataset",
                    "name": "dataset",
                    "provider_name": "registry.terraform.io/hashicorp/google",
                    "schema_version": 0,
                    "values": {
                        "display_name": "terraform",
                        "effective_labels": {
                            "env": "test",
                            "goog-terraform-provisioned": "true"
                        },
                        "encryption_spec": [
                            {
                                "kms_key_name": "projects/test/locations/nam3/keyRings/gkr-nonprod-nam3/cryptoKeys/gk-hcb-nonprod-sde-dbaas-nam3"
                            }
                        ],
                        "labels": {
                            "env": "test"
                        },
                        "metadata_schema_uri": "gs://google-cloud-aiplatform/schema/dataset/metadata/image_1.0.0.yaml",
                        "project": "security-controls-sandbox",
                        "region": "us-central1",
                        "terraform_labels": {
                            "env": "test",
                            "goog-terraform-provisioned": "true"
                        },
                        "timeouts": null
                    },
                    "sensitive_values": {
                        "effective_labels": {},
                        "encryption_spec": [
                            {}
                        ],
                        "labels": {},
                        "terraform_labels": {}
                    }
                }
            ]
        }
    },
    "resource_changes": [
        {
            "address": "google_vertex_ai_dataset.dataset",
            "mode": "managed",
            "type": "google_vertex_ai_dataset",
            "name": "dataset",
            "provider_name": "registry.terraform.io/hashicorp/google",
            "change": {
                "actions": [
                    "create"
                ],
                "before": null,
                "after": {
                    "display_name": "terraform",
                    "effective_labels": {
                        "env": "test",
                        "goog-terraform-provisioned": "true"
                    },
                    "encryption_spec": [
                        {
                            "kms_key_name": "projects/test/locations/nam3/keyRings/gkr-nonprod-nam3/cryptoKeys/gk-hcb-nonprod-sde-dbaas-nam3"
                        }
                    ],
                    "labels": {
                        "env": "test"
                    },
                    "metadata_schema_uri": "gs://google-cloud-aiplatform/schema/dataset/metadata/image_1.0.0.yaml",
                    "project": "security-controls-sandbox",
                    "region": "us-central1",
                    "terraform_labels": {
                        "env": "test",
                        "goog-terraform-provisioned": "true"
                    },
                    "timeouts": null
                },
                "after_unknown": {
                    "create_time": true,
                    "effective_labels": {},
                    "encryption_spec": [
                        {}
                    ],
                    "id": true,
                    "labels": {},
                    "name": true,
                    "terraform_labels": {},
                    "update_time": true
                },
                "before_sensitive": false,
                "after_sensitive": {
                    "effective_labels": {},
                    "encryption_spec": [
                        {}
                    ],
                    "labels": {},
                    "terraform_labels": {}
                }
            }
        }
    ],
    "configuration": {
        "provider_config": {
            "google": {
                "name": "google",
                "full_name": "registry.terraform.io/hashicorp/google",
                "version_constraint": "6.15.0",
                "expressions": {
                    "project": {
                        "constant_value": "security-controls-sandbox"
                    },
                    "region": {
                        "constant_value": "us-central1"
                    },
                    "zone": {
                        "constant_value": "us-central1-c"
                    }
                }
            }
        },
        "root_module": {
            "resources": [
                {
                    "address": "google_vertex_ai_dataset.dataset",
                    "mode": "managed",
                    "type": "google_vertex_ai_dataset",
                    "name": "dataset",
                    "provider_config_key": "google",
                    "expressions": {
                        "display_name": {
                            "constant_value": "terraform"
                        },
                        "encryption_spec": [
                            {
                                "kms_key_name": {
                                    "constant_value": "projects/test/locations/nam3/keyRings/gkr-nonprod-nam3/cryptoKeys/gk-hcb-nonprod-sde-dbaas-nam3"
                                }
                            }
                        ],
                        "labels": {
                            "constant_value": {
                                "env": "test"
                            }
                        },
                        "metadata_schema_uri": {
                            "constant_value": "gs://google-cloud-aiplatform/schema/dataset/metadata/image_1.0.0.yaml"
                        },
                        "region": {
                            "constant_value": "us-central1"
                        }
                    },
                    "schema_version": 0
                }
            ]
        }
    },
    "timestamp": "2025-07-23T18:17:18Z",
    "errored": false
}