{
    "format_version": "1.2",
    "terraform_version": "1.7.5",
    "planned_values": {
        "root_module": {
            "resources": [
                {
                    "address": "azurerm_key_vault.example",
                    "mode": "managed",
                    "type": "azurerm_key_vault",
                    "name": "example",
                    "provider_name": "registry.terraform.io/hashicorp/azurerm",
                    "schema_version": 2,
                    "values": {
                        "enable_rbac_authorization": null,
                        "enabled_for_deployment": null,
                        "enabled_for_disk_encryption": null,
                        "enabled_for_template_deployment": null,
                        "location": "westeurope",
                        "name": "examplekv",
                        "public_network_access_enabled": true,
                        "purge_protection_enabled": true,
                        "resource_group_name": "example-resources",
                        "sku_name": "standard",
                        "soft_delete_retention_days": 90,
                        "tags": null,
                        "tenant_id": "fabb61b8-3afe-4e75-b934-a47f782b8cd7",
                        "timeouts": null
                    },
                    "sensitive_values": {
                        "access_policy": [],
                        "contact": [],
                        "network_acls": []
                    }
                },
                {
                    "address": "azurerm_resource_group.example",
                    "mode": "managed",
                    "type": "azurerm_resource_group",
                    "name": "example",
                    "provider_name": "registry.terraform.io/hashicorp/azurerm",
                    "schema_version": 0,
                    "values": {
                        "location": "westeurope",
                        "managed_by": null,
                        "name": "example-resources",
                        "tags": null,
                        "timeouts": null
                    },
                    "sensitive_values": {}
                },
                {
                    "address": "azurerm_storage_account.allowed",
                    "mode": "managed",
                    "type": "azurerm_storage_account",
                    "name": "allowed",
                    "provider_name": "registry.terraform.io/hashicorp/azurerm",
                    "schema_version": 4,
                    "values": {
                        "access_tier": "Hot",
                        "account_kind": "StorageV2",
                        "account_replication_type": "LRS",
                        "account_tier": "Standard",
                        "allow_nested_items_to_be_public": true,
                        "allowed_copy_scope": null,
                        "azure_files_authentication": [],
                        "blob_properties": [
                            {
                                "change_feed_enabled": false,
                                "change_feed_retention_in_days": null,
                                "container_delete_retention_policy": [],
                                "cors_rule": [],
                                "delete_retention_policy": [
                                    {
                                        "days": 5,
                                        "permanent_delete_enabled": false
                                    }
                                ],
                                "last_access_time_enabled": true,
                                "restore_policy": [],
                                "versioning_enabled": false
                            }
                        ],
                        "cross_tenant_replication_enabled": true,
                        "custom_domain": [],
                        "customer_managed_key": [
                            {
                                "managed_hsm_key_id": null
                            }
                        ],
                        "default_to_oauth_authentication": false,
                        "dns_endpoint_type": "Standard",
                        "edge_zone": null,
                        "identity": [
                            {
                                "identity_ids": null,
                                "type": "SystemAssigned, UserAssigned"
                            }
                        ],
                        "immutability_policy": [],
                        "infrastructure_encryption_enabled": false,
                        "is_hns_enabled": false,
                        "local_user_enabled": true,
                        "location": "westeurope",
                        "min_tls_version": "TLS1_2",
                        "name": "sample",
                        "nfsv3_enabled": false,
                        "public_network_access_enabled": true,
                        "queue_encryption_key_type": "Service",
                        "resource_group_name": "example-resources",
                        "sas_policy": [],
                        "sftp_enabled": false,
                        "shared_access_key_enabled": true,
                        "table_encryption_key_type": "Service",
                        "tags": null,
                        "timeouts": null
                    },
                    "sensitive_values": {
                        "azure_files_authentication": [],
                        "blob_properties": [
                            {
                                "container_delete_retention_policy": [],
                                "cors_rule": [],
                                "delete_retention_policy": [
                                    {}
                                ],
                                "restore_policy": []
                            }
                        ],
                        "custom_domain": [],
                        "customer_managed_key": [
                            {}
                        ],
                        "identity": [
                            {}
                        ],
                        "immutability_policy": [],
                        "network_rules": [],
                        "queue_properties": [],
                        "routing": [],
                        "sas_policy": [],
                        "share_properties": [],
                        "static_website": []
                    }
                },
                {
                    "address": "azurerm_user_assigned_identity.example",
                    "mode": "managed",
                    "type": "azurerm_user_assigned_identity",
                    "name": "example",
                    "provider_name": "registry.terraform.io/hashicorp/azurerm",
                    "schema_version": 1,
                    "values": {
                        "location": "westeurope",
                        "name": "example",
                        "resource_group_name": "example-resources",
                        "tags": null,
                        "timeouts": null
                    },
                    "sensitive_values": {}
                }
            ]
        }
    },
    "resource_changes": [
        {
            "address": "azurerm_key_vault.example",
            "mode": "managed",
            "type": "azurerm_key_vault",
            "name": "example",
            "provider_name": "registry.terraform.io/hashicorp/azurerm",
            "change": {
                "actions": [
                    "create"
                ],
                "before": null,
                "after": {
                    "enable_rbac_authorization": null,
                    "enabled_for_deployment": null,
                    "enabled_for_disk_encryption": null,
                    "enabled_for_template_deployment": null,
                    "location": "westeurope",
                    "name": "examplekv",
                    "public_network_access_enabled": true,
                    "purge_protection_enabled": true,
                    "resource_group_name": "example-resources",
                    "sku_name": "standard",
                    "soft_delete_retention_days": 90,
                    "tags": null,
                    "tenant_id": "fabb61b8-3afe-4e75-b934-a47f782b8cd7",
                    "timeouts": null
                },
                "after_unknown": {
                    "access_policy": true,
                    "contact": true,
                    "id": true,
                    "network_acls": true,
                    "vault_uri": true
                },
                "before_sensitive": false,
                "after_sensitive": {
                    "access_policy": [],
                    "contact": [],
                    "network_acls": []
                }
            }
        },
        {
            "address": "azurerm_resource_group.example",
            "mode": "managed",
            "type": "azurerm_resource_group",
            "name": "example",
            "provider_name": "registry.terraform.io/hashicorp/azurerm",
            "change": {
                "actions": [
                    "create"
                ],
                "before": null,
                "after": {
                    "location": "westeurope",
                    "managed_by": null,
                    "name": "example-resources",
                    "tags": null,
                    "timeouts": null
                },
                "after_unknown": {
                    "id": true
                },
                "before_sensitive": false,
                "after_sensitive": {}
            }
        },
        {
            "address": "azurerm_storage_account.allowed",
            "mode": "managed",
            "type": "azurerm_storage_account",
            "name": "allowed",
            "provider_name": "registry.terraform.io/hashicorp/azurerm",
            "change": {
                "actions": [
                    "create"
                ],
                "before": null,
                "after": {
                    "access_tier": "Hot",
                    "account_kind": "StorageV2",
                    "account_replication_type": "LRS",
                    "account_tier": "Standard",
                    "allow_nested_items_to_be_public": true,
                    "allowed_copy_scope": null,
                    "azure_files_authentication": [],
                    "blob_properties": [
                        {
                            "change_feed_enabled": false,
                            "change_feed_retention_in_days": null,
                            "container_delete_retention_policy": [],
                            "cors_rule": [],
                            "delete_retention_policy": [
                                {
                                    "days": 5,
                                    "permanent_delete_enabled": false
                                }
                            ],
                            "last_access_time_enabled": true,
                            "restore_policy": [],
                            "versioning_enabled": false
                        }
                    ],
                    "cross_tenant_replication_enabled": true,
                    "custom_domain": [],
                    "customer_managed_key": [
                        {
                            "managed_hsm_key_id": null
                        }
                    ],
                    "default_to_oauth_authentication": false,
                    "dns_endpoint_type": "Standard",
                    "edge_zone": null,
                    "identity": [
                        {
                            "identity_ids": null,
                            "type": "SystemAssigned, UserAssigned"
                        }
                    ],
                    "immutability_policy": [],
                    "infrastructure_encryption_enabled": false,
                    "is_hns_enabled": false,
                    "local_user_enabled": true,
                    "location": "westeurope",
                    "min_tls_version": "TLS1_2",
                    "name": "sample",
                    "nfsv3_enabled": false,
                    "public_network_access_enabled": true,
                    "queue_encryption_key_type": "Service",
                    "resource_group_name": "example-resources",
                    "sas_policy": [],
                    "sftp_enabled": false,
                    "shared_access_key_enabled": true,
                    "table_encryption_key_type": "Service",
                    "tags": null,
                    "timeouts": null
                },
                "after_unknown": {
                    "azure_files_authentication": [],
                    "blob_properties": [
                        {
                            "container_delete_retention_policy": [],
                            "cors_rule": [],
                            "default_service_version": true,
                            "delete_retention_policy": [
                                {}
                            ],
                            "restore_policy": []
                        }
                    ],
                    "custom_domain": [],
                    "customer_managed_key": [
                        {
                            "key_vault_key_id": true,
                            "user_assigned_identity_id": true
                        }
                    ],
                    "enable_https_traffic_only": true,
                    "https_traffic_only_enabled": true,
                    "id": true,
                    "identity": [
                        {
                            "principal_id": true,
                            "tenant_id": true
                        }
                    ],
                    "immutability_policy": [],
                    "large_file_share_enabled": true,
                    "network_rules": true,
                    "primary_access_key": true,
                    "primary_blob_connection_string": true,
                    "primary_blob_endpoint": true,
                    "primary_blob_host": true,
                    "primary_blob_internet_endpoint": true,
                    "primary_blob_internet_host": true,
                    "primary_blob_microsoft_endpoint": true,
                    "primary_blob_microsoft_host": true,
                    "primary_connection_string": true,
                    "primary_dfs_endpoint": true,
                    "primary_dfs_host": true,
                    "primary_dfs_internet_endpoint": true,
                    "primary_dfs_internet_host": true,
                    "primary_dfs_microsoft_endpoint": true,
                    "primary_dfs_microsoft_host": true,
                    "primary_file_endpoint": true,
                    "primary_file_host": true,
                    "primary_file_internet_endpoint": true,
                    "primary_file_internet_host": true,
                    "primary_file_microsoft_endpoint": true,
                    "primary_file_microsoft_host": true,
                    "primary_location": true,
                    "primary_queue_endpoint": true,
                    "primary_queue_host": true,
                    "primary_queue_microsoft_endpoint": true,
                    "primary_queue_microsoft_host": true,
                    "primary_table_endpoint": true,
                    "primary_table_host": true,
                    "primary_table_microsoft_endpoint": true,
                    "primary_table_microsoft_host": true,
                    "primary_web_endpoint": true,
                    "primary_web_host": true,
                    "primary_web_internet_endpoint": true,
                    "primary_web_internet_host": true,
                    "primary_web_microsoft_endpoint": true,
                    "primary_web_microsoft_host": true,
                    "queue_properties": true,
                    "routing": true,
                    "sas_policy": [],
                    "secondary_access_key": true,
                    "secondary_blob_connection_string": true,
                    "secondary_blob_endpoint": true,
                    "secondary_blob_host": true,
                    "secondary_blob_internet_endpoint": true,
                    "secondary_blob_internet_host": true,
                    "secondary_blob_microsoft_endpoint": true,
                    "secondary_blob_microsoft_host": true,
                    "secondary_connection_string": true,
                    "secondary_dfs_endpoint": true,
                    "secondary_dfs_host": true,
                    "secondary_dfs_internet_endpoint": true,
                    "secondary_dfs_internet_host": true,
                    "secondary_dfs_microsoft_endpoint": true,
                    "secondary_dfs_microsoft_host": true,
                    "secondary_file_endpoint": true,
                    "secondary_file_host": true,
                    "secondary_file_internet_endpoint": true,
                    "secondary_file_internet_host": true,
                    "secondary_file_microsoft_endpoint": true,
                    "secondary_file_microsoft_host": true,
                    "secondary_location": true,
                    "secondary_queue_endpoint": true,
                    "secondary_queue_host": true,
                    "secondary_queue_microsoft_endpoint": true,
                    "secondary_queue_microsoft_host": true,
                    "secondary_table_endpoint": true,
                    "secondary_table_host": true,
                    "secondary_table_microsoft_endpoint": true,
                    "secondary_table_microsoft_host": true,
                    "secondary_web_endpoint": true,
                    "secondary_web_host": true,
                    "secondary_web_internet_endpoint": true,
                    "secondary_web_internet_host": true,
                    "secondary_web_microsoft_endpoint": true,
                    "secondary_web_microsoft_host": true,
                    "share_properties": true,
                    "static_website": true
                },
                "before_sensitive": false,
                "after_sensitive": {
                    "azure_files_authentication": [],
                    "blob_properties": [
                        {
                            "container_delete_retention_policy": [],
                            "cors_rule": [],
                            "delete_retention_policy": [
                                {}
                            ],
                            "restore_policy": []
                        }
                    ],
                    "custom_domain": [],
                    "customer_managed_key": [
                        {}
                    ],
                    "identity": [
                        {}
                    ],
                    "immutability_policy": [],
                    "network_rules": [],
                    "primary_access_key": true,
                    "primary_blob_connection_string": true,
                    "primary_connection_string": true,
                    "queue_properties": [],
                    "routing": [],
                    "sas_policy": [],
                    "secondary_access_key": true,
                    "secondary_blob_connection_string": true,
                    "secondary_connection_string": true,
                    "share_properties": [],
                    "static_website": []
                }
            }
        },
        {
            "address": "azurerm_user_assigned_identity.example",
            "mode": "managed",
            "type": "azurerm_user_assigned_identity",
            "name": "example",
            "provider_name": "registry.terraform.io/hashicorp/azurerm",
            "change": {
                "actions": [
                    "create"
                ],
                "before": null,
                "after": {
                    "location": "westeurope",
                    "name": "example",
                    "resource_group_name": "example-resources",
                    "tags": null,
                    "timeouts": null
                },
                "after_unknown": {
                    "client_id": true,
                    "id": true,
                    "principal_id": true,
                    "tenant_id": true
                },
                "before_sensitive": false,
                "after_sensitive": {}
            }
        }
    ],
    "prior_state": {
        "format_version": "1.0",
        "terraform_version": "1.7.5",
        "values": {
            "root_module": {
                "resources": [
                    {
                        "address": "data.azurerm_client_config.current",
                        "mode": "data",
                        "type": "azurerm_client_config",
                        "name": "current",
                        "provider_name": "registry.terraform.io/hashicorp/azurerm",
                        "schema_version": 0,
                        "values": {
                            "client_id": "04b07795-8ddb-461a-bbee-02f9e1bf7b46",
                            "id": "Y2xpZW50Q29uZmlncy9jbGllbnRJZD0wNGIwNzc5NS04ZGRiLTQ2MWEtYmJlZS0wMmY5ZTFiZjdiNDY7b2JqZWN0SWQ9MzkzNDMwNGItYmJlZC00MjYwLTkxODMtYTA5ZDA3Y2YzMTU1O3N1YnNjcmlwdGlvbklkPWVjOGRjNjE4LTQ2ZGQtNDNlMi04NTA2LTMwMDdmMzA0ZDg4NDt0ZW5hbnRJZD1mYWJiNjFiOC0zYWZlLTRlNzUtYjkzNC1hNDdmNzgyYjhjZDc=",
                            "object_id": "3934304b-bbed-4260-9183-a09d07cf3155",
                            "subscription_id": "ec8dc618-46dd-43e2-8506-3007f304d884",
                            "tenant_id": "fabb61b8-3afe-4e75-b934-a47f782b8cd7",
                            "timeouts": null
                        },
                        "sensitive_values": {}
                    }
                ]
            }
        }
    },
    "configuration": {
        "provider_config": {
            "azurerm": {
                "name": "azurerm",
                "full_name": "registry.terraform.io/hashicorp/azurerm",
                "version_constraint": "3.117.0",
                "expressions": {
                    "features": [
                        {}
                    ]
                }
            }
        },
        "root_module": {
            "resources": [
                {
                    "address": "azurerm_key_vault.example",
                    "mode": "managed",
                    "type": "azurerm_key_vault",
                    "name": "example",
                    "provider_config_key": "azurerm",
                    "expressions": {
                        "location": {
                            "references": [
                                "azurerm_resource_group.example.location",
                                "azurerm_resource_group.example"
                            ]
                        },
                        "name": {
                            "constant_value": "examplekv"
                        },
                        "purge_protection_enabled": {
                            "constant_value": true
                        },
                        "resource_group_name": {
                            "references": [
                                "azurerm_resource_group.example.name",
                                "azurerm_resource_group.example"
                            ]
                        },
                        "sku_name": {
                            "constant_value": "standard"
                        },
                        "tenant_id": {
                            "references": [
                                "data.azurerm_client_config.current.tenant_id",
                                "data.azurerm_client_config.current"
                            ]
                        }
                    },
                    "schema_version": 2
                },
                {
                    "address": "azurerm_resource_group.example",
                    "mode": "managed",
                    "type": "azurerm_resource_group",
                    "name": "example",
                    "provider_config_key": "azurerm",
                    "expressions": {
                        "location": {
                            "constant_value": "West Europe"
                        },
                        "name": {
                            "constant_value": "example-resources"
                        }
                    },
                    "schema_version": 0
                },
                {
                    "address": "azurerm_storage_account.allowed",
                    "mode": "managed",
                    "type": "azurerm_storage_account",
                    "name": "allowed",
                    "provider_config_key": "azurerm",
                    "expressions": {
                        "access_tier": {
                            "constant_value": "Hot"
                        },
                        "account_kind": {
                            "constant_value": "StorageV2"
                        },
                        "account_replication_type": {
                            "constant_value": "LRS"
                        },
                        "account_tier": {
                            "constant_value": "Standard"
                        },
                        "blob_properties": [
                            {
                                "delete_retention_policy": [
                                    {
                                        "days": {
                                            "constant_value": 5
                                        }
                                    }
                                ],
                                "last_access_time_enabled": {
                                    "constant_value": true
                                }
                            }
                        ],
                        "customer_managed_key": [
                            {
                                "key_vault_key_id": {
                                    "references": [
                                        "azurerm_key_vault.example.id",
                                        "azurerm_key_vault.example"
                                    ]
                                },
                                "user_assigned_identity_id": {
                                    "references": [
                                        "azurerm_user_assigned_identity.example.id",
                                        "azurerm_user_assigned_identity.example"
                                    ]
                                }
                            }
                        ],
                        "identity": [
                            {
                                "type": {
                                    "constant_value": "SystemAssigned, UserAssigned"
                                }
                            }
                        ],
                        "location": {
                            "references": [
                                "azurerm_resource_group.example.location",
                                "azurerm_resource_group.example"
                            ]
                        },
                        "min_tls_version": {
                            "constant_value": "TLS1_2"
                        },
                        "name": {
                            "constant_value": "sample"
                        },
                        "resource_group_name": {
                            "references": [
                                "azurerm_resource_group.example.name",
                                "azurerm_resource_group.example"
                            ]
                        }
                    },
                    "schema_version": 4
                },
                {
                    "address": "azurerm_user_assigned_identity.example",
                    "mode": "managed",
                    "type": "azurerm_user_assigned_identity",
                    "name": "example",
                    "provider_config_key": "azurerm",
                    "expressions": {
                        "location": {
                            "references": [
                                "azurerm_resource_group.example.location",
                                "azurerm_resource_group.example"
                            ]
                        },
                        "name": {
                            "constant_value": "example"
                        },
                        "resource_group_name": {
                            "references": [
                                "azurerm_resource_group.example.name",
                                "azurerm_resource_group.example"
                            ]
                        }
                    },
                    "schema_version": 1
                },
                {
                    "address": "data.azurerm_client_config.current",
                    "mode": "data",
                    "type": "azurerm_client_config",
                    "name": "current",
                    "provider_config_key": "azurerm",
                    "schema_version": 0
                }
            ]
        }
    },
    "relevant_attributes": [
        {
            "resource": "azurerm_resource_group.example",
            "attribute": [
                "location"
            ]
        },
        {
            "resource": "azurerm_resource_group.example",
            "attribute": [
                "name"
            ]
        },
        {
            "resource": "data.azurerm_client_config.current",
            "attribute": [
                "tenant_id"
            ]
        },
        {
            "resource": "azurerm_key_vault.example",
            "attribute": [
                "id"
            ]
        },
        {
            "resource": "azurerm_user_assigned_identity.example",
            "attribute": [
                "id"
            ]
        }
    ],
    "timestamp": "2025-02-11T15:39:32Z",
    "errored": false
}