{
    "format_version": "1.2",
    "terraform_version": "1.7.5",
    "planned_values": {
        "root_module": {
            "resources": [
                {
                    "address": "azurerm_firewall.cvsfirewall",
                    "mode": "managed",
                    "type": "azurerm_firewall",
                    "name": "cvsfirewall",
                    "provider_name": "registry.terraform.io/hashicorp/azurerm",
                    "schema_version": 0,
                    "values": {
                        "dns_servers": null,
                        "firewall_policy_id": null,
                        "ip_configuration": [],
                        "location": "eastus2",
                        "management_ip_configuration": [],
                        "name": "cvsfirewall",
                        "private_ip_ranges": null,
                        "resource_group_name": "security-poc-yogeshd-rg",
                        "sku_name": "AZFW_VNet",
                        "sku_tier": "Premium",
                        "tags": {
                            "costcenter": "02045",
                            "dataclassification": "confidential",
                            "environmenttype": "dev",
                            "itpmid": "12345",
                            "sharedemailaddress": "CloudSecurityServices@cvshealth.com"
                        },
                        "threat_intel_mode": "Deny",
                        "timeouts": null,
                        "virtual_hub": [],
                        "zones": null
                    },
                    "sensitive_values": {
                        "ip_configuration": [],
                        "management_ip_configuration": [],
                        "tags": {},
                        "virtual_hub": []
                    }
                },
                {
                    "address": "azurerm_monitor_diagnostic_setting.cvs-traffic-manager-diagnostic-setting",
                    "mode": "managed",
                    "type": "azurerm_monitor_diagnostic_setting",
                    "name": "cvs-traffic-manager-diagnostic-setting",
                    "provider_name": "registry.terraform.io/hashicorp/azurerm",
                    "schema_version": 0,
                    "values": {
                        "enabled_log": [
                            {
                                "category": "allLogs",
                                "category_group": "allLogs",
                                "retention_policy": []
                            }
                        ],
                        "eventhub_authorization_rule_id": null,
                        "eventhub_name": null,
                        "log_analytics_workspace_id": null,
                        "metric": [
                            {
                                "category": "AllMetrics",
                                "enabled": true,
                                "retention_policy": []
                            }
                        ],
                        "name": "cvs-traffic-manager-diagnostic-setting",
                        "partner_solution_id": null,
                        "storage_account_id": "/subscriptions/ec8dc618-46dd-43e2-8506-3007f304d884/resourceGroups/security-poc-yogeshd-rg/providers/Microsoft.Storage/storageAccounts/securitypoccssstg01",
                        "target_resource_id": "/subscriptions/ec8dc618-46dd-43e2-8506-3007f304d884/resourceGroups/security-poc-yogeshd-rg/providers/Microsoft.Network/azureFirewalls/cvsfirewall",
                        "timeouts": null
                    },
                    "sensitive_values": {
                        "enabled_log": [
                            {
                                "retention_policy": []
                            }
                        ],
                        "metric": [
                            {
                                "retention_policy": []
                            }
                        ]
                    }
                }
            ]
        }
    },
    "resource_changes": [
        {
            "address": "azurerm_firewall.cvsfirewall",
            "mode": "managed",
            "type": "azurerm_firewall",
            "name": "cvsfirewall",
            "provider_name": "registry.terraform.io/hashicorp/azurerm",
            "change": {
                "actions": [
                    "create"
                ],
                "before": null,
                "after": {
                    "dns_servers": null,
                    "firewall_policy_id": null,
                    "ip_configuration": [],
                    "location": "eastus2",
                    "management_ip_configuration": [],
                    "name": "cvsfirewall",
                    "private_ip_ranges": null,
                    "resource_group_name": "security-poc-yogeshd-rg",
                    "sku_name": "AZFW_VNet",
                    "sku_tier": "Premium",
                    "tags": {
                        "costcenter": "02045",
                        "dataclassification": "confidential",
                        "environmenttype": "dev",
                        "itpmid": "12345",
                        "sharedemailaddress": "CloudSecurityServices@cvshealth.com"
                    },
                    "threat_intel_mode": "Deny",
                    "timeouts": null,
                    "virtual_hub": [],
                    "zones": null
                },
                "after_unknown": {
                    "dns_proxy_enabled": true,
                    "id": true,
                    "ip_configuration": [],
                    "management_ip_configuration": [],
                    "tags": {},
                    "virtual_hub": []
                },
                "before_sensitive": false,
                "after_sensitive": {
                    "ip_configuration": [],
                    "management_ip_configuration": [],
                    "tags": {},
                    "virtual_hub": []
                }
            }
        },
        {
            "address": "azurerm_monitor_diagnostic_setting.cvs-traffic-manager-diagnostic-setting",
            "mode": "managed",
            "type": "azurerm_monitor_diagnostic_setting",
            "name": "cvs-traffic-manager-diagnostic-setting",
            "provider_name": "registry.terraform.io/hashicorp/azurerm",
            "change": {
                "actions": [
                    "create"
                ],
                "before": null,
                "after": {
                    "enabled_log": [
                        {
                            "category": "allLogs",
                            "category_group": "",
                            "retention_policy": []
                        }
                    ],
                    "eventhub_authorization_rule_id": null,
                    "eventhub_name": null,
                    "log_analytics_workspace_id": null,
                    "metric": [
                        {
                            "category": "AllMetrics",
                            "enabled": true,
                            "retention_policy": []
                        }
                    ],
                    "name": "cvs-traffic-manager-diagnostic-setting",
                    "partner_solution_id": null,
                    "storage_account_id": "/subscriptions/ec8dc618-46dd-43e2-8506-3007f304d884/resourceGroups/security-poc-yogeshd-rg/providers/Microsoft.Storage/storageAccounts/securitypoccssstg01",
                    "target_resource_id": "/subscriptions/ec8dc618-46dd-43e2-8506-3007f304d884/resourceGroups/security-poc-yogeshd-rg/providers/Microsoft.Network/azureFirewalls/cvsfirewall",
                    "timeouts": null
                },
                "after_unknown": {
                    "enabled_log": [
                        {
                            "retention_policy": []
                        }
                    ],
                    "id": true,
                    "log_analytics_destination_type": true,
                    "metric": [
                        {
                            "retention_policy": []
                        }
                    ]
                },
                "before_sensitive": false,
                "after_sensitive": {
                    "enabled_log": [
                        {
                            "retention_policy": []
                        }
                    ],
                    "metric": [
                        {
                            "retention_policy": []
                        }
                    ]
                }
            }
        }
    ],
    "prior_state": {
        "format_version": "1.0",
        "terraform_version": "1.7.5",
        "values": {
            "root_module": {
                "resources": [
                    {
                        "address": "data.azurerm_resource_group.resource_group",
                        "mode": "data",
                        "type": "azurerm_resource_group",
                        "name": "resource_group",
                        "provider_name": "registry.terraform.io/hashicorp/azurerm",
                        "schema_version": 0,
                        "values": {
                            "id": "/subscriptions/ec8dc618-46dd-43e2-8506-3007f304d884/resourceGroups/security-poc-yogeshd-rg",
                            "location": "eastus2",
                            "managed_by": "",
                            "name": "security-poc-yogeshd-rg",
                            "tags": {
                                "createdondate": "2024-06-26",
                                "dataclassification": "restrictedD",
                                "environmentsubtype": "POC",
                                "environmenttype": "NonProd"
                            },
                            "timeouts": null
                        },
                        "sensitive_values": {
                            "tags": {}
                        }
                    },
                    {
                        "address": "data.azurerm_storage_account.storage_account",
                        "mode": "data",
                        "type": "azurerm_storage_account",
                        "name": "storage_account",
                        "provider_name": "registry.terraform.io/hashicorp/azurerm",
                        "schema_version": 0,
                        "values": {
                            "access_tier": "Hot",
                            "account_kind": "StorageV2",
                            "account_replication_type": "LRS",
                            "account_tier": "Standard",
                            "allow_nested_items_to_be_public": false,
                            "azure_files_authentication": [
                                {
                                    "active_directory": [
                                        {
                                            "domain_guid": "",
                                            "domain_name": "cvshaadds.com",
                                            "domain_sid": "",
                                            "forest_name": "",
                                            "netbios_domain_name": "",
                                            "storage_sid": ""
                                        }
                                    ],
                                    "default_share_level_permission": "",
                                    "directory_type": "AADDS"
                                }
                            ],
                            "custom_domain": [],
                            "dns_endpoint_type": "Standard",
                            "https_traffic_only_enabled": true,
                            "id": "/subscriptions/ec8dc618-46dd-43e2-8506-3007f304d884/resourceGroups/security-poc-yogeshd-rg/providers/Microsoft.Storage/storageAccounts/securitypoccssstg01",
                            "identity": [
                                {
                                    "identity_ids": [],
                                    "principal_id": "daf499e3-9303-4a35-a771-86620e88d45c",
                                    "tenant_id": "fabb61b8-3afe-4e75-b934-a47f782b8cd7",
                                    "type": "SystemAssigned"
                                }
                            ],
                            "infrastructure_encryption_enabled": false,
                            "is_hns_enabled": false,
                            "location": "eastus2",
                            "min_tls_version": "TLS1_2",
                            "name": "securitypoccssstg01",
                            "nfsv3_enabled": false,
                            "primary_access_key": "7cPFGpaZk9+rf53tEmnbopC036xD6DuuB5NC8NTV8clqMoHlV3suK0a8808dQX0X0iWA1b3U5qOG+AStSBUP5w==",
                            "primary_blob_connection_string": "DefaultEndpointsProtocol=https;BlobEndpoint=https://securitypoccssstg01.blob.core.windows.net/;AccountName=securitypoccssstg01;AccountKey=7cPFGpaZk9+rf53tEmnbopC036xD6DuuB5NC8NTV8clqMoHlV3suK0a8808dQX0X0iWA1b3U5qOG+AStSBUP5w==",
                            "primary_blob_endpoint": "https://securitypoccssstg01.blob.core.windows.net/",
                            "primary_blob_host": "securitypoccssstg01.blob.core.windows.net",
                            "primary_blob_internet_endpoint": "",
                            "primary_blob_internet_host": "",
                            "primary_blob_microsoft_endpoint": "",
                            "primary_blob_microsoft_host": "",
                            "primary_connection_string": "DefaultEndpointsProtocol=https;AccountName=securitypoccssstg01;AccountKey=7cPFGpaZk9+rf53tEmnbopC036xD6DuuB5NC8NTV8clqMoHlV3suK0a8808dQX0X0iWA1b3U5qOG+AStSBUP5w==;EndpointSuffix=core.windows.net",
                            "primary_dfs_endpoint": "https://securitypoccssstg01.dfs.core.windows.net/",
                            "primary_dfs_host": "securitypoccssstg01.dfs.core.windows.net",
                            "primary_dfs_internet_endpoint": "",
                            "primary_dfs_internet_host": "",
                            "primary_dfs_microsoft_endpoint": "",
                            "primary_dfs_microsoft_host": "",
                            "primary_file_endpoint": "https://securitypoccssstg01.file.core.windows.net/",
                            "primary_file_host": "securitypoccssstg01.file.core.windows.net",
                            "primary_file_internet_endpoint": "",
                            "primary_file_internet_host": "",
                            "primary_file_microsoft_endpoint": "",
                            "primary_file_microsoft_host": "",
                            "primary_location": "eastus2",
                            "primary_queue_endpoint": "https://securitypoccssstg01.queue.core.windows.net/",
                            "primary_queue_host": "securitypoccssstg01.queue.core.windows.net",
                            "primary_queue_microsoft_endpoint": "",
                            "primary_queue_microsoft_host": "",
                            "primary_table_endpoint": "https://securitypoccssstg01.table.core.windows.net/",
                            "primary_table_host": "securitypoccssstg01.table.core.windows.net",
                            "primary_table_microsoft_endpoint": "",
                            "primary_table_microsoft_host": "",
                            "primary_web_endpoint": "https://securitypoccssstg01.z20.web.core.windows.net/",
                            "primary_web_host": "securitypoccssstg01.z20.web.core.windows.net",
                            "primary_web_internet_endpoint": "",
                            "primary_web_internet_host": "",
                            "primary_web_microsoft_endpoint": "",
                            "primary_web_microsoft_host": "",
                            "queue_encryption_key_type": "Service",
                            "resource_group_name": "security-poc-yogeshd-rg",
                            "secondary_access_key": "/bn9pfZgKMjz5nO5b6/7uTFcx3qA6GMjzkfznaKGzsuu28WYnON8n2DdmWW+vPpmSJzppdF+qS1y+AStgzSKSg==",
                            "secondary_blob_connection_string": "",
                            "secondary_blob_endpoint": "",
                            "secondary_blob_host": "",
                            "secondary_blob_internet_endpoint": "",
                            "secondary_blob_internet_host": "",
                            "secondary_blob_microsoft_endpoint": "",
                            "secondary_blob_microsoft_host": "",
                            "secondary_connection_string": "DefaultEndpointsProtocol=https;AccountName=securitypoccssstg01;AccountKey=/bn9pfZgKMjz5nO5b6/7uTFcx3qA6GMjzkfznaKGzsuu28WYnON8n2DdmWW+vPpmSJzppdF+qS1y+AStgzSKSg==;EndpointSuffix=core.windows.net",
                            "secondary_dfs_endpoint": "",
                            "secondary_dfs_host": "",
                            "secondary_dfs_internet_endpoint": "",
                            "secondary_dfs_internet_host": "",
                            "secondary_dfs_microsoft_endpoint": "",
                            "secondary_dfs_microsoft_host": "",
                            "secondary_file_endpoint": "",
                            "secondary_file_host": "",
                            "secondary_file_internet_endpoint": "",
                            "secondary_file_internet_host": "",
                            "secondary_file_microsoft_endpoint": "",
                            "secondary_file_microsoft_host": "",
                            "secondary_location": "",
                            "secondary_queue_endpoint": "",
                            "secondary_queue_host": "",
                            "secondary_queue_microsoft_endpoint": "",
                            "secondary_queue_microsoft_host": "",
                            "secondary_table_endpoint": "",
                            "secondary_table_host": "",
                            "secondary_table_microsoft_endpoint": "",
                            "secondary_table_microsoft_host": "",
                            "secondary_web_endpoint": "",
                            "secondary_web_host": "",
                            "secondary_web_internet_endpoint": "",
                            "secondary_web_internet_host": "",
                            "secondary_web_microsoft_endpoint": "",
                            "secondary_web_microsoft_host": "",
                            "table_encryption_key_type": "Service",
                            "tags": {
                                "createdondate": "2024-07-31",
                                "dataclassification": "restrictedD",
                                "environmenttype": "NonProd",
                                "itpmid": "87DB880C626F02E3"
                            },
                            "timeouts": null
                        },
                        "sensitive_values": {
                            "azure_files_authentication": [
                                {
                                    "active_directory": [
                                        {}
                                    ]
                                }
                            ],
                            "custom_domain": [],
                            "identity": [
                                {
                                    "identity_ids": []
                                }
                            ],
                            "primary_access_key": true,
                            "primary_blob_connection_string": true,
                            "primary_connection_string": true,
                            "secondary_access_key": true,
                            "secondary_blob_connection_string": true,
                            "secondary_connection_string": true,
                            "tags": {}
                        }
                    }
                ]
            }
        }
    },
    "configuration": {
        "provider_config": {
            "azurerm": {
                "name": "azurerm",
                "full_name": "registry.terraform.io/hashicorp/azurerm",
                "version_constraint": "4.20.0",
                "expressions": {
                    "features": [
                        {}
                    ],
                    "subscription_id": {
                        "constant_value": "ec8dc618-46dd-43e2-8506-3007f304d884"
                    }
                }
            }
        },
        "root_module": {
            "resources": [
                {
                    "address": "azurerm_firewall.cvsfirewall",
                    "mode": "managed",
                    "type": "azurerm_firewall",
                    "name": "cvsfirewall",
                    "provider_config_key": "azurerm",
                    "expressions": {
                        "location": {
                            "references": [
                                "data.azurerm_resource_group.resource_group.location",
                                "data.azurerm_resource_group.resource_group"
                            ]
                        },
                        "name": {
                            "constant_value": "cvsfirewall"
                        },
                        "resource_group_name": {
                            "references": [
                                "data.azurerm_resource_group.resource_group.name",
                                "data.azurerm_resource_group.resource_group"
                            ]
                        },
                        "sku_name": {
                            "constant_value": "AZFW_VNet"
                        },
                        "sku_tier": {
                            "constant_value": "Premium"
                        },
                        "tags": {
                            "constant_value": {
                                "costcenter": "02045",
                                "dataclassification": "confidential",
                                "environmenttype": "dev",
                                "itpmid": "12345",
                                "sharedemailaddress": "CloudSecurityServices@cvshealth.com"
                            }
                        },
                        "threat_intel_mode": {
                            "constant_value": "Deny"
                        }
                    },
                    "schema_version": 0
                },
                {
                    "address": "azurerm_monitor_diagnostic_setting.cvs-traffic-manager-diagnostic-setting",
                    "mode": "managed",
                    "type": "azurerm_monitor_diagnostic_setting",
                    "name": "cvs-traffic-manager-diagnostic-setting",
                    "provider_config_key": "azurerm",
                    "expressions": {
                        "enabled_log": [
                            {
                                "category": {
                                    "constant_value": "allLogs"
                                }
                            }
                        ],
                        "metric": [
                            {
                                "category": {
                                    "constant_value": "AllMetrics"
                                }
                            }
                        ],
                        "name": {
                            "constant_value": "cvs-traffic-manager-diagnostic-setting"
                        },
                        "storage_account_id": {
                            "references": [
                                "data.azurerm_storage_account.storage_account.id",
                                "data.azurerm_storage_account.storage_account"
                            ]
                        },
                        "target_resource_id": {
                            "constant_value": "/subscriptions/ec8dc618-46dd-43e2-8506-3007f304d884/resourceGroups/security-poc-yogeshd-rg/providers/Microsoft.Network/azureFirewalls/cvsfirewall"
                        }
                    },
                    "schema_version": 0
                },
                {
                    "address": "data.azurerm_resource_group.resource_group",
                    "mode": "data",
                    "type": "azurerm_resource_group",
                    "name": "resource_group",
                    "provider_config_key": "azurerm",
                    "expressions": {
                        "name": {
                            "constant_value": "security-poc-yogeshd-rg"
                        }
                    },
                    "schema_version": 0
                },
                {
                    "address": "data.azurerm_storage_account.storage_account",
                    "mode": "data",
                    "type": "azurerm_storage_account",
                    "name": "storage_account",
                    "provider_config_key": "azurerm",
                    "expressions": {
                        "name": {
                            "constant_value": "securitypoccssstg01"
                        },
                        "resource_group_name": {
                            "constant_value": "security-poc-yogeshd-rg"
                        }
                    },
                    "schema_version": 0
                }
            ]
        }
    },
    "relevant_attributes": [
        {
            "resource": "data.azurerm_resource_group.resource_group",
            "attribute": [
                "name"
            ]
        },
        {
            "resource": "data.azurerm_resource_group.resource_group",
            "attribute": [
                "location"
            ]
        },
        {
            "resource": "data.azurerm_storage_account.storage_account",
            "attribute": [
                "id"
            ]
        }
    ],
    "timestamp": "2025-03-23T07:13:02Z",
    "errored": false
}