{
  "format_version": "1.2",
  "terraform_version": "1.10.4",
  "planned_values": {
    "root_module": {
      "resources": [
        {
          "address": "google_datastream_stream.negative",
          "mode": "managed",
          "type": "google_datastream_stream",
          "name": "negative",
          "provider_name": "registry.terraform.io/hashicorp/google",
          "schema_version": 0,
          "values": {
            "backfill_all": [
              {
                "mysql_excluded_objects": [],
                "oracle_excluded_objects": [],
                "postgresql_excluded_objects": [
                  {
                    "postgresql_schemas": [
                      {
                        "postgresql_tables": [
                          {
                            "postgresql_columns": [
                              {
                                "column": "column",
                                "data_type": null,
                                "nullable": null,
                                "ordinal_position": null,
                                "primary_key": null
                              }
                            ],
                            "table": "table"
                          }
                        ],
                        "schema": "schema"
                      }
                    ]
                  }
                ],
                "sql_server_excluded_objects": []
              }
            ],
            "backfill_none": [],
            "create_without_validation": false,
            "customer_managed_encryption_key": "projects/cvs-key-vault-nonprod/locations/nam3/keyRings/gkr-nonprod-nam3/cryptoKeys/gk-hcb-nonprod-sde-dbaas-nam3",
            "desired_state": "RUNNING",
            "destination_config": [
              {
                "bigquery_destination_config": [
                  {
                    "append_only": [],
                    "data_freshness": "900s",
                    "merge": [],
                    "single_target_dataset": [],
                    "source_hierarchy_datasets": [
                      {
                        "dataset_template": [
                          {
                            "dataset_id_prefix": null,
                            "kms_key_name": null,
                            "location": "us-central1"
                          }
                        ]
                      }
                    ]
                  }
                ],
                "destination_connection_profile": "google_datastream_connection_profile.destination.id",
                "gcs_destination_config": []
              }
            ],
            "display_name": "Postgres to BigQuery",
            "effective_labels": {
              "applicationid": "13211",
              "costcenter": "44211",
              "dataclassification": "internal",
              "environmenttype": "dev",
              "goog-terraform-provisioned": "true",
              "itpmid": "2212",
              "owner": "platform-security",
              "sharedemailaddress": "label.test@cvshealth.com"
            },
            "labels": {
              "applicationid": "13211",
              "costcenter": "44211",
              "dataclassification": "internal",
              "environmenttype": "dev",
              "itpmid": "2212",
              "owner": "platform-security",
              "sharedemailaddress": "label.test@cvshealth.com"
            },
            "location": "us-central1",
            "project": "security-controls-sandbox",
            "source_config": [
              {
                "mysql_source_config": [],
                "oracle_source_config": [],
                "postgresql_source_config": [
                  {
                    "exclude_objects": [
                      {
                        "postgresql_schemas": [
                          {
                            "postgresql_tables": [
                              {
                                "postgresql_columns": [
                                  {
                                    "column": "column",
                                    "data_type": null,
                                    "nullable": null,
                                    "ordinal_position": null,
                                    "primary_key": null
                                  }
                                ],
                                "table": "table"
                              }
                            ],
                            "schema": "schema"
                          }
                        ]
                      }
                    ],
                    "include_objects": [
                      {
                        "postgresql_schemas": [
                          {
                            "postgresql_tables": [
                              {
                                "postgresql_columns": [
                                  {
                                    "column": "column",
                                    "data_type": null,
                                    "nullable": null,
                                    "ordinal_position": null,
                                    "primary_key": null
                                  }
                                ],
                                "table": "table"
                              }
                            ],
                            "schema": "schema"
                          }
                        ]
                      }
                    ],
                    "max_concurrent_backfill_tasks": 12,
                    "publication": "publication",
                    "replication_slot": "replication_slot"
                  }
                ],
                "source_connection_profile": "google_datastream_connection_profile.source.id",
                "sql_server_source_config": []
              }
            ],
            "stream_id": "my-stream",
            "terraform_labels": {
              "applicationid": "13211",
              "costcenter": "44211",
              "dataclassification": "internal",
              "environmenttype": "dev",
              "goog-terraform-provisioned": "true",
              "itpmid": "2212",
              "owner": "platform-security",
              "sharedemailaddress": "label.test@cvshealth.com"
            },
            "timeouts": null
          },
          "sensitive_values": {
            "backfill_all": [
              {
                "mysql_excluded_objects": [],
                "oracle_excluded_objects": [],
                "postgresql_excluded_objects": [
                  {
                    "postgresql_schemas": [
                      {
                        "postgresql_tables": [
                          {
                            "postgresql_columns": [
                              {}
                            ]
                          }
                        ]
                      }
                    ]
                  }
                ],
                "sql_server_excluded_objects": []
              }
            ],
            "backfill_none": [],
            "destination_config": [
              {
                "bigquery_destination_config": [
                  {
                    "append_only": [],
                    "merge": [],
                    "single_target_dataset": [],
                    "source_hierarchy_datasets": [
                      {
                        "dataset_template": [
                          {}
                        ]
                      }
                    ]
                  }
                ],
                "gcs_destination_config": []
              }
            ],
            "effective_labels": {},
            "labels": {},
            "source_config": [
              {
                "mysql_source_config": [],
                "oracle_source_config": [],
                "postgresql_source_config": [
                  {
                    "exclude_objects": [
                      {
                        "postgresql_schemas": [
                          {
                            "postgresql_tables": [
                              {
                                "postgresql_columns": [
                                  {}
                                ]
                              }
                            ]
                          }
                        ]
                      }
                    ],
                    "include_objects": [
                      {
                        "postgresql_schemas": [
                          {
                            "postgresql_tables": [
                              {
                                "postgresql_columns": [
                                  {}
                                ]
                              }
                            ]
                          }
                        ]
                      }
                    ]
                  }
                ],
                "sql_server_source_config": []
              }
            ],
            "terraform_labels": {}
          }
        }
      ]
    }
  },
  "resource_changes": [
    {
      "address": "google_datastream_stream.negative",
      "mode": "managed",
      "type": "google_datastream_stream",
      "name": "negative",
      "provider_name": "registry.terraform.io/hashicorp/google",
      "change": {
        "actions": [
          "create"
        ],
        "before": null,
        "after": {
          "backfill_all": [
            {
              "mysql_excluded_objects": [],
              "oracle_excluded_objects": [],
              "postgresql_excluded_objects": [
                {
                  "postgresql_schemas": [
                    {
                      "postgresql_tables": [
                        {
                          "postgresql_columns": [
                            {
                              "column": "column",
                              "data_type": null,
                              "nullable": null,
                              "ordinal_position": null,
                              "primary_key": null
                            }
                          ],
                          "table": "table"
                        }
                      ],
                      "schema": "schema"
                    }
                  ]
                }
              ],
              "sql_server_excluded_objects": []
            }
          ],
          "backfill_none": [],
          "create_without_validation": false,
          "customer_managed_encryption_key": "kms-name",
          "desired_state": "RUNNING",
          "destination_config": [
            {
              "bigquery_destination_config": [
                {
                  "append_only": [],
                  "data_freshness": "900s",
                  "merge": [],
                  "single_target_dataset": [],
                  "source_hierarchy_datasets": [
                    {
                      "dataset_template": [
                        {
                          "dataset_id_prefix": null,
                          "kms_key_name": null,
                          "location": "us-central1"
                        }
                      ]
                    }
                  ]
                }
              ],
              "destination_connection_profile": "google_datastream_connection_profile.destination.id",
              "gcs_destination_config": []
            }
          ],
          "display_name": "Postgres to BigQuery",
          "effective_labels": {
            "applicationid": "13211",
            "costcenter": "44211",
            "dataclassification": "internal",
            "environmenttype": "dev",
            "goog-terraform-provisioned": "true",
            "itpmid": "2212",
            "owner": "platform-security",
            "sharedemailaddress": "label.test@cvshealth.com"
          },
          "labels": {
            "applicationid": "13211",
            "costcenter": "44211",
            "dataclassification": "internal",
            "environmenttype": "dev",
            "itpmid": "2212",
            "owner": "platform-security",
            "sharedemailaddress": "label.test@cvshealth.com"
          },
          "location": "us-central1",
          "project": "security-controls-sandbox",
          "source_config": [
            {
              "mysql_source_config": [],
              "oracle_source_config": [],
              "postgresql_source_config": [
                {
                  "exclude_objects": [
                    {
                      "postgresql_schemas": [
                        {
                          "postgresql_tables": [
                            {
                              "postgresql_columns": [
                                {
                                  "column": "column",
                                  "data_type": null,
                                  "nullable": null,
                                  "ordinal_position": null,
                                  "primary_key": null
                                }
                              ],
                              "table": "table"
                            }
                          ],
                          "schema": "schema"
                        }
                      ]
                    }
                  ],
                  "include_objects": [
                    {
                      "postgresql_schemas": [
                        {
                          "postgresql_tables": [
                            {
                              "postgresql_columns": [
                                {
                                  "column": "column",
                                  "data_type": null,
                                  "nullable": null,
                                  "ordinal_position": null,
                                  "primary_key": null
                                }
                              ],
                              "table": "table"
                            }
                          ],
                          "schema": "schema"
                        }
                      ]
                    }
                  ],
                  "max_concurrent_backfill_tasks": 12,
                  "publication": "publication",
                  "replication_slot": "replication_slot"
                }
              ],
              "source_connection_profile": "google_datastream_connection_profile.source.id",
              "sql_server_source_config": []
            }
          ],
          "stream_id": "my-stream",
          "terraform_labels": {
            "applicationid": "13211",
            "costcenter": "44211",
            "dataclassification": "internal",
            "environmenttype": "dev",
            "goog-terraform-provisioned": "true",
            "itpmid": "2212",
            "owner": "platform-security",
            "sharedemailaddress": "label.test@cvshealth.com"
          },
          "timeouts": null
        },
        "after_unknown": {
          "backfill_all": [
            {
              "mysql_excluded_objects": [],
              "oracle_excluded_objects": [],
              "postgresql_excluded_objects": [
                {
                  "postgresql_schemas": [
                    {
                      "postgresql_tables": [
                        {
                          "postgresql_columns": [
                            {
                              "length": true,
                              "precision": true,
                              "scale": true
                            }
                          ]
                        }
                      ]
                    }
                  ]
                }
              ],
              "sql_server_excluded_objects": []
            }
          ],
          "backfill_none": [],
          "destination_config": [
            {
              "bigquery_destination_config": [
                {
                  "append_only": [],
                  "merge": [],
                  "single_target_dataset": [],
                  "source_hierarchy_datasets": [
                    {
                      "dataset_template": [
                        {}
                      ]
                    }
                  ]
                }
              ],
              "gcs_destination_config": []
            }
          ],
          "effective_labels": {},
          "id": true,
          "labels": {},
          "name": true,
          "source_config": [
            {
              "mysql_source_config": [],
              "oracle_source_config": [],
              "postgresql_source_config": [
                {
                  "exclude_objects": [
                    {
                      "postgresql_schemas": [
                        {
                          "postgresql_tables": [
                            {
                              "postgresql_columns": [
                                {
                                  "length": true,
                                  "precision": true,
                                  "scale": true
                                }
                              ]
                            }
                          ]
                        }
                      ]
                    }
                  ],
                  "include_objects": [
                    {
                      "postgresql_schemas": [
                        {
                          "postgresql_tables": [
                            {
                              "postgresql_columns": [
                                {
                                  "length": true,
                                  "precision": true,
                                  "scale": true
                                }
                              ]
                            }
                          ]
                        }
                      ]
                    }
                  ]
                }
              ],
              "sql_server_source_config": []
            }
          ],
          "state": true,
          "terraform_labels": {}
        },
        "before_sensitive": false,
        "after_sensitive": {
          "backfill_all": [
            {
              "mysql_excluded_objects": [],
              "oracle_excluded_objects": [],
              "postgresql_excluded_objects": [
                {
                  "postgresql_schemas": [
                    {
                      "postgresql_tables": [
                        {
                          "postgresql_columns": [
                            {}
                          ]
                        }
                      ]
                    }
                  ]
                }
              ],
              "sql_server_excluded_objects": []
            }
          ],
          "backfill_none": [],
          "destination_config": [
            {
              "bigquery_destination_config": [
                {
                  "append_only": [],
                  "merge": [],
                  "single_target_dataset": [],
                  "source_hierarchy_datasets": [
                    {
                      "dataset_template": [
                        {}
                      ]
                    }
                  ]
                }
              ],
              "gcs_destination_config": []
            }
          ],
          "effective_labels": {},
          "labels": {},
          "source_config": [
            {
              "mysql_source_config": [],
              "oracle_source_config": [],
              "postgresql_source_config": [
                {
                  "exclude_objects": [
                    {
                      "postgresql_schemas": [
                        {
                          "postgresql_tables": [
                            {
                              "postgresql_columns": [
                                {}
                              ]
                            }
                          ]
                        }
                      ]
                    }
                  ],
                  "include_objects": [
                    {
                      "postgresql_schemas": [
                        {
                          "postgresql_tables": [
                            {
                              "postgresql_columns": [
                                {}
                              ]
                            }
                          ]
                        }
                      ]
                    }
                  ]
                }
              ],
              "sql_server_source_config": []
            }
          ],
          "terraform_labels": {}
        }
      }
    }
  ],
  "configuration": {
    "provider_config": {
      "google": {
        "name": "google",
        "full_name": "registry.terraform.io/hashicorp/google",
        "version_constraint": "6.15.0",
        "expressions": {
          "project": {
            "constant_value": "security-controls-sandbox"
          },
          "region": {
            "constant_value": "us-central1"
          },
          "zone": {
            "constant_value": "us-central1-c"
          }
        }
      }
    },
    "root_module": {
      "resources": [
        {
          "address": "google_datastream_stream.negative",
          "mode": "managed",
          "type": "google_datastream_stream",
          "name": "negative",
          "provider_config_key": "google",
          "expressions": {
            "backfill_all": [
              {
                "postgresql_excluded_objects": [
                  {
                    "postgresql_schemas": [
                      {
                        "postgresql_tables": [
                          {
                            "postgresql_columns": [
                              {
                                "column": {
                                  "constant_value": "column"
                                }
                              }
                            ],
                            "table": {
                              "constant_value": "table"
                            }
                          }
                        ],
                        "schema": {
                          "constant_value": "schema"
                        }
                      }
                    ]
                  }
                ]
              }
            ],
            "customer_managed_encryption_key": {
              "constant_value": "kms-name"
            },
            "desired_state": {
              "constant_value": "RUNNING"
            },
            "destination_config": [
              {
                "bigquery_destination_config": [
                  {
                    "data_freshness": {
                      "constant_value": "900s"
                    },
                    "source_hierarchy_datasets": [
                      {
                        "dataset_template": [
                          {
                            "location": {
                              "constant_value": "us-central1"
                            }
                          }
                        ]
                      }
                    ]
                  }
                ],
                "destination_connection_profile": {
                  "constant_value": "google_datastream_connection_profile.destination.id"
                }
              }
            ],
            "display_name": {
              "constant_value": "Postgres to BigQuery"
            },
            "labels": {
              "constant_value": {
                "applicationid": "13211",
                "costcenter": "44211",
                "dataclassification": "internal",
                "environmenttype": "dev",
                "itpmid": "2212",
                "owner": "platform-security",
                "sharedemailaddress": "label.test@cvshealth.com"
              }
            },
            "location": {
              "constant_value": "us-central1"
            },
            "source_config": [
              {
                "postgresql_source_config": [
                  {
                    "exclude_objects": [
                      {
                        "postgresql_schemas": [
                          {
                            "postgresql_tables": [
                              {
                                "postgresql_columns": [
                                  {
                                    "column": {
                                      "constant_value": "column"
                                    }
                                  }
                                ],
                                "table": {
                                  "constant_value": "table"
                                }
                              }
                            ],
                            "schema": {
                              "constant_value": "schema"
                            }
                          }
                        ]
                      }
                    ],
                    "include_objects": [
                      {
                        "postgresql_schemas": [
                          {
                            "postgresql_tables": [
                              {
                                "postgresql_columns": [
                                  {
                                    "column": {
                                      "constant_value": "column"
                                    }
                                  }
                                ],
                                "table": {
                                  "constant_value": "table"
                                }
                              }
                            ],
                            "schema": {
                              "constant_value": "schema"
                            }
                          }
                        ]
                      }
                    ],
                    "max_concurrent_backfill_tasks": {
                      "constant_value": 12
                    },
                    "publication": {
                      "constant_value": "publication"
                    },
                    "replication_slot": {
                      "constant_value": "replication_slot"
                    }
                  }
                ],
                "source_connection_profile": {
                  "constant_value": "google_datastream_connection_profile.source.id"
                }
              }
            ],
            "stream_id": {
              "constant_value": "my-stream"
            }
          },
          "schema_version": 0
        }
      ]
    }
  },
  "timestamp": "2025-01-14T21:34:11Z",
  "applyable": true,
  "complete": true,
  "errored": false
}
