{
    "format_version": "1.2",
    "terraform_version": "1.7.5",
    "planned_values": {
        "root_module": {
            "resources": [
                {
                    "address": "aws_instance.monitoring_positive1",
                    "mode": "managed",
                    "type": "aws_instance",
                    "name": "monitoring_positive1",
                    "provider_name": "registry.terraform.io/hashicorp/aws",
                    "schema_version": 2,
                    "values": {
                        "ami": "ami-0fb0b230890ccd1e6",
                        "credit_specification": [],
                        "get_password_data": false,
                        "hibernation": null,
                        "instance_type": "t3.micro",
                        "launch_template": [],
                        "region": "us-east-1",
                        "source_dest_check": true,
                        "tags": {
                            "Name": "HelloWorld"
                        },
                        "tags_all": {
                            "Name": "HelloWorld"
                        },
                        "timeouts": null,
                        "user_data": null,
                        "user_data_replace_on_change": false,
                        "volume_tags": null
                    },
                    "sensitive_values": {
                        "capacity_reservation_specification": [],
                        "cpu_options": [],
                        "credit_specification": [],
                        "ebs_block_device": [],
                        "enclave_options": [],
                        "ephemeral_block_device": [],
                        "instance_market_options": [],
                        "ipv6_addresses": [],
                        "launch_template": [],
                        "maintenance_options": [],
                        "metadata_options": [],
                        "network_interface": [],
                        "private_dns_name_options": [],
                        "root_block_device": [],
                        "secondary_private_ips": [],
                        "security_groups": [],
                        "tags": {},
                        "tags_all": {},
                        "vpc_security_group_ids": []
                    }
                },
                {
                    "address": "aws_instance.monitoring_positive2",
                    "mode": "managed",
                    "type": "aws_instance",
                    "name": "monitoring_positive2",
                    "provider_name": "registry.terraform.io/hashicorp/aws",
                    "schema_version": 2,
                    "values": {
                        "ami": "ami-0fb0b230890ccd1e6",
                        "credit_specification": [],
                        "get_password_data": false,
                        "hibernation": null,
                        "instance_type": "t3.micro",
                        "launch_template": [],
                        "monitoring": false,
                        "region": "us-east-1",
                        "source_dest_check": true,
                        "tags": {
                            "Name": "HelloWorld"
                        },
                        "tags_all": {
                            "Name": "HelloWorld"
                        },
                        "timeouts": null,
                        "user_data": null,
                        "user_data_replace_on_change": false,
                        "volume_tags": null
                    },
                    "sensitive_values": {
                        "capacity_reservation_specification": [],
                        "cpu_options": [],
                        "credit_specification": [],
                        "ebs_block_device": [],
                        "enclave_options": [],
                        "ephemeral_block_device": [],
                        "instance_market_options": [],
                        "ipv6_addresses": [],
                        "launch_template": [],
                        "maintenance_options": [],
                        "metadata_options": [],
                        "network_interface": [],
                        "private_dns_name_options": [],
                        "root_block_device": [],
                        "secondary_private_ips": [],
                        "security_groups": [],
                        "tags": {},
                        "tags_all": {},
                        "vpc_security_group_ids": []
                    }
                }
            ]
        }
    },
    "resource_changes": [
        {
            "address": "aws_instance.monitoring_positive1",
            "mode": "managed",
            "type": "aws_instance",
            "name": "monitoring_positive1",
            "provider_name": "registry.terraform.io/hashicorp/aws",
            "change": {
                "actions": [
                    "create"
                ],
                "before": null,
                "after": {
                    "ami": "ami-0fb0b230890ccd1e6",
                    "credit_specification": [],
                    "get_password_data": false,
                    "hibernation": null,
                    "instance_type": "t3.micro",
                    "launch_template": [],
                    "region": "us-east-1",
                    "source_dest_check": true,
                    "tags": {
                        "Name": "HelloWorld"
                    },
                    "tags_all": {
                        "Name": "HelloWorld"
                    },
                    "timeouts": null,
                    "user_data": null,
                    "user_data_replace_on_change": false,
                    "volume_tags": null
                },
                "after_unknown": {
                    "arn": true,
                    "associate_public_ip_address": true,
                    "availability_zone": true,
                    "capacity_reservation_specification": true,
                    "cpu_options": true,
                    "credit_specification": [],
                    "disable_api_stop": true,
                    "disable_api_termination": true,
                    "ebs_block_device": true,
                    "ebs_optimized": true,
                    "enable_primary_ipv6": true,
                    "enclave_options": true,
                    "ephemeral_block_device": true,
                    "host_id": true,
                    "host_resource_group_arn": true,
                    "iam_instance_profile": true,
                    "id": true,
                    "instance_initiated_shutdown_behavior": true,
                    "instance_lifecycle": true,
                    "instance_market_options": true,
                    "instance_state": true,
                    "ipv6_address_count": true,
                    "ipv6_addresses": true,
                    "key_name": true,
                    "launch_template": [],
                    "maintenance_options": true,
                    "metadata_options": true,
                    "monitoring": true,
                    "network_interface": true,
                    "outpost_arn": true,
                    "password_data": true,
                    "placement_group": true,
                    "placement_partition_number": true,
                    "primary_network_interface_id": true,
                    "private_dns": true,
                    "private_dns_name_options": true,
                    "private_ip": true,
                    "public_dns": true,
                    "public_ip": true,
                    "root_block_device": true,
                    "secondary_private_ips": true,
                    "security_groups": true,
                    "spot_instance_request_id": true,
                    "subnet_id": true,
                    "tags": {},
                    "tags_all": {},
                    "tenancy": true,
                    "user_data_base64": true,
                    "vpc_security_group_ids": true
                },
                "before_sensitive": false,
                "after_sensitive": {
                    "capacity_reservation_specification": [],
                    "cpu_options": [],
                    "credit_specification": [],
                    "ebs_block_device": [],
                    "enclave_options": [],
                    "ephemeral_block_device": [],
                    "instance_market_options": [],
                    "ipv6_addresses": [],
                    "launch_template": [],
                    "maintenance_options": [],
                    "metadata_options": [],
                    "network_interface": [],
                    "private_dns_name_options": [],
                    "root_block_device": [],
                    "secondary_private_ips": [],
                    "security_groups": [],
                    "tags": {},
                    "tags_all": {},
                    "vpc_security_group_ids": []
                }
            }
        },
        {
            "address": "aws_instance.monitoring_positive2",
            "mode": "managed",
            "type": "aws_instance",
            "name": "monitoring_positive2",
            "provider_name": "registry.terraform.io/hashicorp/aws",
            "change": {
                "actions": [
                    "create"
                ],
                "before": null,
                "after": {
                    "ami": "ami-0fb0b230890ccd1e6",
                    "credit_specification": [],
                    "get_password_data": false,
                    "hibernation": null,
                    "instance_type": "t3.micro",
                    "launch_template": [],
                    "monitoring": false,
                    "region": "us-east-1",
                    "source_dest_check": true,
                    "tags": {
                        "Name": "HelloWorld"
                    },
                    "tags_all": {
                        "Name": "HelloWorld"
                    },
                    "timeouts": null,
                    "user_data": null,
                    "user_data_replace_on_change": false,
                    "volume_tags": null
                },
                "after_unknown": {
                    "arn": true,
                    "associate_public_ip_address": true,
                    "availability_zone": true,
                    "capacity_reservation_specification": true,
                    "cpu_options": true,
                    "credit_specification": [],
                    "disable_api_stop": true,
                    "disable_api_termination": true,
                    "ebs_block_device": true,
                    "ebs_optimized": true,
                    "enable_primary_ipv6": true,
                    "enclave_options": true,
                    "ephemeral_block_device": true,
                    "host_id": true,
                    "host_resource_group_arn": true,
                    "iam_instance_profile": true,
                    "id": true,
                    "instance_initiated_shutdown_behavior": true,
                    "instance_lifecycle": true,
                    "instance_market_options": true,
                    "instance_state": true,
                    "ipv6_address_count": true,
                    "ipv6_addresses": true,
                    "key_name": true,
                    "launch_template": [],
                    "maintenance_options": true,
                    "metadata_options": true,
                    "network_interface": true,
                    "outpost_arn": true,
                    "password_data": true,
                    "placement_group": true,
                    "placement_partition_number": true,
                    "primary_network_interface_id": true,
                    "private_dns": true,
                    "private_dns_name_options": true,
                    "private_ip": true,
                    "public_dns": true,
                    "public_ip": true,
                    "root_block_device": true,
                    "secondary_private_ips": true,
                    "security_groups": true,
                    "spot_instance_request_id": true,
                    "subnet_id": true,
                    "tags": {},
                    "tags_all": {},
                    "tenancy": true,
                    "user_data_base64": true,
                    "vpc_security_group_ids": true
                },
                "before_sensitive": false,
                "after_sensitive": {
                    "capacity_reservation_specification": [],
                    "cpu_options": [],
                    "credit_specification": [],
                    "ebs_block_device": [],
                    "enclave_options": [],
                    "ephemeral_block_device": [],
                    "instance_market_options": [],
                    "ipv6_addresses": [],
                    "launch_template": [],
                    "maintenance_options": [],
                    "metadata_options": [],
                    "network_interface": [],
                    "private_dns_name_options": [],
                    "root_block_device": [],
                    "secondary_private_ips": [],
                    "security_groups": [],
                    "tags": {},
                    "tags_all": {},
                    "vpc_security_group_ids": []
                }
            }
        }
    ],
    "prior_state": {
        "format_version": "1.0",
        "terraform_version": "1.7.5",
        "values": {
            "root_module": {
                "resources": [
                    {
                        "address": "data.aws_ami.ubuntu",
                        "mode": "data",
                        "type": "aws_ami",
                        "name": "ubuntu",
                        "provider_name": "registry.terraform.io/hashicorp/aws",
                        "schema_version": 0,
                        "values": {
                            "allow_unsafe_filter": null,
                            "architecture": "x86_64",
                            "arn": "arn:aws:ec2:us-east-1::image/ami-0fb0b230890ccd1e6",
                            "block_device_mappings": [
                                {
                                    "device_name": "/dev/sda1",
                                    "ebs": {
                                        "delete_on_termination": "true",
                                        "encrypted": "false",
                                        "iops": "0",
                                        "snapshot_id": "snap-01a042ee8ac5da832",
                                        "throughput": "0",
                                        "volume_initialization_rate": "0",
                                        "volume_size": "8",
                                        "volume_type": "gp2"
                                    },
                                    "no_device": "",
                                    "virtual_name": ""
                                },
                                {
                                    "device_name": "/dev/sdb",
                                    "ebs": {},
                                    "no_device": "",
                                    "virtual_name": "ephemeral0"
                                },
                                {
                                    "device_name": "/dev/sdc",
                                    "ebs": {},
                                    "no_device": "",
                                    "virtual_name": "ephemeral1"
                                }
                            ],
                            "boot_mode": "legacy-bios",
                            "creation_date": "2025-06-25T05:33:11.000Z",
                            "deprecation_time": "2027-06-25T05:33:11.000Z",
                            "description": "Canonical, Ubuntu, 20.04, amd64 focal image",
                            "ena_support": true,
                            "executable_users": null,
                            "filter": [
                                {
                                    "name": "name",
                                    "values": [
                                        "ubuntu/images/hvm-ssd/ubuntu-focal-20.04-amd64-server-*"
                                    ]
                                },
                                {
                                    "name": "virtualization-type",
                                    "values": [
                                        "hvm"
                                    ]
                                }
                            ],
                            "hypervisor": "xen",
                            "id": "ami-0fb0b230890ccd1e6",
                            "image_id": "ami-0fb0b230890ccd1e6",
                            "image_location": "amazon/ubuntu/images/hvm-ssd/ubuntu-focal-20.04-amd64-server-20250624",
                            "image_owner_alias": "amazon",
                            "image_type": "machine",
                            "imds_support": "",
                            "include_deprecated": false,
                            "kernel_id": "",
                            "last_launched_time": "",
                            "most_recent": true,
                            "name": "ubuntu/images/hvm-ssd/ubuntu-focal-20.04-amd64-server-20250624",
                            "name_regex": null,
                            "owner_id": "099720109477",
                            "owners": [
                                "099720109477"
                            ],
                            "platform": "",
                            "platform_details": "Linux/UNIX",
                            "product_codes": [],
                            "public": true,
                            "ramdisk_id": "",
                            "region": "us-east-1",
                            "root_device_name": "/dev/sda1",
                            "root_device_type": "ebs",
                            "root_snapshot_id": "snap-01a042ee8ac5da832",
                            "sriov_net_support": "simple",
                            "state": "available",
                            "state_reason": {
                                "code": "UNSET",
                                "message": "UNSET"
                            },
                            "tags": {},
                            "timeouts": null,
                            "tpm_support": "",
                            "uefi_data": null,
                            "usage_operation": "RunInstances",
                            "virtualization_type": "hvm"
                        },
                        "sensitive_values": {
                            "block_device_mappings": [
                                {
                                    "ebs": {}
                                },
                                {
                                    "ebs": {}
                                },
                                {
                                    "ebs": {}
                                }
                            ],
                            "filter": [
                                {
                                    "values": [
                                        false
                                    ]
                                },
                                {
                                    "values": [
                                        false
                                    ]
                                }
                            ],
                            "owners": [
                                false
                            ],
                            "product_codes": [],
                            "state_reason": {},
                            "tags": {}
                        }
                    }
                ]
            }
        }
    },
    "configuration": {
        "provider_config": {
            "aws": {
                "name": "aws",
                "full_name": "registry.terraform.io/hashicorp/aws",
                "version_constraint": "6.4.0",
                "expressions": {
                    "profile": {
                        "constant_value": "saurabh-eis-dev"
                    },
                    "region": {
                        "constant_value": "us-east-1"
                    }
                }
            }
        },
        "root_module": {
            "resources": [
                {
                    "address": "aws_instance.monitoring_positive1",
                    "mode": "managed",
                    "type": "aws_instance",
                    "name": "monitoring_positive1",
                    "provider_config_key": "aws",
                    "expressions": {
                        "ami": {
                            "references": [
                                "data.aws_ami.ubuntu.id",
                                "data.aws_ami.ubuntu"
                            ]
                        },
                        "instance_type": {
                            "constant_value": "t3.micro"
                        },
                        "tags": {
                            "constant_value": {
                                "Name": "HelloWorld"
                            }
                        }
                    },
                    "schema_version": 2
                },
                {
                    "address": "aws_instance.monitoring_positive2",
                    "mode": "managed",
                    "type": "aws_instance",
                    "name": "monitoring_positive2",
                    "provider_config_key": "aws",
                    "expressions": {
                        "ami": {
                            "references": [
                                "data.aws_ami.ubuntu.id",
                                "data.aws_ami.ubuntu"
                            ]
                        },
                        "instance_type": {
                            "constant_value": "t3.micro"
                        },
                        "monitoring": {
                            "constant_value": false
                        },
                        "tags": {
                            "constant_value": {
                                "Name": "HelloWorld"
                            }
                        }
                    },
                    "schema_version": 2
                },
                {
                    "address": "data.aws_ami.ubuntu",
                    "mode": "data",
                    "type": "aws_ami",
                    "name": "ubuntu",
                    "provider_config_key": "aws",
                    "expressions": {
                        "filter": [
                            {
                                "name": {
                                    "constant_value": "name"
                                },
                                "values": {
                                    "constant_value": [
                                        "ubuntu/images/hvm-ssd/ubuntu-focal-20.04-amd64-server-*"
                                    ]
                                }
                            },
                            {
                                "name": {
                                    "constant_value": "virtualization-type"
                                },
                                "values": {
                                    "constant_value": [
                                        "hvm"
                                    ]
                                }
                            }
                        ],
                        "most_recent": {
                            "constant_value": true
                        },
                        "owners": {
                            "constant_value": [
                                "099720109477"
                            ]
                        }
                    },
                    "schema_version": 0
                }
            ]
        }
    },
    "relevant_attributes": [
        {
            "resource": "data.aws_ami.ubuntu",
            "attribute": [
                "id"
            ]
        }
    ],
    "timestamp": "2025-07-30T10:38:54Z",
    "errored": false
}