{
    "format_version": "1.2",
    "terraform_version": "1.7.5",
    "planned_values": {
        "root_module": {
            "resources": [
                {
                    "address": "google_dialogflow_cx_agent.full_agent",
                    "mode": "managed",
                    "type": "google_dialogflow_cx_agent",
                    "name": "full_agent",
                    "provider_name": "registry.terraform.io/hashicorp/google",
                    "schema_version": 0,
                    "values": {
                        "advanced_settings": [
                            {
                                "audio_export_gcs_destination": [
                                    {}
                                ],
                                "dtmf_settings": [
                                    {
                                        "enabled": true,
                                        "finish_digit": "#",
                                        "max_digits": 1
                                    }
                                ],
                                "logging_settings": [
                                    {
                                        "enable_consent_based_redaction": true,
                                        "enable_interaction_logging": true,
                                        "enable_stackdriver_logging": true
                                    }
                                ],
                                "speech_settings": [
                                    {
                                        "endpointer_sensitivity": 30,
                                        "models": {
                                            "count": "3",
                                            "mass": "1.3kg",
                                            "name": "wrench"
                                        },
                                        "no_speech_timeout": "3.500s",
                                        "use_timeout_based_endpointing": true
                                    }
                                ]
                            }
                        ],
                        "avatar_uri": null,
                        "default_language_code": "en",
                        "description": "Example description.",
                        "display_name": "dialogflowcx-agent",
                        "enable_spell_correction": true,
                        "enable_stackdriver_logging": null,
                        "git_integration_settings": [
                            {
                                "github_settings": [
                                    {
                                        "access_token": "secret-token",
                                        "branches": [
                                            "main"
                                        ],
                                        "display_name": "Github Repo",
                                        "repository_uri": "https://api.github.com/repos/githubtraining/hellogitworld",
                                        "tracking_branch": "main"
                                    }
                                ]
                            }
                        ],
                        "location": "global",
                        "project": "security-controls-sandbox",
                        "security_settings": null,
                        "speech_to_text_settings": [
                            {
                                "enable_speech_adaptation": true
                            }
                        ],
                        "supported_language_codes": [
                            "fr",
                            "de",
                            "es"
                        ],
                        "text_to_speech_settings": [
                            {
                                "synthesize_speech_configs": "{\"en\":{\"voice\":{\"name\":\"en-US-Neural2-A\"}},\"fr\":{\"voice\":{\"name\":\"fr-CA-Neural2-A\"}}}"
                            }
                        ],
                        "time_zone": "America/New_York",
                        "timeouts": null
                    },
                    "sensitive_values": {
                        "advanced_settings": [
                            {
                                "audio_export_gcs_destination": [
                                    {}
                                ],
                                "dtmf_settings": [
                                    {}
                                ],
                                "logging_settings": [
                                    {}
                                ],
                                "speech_settings": [
                                    {
                                        "models": {}
                                    }
                                ]
                            }
                        ],
                        "git_integration_settings": [
                            {
                                "github_settings": [
                                    {
                                        "branches": [
                                            false
                                        ]
                                    }
                                ]
                            }
                        ],
                        "speech_to_text_settings": [
                            {}
                        ],
                        "supported_language_codes": [
                            false,
                            false,
                            false
                        ],
                        "text_to_speech_settings": [
                            {}
                        ]
                    }
                },
                {
                    "address": "google_storage_bucket.bucket",
                    "mode": "managed",
                    "type": "google_storage_bucket",
                    "name": "bucket",
                    "provider_name": "registry.terraform.io/hashicorp/google",
                    "schema_version": 3,
                    "values": {
                        "autoclass": [],
                        "cors": [],
                        "custom_placement_config": [],
                        "default_event_based_hold": null,
                        "effective_labels": {
                            "goog-terraform-provisioned": "true"
                        },
                        "enable_object_retention": null,
                        "encryption": [],
                        "force_destroy": false,
                        "hierarchical_namespace": [],
                        "labels": null,
                        "lifecycle_rule": [],
                        "location": "US",
                        "logging": [],
                        "name": "dialogflowcx-bucket",
                        "requester_pays": null,
                        "retention_policy": [],
                        "storage_class": "STANDARD",
                        "terraform_labels": {
                            "goog-terraform-provisioned": "true"
                        },
                        "timeouts": null,
                        "uniform_bucket_level_access": true
                    },
                    "sensitive_values": {
                        "autoclass": [],
                        "cors": [],
                        "custom_placement_config": [],
                        "effective_labels": {},
                        "encryption": [],
                        "hierarchical_namespace": [],
                        "lifecycle_rule": [],
                        "logging": [],
                        "retention_policy": [],
                        "soft_delete_policy": [],
                        "terraform_labels": {},
                        "versioning": [],
                        "website": []
                    }
                }
            ]
        }
    },
    "resource_changes": [
        {
            "address": "google_dialogflow_cx_agent.full_agent",
            "mode": "managed",
            "type": "google_dialogflow_cx_agent",
            "name": "full_agent",
            "provider_name": "registry.terraform.io/hashicorp/google",
            "change": {
                "actions": [
                    "create"
                ],
                "before": null,
                "after": {
                    "advanced_settings": [
                        {
                            "audio_export_gcs_destination": [
                                {}
                            ],
                            "dtmf_settings": [
                                {
                                    "enabled": true,
                                    "finish_digit": "#",
                                    "max_digits": 1
                                }
                            ],
                            "logging_settings": [
                                {
                                    "enable_consent_based_redaction": true,
                                    "enable_interaction_logging": true,
                                    "enable_stackdriver_logging": true
                                }
                            ],
                            "speech_settings": [
                                {
                                    "endpointer_sensitivity": 30,
                                    "models": {
                                        "count": "3",
                                        "mass": "1.3kg",
                                        "name": "wrench"
                                    },
                                    "no_speech_timeout": "3.500s",
                                    "use_timeout_based_endpointing": true
                                }
                            ]
                        }
                    ],
                    "avatar_uri": null,
                    "default_language_code": "en",
                    "description": "Example description.",
                    "display_name": "dialogflowcx-agent",
                    "enable_spell_correction": true,
                    "enable_stackdriver_logging": null,
                    "git_integration_settings": [
                        {
                            "github_settings": [
                                {
                                    "access_token": "secret-token",
                                    "branches": [
                                        "main"
                                    ],
                                    "display_name": "Github Repo",
                                    "repository_uri": "https://api.github.com/repos/githubtraining/hellogitworld",
                                    "tracking_branch": "main"
                                }
                            ]
                        }
                    ],
                    "location": "global",
                    "project": "security-controls-sandbox",
                    "security_settings": null,
                    "speech_to_text_settings": [
                        {
                            "enable_speech_adaptation": true
                        }
                    ],
                    "supported_language_codes": [
                        "fr",
                        "de",
                        "es"
                    ],
                    "text_to_speech_settings": [
                        {
                            "synthesize_speech_configs": "{\"en\":{\"voice\":{\"name\":\"en-US-Neural2-A\"}},\"fr\":{\"voice\":{\"name\":\"fr-CA-Neural2-A\"}}}"
                        }
                    ],
                    "time_zone": "America/New_York",
                    "timeouts": null
                },
                "after_unknown": {
                    "advanced_settings": [
                        {
                            "audio_export_gcs_destination": [
                                {
                                    "uri": true
                                }
                            ],
                            "dtmf_settings": [
                                {}
                            ],
                            "logging_settings": [
                                {}
                            ],
                            "speech_settings": [
                                {
                                    "models": {}
                                }
                            ]
                        }
                    ],
                    "git_integration_settings": [
                        {
                            "github_settings": [
                                {
                                    "branches": [
                                        false
                                    ]
                                }
                            ]
                        }
                    ],
                    "id": true,
                    "name": true,
                    "speech_to_text_settings": [
                        {}
                    ],
                    "start_flow": true,
                    "supported_language_codes": [
                        false,
                        false,
                        false
                    ],
                    "text_to_speech_settings": [
                        {}
                    ]
                },
                "before_sensitive": false,
                "after_sensitive": {
                    "advanced_settings": [
                        {
                            "audio_export_gcs_destination": [
                                {}
                            ],
                            "dtmf_settings": [
                                {}
                            ],
                            "logging_settings": [
                                {}
                            ],
                            "speech_settings": [
                                {
                                    "models": {}
                                }
                            ]
                        }
                    ],
                    "git_integration_settings": [
                        {
                            "github_settings": [
                                {
                                    "access_token": true,
                                    "branches": [
                                        false
                                    ]
                                }
                            ]
                        }
                    ],
                    "speech_to_text_settings": [
                        {}
                    ],
                    "supported_language_codes": [
                        false,
                        false,
                        false
                    ],
                    "text_to_speech_settings": [
                        {}
                    ]
                }
            }
        },
        {
            "address": "google_storage_bucket.bucket",
            "mode": "managed",
            "type": "google_storage_bucket",
            "name": "bucket",
            "provider_name": "registry.terraform.io/hashicorp/google",
            "change": {
                "actions": [
                    "create"
                ],
                "before": null,
                "after": {
                    "autoclass": [],
                    "cors": [],
                    "custom_placement_config": [],
                    "default_event_based_hold": null,
                    "effective_labels": {
                        "goog-terraform-provisioned": "true"
                    },
                    "enable_object_retention": null,
                    "encryption": [],
                    "force_destroy": false,
                    "hierarchical_namespace": [],
                    "labels": null,
                    "lifecycle_rule": [],
                    "location": "US",
                    "logging": [],
                    "name": "dialogflowcx-bucket",
                    "requester_pays": null,
                    "retention_policy": [],
                    "storage_class": "STANDARD",
                    "terraform_labels": {
                        "goog-terraform-provisioned": "true"
                    },
                    "timeouts": null,
                    "uniform_bucket_level_access": true
                },
                "after_unknown": {
                    "autoclass": [],
                    "cors": [],
                    "custom_placement_config": [],
                    "effective_labels": {},
                    "encryption": [],
                    "hierarchical_namespace": [],
                    "id": true,
                    "lifecycle_rule": [],
                    "logging": [],
                    "project": true,
                    "project_number": true,
                    "public_access_prevention": true,
                    "retention_policy": [],
                    "rpo": true,
                    "self_link": true,
                    "soft_delete_policy": true,
                    "terraform_labels": {},
                    "url": true,
                    "versioning": true,
                    "website": true
                },
                "before_sensitive": false,
                "after_sensitive": {
                    "autoclass": [],
                    "cors": [],
                    "custom_placement_config": [],
                    "effective_labels": {},
                    "encryption": [],
                    "hierarchical_namespace": [],
                    "lifecycle_rule": [],
                    "logging": [],
                    "retention_policy": [],
                    "soft_delete_policy": [],
                    "terraform_labels": {},
                    "versioning": [],
                    "website": []
                }
            }
        }
    ],
    "configuration": {
        "provider_config": {
            "google": {
                "name": "google",
                "full_name": "registry.terraform.io/hashicorp/google",
                "version_constraint": "6.15.0",
                "expressions": {
                    "project": {
                        "constant_value": "security-controls-sandbox"
                    },
                    "region": {
                        "constant_value": "us-central1"
                    },
                    "zone": {
                        "constant_value": "us-central1-c"
                    }
                }
            }
        },
        "root_module": {
            "resources": [
                {
                    "address": "google_dialogflow_cx_agent.full_agent",
                    "mode": "managed",
                    "type": "google_dialogflow_cx_agent",
                    "name": "full_agent",
                    "provider_config_key": "google",
                    "expressions": {
                        "advanced_settings": [
                            {
                                "audio_export_gcs_destination": [
                                    {
                                        "uri": {
                                            "references": [
                                                "google_storage_bucket.bucket.url",
                                                "google_storage_bucket.bucket"
                                            ]
                                        }
                                    }
                                ],
                                "dtmf_settings": [
                                    {
                                        "enabled": {
                                            "constant_value": true
                                        },
                                        "finish_digit": {
                                            "constant_value": "#"
                                        },
                                        "max_digits": {
                                            "constant_value": 1
                                        }
                                    }
                                ],
                                "logging_settings": [
                                    {
                                        "enable_consent_based_redaction": {
                                            "constant_value": true
                                        },
                                        "enable_interaction_logging": {
                                            "constant_value": true
                                        },
                                        "enable_stackdriver_logging": {
                                            "constant_value": true
                                        }
                                    }
                                ],
                                "speech_settings": [
                                    {
                                        "endpointer_sensitivity": {
                                            "constant_value": 30
                                        },
                                        "models": {
                                            "constant_value": {
                                                "count": "3",
                                                "mass": "1.3kg",
                                                "name": "wrench"
                                            }
                                        },
                                        "no_speech_timeout": {
                                            "constant_value": "3.500s"
                                        },
                                        "use_timeout_based_endpointing": {
                                            "constant_value": true
                                        }
                                    }
                                ]
                            }
                        ],
                        "default_language_code": {
                            "constant_value": "en"
                        },
                        "description": {
                            "constant_value": "Example description."
                        },
                        "display_name": {
                            "constant_value": "dialogflowcx-agent"
                        },
                        "enable_spell_correction": {
                            "constant_value": true
                        },
                        "git_integration_settings": [
                            {
                                "github_settings": [
                                    {
                                        "access_token": {
                                            "constant_value": "secret-token"
                                        },
                                        "branches": {
                                            "constant_value": [
                                                "main"
                                            ]
                                        },
                                        "display_name": {
                                            "constant_value": "Github Repo"
                                        },
                                        "repository_uri": {
                                            "constant_value": "https://api.github.com/repos/githubtraining/hellogitworld"
                                        },
                                        "tracking_branch": {
                                            "constant_value": "main"
                                        }
                                    }
                                ]
                            }
                        ],
                        "location": {
                            "constant_value": "global"
                        },
                        "speech_to_text_settings": [
                            {
                                "enable_speech_adaptation": {
                                    "constant_value": true
                                }
                            }
                        ],
                        "supported_language_codes": {
                            "constant_value": [
                                "fr",
                                "de",
                                "es"
                            ]
                        },
                        "text_to_speech_settings": [
                            {
                                "synthesize_speech_configs": {}
                            }
                        ],
                        "time_zone": {
                            "constant_value": "America/New_York"
                        }
                    },
                    "schema_version": 0
                },
                {
                    "address": "google_storage_bucket.bucket",
                    "mode": "managed",
                    "type": "google_storage_bucket",
                    "name": "bucket",
                    "provider_config_key": "google",
                    "expressions": {
                        "location": {
                            "constant_value": "US"
                        },
                        "name": {
                            "constant_value": "dialogflowcx-bucket"
                        },
                        "uniform_bucket_level_access": {
                            "constant_value": true
                        }
                    },
                    "schema_version": 3
                }
            ]
        }
    },
    "relevant_attributes": [
        {
            "resource": "google_storage_bucket.bucket",
            "attribute": [
                "url"
            ]
        }
    ],
    "timestamp": "2025-06-30T17:50:39Z",
    "errored": false
}