{
    "format_version": "1.2",
    "terraform_version": "1.7.5",
    "planned_values": {
        "root_module": {
            "resources": [
                {
                    "address": "azurerm_kubernetes_cluster.cvs-aks-cluster",
                    "mode": "managed",
                    "type": "azurerm_kubernetes_cluster",
                    "name": "cvs-aks-cluster",
                    "provider_name": "registry.terraform.io/hashicorp/azurerm",
                    "schema_version": 2,
                    "values": {
                        "aci_connector_linux": [],
                        "api_server_access_profile": [],
                        "automatic_upgrade_channel": null,
                        "azure_active_directory_role_based_access_control": [],
                        "azure_policy_enabled": null,
                        "confidential_computing": [],
                        "cost_analysis_enabled": null,
                        "default_node_pool": [
                            {
                                "auto_scaling_enabled": null,
                                "capacity_reservation_group_id": null,
                                "fips_enabled": null,
                                "gpu_instance": null,
                                "host_encryption_enabled": null,
                                "host_group_id": null,
                                "kubelet_config": [],
                                "linux_os_config": [],
                                "max_count": null,
                                "min_count": null,
                                "name": "default",
                                "node_count": 1,
                                "node_network_profile": [],
                                "node_public_ip_enabled": null,
                                "node_public_ip_prefix_id": null,
                                "only_critical_addons_enabled": null,
                                "os_disk_type": "Managed",
                                "pod_subnet_id": null,
                                "proximity_placement_group_id": null,
                                "scale_down_mode": "Delete",
                                "snapshot_id": null,
                                "tags": null,
                                "temporary_name_for_rotation": null,
                                "type": "VirtualMachineScaleSets",
                                "ultra_ssd_enabled": false,
                                "upgrade_settings": [],
                                "vm_size": "Standard_D2_v2",
                                "vnet_subnet_id": null,
                                "zones": null
                            }
                        ],
                        "disk_encryption_set_id": null,
                        "dns_prefix": "exampleaks1",
                        "dns_prefix_private_cluster": null,
                        "edge_zone": null,
                        "http_application_routing_enabled": null,
                        "http_proxy_config": [],
                        "identity": [
                            {
                                "identity_ids": [
                                    "/subscriptions/ec8dc618-46dd-43e2-8506-3007f304d884/resourceGroups/security-poc-yogeshd-rg/providers/Microsoft.ManagedIdentity/userAssignedIdentities/security-poc-css-mi"
                                ],
                                "type": "UserAssigned"
                            }
                        ],
                        "image_cleaner_enabled": null,
                        "image_cleaner_interval_hours": null,
                        "ingress_application_gateway": [],
                        "key_management_service": [],
                        "key_vault_secrets_provider": [],
                        "linux_profile": [],
                        "local_account_disabled": null,
                        "location": "eastus2",
                        "maintenance_window": [],
                        "maintenance_window_auto_upgrade": [],
                        "maintenance_window_node_os": [],
                        "microsoft_defender": [],
                        "monitor_metrics": [],
                        "name": "cvs-aks-cluster",
                        "node_os_upgrade_channel": "NodeImage",
                        "oidc_issuer_enabled": null,
                        "oms_agent": [],
                        "open_service_mesh_enabled": null,
                        "private_cluster_enabled": true,
                        "private_cluster_public_fqdn_enabled": false,
                        "resource_group_name": "security-poc-yogeshd-rg",
                        "role_based_access_control_enabled": true,
                        "run_command_enabled": true,
                        "service_mesh_profile": [],
                        "service_principal": [],
                        "sku_tier": "Free",
                        "storage_profile": [],
                        "support_plan": "KubernetesOfficial",
                        "tags": {
                            "costcenter": "02045",
                            "dataclassification": "confidential",
                            "environmenttype": "dev",
                            "itpmid": "12345",
                            "sharedemailaddress": "CloudSecurityServices@cvshealth.com"
                        },
                        "timeouts": null,
                        "upgrade_override": [],
                        "web_app_routing": [],
                        "workload_autoscaler_profile": [],
                        "workload_identity_enabled": false
                    },
                    "sensitive_values": {
                        "aci_connector_linux": [],
                        "api_server_access_profile": [],
                        "auto_scaler_profile": [],
                        "azure_active_directory_role_based_access_control": [],
                        "confidential_computing": [],
                        "default_node_pool": [
                            {
                                "kubelet_config": [],
                                "linux_os_config": [],
                                "node_labels": {},
                                "node_network_profile": [],
                                "upgrade_settings": []
                            }
                        ],
                        "http_proxy_config": [],
                        "identity": [
                            {
                                "identity_ids": [
                                    false
                                ]
                            }
                        ],
                        "ingress_application_gateway": [],
                        "key_management_service": [],
                        "key_vault_secrets_provider": [],
                        "kube_admin_config": [],
                        "kube_config": [],
                        "kubelet_identity": [],
                        "linux_profile": [],
                        "maintenance_window": [],
                        "maintenance_window_auto_upgrade": [],
                        "maintenance_window_node_os": [],
                        "microsoft_defender": [],
                        "monitor_metrics": [],
                        "network_profile": [],
                        "oms_agent": [],
                        "service_mesh_profile": [],
                        "service_principal": [],
                        "storage_profile": [],
                        "tags": {},
                        "upgrade_override": [],
                        "web_app_routing": [],
                        "windows_profile": [],
                        "workload_autoscaler_profile": []
                    }
                }
            ]
        }
    },
    "resource_changes": [
        {
            "address": "azurerm_kubernetes_cluster.cvs-aks-cluster",
            "mode": "managed",
            "type": "azurerm_kubernetes_cluster",
            "name": "cvs-aks-cluster",
            "provider_name": "registry.terraform.io/hashicorp/azurerm",
            "change": {
                "actions": [
                    "create"
                ],
                "before": null,
                "after": {
                    "aci_connector_linux": [],
                    "api_server_access_profile": [],
                    "automatic_upgrade_channel": null,
                    "azure_active_directory_role_based_access_control": [],
                    "azure_policy_enabled": null,
                    "confidential_computing": [],
                    "cost_analysis_enabled": null,
                    "default_node_pool": [
                        {
                            "auto_scaling_enabled": null,
                            "capacity_reservation_group_id": null,
                            "fips_enabled": null,
                            "gpu_instance": null,
                            "host_encryption_enabled": null,
                            "host_group_id": null,
                            "kubelet_config": [],
                            "linux_os_config": [],
                            "max_count": null,
                            "min_count": null,
                            "name": "default",
                            "node_count": 1,
                            "node_network_profile": [],
                            "node_public_ip_enabled": null,
                            "node_public_ip_prefix_id": null,
                            "only_critical_addons_enabled": null,
                            "os_disk_type": "Managed",
                            "pod_subnet_id": null,
                            "proximity_placement_group_id": null,
                            "scale_down_mode": "Delete",
                            "snapshot_id": null,
                            "tags": null,
                            "temporary_name_for_rotation": null,
                            "type": "VirtualMachineScaleSets",
                            "ultra_ssd_enabled": false,
                            "upgrade_settings": [],
                            "vm_size": "Standard_D2_v2",
                            "vnet_subnet_id": null,
                            "zones": null
                        }
                    ],
                    "disk_encryption_set_id": null,
                    "dns_prefix": "exampleaks1",
                    "dns_prefix_private_cluster": null,
                    "edge_zone": null,
                    "http_application_routing_enabled": null,
                    "http_proxy_config": [],
                    "identity": [
                        {
                            "identity_ids": [
                                "/subscriptions/ec8dc618-46dd-43e2-8506-3007f304d884/resourceGroups/security-poc-yogeshd-rg/providers/Microsoft.ManagedIdentity/userAssignedIdentities/security-poc-css-mi"
                            ],
                            "type": "UserAssigned"
                        }
                    ],
                    "image_cleaner_enabled": null,
                    "image_cleaner_interval_hours": null,
                    "ingress_application_gateway": [],
                    "key_management_service": [],
                    "key_vault_secrets_provider": [],
                    "linux_profile": [],
                    "local_account_disabled": null,
                    "location": "eastus2",
                    "maintenance_window": [],
                    "maintenance_window_auto_upgrade": [],
                    "maintenance_window_node_os": [],
                    "microsoft_defender": [],
                    "monitor_metrics": [],
                    "name": "cvs-aks-cluster",
                    "node_os_upgrade_channel": "NodeImage",
                    "oidc_issuer_enabled": null,
                    "oms_agent": [],
                    "open_service_mesh_enabled": null,
                    "private_cluster_enabled": true,
                    "private_cluster_public_fqdn_enabled": false,
                    "resource_group_name": "security-poc-yogeshd-rg",
                    "role_based_access_control_enabled": true,
                    "run_command_enabled": true,
                    "service_mesh_profile": [],
                    "service_principal": [],
                    "sku_tier": "Free",
                    "storage_profile": [],
                    "support_plan": "KubernetesOfficial",
                    "tags": {
                        "costcenter": "02045",
                        "dataclassification": "confidential",
                        "environmenttype": "dev",
                        "itpmid": "12345",
                        "sharedemailaddress": "CloudSecurityServices@cvshealth.com"
                    },
                    "timeouts": null,
                    "upgrade_override": [],
                    "web_app_routing": [],
                    "workload_autoscaler_profile": [],
                    "workload_identity_enabled": false
                },
                "after_unknown": {
                    "aci_connector_linux": [],
                    "api_server_access_profile": [],
                    "auto_scaler_profile": true,
                    "azure_active_directory_role_based_access_control": [],
                    "confidential_computing": [],
                    "current_kubernetes_version": true,
                    "default_node_pool": [
                        {
                            "kubelet_config": [],
                            "kubelet_disk_type": true,
                            "linux_os_config": [],
                            "max_pods": true,
                            "node_labels": true,
                            "node_network_profile": [],
                            "orchestrator_version": true,
                            "os_disk_size_gb": true,
                            "os_sku": true,
                            "upgrade_settings": [],
                            "workload_runtime": true
                        }
                    ],
                    "fqdn": true,
                    "http_application_routing_zone_name": true,
                    "http_proxy_config": [],
                    "id": true,
                    "identity": [
                        {
                            "identity_ids": [
                                false
                            ],
                            "principal_id": true,
                            "tenant_id": true
                        }
                    ],
                    "ingress_application_gateway": [],
                    "key_management_service": [],
                    "key_vault_secrets_provider": [],
                    "kube_admin_config": true,
                    "kube_admin_config_raw": true,
                    "kube_config": true,
                    "kube_config_raw": true,
                    "kubelet_identity": true,
                    "kubernetes_version": true,
                    "linux_profile": [],
                    "maintenance_window": [],
                    "maintenance_window_auto_upgrade": [],
                    "maintenance_window_node_os": [],
                    "microsoft_defender": [],
                    "monitor_metrics": [],
                    "network_profile": true,
                    "node_resource_group": true,
                    "node_resource_group_id": true,
                    "oidc_issuer_url": true,
                    "oms_agent": [],
                    "portal_fqdn": true,
                    "private_dns_zone_id": true,
                    "private_fqdn": true,
                    "service_mesh_profile": [],
                    "service_principal": [],
                    "storage_profile": [],
                    "tags": {},
                    "upgrade_override": [],
                    "web_app_routing": [],
                    "windows_profile": true,
                    "workload_autoscaler_profile": []
                },
                "before_sensitive": false,
                "after_sensitive": {
                    "aci_connector_linux": [],
                    "api_server_access_profile": [],
                    "auto_scaler_profile": [],
                    "azure_active_directory_role_based_access_control": [],
                    "confidential_computing": [],
                    "default_node_pool": [
                        {
                            "kubelet_config": [],
                            "linux_os_config": [],
                            "node_labels": {},
                            "node_network_profile": [],
                            "upgrade_settings": []
                        }
                    ],
                    "http_proxy_config": [],
                    "identity": [
                        {
                            "identity_ids": [
                                false
                            ]
                        }
                    ],
                    "ingress_application_gateway": [],
                    "key_management_service": [],
                    "key_vault_secrets_provider": [],
                    "kube_admin_config": true,
                    "kube_admin_config_raw": true,
                    "kube_config": true,
                    "kube_config_raw": true,
                    "kubelet_identity": [],
                    "linux_profile": [],
                    "maintenance_window": [],
                    "maintenance_window_auto_upgrade": [],
                    "maintenance_window_node_os": [],
                    "microsoft_defender": [],
                    "monitor_metrics": [],
                    "network_profile": [],
                    "oms_agent": [],
                    "service_mesh_profile": [],
                    "service_principal": [],
                    "storage_profile": [],
                    "tags": {},
                    "upgrade_override": [],
                    "web_app_routing": [],
                    "windows_profile": [],
                    "workload_autoscaler_profile": []
                }
            }
        }
    ],
    "prior_state": {
        "format_version": "1.0",
        "terraform_version": "1.7.5",
        "values": {
            "root_module": {
                "resources": [
                    {
                        "address": "data.azurerm_user_assigned_identity.user_assigned_identity",
                        "mode": "data",
                        "type": "azurerm_user_assigned_identity",
                        "name": "user_assigned_identity",
                        "provider_name": "registry.terraform.io/hashicorp/azurerm",
                        "schema_version": 0,
                        "values": {
                            "client_id": "860e8e4f-6052-4dc5-b3f9-feef98bf1a12",
                            "id": "/subscriptions/ec8dc618-46dd-43e2-8506-3007f304d884/resourceGroups/security-poc-yogeshd-rg/providers/Microsoft.ManagedIdentity/userAssignedIdentities/security-poc-css-mi",
                            "location": "eastus2",
                            "name": "security-poc-css-mi",
                            "principal_id": "7e9254ab-e4e6-4fd3-845e-17810afb5f58",
                            "resource_group_name": "security-poc-yogeshd-rg",
                            "tags": {
                                "createdondate": "2024-07-31",
                                "dataclassification": "restrictedD",
                                "environmenttype": "NonProd",
                                "itpmid": "87DB880C626F02E3"
                            },
                            "tenant_id": "fabb61b8-3afe-4e75-b934-a47f782b8cd7",
                            "timeouts": null
                        },
                        "sensitive_values": {
                            "tags": {}
                        }
                    }
                ]
            }
        }
    },
    "configuration": {
        "provider_config": {
            "azurerm": {
                "name": "azurerm",
                "full_name": "registry.terraform.io/hashicorp/azurerm",
                "version_constraint": "4.26.0",
                "expressions": {
                    "features": [
                        {}
                    ],
                    "subscription_id": {
                        "constant_value": "ec8dc618-46dd-43e2-8506-3007f304d884"
                    }
                }
            }
        },
        "root_module": {
            "resources": [
                {
                    "address": "azurerm_kubernetes_cluster.cvs-aks-cluster",
                    "mode": "managed",
                    "type": "azurerm_kubernetes_cluster",
                    "name": "cvs-aks-cluster",
                    "provider_config_key": "azurerm",
                    "expressions": {
                        "default_node_pool": [
                            {
                                "name": {
                                    "constant_value": "default"
                                },
                                "node_count": {
                                    "constant_value": 1
                                },
                                "vm_size": {
                                    "constant_value": "Standard_D2_v2"
                                }
                            }
                        ],
                        "dns_prefix": {
                            "constant_value": "exampleaks1"
                        },
                        "identity": [
                            {
                                "identity_ids": {
                                    "references": [
                                        "data.azurerm_user_assigned_identity.user_assigned_identity.id",
                                        "data.azurerm_user_assigned_identity.user_assigned_identity"
                                    ]
                                },
                                "type": {
                                    "constant_value": "UserAssigned"
                                }
                            }
                        ],
                        "location": {
                            "constant_value": "eastus2"
                        },
                        "name": {
                            "constant_value": "cvs-aks-cluster"
                        },
                        "private_cluster_enabled": {
                            "constant_value": true
                        },
                        "resource_group_name": {
                            "constant_value": "security-poc-yogeshd-rg"
                        },
                        "role_based_access_control_enabled": {
                            "constant_value": true
                        },
                        "tags": {
                            "constant_value": {
                                "costcenter": "02045",
                                "dataclassification": "confidential",
                                "environmenttype": "dev",
                                "itpmid": "12345",
                                "sharedemailaddress": "CloudSecurityServices@cvshealth.com"
                            }
                        }
                    },
                    "schema_version": 2
                },
                {
                    "address": "data.azurerm_user_assigned_identity.user_assigned_identity",
                    "mode": "data",
                    "type": "azurerm_user_assigned_identity",
                    "name": "user_assigned_identity",
                    "provider_config_key": "azurerm",
                    "expressions": {
                        "name": {
                            "constant_value": "security-poc-css-mi"
                        },
                        "resource_group_name": {
                            "constant_value": "security-poc-yogeshd-rg"
                        }
                    },
                    "schema_version": 0
                }
            ]
        }
    },
    "relevant_attributes": [
        {
            "resource": "data.azurerm_user_assigned_identity.user_assigned_identity",
            "attribute": [
                "id"
            ]
        }
    ],
    "timestamp": "2025-04-21T07:00:25Z",
    "errored": false
}