{
    "format_version": "1.2",
    "terraform_version": "1.7.5",
    "planned_values": {
        "root_module": {
            "resources": [
                {
                    "address": "azurerm_key_vault.example",
                    "mode": "managed",
                    "type": "azurerm_key_vault",
                    "name": "example",
                    "provider_name": "registry.terraform.io/hashicorp/azurerm",
                    "schema_version": 2,
                    "values": {
                        "access_policy": [
                            {
                                "application_id": null,
                                "certificate_permissions": null,
                                "key_permissions": [
                                    "Get",
                                    "List",
                                    "Create",
                                    "Delete",
                                    "Update",
                                    "Recover",
                                    "Purge",
                                    "GetRotationPolicy"
                                ],
                                "object_id": "3934304b-bbed-4260-9183-a09d07cf3155",
                                "secret_permissions": null,
                                "storage_permissions": null,
                                "tenant_id": "fabb61b8-3afe-4e75-b934-a47f782b8cd7"
                            },
                            {
                                "application_id": null,
                                "certificate_permissions": null,
                                "key_permissions": [
                                    "Get",
                                    "WrapKey",
                                    "UnwrapKey"
                                ],
                                "secret_permissions": null,
                                "storage_permissions": null
                            }
                        ],
                        "enable_rbac_authorization": null,
                        "enabled_for_deployment": null,
                        "enabled_for_disk_encryption": true,
                        "enabled_for_template_deployment": null,
                        "location": "eastus",
                        "name": "mssqltdeexample",
                        "public_network_access_enabled": true,
                        "purge_protection_enabled": true,
                        "resource_group_name": "ExampleResourceGroup",
                        "sku_name": "standard",
                        "soft_delete_retention_days": 7,
                        "tags": null,
                        "timeouts": null
                    },
                    "sensitive_values": {
                        "access_policy": [
                            {
                                "key_permissions": [
                                    false,
                                    false,
                                    false,
                                    false,
                                    false,
                                    false,
                                    false,
                                    false
                                ]
                            },
                            {
                                "key_permissions": [
                                    false,
                                    false,
                                    false
                                ]
                            }
                        ],
                        "contact": [],
                        "network_acls": []
                    }
                },
                {
                    "address": "azurerm_key_vault_key.example",
                    "mode": "managed",
                    "type": "azurerm_key_vault_key",
                    "name": "example",
                    "provider_name": "registry.terraform.io/hashicorp/azurerm",
                    "schema_version": 0,
                    "values": {
                        "expiration_date": null,
                        "key_opts": [
                            "unwrapKey",
                            "wrapKey"
                        ],
                        "key_size": 2048,
                        "key_type": "RSA",
                        "name": "example-key",
                        "not_before_date": null,
                        "rotation_policy": [],
                        "tags": null,
                        "timeouts": null
                    },
                    "sensitive_values": {
                        "key_opts": [
                            false,
                            false
                        ],
                        "rotation_policy": []
                    }
                },
                {
                    "address": "azurerm_mssql_server.negativeexample",
                    "mode": "managed",
                    "type": "azurerm_mssql_server",
                    "name": "negativeexample",
                    "provider_name": "registry.terraform.io/hashicorp/azurerm",
                    "schema_version": 0,
                    "values": {
                        "administrator_login_password": null,
                        "azuread_administrator": [
                            {
                                "azuread_authentication_only": false,
                                "login_username": "AzureADAdmin",
                                "object_id": "00000000-0000-0000-0000-000000000000"
                            }
                        ],
                        "connection_policy": "Default",
                        "identity": [
                            {
                                "type": "UserAssigned"
                            }
                        ],
                        "location": "eastus",
                        "minimum_tls_version": "1.2",
                        "name": "mysqlserver",
                        "outbound_network_restriction_enabled": false,
                        "public_network_access_enabled": false,
                        "resource_group_name": "ExampleResourceGroup",
                        "tags": {
                            "costcenter": "02045",
                            "dataclassification": "confidential",
                            "environmenttype": "dev",
                            "itpmid": "12345",
                            "sharedemailaddress": "CloudSecurityServices@cvshealth.com"
                        },
                        "timeouts": null,
                        "version": "12.0"
                    },
                    "sensitive_values": {
                        "azuread_administrator": [
                            {}
                        ],
                        "identity": [
                            {
                                "identity_ids": []
                            }
                        ],
                        "restorable_dropped_database_ids": [],
                        "tags": {}
                    }
                },
                {
                    "address": "azurerm_private_endpoint.negativeexample",
                    "mode": "managed",
                    "type": "azurerm_private_endpoint",
                    "name": "negativeexample",
                    "provider_name": "registry.terraform.io/hashicorp/azurerm",
                    "schema_version": 0,
                    "values": {
                        "custom_network_interface_name": null,
                        "ip_configuration": [],
                        "location": "eastus",
                        "name": "example-private-endpoint",
                        "private_dns_zone_group": [],
                        "private_service_connection": [
                            {
                                "is_manual_connection": false,
                                "name": "example-connection",
                                "private_connection_resource_alias": null,
                                "request_message": null,
                                "subresource_names": null
                            }
                        ],
                        "resource_group_name": "ExampleResourceGroup",
                        "tags": null,
                        "timeouts": null
                    },
                    "sensitive_values": {
                        "custom_dns_configs": [],
                        "ip_configuration": [],
                        "network_interface": [],
                        "private_dns_zone_configs": [],
                        "private_dns_zone_group": [],
                        "private_service_connection": [
                            {}
                        ]
                    }
                },
                {
                    "address": "azurerm_resource_group.example",
                    "mode": "managed",
                    "type": "azurerm_resource_group",
                    "name": "example",
                    "provider_name": "registry.terraform.io/hashicorp/azurerm",
                    "schema_version": 0,
                    "values": {
                        "location": "eastus",
                        "managed_by": null,
                        "name": "ExampleResourceGroup",
                        "tags": null,
                        "timeouts": null
                    },
                    "sensitive_values": {}
                },
                {
                    "address": "azurerm_subnet.endpoint",
                    "mode": "managed",
                    "type": "azurerm_subnet",
                    "name": "endpoint",
                    "provider_name": "registry.terraform.io/hashicorp/azurerm",
                    "schema_version": 0,
                    "values": {
                        "address_prefixes": [
                            "10.0.2.0/24"
                        ],
                        "default_outbound_access_enabled": true,
                        "delegation": [],
                        "name": "endpoint",
                        "resource_group_name": "ExampleResourceGroup",
                        "service_endpoint_policy_ids": null,
                        "service_endpoints": null,
                        "timeouts": null,
                        "virtual_network_name": "example-network"
                    },
                    "sensitive_values": {
                        "address_prefixes": [
                            false
                        ],
                        "delegation": []
                    }
                },
                {
                    "address": "azurerm_user_assigned_identity.example",
                    "mode": "managed",
                    "type": "azurerm_user_assigned_identity",
                    "name": "example",
                    "provider_name": "registry.terraform.io/hashicorp/azurerm",
                    "schema_version": 1,
                    "values": {
                        "location": "eastus",
                        "name": "example",
                        "resource_group_name": "ExampleResourceGroup",
                        "tags": null,
                        "timeouts": null
                    },
                    "sensitive_values": {}
                },
                {
                    "address": "azurerm_virtual_network.example",
                    "mode": "managed",
                    "type": "azurerm_virtual_network",
                    "name": "example",
                    "provider_name": "registry.terraform.io/hashicorp/azurerm",
                    "schema_version": 0,
                    "values": {
                        "address_space": [
                            "10.0.0.0/16"
                        ],
                        "bgp_community": null,
                        "ddos_protection_plan": [],
                        "edge_zone": null,
                        "encryption": [],
                        "flow_timeout_in_minutes": null,
                        "location": "eastus",
                        "name": "example-network",
                        "resource_group_name": "ExampleResourceGroup",
                        "tags": null,
                        "timeouts": null
                    },
                    "sensitive_values": {
                        "address_space": [
                            false
                        ],
                        "ddos_protection_plan": [],
                        "dns_servers": [],
                        "encryption": [],
                        "subnet": []
                    }
                }
            ]
        }
    },
    "resource_changes": [
        {
            "address": "azurerm_key_vault.example",
            "mode": "managed",
            "type": "azurerm_key_vault",
            "name": "example",
            "provider_name": "registry.terraform.io/hashicorp/azurerm",
            "change": {
                "actions": [
                    "create"
                ],
                "before": null,
                "after": {
                    "access_policy": [
                        {
                            "application_id": null,
                            "certificate_permissions": null,
                            "key_permissions": [
                                "Get",
                                "List",
                                "Create",
                                "Delete",
                                "Update",
                                "Recover",
                                "Purge",
                                "GetRotationPolicy"
                            ],
                            "object_id": "3934304b-bbed-4260-9183-a09d07cf3155",
                            "secret_permissions": null,
                            "storage_permissions": null,
                            "tenant_id": "fabb61b8-3afe-4e75-b934-a47f782b8cd7"
                        },
                        {
                            "application_id": null,
                            "certificate_permissions": null,
                            "key_permissions": [
                                "Get",
                                "WrapKey",
                                "UnwrapKey"
                            ],
                            "secret_permissions": null,
                            "storage_permissions": null
                        }
                    ],
                    "enable_rbac_authorization": null,
                    "enabled_for_deployment": null,
                    "enabled_for_disk_encryption": true,
                    "enabled_for_template_deployment": null,
                    "location": "eastus",
                    "name": "mssqltdeexample",
                    "public_network_access_enabled": true,
                    "purge_protection_enabled": true,
                    "resource_group_name": "ExampleResourceGroup",
                    "sku_name": "standard",
                    "soft_delete_retention_days": 7,
                    "tags": null,
                    "timeouts": null
                },
                "after_unknown": {
                    "access_policy": [
                        {
                            "key_permissions": [
                                false,
                                false,
                                false,
                                false,
                                false,
                                false,
                                false,
                                false
                            ]
                        },
                        {
                            "key_permissions": [
                                false,
                                false,
                                false
                            ],
                            "object_id": true,
                            "tenant_id": true
                        }
                    ],
                    "contact": true,
                    "id": true,
                    "network_acls": true,
                    "tenant_id": true,
                    "vault_uri": true
                },
                "before_sensitive": false,
                "after_sensitive": {
                    "access_policy": [
                        {
                            "key_permissions": [
                                false,
                                false,
                                false,
                                false,
                                false,
                                false,
                                false,
                                false
                            ]
                        },
                        {
                            "key_permissions": [
                                false,
                                false,
                                false
                            ]
                        }
                    ],
                    "contact": [],
                    "network_acls": []
                }
            }
        },
        {
            "address": "azurerm_key_vault_key.example",
            "mode": "managed",
            "type": "azurerm_key_vault_key",
            "name": "example",
            "provider_name": "registry.terraform.io/hashicorp/azurerm",
            "change": {
                "actions": [
                    "create"
                ],
                "before": null,
                "after": {
                    "expiration_date": null,
                    "key_opts": [
                        "unwrapKey",
                        "wrapKey"
                    ],
                    "key_size": 2048,
                    "key_type": "RSA",
                    "name": "example-key",
                    "not_before_date": null,
                    "rotation_policy": [],
                    "tags": null,
                    "timeouts": null
                },
                "after_unknown": {
                    "curve": true,
                    "e": true,
                    "id": true,
                    "key_opts": [
                        false,
                        false
                    ],
                    "key_vault_id": true,
                    "n": true,
                    "public_key_openssh": true,
                    "public_key_pem": true,
                    "resource_id": true,
                    "resource_versionless_id": true,
                    "rotation_policy": [],
                    "version": true,
                    "versionless_id": true,
                    "x": true,
                    "y": true
                },
                "before_sensitive": false,
                "after_sensitive": {
                    "key_opts": [
                        false,
                        false
                    ],
                    "rotation_policy": []
                }
            }
        },
        {
            "address": "azurerm_mssql_server.negativeexample",
            "mode": "managed",
            "type": "azurerm_mssql_server",
            "name": "negativeexample",
            "provider_name": "registry.terraform.io/hashicorp/azurerm",
            "change": {
                "actions": [
                    "create"
                ],
                "before": null,
                "after": {
                    "administrator_login_password": null,
                    "azuread_administrator": [
                        {
                            "azuread_authentication_only": false,
                            "login_username": "AzureADAdmin",
                            "object_id": "00000000-0000-0000-0000-000000000000"
                        }
                    ],
                    "connection_policy": "Default",
                    "identity": [
                        {
                            "type": "UserAssigned"
                        }
                    ],
                    "location": "eastus",
                    "minimum_tls_version": "1.2",
                    "name": "mysqlserver",
                    "outbound_network_restriction_enabled": false,
                    "public_network_access_enabled": false,
                    "resource_group_name": "ExampleResourceGroup",
                    "tags": {
                        "costcenter": "02045",
                        "dataclassification": "confidential",
                        "environmenttype": "dev",
                        "itpmid": "12345",
                        "sharedemailaddress": "CloudSecurityServices@cvshealth.com"
                    },
                    "timeouts": null,
                    "version": "12.0"
                },
                "after_unknown": {
                    "administrator_login": true,
                    "azuread_administrator": [
                        {
                            "tenant_id": true
                        }
                    ],
                    "fully_qualified_domain_name": true,
                    "id": true,
                    "identity": [
                        {
                            "identity_ids": true,
                            "principal_id": true,
                            "tenant_id": true
                        }
                    ],
                    "primary_user_assigned_identity_id": true,
                    "restorable_dropped_database_ids": true,
                    "tags": {},
                    "transparent_data_encryption_key_vault_key_id": true
                },
                "before_sensitive": false,
                "after_sensitive": {
                    "administrator_login_password": true,
                    "azuread_administrator": [
                        {}
                    ],
                    "identity": [
                        {
                            "identity_ids": []
                        }
                    ],
                    "restorable_dropped_database_ids": [],
                    "tags": {}
                }
            }
        },
        {
            "address": "azurerm_private_endpoint.negativeexample",
            "mode": "managed",
            "type": "azurerm_private_endpoint",
            "name": "negativeexample",
            "provider_name": "registry.terraform.io/hashicorp/azurerm",
            "change": {
                "actions": [
                    "create"
                ],
                "before": null,
                "after": {
                    "custom_network_interface_name": null,
                    "ip_configuration": [],
                    "location": "eastus",
                    "name": "example-private-endpoint",
                    "private_dns_zone_group": [],
                    "private_service_connection": [
                        {
                            "is_manual_connection": false,
                            "name": "example-connection",
                            "private_connection_resource_alias": null,
                            "request_message": null,
                            "subresource_names": null
                        }
                    ],
                    "resource_group_name": "ExampleResourceGroup",
                    "tags": null,
                    "timeouts": null
                },
                "after_unknown": {
                    "custom_dns_configs": true,
                    "id": true,
                    "ip_configuration": [],
                    "network_interface": true,
                    "private_dns_zone_configs": true,
                    "private_dns_zone_group": [],
                    "private_service_connection": [
                        {
                            "private_connection_resource_id": true,
                            "private_ip_address": true
                        }
                    ],
                    "subnet_id": true
                },
                "before_sensitive": false,
                "after_sensitive": {
                    "custom_dns_configs": [],
                    "ip_configuration": [],
                    "network_interface": [],
                    "private_dns_zone_configs": [],
                    "private_dns_zone_group": [],
                    "private_service_connection": [
                        {}
                    ]
                }
            }
        },
        {
            "address": "azurerm_resource_group.example",
            "mode": "managed",
            "type": "azurerm_resource_group",
            "name": "example",
            "provider_name": "registry.terraform.io/hashicorp/azurerm",
            "change": {
                "actions": [
                    "create"
                ],
                "before": null,
                "after": {
                    "location": "eastus",
                    "managed_by": null,
                    "name": "ExampleResourceGroup",
                    "tags": null,
                    "timeouts": null
                },
                "after_unknown": {
                    "id": true
                },
                "before_sensitive": false,
                "after_sensitive": {}
            }
        },
        {
            "address": "azurerm_subnet.endpoint",
            "mode": "managed",
            "type": "azurerm_subnet",
            "name": "endpoint",
            "provider_name": "registry.terraform.io/hashicorp/azurerm",
            "change": {
                "actions": [
                    "create"
                ],
                "before": null,
                "after": {
                    "address_prefixes": [
                        "10.0.2.0/24"
                    ],
                    "default_outbound_access_enabled": true,
                    "delegation": [],
                    "name": "endpoint",
                    "resource_group_name": "ExampleResourceGroup",
                    "service_endpoint_policy_ids": null,
                    "service_endpoints": null,
                    "timeouts": null,
                    "virtual_network_name": "example-network"
                },
                "after_unknown": {
                    "address_prefixes": [
                        false
                    ],
                    "delegation": [],
                    "enforce_private_link_endpoint_network_policies": true,
                    "enforce_private_link_service_network_policies": true,
                    "id": true,
                    "private_endpoint_network_policies": true,
                    "private_endpoint_network_policies_enabled": true,
                    "private_link_service_network_policies_enabled": true
                },
                "before_sensitive": false,
                "after_sensitive": {
                    "address_prefixes": [
                        false
                    ],
                    "delegation": []
                }
            }
        },
        {
            "address": "azurerm_user_assigned_identity.example",
            "mode": "managed",
            "type": "azurerm_user_assigned_identity",
            "name": "example",
            "provider_name": "registry.terraform.io/hashicorp/azurerm",
            "change": {
                "actions": [
                    "create"
                ],
                "before": null,
                "after": {
                    "location": "eastus",
                    "name": "example",
                    "resource_group_name": "ExampleResourceGroup",
                    "tags": null,
                    "timeouts": null
                },
                "after_unknown": {
                    "client_id": true,
                    "id": true,
                    "principal_id": true,
                    "tenant_id": true
                },
                "before_sensitive": false,
                "after_sensitive": {}
            }
        },
        {
            "address": "azurerm_virtual_network.example",
            "mode": "managed",
            "type": "azurerm_virtual_network",
            "name": "example",
            "provider_name": "registry.terraform.io/hashicorp/azurerm",
            "change": {
                "actions": [
                    "create"
                ],
                "before": null,
                "after": {
                    "address_space": [
                        "10.0.0.0/16"
                    ],
                    "bgp_community": null,
                    "ddos_protection_plan": [],
                    "edge_zone": null,
                    "encryption": [],
                    "flow_timeout_in_minutes": null,
                    "location": "eastus",
                    "name": "example-network",
                    "resource_group_name": "ExampleResourceGroup",
                    "tags": null,
                    "timeouts": null
                },
                "after_unknown": {
                    "address_space": [
                        false
                    ],
                    "ddos_protection_plan": [],
                    "dns_servers": true,
                    "encryption": [],
                    "guid": true,
                    "id": true,
                    "subnet": true
                },
                "before_sensitive": false,
                "after_sensitive": {
                    "address_space": [
                        false
                    ],
                    "ddos_protection_plan": [],
                    "dns_servers": [],
                    "encryption": [],
                    "subnet": []
                }
            }
        }
    ],
    "prior_state": {
        "format_version": "1.0",
        "terraform_version": "1.7.5",
        "values": {
            "root_module": {
                "resources": [
                    {
                        "address": "data.azurerm_client_config.current",
                        "mode": "data",
                        "type": "azurerm_client_config",
                        "name": "current",
                        "provider_name": "registry.terraform.io/hashicorp/azurerm",
                        "schema_version": 0,
                        "values": {
                            "client_id": "04b07795-8ddb-461a-bbee-02f9e1bf7b46",
                            "id": "Y2xpZW50Q29uZmlncy9jbGllbnRJZD0wNGIwNzc5NS04ZGRiLTQ2MWEtYmJlZS0wMmY5ZTFiZjdiNDY7b2JqZWN0SWQ9MzkzNDMwNGItYmJlZC00MjYwLTkxODMtYTA5ZDA3Y2YzMTU1O3N1YnNjcmlwdGlvbklkPWVjOGRjNjE4LTQ2ZGQtNDNlMi04NTA2LTMwMDdmMzA0ZDg4NDt0ZW5hbnRJZD1mYWJiNjFiOC0zYWZlLTRlNzUtYjkzNC1hNDdmNzgyYjhjZDc=",
                            "object_id": "3934304b-bbed-4260-9183-a09d07cf3155",
                            "subscription_id": "ec8dc618-46dd-43e2-8506-3007f304d884",
                            "tenant_id": "fabb61b8-3afe-4e75-b934-a47f782b8cd7",
                            "timeouts": null
                        },
                        "sensitive_values": {}
                    }
                ]
            }
        }
    },
    "configuration": {
        "provider_config": {
            "azurerm": {
                "name": "azurerm",
                "full_name": "registry.terraform.io/hashicorp/azurerm",
                "version_constraint": "3.117.0",
                "expressions": {
                    "features": [
                        {}
                    ]
                }
            }
        },
        "root_module": {
            "resources": [
                {
                    "address": "azurerm_key_vault.example",
                    "mode": "managed",
                    "type": "azurerm_key_vault",
                    "name": "example",
                    "provider_config_key": "azurerm",
                    "expressions": {
                        "access_policy": {
                            "references": [
                                "data.azurerm_client_config.current.object_id",
                                "data.azurerm_client_config.current",
                                "data.azurerm_client_config.current.tenant_id",
                                "data.azurerm_client_config.current",
                                "azurerm_user_assigned_identity.example.principal_id",
                                "azurerm_user_assigned_identity.example",
                                "azurerm_user_assigned_identity.example.tenant_id",
                                "azurerm_user_assigned_identity.example"
                            ]
                        },
                        "enabled_for_disk_encryption": {
                            "constant_value": true
                        },
                        "location": {
                            "references": [
                                "azurerm_resource_group.example.location",
                                "azurerm_resource_group.example"
                            ]
                        },
                        "name": {
                            "constant_value": "mssqltdeexample"
                        },
                        "purge_protection_enabled": {
                            "constant_value": true
                        },
                        "resource_group_name": {
                            "references": [
                                "azurerm_resource_group.example.name",
                                "azurerm_resource_group.example"
                            ]
                        },
                        "sku_name": {
                            "constant_value": "standard"
                        },
                        "soft_delete_retention_days": {
                            "constant_value": 7
                        },
                        "tenant_id": {
                            "references": [
                                "azurerm_user_assigned_identity.example.tenant_id",
                                "azurerm_user_assigned_identity.example"
                            ]
                        }
                    },
                    "schema_version": 2
                },
                {
                    "address": "azurerm_key_vault_key.example",
                    "mode": "managed",
                    "type": "azurerm_key_vault_key",
                    "name": "example",
                    "provider_config_key": "azurerm",
                    "expressions": {
                        "key_opts": {
                            "constant_value": [
                                "unwrapKey",
                                "wrapKey"
                            ]
                        },
                        "key_size": {
                            "constant_value": 2048
                        },
                        "key_type": {
                            "constant_value": "RSA"
                        },
                        "key_vault_id": {
                            "references": [
                                "azurerm_key_vault.example.id",
                                "azurerm_key_vault.example"
                            ]
                        },
                        "name": {
                            "constant_value": "example-key"
                        }
                    },
                    "schema_version": 0,
                    "depends_on": [
                        "azurerm_key_vault.example"
                    ]
                },
                {
                    "address": "azurerm_mssql_server.negativeexample",
                    "mode": "managed",
                    "type": "azurerm_mssql_server",
                    "name": "negativeexample",
                    "provider_config_key": "azurerm",
                    "expressions": {
                        "azuread_administrator": [
                            {
                                "azuread_authentication_only": {
                                    "constant_value": false
                                },
                                "login_username": {
                                    "constant_value": "AzureADAdmin"
                                },
                                "object_id": {
                                    "constant_value": "00000000-0000-0000-0000-000000000000"
                                }
                            }
                        ],
                        "identity": [
                            {
                                "identity_ids": {
                                    "references": [
                                        "azurerm_user_assigned_identity.example.id",
                                        "azurerm_user_assigned_identity.example"
                                    ]
                                },
                                "type": {
                                    "constant_value": "UserAssigned"
                                }
                            }
                        ],
                        "location": {
                            "references": [
                                "azurerm_resource_group.example.location",
                                "azurerm_resource_group.example"
                            ]
                        },
                        "name": {
                            "constant_value": "mysqlserver"
                        },
                        "primary_user_assigned_identity_id": {
                            "references": [
                                "azurerm_user_assigned_identity.example.id",
                                "azurerm_user_assigned_identity.example"
                            ]
                        },
                        "public_network_access_enabled": {
                            "constant_value": false
                        },
                        "resource_group_name": {
                            "references": [
                                "azurerm_resource_group.example.name",
                                "azurerm_resource_group.example"
                            ]
                        },
                        "tags": {
                            "constant_value": {
                                "costcenter": "02045",
                                "dataclassification": "confidential",
                                "environmenttype": "dev",
                                "itpmid": "12345",
                                "sharedemailaddress": "CloudSecurityServices@cvshealth.com"
                            }
                        },
                        "transparent_data_encryption_key_vault_key_id": {
                            "references": [
                                "azurerm_key_vault_key.example.id",
                                "azurerm_key_vault_key.example"
                            ]
                        },
                        "version": {
                            "constant_value": "12.0"
                        }
                    },
                    "schema_version": 0
                },
                {
                    "address": "azurerm_private_endpoint.negativeexample",
                    "mode": "managed",
                    "type": "azurerm_private_endpoint",
                    "name": "negativeexample",
                    "provider_config_key": "azurerm",
                    "expressions": {
                        "location": {
                            "references": [
                                "azurerm_resource_group.example.location",
                                "azurerm_resource_group.example"
                            ]
                        },
                        "name": {
                            "constant_value": "example-private-endpoint"
                        },
                        "private_service_connection": [
                            {
                                "is_manual_connection": {
                                    "constant_value": false
                                },
                                "name": {
                                    "constant_value": "example-connection"
                                },
                                "private_connection_resource_id": {
                                    "references": [
                                        "azurerm_mssql_server.negativeexample.id",
                                        "azurerm_mssql_server.negativeexample"
                                    ]
                                }
                            }
                        ],
                        "resource_group_name": {
                            "references": [
                                "azurerm_resource_group.example.name",
                                "azurerm_resource_group.example"
                            ]
                        },
                        "subnet_id": {
                            "references": [
                                "azurerm_subnet.endpoint.id",
                                "azurerm_subnet.endpoint"
                            ]
                        }
                    },
                    "schema_version": 0
                },
                {
                    "address": "azurerm_resource_group.example",
                    "mode": "managed",
                    "type": "azurerm_resource_group",
                    "name": "example",
                    "provider_config_key": "azurerm",
                    "expressions": {
                        "location": {
                            "constant_value": "East US"
                        },
                        "name": {
                            "constant_value": "ExampleResourceGroup"
                        }
                    },
                    "schema_version": 0
                },
                {
                    "address": "azurerm_subnet.endpoint",
                    "mode": "managed",
                    "type": "azurerm_subnet",
                    "name": "endpoint",
                    "provider_config_key": "azurerm",
                    "expressions": {
                        "address_prefixes": {
                            "constant_value": [
                                "10.0.2.0/24"
                            ]
                        },
                        "name": {
                            "constant_value": "endpoint"
                        },
                        "resource_group_name": {
                            "references": [
                                "azurerm_resource_group.example.name",
                                "azurerm_resource_group.example"
                            ]
                        },
                        "virtual_network_name": {
                            "references": [
                                "azurerm_virtual_network.example.name",
                                "azurerm_virtual_network.example"
                            ]
                        }
                    },
                    "schema_version": 0
                },
                {
                    "address": "azurerm_user_assigned_identity.example",
                    "mode": "managed",
                    "type": "azurerm_user_assigned_identity",
                    "name": "example",
                    "provider_config_key": "azurerm",
                    "expressions": {
                        "location": {
                            "references": [
                                "azurerm_resource_group.example.location",
                                "azurerm_resource_group.example"
                            ]
                        },
                        "name": {
                            "constant_value": "example"
                        },
                        "resource_group_name": {
                            "references": [
                                "azurerm_resource_group.example.name",
                                "azurerm_resource_group.example"
                            ]
                        }
                    },
                    "schema_version": 1
                },
                {
                    "address": "azurerm_virtual_network.example",
                    "mode": "managed",
                    "type": "azurerm_virtual_network",
                    "name": "example",
                    "provider_config_key": "azurerm",
                    "expressions": {
                        "address_space": {
                            "constant_value": [
                                "10.0.0.0/16"
                            ]
                        },
                        "location": {
                            "references": [
                                "azurerm_resource_group.example.location",
                                "azurerm_resource_group.example"
                            ]
                        },
                        "name": {
                            "constant_value": "example-network"
                        },
                        "resource_group_name": {
                            "references": [
                                "azurerm_resource_group.example.name",
                                "azurerm_resource_group.example"
                            ]
                        }
                    },
                    "schema_version": 0
                },
                {
                    "address": "data.azurerm_client_config.current",
                    "mode": "data",
                    "type": "azurerm_client_config",
                    "name": "current",
                    "provider_config_key": "azurerm",
                    "schema_version": 0
                }
            ]
        }
    },
    "relevant_attributes": [
        {
            "resource": "azurerm_key_vault_key.example",
            "attribute": [
                "id"
            ]
        },
        {
            "resource": "azurerm_user_assigned_identity.example",
            "attribute": [
                "id"
            ]
        },
        {
            "resource": "azurerm_mssql_server.negativeexample",
            "attribute": [
                "id"
            ]
        },
        {
            "resource": "azurerm_resource_group.example",
            "attribute": [
                "name"
            ]
        },
        {
            "resource": "azurerm_resource_group.example",
            "attribute": [
                "location"
            ]
        },
        {
            "resource": "azurerm_user_assigned_identity.example",
            "attribute": [
                "tenant_id"
            ]
        },
        {
            "resource": "data.azurerm_client_config.current",
            "attribute": [
                "object_id"
            ]
        },
        {
            "resource": "azurerm_user_assigned_identity.example",
            "attribute": [
                "principal_id"
            ]
        },
        {
            "resource": "azurerm_virtual_network.example",
            "attribute": [
                "name"
            ]
        },
        {
            "resource": "data.azurerm_client_config.current",
            "attribute": [
                "tenant_id"
            ]
        },
        {
            "resource": "azurerm_key_vault.example",
            "attribute": [
                "id"
            ]
        },
        {
            "resource": "azurerm_subnet.endpoint",
            "attribute": [
                "id"
            ]
        }
    ],
    "timestamp": "2025-02-12T20:36:09Z",
    "errored": false
}