{
    "format_version": "1.2",
    "terraform_version": "1.7.5",
    "planned_values": {
        "root_module": {
            "resources": [
                {
                    "address": "azurerm_container_registry.cvscontainerregistry",
                    "mode": "managed",
                    "type": "azurerm_container_registry",
                    "name": "cvscontainerregistry",
                    "provider_name": "registry.terraform.io/hashicorp/azurerm",
                    "schema_version": 2,
                    "values": {
                        "admin_enabled": false,
                        "anonymous_pull_enabled": null,
                        "data_endpoint_enabled": null,
                        "export_policy_enabled": true,
                        "georeplications": [],
                        "identity": [],
                        "location": "eastus2",
                        "name": "cvscontainerregistry",
                        "network_rule_bypass_option": "AzureServices",
                        "public_network_access_enabled": false,
                        "quarantine_policy_enabled": null,
                        "resource_group_name": "security-poc-yogeshd-rg",
                        "retention_policy_in_days": null,
                        "sku": "Premium",
                        "tags": {
                            "costcenter": "02045",
                            "dataclassification": "confidential",
                            "environmenttype": "dev",
                            "itpmid": "12345",
                            "sharedemailaddress": "CloudSecurityServices@cvshealth.com"
                        },
                        "timeouts": null,
                        "trust_policy_enabled": false,
                        "zone_redundancy_enabled": false
                    },
                    "sensitive_values": {
                        "encryption": [],
                        "georeplications": [],
                        "identity": [],
                        "network_rule_set": [],
                        "tags": {}
                    }
                }
            ]
        }
    },
    "resource_changes": [
        {
            "address": "azurerm_container_registry.cvscontainerregistry",
            "mode": "managed",
            "type": "azurerm_container_registry",
            "name": "cvscontainerregistry",
            "provider_name": "registry.terraform.io/hashicorp/azurerm",
            "change": {
                "actions": [
                    "create"
                ],
                "before": null,
                "after": {
                    "admin_enabled": false,
                    "anonymous_pull_enabled": null,
                    "data_endpoint_enabled": null,
                    "export_policy_enabled": true,
                    "georeplications": [],
                    "identity": [],
                    "location": "eastus2",
                    "name": "cvscontainerregistry",
                    "network_rule_bypass_option": "AzureServices",
                    "public_network_access_enabled": false,
                    "quarantine_policy_enabled": null,
                    "resource_group_name": "security-poc-yogeshd-rg",
                    "retention_policy_in_days": null,
                    "sku": "Premium",
                    "tags": {
                        "costcenter": "02045",
                        "dataclassification": "confidential",
                        "environmenttype": "dev",
                        "itpmid": "12345",
                        "sharedemailaddress": "CloudSecurityServices@cvshealth.com"
                    },
                    "timeouts": null,
                    "trust_policy_enabled": false,
                    "zone_redundancy_enabled": false
                },
                "after_unknown": {
                    "admin_password": true,
                    "admin_username": true,
                    "encryption": true,
                    "georeplications": [],
                    "id": true,
                    "identity": [],
                    "login_server": true,
                    "network_rule_set": true,
                    "tags": {}
                },
                "before_sensitive": false,
                "after_sensitive": {
                    "admin_password": true,
                    "encryption": [],
                    "georeplications": [],
                    "identity": [],
                    "network_rule_set": [],
                    "tags": {}
                }
            }
        }
    ],
    "configuration": {
        "provider_config": {
            "azurerm": {
                "name": "azurerm",
                "full_name": "registry.terraform.io/hashicorp/azurerm",
                "version_constraint": "4.26.0",
                "expressions": {
                    "features": [
                        {}
                    ],
                    "subscription_id": {
                        "constant_value": "ec8dc618-46dd-43e2-8506-3007f304d884"
                    }
                }
            }
        },
        "root_module": {
            "resources": [
                {
                    "address": "azurerm_container_registry.cvscontainerregistry",
                    "mode": "managed",
                    "type": "azurerm_container_registry",
                    "name": "cvscontainerregistry",
                    "provider_config_key": "azurerm",
                    "expressions": {
                        "admin_enabled": {
                            "constant_value": false
                        },
                        "location": {
                            "constant_value": "eastus2"
                        },
                        "name": {
                            "constant_value": "cvscontainerregistry"
                        },
                        "public_network_access_enabled": {
                            "constant_value": false
                        },
                        "resource_group_name": {
                            "constant_value": "security-poc-yogeshd-rg"
                        },
                        "sku": {
                            "constant_value": "Premium"
                        },
                        "tags": {
                            "constant_value": {
                                "costcenter": "02045",
                                "dataclassification": "confidential",
                                "environmenttype": "dev",
                                "itpmid": "12345",
                                "sharedemailaddress": "CloudSecurityServices@cvshealth.com"
                            }
                        }
                    },
                    "schema_version": 2
                }
            ]
        }
    },
    "timestamp": "2025-04-21T06:02:21Z",
    "errored": false
}