{
  "format_version": "1.2",
  "terraform_version": "1.10.4",
  "planned_values": {
    "root_module": {
      "resources": [
        {
          "address": "google_cloud_run_v2_job.negative",
          "mode": "managed",
          "type": "google_cloud_run_v2_job",
          "name": "negative",
          "provider_name": "registry.terraform.io/hashicorp/google",
          "schema_version": 0,
          "values": {
            "annotations": null,
            "binary_authorization": [],
            "client": null,
            "client_version": null,
            "deletion_protection": false,
            "effective_labels": {
              "goog-terraform-provisioned": "true"
            },
            "labels": null,
            "location": "us-central1",
            "name": "cloudrun-job",
            "project": "security-controls-sandbox",
            "template": [
              {
                "annotations": null,
                "labels": null,
                "template": [
                  {
                    "containers": [
                      {
                        "args": null,
                        "command": null,
                        "env": [],
                        "image": "us-docker.pkg.dev/cloudrun/container/hello",
                        "name": null,
                        "ports": [],
                        "volume_mounts": [],
                        "working_dir": null
                      }
                    ],
                    "encryption_key": "projects/cvs-key-vault-nonprod/locations/us-east4/keyRings/gkr-sandbox-us-east4/cryptoKeys/gk-security-controls-sandbox-us-east4",
                    "max_retries": 3,
                    "service_account": "dev-cvs@security-controls-sandbox.iam.gserviceaccount.com",
                    "volumes": [],
                    "vpc_access": []
                  }
                ]
              }
            ],
            "terraform_labels": {
              "goog-terraform-provisioned": "true"
            },
            "timeouts": null
          },
          "sensitive_values": {
            "binary_authorization": [],
            "conditions": [],
            "effective_annotations": {},
            "effective_labels": {},
            "latest_created_execution": [],
            "template": [
              {
                "template": [
                  {
                    "containers": [
                      {
                        "env": [],
                        "ports": [],
                        "resources": [],
                        "volume_mounts": []
                      }
                    ],
                    "volumes": [],
                    "vpc_access": []
                  }
                ]
              }
            ],
            "terminal_condition": [],
            "terraform_labels": {}
          }
        }
      ]
    }
  },
  "resource_changes": [
    {
      "address": "google_cloud_run_v2_job.negative",
      "mode": "managed",
      "type": "google_cloud_run_v2_job",
      "name": "negative",
      "provider_name": "registry.terraform.io/hashicorp/google",
      "change": {
        "actions": [
          "create"
        ],
        "before": null,
        "after": {
          "annotations": null,
          "binary_authorization": [],
          "client": null,
          "client_version": null,
          "deletion_protection": false,
          "effective_labels": {
            "goog-terraform-provisioned": "true"
          },
          "labels": null,
          "location": "us-central1",
          "name": "cloudrun-job",
          "project": "security-controls-sandbox",
          "template": [
            {
              "annotations": null,
              "labels": null,
              "template": [
                {
                  "containers": [
                    {
                      "args": null,
                      "command": null,
                      "env": [],
                      "image": "us-docker.pkg.dev/cloudrun/container/hello",
                      "name": null,
                      "ports": [],
                      "volume_mounts": [],
                      "working_dir": null
                    }
                  ],
                  "encryption_key": "projects/cvs-key-vault-nonprod/locations/us-east4/keyRings/gkr-sandbox-us-east4/cryptoKeys/gk-security-controls-sandbox-us-east4",
                  "max_retries": 3,
                  "service_account": "dev-cvs@security-controls-sandbox.iam.gserviceaccount.com",
                  "volumes": [],
                  "vpc_access": []
                }
              ]
            }
          ],
          "terraform_labels": {
            "goog-terraform-provisioned": "true"
          },
          "timeouts": null
        },
        "after_unknown": {
          "binary_authorization": [],
          "conditions": true,
          "create_time": true,
          "creator": true,
          "delete_time": true,
          "effective_annotations": true,
          "effective_labels": {},
          "etag": true,
          "execution_count": true,
          "expire_time": true,
          "generation": true,
          "id": true,
          "last_modifier": true,
          "latest_created_execution": true,
          "launch_stage": true,
          "observed_generation": true,
          "reconciling": true,
          "template": [
            {
              "parallelism": true,
              "task_count": true,
              "template": [
                {
                  "containers": [
                    {
                      "env": [],
                      "ports": [],
                      "resources": true,
                      "volume_mounts": []
                    }
                  ],
                  "execution_environment": true,
                  "timeout": true,
                  "volumes": [],
                  "vpc_access": []
                }
              ]
            }
          ],
          "terminal_condition": true,
          "terraform_labels": {},
          "uid": true,
          "update_time": true
        },
        "before_sensitive": false,
        "after_sensitive": {
          "binary_authorization": [],
          "conditions": [],
          "effective_annotations": {},
          "effective_labels": {},
          "latest_created_execution": [],
          "template": [
            {
              "template": [
                {
                  "containers": [
                    {
                      "env": [],
                      "ports": [],
                      "resources": [],
                      "volume_mounts": []
                    }
                  ],
                  "volumes": [],
                  "vpc_access": []
                }
              ]
            }
          ],
          "terminal_condition": [],
          "terraform_labels": {}
        }
      }
    }
  ],
  "configuration": {
    "provider_config": {
      "google": {
        "name": "google",
        "full_name": "registry.terraform.io/hashicorp/google",
        "version_constraint": "6.15.0",
        "expressions": {
          "project": {
            "constant_value": "security-controls-sandbox"
          },
          "region": {
            "constant_value": "us-central1"
          },
          "zone": {
            "constant_value": "us-central1-c"
          }
        }
      }
    },
    "root_module": {
      "resources": [
        {
          "address": "google_cloud_run_v2_job.negative",
          "mode": "managed",
          "type": "google_cloud_run_v2_job",
          "name": "negative",
          "provider_config_key": "google",
          "expressions": {
            "deletion_protection": {
              "constant_value": false
            },
            "location": {
              "constant_value": "us-central1"
            },
            "name": {
              "constant_value": "cloudrun-job"
            },
            "template": [
              {
                "template": [
                  {
                    "containers": [
                      {
                        "image": {
                          "constant_value": "us-docker.pkg.dev/cloudrun/container/hello"
                        }
                      }
                    ],
                    "encryption_key": {
                      "constant_value": "projects/cvs-key-vault-nonprod/locations/us-east4/keyRings/gkr-sandbox-us-east4/cryptoKeys/gk-security-controls-sandbox-us-east4"
                    },
                    "service_account": {
                      "constant_value": "dev-cvs@security-controls-sandbox.iam.gserviceaccount.com"
                    }
                  }
                ]
              }
            ]
          },
          "schema_version": 0
        }
      ]
    }
  },
  "timestamp": "2025-01-13T15:36:26Z",
  "applyable": true,
  "complete": true,
  "errored": false
}
