{
    "format_version": "1.2",
    "terraform_version": "1.7.5",
    "planned_values": {
        "root_module": {
            "resources": [
                {
                    "address": "google_container_node_pool.primary_preemptible_nodes",
                    "mode": "managed",
                    "type": "google_container_node_pool",
                    "name": "primary_preemptible_nodes",
                    "provider_name": "registry.terraform.io/hashicorp/google",
                    "schema_version": 1,
                    "values": {
                        "autoscaling": [],
                        "cluster": "projects/security-controls-sandbox/locations/us-central1/clusters/gcp-cluster",
                        "location": "us-central1",
                        "management": [
                            {
                                "auto_repair": false,
                                "auto_upgrade": false
                            }
                        ],
                        "name": "gcp-container-node-pool",
                        "node_config": [
                            {
                                "advanced_machine_features": [],
                                "boot_disk_kms_key": null,
                                "containerd_config": [],
                                "enable_confidential_storage": null,
                                "ephemeral_storage_local_ssd_config": [],
                                "fast_socket": [],
                                "gvnic": [],
                                "host_maintenance_policy": [],
                                "image_type": "COS_CONTAINERD",
                                "linux_node_config": [],
                                "local_nvme_ssd_block_config": [],
                                "local_ssd_encryption_mode": null,
                                "machine_type": "e2-medium",
                                "max_run_duration": null,
                                "node_group": null,
                                "preemptible": true,
                                "reservation_affinity": [],
                                "resource_labels": null,
                                "resource_manager_tags": null,
                                "secondary_boot_disks": [],
                                "sole_tenant_config": [],
                                "spot": false,
                                "storage_pools": null,
                                "tags": null,
                                "taint": []
                            }
                        ],
                        "node_count": 1,
                        "placement_policy": [],
                        "project": "security-controls-sandbox",
                        "queued_provisioning": [],
                        "timeouts": null
                    },
                    "sensitive_values": {
                        "autoscaling": [],
                        "instance_group_urls": [],
                        "managed_instance_group_urls": [],
                        "management": [
                            {}
                        ],
                        "network_config": [],
                        "node_config": [
                            {
                                "advanced_machine_features": [],
                                "confidential_nodes": [],
                                "containerd_config": [],
                                "effective_taints": [],
                                "ephemeral_storage_local_ssd_config": [],
                                "fast_socket": [],
                                "gcfs_config": [],
                                "guest_accelerator": [],
                                "gvnic": [],
                                "host_maintenance_policy": [],
                                "kubelet_config": [],
                                "labels": {},
                                "linux_node_config": [],
                                "local_nvme_ssd_block_config": [],
                                "metadata": {},
                                "oauth_scopes": [],
                                "reservation_affinity": [],
                                "secondary_boot_disks": [],
                                "shielded_instance_config": [],
                                "sole_tenant_config": [],
                                "taint": [],
                                "windows_node_config": [],
                                "workload_metadata_config": []
                            }
                        ],
                        "node_locations": [],
                        "placement_policy": [],
                        "queued_provisioning": [],
                        "upgrade_settings": []
                    }
                }
            ]
        }
    },
    "resource_changes": [
        {
            "address": "google_container_node_pool.primary_preemptible_nodes",
            "mode": "managed",
            "type": "google_container_node_pool",
            "name": "primary_preemptible_nodes",
            "provider_name": "registry.terraform.io/hashicorp/google",
            "change": {
                "actions": [
                    "create"
                ],
                "before": null,
                "after": {
                    "autoscaling": [],
                    "cluster": "projects/security-controls-sandbox/locations/us-central1/clusters/gcp-cluster",
                    "location": "us-central1",
                    "management": [
                        {
                            "auto_repair": true,
                            "auto_upgrade": false
                        }
                    ],
                    "name": "gcp-container-node-pool",
                    "node_config": [
                        {
                            "advanced_machine_features": [],
                            "boot_disk_kms_key": null,
                            "containerd_config": [],
                            "enable_confidential_storage": null,
                            "ephemeral_storage_local_ssd_config": [],
                            "fast_socket": [],
                            "gvnic": [],
                            "host_maintenance_policy": [],
                            "image_type": "COS_CONTAINERD",
                            "linux_node_config": [],
                            "local_nvme_ssd_block_config": [],
                            "local_ssd_encryption_mode": null,
                            "machine_type": "e2-medium",
                            "max_run_duration": null,
                            "node_group": null,
                            "preemptible": true,
                            "reservation_affinity": [],
                            "resource_labels": null,
                            "resource_manager_tags": null,
                            "secondary_boot_disks": [],
                            "sole_tenant_config": [],
                            "spot": false,
                            "storage_pools": null,
                            "tags": null,
                            "taint": []
                        }
                    ],
                    "node_count": 1,
                    "placement_policy": [],
                    "project": "security-controls-sandbox",
                    "queued_provisioning": [],
                    "timeouts": null
                },
                "after_unknown": {
                    "autoscaling": [],
                    "id": true,
                    "initial_node_count": true,
                    "instance_group_urls": true,
                    "managed_instance_group_urls": true,
                    "management": [
                        {}
                    ],
                    "max_pods_per_node": true,
                    "name_prefix": true,
                    "network_config": true,
                    "node_config": [
                        {
                            "advanced_machine_features": [],
                            "confidential_nodes": true,
                            "containerd_config": [],
                            "disk_size_gb": true,
                            "disk_type": true,
                            "effective_taints": true,
                            "ephemeral_storage_local_ssd_config": [],
                            "fast_socket": [],
                            "gcfs_config": true,
                            "guest_accelerator": true,
                            "gvnic": [],
                            "host_maintenance_policy": [],
                            "kubelet_config": true,
                            "labels": true,
                            "linux_node_config": [],
                            "local_nvme_ssd_block_config": [],
                            "local_ssd_count": true,
                            "logging_variant": true,
                            "metadata": true,
                            "min_cpu_platform": true,
                            "oauth_scopes": true,
                            "reservation_affinity": [],
                            "secondary_boot_disks": [],
                            "service_account": true,
                            "shielded_instance_config": true,
                            "sole_tenant_config": [],
                            "taint": [],
                            "windows_node_config": true,
                            "workload_metadata_config": true
                        }
                    ],
                    "node_locations": true,
                    "operation": true,
                    "placement_policy": [],
                    "queued_provisioning": [],
                    "upgrade_settings": true,
                    "version": true
                },
                "before_sensitive": false,
                "after_sensitive": {
                    "autoscaling": [],
                    "instance_group_urls": [],
                    "managed_instance_group_urls": [],
                    "management": [
                        {}
                    ],
                    "network_config": [],
                    "node_config": [
                        {
                            "advanced_machine_features": [],
                            "confidential_nodes": [],
                            "containerd_config": [],
                            "effective_taints": [],
                            "ephemeral_storage_local_ssd_config": [],
                            "fast_socket": [],
                            "gcfs_config": [],
                            "guest_accelerator": [],
                            "gvnic": [],
                            "host_maintenance_policy": [],
                            "kubelet_config": [],
                            "labels": {},
                            "linux_node_config": [],
                            "local_nvme_ssd_block_config": [],
                            "metadata": {},
                            "oauth_scopes": [],
                            "reservation_affinity": [],
                            "secondary_boot_disks": [],
                            "shielded_instance_config": [],
                            "sole_tenant_config": [],
                            "taint": [],
                            "windows_node_config": [],
                            "workload_metadata_config": []
                        }
                    ],
                    "node_locations": [],
                    "placement_policy": [],
                    "queued_provisioning": [],
                    "upgrade_settings": []
                }
            }
        }
    ],
    "configuration": {
        "provider_config": {
            "google": {
                "name": "google",
                "full_name": "registry.terraform.io/hashicorp/google",
                "version_constraint": "6.35.0",
                "expressions": {
                    "project": {
                        "constant_value": "security-controls-sandbox"
                    },
                    "region": {
                        "constant_value": "us-central1"
                    }
                }
            }
        },
        "root_module": {
            "resources": [
                {
                    "address": "google_container_node_pool.primary_preemptible_nodes",
                    "mode": "managed",
                    "type": "google_container_node_pool",
                    "name": "primary_preemptible_nodes",
                    "provider_config_key": "google",
                    "expressions": {
                        "cluster": {
                            "constant_value": "projects/security-controls-sandbox/locations/us-central1/clusters/gcp-cluster"
                        },
                        "location": {
                            "constant_value": "us-central1"
                        },
                        "management": [
                            {
                                "auto_repair": {
                                    "constant_value": true
                                },
                                "auto_upgrade": {
                                    "constant_value": false
                                }
                            }
                        ],
                        "name": {
                            "constant_value": "gcp-container-node-pool"
                        },
                        "node_config": [
                            {
                                "image_type": {
                                    "constant_value": "COS_CONTAINERD"
                                },
                                "machine_type": {
                                    "constant_value": "e2-medium"
                                },
                                "preemptible": {
                                    "constant_value": true
                                }
                            }
                        ],
                        "node_count": {
                            "constant_value": 1
                        }
                    },
                    "schema_version": 1
                }
            ]
        }
    },
    "timestamp": "2025-05-19T11:07:10Z",
    "errored": false
}