{
    "format_version": "1.2",
    "terraform_version": "1.7.5",
    "planned_values": {
        "root_module": {
            "resources": [
                {
                    "address": "aws_security_group.https_specific_public",
                    "mode": "managed",
                    "type": "aws_security_group",
                    "name": "https_specific_public",
                    "provider_name": "registry.terraform.io/hashicorp/aws",
                    "schema_version": 1,
                    "values": {
                        "description": "Managed by Terraform",
                        "ingress": [
                            {
                                "cidr_blocks": [
                                    "8.8.8.8/32"
                                ],
                                "description": "",
                                "from_port": 443,
                                "ipv6_cidr_blocks": [],
                                "prefix_list_ids": [],
                                "protocol": "tcp",
                                "security_groups": [],
                                "self": false,
                                "to_port": 443
                            }
                        ],
                        "name": "https-specific-public",
                        "region": "us-east-1",
                        "revoke_rules_on_delete": false,
                        "tags": null,
                        "timeouts": null
                    },
                    "sensitive_values": {
                        "egress": [],
                        "ingress": [
                            {
                                "cidr_blocks": [
                                    false
                                ],
                                "ipv6_cidr_blocks": [],
                                "prefix_list_ids": [],
                                "security_groups": []
                            }
                        ],
                        "tags_all": {}
                    }
                },
                {
                    "address": "aws_security_group.icmp_private",
                    "mode": "managed",
                    "type": "aws_security_group",
                    "name": "icmp_private",
                    "provider_name": "registry.terraform.io/hashicorp/aws",
                    "schema_version": 1,
                    "values": {
                        "description": "Managed by Terraform",
                        "ingress": [
                            {
                                "cidr_blocks": [
                                    "172.16.0.0/12"
                                ],
                                "description": "",
                                "from_port": -1,
                                "ipv6_cidr_blocks": [],
                                "prefix_list_ids": [],
                                "protocol": "icmp",
                                "security_groups": [],
                                "self": false,
                                "to_port": -1
                            }
                        ],
                        "name": "icmp-private",
                        "region": "us-east-1",
                        "revoke_rules_on_delete": false,
                        "tags": null,
                        "timeouts": null
                    },
                    "sensitive_values": {
                        "egress": [],
                        "ingress": [
                            {
                                "cidr_blocks": [
                                    false
                                ],
                                "ipv6_cidr_blocks": [],
                                "prefix_list_ids": [],
                                "security_groups": []
                            }
                        ],
                        "tags_all": {}
                    }
                },
                {
                    "address": "aws_security_group.mixed_networks",
                    "mode": "managed",
                    "type": "aws_security_group",
                    "name": "mixed_networks",
                    "provider_name": "registry.terraform.io/hashicorp/aws",
                    "schema_version": 1,
                    "values": {
                        "description": "Managed by Terraform",
                        "ingress": [
                            {
                                "cidr_blocks": [
                                    "203.0.113.0/24", 
                                    "198.51.100.0/24"
                                ],
                                "description": "",
                                "from_port": 443,
                                "ipv6_cidr_blocks": [],
                                "prefix_list_ids": [],
                                "protocol": "tcp",
                                "security_groups": [],
                                "self": false,
                                "to_port": 443
                            }
                        ],
                        "name": "mixed-networks",
                        "region": "us-east-1",
                        "revoke_rules_on_delete": false,
                        "tags": null,
                        "timeouts": null
                    },
                    "sensitive_values": {
                        "egress": [],
                        "ingress": [
                            {
                                "cidr_blocks": [
                                    false,
                                    false
                                ],
                                "ipv6_cidr_blocks": [],
                                "prefix_list_ids": [],
                                "security_groups": []
                            }
                        ],
                        "tags_all": {}
                    }
                },
                {
                    "address": "aws_security_group.non_sensitive_private",
                    "mode": "managed",
                    "type": "aws_security_group",
                    "name": "non_sensitive_private",
                    "provider_name": "registry.terraform.io/hashicorp/aws",
                    "schema_version": 1,
                    "values": {
                        "description": "Managed by Terraform",
                        "ingress": [
                            {
                                "cidr_blocks": [
                                    "10.0.0.0/8"
                                ],
                                "description": "",
                                "from_port": 8443,
                                "ipv6_cidr_blocks": [],
                                "prefix_list_ids": [],
                                "protocol": "tcp",
                                "security_groups": [],
                                "self": false,
                                "to_port": 8443
                            },
                            {
                                "cidr_blocks": [
                                    "192.168.0.0/16"
                                ],
                                "description": "",
                                "from_port": 9999,
                                "ipv6_cidr_blocks": [],
                                "prefix_list_ids": [],
                                "protocol": "udp",
                                "security_groups": [],
                                "self": false,
                                "to_port": 9999
                            }
                        ],
                        "name": "non-sensitive-private",
                        "region": "us-east-1",
                        "revoke_rules_on_delete": false,
                        "tags": null,
                        "timeouts": null
                    },
                    "sensitive_values": {
                        "egress": [],
                        "ingress": [
                            {
                                "cidr_blocks": [
                                    false
                                ],
                                "ipv6_cidr_blocks": [],
                                "prefix_list_ids": [],
                                "security_groups": []
                            },
                            {
                                "cidr_blocks": [
                                    false
                                ],
                                "ipv6_cidr_blocks": [],
                                "prefix_list_ids": [],
                                "security_groups": []
                            }
                        ],
                        "tags_all": {}
                    }
                },
                {
                    "address": "aws_security_group.ssh_public",
                    "mode": "managed",
                    "type": "aws_security_group",
                    "name": "ssh_public",
                    "provider_name": "registry.terraform.io/hashicorp/aws",
                    "schema_version": 1,
                    "values": {
                        "description": "Managed by Terraform",
                        "ingress": [
                            {
                                "cidr_blocks": [
                                    "0.0.0.0/0"
                                ],
                                "description": "",
                                "from_port": 22,
                                "ipv6_cidr_blocks": [],
                                "prefix_list_ids": [],
                                "protocol": "tcp",
                                "security_groups": [],
                                "self": false,
                                "to_port": 22
                            }
                        ],
                        "name": "ssh-public",
                        "region": "us-east-1",
                        "revoke_rules_on_delete": false,
                        "tags": null,
                        "timeouts": null
                    },
                    "sensitive_values": {
                        "egress": [],
                        "ingress": [
                            {
                                "cidr_blocks": [
                                    false
                                ],
                                "ipv6_cidr_blocks": [],
                                "prefix_list_ids": [],
                                "security_groups": []
                            }
                        ],
                        "tags_all": {}
                    }
                }
            ]
        }
    },
    "resource_changes": [
        {
            "address": "aws_security_group.https_specific_public",
            "mode": "managed",
            "type": "aws_security_group",
            "name": "https_specific_public",
            "provider_name": "registry.terraform.io/hashicorp/aws",
            "change": {
                "actions": [
                    "create"
                ],
                "before": null,
                "after": {
                    "description": "Managed by Terraform",
                    "ingress": [
                        {
                            "cidr_blocks": [
                                "8.8.8.8/32"
                            ],
                            "description": "",
                            "from_port": 443,
                            "ipv6_cidr_blocks": [],
                            "prefix_list_ids": [],
                            "protocol": "tcp",
                            "security_groups": [],
                            "self": false,
                            "to_port": 443
                        }
                    ],
                    "name": "https-specific-public",
                    "region": "us-east-1",
                    "revoke_rules_on_delete": false,
                    "tags": null,
                    "timeouts": null
                },
                "after_unknown": {
                    "arn": true,
                    "egress": true,
                    "id": true,
                    "ingress": [
                        {
                            "cidr_blocks": [
                                false
                            ],
                            "ipv6_cidr_blocks": [],
                            "prefix_list_ids": [],
                            "security_groups": []
                        }
                    ],
                    "name_prefix": true,
                    "owner_id": true,
                    "tags_all": true,
                    "vpc_id": true
                },
                "before_sensitive": false,
                "after_sensitive": {
                    "egress": [],
                    "ingress": [
                        {
                            "cidr_blocks": [
                                false
                            ],
                            "ipv6_cidr_blocks": [],
                            "prefix_list_ids": [],
                            "security_groups": []
                        }
                    ],
                    "tags_all": {}
                }
            }
        },
        {
            "address": "aws_security_group.icmp_private",
            "mode": "managed",
            "type": "aws_security_group",
            "name": "icmp_private",
            "provider_name": "registry.terraform.io/hashicorp/aws",
            "change": {
                "actions": [
                    "create"
                ],
                "before": null,
                "after": {
                    "description": "Managed by Terraform",
                    "ingress": [
                        {
                            "cidr_blocks": [
                                "172.16.0.0/12"
                            ],
                            "description": "",
                            "from_port": -1,
                            "ipv6_cidr_blocks": [],
                            "prefix_list_ids": [],
                            "protocol": "icmp",
                            "security_groups": [],
                            "self": false,
                            "to_port": -1
                        }
                    ],
                    "name": "icmp-private",
                    "region": "us-east-1",
                    "revoke_rules_on_delete": false,
                    "tags": null,
                    "timeouts": null
                },
                "after_unknown": {
                    "arn": true,
                    "egress": true,
                    "id": true,
                    "ingress": [
                        {
                            "cidr_blocks": [
                                false
                            ],
                            "ipv6_cidr_blocks": [],
                            "prefix_list_ids": [],
                            "security_groups": []
                        }
                    ],
                    "name_prefix": true,
                    "owner_id": true,
                    "tags_all": true,
                    "vpc_id": true
                },
                "before_sensitive": false,
                "after_sensitive": {
                    "egress": [],
                    "ingress": [
                        {
                            "cidr_blocks": [
                                false
                            ],
                            "ipv6_cidr_blocks": [],
                            "prefix_list_ids": [],
                            "security_groups": []
                        }
                    ],
                    "tags_all": {}
                }
            }
        },
        {
            "address": "aws_security_group.mixed_networks",
            "mode": "managed",
            "type": "aws_security_group",
            "name": "mixed_networks",
            "provider_name": "registry.terraform.io/hashicorp/aws",
            "change": {
                "actions": [
                    "create"
                ],
                "before": null,
                "after": {
                    "description": "Managed by Terraform",
                    "ingress": [
                        {
                            "cidr_blocks": [
                                "203.0.113.0/24", 
                                "198.51.100.0/24"
                            ],
                            "description": "",
                            "from_port": 443,
                            "ipv6_cidr_blocks": [],
                            "prefix_list_ids": [],
                            "protocol": "tcp",
                            "security_groups": [],
                            "self": false,
                            "to_port": 443
                        }
                    ],
                    "name": "mixed-networks",
                    "region": "us-east-1",
                    "revoke_rules_on_delete": false,
                    "tags": null,
                    "timeouts": null
                },
                "after_unknown": {
                    "arn": true,
                    "egress": true,
                    "id": true,
                    "ingress": [
                        {
                            "cidr_blocks": [
                                false,
                                false
                            ],
                            "ipv6_cidr_blocks": [],
                            "prefix_list_ids": [],
                            "security_groups": []
                        }
                    ],
                    "name_prefix": true,
                    "owner_id": true,
                    "tags_all": true,
                    "vpc_id": true
                },
                "before_sensitive": false,
                "after_sensitive": {
                    "egress": [],
                    "ingress": [
                        {
                            "cidr_blocks": [
                                false,
                                false
                            ],
                            "ipv6_cidr_blocks": [],
                            "prefix_list_ids": [],
                            "security_groups": []
                        }
                    ],
                    "tags_all": {}
                }
            }
        },
        {
            "address": "aws_security_group.non_sensitive_private",
            "mode": "managed",
            "type": "aws_security_group",
            "name": "non_sensitive_private",
            "provider_name": "registry.terraform.io/hashicorp/aws",
            "change": {
                "actions": [
                    "create"
                ],
                "before": null,
                "after": {
                    "description": "Managed by Terraform",
                    "ingress": [
                        {
                            "cidr_blocks": [
                                "10.0.0.0/8"
                            ],
                            "description": "",
                            "from_port": 8443,
                            "ipv6_cidr_blocks": [],
                            "prefix_list_ids": [],
                            "protocol": "tcp",
                            "security_groups": [],
                            "self": false,
                            "to_port": 8443
                        },
                        {
                            "cidr_blocks": [
                                "192.168.0.0/16"
                            ],
                            "description": "",
                            "from_port": 9999,
                            "ipv6_cidr_blocks": [],
                            "prefix_list_ids": [],
                            "protocol": "udp",
                            "security_groups": [],
                            "self": false,
                            "to_port": 9999
                        }
                    ],
                    "name": "non-sensitive-private",
                    "region": "us-east-1",
                    "revoke_rules_on_delete": false,
                    "tags": null,
                    "timeouts": null
                },
                "after_unknown": {
                    "arn": true,
                    "egress": true,
                    "id": true,
                    "ingress": [
                        {
                            "cidr_blocks": [
                                false
                            ],
                            "ipv6_cidr_blocks": [],
                            "prefix_list_ids": [],
                            "security_groups": []
                        },
                        {
                            "cidr_blocks": [
                                false
                            ],
                            "ipv6_cidr_blocks": [],
                            "prefix_list_ids": [],
                            "security_groups": []
                        }
                    ],
                    "name_prefix": true,
                    "owner_id": true,
                    "tags_all": true,
                    "vpc_id": true
                },
                "before_sensitive": false,
                "after_sensitive": {
                    "egress": [],
                    "ingress": [
                        {
                            "cidr_blocks": [
                                false
                            ],
                            "ipv6_cidr_blocks": [],
                            "prefix_list_ids": [],
                            "security_groups": []
                        },
                        {
                            "cidr_blocks": [
                                false
                            ],
                            "ipv6_cidr_blocks": [],
                            "prefix_list_ids": [],
                            "security_groups": []
                        }
                    ],
                    "tags_all": {}
                }
            }
        },
        {
            "address": "aws_security_group.ssh_public",
            "mode": "managed",
            "type": "aws_security_group",
            "name": "ssh_public",
            "provider_name": "registry.terraform.io/hashicorp/aws",
            "change": {
                "actions": [
                    "create"
                ],
                "before": null,
                "after": {
                    "description": "Managed by Terraform",
                    "ingress": [
                        {
                            "cidr_blocks": [
                                "0.0.0.0/0"
                            ],
                            "description": "",
                            "from_port": 22,
                            "ipv6_cidr_blocks": [],
                            "prefix_list_ids": [],
                            "protocol": "tcp",
                            "security_groups": [],
                            "self": false,
                            "to_port": 22
                        }
                    ],
                    "name": "ssh-public",
                    "region": "us-east-1",
                    "revoke_rules_on_delete": false,
                    "tags": null,
                    "timeouts": null
                },
                "after_unknown": {
                    "arn": true,
                    "egress": true,
                    "id": true,
                    "ingress": [
                        {
                            "cidr_blocks": [
                                false
                            ],
                            "ipv6_cidr_blocks": [],
                            "prefix_list_ids": [],
                            "security_groups": []
                        }
                    ],
                    "name_prefix": true,
                    "owner_id": true,
                    "tags_all": true,
                    "vpc_id": true
                },
                "before_sensitive": false,
                "after_sensitive": {
                    "egress": [],
                    "ingress": [
                        {
                            "cidr_blocks": [
                                false
                            ],
                            "ipv6_cidr_blocks": [],
                            "prefix_list_ids": [],
                            "security_groups": []
                        }
                    ],
                    "tags_all": {}
                }
            }
        }
    ],
    "configuration": {
        "provider_config": {
            "aws": {
                "name": "aws",
                "full_name": "registry.terraform.io/hashicorp/aws",
                "version_constraint": "6.4.0",
                "expressions": {
                    "profile": {
                        "constant_value": "saurabh-eis-dev"
                    },
                    "region": {
                        "constant_value": "us-east-1"
                    }
                }
            }
        },
        "root_module": {
            "resources": [
                {
                    "address": "aws_security_group.https_specific_public",
                    "mode": "managed",
                    "type": "aws_security_group",
                    "name": "https_specific_public",
                    "provider_config_key": "aws",
                    "expressions": {
                        "ingress": {
                            "constant_value": [
                                {
                                    "cidr_blocks": [
                                        "8.8.8.8/32"
                                    ],
                                    "description": null,
                                    "from_port": 443,
                                    "ipv6_cidr_blocks": null,
                                    "prefix_list_ids": null,
                                    "protocol": "tcp",
                                    "security_groups": null,
                                    "self": null,
                                    "to_port": 443
                                }
                            ]
                        },
                        "name": {
                            "constant_value": "https-specific-public"
                        }
                    },
                    "schema_version": 1
                },
                {
                    "address": "aws_security_group.icmp_private",
                    "mode": "managed",
                    "type": "aws_security_group",
                    "name": "icmp_private",
                    "provider_config_key": "aws",
                    "expressions": {
                        "ingress": {
                            "constant_value": [
                                {
                                    "cidr_blocks": [
                                        "172.16.0.0/12"
                                    ],
                                    "description": null,
                                    "from_port": -1,
                                    "ipv6_cidr_blocks": null,
                                    "prefix_list_ids": null,
                                    "protocol": "icmp",
                                    "security_groups": null,
                                    "self": null,
                                    "to_port": -1
                                }
                            ]
                        },
                        "name": {
                            "constant_value": "icmp-private"
                        }
                    },
                    "schema_version": 1
                },
                {
                    "address": "aws_security_group.mixed_networks",
                    "mode": "managed",
                    "type": "aws_security_group",
                    "name": "mixed_networks",
                    "provider_config_key": "aws",
                    "expressions": {
                        "ingress": {
                            "constant_value": [
                                {
                                    "cidr_blocks": [
                                        "203.0.113.0/24",
                                        "198.51.100.0/24"
                                    ],
                                    "description": null,
                                    "from_port": 443,
                                    "ipv6_cidr_blocks": null,
                                    "prefix_list_ids": null,
                                    "protocol": "tcp",
                                    "security_groups": null,
                                    "self": null,
                                    "to_port": 443
                                }
                            ]
                        },
                        "name": {
                            "constant_value": "mixed-networks"
                        }
                    },
                    "schema_version": 1
                },
                {
                    "address": "aws_security_group.non_sensitive_private",
                    "mode": "managed",
                    "type": "aws_security_group",
                    "name": "non_sensitive_private",
                    "provider_config_key": "aws",
                    "expressions": {
                        "ingress": {
                            "constant_value": [
                                {
                                    "cidr_blocks": [
                                        "10.0.0.0/8"
                                    ],
                                    "description": null,
                                    "from_port": 8443,
                                    "ipv6_cidr_blocks": null,
                                    "prefix_list_ids": null,
                                    "protocol": "tcp",
                                    "security_groups": null,
                                    "self": null,
                                    "to_port": 8443
                                },
                                {
                                    "cidr_blocks": [
                                        "192.168.0.0/16"
                                    ],
                                    "description": null,
                                    "from_port": 9999,
                                    "ipv6_cidr_blocks": null,
                                    "prefix_list_ids": null,
                                    "protocol": "udp",
                                    "security_groups": null,
                                    "self": null,
                                    "to_port": 9999
                                }
                            ]
                        },
                        "name": {
                            "constant_value": "non-sensitive-private"
                        }
                    },
                    "schema_version": 1
                },
                {
                    "address": "aws_security_group.ssh_public",
                    "mode": "managed",
                    "type": "aws_security_group",
                    "name": "ssh_public",
                    "provider_config_key": "aws",
                    "expressions": {
                        "ingress": {
                            "constant_value": [
                                {
                                    "cidr_blocks": [
                                        "0.0.0.0/0"
                                    ],
                                    "description": null,
                                    "from_port": 22,
                                    "ipv6_cidr_blocks": null,
                                    "prefix_list_ids": null,
                                    "protocol": "tcp",
                                    "security_groups": null,
                                    "self": null,
                                    "to_port": 22
                                }
                            ]
                        },
                        "name": {
                            "constant_value": "ssh-public"
                        }
                    },
                    "schema_version": 1
                }
            ]
        }
    },
    "timestamp": "2025-08-14T12:40:51Z",
    "errored": false
}