{
    "format_version": "1.2",
    "terraform_version": "1.7.5",
    "planned_values": {
        "root_module": {
            "resources": [
                {
                    "address": "azurerm_api_management.negative",
                    "mode": "managed",
                    "type": "azurerm_api_management",
                    "name": "negative",
                    "provider_name": "registry.terraform.io/hashicorp/azurerm",
                    "schema_version": 0,
                    "values": {
                        "additional_location": [],
                        "certificate": [],
                        "client_certificate_enabled": false,
                        "gateway_disabled": false,
                        "identity": [],
                        "location": "westeurope",
                        "min_api_version": null,
                        "name": "example-apim",
                        "public_ip_address_id": null,
                        "public_network_access_enabled": false,
                        "publisher_email": "company@mycompany.io",
                        "publisher_name": "My Company",
                        "resource_group_name": "example-resources",
                        "security": [
                            {
                                "enable_backend_ssl30": false,
                                "enable_backend_tls10": false,
                                "enable_backend_tls11": false,
                                "enable_frontend_ssl30": false,
                                "enable_frontend_tls10": false,
                                "enable_frontend_tls11": false,
                                "tls_ecdhe_ecdsa_with_aes128_cbc_sha_ciphers_enabled": false,
                                "tls_ecdhe_ecdsa_with_aes256_cbc_sha_ciphers_enabled": false,
                                "tls_ecdhe_rsa_with_aes128_cbc_sha_ciphers_enabled": false,
                                "tls_ecdhe_rsa_with_aes256_cbc_sha_ciphers_enabled": false,
                                "tls_rsa_with_aes128_cbc_sha256_ciphers_enabled": false,
                                "tls_rsa_with_aes128_cbc_sha_ciphers_enabled": false,
                                "tls_rsa_with_aes128_gcm_sha256_ciphers_enabled": false,
                                "tls_rsa_with_aes256_cbc_sha256_ciphers_enabled": false,
                                "tls_rsa_with_aes256_cbc_sha_ciphers_enabled": false,
                                "tls_rsa_with_aes256_gcm_sha384_ciphers_enabled": false,
                                "triple_des_ciphers_enabled": null
                            }
                        ],
                        "sku_name": "Premium_1",
                        "tags": {
                            "costcenter": "02045",
                            "dataclassification": "confidential",
                            "environmenttype": "dev",
                            "itpmid": "12345",
                            "sharedemailaddress": "CloudSecurityServices@cvshealth.com"
                        },
                        "timeouts": null,
                        "virtual_network_configuration": [],
                        "virtual_network_type": "Internal",
                        "zones": null
                    },
                    "sensitive_values": {
                        "additional_location": [],
                        "certificate": [],
                        "delegation": [],
                        "hostname_configuration": [],
                        "identity": [],
                        "policy": [],
                        "private_ip_addresses": [],
                        "protocols": [],
                        "public_ip_addresses": [],
                        "security": [
                            {}
                        ],
                        "sign_in": [],
                        "sign_up": [],
                        "tags": {},
                        "tenant_access": [],
                        "virtual_network_configuration": []
                    }
                },
                {
                    "address": "azurerm_resource_group.example",
                    "mode": "managed",
                    "type": "azurerm_resource_group",
                    "name": "example",
                    "provider_name": "registry.terraform.io/hashicorp/azurerm",
                    "schema_version": 0,
                    "values": {
                        "location": "westeurope",
                        "managed_by": null,
                        "name": "example-resources",
                        "tags": null,
                        "timeouts": null
                    },
                    "sensitive_values": {}
                }
            ]
        }
    },
    "resource_changes": [
        {
            "address": "azurerm_api_management.negative",
            "mode": "managed",
            "type": "azurerm_api_management",
            "name": "negative",
            "provider_name": "registry.terraform.io/hashicorp/azurerm",
            "change": {
                "actions": [
                    "create"
                ],
                "before": null,
                "after": {
                    "additional_location": [],
                    "certificate": [],
                    "client_certificate_enabled": false,
                    "gateway_disabled": false,
                    "identity": [],
                    "location": "westeurope",
                    "min_api_version": null,
                    "name": "example-apim",
                    "public_ip_address_id": null,
                    "public_network_access_enabled": false,
                    "publisher_email": "company@mycompany.io",
                    "publisher_name": "My Company",
                    "resource_group_name": "example-resources",
                    "security": [
                        {
                            "enable_backend_ssl30": false,
                            "enable_backend_tls10": false,
                            "enable_backend_tls11": false,
                            "enable_frontend_ssl30": false,
                            "enable_frontend_tls10": false,
                            "enable_frontend_tls11": false,
                            "tls_ecdhe_ecdsa_with_aes128_cbc_sha_ciphers_enabled": false,
                            "tls_ecdhe_ecdsa_with_aes256_cbc_sha_ciphers_enabled": false,
                            "tls_ecdhe_rsa_with_aes128_cbc_sha_ciphers_enabled": false,
                            "tls_ecdhe_rsa_with_aes256_cbc_sha_ciphers_enabled": false,
                            "tls_rsa_with_aes128_cbc_sha256_ciphers_enabled": false,
                            "tls_rsa_with_aes128_cbc_sha_ciphers_enabled": false,
                            "tls_rsa_with_aes128_gcm_sha256_ciphers_enabled": false,
                            "tls_rsa_with_aes256_cbc_sha256_ciphers_enabled": false,
                            "tls_rsa_with_aes256_cbc_sha_ciphers_enabled": false,
                            "tls_rsa_with_aes256_gcm_sha384_ciphers_enabled": false,
                            "triple_des_ciphers_enabled": null
                        }
                    ],
                    "sku_name": "Premium_1",
                    "tags": {
                        "costcenter": "02045",
                        "dataclassification": "confidential",
                        "environmenttype": "dev",
                        "itpmid": "12345",
                        "sharedemailaddress": "CloudSecurityServices@cvshealth.com"
                    },
                    "timeouts": null,
                    "virtual_network_configuration": [],
                    "virtual_network_type": "Internal",
                    "zones": null
                },
                "after_unknown": {
                    "additional_location": [],
                    "certificate": [],
                    "delegation": true,
                    "developer_portal_url": true,
                    "gateway_regional_url": true,
                    "gateway_url": true,
                    "hostname_configuration": true,
                    "id": true,
                    "identity": [],
                    "management_api_url": true,
                    "notification_sender_email": true,
                    "policy": true,
                    "portal_url": true,
                    "private_ip_addresses": true,
                    "protocols": true,
                    "public_ip_addresses": true,
                    "scm_url": true,
                    "security": [
                        {}
                    ],
                    "sign_in": true,
                    "sign_up": true,
                    "tags": {},
                    "tenant_access": true,
                    "virtual_network_configuration": []
                },
                "before_sensitive": false,
                "after_sensitive": {
                    "additional_location": [],
                    "certificate": [],
                    "delegation": [],
                    "hostname_configuration": [],
                    "identity": [],
                    "policy": [],
                    "private_ip_addresses": [],
                    "protocols": [],
                    "public_ip_addresses": [],
                    "security": [
                        {}
                    ],
                    "sign_in": [],
                    "sign_up": [],
                    "tags": {},
                    "tenant_access": [],
                    "virtual_network_configuration": []
                }
            }
        },
        {
            "address": "azurerm_resource_group.example",
            "mode": "managed",
            "type": "azurerm_resource_group",
            "name": "example",
            "provider_name": "registry.terraform.io/hashicorp/azurerm",
            "change": {
                "actions": [
                    "create"
                ],
                "before": null,
                "after": {
                    "location": "westeurope",
                    "managed_by": null,
                    "name": "example-resources",
                    "tags": null,
                    "timeouts": null
                },
                "after_unknown": {
                    "id": true
                },
                "before_sensitive": false,
                "after_sensitive": {}
            }
        }
    ],
    "configuration": {
        "provider_config": {
            "azurerm": {
                "name": "azurerm",
                "full_name": "registry.terraform.io/hashicorp/azurerm",
                "version_constraint": "3.117.0",
                "expressions": {
                    "features": [
                        {}
                    ]
                }
            }
        },
        "root_module": {
            "resources": [
                {
                    "address": "azurerm_api_management.negative",
                    "mode": "managed",
                    "type": "azurerm_api_management",
                    "name": "negative",
                    "provider_config_key": "azurerm",
                    "expressions": {
                        "location": {
                            "references": [
                                "azurerm_resource_group.example.location",
                                "azurerm_resource_group.example"
                            ]
                        },
                        "name": {
                            "constant_value": "example-apim"
                        },
                        "public_network_access_enabled": {
                            "constant_value": false
                        },
                        "publisher_email": {
                            "constant_value": "company@mycompany.io"
                        },
                        "publisher_name": {
                            "constant_value": "My Company"
                        },
                        "resource_group_name": {
                            "references": [
                                "azurerm_resource_group.example.name",
                                "azurerm_resource_group.example"
                            ]
                        },
                        "security": [
                            {
                                "enable_backend_tls11": {
                                    "constant_value": false
                                },
                                "enable_frontend_tls11": {
                                    "constant_value": false
                                }
                            }
                        ],
                        "sku_name": {
                            "constant_value": "Premium_1"
                        },
                        "tags": {
                            "constant_value": {
                                "costcenter": "02045",
                                "dataclassification": "confidential",
                                "environmenttype": "dev",
                                "itpmid": "12345",
                                "sharedemailaddress": "CloudSecurityServices@cvshealth.com"
                            }
                        },
                        "virtual_network_type": {
                            "constant_value": "Internal"
                        }
                    },
                    "schema_version": 0
                },
                {
                    "address": "azurerm_resource_group.example",
                    "mode": "managed",
                    "type": "azurerm_resource_group",
                    "name": "example",
                    "provider_config_key": "azurerm",
                    "expressions": {
                        "location": {
                            "constant_value": "West Europe"
                        },
                        "name": {
                            "constant_value": "example-resources"
                        }
                    },
                    "schema_version": 0
                }
            ]
        }
    },
    "relevant_attributes": [
        {
            "resource": "azurerm_resource_group.example",
            "attribute": [
                "name"
            ]
        },
        {
            "resource": "azurerm_resource_group.example",
            "attribute": [
                "location"
            ]
        }
    ],
    "timestamp": "2025-01-31T22:18:00Z",
    "errored": false
}