{
    "format_version": "1.2",
    "terraform_version": "1.7.5",
    "planned_values": {
        "root_module": {
            "resources": [
                {
                    "address": "azurerm_application_gateway.positive1",
                    "mode": "managed",
                    "type": "azurerm_application_gateway",
                    "name": "positive1",
                    "provider_name": "registry.terraform.io/hashicorp/azurerm",
                    "schema_version": 0,
                    "values": {
                        "authentication_certificate": [],
                        "autoscale_configuration": [],
                        "backend_address_pool": [
                            {
                                "fqdns": [],
                                "ip_addresses": [],
                                "name": "example-network-beap"
                            }
                        ],
                        "backend_http_settings": [
                            {
                                "affinity_cookie_name": "",
                                "authentication_certificate": [],
                                "connection_draining": [],
                                "cookie_based_affinity": "Disabled",
                                "host_name": "",
                                "name": "example-network-be-htst",
                                "path": "/path1/",
                                "pick_host_name_from_backend_address": false,
                                "port": 443,
                                "probe_name": "",
                                "protocol": "Https",
                                "request_timeout": 60,
                                "trusted_root_certificate_names": []
                            }
                        ],
                        "custom_error_configuration": [],
                        "enable_http2": null,
                        "fips_enabled": null,
                        "firewall_policy_id": null,
                        "force_firewall_policy_association": null,
                        "frontend_ip_configuration": [
                            {
                                "name": "example-network-feip",
                                "private_ip_address_allocation": "Dynamic",
                                "private_link_configuration_name": null,
                                "subnet_id": null
                            }
                        ],
                        "frontend_port": [
                            {
                                "name": "example-network-feport",
                                "port": 443
                            }
                        ],
                        "gateway_ip_configuration": [
                            {
                                "name": "my-gateway-ip-configuration"
                            }
                        ],
                        "global": [],
                        "http_listener": [
                            {
                                "custom_error_configuration": [],
                                "firewall_policy_id": "",
                                "frontend_ip_configuration_name": "example-network-feip",
                                "frontend_port_name": "example-network-feport",
                                "host_name": "",
                                "host_names": [],
                                "name": "example-network-httplstn",
                                "protocol": "Https",
                                "require_sni": null,
                                "ssl_certificate_name": "",
                                "ssl_profile_name": ""
                            }
                        ],
                        "identity": [],
                        "location": "westeurope",
                        "name": "example-appgateway",
                        "private_link_configuration": [],
                        "probe": [],
                        "redirect_configuration": [],
                        "request_routing_rule": [
                            {
                                "backend_address_pool_name": "example-network-beap",
                                "backend_http_settings_name": "example-network-be-htst",
                                "http_listener_name": "example-network-httplstn",
                                "name": "example-network-rqrt",
                                "priority": 9,
                                "redirect_configuration_name": "",
                                "rewrite_rule_set_name": "",
                                "rule_type": "Basic",
                                "url_path_map_name": ""
                            }
                        ],
                        "resource_group_name": "example-resources",
                        "rewrite_rule_set": [],
                        "sku": [
                            {
                                "capacity": 2,
                                "name": "Standard_v2",
                                "tier": "Standard_v2"
                            }
                        ],
                        "ssl_certificate": [],
                        "ssl_profile": [
                            {
                                "name": "sslp-api-gw",
                                "ssl_policy": [
                                    {
                                        "cipher_suites": null,
                                        "disabled_protocols": [
                                            "TLSv1_0",
                                            "TLSv1_1"
                                        ],
                                        "min_protocol_version": null,
                                        "policy_name": null,
                                        "policy_type": null
                                    }
                                ],
                                "trusted_client_certificate_names": null,
                                "verify_client_cert_issuer_dn": false,
                                "verify_client_certificate_revocation": null
                            }
                        ],
                        "tags": {
                            "costcenter": "02045",
                            "dataclassification": "confidential",
                            "environmenttype": "dev",
                            "itpmid": "12345",
                            "sharedemailaddress": "CloudSecurityServices@cvshealth.com"
                        },
                        "timeouts": null,
                        "trusted_client_certificate": [],
                        "trusted_root_certificate": [],
                        "url_path_map": [],
                        "zones": null
                    },
                    "sensitive_values": {
                        "authentication_certificate": [],
                        "autoscale_configuration": [],
                        "backend_address_pool": [
                            {
                                "fqdns": [],
                                "ip_addresses": []
                            }
                        ],
                        "backend_http_settings": [
                            {
                                "authentication_certificate": [],
                                "connection_draining": [],
                                "trusted_root_certificate_names": []
                            }
                        ],
                        "custom_error_configuration": [],
                        "frontend_ip_configuration": [
                            {}
                        ],
                        "frontend_port": [
                            {}
                        ],
                        "gateway_ip_configuration": [
                            {}
                        ],
                        "global": [],
                        "http_listener": [
                            {
                                "custom_error_configuration": [],
                                "host_names": []
                            }
                        ],
                        "identity": [],
                        "private_endpoint_connection": [],
                        "private_link_configuration": [],
                        "probe": [],
                        "redirect_configuration": [],
                        "request_routing_rule": [
                            {}
                        ],
                        "rewrite_rule_set": [],
                        "sku": [
                            {}
                        ],
                        "ssl_certificate": [],
                        "ssl_policy": [],
                        "ssl_profile": [
                            {
                                "ssl_policy": [
                                    {
                                        "disabled_protocols": [
                                            false,
                                            false
                                        ]
                                    }
                                ]
                            }
                        ],
                        "tags": {},
                        "trusted_client_certificate": [],
                        "trusted_root_certificate": [],
                        "url_path_map": [],
                        "waf_configuration": [
                            {
                                "disabled_rule_group": [],
                                "exclusion": []
                            }
                        ]
                    }
                },
                {
                    "address": "azurerm_public_ip.example",
                    "mode": "managed",
                    "type": "azurerm_public_ip",
                    "name": "example",
                    "provider_name": "registry.terraform.io/hashicorp/azurerm",
                    "schema_version": 0,
                    "values": {
                        "allocation_method": "Static",
                        "ddos_protection_mode": "VirtualNetworkInherited",
                        "ddos_protection_plan_id": null,
                        "domain_name_label": null,
                        "edge_zone": null,
                        "idle_timeout_in_minutes": 4,
                        "ip_tags": null,
                        "ip_version": "IPv4",
                        "location": "westeurope",
                        "name": "example-pip",
                        "public_ip_prefix_id": null,
                        "resource_group_name": "example-resources",
                        "reverse_fqdn": null,
                        "sku": "Basic",
                        "sku_tier": "Regional",
                        "tags": null,
                        "timeouts": null,
                        "zones": null
                    },
                    "sensitive_values": {}
                },
                {
                    "address": "azurerm_resource_group.example",
                    "mode": "managed",
                    "type": "azurerm_resource_group",
                    "name": "example",
                    "provider_name": "registry.terraform.io/hashicorp/azurerm",
                    "schema_version": 0,
                    "values": {
                        "location": "westeurope",
                        "managed_by": null,
                        "name": "example-resources",
                        "tags": null,
                        "timeouts": null
                    },
                    "sensitive_values": {}
                },
                {
                    "address": "azurerm_subnet.example",
                    "mode": "managed",
                    "type": "azurerm_subnet",
                    "name": "example",
                    "provider_name": "registry.terraform.io/hashicorp/azurerm",
                    "schema_version": 0,
                    "values": {
                        "address_prefixes": [
                            "10.254.0.0/24"
                        ],
                        "default_outbound_access_enabled": true,
                        "delegation": [],
                        "name": "example",
                        "resource_group_name": "example-resources",
                        "service_endpoint_policy_ids": null,
                        "service_endpoints": null,
                        "timeouts": null,
                        "virtual_network_name": "example-network"
                    },
                    "sensitive_values": {
                        "address_prefixes": [
                            false
                        ],
                        "delegation": []
                    }
                },
                {
                    "address": "azurerm_virtual_network.example",
                    "mode": "managed",
                    "type": "azurerm_virtual_network",
                    "name": "example",
                    "provider_name": "registry.terraform.io/hashicorp/azurerm",
                    "schema_version": 0,
                    "values": {
                        "address_space": [
                            "10.254.0.0/16"
                        ],
                        "bgp_community": null,
                        "ddos_protection_plan": [],
                        "edge_zone": null,
                        "encryption": [],
                        "flow_timeout_in_minutes": null,
                        "location": "westeurope",
                        "name": "example-network",
                        "resource_group_name": "example-resources",
                        "tags": null,
                        "timeouts": null
                    },
                    "sensitive_values": {
                        "address_space": [
                            false
                        ],
                        "ddos_protection_plan": [],
                        "dns_servers": [],
                        "encryption": [],
                        "subnet": []
                    }
                }
            ]
        }
    },
    "resource_changes": [
        {
            "address": "azurerm_application_gateway.positive1",
            "mode": "managed",
            "type": "azurerm_application_gateway",
            "name": "positive1",
            "provider_name": "registry.terraform.io/hashicorp/azurerm",
            "change": {
                "actions": [
                    "create"
                ],
                "before": null,
                "after": {
                    "authentication_certificate": [],
                    "autoscale_configuration": [],
                    "backend_address_pool": [
                        {
                            "fqdns": [],
                            "ip_addresses": [],
                            "name": "example-network-beap"
                        }
                    ],
                    "backend_http_settings": [
                        {
                            "affinity_cookie_name": "",
                            "authentication_certificate": [],
                            "connection_draining": [],
                            "cookie_based_affinity": "Disabled",
                            "host_name": "",
                            "name": "example-network-be-htst",
                            "path": "/path1/",
                            "pick_host_name_from_backend_address": false,
                            "port": 443,
                            "probe_name": "",
                            "protocol": "Https",
                            "request_timeout": 60,
                            "trusted_root_certificate_names": []
                        }
                    ],
                    "custom_error_configuration": [],
                    "enable_http2": null,
                    "fips_enabled": null,
                    "firewall_policy_id": null,
                    "force_firewall_policy_association": null,
                    "frontend_ip_configuration": [
                        {
                            "name": "example-network-feip",
                            "private_ip_address_allocation": "Dynamic",
                            "private_link_configuration_name": null,
                            "subnet_id": null
                        }
                    ],
                    "frontend_port": [
                        {
                            "name": "example-network-feport",
                            "port": 443
                        }
                    ],
                    "gateway_ip_configuration": [
                        {
                            "name": "my-gateway-ip-configuration"
                        }
                    ],
                    "global": [],
                    "http_listener": [
                        {
                            "custom_error_configuration": [],
                            "firewall_policy_id": "",
                            "frontend_ip_configuration_name": "example-network-feip",
                            "frontend_port_name": "example-network-feport",
                            "host_name": "",
                            "host_names": [],
                            "name": "example-network-httplstn",
                            "protocol": "Https",
                            "require_sni": null,
                            "ssl_certificate_name": "",
                            "ssl_profile_name": ""
                        }
                    ],
                    "identity": [],
                    "location": "westeurope",
                    "name": "example-appgateway",
                    "private_link_configuration": [],
                    "probe": [],
                    "redirect_configuration": [],
                    "request_routing_rule": [
                        {
                            "backend_address_pool_name": "example-network-beap",
                            "backend_http_settings_name": "example-network-be-htst",
                            "http_listener_name": "example-network-httplstn",
                            "name": "example-network-rqrt",
                            "priority": 9,
                            "redirect_configuration_name": "",
                            "rewrite_rule_set_name": "",
                            "rule_type": "Basic",
                            "url_path_map_name": ""
                        }
                    ],
                    "resource_group_name": "example-resources",
                    "rewrite_rule_set": [],
                    "sku": [
                        {
                            "capacity": 2,
                            "name": "Standard_v2",
                            "tier": "Standard_v2"
                        }
                    ],
                    "ssl_certificate": [],
                    "ssl_profile": [
                        {
                            "name": "sslp-api-gw",
                            "ssl_policy": [
                                {
                                    "cipher_suites": null,
                                    "disabled_protocols": [
                                        "TLSv1_0",
                                        "TLSv1_1"
                                    ],
                                    "min_protocol_version": null,
                                    "policy_name": null,
                                    "policy_type": null
                                }
                            ],
                            "trusted_client_certificate_names": null,
                            "verify_client_cert_issuer_dn": false,
                            "verify_client_certificate_revocation": null
                        }
                    ],
                    "tags": {
                        "costcenter": "02045",
                        "dataclassification": "confidential",
                        "environmenttype": "dev",
                        "itpmid": "12345",
                        "sharedemailaddress": "CloudSecurityServices@cvshealth.com"
                    },
                    "timeouts": null,
                    "trusted_client_certificate": [],
                    "trusted_root_certificate": [],
                    "url_path_map": [],
                    "waf_configuration": [
                        {
                            "disabled_rule_group": [],
                            "enabled": true,
                            "exclusion": [],
                            "file_upload_limit_mb": 100,
                            "firewall_mode": "Prevention",
                            "max_request_body_size_kb": 128,
                            "request_body_check": true,
                            "rule_set_type": "OWASP",
                            "rule_set_version": "1.0"
                        }
                    ],
                    "zones": null
                },
                "after_unknown": {
                    "authentication_certificate": [],
                    "autoscale_configuration": [],
                    "backend_address_pool": [
                        {
                            "fqdns": [],
                            "id": true,
                            "ip_addresses": []
                        }
                    ],
                    "backend_http_settings": [
                        {
                            "authentication_certificate": [],
                            "connection_draining": [],
                            "id": true,
                            "probe_id": true,
                            "trusted_root_certificate_names": []
                        }
                    ],
                    "custom_error_configuration": [],
                    "frontend_ip_configuration": [
                        {
                            "id": true,
                            "private_ip_address": true,
                            "private_link_configuration_id": true,
                            "public_ip_address_id": true
                        }
                    ],
                    "frontend_port": [
                        {
                            "id": true
                        }
                    ],
                    "gateway_ip_configuration": [
                        {
                            "id": true,
                            "subnet_id": true
                        }
                    ],
                    "global": [],
                    "http_listener": [
                        {
                            "custom_error_configuration": [],
                            "frontend_ip_configuration_id": true,
                            "frontend_port_id": true,
                            "host_names": [],
                            "id": true,
                            "ssl_certificate_id": true,
                            "ssl_profile_id": true
                        }
                    ],
                    "id": true,
                    "identity": [],
                    "private_endpoint_connection": true,
                    "private_link_configuration": [],
                    "probe": [],
                    "redirect_configuration": [],
                    "request_routing_rule": [
                        {
                            "backend_address_pool_id": true,
                            "backend_http_settings_id": true,
                            "http_listener_id": true,
                            "id": true,
                            "redirect_configuration_id": true,
                            "rewrite_rule_set_id": true,
                            "url_path_map_id": true
                        }
                    ],
                    "rewrite_rule_set": [],
                    "sku": [
                        {}
                    ],
                    "ssl_certificate": [],
                    "ssl_policy": true,
                    "ssl_profile": [
                        {
                            "id": true,
                            "ssl_policy": [
                                {
                                    "disabled_protocols": [
                                        false,
                                        false
                                    ]
                                }
                            ]
                        }
                    ],
                    "tags": {},
                    "trusted_client_certificate": [],
                    "trusted_root_certificate": [],
                    "url_path_map": [],
                    "waf_configuration": [
                        {
                            "disabled_rule_group": [],
                            "exclusion": []
                        }
                    ]
                },
                "before_sensitive": false,
                "after_sensitive": {
                    "authentication_certificate": [],
                    "autoscale_configuration": [],
                    "backend_address_pool": [
                        {
                            "fqdns": [],
                            "ip_addresses": []
                        }
                    ],
                    "backend_http_settings": [
                        {
                            "authentication_certificate": [],
                            "connection_draining": [],
                            "trusted_root_certificate_names": []
                        }
                    ],
                    "custom_error_configuration": [],
                    "frontend_ip_configuration": [
                        {}
                    ],
                    "frontend_port": [
                        {}
                    ],
                    "gateway_ip_configuration": [
                        {}
                    ],
                    "global": [],
                    "http_listener": [
                        {
                            "custom_error_configuration": [],
                            "host_names": []
                        }
                    ],
                    "identity": [],
                    "private_endpoint_connection": [],
                    "private_link_configuration": [],
                    "probe": [],
                    "redirect_configuration": [],
                    "request_routing_rule": [
                        {}
                    ],
                    "rewrite_rule_set": [],
                    "sku": [
                        {}
                    ],
                    "ssl_certificate": [],
                    "ssl_policy": [],
                    "ssl_profile": [
                        {
                            "ssl_policy": [
                                {
                                    "disabled_protocols": [
                                        false,
                                        false
                                    ]
                                }
                            ]
                        }
                    ],
                    "tags": {},
                    "trusted_client_certificate": [],
                    "trusted_root_certificate": [],
                    "url_path_map": [],
                    "waf_configuration": [
                        {
                            "disabled_rule_group": [],
                            "exclusion": []
                        }
                    ]
                }
            }
        },
        {
            "address": "azurerm_public_ip.example",
            "mode": "managed",
            "type": "azurerm_public_ip",
            "name": "example",
            "provider_name": "registry.terraform.io/hashicorp/azurerm",
            "change": {
                "actions": [
                    "create"
                ],
                "before": null,
                "after": {
                    "allocation_method": "Static",
                    "ddos_protection_mode": "VirtualNetworkInherited",
                    "ddos_protection_plan_id": null,
                    "domain_name_label": null,
                    "edge_zone": null,
                    "idle_timeout_in_minutes": 4,
                    "ip_tags": null,
                    "ip_version": "IPv4",
                    "location": "westeurope",
                    "name": "example-pip",
                    "public_ip_prefix_id": null,
                    "resource_group_name": "example-resources",
                    "reverse_fqdn": null,
                    "sku": "Basic",
                    "sku_tier": "Regional",
                    "tags": null,
                    "timeouts": null,
                    "zones": null
                },
                "after_unknown": {
                    "fqdn": true,
                    "id": true,
                    "ip_address": true
                },
                "before_sensitive": false,
                "after_sensitive": {}
            }
        },
        {
            "address": "azurerm_resource_group.example",
            "mode": "managed",
            "type": "azurerm_resource_group",
            "name": "example",
            "provider_name": "registry.terraform.io/hashicorp/azurerm",
            "change": {
                "actions": [
                    "create"
                ],
                "before": null,
                "after": {
                    "location": "westeurope",
                    "managed_by": null,
                    "name": "example-resources",
                    "tags": null,
                    "timeouts": null
                },
                "after_unknown": {
                    "id": true
                },
                "before_sensitive": false,
                "after_sensitive": {}
            }
        },
        {
            "address": "azurerm_subnet.example",
            "mode": "managed",
            "type": "azurerm_subnet",
            "name": "example",
            "provider_name": "registry.terraform.io/hashicorp/azurerm",
            "change": {
                "actions": [
                    "create"
                ],
                "before": null,
                "after": {
                    "address_prefixes": [
                        "10.254.0.0/24"
                    ],
                    "default_outbound_access_enabled": true,
                    "delegation": [],
                    "name": "example",
                    "resource_group_name": "example-resources",
                    "service_endpoint_policy_ids": null,
                    "service_endpoints": null,
                    "timeouts": null,
                    "virtual_network_name": "example-network"
                },
                "after_unknown": {
                    "address_prefixes": [
                        false
                    ],
                    "delegation": [],
                    "enforce_private_link_endpoint_network_policies": true,
                    "enforce_private_link_service_network_policies": true,
                    "id": true,
                    "private_endpoint_network_policies": true,
                    "private_endpoint_network_policies_enabled": true,
                    "private_link_service_network_policies_enabled": true
                },
                "before_sensitive": false,
                "after_sensitive": {
                    "address_prefixes": [
                        false
                    ],
                    "delegation": []
                }
            }
        },
        {
            "address": "azurerm_virtual_network.example",
            "mode": "managed",
            "type": "azurerm_virtual_network",
            "name": "example",
            "provider_name": "registry.terraform.io/hashicorp/azurerm",
            "change": {
                "actions": [
                    "create"
                ],
                "before": null,
                "after": {
                    "address_space": [
                        "10.254.0.0/16"
                    ],
                    "bgp_community": null,
                    "ddos_protection_plan": [],
                    "edge_zone": null,
                    "encryption": [],
                    "flow_timeout_in_minutes": null,
                    "location": "westeurope",
                    "name": "example-network",
                    "resource_group_name": "example-resources",
                    "tags": null,
                    "timeouts": null
                },
                "after_unknown": {
                    "address_space": [
                        false
                    ],
                    "ddos_protection_plan": [],
                    "dns_servers": true,
                    "encryption": [],
                    "guid": true,
                    "id": true,
                    "subnet": true
                },
                "before_sensitive": false,
                "after_sensitive": {
                    "address_space": [
                        false
                    ],
                    "ddos_protection_plan": [],
                    "dns_servers": [],
                    "encryption": [],
                    "subnet": []
                }
            }
        }
    ],
    "configuration": {
        "provider_config": {
            "azurerm": {
                "name": "azurerm",
                "full_name": "registry.terraform.io/hashicorp/azurerm",
                "version_constraint": "3.117.0",
                "expressions": {
                    "features": [
                        {}
                    ]
                }
            }
        },
        "root_module": {
            "resources": [
                {
                    "address": "azurerm_application_gateway.positive1",
                    "mode": "managed",
                    "type": "azurerm_application_gateway",
                    "name": "positive1",
                    "provider_config_key": "azurerm",
                    "expressions": {
                        "backend_address_pool": [
                            {
                                "name": {
                                    "references": [
                                        "local.backend_address_pool_name"
                                    ]
                                }
                            }
                        ],
                        "backend_http_settings": [
                            {
                                "cookie_based_affinity": {
                                    "constant_value": "Disabled"
                                },
                                "name": {
                                    "references": [
                                        "local.http_setting_name"
                                    ]
                                },
                                "path": {
                                    "constant_value": "/path1/"
                                },
                                "port": {
                                    "constant_value": 443
                                },
                                "protocol": {
                                    "constant_value": "Https"
                                },
                                "request_timeout": {
                                    "constant_value": 60
                                }
                            }
                        ],
                        "frontend_ip_configuration": [
                            {
                                "name": {
                                    "references": [
                                        "local.frontend_ip_configuration_name"
                                    ]
                                },
                                "public_ip_address_id": {
                                    "references": [
                                        "azurerm_public_ip.example.id",
                                        "azurerm_public_ip.example"
                                    ]
                                }
                            }
                        ],
                        "frontend_port": [
                            {
                                "name": {
                                    "references": [
                                        "local.frontend_port_name"
                                    ]
                                },
                                "port": {
                                    "constant_value": 443
                                }
                            }
                        ],
                        "gateway_ip_configuration": [
                            {
                                "name": {
                                    "constant_value": "my-gateway-ip-configuration"
                                },
                                "subnet_id": {
                                    "references": [
                                        "azurerm_subnet.example.id",
                                        "azurerm_subnet.example"
                                    ]
                                }
                            }
                        ],
                        "http_listener": [
                            {
                                "frontend_ip_configuration_name": {
                                    "references": [
                                        "local.frontend_ip_configuration_name"
                                    ]
                                },
                                "frontend_port_name": {
                                    "references": [
                                        "local.frontend_port_name"
                                    ]
                                },
                                "name": {
                                    "references": [
                                        "local.listener_name"
                                    ]
                                },
                                "protocol": {
                                    "constant_value": "Https"
                                }
                            }
                        ],
                        "location": {
                            "references": [
                                "azurerm_resource_group.example.location",
                                "azurerm_resource_group.example"
                            ]
                        },
                        "name": {
                            "constant_value": "example-appgateway"
                        },
                        "request_routing_rule": [
                            {
                                "backend_address_pool_name": {
                                    "references": [
                                        "local.backend_address_pool_name"
                                    ]
                                },
                                "backend_http_settings_name": {
                                    "references": [
                                        "local.http_setting_name"
                                    ]
                                },
                                "http_listener_name": {
                                    "references": [
                                        "local.listener_name"
                                    ]
                                },
                                "name": {
                                    "references": [
                                        "local.request_routing_rule_name"
                                    ]
                                },
                                "priority": {
                                    "constant_value": 9
                                },
                                "rule_type": {
                                    "constant_value": "Basic"
                                }
                            }
                        ],
                        "resource_group_name": {
                            "references": [
                                "azurerm_resource_group.example.name",
                                "azurerm_resource_group.example"
                            ]
                        },
                        "sku": [
                            {
                                "capacity": {
                                    "constant_value": 2
                                },
                                "name": {
                                    "constant_value": "Standard_v2"
                                },
                                "tier": {
                                    "constant_value": "Standard_v2"
                                }
                            }
                        ],
                        "ssl_profile": [
                            {
                                "name": {
                                    "constant_value": "sslp-api-gw"
                                },
                                "ssl_policy": [
                                    {
                                        "disabled_protocols": {
                                            "constant_value": [
                                                "TLSv1_0",
                                                "TLSv1_1"
                                            ]
                                        }
                                    }
                                ]
                            }
                        ],
                        "tags": {
                            "constant_value": {
                                "costcenter": "02045",
                                "dataclassification": "confidential",
                                "environmenttype": "dev",
                                "itpmid": "12345",
                                "sharedemailaddress": "CloudSecurityServices@cvshealth.com"
                            }
                        },
                        "waf_configuration": [
                            {
                                "enabled": {
                                    "constant_value": true
                                },
                                "firewall_mode": {
                                    "constant_value": "Prevention"
                                },
                                "rule_set_type": {
                                    "constant_value": "OWASP"
                                },
                                "rule_set_version": {
                                    "constant_value": "1.0"
                                }
                            }
                        ]
                    },
                    "schema_version": 0
                },
                {
                    "address": "azurerm_public_ip.example",
                    "mode": "managed",
                    "type": "azurerm_public_ip",
                    "name": "example",
                    "provider_config_key": "azurerm",
                    "expressions": {
                        "allocation_method": {
                            "constant_value": "Static"
                        },
                        "location": {
                            "references": [
                                "azurerm_resource_group.example.location",
                                "azurerm_resource_group.example"
                            ]
                        },
                        "name": {
                            "constant_value": "example-pip"
                        },
                        "resource_group_name": {
                            "references": [
                                "azurerm_resource_group.example.name",
                                "azurerm_resource_group.example"
                            ]
                        }
                    },
                    "schema_version": 0
                },
                {
                    "address": "azurerm_resource_group.example",
                    "mode": "managed",
                    "type": "azurerm_resource_group",
                    "name": "example",
                    "provider_config_key": "azurerm",
                    "expressions": {
                        "location": {
                            "constant_value": "West Europe"
                        },
                        "name": {
                            "constant_value": "example-resources"
                        }
                    },
                    "schema_version": 0
                },
                {
                    "address": "azurerm_subnet.example",
                    "mode": "managed",
                    "type": "azurerm_subnet",
                    "name": "example",
                    "provider_config_key": "azurerm",
                    "expressions": {
                        "address_prefixes": {
                            "constant_value": [
                                "10.254.0.0/24"
                            ]
                        },
                        "name": {
                            "constant_value": "example"
                        },
                        "resource_group_name": {
                            "references": [
                                "azurerm_resource_group.example.name",
                                "azurerm_resource_group.example"
                            ]
                        },
                        "virtual_network_name": {
                            "references": [
                                "azurerm_virtual_network.example.name",
                                "azurerm_virtual_network.example"
                            ]
                        }
                    },
                    "schema_version": 0
                },
                {
                    "address": "azurerm_virtual_network.example",
                    "mode": "managed",
                    "type": "azurerm_virtual_network",
                    "name": "example",
                    "provider_config_key": "azurerm",
                    "expressions": {
                        "address_space": {
                            "constant_value": [
                                "10.254.0.0/16"
                            ]
                        },
                        "location": {
                            "references": [
                                "azurerm_resource_group.example.location",
                                "azurerm_resource_group.example"
                            ]
                        },
                        "name": {
                            "constant_value": "example-network"
                        },
                        "resource_group_name": {
                            "references": [
                                "azurerm_resource_group.example.name",
                                "azurerm_resource_group.example"
                            ]
                        }
                    },
                    "schema_version": 0
                }
            ]
        }
    },
    "relevant_attributes": [
        {
            "resource": "azurerm_virtual_network.example",
            "attribute": [
                "name"
            ]
        },
        {
            "resource": "azurerm_subnet.example",
            "attribute": [
                "id"
            ]
        },
        {
            "resource": "azurerm_public_ip.example",
            "attribute": [
                "id"
            ]
        },
        {
            "resource": "azurerm_resource_group.example",
            "attribute": [
                "name"
            ]
        },
        {
            "resource": "azurerm_resource_group.example",
            "attribute": [
                "location"
            ]
        }
    ],
    "timestamp": "2025-01-31T22:25:41Z",
    "errored": false
}