{
    "format_version": "1.2",
    "terraform_version": "1.7.5",
    "planned_values": {
        "root_module": {
            "resources": [
                {
                    "address": "google_compute_network.network-1",
                    "mode": "managed",
                    "type": "google_compute_network",
                    "name": "network-1",
                    "provider_name": "registry.terraform.io/hashicorp/google",
                    "schema_version": 0,
                    "values": {
                        "auto_create_subnetworks": false,
                        "delete_default_routes_on_create": false,
                        "description": null,
                        "enable_ula_internal_ipv6": null,
                        "name": "network-1",
                        "network_firewall_policy_enforcement_order": "AFTER_CLASSIC_FIREWALL",
                        "project": "security-controls-sandbox",
                        "timeouts": null
                    },
                    "sensitive_values": {}
                },
                {
                    "address": "google_compute_network.network-2",
                    "mode": "managed",
                    "type": "google_compute_network",
                    "name": "network-2",
                    "provider_name": "registry.terraform.io/hashicorp/google",
                    "schema_version": 0,
                    "values": {
                        "auto_create_subnetworks": false,
                        "delete_default_routes_on_create": false,
                        "description": null,
                        "enable_ula_internal_ipv6": null,
                        "name": "network-2",
                        "network_firewall_policy_enforcement_order": "AFTER_CLASSIC_FIREWALL",
                        "project": "security-controls-sandbox",
                        "timeouts": null
                    },
                    "sensitive_values": {}
                },
                {
                    "address": "google_dns_managed_zone.private-zone",
                    "mode": "managed",
                    "type": "google_dns_managed_zone",
                    "name": "private-zone",
                    "provider_name": "registry.terraform.io/hashicorp/google",
                    "schema_version": 0,
                    "values": {
                        "description": "Example private DNS zone",
                        "dns_name": "private.example.com.",
                        "effective_labels": {
                            "foo": "bar",
                            "goog-terraform-provisioned": "true"
                        },
                        "force_destroy": false,
                        "forwarding_config": [],
                        "labels": {
                            "foo": "bar"
                        },
                        "name": "private-zone",
                        "peering_config": [],
                        "private_visibility_config": [],
                        "project": "security-controls-sandbox",
                        "terraform_labels": {
                            "foo": "bar",
                            "goog-terraform-provisioned": "true"
                        },
                        "timeouts": null,
                        "visibility": "public"
                    },
                    "sensitive_values": {
                        "cloud_logging_config": [],
                        "dnssec_config": [],
                        "effective_labels": {},
                        "forwarding_config": [],
                        "labels": {},
                        "name_servers": [],
                        "peering_config": [],
                        "private_visibility_config": [],
                        "terraform_labels": {}
                    }
                }
            ]
        }
    },
    "resource_changes": [
        {
            "address": "google_compute_network.network-1",
            "mode": "managed",
            "type": "google_compute_network",
            "name": "network-1",
            "provider_name": "registry.terraform.io/hashicorp/google",
            "change": {
                "actions": [
                    "create"
                ],
                "before": null,
                "after": {
                    "auto_create_subnetworks": false,
                    "delete_default_routes_on_create": false,
                    "description": null,
                    "enable_ula_internal_ipv6": null,
                    "name": "network-1",
                    "network_firewall_policy_enforcement_order": "AFTER_CLASSIC_FIREWALL",
                    "project": "security-controls-sandbox",
                    "timeouts": null
                },
                "after_unknown": {
                    "gateway_ipv4": true,
                    "id": true,
                    "internal_ipv6_range": true,
                    "mtu": true,
                    "network_id": true,
                    "numeric_id": true,
                    "routing_mode": true,
                    "self_link": true
                },
                "before_sensitive": false,
                "after_sensitive": {}
            }
        },
        {
            "address": "google_compute_network.network-2",
            "mode": "managed",
            "type": "google_compute_network",
            "name": "network-2",
            "provider_name": "registry.terraform.io/hashicorp/google",
            "change": {
                "actions": [
                    "create"
                ],
                "before": null,
                "after": {
                    "auto_create_subnetworks": false,
                    "delete_default_routes_on_create": false,
                    "description": null,
                    "enable_ula_internal_ipv6": null,
                    "name": "network-2",
                    "network_firewall_policy_enforcement_order": "AFTER_CLASSIC_FIREWALL",
                    "project": "security-controls-sandbox",
                    "timeouts": null
                },
                "after_unknown": {
                    "gateway_ipv4": true,
                    "id": true,
                    "internal_ipv6_range": true,
                    "mtu": true,
                    "network_id": true,
                    "numeric_id": true,
                    "routing_mode": true,
                    "self_link": true
                },
                "before_sensitive": false,
                "after_sensitive": {}
            }
        },
        {
            "address": "google_dns_managed_zone.private-zone",
            "mode": "managed",
            "type": "google_dns_managed_zone",
            "name": "private-zone",
            "provider_name": "registry.terraform.io/hashicorp/google",
            "change": {
                "actions": [
                    "create"
                ],
                "before": null,
                "after": {
                    "description": "Example private DNS zone",
                    "dns_name": "private.example.com.",
                    "effective_labels": {
                        "foo": "bar",
                        "goog-terraform-provisioned": "true"
                    },
                    "force_destroy": false,
                    "forwarding_config": [],
                    "labels": {
                        "foo": "bar"
                    },
                    "name": "private-zone",
                    "peering_config": [],
                    "private_visibility_config": [],
                    "project": "security-controls-sandbox",
                    "terraform_labels": {
                        "foo": "bar",
                        "goog-terraform-provisioned": "true"
                    },
                    "timeouts": null,
                    "visibility": "public"
                },
                "after_unknown": {
                    "cloud_logging_config": true,
                    "creation_time": true,
                    "dnssec_config": true,
                    "effective_labels": {},
                    "forwarding_config": [],
                    "id": true,
                    "labels": {},
                    "managed_zone_id": true,
                    "name_servers": true,
                    "peering_config": [],
                    "private_visibility_config": [],
                    "terraform_labels": {}
                },
                "before_sensitive": false,
                "after_sensitive": {
                    "cloud_logging_config": [],
                    "dnssec_config": [],
                    "effective_labels": {},
                    "forwarding_config": [],
                    "labels": {},
                    "name_servers": [],
                    "peering_config": [],
                    "private_visibility_config": [],
                    "terraform_labels": {}
                }
            }
        }
    ],
    "configuration": {
        "provider_config": {
            "google": {
                "name": "google",
                "full_name": "registry.terraform.io/hashicorp/google",
                "version_constraint": "6.15.0",
                "expressions": {
                    "project": {
                        "constant_value": "security-controls-sandbox"
                    },
                    "region": {
                        "constant_value": "us-central1"
                    },
                    "zone": {
                        "constant_value": "us-central1-c"
                    }
                }
            }
        },
        "root_module": {
            "resources": [
                {
                    "address": "google_compute_network.network-1",
                    "mode": "managed",
                    "type": "google_compute_network",
                    "name": "network-1",
                    "provider_config_key": "google",
                    "expressions": {
                        "auto_create_subnetworks": {
                            "constant_value": false
                        },
                        "name": {
                            "constant_value": "network-1"
                        }
                    },
                    "schema_version": 0
                },
                {
                    "address": "google_compute_network.network-2",
                    "mode": "managed",
                    "type": "google_compute_network",
                    "name": "network-2",
                    "provider_config_key": "google",
                    "expressions": {
                        "auto_create_subnetworks": {
                            "constant_value": false
                        },
                        "name": {
                            "constant_value": "network-2"
                        }
                    },
                    "schema_version": 0
                },
                {
                    "address": "google_dns_managed_zone.private-zone",
                    "mode": "managed",
                    "type": "google_dns_managed_zone",
                    "name": "private-zone",
                    "provider_config_key": "google",
                    "expressions": {
                        "description": {
                            "constant_value": "Example private DNS zone"
                        },
                        "dns_name": {
                            "constant_value": "private.example.com."
                        },
                        "labels": {
                            "constant_value": {
                                "foo": "bar"
                            }
                        },
                        "name": {
                            "constant_value": "private-zone"
                        }
                    },
                    "schema_version": 0
                }
            ]
        }
    },
    "timestamp": "2025-06-30T22:39:02Z",
    "errored": false
}