{
    "format_version": "1.2",
    "terraform_version": "1.7.5",
    "planned_values": {
        "root_module": {
            "resources": [
                {
                    "address": "aws_iam_role.lambda-role",
                    "mode": "managed",
                    "type": "aws_iam_role",
                    "name": "lambda-role",
                    "provider_name": "registry.terraform.io/hashicorp/aws",
                    "schema_version": 0,
                    "values": {
                        "assume_role_policy": "{\"Statement\":[{\"Action\":\"sts:AssumeRole\",\"Effect\":\"Allow\",\"Principal\":{\"Service\":\"lambda.amazonaws.com\"},\"Sid\":\"\"}],\"Version\":\"2012-10-17\"}",
                        "description": null,
                        "force_detach_policies": false,
                        "max_session_duration": 3600,
                        "name": "lambda-role",
                        "path": "/",
                        "permissions_boundary": null,
                        "tags": null
                    },
                    "sensitive_values": {
                        "inline_policy": [],
                        "managed_policy_arns": [],
                        "tags_all": {}
                    }
                },
                {
                    "address": "aws_lambda_alias.my-lambda-alias",
                    "mode": "managed",
                    "type": "aws_lambda_alias",
                    "name": "my-lambda-alias",
                    "provider_name": "registry.terraform.io/hashicorp/aws",
                    "schema_version": 0,
                    "values": {
                        "description": "a sample description",
                        "function_name": "my-lambda",
                        "function_version": "$LATEST",
                        "name": "v1",
                        "region": "us-east-1",
                        "routing_config": []
                    },
                    "sensitive_values": {
                        "routing_config": []
                    }
                },
                {
                    "address": "aws_lambda_function.my-lambda",
                    "mode": "managed",
                    "type": "aws_lambda_function",
                    "name": "my-lambda",
                    "provider_name": "registry.terraform.io/hashicorp/aws",
                    "schema_version": 0,
                    "values": {
                        "code_signing_config_arn": null,
                        "dead_letter_config": [],
                        "description": null,
                        "environment": [],
                        "file_system_config": [],
                        "filename": "~/Downloads/lambda.json.zip",
                        "function_name": "my-lambda",
                        "handler": "lambda_function.lambda_handler",
                        "image_config": [],
                        "image_uri": null,
                        "kms_key_arn": null,
                        "layers": null,
                        "memory_size": 128,
                        "package_type": "Zip",
                        "publish": false,
                        "region": "us-east-1",
                        "replace_security_groups_on_destroy": null,
                        "replacement_security_group_ids": null,
                        "reserved_concurrent_executions": -1,
                        "runtime": "python3.8",
                        "s3_bucket": null,
                        "s3_key": null,
                        "s3_object_version": null,
                        "skip_destroy": false,
                        "snap_start": [],
                        "tags": null,
                        "timeout": 3,
                        "timeouts": null,
                        "vpc_config": []
                    },
                    "sensitive_values": {
                        "architectures": [],
                        "dead_letter_config": [],
                        "environment": [],
                        "ephemeral_storage": [],
                        "file_system_config": [],
                        "image_config": [],
                        "logging_config": [],
                        "snap_start": [],
                        "tags_all": {},
                        "tracing_config": [],
                        "vpc_config": []
                    }
                },
                {
                    "address": "aws_lambda_permission.all",
                    "mode": "managed",
                    "type": "aws_lambda_permission",
                    "name": "all",
                    "provider_name": "registry.terraform.io/hashicorp/aws",
                    "schema_version": 0,
                    "values": {
                        "action": "lambda:*",
                        "event_source_token": null,
                        "function_name": "my-lambda",
                        "function_url_auth_type": null,
                        "principal": "s3.amazonaws.com",
                        "principal_org_id": null,
                        "qualifier": "v1",
                        "region": "us-east-1",
                        "source_account": "111111111111",
                        "source_arn": "arn:aws:s3:::delete-me-us-east-1-permissions-tests",
                        "statement_id": "AllowAllResources"
                    },
                    "sensitive_values": {}
                }
            ]
        }
    },
    "resource_changes": [
        {
            "address": "aws_iam_role.lambda-role",
            "mode": "managed",
            "type": "aws_iam_role",
            "name": "lambda-role",
            "provider_name": "registry.terraform.io/hashicorp/aws",
            "change": {
                "actions": [
                    "create"
                ],
                "before": null,
                "after": {
                    "assume_role_policy": "{\"Statement\":[{\"Action\":\"sts:AssumeRole\",\"Effect\":\"Allow\",\"Principal\":{\"Service\":\"lambda.amazonaws.com\"},\"Sid\":\"\"}],\"Version\":\"2012-10-17\"}",
                    "description": null,
                    "force_detach_policies": false,
                    "max_session_duration": 3600,
                    "name": "lambda-role",
                    "path": "/",
                    "permissions_boundary": null,
                    "tags": null
                },
                "after_unknown": {
                    "arn": true,
                    "create_date": true,
                    "id": true,
                    "inline_policy": true,
                    "managed_policy_arns": true,
                    "name_prefix": true,
                    "tags_all": true,
                    "unique_id": true
                },
                "before_sensitive": false,
                "after_sensitive": {
                    "inline_policy": [],
                    "managed_policy_arns": [],
                    "tags_all": {}
                }
            }
        },
        {
            "address": "aws_lambda_alias.my-lambda-alias",
            "mode": "managed",
            "type": "aws_lambda_alias",
            "name": "my-lambda-alias",
            "provider_name": "registry.terraform.io/hashicorp/aws",
            "change": {
                "actions": [
                    "create"
                ],
                "before": null,
                "after": {
                    "description": "a sample description",
                    "function_name": "my-lambda",
                    "function_version": "$LATEST",
                    "name": "v1",
                    "region": "us-east-1",
                    "routing_config": []
                },
                "after_unknown": {
                    "arn": true,
                    "id": true,
                    "invoke_arn": true,
                    "routing_config": []
                },
                "before_sensitive": false,
                "after_sensitive": {
                    "routing_config": []
                }
            }
        },
        {
            "address": "aws_lambda_function.my-lambda",
            "mode": "managed",
            "type": "aws_lambda_function",
            "name": "my-lambda",
            "provider_name": "registry.terraform.io/hashicorp/aws",
            "change": {
                "actions": [
                    "create"
                ],
                "before": null,
                "after": {
                    "code_signing_config_arn": null,
                    "dead_letter_config": [],
                    "description": null,
                    "environment": [],
                    "file_system_config": [],
                    "filename": "~/Downloads/lambda.json.zip",
                    "function_name": "my-lambda",
                    "handler": "lambda_function.lambda_handler",
                    "image_config": [],
                    "image_uri": null,
                    "kms_key_arn": null,
                    "layers": null,
                    "memory_size": 128,
                    "package_type": "Zip",
                    "publish": false,
                    "region": "us-east-1",
                    "replace_security_groups_on_destroy": null,
                    "replacement_security_group_ids": null,
                    "reserved_concurrent_executions": -1,
                    "runtime": "python3.8",
                    "s3_bucket": null,
                    "s3_key": null,
                    "s3_object_version": null,
                    "skip_destroy": false,
                    "snap_start": [],
                    "tags": null,
                    "timeout": 3,
                    "timeouts": null,
                    "vpc_config": []
                },
                "after_unknown": {
                    "architectures": true,
                    "arn": true,
                    "code_sha256": true,
                    "dead_letter_config": [],
                    "environment": [],
                    "ephemeral_storage": true,
                    "file_system_config": [],
                    "id": true,
                    "image_config": [],
                    "invoke_arn": true,
                    "last_modified": true,
                    "logging_config": true,
                    "qualified_arn": true,
                    "qualified_invoke_arn": true,
                    "role": true,
                    "signing_job_arn": true,
                    "signing_profile_version_arn": true,
                    "snap_start": [],
                    "source_code_hash": true,
                    "source_code_size": true,
                    "tags_all": true,
                    "tracing_config": true,
                    "version": true,
                    "vpc_config": []
                },
                "before_sensitive": false,
                "after_sensitive": {
                    "architectures": [],
                    "dead_letter_config": [],
                    "environment": [],
                    "ephemeral_storage": [],
                    "file_system_config": [],
                    "image_config": [],
                    "logging_config": [],
                    "snap_start": [],
                    "tags_all": {},
                    "tracing_config": [],
                    "vpc_config": []
                }
            }
        },
        {
            "address": "aws_lambda_permission.all",
            "mode": "managed",
            "type": "aws_lambda_permission",
            "name": "all",
            "provider_name": "registry.terraform.io/hashicorp/aws",
            "change": {
                "actions": [
                    "create"
                ],
                "before": null,
                "after": {
                    "action": "lambda:*",
                    "event_source_token": null,
                    "function_name": "my-lambda",
                    "function_url_auth_type": null,
                    "principal": "s3.amazonaws.com",
                    "principal_org_id": null,
                    "qualifier": "v1",
                    "region": "us-east-1",
                    "source_account": "111111111111",
                    "source_arn": "arn:aws:s3:::delete-me-us-east-1-permissions-tests",
                    "statement_id": "AllowAllResources"
                },
                "after_unknown": {
                    "id": true,
                    "statement_id_prefix": true
                },
                "before_sensitive": false,
                "after_sensitive": {}
            }
        }
    ],
    "configuration": {
        "provider_config": {
            "aws": {
                "name": "aws",
                "full_name": "registry.terraform.io/hashicorp/aws",
                "version_constraint": "6.4.0",
                "expressions": {
                    "profile": {
                        "constant_value": "saurabh-eis-dev"
                    },
                    "region": {
                        "constant_value": "us-east-1"
                    }
                }
            }
        },
        "root_module": {
            "resources": [
                {
                    "address": "aws_iam_role.lambda-role",
                    "mode": "managed",
                    "type": "aws_iam_role",
                    "name": "lambda-role",
                    "provider_config_key": "aws",
                    "expressions": {
                        "assume_role_policy": {
                            "constant_value": "{\r\n  \"Version\": \"2012-10-17\",\r\n  \"Statement\": [\r\n    {\r\n      \"Action\": \"sts:AssumeRole\",\r\n      \"Principal\": {\r\n        \"Service\": \"lambda.amazonaws.com\"\r\n      },\r\n      \"Effect\": \"Allow\",\r\n      \"Sid\": \"\"\r\n    }\r\n  ]\r\n}\r\n"
                        },
                        "name": {
                            "constant_value": "lambda-role"
                        }
                    },
                    "schema_version": 0
                },
                {
                    "address": "aws_lambda_alias.my-lambda-alias",
                    "mode": "managed",
                    "type": "aws_lambda_alias",
                    "name": "my-lambda-alias",
                    "provider_config_key": "aws",
                    "expressions": {
                        "description": {
                            "constant_value": "a sample description"
                        },
                        "function_name": {
                            "references": [
                                "aws_lambda_function.my-lambda.function_name",
                                "aws_lambda_function.my-lambda"
                            ]
                        },
                        "function_version": {
                            "constant_value": "$LATEST"
                        },
                        "name": {
                            "constant_value": "v1"
                        }
                    },
                    "schema_version": 0
                },
                {
                    "address": "aws_lambda_function.my-lambda",
                    "mode": "managed",
                    "type": "aws_lambda_function",
                    "name": "my-lambda",
                    "provider_config_key": "aws",
                    "expressions": {
                        "filename": {
                            "constant_value": "~/Downloads/lambda.json.zip"
                        },
                        "function_name": {
                            "constant_value": "my-lambda"
                        },
                        "handler": {
                            "constant_value": "lambda_function.lambda_handler"
                        },
                        "role": {
                            "references": [
                                "aws_iam_role.lambda-role.arn",
                                "aws_iam_role.lambda-role"
                            ]
                        },
                        "runtime": {
                            "constant_value": "python3.8"
                        }
                    },
                    "schema_version": 0
                },
                {
                    "address": "aws_lambda_permission.all",
                    "mode": "managed",
                    "type": "aws_lambda_permission",
                    "name": "all",
                    "provider_config_key": "aws",
                    "expressions": {
                        "action": {
                            "constant_value": "lambda:*"
                        },
                        "function_name": {
                            "references": [
                                "aws_lambda_function.my-lambda.function_name",
                                "aws_lambda_function.my-lambda"
                            ]
                        },
                        "principal": {
                            "constant_value": "s3.amazonaws.com"
                        },
                        "qualifier": {
                            "references": [
                                "aws_lambda_alias.my-lambda-alias.name",
                                "aws_lambda_alias.my-lambda-alias"
                            ]
                        },
                        "source_account": {
                            "constant_value": "111111111111"
                        },
                        "source_arn": {
                            "constant_value": "arn:aws:s3:::delete-me-us-east-1-permissions-tests"
                        },
                        "statement_id": {
                            "constant_value": "AllowAllResources"
                        }
                    },
                    "schema_version": 0
                }
            ]
        }
    },
    "relevant_attributes": [
        {
            "resource": "aws_iam_role.lambda-role",
            "attribute": [
                "arn"
            ]
        },
        {
            "resource": "aws_lambda_function.my-lambda",
            "attribute": [
                "function_name"
            ]
        },
        {
            "resource": "aws_lambda_alias.my-lambda-alias",
            "attribute": [
                "name"
            ]
        }
    ],
    "timestamp": "2025-07-25T12:12:49Z",
    "errored": false
}