{
    "format_version": "1.2",
    "terraform_version": "1.7.5",
    "planned_values": {
        "root_module": {
            "resources": [
                {
                    "address": "google_kms_crypto_key_iam_member.kms-secret-binding",
                    "mode": "managed",
                    "type": "google_kms_crypto_key_iam_member",
                    "name": "kms-secret-binding",
                    "provider_name": "registry.terraform.io/hashicorp/google",
                    "schema_version": 0,
                    "values": {
                        "condition": [],
                        "crypto_key_id": "kms-key",
                        "member": "serviceAccount:service-245225233@gcp-sa-secretmanager.iam.gserviceaccount.com",
                        "role": "roles/cloudkms.cryptoKeyEncrypterDecrypter"
                    },
                    "sensitive_values": {
                        "condition": []
                    }
                },
                {
                    "address": "google_secret_manager_regional_secret.regional-secret-with-cmek",
                    "mode": "managed",
                    "type": "google_secret_manager_regional_secret",
                    "name": "regional-secret-with-cmek",
                    "provider_name": "registry.terraform.io/hashicorp/google",
                    "schema_version": 0,
                    "values": {
                        "annotations": null,
                        "customer_managed_encryption": [
                            {
                                "kms_key_name": "projects/test/locations/nam3/keyRings/gkr-nonprod-nam3/cryptoKeys/gk-hcb-nonprod-sde-dbaas-nam3"
                            }
                        ],
                        "effective_labels": {
                            "goog-terraform-provisioned": "true"
                        },
                        "labels": null,
                        "location": "us-central1",
                        "project": "security-controls-sandbox",
                        "rotation": [],
                        "secret_id": "tf-reg-secret",
                        "terraform_labels": {
                            "goog-terraform-provisioned": "true"
                        },
                        "timeouts": null,
                        "topics": [],
                        "ttl": null,
                        "version_aliases": null,
                        "version_destroy_ttl": null
                    },
                    "sensitive_values": {
                        "customer_managed_encryption": [
                            {}
                        ],
                        "effective_annotations": {},
                        "effective_labels": {},
                        "rotation": [],
                        "terraform_labels": {},
                        "topics": []
                    }
                }
            ]
        }
    },
    "resource_changes": [
        {
            "address": "google_kms_crypto_key_iam_member.kms-secret-binding",
            "mode": "managed",
            "type": "google_kms_crypto_key_iam_member",
            "name": "kms-secret-binding",
            "provider_name": "registry.terraform.io/hashicorp/google",
            "change": {
                "actions": [
                    "create"
                ],
                "before": null,
                "after": {
                    "condition": [],
                    "crypto_key_id": "kms-key",
                    "member": "serviceAccount:service-245225233@gcp-sa-secretmanager.iam.gserviceaccount.com",
                    "role": "roles/cloudkms.cryptoKeyEncrypterDecrypter"
                },
                "after_unknown": {
                    "condition": [],
                    "etag": true,
                    "id": true
                },
                "before_sensitive": false,
                "after_sensitive": {
                    "condition": []
                }
            }
        },
        {
            "address": "google_secret_manager_regional_secret.regional-secret-with-cmek",
            "mode": "managed",
            "type": "google_secret_manager_regional_secret",
            "name": "regional-secret-with-cmek",
            "provider_name": "registry.terraform.io/hashicorp/google",
            "change": {
                "actions": [
                    "create"
                ],
                "before": null,
                "after": {
                    "annotations": null,
                    "customer_managed_encryption": [
                        {
                            "kms_key_name": "projects/cvs-key-vault-nonprod/locations/nam3/keyRings/gkr-nonprod-nam3/cryptoKeys/gk-hcb-nonprod-sde-dbaas-nam3"
                        }
                    ],
                    "effective_labels": {
                        "goog-terraform-provisioned": "true"
                    },
                    "labels": null,
                    "location": "us-central1",
                    "project": "security-controls-sandbox",
                    "rotation": [],
                    "secret_id": "tf-reg-secret",
                    "terraform_labels": {
                        "goog-terraform-provisioned": "true"
                    },
                    "timeouts": null,
                    "topics": [],
                    "ttl": null,
                    "version_aliases": null,
                    "version_destroy_ttl": null
                },
                "after_unknown": {
                    "create_time": true,
                    "customer_managed_encryption": [
                        {}
                    ],
                    "effective_annotations": true,
                    "effective_labels": {},
                    "expire_time": true,
                    "id": true,
                    "name": true,
                    "rotation": [],
                    "terraform_labels": {},
                    "topics": []
                },
                "before_sensitive": false,
                "after_sensitive": {
                    "customer_managed_encryption": [
                        {}
                    ],
                    "effective_annotations": {},
                    "effective_labels": {},
                    "rotation": [],
                    "terraform_labels": {},
                    "topics": []
                }
            }
        }
    ],
    "configuration": {
        "provider_config": {
            "google": {
                "name": "google",
                "full_name": "registry.terraform.io/hashicorp/google",
                "version_constraint": "6.15.0",
                "expressions": {
                    "project": {
                        "constant_value": "security-controls-sandbox"
                    },
                    "region": {
                        "constant_value": "us-central1"
                    },
                    "zone": {
                        "constant_value": "us-central1-c"
                    }
                }
            }
        },
        "root_module": {
            "resources": [
                {
                    "address": "google_kms_crypto_key_iam_member.kms-secret-binding",
                    "mode": "managed",
                    "type": "google_kms_crypto_key_iam_member",
                    "name": "kms-secret-binding",
                    "provider_config_key": "google",
                    "expressions": {
                        "crypto_key_id": {
                            "constant_value": "kms-key"
                        },
                        "member": {
                            "constant_value": "serviceAccount:service-245225233@gcp-sa-secretmanager.iam.gserviceaccount.com"
                        },
                        "role": {
                            "constant_value": "roles/cloudkms.cryptoKeyEncrypterDecrypter"
                        }
                    },
                    "schema_version": 0
                },
                {
                    "address": "google_secret_manager_regional_secret.regional-secret-with-cmek",
                    "mode": "managed",
                    "type": "google_secret_manager_regional_secret",
                    "name": "regional-secret-with-cmek",
                    "provider_config_key": "google",
                    "expressions": {
                        "customer_managed_encryption": [
                            {
                                "kms_key_name": {
                                    "constant_value": "projects/cvs-key-vault-nonprod/locations/nam3/keyRings/gkr-nonprod-nam3/cryptoKeys/gk-hcb-nonprod-sde-dbaas-nam3"
                                }
                            }
                        ],
                        "location": {
                            "constant_value": "us-central1"
                        },
                        "secret_id": {
                            "constant_value": "tf-reg-secret"
                        }
                    },
                    "schema_version": 0,
                    "depends_on": [
                        "google_kms_crypto_key_iam_member.kms-secret-binding"
                    ]
                }
            ]
        }
    },
    "timestamp": "2025-07-14T21:32:25Z",
    "errored": false
}