{
    "format_version": "1.2",
    "terraform_version": "1.7.5",
    "planned_values": {
        "root_module": {
            "resources": [
                {
                    "address": "google_storage_bucket.negative1",
                    "mode": "managed",
                    "type": "google_storage_bucket",
                    "name": "negative1",
                    "provider_name": "registry.terraform.io/hashicorp/google",
                    "schema_version": 3,
                    "values": {
                        "autoclass": [],
                        "cors": [
                            {
                                "max_age_seconds": 3600,
                                "method": [
                                    "GET",
                                    "HEAD",
                                    "PUT",
                                    "POST",
                                    "DELETE"
                                ],
                                "origin": [
                                    "http://image-store.com"
                                ],
                                "response_header": [
                                    "*"
                                ]
                            }
                        ],
                        "custom_placement_config": [],
                        "default_event_based_hold": null,
                        "effective_labels": {
                            "goog-terraform-provisioned": "true"
                        },
                        "enable_object_retention": null,
                        "encryption": [],
                        "force_destroy": true,
                        "hierarchical_namespace": [],
                        "labels": null,
                        "lifecycle_rule": [],
                        "location": "EU",
                        "logging": [
                            {
                                "log_bucket": "gs://image-store-logs",
                                "log_object_prefix": "logs/"
                            }
                        ],
                        "name": "image-store.com",
                        "requester_pays": null,
                        "retention_policy": [],
                        "storage_class": "STANDARD",
                        "terraform_labels": {
                            "goog-terraform-provisioned": "true"
                        },
                        "timeouts": null,
                        "uniform_bucket_level_access": false,
                        "versioning": [
                            {
                                "enabled": true
                            }
                        ],
                        "website": [
                            {
                                "main_page_suffix": "index.html",
                                "not_found_page": "404.html"
                            }
                        ]
                    },
                    "sensitive_values": {
                        "autoclass": [],
                        "cors": [
                            {
                                "method": [
                                    false,
                                    false,
                                    false,
                                    false,
                                    false
                                ],
                                "origin": [
                                    false
                                ],
                                "response_header": [
                                    false
                                ]
                            }
                        ],
                        "custom_placement_config": [],
                        "effective_labels": {},
                        "encryption": [],
                        "hierarchical_namespace": [],
                        "lifecycle_rule": [],
                        "logging": [
                            {}
                        ],
                        "retention_policy": [],
                        "soft_delete_policy": [],
                        "terraform_labels": {},
                        "versioning": [
                            {}
                        ],
                        "website": [
                            {}
                        ]
                    }
                }
            ]
        }
    },
    "resource_changes": [
        {
            "address": "google_storage_bucket.negative1",
            "mode": "managed",
            "type": "google_storage_bucket",
            "name": "negative1",
            "provider_name": "registry.terraform.io/hashicorp/google",
            "change": {
                "actions": [
                    "create"
                ],
                "before": null,
                "after": {
                    "autoclass": [],
                    "cors": [
                        {
                            "max_age_seconds": 3600,
                            "method": [
                                "GET",
                                "HEAD",
                                "PUT",
                                "POST",
                                "DELETE"
                            ],
                            "origin": [
                                "http://image-store.com"
                            ],
                            "response_header": [
                                "*"
                            ]
                        }
                    ],
                    "custom_placement_config": [],
                    "default_event_based_hold": null,
                    "effective_labels": {
                        "goog-terraform-provisioned": "true"
                    },
                    "enable_object_retention": null,
                    "encryption": [],
                    "force_destroy": true,
                    "hierarchical_namespace": [],
                    "labels": null,
                    "lifecycle_rule": [],
                    "location": "EU",
                    "logging": [
                        {
                            "log_bucket": "gs://image-store-logs",
                            "log_object_prefix": "logs/"
                        }
                    ],
                    "name": "image-store.com",
                    "requester_pays": null,
                    "retention_policy": [],
                    "storage_class": "STANDARD",
                    "terraform_labels": {
                        "goog-terraform-provisioned": "true"
                    },
                    "timeouts": null,
                    "uniform_bucket_level_access": false,
                    "versioning": [
                        {
                            "enabled": true
                        }
                    ],
                    "website": [
                        {
                            "main_page_suffix": "index.html",
                            "not_found_page": "404.html"
                        }
                    ]
                },
                "after_unknown": {
                    "autoclass": [],
                    "cors": [
                        {
                            "method": [
                                false,
                                false,
                                false,
                                false,
                                false
                            ],
                            "origin": [
                                false
                            ],
                            "response_header": [
                                false
                            ]
                        }
                    ],
                    "custom_placement_config": [],
                    "effective_labels": {},
                    "encryption": [],
                    "hierarchical_namespace": [],
                    "id": true,
                    "lifecycle_rule": [],
                    "logging": [
                        {}
                    ],
                    "project": true,
                    "project_number": true,
                    "public_access_prevention": true,
                    "retention_policy": [],
                    "rpo": true,
                    "self_link": true,
                    "soft_delete_policy": true,
                    "terraform_labels": {},
                    "time_created": true,
                    "updated": true,
                    "url": true,
                    "versioning": [
                        {}
                    ],
                    "website": [
                        {}
                    ]
                },
                "before_sensitive": false,
                "after_sensitive": {
                    "autoclass": [],
                    "cors": [
                        {
                            "method": [
                                false,
                                false,
                                false,
                                false,
                                false
                            ],
                            "origin": [
                                false
                            ],
                            "response_header": [
                                false
                            ]
                        }
                    ],
                    "custom_placement_config": [],
                    "effective_labels": {},
                    "encryption": [],
                    "hierarchical_namespace": [],
                    "lifecycle_rule": [],
                    "logging": [
                        {}
                    ],
                    "retention_policy": [],
                    "soft_delete_policy": [],
                    "terraform_labels": {},
                    "versioning": [
                        {}
                    ],
                    "website": [
                        {}
                    ]
                }
            }
        }
    ],
    "configuration": {
        "provider_config": {
            "google": {
                "name": "google",
                "full_name": "registry.terraform.io/hashicorp/google",
                "version_constraint": "6.35.0",
                "expressions": {
                    "project": {
                        "constant_value": "security-controls-sandbox"
                    },
                    "region": {
                        "constant_value": "us-central1"
                    }
                }
            }
        },
        "root_module": {
            "resources": [
                {
                    "address": "google_storage_bucket.negative1",
                    "mode": "managed",
                    "type": "google_storage_bucket",
                    "name": "negative1",
                    "provider_config_key": "google",
                    "expressions": {
                        "cors": [
                            {
                                "max_age_seconds": {
                                    "constant_value": 3600
                                },
                                "method": {
                                    "constant_value": [
                                        "GET",
                                        "HEAD",
                                        "PUT",
                                        "POST",
                                        "DELETE"
                                    ]
                                },
                                "origin": {
                                    "constant_value": [
                                        "http://image-store.com"
                                    ]
                                },
                                "response_header": {
                                    "constant_value": [
                                        "*"
                                    ]
                                }
                            }
                        ],
                        "force_destroy": {
                            "constant_value": true
                        },
                        "location": {
                            "constant_value": "EU"
                        },
                        "logging": [
                            {
                                "log_bucket": {
                                    "constant_value": "gs://image-store-logs"
                                },
                                "log_object_prefix": {
                                    "constant_value": "logs/"
                                }
                            }
                        ],
                        "name": {
                            "constant_value": "image-store.com"
                        },
                        "uniform_bucket_level_access": {
                            "constant_value": false
                        },
                        "versioning": [
                            {
                                "enabled": {
                                    "constant_value": true
                                }
                            }
                        ],
                        "website": [
                            {
                                "main_page_suffix": {
                                    "constant_value": "index.html"
                                },
                                "not_found_page": {
                                    "constant_value": "404.html"
                                }
                            }
                        ]
                    },
                    "schema_version": 3
                }
            ]
        }
    },
    "timestamp": "2025-05-22T21:11:01Z",
    "errored": false
}