{
    "format_version": "1.2",
    "terraform_version": "1.7.5",
    "planned_values": {
        "root_module": {
            "resources": [
                {
                    "address": "aws_security_group.db_medium_large",
                    "mode": "managed",
                    "type": "aws_security_group",
                    "name": "db_medium_large",
                    "provider_name": "registry.terraform.io/hashicorp/aws",
                    "schema_version": 1,
                    "values": {
                        "description": "Managed by Terraform",
                        "ingress": [
                            {
                                "cidr_blocks": [
                                    "10.0.0.0/8"
                                ],
                                "description": "",
                                "from_port": 5432,
                                "ipv6_cidr_blocks": [],
                                "prefix_list_ids": [],
                                "protocol": "tcp",
                                "security_groups": [],
                                "self": false,
                                "to_port": 5432
                            },
                            {
                                "cidr_blocks": [
                                    "172.16.0.0/16"
                                ],
                                "description": "",
                                "from_port": 3306,
                                "ipv6_cidr_blocks": [],
                                "prefix_list_ids": [],
                                "protocol": "tcp",
                                "security_groups": [],
                                "self": false,
                                "to_port": 3306
                            }
                        ],
                        "name": "db-medium-large",
                        "region": "us-east-1",
                        "revoke_rules_on_delete": false,
                        "tags": null,
                        "timeouts": null
                    },
                    "sensitive_values": {
                        "egress": [],
                        "ingress": [
                            {
                                "cidr_blocks": [
                                    false
                                ],
                                "ipv6_cidr_blocks": [],
                                "prefix_list_ids": [],
                                "security_groups": []
                            },
                            {
                                "cidr_blocks": [
                                    false
                                ],
                                "ipv6_cidr_blocks": [],
                                "prefix_list_ids": [],
                                "security_groups": []
                            }
                        ],
                        "tags_all": {}
                    }
                },
                {
                    "address": "aws_security_group.https_very_large",
                    "mode": "managed",
                    "type": "aws_security_group",
                    "name": "https_very_large",
                    "provider_name": "registry.terraform.io/hashicorp/aws",
                    "schema_version": 1,
                    "values": {
                        "description": "Managed by Terraform",
                        "ingress": [
                            {
                                "cidr_blocks": [
                                    "0.0.0.0/0"
                                ],
                                "description": "",
                                "from_port": 443,
                                "ipv6_cidr_blocks": [],
                                "prefix_list_ids": [],
                                "protocol": "tcp",
                                "security_groups": [],
                                "self": false,
                                "to_port": 443
                            }
                        ],
                        "name": "https-very-large",
                        "region": "us-east-1",
                        "revoke_rules_on_delete": false,
                        "tags": null,
                        "timeouts": null
                    },
                    "sensitive_values": {
                        "egress": [],
                        "ingress": [
                            {
                                "cidr_blocks": [
                                    false
                                ],
                                "ipv6_cidr_blocks": [],
                                "prefix_list_ids": [],
                                "security_groups": []
                            }
                        ],
                        "tags_all": {}
                    }
                },
                {
                    "address": "aws_security_group.icmp_small_network",
                    "mode": "managed",
                    "type": "aws_security_group",
                    "name": "icmp_small_network",
                    "provider_name": "registry.terraform.io/hashicorp/aws",
                    "schema_version": 1,
                    "values": {
                        "description": "Managed by Terraform",
                        "ingress": [
                            {
                                "cidr_blocks": [
                                    "192.168.1.0/28"
                                ],
                                "description": "",
                                "from_port": -1,
                                "ipv6_cidr_blocks": [],
                                "prefix_list_ids": [],
                                "protocol": "icmp",
                                "security_groups": [],
                                "self": false,
                                "to_port": -1
                            }
                        ],
                        "name": "icmp-small-network",
                        "region": "us-east-1",
                        "revoke_rules_on_delete": false,
                        "tags": null,
                        "timeouts": null
                    },
                    "sensitive_values": {
                        "egress": [],
                        "ingress": [
                            {
                                "cidr_blocks": [
                                    false
                                ],
                                "ipv6_cidr_blocks": [],
                                "prefix_list_ids": [],
                                "security_groups": []
                            }
                        ],
                        "tags_all": {}
                    }
                },
                {
                    "address": "aws_security_group.non_sensitive_small",
                    "mode": "managed",
                    "type": "aws_security_group",
                    "name": "non_sensitive_small",
                    "provider_name": "registry.terraform.io/hashicorp/aws",
                    "schema_version": 1,
                    "values": {
                        "description": "Managed by Terraform",
                        "ingress": [
                            {
                                "cidr_blocks": [
                                    "10.0.0.0/29"
                                ],
                                "description": "",
                                "from_port": 9999,
                                "ipv6_cidr_blocks": [],
                                "prefix_list_ids": [],
                                "protocol": "udp",
                                "security_groups": [],
                                "self": false,
                                "to_port": 9999
                            },
                            {
                                "cidr_blocks": [
                                    "192.168.1.0/25"
                                ],
                                "description": "",
                                "from_port": 8443,
                                "ipv6_cidr_blocks": [],
                                "prefix_list_ids": [],
                                "protocol": "tcp",
                                "security_groups": [],
                                "self": false,
                                "to_port": 8443
                            }
                        ],
                        "name": "non-sensitive-small",
                        "region": "us-east-1",
                        "revoke_rules_on_delete": false,
                        "tags": null,
                        "timeouts": null
                    },
                    "sensitive_values": {
                        "egress": [],
                        "ingress": [
                            {
                                "cidr_blocks": [
                                    false
                                ],
                                "ipv6_cidr_blocks": [],
                                "prefix_list_ids": [],
                                "security_groups": []
                            },
                            {
                                "cidr_blocks": [
                                    false
                                ],
                                "ipv6_cidr_blocks": [],
                                "prefix_list_ids": [],
                                "security_groups": []
                            }
                        ],
                        "tags_all": {}
                    }
                },
                {
                    "address": "aws_security_group.ssh_large_network",
                    "mode": "managed",
                    "type": "aws_security_group",
                    "name": "ssh_large_network",
                    "provider_name": "registry.terraform.io/hashicorp/aws",
                    "schema_version": 1,
                    "values": {
                        "description": "Managed by Terraform",
                        "ingress": [
                            {
                                "cidr_blocks": [
                                    "10.0.0.0/24"
                                ],
                                "description": "",
                                "from_port": 22,
                                "ipv6_cidr_blocks": [],
                                "prefix_list_ids": [],
                                "protocol": "tcp",
                                "security_groups": [],
                                "self": false,
                                "to_port": 22
                            }
                        ],
                        "name": "ssh-large-network",
                        "region": "us-east-1",
                        "revoke_rules_on_delete": false,
                        "tags": null,
                        "timeouts": null
                    },
                    "sensitive_values": {
                        "egress": [],
                        "ingress": [
                            {
                                "cidr_blocks": [
                                    false
                                ],
                                "ipv6_cidr_blocks": [],
                                "prefix_list_ids": [],
                                "security_groups": []
                            }
                        ],
                        "tags_all": {}
                    }
                },
                {
                    "address": "aws_security_group.very_small_networks",
                    "mode": "managed",
                    "type": "aws_security_group",
                    "name": "very_small_networks",
                    "provider_name": "registry.terraform.io/hashicorp/aws",
                    "schema_version": 1,
                    "values": {
                        "description": "Managed by Terraform",
                        "ingress": [
                            {
                                "cidr_blocks": [
                                    "10.0.0.1/32"
                                ],
                                "description": "",
                                "from_port": 443,
                                "ipv6_cidr_blocks": [],
                                "prefix_list_ids": [],
                                "protocol": "tcp",
                                "security_groups": [],
                                "self": false,
                                "to_port": 443
                            },
                            {
                                "cidr_blocks": [
                                    "192.168.1.0/30"
                                ],
                                "description": "",
                                "from_port": 22,
                                "ipv6_cidr_blocks": [],
                                "prefix_list_ids": [],
                                "protocol": "tcp",
                                "security_groups": [],
                                "self": false,
                                "to_port": 22
                            }
                        ],
                        "name": "very-small-networks",
                        "region": "us-east-1",
                        "revoke_rules_on_delete": false,
                        "tags": null,
                        "timeouts": null
                    },
                    "sensitive_values": {
                        "egress": [],
                        "ingress": [
                            {
                                "cidr_blocks": [
                                    false
                                ],
                                "ipv6_cidr_blocks": [],
                                "prefix_list_ids": [],
                                "security_groups": []
                            },
                            {
                                "cidr_blocks": [
                                    false
                                ],
                                "ipv6_cidr_blocks": [],
                                "prefix_list_ids": [],
                                "security_groups": []
                            }
                        ],
                        "tags_all": {}
                    }
                }
            ]
        }
    },
    "resource_changes": [
        {
            "address": "aws_security_group.db_medium_large",
            "mode": "managed",
            "type": "aws_security_group",
            "name": "db_medium_large",
            "provider_name": "registry.terraform.io/hashicorp/aws",
            "change": {
                "actions": [
                    "create"
                ],
                "before": null,
                "after": {
                    "description": "Managed by Terraform",
                    "ingress": [
                        {
                            "cidr_blocks": [
                                "10.0.0.0/8"
                            ],
                            "description": "",
                            "from_port": 5432,
                            "ipv6_cidr_blocks": [],
                            "prefix_list_ids": [],
                            "protocol": "tcp",
                            "security_groups": [],
                            "self": false,
                            "to_port": 5432
                        },
                        {
                            "cidr_blocks": [
                                "172.16.0.0/16"
                            ],
                            "description": "",
                            "from_port": 3306,
                            "ipv6_cidr_blocks": [],
                            "prefix_list_ids": [],
                            "protocol": "tcp",
                            "security_groups": [],
                            "self": false,
                            "to_port": 3306
                        }
                    ],
                    "name": "db-medium-large",
                    "region": "us-east-1",
                    "revoke_rules_on_delete": false,
                    "tags": null,
                    "timeouts": null
                },
                "after_unknown": {
                    "arn": true,
                    "egress": true,
                    "id": true,
                    "ingress": [
                        {
                            "cidr_blocks": [
                                false
                            ],
                            "ipv6_cidr_blocks": [],
                            "prefix_list_ids": [],
                            "security_groups": []
                        },
                        {
                            "cidr_blocks": [
                                false
                            ],
                            "ipv6_cidr_blocks": [],
                            "prefix_list_ids": [],
                            "security_groups": []
                        }
                    ],
                    "name_prefix": true,
                    "owner_id": true,
                    "tags_all": true,
                    "vpc_id": true
                },
                "before_sensitive": false,
                "after_sensitive": {
                    "egress": [],
                    "ingress": [
                        {
                            "cidr_blocks": [
                                false
                            ],
                            "ipv6_cidr_blocks": [],
                            "prefix_list_ids": [],
                            "security_groups": []
                        },
                        {
                            "cidr_blocks": [
                                false
                            ],
                            "ipv6_cidr_blocks": [],
                            "prefix_list_ids": [],
                            "security_groups": []
                        }
                    ],
                    "tags_all": {}
                }
            }
        },
        {
            "address": "aws_security_group.https_very_large",
            "mode": "managed",
            "type": "aws_security_group",
            "name": "https_very_large",
            "provider_name": "registry.terraform.io/hashicorp/aws",
            "change": {
                "actions": [
                    "create"
                ],
                "before": null,
                "after": {
                    "description": "Managed by Terraform",
                    "ingress": [
                        {
                            "cidr_blocks": [
                                "0.0.0.0/0"
                            ],
                            "description": "",
                            "from_port": 443,
                            "ipv6_cidr_blocks": [],
                            "prefix_list_ids": [],
                            "protocol": "tcp",
                            "security_groups": [],
                            "self": false,
                            "to_port": 443
                        }
                    ],
                    "name": "https-very-large",
                    "region": "us-east-1",
                    "revoke_rules_on_delete": false,
                    "tags": null,
                    "timeouts": null
                },
                "after_unknown": {
                    "arn": true,
                    "egress": true,
                    "id": true,
                    "ingress": [
                        {
                            "cidr_blocks": [
                                false
                            ],
                            "ipv6_cidr_blocks": [],
                            "prefix_list_ids": [],
                            "security_groups": []
                        }
                    ],
                    "name_prefix": true,
                    "owner_id": true,
                    "tags_all": true,
                    "vpc_id": true
                },
                "before_sensitive": false,
                "after_sensitive": {
                    "egress": [],
                    "ingress": [
                        {
                            "cidr_blocks": [
                                false
                            ],
                            "ipv6_cidr_blocks": [],
                            "prefix_list_ids": [],
                            "security_groups": []
                        }
                    ],
                    "tags_all": {}
                }
            }
        },
        {
            "address": "aws_security_group.icmp_small_network",
            "mode": "managed",
            "type": "aws_security_group",
            "name": "icmp_small_network",
            "provider_name": "registry.terraform.io/hashicorp/aws",
            "change": {
                "actions": [
                    "create"
                ],
                "before": null,
                "after": {
                    "description": "Managed by Terraform",
                    "ingress": [
                        {
                            "cidr_blocks": [
                                "192.168.1.0/28"
                            ],
                            "description": "",
                            "from_port": -1,
                            "ipv6_cidr_blocks": [],
                            "prefix_list_ids": [],
                            "protocol": "icmp",
                            "security_groups": [],
                            "self": false,
                            "to_port": -1
                        }
                    ],
                    "name": "icmp-small-network",
                    "region": "us-east-1",
                    "revoke_rules_on_delete": false,
                    "tags": null,
                    "timeouts": null
                },
                "after_unknown": {
                    "arn": true,
                    "egress": true,
                    "id": true,
                    "ingress": [
                        {
                            "cidr_blocks": [
                                false
                            ],
                            "ipv6_cidr_blocks": [],
                            "prefix_list_ids": [],
                            "security_groups": []
                        }
                    ],
                    "name_prefix": true,
                    "owner_id": true,
                    "tags_all": true,
                    "vpc_id": true
                },
                "before_sensitive": false,
                "after_sensitive": {
                    "egress": [],
                    "ingress": [
                        {
                            "cidr_blocks": [
                                false
                            ],
                            "ipv6_cidr_blocks": [],
                            "prefix_list_ids": [],
                            "security_groups": []
                        }
                    ],
                    "tags_all": {}
                }
            }
        },
        {
            "address": "aws_security_group.non_sensitive_small",
            "mode": "managed",
            "type": "aws_security_group",
            "name": "non_sensitive_small",
            "provider_name": "registry.terraform.io/hashicorp/aws",
            "change": {
                "actions": [
                    "create"
                ],
                "before": null,
                "after": {
                    "description": "Managed by Terraform",
                    "ingress": [
                        {
                            "cidr_blocks": [
                                "10.0.0.0/29"
                            ],
                            "description": "",
                            "from_port": 9999,
                            "ipv6_cidr_blocks": [],
                            "prefix_list_ids": [],
                            "protocol": "udp",
                            "security_groups": [],
                            "self": false,
                            "to_port": 9999
                        },
                        {
                            "cidr_blocks": [
                                "192.168.1.0/25"
                            ],
                            "description": "",
                            "from_port": 8443,
                            "ipv6_cidr_blocks": [],
                            "prefix_list_ids": [],
                            "protocol": "tcp",
                            "security_groups": [],
                            "self": false,
                            "to_port": 8443
                        }
                    ],
                    "name": "non-sensitive-small",
                    "region": "us-east-1",
                    "revoke_rules_on_delete": false,
                    "tags": null,
                    "timeouts": null
                },
                "after_unknown": {
                    "arn": true,
                    "egress": true,
                    "id": true,
                    "ingress": [
                        {
                            "cidr_blocks": [
                                false
                            ],
                            "ipv6_cidr_blocks": [],
                            "prefix_list_ids": [],
                            "security_groups": []
                        },
                        {
                            "cidr_blocks": [
                                false
                            ],
                            "ipv6_cidr_blocks": [],
                            "prefix_list_ids": [],
                            "security_groups": []
                        }
                    ],
                    "name_prefix": true,
                    "owner_id": true,
                    "tags_all": true,
                    "vpc_id": true
                },
                "before_sensitive": false,
                "after_sensitive": {
                    "egress": [],
                    "ingress": [
                        {
                            "cidr_blocks": [
                                false
                            ],
                            "ipv6_cidr_blocks": [],
                            "prefix_list_ids": [],
                            "security_groups": []
                        },
                        {
                            "cidr_blocks": [
                                false
                            ],
                            "ipv6_cidr_blocks": [],
                            "prefix_list_ids": [],
                            "security_groups": []
                        }
                    ],
                    "tags_all": {}
                }
            }
        },
        {
            "address": "aws_security_group.ssh_large_network",
            "mode": "managed",
            "type": "aws_security_group",
            "name": "ssh_large_network",
            "provider_name": "registry.terraform.io/hashicorp/aws",
            "change": {
                "actions": [
                    "create"
                ],
                "before": null,
                "after": {
                    "description": "Managed by Terraform",
                    "ingress": [
                        {
                            "cidr_blocks": [
                                "10.0.0.0/24"
                            ],
                            "description": "",
                            "from_port": 22,
                            "ipv6_cidr_blocks": [],
                            "prefix_list_ids": [],
                            "protocol": "tcp",
                            "security_groups": [],
                            "self": false,
                            "to_port": 22
                        }
                    ],
                    "name": "ssh-large-network",
                    "region": "us-east-1",
                    "revoke_rules_on_delete": false,
                    "tags": null,
                    "timeouts": null
                },
                "after_unknown": {
                    "arn": true,
                    "egress": true,
                    "id": true,
                    "ingress": [
                        {
                            "cidr_blocks": [
                                false
                            ],
                            "ipv6_cidr_blocks": [],
                            "prefix_list_ids": [],
                            "security_groups": []
                        }
                    ],
                    "name_prefix": true,
                    "owner_id": true,
                    "tags_all": true,
                    "vpc_id": true
                },
                "before_sensitive": false,
                "after_sensitive": {
                    "egress": [],
                    "ingress": [
                        {
                            "cidr_blocks": [
                                false
                            ],
                            "ipv6_cidr_blocks": [],
                            "prefix_list_ids": [],
                            "security_groups": []
                        }
                    ],
                    "tags_all": {}
                }
            }
        },
        {
            "address": "aws_security_group.very_small_networks",
            "mode": "managed",
            "type": "aws_security_group",
            "name": "very_small_networks",
            "provider_name": "registry.terraform.io/hashicorp/aws",
            "change": {
                "actions": [
                    "create"
                ],
                "before": null,
                "after": {
                    "description": "Managed by Terraform",
                    "ingress": [
                        {
                            "cidr_blocks": [
                                "10.0.0.1/32"
                            ],
                            "description": "",
                            "from_port": 443,
                            "ipv6_cidr_blocks": [],
                            "prefix_list_ids": [],
                            "protocol": "tcp",
                            "security_groups": [],
                            "self": false,
                            "to_port": 443
                        },
                        {
                            "cidr_blocks": [
                                "192.168.1.0/30"
                            ],
                            "description": "",
                            "from_port": 22,
                            "ipv6_cidr_blocks": [],
                            "prefix_list_ids": [],
                            "protocol": "tcp",
                            "security_groups": [],
                            "self": false,
                            "to_port": 22
                        }
                    ],
                    "name": "very-small-networks",
                    "region": "us-east-1",
                    "revoke_rules_on_delete": false,
                    "tags": null,
                    "timeouts": null
                },
                "after_unknown": {
                    "arn": true,
                    "egress": true,
                    "id": true,
                    "ingress": [
                        {
                            "cidr_blocks": [
                                false
                            ],
                            "ipv6_cidr_blocks": [],
                            "prefix_list_ids": [],
                            "security_groups": []
                        },
                        {
                            "cidr_blocks": [
                                false
                            ],
                            "ipv6_cidr_blocks": [],
                            "prefix_list_ids": [],
                            "security_groups": []
                        }
                    ],
                    "name_prefix": true,
                    "owner_id": true,
                    "tags_all": true,
                    "vpc_id": true
                },
                "before_sensitive": false,
                "after_sensitive": {
                    "egress": [],
                    "ingress": [
                        {
                            "cidr_blocks": [
                                false
                            ],
                            "ipv6_cidr_blocks": [],
                            "prefix_list_ids": [],
                            "security_groups": []
                        },
                        {
                            "cidr_blocks": [
                                false
                            ],
                            "ipv6_cidr_blocks": [],
                            "prefix_list_ids": [],
                            "security_groups": []
                        }
                    ],
                    "tags_all": {}
                }
            }
        }
    ],
    "configuration": {
        "provider_config": {
            "aws": {
                "name": "aws",
                "full_name": "registry.terraform.io/hashicorp/aws",
                "version_constraint": "6.4.0",
                "expressions": {
                    "profile": {
                        "constant_value": "saurabh-eis-dev"
                    },
                    "region": {
                        "constant_value": "us-east-1"
                    }
                }
            }
        },
        "root_module": {
            "resources": [
                {
                    "address": "aws_security_group.db_medium_large",
                    "mode": "managed",
                    "type": "aws_security_group",
                    "name": "db_medium_large",
                    "provider_config_key": "aws",
                    "expressions": {
                        "ingress": {
                            "constant_value": [
                                {
                                    "cidr_blocks": [
                                        "172.16.0.0/16"
                                    ],
                                    "description": null,
                                    "from_port": 3306,
                                    "ipv6_cidr_blocks": null,
                                    "prefix_list_ids": null,
                                    "protocol": "tcp",
                                    "security_groups": null,
                                    "self": null,
                                    "to_port": 3306
                                },
                                {
                                    "cidr_blocks": [
                                        "10.0.0.0/8"
                                    ],
                                    "description": null,
                                    "from_port": 5432,
                                    "ipv6_cidr_blocks": null,
                                    "prefix_list_ids": null,
                                    "protocol": "tcp",
                                    "security_groups": null,
                                    "self": null,
                                    "to_port": 5432
                                }
                            ]
                        },
                        "name": {
                            "constant_value": "db-medium-large"
                        }
                    },
                    "schema_version": 1
                },
                {
                    "address": "aws_security_group.https_very_large",
                    "mode": "managed",
                    "type": "aws_security_group",
                    "name": "https_very_large",
                    "provider_config_key": "aws",
                    "expressions": {
                        "ingress": {
                            "constant_value": [
                                {
                                    "cidr_blocks": [
                                        "0.0.0.0/0"
                                    ],
                                    "description": null,
                                    "from_port": 443,
                                    "ipv6_cidr_blocks": null,
                                    "prefix_list_ids": null,
                                    "protocol": "tcp",
                                    "security_groups": null,
                                    "self": null,
                                    "to_port": 443
                                }
                            ]
                        },
                        "name": {
                            "constant_value": "https-very-large"
                        }
                    },
                    "schema_version": 1
                },
                {
                    "address": "aws_security_group.icmp_small_network",
                    "mode": "managed",
                    "type": "aws_security_group",
                    "name": "icmp_small_network",
                    "provider_config_key": "aws",
                    "expressions": {
                        "ingress": {
                            "constant_value": [
                                {
                                    "cidr_blocks": [
                                        "192.168.1.0/28"
                                    ],
                                    "description": null,
                                    "from_port": -1,
                                    "ipv6_cidr_blocks": null,
                                    "prefix_list_ids": null,
                                    "protocol": "icmp",
                                    "security_groups": null,
                                    "self": null,
                                    "to_port": -1
                                }
                            ]
                        },
                        "name": {
                            "constant_value": "icmp-small-network"
                        }
                    },
                    "schema_version": 1
                },
                {
                    "address": "aws_security_group.non_sensitive_small",
                    "mode": "managed",
                    "type": "aws_security_group",
                    "name": "non_sensitive_small",
                    "provider_config_key": "aws",
                    "expressions": {
                        "ingress": {
                            "constant_value": [
                                {
                                    "cidr_blocks": [
                                        "192.168.1.0/25"
                                    ],
                                    "description": null,
                                    "from_port": 8443,
                                    "ipv6_cidr_blocks": null,
                                    "prefix_list_ids": null,
                                    "protocol": "tcp",
                                    "security_groups": null,
                                    "self": null,
                                    "to_port": 8443
                                },
                                {
                                    "cidr_blocks": [
                                        "10.0.0.0/29"
                                    ],
                                    "description": null,
                                    "from_port": 9999,
                                    "ipv6_cidr_blocks": null,
                                    "prefix_list_ids": null,
                                    "protocol": "udp",
                                    "security_groups": null,
                                    "self": null,
                                    "to_port": 9999
                                }
                            ]
                        },
                        "name": {
                            "constant_value": "non-sensitive-small"
                        }
                    },
                    "schema_version": 1
                },
                {
                    "address": "aws_security_group.ssh_large_network",
                    "mode": "managed",
                    "type": "aws_security_group",
                    "name": "ssh_large_network",
                    "provider_config_key": "aws",
                    "expressions": {
                        "ingress": {
                            "constant_value": [
                                {
                                    "cidr_blocks": [
                                        "10.0.0.0/24"
                                    ],
                                    "description": null,
                                    "from_port": 22,
                                    "ipv6_cidr_blocks": null,
                                    "prefix_list_ids": null,
                                    "protocol": "tcp",
                                    "security_groups": null,
                                    "self": null,
                                    "to_port": 22
                                }
                            ]
                        },
                        "name": {
                            "constant_value": "ssh-large-network"
                        }
                    },
                    "schema_version": 1
                },
                {
                    "address": "aws_security_group.very_small_networks",
                    "mode": "managed",
                    "type": "aws_security_group",
                    "name": "very_small_networks",
                    "provider_config_key": "aws",
                    "expressions": {
                        "ingress": {
                            "constant_value": [
                                {
                                    "cidr_blocks": [
                                        "192.168.1.0/30"
                                    ],
                                    "description": null,
                                    "from_port": 22,
                                    "ipv6_cidr_blocks": null,
                                    "prefix_list_ids": null,
                                    "protocol": "tcp",
                                    "security_groups": null,
                                    "self": null,
                                    "to_port": 22
                                },
                                {
                                    "cidr_blocks": [
                                        "10.0.0.1/32"
                                    ],
                                    "description": null,
                                    "from_port": 443,
                                    "ipv6_cidr_blocks": null,
                                    "prefix_list_ids": null,
                                    "protocol": "tcp",
                                    "security_groups": null,
                                    "self": null,
                                    "to_port": 443
                                }
                            ]
                        },
                        "name": {
                            "constant_value": "very-small-networks"
                        }
                    },
                    "schema_version": 1
                }
            ]
        }
    },
    "timestamp": "2025-08-14T12:16:28Z",
    "errored": false
}