{
    "format_version": "1.2",
    "terraform_version": "1.7.5",
    "planned_values": {
        "root_module": {
            "resources": [
                {
                    "address": "aws_instance.positive3",
                    "mode": "managed",
                    "type": "aws_instance",
                    "name": "positive3",
                    "provider_name": "registry.terraform.io/hashicorp/aws",
                    "schema_version": 2,
                    "values": {
                        "ami": "ami-005e54dee72cc1d00",
                        "credit_specification": [
                            {
                                "cpu_credits": "unlimited"
                            }
                        ],
                        "get_password_data": false,
                        "hibernation": null,
                        "instance_type": "t2.micro",
                        "launch_template": [],
                        "region": "us-east-1",
                        "source_dest_check": true,
                        "tags": {
                            "Name": "test"
                        },
                        "tags_all": {
                            "Name": "test"
                        },
                        "timeouts": null,
                        "user_data": "#!/bin/bash\r\napt-get install -y awscli\r\ncat \u003c\u003c EOF \u003e ~/.aws/credentials\r\n[default]\r\naws_access_key_id = somekey\r\naws_secret_access_key = somesecret\r\nEOF\r\n",
                        "user_data_replace_on_change": false,
                        "volume_tags": null
                    },
                    "sensitive_values": {
                        "capacity_reservation_specification": [],
                        "cpu_options": [],
                        "credit_specification": [
                            {}
                        ],
                        "ebs_block_device": [],
                        "enclave_options": [],
                        "ephemeral_block_device": [],
                        "instance_market_options": [],
                        "ipv6_addresses": [],
                        "launch_template": [],
                        "maintenance_options": [],
                        "metadata_options": [],
                        "network_interface": [],
                        "private_dns_name_options": [],
                        "root_block_device": [],
                        "secondary_private_ips": [],
                        "security_groups": [],
                        "tags": {},
                        "tags_all": {},
                        "vpc_security_group_ids": []
                    }
                }
            ]
        }
    },
    "resource_changes": [
        {
            "address": "aws_instance.positive3",
            "mode": "managed",
            "type": "aws_instance",
            "name": "positive3",
            "provider_name": "registry.terraform.io/hashicorp/aws",
            "change": {
                "actions": [
                    "create"
                ],
                "before": null,
                "after": {
                    "ami": "ami-005e54dee72cc1d00",
                    "credit_specification": [
                        {
                            "cpu_credits": "unlimited"
                        }
                    ],
                    "get_password_data": false,
                    "hibernation": null,
                    "instance_type": "t2.micro",
                    "launch_template": [],
                    "region": "us-east-1",
                    "source_dest_check": true,
                    "tags": {
                        "Name": "test"
                    },
                    "tags_all": {
                        "Name": "test"
                    },
                    "timeouts": null,
                    "user_data": "#!/bin/bash\r\napt-get install -y awscli\r\ncat \u003c\u003c EOF \u003e ~/.aws/credentials\r\n[default]\r\naws_access_key_id = somekey\r\naws_secret_access_key = somesecret\r\nEOF\r\n",
                    "user_data_replace_on_change": false,
                    "volume_tags": null
                },
                "after_unknown": {
                    "arn": true,
                    "associate_public_ip_address": true,
                    "availability_zone": true,
                    "capacity_reservation_specification": true,
                    "cpu_options": true,
                    "credit_specification": [
                        {}
                    ],
                    "disable_api_stop": true,
                    "disable_api_termination": true,
                    "ebs_block_device": true,
                    "ebs_optimized": true,
                    "enable_primary_ipv6": true,
                    "enclave_options": true,
                    "ephemeral_block_device": true,
                    "host_id": true,
                    "host_resource_group_arn": true,
                    "iam_instance_profile": true,
                    "id": true,
                    "instance_initiated_shutdown_behavior": true,
                    "instance_lifecycle": true,
                    "instance_market_options": true,
                    "instance_state": true,
                    "ipv6_address_count": true,
                    "ipv6_addresses": true,
                    "key_name": true,
                    "launch_template": [],
                    "maintenance_options": true,
                    "metadata_options": true,
                    "monitoring": true,
                    "network_interface": true,
                    "outpost_arn": true,
                    "password_data": true,
                    "placement_group": true,
                    "placement_partition_number": true,
                    "primary_network_interface_id": true,
                    "private_dns": true,
                    "private_dns_name_options": true,
                    "private_ip": true,
                    "public_dns": true,
                    "public_ip": true,
                    "root_block_device": true,
                    "secondary_private_ips": true,
                    "security_groups": true,
                    "spot_instance_request_id": true,
                    "subnet_id": true,
                    "tags": {},
                    "tags_all": {},
                    "tenancy": true,
                    "user_data_base64": true,
                    "vpc_security_group_ids": true
                },
                "before_sensitive": false,
                "after_sensitive": {
                    "capacity_reservation_specification": [],
                    "cpu_options": [],
                    "credit_specification": [
                        {}
                    ],
                    "ebs_block_device": [],
                    "enclave_options": [],
                    "ephemeral_block_device": [],
                    "instance_market_options": [],
                    "ipv6_addresses": [],
                    "launch_template": [],
                    "maintenance_options": [],
                    "metadata_options": [],
                    "network_interface": [],
                    "private_dns_name_options": [],
                    "root_block_device": [],
                    "secondary_private_ips": [],
                    "security_groups": [],
                    "tags": {},
                    "tags_all": {},
                    "vpc_security_group_ids": []
                }
            }
        }
    ],
    "configuration": {
        "provider_config": {
            "aws": {
                "name": "aws",
                "full_name": "registry.terraform.io/hashicorp/aws",
                "version_constraint": "6.4.0",
                "expressions": {
                    "profile": {
                        "constant_value": "saurabh-eis-dev"
                    },
                    "region": {
                        "constant_value": "us-east-1"
                    }
                }
            }
        },
        "root_module": {
            "resources": [
                {
                    "address": "aws_instance.positive3",
                    "mode": "managed",
                    "type": "aws_instance",
                    "name": "positive3",
                    "provider_config_key": "aws",
                    "expressions": {
                        "ami": {
                            "constant_value": "ami-005e54dee72cc1d00"
                        },
                        "credit_specification": [
                            {
                                "cpu_credits": {
                                    "constant_value": "unlimited"
                                }
                            }
                        ],
                        "instance_type": {
                            "constant_value": "t2.micro"
                        },
                        "tags": {
                            "constant_value": {
                                "Name": "test"
                            }
                        },
                        "user_data": {
                            "constant_value": "#!/bin/bash\r\napt-get install -y awscli\r\ncat \u003c\u003c EOF \u003e ~/.aws/credentials\r\n[default]\r\naws_access_key_id = somekey\r\naws_secret_access_key = somesecret\r\nEOF\r\n"
                        }
                    },
                    "schema_version": 2
                }
            ]
        }
    },
    "timestamp": "2025-07-30T11:59:14Z",
    "errored": false
}