{
    "format_version": "1.2",
    "terraform_version": "1.7.5",
    "planned_values": {
        "root_module": {
            "resources": [
                {
                    "address": "aws_api_gateway_domain_name.api_gateway_domain_name",
                    "mode": "managed",
                    "type": "aws_api_gateway_domain_name",
                    "name": "api_gateway_domain_name",
                    "provider_name": "registry.terraform.io/hashicorp/aws",
                    "schema_version": 0,
                    "values": {
                        "certificate_arn": null,
                        "certificate_body": null,
                        "certificate_chain": null,
                        "certificate_name": null,
                        "certificate_private_key": null,
                        "domain_name": "api.example.com",
                        "mutual_tls_authentication": [],
                        "policy": null,
                        "region": "us-east-1",
                        "regional_certificate_arn": null,
                        "regional_certificate_name": null,
                        "security_policy": "TLS_1_2",
                        "tags": null
                    },
                    "sensitive_values": {
                        "endpoint_configuration": [],
                        "mutual_tls_authentication": [],
                        "tags_all": {}
                    }
                }
            ]
        }
    },
    "resource_changes": [
        {
            "address": "aws_api_gateway_domain_name.api_gateway_domain_name",
            "mode": "managed",
            "type": "aws_api_gateway_domain_name",
            "name": "api_gateway_domain_name",
            "provider_name": "registry.terraform.io/hashicorp/aws",
            "change": {
                "actions": [
                    "create"
                ],
                "before": null,
                "after": {
                    "certificate_arn": null,
                    "certificate_body": null,
                    "certificate_chain": null,
                    "certificate_name": null,
                    "certificate_private_key": null,
                    "domain_name": "api.example.com",
                    "mutual_tls_authentication": [],
                    "policy": null,
                    "region": "us-east-1",
                    "regional_certificate_arn": null,
                    "regional_certificate_name": null,
                    "security_policy": "TLS_1_2",
                    "tags": null
                },
                "after_unknown": {
                    "arn": true,
                    "certificate_upload_date": true,
                    "cloudfront_domain_name": true,
                    "cloudfront_zone_id": true,
                    "domain_name_id": true,
                    "endpoint_configuration": true,
                    "id": true,
                    "mutual_tls_authentication": [],
                    "ownership_verification_certificate_arn": true,
                    "regional_domain_name": true,
                    "regional_zone_id": true,
                    "tags_all": true
                },
                "before_sensitive": false,
                "after_sensitive": {
                    "certificate_private_key": true,
                    "endpoint_configuration": [],
                    "mutual_tls_authentication": [],
                    "tags_all": {}
                }
            }
        }
    ],
    "configuration": {
        "provider_config": {
            "aws": {
                "name": "aws",
                "full_name": "registry.terraform.io/hashicorp/aws",
                "version_constraint": "6.4.0",
                "expressions": {
                    "profile": {
                        "constant_value": "saurabh-eis-dev"
                    },
                    "region": {
                        "constant_value": "us-east-1"
                    }
                }
            }
        },
        "root_module": {
            "resources": [
                {
                    "address": "aws_api_gateway_domain_name.api_gateway_domain_name",
                    "mode": "managed",
                    "type": "aws_api_gateway_domain_name",
                    "name": "api_gateway_domain_name",
                    "provider_config_key": "aws",
                    "expressions": {
                        "domain_name": {
                            "constant_value": "api.example.com"
                        },
                        "security_policy": {
                            "constant_value": "TLS_1_2"
                        }
                    },
                    "schema_version": 0
                }
            ]
        }
    },
    "timestamp": "2025-08-07T11:49:36Z",
    "errored": false
}