{
    "format_version": "1.2",
    "terraform_version": "1.7.5",
    "planned_values": {
        "root_module": {
            "resources": [
                {
                    "address": "azurerm_redis_cache.cvs-redis-cache",
                    "mode": "managed",
                    "type": "azurerm_redis_cache",
                    "name": "cvs-redis-cache",
                    "provider_name": "registry.terraform.io/hashicorp/azurerm",
                    "schema_version": 1,
                    "values": {
                        "access_keys_authentication_enabled": true,
                        "capacity": 2,
                        "family": "P",
                        "identity": [],
                        "location": "eastus2",
                        "minimum_tls_version": "1.2",
                        "name": "cvs-redis-cache",
                        "non_ssl_port_enabled": true,
                        "patch_schedule": [
                            {
                                "day_of_week": "Saturday",
                                "maintenance_window": "PT5H",
                                "start_hour_utc": 23
                            }
                        ],
                        "public_network_access_enabled": false,
                        "redis_version": "6",
                        "resource_group_name": "security-poc-yogeshd-rg",
                        "shard_count": null,
                        "sku_name": "Premium",
                        "subnet_id": null,
                        "tags": {
                            "costcenter": "02045",
                            "dataclassification": "confidential",
                            "environmenttype": "dev",
                            "itpmid": "12345",
                            "sharedemailaddress": "CloudSecurityServices@cvshealth.com"
                        },
                        "tenant_settings": null,
                        "timeouts": null,
                        "zones": null
                    },
                    "sensitive_values": {
                        "identity": [],
                        "patch_schedule": [
                            {}
                        ],
                        "redis_configuration": [],
                        "tags": {}
                    }
                }
            ]
        }
    },
    "resource_changes": [
        {
            "address": "azurerm_redis_cache.cvs-redis-cache",
            "mode": "managed",
            "type": "azurerm_redis_cache",
            "name": "cvs-redis-cache",
            "provider_name": "registry.terraform.io/hashicorp/azurerm",
            "change": {
                "actions": [
                    "create"
                ],
                "before": null,
                "after": {
                    "access_keys_authentication_enabled": true,
                    "capacity": 2,
                    "family": "P",
                    "identity": [],
                    "location": "eastus2",
                    "minimum_tls_version": "1.2",
                    "name": "cvs-redis-cache",
                    "non_ssl_port_enabled": true,
                    "patch_schedule": [
                        {
                            "day_of_week": "Saturday",
                            "maintenance_window": "PT5H",
                            "start_hour_utc": 23
                        }
                    ],
                    "public_network_access_enabled": false,
                    "redis_version": "6",
                    "resource_group_name": "security-poc-yogeshd-rg",
                    "shard_count": null,
                    "sku_name": "Premium",
                    "subnet_id": null,
                    "tags": {
                        "costcenter": "02045",
                        "dataclassification": "confidential",
                        "environmenttype": "dev",
                        "itpmid": "12345",
                        "sharedemailaddress": "CloudSecurityServices@cvshealth.com"
                    },
                    "tenant_settings": null,
                    "timeouts": null,
                    "zones": null
                },
                "after_unknown": {
                    "hostname": true,
                    "id": true,
                    "identity": [],
                    "patch_schedule": [
                        {}
                    ],
                    "port": true,
                    "primary_access_key": true,
                    "primary_connection_string": true,
                    "private_static_ip_address": true,
                    "redis_configuration": true,
                    "replicas_per_master": true,
                    "replicas_per_primary": true,
                    "secondary_access_key": true,
                    "secondary_connection_string": true,
                    "ssl_port": true,
                    "tags": {}
                },
                "before_sensitive": false,
                "after_sensitive": {
                    "identity": [],
                    "patch_schedule": [
                        {}
                    ],
                    "primary_access_key": true,
                    "primary_connection_string": true,
                    "redis_configuration": [],
                    "secondary_access_key": true,
                    "secondary_connection_string": true,
                    "tags": {}
                }
            }
        }
    ],
    "configuration": {
        "provider_config": {
            "azurerm": {
                "name": "azurerm",
                "full_name": "registry.terraform.io/hashicorp/azurerm",
                "version_constraint": "4.26.0",
                "expressions": {
                    "features": [
                        {}
                    ],
                    "subscription_id": {
                        "constant_value": "ec8dc618-46dd-43e2-8506-3007f304d884"
                    }
                }
            }
        },
        "root_module": {
            "resources": [
                {
                    "address": "azurerm_redis_cache.cvs-redis-cache",
                    "mode": "managed",
                    "type": "azurerm_redis_cache",
                    "name": "cvs-redis-cache",
                    "provider_config_key": "azurerm",
                    "expressions": {
                        "capacity": {
                            "constant_value": 2
                        },
                        "family": {
                            "constant_value": "P"
                        },
                        "location": {
                            "constant_value": "eastus2"
                        },
                        "minimum_tls_version": {
                            "constant_value": "1.2"
                        },
                        "name": {
                            "constant_value": "cvs-redis-cache"
                        },
                        "non_ssl_port_enabled": {
                            "constant_value": true
                        },
                        "patch_schedule": [
                            {
                                "day_of_week": {
                                    "constant_value": "Saturday"
                                },
                                "start_hour_utc": {
                                    "constant_value": "23"
                                }
                            }
                        ],
                        "public_network_access_enabled": {
                            "constant_value": false
                        },
                        "resource_group_name": {
                            "constant_value": "security-poc-yogeshd-rg"
                        },
                        "sku_name": {
                            "constant_value": "Premium"
                        },
                        "tags": {
                            "constant_value": {
                                "costcenter": "02045",
                                "dataclassification": "confidential",
                                "environmenttype": "dev",
                                "itpmid": "12345",
                                "sharedemailaddress": "CloudSecurityServices@cvshealth.com"
                            }
                        }
                    },
                    "schema_version": 1
                }
            ]
        }
    },
    "timestamp": "2025-04-20T17:46:57Z",
    "errored": false
}