{
    "format_version": "1.2",
    "terraform_version": "1.7.5",
    "planned_values": {
        "root_module": {
            "resources": [
                {
                    "address": "aws_eip.lb",
                    "mode": "managed",
                    "type": "aws_eip",
                    "name": "lb",
                    "provider_name": "registry.terraform.io/hashicorp/aws",
                    "schema_version": 0,
                    "values": {
                        "address": null,
                        "associate_with_private_ip": null,
                        "customer_owned_ipv4_pool": null,
                        "domain": "vpc",
                        "tags": null,
                        "timeouts": null
                    },
                    "sensitive_values": {
                        "tags_all": {}
                    }
                },
                {
                    "address": "aws_internet_gateway.gw",
                    "mode": "managed",
                    "type": "aws_internet_gateway",
                    "name": "gw",
                    "provider_name": "registry.terraform.io/hashicorp/aws",
                    "schema_version": 0,
                    "values": {
                        "tags": null,
                        "timeouts": null
                    },
                    "sensitive_values": {
                        "tags_all": {}
                    }
                },
                {
                    "address": "aws_lb.test",
                    "mode": "managed",
                    "type": "aws_lb",
                    "name": "test",
                    "provider_name": "registry.terraform.io/hashicorp/aws",
                    "schema_version": 0,
                    "values": {
                        "access_logs": [],
                        "client_keep_alive": 3600,
                        "connection_logs": [],
                        "customer_owned_ipv4_pool": null,
                        "desync_mitigation_mode": "defensive",
                        "dns_record_client_routing_policy": null,
                        "drop_invalid_header_fields": false,
                        "enable_cross_zone_load_balancing": null,
                        "enable_deletion_protection": true,
                        "enable_http2": true,
                        "enable_tls_version_and_cipher_suite_headers": false,
                        "enable_waf_fail_open": false,
                        "enable_xff_client_port": false,
                        "enable_zonal_shift": false,
                        "idle_timeout": 60,
                        "internal": false,
                        "ipam_pools": [],
                        "load_balancer_type": "application",
                        "minimum_load_balancer_capacity": [],
                        "name": "test-lb-tf",
                        "preserve_host_header": false,
                        "subnet_mapping": [
                            {
                                "ipv6_address": "",
                                "private_ipv4_address": ""
                            }
                        ],
                        "tags": {
                            "Environmenttype": "production"
                        },
                        "tags_all": {
                            "Environmenttype": "production"
                        },
                        "timeouts": null,
                        "xff_header_processing_mode": "append"
                    },
                    "sensitive_values": {
                        "access_logs": [],
                        "connection_logs": [],
                        "ipam_pools": [],
                        "minimum_load_balancer_capacity": [],
                        "security_groups": [],
                        "subnet_mapping": [
                            {}
                        ],
                        "subnets": [],
                        "tags": {},
                        "tags_all": {}
                    }
                },
                {
                    "address": "aws_route_table.public",
                    "mode": "managed",
                    "type": "aws_route_table",
                    "name": "public",
                    "provider_name": "registry.terraform.io/hashicorp/aws",
                    "schema_version": 0,
                    "values": {
                        "route": [
                            {
                                "carrier_gateway_id": "",
                                "cidr_block": "0.0.0.0/0",
                                "core_network_arn": "",
                                "destination_prefix_list_id": "",
                                "egress_only_gateway_id": "",
                                "ipv6_cidr_block": "",
                                "local_gateway_id": "",
                                "nat_gateway_id": "",
                                "network_interface_id": "",
                                "transit_gateway_id": "",
                                "vpc_endpoint_id": "",
                                "vpc_peering_connection_id": ""
                            }
                        ],
                        "tags": null,
                        "timeouts": null
                    },
                    "sensitive_values": {
                        "propagating_vgws": [],
                        "route": [
                            {}
                        ],
                        "tags_all": {}
                    }
                },
                {
                    "address": "aws_subnet.public",
                    "mode": "managed",
                    "type": "aws_subnet",
                    "name": "public",
                    "provider_name": "registry.terraform.io/hashicorp/aws",
                    "schema_version": 1,
                    "values": {
                        "assign_ipv6_address_on_creation": false,
                        "availability_zone": "us-east-1a",
                        "cidr_block": "10.0.1.0/24",
                        "customer_owned_ipv4_pool": null,
                        "enable_dns64": false,
                        "enable_lni_at_device_index": null,
                        "enable_resource_name_dns_a_record_on_launch": false,
                        "enable_resource_name_dns_aaaa_record_on_launch": false,
                        "ipv6_cidr_block": null,
                        "ipv6_native": false,
                        "map_customer_owned_ip_on_launch": null,
                        "map_public_ip_on_launch": true,
                        "outpost_arn": null,
                        "tags": null,
                        "timeouts": null
                    },
                    "sensitive_values": {
                        "tags_all": {}
                    }
                },
                {
                    "address": "aws_vpc.main",
                    "mode": "managed",
                    "type": "aws_vpc",
                    "name": "main",
                    "provider_name": "registry.terraform.io/hashicorp/aws",
                    "schema_version": 1,
                    "values": {
                        "assign_generated_ipv6_cidr_block": null,
                        "cidr_block": "10.0.0.0/16",
                        "enable_dns_support": true,
                        "instance_tenancy": "default",
                        "ipv4_ipam_pool_id": null,
                        "ipv4_netmask_length": null,
                        "ipv6_ipam_pool_id": null,
                        "ipv6_netmask_length": null,
                        "tags": null
                    },
                    "sensitive_values": {
                        "tags_all": {}
                    }
                }
            ]
        }
    },
    "resource_changes": [
        {
            "address": "aws_eip.lb",
            "mode": "managed",
            "type": "aws_eip",
            "name": "lb",
            "provider_name": "registry.terraform.io/hashicorp/aws",
            "change": {
                "actions": [
                    "create"
                ],
                "before": null,
                "after": {
                    "address": null,
                    "associate_with_private_ip": null,
                    "customer_owned_ipv4_pool": null,
                    "domain": "vpc",
                    "tags": null,
                    "timeouts": null
                },
                "after_unknown": {
                    "allocation_id": true,
                    "arn": true,
                    "association_id": true,
                    "carrier_ip": true,
                    "customer_owned_ip": true,
                    "id": true,
                    "instance": true,
                    "ipam_pool_id": true,
                    "network_border_group": true,
                    "network_interface": true,
                    "private_dns": true,
                    "private_ip": true,
                    "ptr_record": true,
                    "public_dns": true,
                    "public_ip": true,
                    "public_ipv4_pool": true,
                    "tags_all": true,
                    "vpc": true
                },
                "before_sensitive": false,
                "after_sensitive": {
                    "tags_all": {}
                }
            }
        },
        {
            "address": "aws_internet_gateway.gw",
            "mode": "managed",
            "type": "aws_internet_gateway",
            "name": "gw",
            "provider_name": "registry.terraform.io/hashicorp/aws",
            "change": {
                "actions": [
                    "create"
                ],
                "before": null,
                "after": {
                    "tags": null,
                    "timeouts": null
                },
                "after_unknown": {
                    "arn": true,
                    "id": true,
                    "owner_id": true,
                    "tags_all": true,
                    "vpc_id": true
                },
                "before_sensitive": false,
                "after_sensitive": {
                    "tags_all": {}
                }
            }
        },
        {
            "address": "aws_lb.test",
            "mode": "managed",
            "type": "aws_lb",
            "name": "test",
            "provider_name": "registry.terraform.io/hashicorp/aws",
            "change": {
                "actions": [
                    "create"
                ],
                "before": null,
                "after": {
                    "access_logs": [],
                    "client_keep_alive": 3600,
                    "connection_logs": [],
                    "customer_owned_ipv4_pool": null,
                    "desync_mitigation_mode": "defensive",
                    "dns_record_client_routing_policy": null,
                    "drop_invalid_header_fields": false,
                    "enable_cross_zone_load_balancing": null,
                    "enable_deletion_protection": true,
                    "enable_http2": true,
                    "enable_tls_version_and_cipher_suite_headers": false,
                    "enable_waf_fail_open": false,
                    "enable_xff_client_port": false,
                    "enable_zonal_shift": false,
                    "idle_timeout": 60,
                    "internal": false,
                    "ipam_pools": [],
                    "load_balancer_type": "application",
                    "minimum_load_balancer_capacity": [],
                    "name": "test-lb-tf",
                    "preserve_host_header": false,
                    "subnet_mapping": [
                        {
                            "ipv6_address": "",
                            "private_ipv4_address": ""
                        }
                    ],
                    "tags": {
                        "Environmenttype": "production"
                    },
                    "tags_all": {
                        "Environmenttype": "production"
                    },
                    "timeouts": null,
                    "xff_header_processing_mode": "append"
                },
                "after_unknown": {
                    "access_logs": [],
                    "arn": true,
                    "arn_suffix": true,
                    "connection_logs": [],
                    "dns_name": true,
                    "enforce_security_group_inbound_rules_on_private_link_traffic": true,
                    "id": true,
                    "ip_address_type": true,
                    "ipam_pools": [],
                    "minimum_load_balancer_capacity": [],
                    "name_prefix": true,
                    "security_groups": true,
                    "subnet_mapping": [
                        {
                            "allocation_id": true,
                            "outpost_id": true,
                            "subnet_id": true
                        }
                    ],
                    "subnets": true,
                    "tags": {},
                    "tags_all": {},
                    "vpc_id": true,
                    "zone_id": true
                },
                "before_sensitive": false,
                "after_sensitive": {
                    "access_logs": [],
                    "connection_logs": [],
                    "ipam_pools": [],
                    "minimum_load_balancer_capacity": [],
                    "security_groups": [],
                    "subnet_mapping": [
                        {}
                    ],
                    "subnets": [],
                    "tags": {},
                    "tags_all": {}
                }
            }
        },
        {
            "address": "aws_route_table.public",
            "mode": "managed",
            "type": "aws_route_table",
            "name": "public",
            "provider_name": "registry.terraform.io/hashicorp/aws",
            "change": {
                "actions": [
                    "create"
                ],
                "before": null,
                "after": {
                    "route": [
                        {
                            "carrier_gateway_id": "",
                            "cidr_block": "0.0.0.0/0",
                            "core_network_arn": "",
                            "destination_prefix_list_id": "",
                            "egress_only_gateway_id": "",
                            "ipv6_cidr_block": "",
                            "local_gateway_id": "",
                            "nat_gateway_id": "",
                            "network_interface_id": "",
                            "transit_gateway_id": "",
                            "vpc_endpoint_id": "",
                            "vpc_peering_connection_id": ""
                        }
                    ],
                    "tags": null,
                    "timeouts": null
                },
                "after_unknown": {
                    "arn": true,
                    "id": true,
                    "owner_id": true,
                    "propagating_vgws": true,
                    "route": [
                        {
                            "gateway_id": true
                        }
                    ],
                    "tags_all": true,
                    "vpc_id": true
                },
                "before_sensitive": false,
                "after_sensitive": {
                    "propagating_vgws": [],
                    "route": [
                        {}
                    ],
                    "tags_all": {}
                }
            }
        },
        {
            "address": "aws_subnet.public",
            "mode": "managed",
            "type": "aws_subnet",
            "name": "public",
            "provider_name": "registry.terraform.io/hashicorp/aws",
            "change": {
                "actions": [
                    "create"
                ],
                "before": null,
                "after": {
                    "assign_ipv6_address_on_creation": false,
                    "availability_zone": "us-east-1a",
                    "cidr_block": "10.0.1.0/24",
                    "customer_owned_ipv4_pool": null,
                    "enable_dns64": false,
                    "enable_lni_at_device_index": null,
                    "enable_resource_name_dns_a_record_on_launch": false,
                    "enable_resource_name_dns_aaaa_record_on_launch": false,
                    "ipv6_cidr_block": null,
                    "ipv6_native": false,
                    "map_customer_owned_ip_on_launch": null,
                    "map_public_ip_on_launch": true,
                    "outpost_arn": null,
                    "tags": null,
                    "timeouts": null
                },
                "after_unknown": {
                    "arn": true,
                    "availability_zone_id": true,
                    "id": true,
                    "ipv6_cidr_block_association_id": true,
                    "owner_id": true,
                    "private_dns_hostname_type_on_launch": true,
                    "tags_all": true,
                    "vpc_id": true
                },
                "before_sensitive": false,
                "after_sensitive": {
                    "tags_all": {}
                }
            }
        },
        {
            "address": "aws_vpc.main",
            "mode": "managed",
            "type": "aws_vpc",
            "name": "main",
            "provider_name": "registry.terraform.io/hashicorp/aws",
            "change": {
                "actions": [
                    "create"
                ],
                "before": null,
                "after": {
                    "assign_generated_ipv6_cidr_block": null,
                    "cidr_block": "10.0.0.0/16",
                    "enable_dns_support": true,
                    "instance_tenancy": "default",
                    "ipv4_ipam_pool_id": null,
                    "ipv4_netmask_length": null,
                    "ipv6_ipam_pool_id": null,
                    "ipv6_netmask_length": null,
                    "tags": null
                },
                "after_unknown": {
                    "arn": true,
                    "default_network_acl_id": true,
                    "default_route_table_id": true,
                    "default_security_group_id": true,
                    "dhcp_options_id": true,
                    "enable_dns_hostnames": true,
                    "enable_network_address_usage_metrics": true,
                    "id": true,
                    "ipv6_association_id": true,
                    "ipv6_cidr_block": true,
                    "ipv6_cidr_block_network_border_group": true,
                    "main_route_table_id": true,
                    "owner_id": true,
                    "tags_all": true
                },
                "before_sensitive": false,
                "after_sensitive": {
                    "tags_all": {}
                }
            }
        }
    ],
    "configuration": {
        "provider_config": {
            "aws": {
                "name": "aws",
                "full_name": "registry.terraform.io/hashicorp/aws",
                "version_constraint": "~\u003e 5.92"
            }
        },
        "root_module": {
            "resources": [
                {
                    "address": "aws_eip.lb",
                    "mode": "managed",
                    "type": "aws_eip",
                    "name": "lb",
                    "provider_config_key": "aws",
                    "expressions": {
                        "domain": {
                            "constant_value": "vpc"
                        }
                    },
                    "schema_version": 0
                },
                {
                    "address": "aws_internet_gateway.gw",
                    "mode": "managed",
                    "type": "aws_internet_gateway",
                    "name": "gw",
                    "provider_config_key": "aws",
                    "expressions": {
                        "vpc_id": {
                            "references": [
                                "aws_vpc.main.id",
                                "aws_vpc.main"
                            ]
                        }
                    },
                    "schema_version": 0
                },
                {
                    "address": "aws_lb.test",
                    "mode": "managed",
                    "type": "aws_lb",
                    "name": "test",
                    "provider_config_key": "aws",
                    "expressions": {
                        "enable_deletion_protection": {
                            "constant_value": true
                        },
                        "internal": {
                            "constant_value": false
                        },
                        "load_balancer_type": {
                            "constant_value": "application"
                        },
                        "name": {
                            "constant_value": "test-lb-tf"
                        },
                        "subnet_mapping": [
                            {
                                "allocation_id": {
                                    "references": [
                                        "aws_eip.lb.id",
                                        "aws_eip.lb"
                                    ]
                                },
                                "subnet_id": {
                                    "references": [
                                        "aws_subnet.public.id",
                                        "aws_subnet.public"
                                    ]
                                }
                            }
                        ],
                        "tags": {
                            "constant_value": {
                                "Environment": "production"
                            }
                        }
                    },
                    "schema_version": 0
                },
                {
                    "address": "aws_route_table.public",
                    "mode": "managed",
                    "type": "aws_route_table",
                    "name": "public",
                    "provider_config_key": "aws",
                    "expressions": {
                        "route": {
                            "references": [
                                "aws_internet_gateway.gw.id",
                                "aws_internet_gateway.gw"
                            ]
                        },
                        "vpc_id": {
                            "references": [
                                "aws_vpc.main.id",
                                "aws_vpc.main"
                            ]
                        }
                    },
                    "schema_version": 0
                },
                {
                    "address": "aws_subnet.public",
                    "mode": "managed",
                    "type": "aws_subnet",
                    "name": "public",
                    "provider_config_key": "aws",
                    "expressions": {
                        "availability_zone": {
                            "constant_value": "us-east-1a"
                        },
                        "cidr_block": {
                            "constant_value": "10.0.1.0/24"
                        },
                        "map_public_ip_on_launch": {
                            "constant_value": true
                        },
                        "vpc_id": {
                            "references": [
                                "aws_vpc.main.id",
                                "aws_vpc.main"
                            ]
                        }
                    },
                    "schema_version": 1
                },
                {
                    "address": "aws_vpc.main",
                    "mode": "managed",
                    "type": "aws_vpc",
                    "name": "main",
                    "provider_config_key": "aws",
                    "expressions": {
                        "cidr_block": {
                            "constant_value": "10.0.0.0/16"
                        }
                    },
                    "schema_version": 1
                }
            ]
        }
    },
    "relevant_attributes": [
        {
            "resource": "aws_eip.lb",
            "attribute": [
                "id"
            ]
        },
        {
            "resource": "aws_subnet.public",
            "attribute": [
                "id"
            ]
        },
        {
            "resource": "aws_vpc.main",
            "attribute": [
                "id"
            ]
        },
        {
            "resource": "aws_internet_gateway.gw",
            "attribute": [
                "id"
            ]
        }
    ],
    "timestamp": "2025-08-14T16:33:39Z",
    "errored": false
}