{
    "format_version": "1.2",
    "terraform_version": "1.7.5",
    "planned_values": {
        "root_module": {
            "resources": [
                {
                    "address": "azurerm_data_factory.example",
                    "mode": "managed",
                    "type": "azurerm_data_factory",
                    "name": "example",
                    "provider_name": "registry.terraform.io/hashicorp/azurerm",
                    "schema_version": 2,
                    "values": {
                        "customer_managed_key_id": null,
                        "customer_managed_key_identity_id": null,
                        "github_configuration": [],
                        "global_parameter": [],
                        "identity": [],
                        "location": "eastus",
                        "managed_virtual_network_enabled": null,
                        "name": "test-azurerm-data-factory-service",
                        "public_network_enabled": false,
                        "purview_id": null,
                        "resource_group_name": "test-resource-group-1",
                        "tags": {
                            "costcenter": "02045",
                            "dataclassification": "confidential",
                            "environmenttype": "dev",
                            "sharedemailaddress": "CloudSecurityServices@cvshealth.com"
                        },
                        "timeouts": null,
                        "vsts_configuration": []
                    },
                    "sensitive_values": {
                        "github_configuration": [],
                        "global_parameter": [],
                        "identity": [],
                        "tags": {},
                        "vsts_configuration": []
                    }
                },
                {
                    "address": "azurerm_private_dns_zone.example",
                    "mode": "managed",
                    "type": "azurerm_private_dns_zone",
                    "name": "example",
                    "provider_name": "registry.terraform.io/hashicorp/azurerm",
                    "schema_version": 0,
                    "values": {
                        "name": "privatelink.azure.com",
                        "resource_group_name": "test-resource-group-1",
                        "tags": null,
                        "timeouts": null
                    },
                    "sensitive_values": {
                        "soa_record": []
                    }
                },
                {
                    "address": "azurerm_private_dns_zone_virtual_network_link.example",
                    "mode": "managed",
                    "type": "azurerm_private_dns_zone_virtual_network_link",
                    "name": "example",
                    "provider_name": "registry.terraform.io/hashicorp/azurerm",
                    "schema_version": 0,
                    "values": {
                        "name": "example-link",
                        "private_dns_zone_name": "privatelink.azure.com",
                        "registration_enabled": false,
                        "resource_group_name": "test-resource-group-1",
                        "tags": null,
                        "timeouts": null
                    },
                    "sensitive_values": {}
                },
                {
                    "address": "azurerm_private_endpoint.example",
                    "mode": "managed",
                    "type": "azurerm_private_endpoint",
                    "name": "example",
                    "provider_name": "registry.terraform.io/hashicorp/azurerm",
                    "schema_version": 0,
                    "values": {
                        "custom_network_interface_name": null,
                        "ip_configuration": [],
                        "location": "eastus",
                        "name": "example-endpoint",
                        "private_dns_zone_group": [
                            {
                                "name": "example-dns-zone-group"
                            }
                        ],
                        "private_service_connection": [
                            {
                                "is_manual_connection": false,
                                "name": "example-privateserviceconnection",
                                "private_connection_resource_alias": null,
                                "request_message": null,
                                "subresource_names": null
                            }
                        ],
                        "resource_group_name": "test-resource-group-1",
                        "tags": null,
                        "timeouts": null
                    },
                    "sensitive_values": {
                        "custom_dns_configs": [],
                        "ip_configuration": [],
                        "network_interface": [],
                        "private_dns_zone_configs": [],
                        "private_dns_zone_group": [
                            {
                                "private_dns_zone_ids": []
                            }
                        ],
                        "private_service_connection": [
                            {}
                        ]
                    }
                },
                {
                    "address": "azurerm_resource_group.example",
                    "mode": "managed",
                    "type": "azurerm_resource_group",
                    "name": "example",
                    "provider_name": "registry.terraform.io/hashicorp/azurerm",
                    "schema_version": 0,
                    "values": {
                        "location": "eastus",
                        "managed_by": null,
                        "name": "test-resource-group-1",
                        "tags": null,
                        "timeouts": null
                    },
                    "sensitive_values": {}
                },
                {
                    "address": "azurerm_subnet.endpoint",
                    "mode": "managed",
                    "type": "azurerm_subnet",
                    "name": "endpoint",
                    "provider_name": "registry.terraform.io/hashicorp/azurerm",
                    "schema_version": 0,
                    "values": {
                        "address_prefixes": [
                            "10.0.1.0/24"
                        ],
                        "default_outbound_access_enabled": true,
                        "delegation": [],
                        "name": "endpoint",
                        "resource_group_name": "test-resource-group-1",
                        "service_endpoint_policy_ids": null,
                        "service_endpoints": null,
                        "timeouts": null,
                        "virtual_network_name": "virtnetname"
                    },
                    "sensitive_values": {
                        "address_prefixes": [
                            false
                        ],
                        "delegation": []
                    }
                },
                {
                    "address": "azurerm_virtual_network.example",
                    "mode": "managed",
                    "type": "azurerm_virtual_network",
                    "name": "example",
                    "provider_name": "registry.terraform.io/hashicorp/azurerm",
                    "schema_version": 0,
                    "values": {
                        "address_space": [
                            "10.0.0.0/16"
                        ],
                        "bgp_community": null,
                        "ddos_protection_plan": [],
                        "edge_zone": null,
                        "encryption": [],
                        "flow_timeout_in_minutes": null,
                        "location": "eastus",
                        "name": "virtnetname",
                        "resource_group_name": "test-resource-group-1",
                        "tags": null,
                        "timeouts": null
                    },
                    "sensitive_values": {
                        "address_space": [
                            false
                        ],
                        "ddos_protection_plan": [],
                        "dns_servers": [],
                        "encryption": [],
                        "subnet": []
                    }
                }
            ]
        }
    },
    "resource_changes": [
        {
            "address": "azurerm_data_factory.example",
            "mode": "managed",
            "type": "azurerm_data_factory",
            "name": "example",
            "provider_name": "registry.terraform.io/hashicorp/azurerm",
            "change": {
                "actions": [
                    "create"
                ],
                "before": null,
                "after": {
                    "customer_managed_key_id": null,
                    "customer_managed_key_identity_id": null,
                    "github_configuration": [],
                    "global_parameter": [],
                    "identity": [],
                    "location": "eastus",
                    "managed_virtual_network_enabled": null,
                    "name": "test-azurerm-data-factory-service",
                    "public_network_enabled": false,
                    "purview_id": null,
                    "resource_group_name": "test-resource-group-1",
                    "tags": {
                        "costcenter": "02045",
                        "dataclassification": "confidential",
                        "environmenttype": "dev",
                        "itpmid": "12345",
                        "sharedemailaddress": "CloudSecurityServices@cvshealth.com"
                    },
                    "timeouts": null,
                    "vsts_configuration": []
                },
                "after_unknown": {
                    "github_configuration": [],
                    "global_parameter": [],
                    "id": true,
                    "identity": [],
                    "tags": {},
                    "vsts_configuration": []
                },
                "before_sensitive": false,
                "after_sensitive": {
                    "github_configuration": [],
                    "global_parameter": [],
                    "identity": [],
                    "tags": {},
                    "vsts_configuration": []
                }
            }
        },
        {
            "address": "azurerm_private_dns_zone.example",
            "mode": "managed",
            "type": "azurerm_private_dns_zone",
            "name": "example",
            "provider_name": "registry.terraform.io/hashicorp/azurerm",
            "change": {
                "actions": [
                    "create"
                ],
                "before": null,
                "after": {
                    "name": "privatelink.azure.com",
                    "resource_group_name": "test-resource-group-1",
                    "tags": null,
                    "timeouts": null
                },
                "after_unknown": {
                    "id": true,
                    "max_number_of_record_sets": true,
                    "max_number_of_virtual_network_links": true,
                    "max_number_of_virtual_network_links_with_registration": true,
                    "number_of_record_sets": true,
                    "soa_record": true
                },
                "before_sensitive": false,
                "after_sensitive": {
                    "soa_record": []
                }
            }
        },
        {
            "address": "azurerm_private_dns_zone_virtual_network_link.example",
            "mode": "managed",
            "type": "azurerm_private_dns_zone_virtual_network_link",
            "name": "example",
            "provider_name": "registry.terraform.io/hashicorp/azurerm",
            "change": {
                "actions": [
                    "create"
                ],
                "before": null,
                "after": {
                    "name": "example-link",
                    "private_dns_zone_name": "privatelink.azure.com",
                    "registration_enabled": false,
                    "resource_group_name": "test-resource-group-1",
                    "tags": null,
                    "timeouts": null
                },
                "after_unknown": {
                    "id": true,
                    "virtual_network_id": true
                },
                "before_sensitive": false,
                "after_sensitive": {}
            }
        },
        {
            "address": "azurerm_private_endpoint.example",
            "mode": "managed",
            "type": "azurerm_private_endpoint",
            "name": "example",
            "provider_name": "registry.terraform.io/hashicorp/azurerm",
            "change": {
                "actions": [
                    "create"
                ],
                "before": null,
                "after": {
                    "custom_network_interface_name": null,
                    "ip_configuration": [],
                    "location": "eastus",
                    "name": "example-endpoint",
                    "private_dns_zone_group": [
                        {
                            "name": "example-dns-zone-group"
                        }
                    ],
                    "private_service_connection": [
                        {
                            "is_manual_connection": false,
                            "name": "example-privateserviceconnection",
                            "private_connection_resource_alias": null,
                            "request_message": null,
                            "subresource_names": null
                        }
                    ],
                    "resource_group_name": "test-resource-group-1",
                    "tags": null,
                    "timeouts": null
                },
                "after_unknown": {
                    "custom_dns_configs": true,
                    "id": true,
                    "ip_configuration": [],
                    "network_interface": true,
                    "private_dns_zone_configs": true,
                    "private_dns_zone_group": [
                        {
                            "id": true,
                            "private_dns_zone_ids": true
                        }
                    ],
                    "private_service_connection": [
                        {
                            "private_connection_resource_id": true,
                            "private_ip_address": true
                        }
                    ],
                    "subnet_id": true
                },
                "before_sensitive": false,
                "after_sensitive": {
                    "custom_dns_configs": [],
                    "ip_configuration": [],
                    "network_interface": [],
                    "private_dns_zone_configs": [],
                    "private_dns_zone_group": [
                        {
                            "private_dns_zone_ids": []
                        }
                    ],
                    "private_service_connection": [
                        {}
                    ]
                }
            }
        },
        {
            "address": "azurerm_resource_group.example",
            "mode": "managed",
            "type": "azurerm_resource_group",
            "name": "example",
            "provider_name": "registry.terraform.io/hashicorp/azurerm",
            "change": {
                "actions": [
                    "create"
                ],
                "before": null,
                "after": {
                    "location": "eastus",
                    "managed_by": null,
                    "name": "test-resource-group-1",
                    "tags": null,
                    "timeouts": null
                },
                "after_unknown": {
                    "id": true
                },
                "before_sensitive": false,
                "after_sensitive": {}
            }
        },
        {
            "address": "azurerm_subnet.endpoint",
            "mode": "managed",
            "type": "azurerm_subnet",
            "name": "endpoint",
            "provider_name": "registry.terraform.io/hashicorp/azurerm",
            "change": {
                "actions": [
                    "create"
                ],
                "before": null,
                "after": {
                    "address_prefixes": [
                        "10.0.1.0/24"
                    ],
                    "default_outbound_access_enabled": true,
                    "delegation": [],
                    "name": "endpoint",
                    "resource_group_name": "test-resource-group-1",
                    "service_endpoint_policy_ids": null,
                    "service_endpoints": null,
                    "timeouts": null,
                    "virtual_network_name": "virtnetname"
                },
                "after_unknown": {
                    "address_prefixes": [
                        false
                    ],
                    "delegation": [],
                    "enforce_private_link_endpoint_network_policies": true,
                    "enforce_private_link_service_network_policies": true,
                    "id": true,
                    "private_endpoint_network_policies": true,
                    "private_endpoint_network_policies_enabled": true,
                    "private_link_service_network_policies_enabled": true
                },
                "before_sensitive": false,
                "after_sensitive": {
                    "address_prefixes": [
                        false
                    ],
                    "delegation": []
                }
            }
        },
        {
            "address": "azurerm_virtual_network.example",
            "mode": "managed",
            "type": "azurerm_virtual_network",
            "name": "example",
            "provider_name": "registry.terraform.io/hashicorp/azurerm",
            "change": {
                "actions": [
                    "create"
                ],
                "before": null,
                "after": {
                    "address_space": [
                        "10.0.0.0/16"
                    ],
                    "bgp_community": null,
                    "ddos_protection_plan": [],
                    "edge_zone": null,
                    "encryption": [],
                    "flow_timeout_in_minutes": null,
                    "location": "eastus",
                    "name": "virtnetname",
                    "resource_group_name": "test-resource-group-1",
                    "tags": null,
                    "timeouts": null
                },
                "after_unknown": {
                    "address_space": [
                        false
                    ],
                    "ddos_protection_plan": [],
                    "dns_servers": true,
                    "encryption": [],
                    "guid": true,
                    "id": true,
                    "subnet": true
                },
                "before_sensitive": false,
                "after_sensitive": {
                    "address_space": [
                        false
                    ],
                    "ddos_protection_plan": [],
                    "dns_servers": [],
                    "encryption": [],
                    "subnet": []
                }
            }
        }
    ],
    "configuration": {
        "provider_config": {
            "azurerm": {
                "name": "azurerm",
                "full_name": "registry.terraform.io/hashicorp/azurerm",
                "version_constraint": "3.117.0",
                "expressions": {
                    "features": [
                        {}
                    ]
                }
            }
        },
        "root_module": {
            "resources": [
                {
                    "address": "azurerm_data_factory.example",
                    "mode": "managed",
                    "type": "azurerm_data_factory",
                    "name": "example",
                    "provider_config_key": "azurerm",
                    "expressions": {
                        "location": {
                            "references": [
                                "azurerm_resource_group.example.location",
                                "azurerm_resource_group.example"
                            ]
                        },
                        "name": {
                            "constant_value": "test-azurerm-data-factory-service"
                        },
                        "public_network_enabled": {
                            "constant_value": false
                        },
                        "resource_group_name": {
                            "references": [
                                "azurerm_resource_group.example.name",
                                "azurerm_resource_group.example"
                            ]
                        },
                        "tags": {
                            "constant_value": {
                                "costcenter": "02045",
                                "dataclassification": "confidential",
                                "environmenttype": "dev",
                                "itpmid": "12345",
                                "sharedemailaddress": "CloudSecurityServices@cvshealth.com"
                            }
                        }
                    },
                    "schema_version": 2
                },
                {
                    "address": "azurerm_private_dns_zone.example",
                    "mode": "managed",
                    "type": "azurerm_private_dns_zone",
                    "name": "example",
                    "provider_config_key": "azurerm",
                    "expressions": {
                        "name": {
                            "constant_value": "privatelink.azure.com"
                        },
                        "resource_group_name": {
                            "references": [
                                "azurerm_resource_group.example.name",
                                "azurerm_resource_group.example"
                            ]
                        }
                    },
                    "schema_version": 0
                },
                {
                    "address": "azurerm_private_dns_zone_virtual_network_link.example",
                    "mode": "managed",
                    "type": "azurerm_private_dns_zone_virtual_network_link",
                    "name": "example",
                    "provider_config_key": "azurerm",
                    "expressions": {
                        "name": {
                            "constant_value": "example-link"
                        },
                        "private_dns_zone_name": {
                            "references": [
                                "azurerm_private_dns_zone.example.name",
                                "azurerm_private_dns_zone.example"
                            ]
                        },
                        "resource_group_name": {
                            "references": [
                                "azurerm_resource_group.example.name",
                                "azurerm_resource_group.example"
                            ]
                        },
                        "virtual_network_id": {
                            "references": [
                                "azurerm_virtual_network.example.id",
                                "azurerm_virtual_network.example"
                            ]
                        }
                    },
                    "schema_version": 0
                },
                {
                    "address": "azurerm_private_endpoint.example",
                    "mode": "managed",
                    "type": "azurerm_private_endpoint",
                    "name": "example",
                    "provider_config_key": "azurerm",
                    "expressions": {
                        "location": {
                            "references": [
                                "azurerm_resource_group.example.location",
                                "azurerm_resource_group.example"
                            ]
                        },
                        "name": {
                            "constant_value": "example-endpoint"
                        },
                        "private_dns_zone_group": [
                            {
                                "name": {
                                    "constant_value": "example-dns-zone-group"
                                },
                                "private_dns_zone_ids": {
                                    "references": [
                                        "azurerm_private_dns_zone.example.id",
                                        "azurerm_private_dns_zone.example"
                                    ]
                                }
                            }
                        ],
                        "private_service_connection": [
                            {
                                "is_manual_connection": {
                                    "constant_value": false
                                },
                                "name": {
                                    "constant_value": "example-privateserviceconnection"
                                },
                                "private_connection_resource_id": {
                                    "references": [
                                        "azurerm_data_factory.example.id",
                                        "azurerm_data_factory.example"
                                    ]
                                }
                            }
                        ],
                        "resource_group_name": {
                            "references": [
                                "azurerm_resource_group.example.name",
                                "azurerm_resource_group.example"
                            ]
                        },
                        "subnet_id": {
                            "references": [
                                "azurerm_subnet.endpoint.id",
                                "azurerm_subnet.endpoint"
                            ]
                        }
                    },
                    "schema_version": 0
                },
                {
                    "address": "azurerm_resource_group.example",
                    "mode": "managed",
                    "type": "azurerm_resource_group",
                    "name": "example",
                    "provider_config_key": "azurerm",
                    "expressions": {
                        "location": {
                            "constant_value": "East US"
                        },
                        "name": {
                            "constant_value": "test-resource-group-1"
                        }
                    },
                    "schema_version": 0
                },
                {
                    "address": "azurerm_subnet.endpoint",
                    "mode": "managed",
                    "type": "azurerm_subnet",
                    "name": "endpoint",
                    "provider_config_key": "azurerm",
                    "expressions": {
                        "address_prefixes": {
                            "constant_value": [
                                "10.0.1.0/24"
                            ]
                        },
                        "name": {
                            "constant_value": "endpoint"
                        },
                        "resource_group_name": {
                            "references": [
                                "azurerm_resource_group.example.name",
                                "azurerm_resource_group.example"
                            ]
                        },
                        "virtual_network_name": {
                            "references": [
                                "azurerm_virtual_network.example.name",
                                "azurerm_virtual_network.example"
                            ]
                        }
                    },
                    "schema_version": 0
                },
                {
                    "address": "azurerm_virtual_network.example",
                    "mode": "managed",
                    "type": "azurerm_virtual_network",
                    "name": "example",
                    "provider_config_key": "azurerm",
                    "expressions": {
                        "address_space": {
                            "constant_value": [
                                "10.0.0.0/16"
                            ]
                        },
                        "location": {
                            "references": [
                                "azurerm_resource_group.example.location",
                                "azurerm_resource_group.example"
                            ]
                        },
                        "name": {
                            "constant_value": "virtnetname"
                        },
                        "resource_group_name": {
                            "references": [
                                "azurerm_resource_group.example.name",
                                "azurerm_resource_group.example"
                            ]
                        }
                    },
                    "schema_version": 0
                }
            ]
        }
    },
    "relevant_attributes": [
        {
            "resource": "azurerm_virtual_network.example",
            "attribute": [
                "id"
            ]
        },
        {
            "resource": "azurerm_private_dns_zone.example",
            "attribute": [
                "name"
            ]
        },
        {
            "resource": "azurerm_subnet.endpoint",
            "attribute": [
                "id"
            ]
        },
        {
            "resource": "azurerm_data_factory.example",
            "attribute": [
                "id"
            ]
        },
        {
            "resource": "azurerm_private_dns_zone.example",
            "attribute": [
                "id"
            ]
        },
        {
            "resource": "azurerm_resource_group.example",
            "attribute": [
                "name"
            ]
        },
        {
            "resource": "azurerm_resource_group.example",
            "attribute": [
                "location"
            ]
        },
        {
            "resource": "azurerm_virtual_network.example",
            "attribute": [
                "name"
            ]
        }
    ],
    "timestamp": "2025-02-11T18:12:33Z",
    "errored": false
}