{
    "format_version": "1.2",
    "terraform_version": "1.7.5",
    "planned_values": {
        "root_module": {
            "resources": [
                {
                    "address": "azurerm_network_security_rule.positive1",
                    "mode": "managed",
                    "type": "azurerm_network_security_rule",
                    "name": "positive1",
                    "provider_name": "registry.terraform.io/hashicorp/azurerm",
                    "schema_version": 0,
                    "values": {
                        "access": "Allow",
                        "description": null,
                        "destination_address_prefix": "*",
                        "destination_address_prefixes": null,
                        "destination_application_security_group_ids": null,
                        "destination_port_range": "22",
                        "destination_port_ranges": null,
                        "direction": "Inbound",
                        "name": "example",
                        "network_security_group_name": "example-nsg",
                        "priority": 100,
                        "protocol": "Tcp",
                        "resource_group_name": "example-rg",
                        "source_address_prefix": "*",
                        "source_address_prefixes": null,
                        "source_application_security_group_ids": null,
                        "source_port_range": "*",
                        "source_port_ranges": null,
                        "timeouts": null
                    },
                    "sensitive_values": {}
                },
                {
                    "address": "azurerm_network_security_rule.positive10",
                    "mode": "managed",
                    "type": "azurerm_network_security_rule",
                    "name": "positive10",
                    "provider_name": "registry.terraform.io/hashicorp/azurerm",
                    "schema_version": 0,
                    "values": {
                        "access": "Allow",
                        "description": null,
                        "destination_address_prefix": "*",
                        "destination_address_prefixes": null,
                        "destination_application_security_group_ids": null,
                        "destination_port_range": "111-211, 20-30, 1-2 , 3",
                        "destination_port_ranges": null,
                        "direction": "Inbound",
                        "name": "example",
                        "network_security_group_name": "example-nsg",
                        "priority": 100,
                        "protocol": "*",
                        "resource_group_name": "example-rg",
                        "source_address_prefix": "internet",
                        "source_address_prefixes": null,
                        "source_application_security_group_ids": null,
                        "source_port_range": "*",
                        "source_port_ranges": null,
                        "timeouts": null
                    },
                    "sensitive_values": {}
                },
                {
                    "address": "azurerm_network_security_rule.positive2",
                    "mode": "managed",
                    "type": "azurerm_network_security_rule",
                    "name": "positive2",
                    "provider_name": "registry.terraform.io/hashicorp/azurerm",
                    "schema_version": 0,
                    "values": {
                        "access": "Allow",
                        "description": null,
                        "destination_address_prefix": "*",
                        "destination_address_prefixes": null,
                        "destination_application_security_group_ids": null,
                        "destination_port_range": "22-23",
                        "destination_port_ranges": null,
                        "direction": "Inbound",
                        "name": "example",
                        "network_security_group_name": "example-nsg",
                        "priority": 100,
                        "protocol": "Tcp",
                        "resource_group_name": "example-rg",
                        "source_address_prefix": "*",
                        "source_address_prefixes": null,
                        "source_application_security_group_ids": null,
                        "source_port_range": "*",
                        "source_port_ranges": null,
                        "timeouts": null
                    },
                    "sensitive_values": {}
                },
                {
                    "address": "azurerm_network_security_rule.positive3",
                    "mode": "managed",
                    "type": "azurerm_network_security_rule",
                    "name": "positive3",
                    "provider_name": "registry.terraform.io/hashicorp/azurerm",
                    "schema_version": 0,
                    "values": {
                        "access": "Allow",
                        "description": null,
                        "destination_address_prefix": "*",
                        "destination_address_prefixes": null,
                        "destination_application_security_group_ids": null,
                        "destination_port_range": "21-53",
                        "destination_port_ranges": null,
                        "direction": "Inbound",
                        "name": "example",
                        "network_security_group_name": "example-nsg",
                        "priority": 100,
                        "protocol": "Tcp",
                        "resource_group_name": "example-rg",
                        "source_address_prefix": "*",
                        "source_address_prefixes": null,
                        "source_application_security_group_ids": null,
                        "source_port_range": "*",
                        "source_port_ranges": null,
                        "timeouts": null
                    },
                    "sensitive_values": {}
                },
                {
                    "address": "azurerm_network_security_rule.positive4",
                    "mode": "managed",
                    "type": "azurerm_network_security_rule",
                    "name": "positive4",
                    "provider_name": "registry.terraform.io/hashicorp/azurerm",
                    "schema_version": 0,
                    "values": {
                        "access": "Allow",
                        "description": null,
                        "destination_address_prefix": "*",
                        "destination_address_prefixes": null,
                        "destination_application_security_group_ids": null,
                        "destination_port_range": "22",
                        "destination_port_ranges": null,
                        "direction": "Inbound",
                        "name": "example",
                        "network_security_group_name": "example-nsg",
                        "priority": 100,
                        "protocol": "Tcp",
                        "resource_group_name": "example-rg",
                        "source_address_prefix": "0.0.0.0",
                        "source_address_prefixes": null,
                        "source_application_security_group_ids": null,
                        "source_port_range": "*",
                        "source_port_ranges": null,
                        "timeouts": null
                    },
                    "sensitive_values": {}
                },
                {
                    "address": "azurerm_network_security_rule.positive5",
                    "mode": "managed",
                    "type": "azurerm_network_security_rule",
                    "name": "positive5",
                    "provider_name": "registry.terraform.io/hashicorp/azurerm",
                    "schema_version": 0,
                    "values": {
                        "access": "Allow",
                        "description": null,
                        "destination_address_prefix": "*",
                        "destination_address_prefixes": null,
                        "destination_application_security_group_ids": null,
                        "destination_port_range": "22,24",
                        "destination_port_ranges": null,
                        "direction": "Inbound",
                        "name": "example",
                        "network_security_group_name": "example-nsg",
                        "priority": 100,
                        "protocol": "Tcp",
                        "resource_group_name": "example-rg",
                        "source_address_prefix": "34.15.11.3/0",
                        "source_address_prefixes": null,
                        "source_application_security_group_ids": null,
                        "source_port_range": "*",
                        "source_port_ranges": null,
                        "timeouts": null
                    },
                    "sensitive_values": {}
                },
                {
                    "address": "azurerm_network_security_rule.positive6",
                    "mode": "managed",
                    "type": "azurerm_network_security_rule",
                    "name": "positive6",
                    "provider_name": "registry.terraform.io/hashicorp/azurerm",
                    "schema_version": 0,
                    "values": {
                        "access": "Allow",
                        "description": null,
                        "destination_address_prefix": "*",
                        "destination_address_prefixes": null,
                        "destination_application_security_group_ids": null,
                        "destination_port_range": "22",
                        "destination_port_ranges": null,
                        "direction": "Inbound",
                        "name": "example",
                        "network_security_group_name": "example-nsg",
                        "priority": 100,
                        "protocol": "Tcp",
                        "resource_group_name": "example-rg",
                        "source_address_prefix": "/0",
                        "source_address_prefixes": null,
                        "source_application_security_group_ids": null,
                        "source_port_range": "*",
                        "source_port_ranges": null,
                        "timeouts": null
                    },
                    "sensitive_values": {}
                },
                {
                    "address": "azurerm_network_security_rule.positive7",
                    "mode": "managed",
                    "type": "azurerm_network_security_rule",
                    "name": "positive7",
                    "provider_name": "registry.terraform.io/hashicorp/azurerm",
                    "schema_version": 0,
                    "values": {
                        "access": "Allow",
                        "description": null,
                        "destination_address_prefix": "*",
                        "destination_address_prefixes": null,
                        "destination_application_security_group_ids": null,
                        "destination_port_range": "21-24, 230",
                        "destination_port_ranges": null,
                        "direction": "Inbound",
                        "name": "example",
                        "network_security_group_name": "example-nsg",
                        "priority": 100,
                        "protocol": "Tcp",
                        "resource_group_name": "example-rg",
                        "source_address_prefix": "internet",
                        "source_address_prefixes": null,
                        "source_application_security_group_ids": null,
                        "source_port_range": "*",
                        "source_port_ranges": null,
                        "timeouts": null
                    },
                    "sensitive_values": {}
                },
                {
                    "address": "azurerm_network_security_rule.positive8",
                    "mode": "managed",
                    "type": "azurerm_network_security_rule",
                    "name": "positive8",
                    "provider_name": "registry.terraform.io/hashicorp/azurerm",
                    "schema_version": 0,
                    "values": {
                        "access": "Allow",
                        "description": null,
                        "destination_address_prefix": "*",
                        "destination_address_prefixes": null,
                        "destination_application_security_group_ids": null,
                        "destination_port_range": "21, 22 , 24 ",
                        "destination_port_ranges": null,
                        "direction": "Inbound",
                        "name": "example",
                        "network_security_group_name": "example-nsg",
                        "priority": 100,
                        "protocol": "Tcp",
                        "resource_group_name": "example-rg",
                        "source_address_prefix": "any",
                        "source_address_prefixes": null,
                        "source_application_security_group_ids": null,
                        "source_port_range": "*",
                        "source_port_ranges": null,
                        "timeouts": null
                    },
                    "sensitive_values": {}
                },
                {
                    "address": "azurerm_network_security_rule.positive9",
                    "mode": "managed",
                    "type": "azurerm_network_security_rule",
                    "name": "positive9",
                    "provider_name": "registry.terraform.io/hashicorp/azurerm",
                    "schema_version": 0,
                    "values": {
                        "access": "Allow",
                        "description": null,
                        "destination_address_prefix": "*",
                        "destination_address_prefixes": null,
                        "destination_application_security_group_ids": null,
                        "destination_port_range": "21, 22-23,2250",
                        "destination_port_ranges": null,
                        "direction": "Inbound",
                        "name": "example",
                        "network_security_group_name": "example-nsg",
                        "priority": 100,
                        "protocol": "*",
                        "resource_group_name": "example-rg",
                        "source_address_prefix": "/0",
                        "source_address_prefixes": null,
                        "source_application_security_group_ids": null,
                        "source_port_range": "*",
                        "source_port_ranges": null,
                        "timeouts": null
                    },
                    "sensitive_values": {}
                }
            ]
        }
    },
    "resource_changes": [
        {
            "address": "azurerm_network_security_rule.positive1",
            "mode": "managed",
            "type": "azurerm_network_security_rule",
            "name": "positive1",
            "provider_name": "registry.terraform.io/hashicorp/azurerm",
            "change": {
                "actions": [
                    "create"
                ],
                "before": null,
                "after": {
                    "access": "Allow",
                    "description": null,
                    "destination_address_prefix": "*",
                    "destination_address_prefixes": null,
                    "destination_application_security_group_ids": null,
                    "destination_port_range": "22",
                    "destination_port_ranges": null,
                    "direction": "Inbound",
                    "name": "example",
                    "network_security_group_name": "example-nsg",
                    "priority": 100,
                    "protocol": "Tcp",
                    "resource_group_name": "example-rg",
                    "source_address_prefix": "*",
                    "source_address_prefixes": null,
                    "source_application_security_group_ids": null,
                    "source_port_range": "*",
                    "source_port_ranges": null,
                    "timeouts": null
                },
                "after_unknown": {
                    "id": true
                },
                "before_sensitive": false,
                "after_sensitive": {}
            }
        },
        {
            "address": "azurerm_network_security_rule.positive10",
            "mode": "managed",
            "type": "azurerm_network_security_rule",
            "name": "positive10",
            "provider_name": "registry.terraform.io/hashicorp/azurerm",
            "change": {
                "actions": [
                    "create"
                ],
                "before": null,
                "after": {
                    "access": "Allow",
                    "description": null,
                    "destination_address_prefix": "*",
                    "destination_address_prefixes": null,
                    "destination_application_security_group_ids": null,
                    "destination_port_range": "111-211, 20-30, 1-2 , 3",
                    "destination_port_ranges": null,
                    "direction": "Inbound",
                    "name": "example",
                    "network_security_group_name": "example-nsg",
                    "priority": 100,
                    "protocol": "*",
                    "resource_group_name": "example-rg",
                    "source_address_prefix": "internet",
                    "source_address_prefixes": null,
                    "source_application_security_group_ids": null,
                    "source_port_range": "*",
                    "source_port_ranges": null,
                    "timeouts": null
                },
                "after_unknown": {
                    "id": true
                },
                "before_sensitive": false,
                "after_sensitive": {}
            }
        },
        {
            "address": "azurerm_network_security_rule.positive2",
            "mode": "managed",
            "type": "azurerm_network_security_rule",
            "name": "positive2",
            "provider_name": "registry.terraform.io/hashicorp/azurerm",
            "change": {
                "actions": [
                    "create"
                ],
                "before": null,
                "after": {
                    "access": "Allow",
                    "description": null,
                    "destination_address_prefix": "*",
                    "destination_address_prefixes": null,
                    "destination_application_security_group_ids": null,
                    "destination_port_range": "22-23",
                    "destination_port_ranges": null,
                    "direction": "Inbound",
                    "name": "example",
                    "network_security_group_name": "example-nsg",
                    "priority": 100,
                    "protocol": "Tcp",
                    "resource_group_name": "example-rg",
                    "source_address_prefix": "*",
                    "source_address_prefixes": null,
                    "source_application_security_group_ids": null,
                    "source_port_range": "*",
                    "source_port_ranges": null,
                    "timeouts": null
                },
                "after_unknown": {
                    "id": true
                },
                "before_sensitive": false,
                "after_sensitive": {}
            }
        },
        {
            "address": "azurerm_network_security_rule.positive3",
            "mode": "managed",
            "type": "azurerm_network_security_rule",
            "name": "positive3",
            "provider_name": "registry.terraform.io/hashicorp/azurerm",
            "change": {
                "actions": [
                    "create"
                ],
                "before": null,
                "after": {
                    "access": "Allow",
                    "description": null,
                    "destination_address_prefix": "*",
                    "destination_address_prefixes": null,
                    "destination_application_security_group_ids": null,
                    "destination_port_range": "21-53",
                    "destination_port_ranges": null,
                    "direction": "Inbound",
                    "name": "example",
                    "network_security_group_name": "example-nsg",
                    "priority": 100,
                    "protocol": "Tcp",
                    "resource_group_name": "example-rg",
                    "source_address_prefix": "*",
                    "source_address_prefixes": null,
                    "source_application_security_group_ids": null,
                    "source_port_range": "*",
                    "source_port_ranges": null,
                    "timeouts": null
                },
                "after_unknown": {
                    "id": true
                },
                "before_sensitive": false,
                "after_sensitive": {}
            }
        },
        {
            "address": "azurerm_network_security_rule.positive4",
            "mode": "managed",
            "type": "azurerm_network_security_rule",
            "name": "positive4",
            "provider_name": "registry.terraform.io/hashicorp/azurerm",
            "change": {
                "actions": [
                    "create"
                ],
                "before": null,
                "after": {
                    "access": "Allow",
                    "description": null,
                    "destination_address_prefix": "*",
                    "destination_address_prefixes": null,
                    "destination_application_security_group_ids": null,
                    "destination_port_range": "22",
                    "destination_port_ranges": null,
                    "direction": "Inbound",
                    "name": "example",
                    "network_security_group_name": "example-nsg",
                    "priority": 100,
                    "protocol": "Tcp",
                    "resource_group_name": "example-rg",
                    "source_address_prefix": "0.0.0.0",
                    "source_address_prefixes": null,
                    "source_application_security_group_ids": null,
                    "source_port_range": "*",
                    "source_port_ranges": null,
                    "timeouts": null
                },
                "after_unknown": {
                    "id": true
                },
                "before_sensitive": false,
                "after_sensitive": {}
            }
        },
        {
            "address": "azurerm_network_security_rule.positive5",
            "mode": "managed",
            "type": "azurerm_network_security_rule",
            "name": "positive5",
            "provider_name": "registry.terraform.io/hashicorp/azurerm",
            "change": {
                "actions": [
                    "create"
                ],
                "before": null,
                "after": {
                    "access": "Allow",
                    "description": null,
                    "destination_address_prefix": "*",
                    "destination_address_prefixes": null,
                    "destination_application_security_group_ids": null,
                    "destination_port_range": "22,24",
                    "destination_port_ranges": null,
                    "direction": "Inbound",
                    "name": "example",
                    "network_security_group_name": "example-nsg",
                    "priority": 100,
                    "protocol": "Tcp",
                    "resource_group_name": "example-rg",
                    "source_address_prefix": "34.15.11.3/0",
                    "source_address_prefixes": null,
                    "source_application_security_group_ids": null,
                    "source_port_range": "*",
                    "source_port_ranges": null,
                    "timeouts": null
                },
                "after_unknown": {
                    "id": true
                },
                "before_sensitive": false,
                "after_sensitive": {}
            }
        },
        {
            "address": "azurerm_network_security_rule.positive6",
            "mode": "managed",
            "type": "azurerm_network_security_rule",
            "name": "positive6",
            "provider_name": "registry.terraform.io/hashicorp/azurerm",
            "change": {
                "actions": [
                    "create"
                ],
                "before": null,
                "after": {
                    "access": "Allow",
                    "description": null,
                    "destination_address_prefix": "*",
                    "destination_address_prefixes": null,
                    "destination_application_security_group_ids": null,
                    "destination_port_range": "22",
                    "destination_port_ranges": null,
                    "direction": "Inbound",
                    "name": "example",
                    "network_security_group_name": "example-nsg",
                    "priority": 100,
                    "protocol": "Tcp",
                    "resource_group_name": "example-rg",
                    "source_address_prefix": "/0",
                    "source_address_prefixes": null,
                    "source_application_security_group_ids": null,
                    "source_port_range": "*",
                    "source_port_ranges": null,
                    "timeouts": null
                },
                "after_unknown": {
                    "id": true
                },
                "before_sensitive": false,
                "after_sensitive": {}
            }
        },
        {
            "address": "azurerm_network_security_rule.positive7",
            "mode": "managed",
            "type": "azurerm_network_security_rule",
            "name": "positive7",
            "provider_name": "registry.terraform.io/hashicorp/azurerm",
            "change": {
                "actions": [
                    "create"
                ],
                "before": null,
                "after": {
                    "access": "Allow",
                    "description": null,
                    "destination_address_prefix": "*",
                    "destination_address_prefixes": null,
                    "destination_application_security_group_ids": null,
                    "destination_port_range": "21-24, 230",
                    "destination_port_ranges": null,
                    "direction": "Inbound",
                    "name": "example",
                    "network_security_group_name": "example-nsg",
                    "priority": 100,
                    "protocol": "Tcp",
                    "resource_group_name": "example-rg",
                    "source_address_prefix": "internet",
                    "source_address_prefixes": null,
                    "source_application_security_group_ids": null,
                    "source_port_range": "*",
                    "source_port_ranges": null,
                    "timeouts": null
                },
                "after_unknown": {
                    "id": true
                },
                "before_sensitive": false,
                "after_sensitive": {}
            }
        },
        {
            "address": "azurerm_network_security_rule.positive8",
            "mode": "managed",
            "type": "azurerm_network_security_rule",
            "name": "positive8",
            "provider_name": "registry.terraform.io/hashicorp/azurerm",
            "change": {
                "actions": [
                    "create"
                ],
                "before": null,
                "after": {
                    "access": "Allow",
                    "description": null,
                    "destination_address_prefix": "*",
                    "destination_address_prefixes": null,
                    "destination_application_security_group_ids": null,
                    "destination_port_range": "21, 22 , 24 ",
                    "destination_port_ranges": null,
                    "direction": "Inbound",
                    "name": "example",
                    "network_security_group_name": "example-nsg",
                    "priority": 100,
                    "protocol": "Tcp",
                    "resource_group_name": "example-rg",
                    "source_address_prefix": "any",
                    "source_address_prefixes": null,
                    "source_application_security_group_ids": null,
                    "source_port_range": "*",
                    "source_port_ranges": null,
                    "timeouts": null
                },
                "after_unknown": {
                    "id": true
                },
                "before_sensitive": false,
                "after_sensitive": {}
            }
        },
        {
            "address": "azurerm_network_security_rule.positive9",
            "mode": "managed",
            "type": "azurerm_network_security_rule",
            "name": "positive9",
            "provider_name": "registry.terraform.io/hashicorp/azurerm",
            "change": {
                "actions": [
                    "create"
                ],
                "before": null,
                "after": {
                    "access": "Allow",
                    "description": null,
                    "destination_address_prefix": "*",
                    "destination_address_prefixes": null,
                    "destination_application_security_group_ids": null,
                    "destination_port_range": "21, 22-23,2250",
                    "destination_port_ranges": null,
                    "direction": "Inbound",
                    "name": "example",
                    "network_security_group_name": "example-nsg",
                    "priority": 100,
                    "protocol": "*",
                    "resource_group_name": "example-rg",
                    "source_address_prefix": "/0",
                    "source_address_prefixes": null,
                    "source_application_security_group_ids": null,
                    "source_port_range": "*",
                    "source_port_ranges": null,
                    "timeouts": null
                },
                "after_unknown": {
                    "id": true
                },
                "before_sensitive": false,
                "after_sensitive": {}
            }
        }
    ],
    "configuration": {
        "provider_config": {
            "azurerm": {
                "name": "azurerm",
                "full_name": "registry.terraform.io/hashicorp/azurerm",
                "version_constraint": "4.26.0",
                "expressions": {
                    "features": [
                        {}
                    ],
                    "subscription_id": {
                        "constant_value": "ec8dc618-46dd-43e2-8506-3007f304d884"
                    }
                }
            }
        },
        "root_module": {
            "resources": [
                {
                    "address": "azurerm_network_security_rule.positive1",
                    "mode": "managed",
                    "type": "azurerm_network_security_rule",
                    "name": "positive1",
                    "provider_config_key": "azurerm",
                    "expressions": {
                        "access": {
                            "constant_value": "Allow"
                        },
                        "destination_address_prefix": {
                            "constant_value": "*"
                        },
                        "destination_port_range": {
                            "constant_value": "22"
                        },
                        "direction": {
                            "constant_value": "Inbound"
                        },
                        "name": {
                            "constant_value": "example"
                        },
                        "network_security_group_name": {
                            "constant_value": "example-nsg"
                        },
                        "priority": {
                            "constant_value": 100
                        },
                        "protocol": {
                            "constant_value": "Tcp"
                        },
                        "resource_group_name": {
                            "constant_value": "example-rg"
                        },
                        "source_address_prefix": {
                            "constant_value": "*"
                        },
                        "source_port_range": {
                            "constant_value": "*"
                        }
                    },
                    "schema_version": 0
                },
                {
                    "address": "azurerm_network_security_rule.positive10",
                    "mode": "managed",
                    "type": "azurerm_network_security_rule",
                    "name": "positive10",
                    "provider_config_key": "azurerm",
                    "expressions": {
                        "access": {
                            "constant_value": "Allow"
                        },
                        "destination_address_prefix": {
                            "constant_value": "*"
                        },
                        "destination_port_range": {
                            "constant_value": "111-211, 20-30, 1-2 , 3"
                        },
                        "direction": {
                            "constant_value": "Inbound"
                        },
                        "name": {
                            "constant_value": "example"
                        },
                        "network_security_group_name": {
                            "constant_value": "example-nsg"
                        },
                        "priority": {
                            "constant_value": 100
                        },
                        "protocol": {
                            "constant_value": "*"
                        },
                        "resource_group_name": {
                            "constant_value": "example-rg"
                        },
                        "source_address_prefix": {
                            "constant_value": "internet"
                        },
                        "source_port_range": {
                            "constant_value": "*"
                        }
                    },
                    "schema_version": 0
                },
                {
                    "address": "azurerm_network_security_rule.positive2",
                    "mode": "managed",
                    "type": "azurerm_network_security_rule",
                    "name": "positive2",
                    "provider_config_key": "azurerm",
                    "expressions": {
                        "access": {
                            "constant_value": "Allow"
                        },
                        "destination_address_prefix": {
                            "constant_value": "*"
                        },
                        "destination_port_range": {
                            "constant_value": "22-23"
                        },
                        "direction": {
                            "constant_value": "Inbound"
                        },
                        "name": {
                            "constant_value": "example"
                        },
                        "network_security_group_name": {
                            "constant_value": "example-nsg"
                        },
                        "priority": {
                            "constant_value": 100
                        },
                        "protocol": {
                            "constant_value": "Tcp"
                        },
                        "resource_group_name": {
                            "constant_value": "example-rg"
                        },
                        "source_address_prefix": {
                            "constant_value": "*"
                        },
                        "source_port_range": {
                            "constant_value": "*"
                        }
                    },
                    "schema_version": 0
                },
                {
                    "address": "azurerm_network_security_rule.positive3",
                    "mode": "managed",
                    "type": "azurerm_network_security_rule",
                    "name": "positive3",
                    "provider_config_key": "azurerm",
                    "expressions": {
                        "access": {
                            "constant_value": "Allow"
                        },
                        "destination_address_prefix": {
                            "constant_value": "*"
                        },
                        "destination_port_range": {
                            "constant_value": "21-53"
                        },
                        "direction": {
                            "constant_value": "Inbound"
                        },
                        "name": {
                            "constant_value": "example"
                        },
                        "network_security_group_name": {
                            "constant_value": "example-nsg"
                        },
                        "priority": {
                            "constant_value": 100
                        },
                        "protocol": {
                            "constant_value": "Tcp"
                        },
                        "resource_group_name": {
                            "constant_value": "example-rg"
                        },
                        "source_address_prefix": {
                            "constant_value": "*"
                        },
                        "source_port_range": {
                            "constant_value": "*"
                        }
                    },
                    "schema_version": 0
                },
                {
                    "address": "azurerm_network_security_rule.positive4",
                    "mode": "managed",
                    "type": "azurerm_network_security_rule",
                    "name": "positive4",
                    "provider_config_key": "azurerm",
                    "expressions": {
                        "access": {
                            "constant_value": "Allow"
                        },
                        "destination_address_prefix": {
                            "constant_value": "*"
                        },
                        "destination_port_range": {
                            "constant_value": "22"
                        },
                        "direction": {
                            "constant_value": "Inbound"
                        },
                        "name": {
                            "constant_value": "example"
                        },
                        "network_security_group_name": {
                            "constant_value": "example-nsg"
                        },
                        "priority": {
                            "constant_value": 100
                        },
                        "protocol": {
                            "constant_value": "Tcp"
                        },
                        "resource_group_name": {
                            "constant_value": "example-rg"
                        },
                        "source_address_prefix": {
                            "constant_value": "0.0.0.0"
                        },
                        "source_port_range": {
                            "constant_value": "*"
                        }
                    },
                    "schema_version": 0
                },
                {
                    "address": "azurerm_network_security_rule.positive5",
                    "mode": "managed",
                    "type": "azurerm_network_security_rule",
                    "name": "positive5",
                    "provider_config_key": "azurerm",
                    "expressions": {
                        "access": {
                            "constant_value": "Allow"
                        },
                        "destination_address_prefix": {
                            "constant_value": "*"
                        },
                        "destination_port_range": {
                            "constant_value": "22,24"
                        },
                        "direction": {
                            "constant_value": "Inbound"
                        },
                        "name": {
                            "constant_value": "example"
                        },
                        "network_security_group_name": {
                            "constant_value": "example-nsg"
                        },
                        "priority": {
                            "constant_value": 100
                        },
                        "protocol": {
                            "constant_value": "Tcp"
                        },
                        "resource_group_name": {
                            "constant_value": "example-rg"
                        },
                        "source_address_prefix": {
                            "constant_value": "34.15.11.3/0"
                        },
                        "source_port_range": {
                            "constant_value": "*"
                        }
                    },
                    "schema_version": 0
                },
                {
                    "address": "azurerm_network_security_rule.positive6",
                    "mode": "managed",
                    "type": "azurerm_network_security_rule",
                    "name": "positive6",
                    "provider_config_key": "azurerm",
                    "expressions": {
                        "access": {
                            "constant_value": "Allow"
                        },
                        "destination_address_prefix": {
                            "constant_value": "*"
                        },
                        "destination_port_range": {
                            "constant_value": "22"
                        },
                        "direction": {
                            "constant_value": "Inbound"
                        },
                        "name": {
                            "constant_value": "example"
                        },
                        "network_security_group_name": {
                            "constant_value": "example-nsg"
                        },
                        "priority": {
                            "constant_value": 100
                        },
                        "protocol": {
                            "constant_value": "Tcp"
                        },
                        "resource_group_name": {
                            "constant_value": "example-rg"
                        },
                        "source_address_prefix": {
                            "constant_value": "/0"
                        },
                        "source_port_range": {
                            "constant_value": "*"
                        }
                    },
                    "schema_version": 0
                },
                {
                    "address": "azurerm_network_security_rule.positive7",
                    "mode": "managed",
                    "type": "azurerm_network_security_rule",
                    "name": "positive7",
                    "provider_config_key": "azurerm",
                    "expressions": {
                        "access": {
                            "constant_value": "Allow"
                        },
                        "destination_address_prefix": {
                            "constant_value": "*"
                        },
                        "destination_port_range": {
                            "constant_value": "21-24, 230"
                        },
                        "direction": {
                            "constant_value": "Inbound"
                        },
                        "name": {
                            "constant_value": "example"
                        },
                        "network_security_group_name": {
                            "constant_value": "example-nsg"
                        },
                        "priority": {
                            "constant_value": 100
                        },
                        "protocol": {
                            "constant_value": "Tcp"
                        },
                        "resource_group_name": {
                            "constant_value": "example-rg"
                        },
                        "source_address_prefix": {
                            "constant_value": "internet"
                        },
                        "source_port_range": {
                            "constant_value": "*"
                        }
                    },
                    "schema_version": 0
                },
                {
                    "address": "azurerm_network_security_rule.positive8",
                    "mode": "managed",
                    "type": "azurerm_network_security_rule",
                    "name": "positive8",
                    "provider_config_key": "azurerm",
                    "expressions": {
                        "access": {
                            "constant_value": "Allow"
                        },
                        "destination_address_prefix": {
                            "constant_value": "*"
                        },
                        "destination_port_range": {
                            "constant_value": "21, 22 , 24 "
                        },
                        "direction": {
                            "constant_value": "Inbound"
                        },
                        "name": {
                            "constant_value": "example"
                        },
                        "network_security_group_name": {
                            "constant_value": "example-nsg"
                        },
                        "priority": {
                            "constant_value": 100
                        },
                        "protocol": {
                            "constant_value": "Tcp"
                        },
                        "resource_group_name": {
                            "constant_value": "example-rg"
                        },
                        "source_address_prefix": {
                            "constant_value": "any"
                        },
                        "source_port_range": {
                            "constant_value": "*"
                        }
                    },
                    "schema_version": 0
                },
                {
                    "address": "azurerm_network_security_rule.positive9",
                    "mode": "managed",
                    "type": "azurerm_network_security_rule",
                    "name": "positive9",
                    "provider_config_key": "azurerm",
                    "expressions": {
                        "access": {
                            "constant_value": "Allow"
                        },
                        "destination_address_prefix": {
                            "constant_value": "*"
                        },
                        "destination_port_range": {
                            "constant_value": "21, 22-23,2250"
                        },
                        "direction": {
                            "constant_value": "Inbound"
                        },
                        "name": {
                            "constant_value": "example"
                        },
                        "network_security_group_name": {
                            "constant_value": "example-nsg"
                        },
                        "priority": {
                            "constant_value": 100
                        },
                        "protocol": {
                            "constant_value": "*"
                        },
                        "resource_group_name": {
                            "constant_value": "example-rg"
                        },
                        "source_address_prefix": {
                            "constant_value": "/0"
                        },
                        "source_port_range": {
                            "constant_value": "*"
                        }
                    },
                    "schema_version": 0
                }
            ]
        }
    },
    "timestamp": "2025-04-23T17:36:02Z",
    "errored": false
}