{
    "format_version": "1.2",
    "terraform_version": "1.7.5",
    "planned_values": {
        "root_module": {
            "resources": [
                {
                    "address": "google_container_cluster.gcp_cluster",
                    "mode": "managed",
                    "type": "google_container_cluster",
                    "name": "gcp_cluster",
                    "provider_name": "registry.terraform.io/hashicorp/google",
                    "schema_version": 2,
                    "values": {
                        "addons_config": [
                            {
                                "network_policy_config": [
                                    {
                                        "disabled": false
                                    }
                                ]
                            }
                        ],
                        "allow_net_admin": null,
                        "binary_authorization": [],
                        "deletion_protection": true,
                        "description": null,
                        "disable_l4_lb_firewall_reconciliation": false,
                        "dns_config": [],
                        "effective_labels": {
                            "goog-terraform-provisioned": "true"
                        },
                        "enable_autopilot": null,
                        "enable_cilium_clusterwide_network_policy": false,
                        "enable_fqdn_network_policy": false,
                        "enable_k8s_beta_apis": [],
                        "enable_kubernetes_alpha": false,
                        "enable_l4_ilb_subsetting": false,
                        "enable_legacy_abac": false,
                        "enable_multi_networking": false,
                        "enable_shielded_nodes": true,
                        "enable_tpu": null,
                        "fleet": [],
                        "initial_node_count": 3,
                        "ip_allocation_policy": [
                            {
                                "additional_pod_ranges_config": [],
                                "stack_type": "IPV4"
                            }
                        ],
                        "location": "us-central1-a",
                        "maintenance_policy": [],
                        "master_auth": [
                            {
                                "client_certificate_config": [
                                    {
                                        "issue_client_certificate": false
                                    }
                                ]
                            }
                        ],
                        "min_master_version": null,
                        "name": "gcp-cluster",
                        "network": "default",
                        "network_policy": [
                            {
                                "enabled": true,
                                "provider": null
                            }
                        ],
                        "networking_mode": "VPC_NATIVE",
                        "node_config": [
                            {
                                "advanced_machine_features": [],
                                "boot_disk_kms_key": null,
                                "containerd_config": [],
                                "enable_confidential_storage": null,
                                "ephemeral_storage_local_ssd_config": [],
                                "fast_socket": [],
                                "gvnic": [],
                                "host_maintenance_policy": [],
                                "labels": {
                                    "foo": "bar"
                                },
                                "linux_node_config": [],
                                "local_nvme_ssd_block_config": [],
                                "local_ssd_encryption_mode": null,
                                "max_run_duration": null,
                                "node_group": null,
                                "preemptible": false,
                                "reservation_affinity": [],
                                "resource_labels": null,
                                "resource_manager_tags": null,
                                "secondary_boot_disks": [],
                                "service_account": "my-gke-sample-sa@my-sample-project.iam.gserviceaccount.com",
                                "sole_tenant_config": [],
                                "spot": false,
                                "storage_pools": null,
                                "tags": [
                                    "foo",
                                    "bar"
                                ],
                                "taint": []
                            }
                        ],
                        "private_cluster_config": [
                            {
                                "enable_private_endpoint": true,
                                "enable_private_nodes": true,
                                "private_endpoint_subnetwork": null
                            }
                        ],
                        "remove_default_node_pool": null,
                        "resource_labels": {
                            "costcenter": "02045",
                            "dataclassification": "confidential",
                            "environmenttype": "dev",
                            "itpmid": "12345"
                        },
                        "resource_usage_export_config": [],
                        "secret_manager_config": [],
                        "terraform_labels": {
                            "goog-terraform-provisioned": "true"
                        },
                        "timeouts": {
                            "create": "30m",
                            "delete": null,
                            "read": null,
                            "update": "40m"
                        },
                        "user_managed_keys_config": []
                    },
                    "sensitive_values": {
                        "addons_config": [
                            {
                                "cloudrun_config": [],
                                "config_connector_config": [],
                                "dns_cache_config": [],
                                "gce_persistent_disk_csi_driver_config": [],
                                "gcp_filestore_csi_driver_config": [],
                                "gcs_fuse_csi_driver_config": [],
                                "gke_backup_agent_config": [],
                                "horizontal_pod_autoscaling": [],
                                "http_load_balancing": [],
                                "network_policy_config": [
                                    {}
                                ],
                                "parallelstore_csi_driver_config": [],
                                "ray_operator_config": [],
                                "stateful_ha_config": []
                            }
                        ],
                        "authenticator_groups_config": [],
                        "binary_authorization": [],
                        "cluster_autoscaling": [],
                        "confidential_nodes": [],
                        "control_plane_endpoints_config": [],
                        "cost_management_config": [],
                        "database_encryption": [],
                        "default_snat_status": [],
                        "dns_config": [],
                        "effective_labels": {},
                        "enable_k8s_beta_apis": [],
                        "enterprise_config": [],
                        "fleet": [],
                        "gateway_api_config": [],
                        "identity_service_config": [],
                        "ip_allocation_policy": [
                            {
                                "additional_pod_ranges_config": [],
                                "pod_cidr_overprovision_config": []
                            }
                        ],
                        "logging_config": [],
                        "maintenance_policy": [],
                        "master_auth": [
                            {
                                "client_certificate_config": [
                                    {}
                                ]
                            }
                        ],
                        "master_authorized_networks_config": [],
                        "mesh_certificates": [],
                        "monitoring_config": [],
                        "network_policy": [
                            {}
                        ],
                        "node_config": [
                            {
                                "advanced_machine_features": [],
                                "confidential_nodes": [],
                                "containerd_config": [],
                                "effective_taints": [],
                                "ephemeral_storage_local_ssd_config": [],
                                "fast_socket": [],
                                "gcfs_config": [],
                                "guest_accelerator": [],
                                "gvnic": [],
                                "host_maintenance_policy": [],
                                "kubelet_config": [],
                                "labels": {},
                                "linux_node_config": [],
                                "local_nvme_ssd_block_config": [],
                                "metadata": {},
                                "oauth_scopes": [],
                                "reservation_affinity": [],
                                "secondary_boot_disks": [],
                                "shielded_instance_config": [],
                                "sole_tenant_config": [],
                                "tags": [
                                    false,
                                    false
                                ],
                                "taint": [],
                                "windows_node_config": [],
                                "workload_metadata_config": []
                            }
                        ],
                        "node_locations": [],
                        "node_pool": [],
                        "node_pool_auto_config": [],
                        "node_pool_defaults": [],
                        "notification_config": [],
                        "private_cluster_config": [
                            {
                                "master_global_access_config": []
                            }
                        ],
                        "release_channel": [],
                        "resource_usage_export_config": [],
                        "secret_manager_config": [],
                        "security_posture_config": [],
                        "service_external_ips_config": [],
                        "terraform_labels": {},
                        "timeouts": {},
                        "user_managed_keys_config": [],
                        "vertical_pod_autoscaling": [],
                        "workload_identity_config": []
                    }
                }
            ]
        }
    },
    "resource_changes": [
        {
            "address": "google_container_cluster.gcp_cluster",
            "mode": "managed",
            "type": "google_container_cluster",
            "name": "gcp_cluster",
            "provider_name": "registry.terraform.io/hashicorp/google",
            "change": {
                "actions": [
                    "create"
                ],
                "before": null,
                "after": {
                    "addons_config": [
                        {
                            "network_policy_config": [
                                {
                                    "disabled": false
                                }
                            ]
                        }
                    ],
                    "allow_net_admin": null,
                    "binary_authorization": [],
                    "deletion_protection": true,
                    "description": null,
                    "disable_l4_lb_firewall_reconciliation": false,
                    "dns_config": [],
                    "effective_labels": {
                        "goog-terraform-provisioned": "true"
                    },
                    "enable_autopilot": null,
                    "enable_cilium_clusterwide_network_policy": false,
                    "enable_fqdn_network_policy": false,
                    "enable_k8s_beta_apis": [],
                    "enable_kubernetes_alpha": false,
                    "enable_l4_ilb_subsetting": false,
                    "enable_legacy_abac": false,
                    "enable_multi_networking": false,
                    "enable_shielded_nodes": true,
                    "enable_tpu": null,
                    "fleet": [],
                    "initial_node_count": 3,
                    "ip_allocation_policy": [
                        {
                            "additional_pod_ranges_config": [],
                            "stack_type": "IPV4"
                        }
                    ],
                    "location": "us-central1-a",
                    "maintenance_policy": [],
                    "master_auth": [
                        {
                            "client_certificate_config": [
                                {
                                    "issue_client_certificate": false
                                }
                            ]
                        }
                    ],
                    "min_master_version": null,
                    "name": "gcp-cluster",
                    "network": "default",
                    "network_policy": [
                        {
                            "enabled": true,
                            "provider": null
                        }
                    ],
                    "networking_mode": "VPC_NATIVE",
                    "node_config": [
                        {
                            "advanced_machine_features": [],
                            "boot_disk_kms_key": null,
                            "containerd_config": [],
                            "enable_confidential_storage": null,
                            "ephemeral_storage_local_ssd_config": [],
                            "fast_socket": [],
                            "gvnic": [],
                            "host_maintenance_policy": [],
                            "labels": {
                                "foo": "bar"
                            },
                            "linux_node_config": [],
                            "local_nvme_ssd_block_config": [],
                            "local_ssd_encryption_mode": null,
                            "max_run_duration": null,
                            "node_group": null,
                            "preemptible": false,
                            "reservation_affinity": [],
                            "resource_labels": null,
                            "resource_manager_tags": null,
                            "secondary_boot_disks": [],
                            "service_account": "my-gke-sample-sa@my-sample-project.iam.gserviceaccount.com",
                            "sole_tenant_config": [],
                            "spot": false,
                            "storage_pools": null,
                            "tags": [
                                "foo",
                                "bar"
                            ],
                            "taint": []
                        }
                    ],
                    "private_cluster_config": [
                        {
                            "enable_private_endpoint": true,
                            "enable_private_nodes": true,
                            "private_endpoint_subnetwork": null
                        }
                    ],
                    "remove_default_node_pool": null,
                    "resource_labels": null,
                    "resource_usage_export_config": [],
                    "secret_manager_config": [],
                    "terraform_labels": {
                        "goog-terraform-provisioned": "true"
                    },
                    "timeouts": {
                        "create": "30m",
                        "delete": null,
                        "read": null,
                        "update": "40m"
                    },
                    "user_managed_keys_config": []
                },
                "after_unknown": {
                    "addons_config": [
                        {
                            "cloudrun_config": true,
                            "config_connector_config": true,
                            "dns_cache_config": true,
                            "gce_persistent_disk_csi_driver_config": true,
                            "gcp_filestore_csi_driver_config": true,
                            "gcs_fuse_csi_driver_config": true,
                            "gke_backup_agent_config": true,
                            "horizontal_pod_autoscaling": true,
                            "http_load_balancing": true,
                            "network_policy_config": [
                                {}
                            ],
                            "parallelstore_csi_driver_config": true,
                            "ray_operator_config": true,
                            "stateful_ha_config": true
                        }
                    ],
                    "authenticator_groups_config": true,
                    "binary_authorization": [],
                    "cluster_autoscaling": true,
                    "cluster_ipv4_cidr": true,
                    "confidential_nodes": true,
                    "control_plane_endpoints_config": true,
                    "cost_management_config": true,
                    "database_encryption": true,
                    "datapath_provider": true,
                    "default_max_pods_per_node": true,
                    "default_snat_status": true,
                    "dns_config": [],
                    "effective_labels": {},
                    "enable_intranode_visibility": true,
                    "enable_k8s_beta_apis": [],
                    "endpoint": true,
                    "enterprise_config": true,
                    "fleet": [],
                    "gateway_api_config": true,
                    "id": true,
                    "identity_service_config": true,
                    "ip_allocation_policy": [
                        {
                            "additional_pod_ranges_config": [],
                            "cluster_ipv4_cidr_block": true,
                            "cluster_secondary_range_name": true,
                            "pod_cidr_overprovision_config": true,
                            "services_ipv4_cidr_block": true,
                            "services_secondary_range_name": true
                        }
                    ],
                    "label_fingerprint": true,
                    "logging_config": true,
                    "logging_service": true,
                    "maintenance_policy": [],
                    "master_auth": [
                        {
                            "client_certificate": true,
                            "client_certificate_config": [
                                {}
                            ],
                            "client_key": true,
                            "cluster_ca_certificate": true
                        }
                    ],
                    "master_authorized_networks_config": true,
                    "master_version": true,
                    "mesh_certificates": true,
                    "monitoring_config": true,
                    "monitoring_service": true,
                    "network_policy": [
                        {}
                    ],
                    "node_config": [
                        {
                            "advanced_machine_features": [],
                            "confidential_nodes": true,
                            "containerd_config": [],
                            "disk_size_gb": true,
                            "disk_type": true,
                            "effective_taints": true,
                            "ephemeral_storage_local_ssd_config": [],
                            "fast_socket": [],
                            "gcfs_config": true,
                            "guest_accelerator": true,
                            "gvnic": [],
                            "host_maintenance_policy": [],
                            "image_type": true,
                            "kubelet_config": true,
                            "labels": {},
                            "linux_node_config": [],
                            "local_nvme_ssd_block_config": [],
                            "local_ssd_count": true,
                            "logging_variant": true,
                            "machine_type": true,
                            "metadata": true,
                            "min_cpu_platform": true,
                            "oauth_scopes": true,
                            "reservation_affinity": [],
                            "secondary_boot_disks": [],
                            "shielded_instance_config": true,
                            "sole_tenant_config": [],
                            "tags": [
                                false,
                                false
                            ],
                            "taint": [],
                            "windows_node_config": true,
                            "workload_metadata_config": true
                        }
                    ],
                    "node_locations": true,
                    "node_pool": true,
                    "node_pool_auto_config": true,
                    "node_pool_defaults": true,
                    "node_version": true,
                    "notification_config": true,
                    "operation": true,
                    "private_cluster_config": [
                        {
                            "master_global_access_config": true,
                            "master_ipv4_cidr_block": true,
                            "peering_name": true,
                            "private_endpoint": true,
                            "public_endpoint": true
                        }
                    ],
                    "private_ipv6_google_access": true,
                    "project": true,
                    "release_channel": true,
                    "resource_usage_export_config": [],
                    "secret_manager_config": [],
                    "security_posture_config": true,
                    "self_link": true,
                    "service_external_ips_config": true,
                    "services_ipv4_cidr": true,
                    "subnetwork": true,
                    "terraform_labels": {},
                    "timeouts": {},
                    "tpu_ipv4_cidr_block": true,
                    "user_managed_keys_config": [],
                    "vertical_pod_autoscaling": true,
                    "workload_identity_config": true
                },
                "before_sensitive": false,
                "after_sensitive": {
                    "addons_config": [
                        {
                            "cloudrun_config": [],
                            "config_connector_config": [],
                            "dns_cache_config": [],
                            "gce_persistent_disk_csi_driver_config": [],
                            "gcp_filestore_csi_driver_config": [],
                            "gcs_fuse_csi_driver_config": [],
                            "gke_backup_agent_config": [],
                            "horizontal_pod_autoscaling": [],
                            "http_load_balancing": [],
                            "network_policy_config": [
                                {}
                            ],
                            "parallelstore_csi_driver_config": [],
                            "ray_operator_config": [],
                            "stateful_ha_config": []
                        }
                    ],
                    "authenticator_groups_config": [],
                    "binary_authorization": [],
                    "cluster_autoscaling": [],
                    "confidential_nodes": [],
                    "control_plane_endpoints_config": [],
                    "cost_management_config": [],
                    "database_encryption": [],
                    "default_snat_status": [],
                    "dns_config": [],
                    "effective_labels": {},
                    "enable_k8s_beta_apis": [],
                    "enterprise_config": [],
                    "fleet": [],
                    "gateway_api_config": [],
                    "identity_service_config": [],
                    "ip_allocation_policy": [
                        {
                            "additional_pod_ranges_config": [],
                            "pod_cidr_overprovision_config": []
                        }
                    ],
                    "logging_config": [],
                    "maintenance_policy": [],
                    "master_auth": [
                        {
                            "client_certificate_config": [
                                {}
                            ],
                            "client_key": true
                        }
                    ],
                    "master_authorized_networks_config": [],
                    "mesh_certificates": [],
                    "monitoring_config": [],
                    "network_policy": [
                        {}
                    ],
                    "node_config": [
                        {
                            "advanced_machine_features": [],
                            "confidential_nodes": [],
                            "containerd_config": [],
                            "effective_taints": [],
                            "ephemeral_storage_local_ssd_config": [],
                            "fast_socket": [],
                            "gcfs_config": [],
                            "guest_accelerator": [],
                            "gvnic": [],
                            "host_maintenance_policy": [],
                            "kubelet_config": [],
                            "labels": {},
                            "linux_node_config": [],
                            "local_nvme_ssd_block_config": [],
                            "metadata": {},
                            "oauth_scopes": [],
                            "reservation_affinity": [],
                            "secondary_boot_disks": [],
                            "shielded_instance_config": [],
                            "sole_tenant_config": [],
                            "tags": [
                                false,
                                false
                            ],
                            "taint": [],
                            "windows_node_config": [],
                            "workload_metadata_config": []
                        }
                    ],
                    "node_locations": [],
                    "node_pool": [],
                    "node_pool_auto_config": [],
                    "node_pool_defaults": [],
                    "notification_config": [],
                    "private_cluster_config": [
                        {
                            "master_global_access_config": []
                        }
                    ],
                    "release_channel": [],
                    "resource_usage_export_config": [],
                    "secret_manager_config": [],
                    "security_posture_config": [],
                    "service_external_ips_config": [],
                    "terraform_labels": {},
                    "timeouts": {},
                    "user_managed_keys_config": [],
                    "vertical_pod_autoscaling": [],
                    "workload_identity_config": []
                }
            }
        }
    ],
    "configuration": {
        "provider_config": {
            "google": {
                "name": "google",
                "full_name": "registry.terraform.io/hashicorp/google",
                "version_constraint": "6.35.0",
                "expressions": {
                    "project": {
                        "constant_value": "security-controls-sandbox"
                    },
                    "region": {
                        "constant_value": "us-central1"
                    }
                }
            }
        },
        "root_module": {
            "resources": [
                {
                    "address": "google_container_cluster.gcp_cluster",
                    "mode": "managed",
                    "type": "google_container_cluster",
                    "name": "gcp_cluster",
                    "provider_config_key": "google",
                    "expressions": {
                        "addons_config": [
                            {
                                "network_policy_config": [
                                    {
                                        "disabled": {
                                            "constant_value": false
                                        }
                                    }
                                ]
                            }
                        ],
                        "enable_legacy_abac": {
                            "constant_value": false
                        },
                        "initial_node_count": {
                            "constant_value": 3
                        },
                        "ip_allocation_policy": [
                            {
                                "stack_type": {
                                    "constant_value": "IPV4"
                                }
                            }
                        ],
                        "location": {
                            "constant_value": "us-central1-a"
                        },
                        "master_auth": [
                            {
                                "client_certificate_config": [
                                    {
                                        "issue_client_certificate": {
                                            "constant_value": false
                                        }
                                    }
                                ]
                            }
                        ],
                        "name": {
                            "constant_value": "gcp-cluster"
                        },
                        "network_policy": [
                            {
                                "enabled": {
                                    "constant_value": true
                                }
                            }
                        ],
                        "networking_mode": {
                            "constant_value": "VPC_NATIVE"
                        },
                        "node_config": [
                            {
                                "labels": {
                                    "constant_value": {
                                        "foo": "bar"
                                    }
                                },
                                "service_account": {
                                    "constant_value": "my-gke-sample-sa@my-sample-project.iam.gserviceaccount.com"
                                },
                                "tags": {
                                    "constant_value": [
                                        "foo",
                                        "bar"
                                    ]
                                }
                            }
                        ],
                        "private_cluster_config": [
                            {
                                "enable_private_endpoint": {
                                    "constant_value": true
                                },
                                "enable_private_nodes": {
                                    "constant_value": true
                                }
                            }
                        ],
                        "timeouts": {
                            "create": {
                                "constant_value": "30m"
                            },
                            "update": {
                                "constant_value": "40m"
                            }
                        }
                    },
                    "schema_version": 2
                }
            ]
        }
    },
    "timestamp": "2025-05-23T10:16:33Z",
    "errored": false
}