{
    "format_version": "1.2",
    "terraform_version": "1.7.5",
    "planned_values": {
        "root_module": {
            "resources": [
                {
                    "address": "aws_rds_cluster.positive",
                    "mode": "managed",
                    "type": "aws_rds_cluster",
                    "name": "positive",
                    "provider_name": "registry.terraform.io/hashicorp/aws",
                    "schema_version": 1,
                    "values": {
                        "allow_major_version_upgrade": null,
                        "backtrack_window": null,
                        "cluster_identifier": "example",
                        "copy_tags_to_snapshot": false,
                        "database_name": "positive",
                        "db_cluster_instance_class": null,
                        "db_instance_parameter_group_name": null,
                        "delete_automated_backups": true,
                        "deletion_protection": null,
                        "domain": null,
                        "domain_iam_role_name": null,
                        "enable_global_write_forwarding": false,
                        "enable_http_endpoint": false,
                        "enable_local_write_forwarding": false,
                        "enabled_cloudwatch_logs_exports": null,
                        "engine": "aurora-postgresql",
                        "engine_mode": "provisioned",
                        "engine_version": "13.6",
                        "final_snapshot_identifier": null,
                        "global_cluster_identifier": null,
                        "iam_database_authentication_enabled": null,
                        "iops": null,
                        "manage_master_user_password": null,
                        "master_password": "must_be_eight_characters",
                        "master_password_wo": null,
                        "master_password_wo_version": null,
                        "master_username": "test",
                        "performance_insights_enabled": null,
                        "replication_source_identifier": null,
                        "restore_to_point_in_time": [],
                        "s3_import": [],
                        "scaling_configuration": [],
                        "serverlessv2_scaling_configuration": [
                            {
                                "max_capacity": 1,
                                "min_capacity": 0,
                                "seconds_until_auto_pause": 3600
                            }
                        ],
                        "skip_final_snapshot": false,
                        "snapshot_identifier": null,
                        "source_region": null,
                        "storage_encrypted": false,
                        "tags": null,
                        "timeouts": null
                    },
                    "sensitive_values": {
                        "availability_zones": [],
                        "cluster_members": [],
                        "iam_roles": [],
                        "master_user_secret": [],
                        "restore_to_point_in_time": [],
                        "s3_import": [],
                        "scaling_configuration": [],
                        "serverlessv2_scaling_configuration": [
                            {}
                        ],
                        "tags_all": {},
                        "vpc_security_group_ids": []
                    }
                },
                {
                    "address": "aws_rds_cluster_instance.positive",
                    "mode": "managed",
                    "type": "aws_rds_cluster_instance",
                    "name": "positive",
                    "provider_name": "registry.terraform.io/hashicorp/aws",
                    "schema_version": 0,
                    "values": {
                        "auto_minor_version_upgrade": true,
                        "copy_tags_to_snapshot": false,
                        "custom_iam_instance_profile": null,
                        "engine": "aurora-postgresql",
                        "engine_version": "13.6",
                        "force_destroy": false,
                        "instance_class": "db.serverless",
                        "monitoring_interval": 0,
                        "promotion_tier": 0,
                        "tags": null,
                        "timeouts": null
                    },
                    "sensitive_values": {
                        "tags_all": {}
                    }
                }
            ]
        }
    },
    "resource_changes": [
        {
            "address": "aws_rds_cluster.positive",
            "mode": "managed",
            "type": "aws_rds_cluster",
            "name": "positive",
            "provider_name": "registry.terraform.io/hashicorp/aws",
            "change": {
                "actions": [
                    "create"
                ],
                "before": null,
                "after": {
                    "allow_major_version_upgrade": null,
                    "backtrack_window": null,
                    "cluster_identifier": "example",
                    "copy_tags_to_snapshot": false,
                    "database_name": "positive",
                    "db_cluster_instance_class": null,
                    "db_instance_parameter_group_name": null,
                    "delete_automated_backups": true,
                    "deletion_protection": null,
                    "domain": null,
                    "domain_iam_role_name": null,
                    "enable_global_write_forwarding": false,
                    "enable_http_endpoint": false,
                    "enable_local_write_forwarding": false,
                    "enabled_cloudwatch_logs_exports": null,
                    "engine": "aurora-postgresql",
                    "engine_mode": "provisioned",
                    "engine_version": "13.6",
                    "final_snapshot_identifier": null,
                    "global_cluster_identifier": null,
                    "iam_database_authentication_enabled": null,
                    "iops": null,
                    "manage_master_user_password": null,
                    "master_password": "must_be_eight_characters",
                    "master_password_wo": null,
                    "master_password_wo_version": null,
                    "master_username": "test",
                    "performance_insights_enabled": null,
                    "replication_source_identifier": null,
                    "restore_to_point_in_time": [],
                    "s3_import": [],
                    "scaling_configuration": [],
                    "serverlessv2_scaling_configuration": [
                        {
                            "max_capacity": 1,
                            "min_capacity": 0,
                            "seconds_until_auto_pause": 3600
                        }
                    ],
                    "skip_final_snapshot": false,
                    "snapshot_identifier": null,
                    "source_region": null,
                    "storage_encrypted": false,
                    "tags": null,
                    "timeouts": null
                },
                "after_unknown": {
                    "allocated_storage": true,
                    "apply_immediately": true,
                    "arn": true,
                    "availability_zones": true,
                    "backup_retention_period": true,
                    "ca_certificate_identifier": true,
                    "ca_certificate_valid_till": true,
                    "cluster_identifier_prefix": true,
                    "cluster_members": true,
                    "cluster_resource_id": true,
                    "cluster_scalability_type": true,
                    "database_insights_mode": true,
                    "db_cluster_parameter_group_name": true,
                    "db_subnet_group_name": true,
                    "db_system_id": true,
                    "endpoint": true,
                    "engine_lifecycle_support": true,
                    "engine_version_actual": true,
                    "hosted_zone_id": true,
                    "iam_roles": true,
                    "id": true,
                    "kms_key_id": true,
                    "master_user_secret": true,
                    "master_user_secret_kms_key_id": true,
                    "monitoring_interval": true,
                    "monitoring_role_arn": true,
                    "network_type": true,
                    "performance_insights_kms_key_id": true,
                    "performance_insights_retention_period": true,
                    "port": true,
                    "preferred_backup_window": true,
                    "preferred_maintenance_window": true,
                    "reader_endpoint": true,
                    "restore_to_point_in_time": [],
                    "s3_import": [],
                    "scaling_configuration": [],
                    "serverlessv2_scaling_configuration": [
                        {}
                    ],
                    "storage_type": true,
                    "tags_all": true,
                    "vpc_security_group_ids": true
                },
                "before_sensitive": false,
                "after_sensitive": {
                    "availability_zones": [],
                    "cluster_members": [],
                    "iam_roles": [],
                    "master_password": true,
                    "master_password_wo": true,
                    "master_user_secret": [],
                    "restore_to_point_in_time": [],
                    "s3_import": [],
                    "scaling_configuration": [],
                    "serverlessv2_scaling_configuration": [
                        {}
                    ],
                    "tags_all": {},
                    "vpc_security_group_ids": []
                }
            }
        },
        {
            "address": "aws_rds_cluster_instance.positive",
            "mode": "managed",
            "type": "aws_rds_cluster_instance",
            "name": "positive",
            "provider_name": "registry.terraform.io/hashicorp/aws",
            "change": {
                "actions": [
                    "create"
                ],
                "before": null,
                "after": {
                    "auto_minor_version_upgrade": true,
                    "copy_tags_to_snapshot": false,
                    "custom_iam_instance_profile": null,
                    "engine": "aurora-postgresql",
                    "engine_version": "13.6",
                    "force_destroy": false,
                    "instance_class": "db.serverless",
                    "monitoring_interval": 0,
                    "promotion_tier": 0,
                    "tags": null,
                    "timeouts": null
                },
                "after_unknown": {
                    "apply_immediately": true,
                    "arn": true,
                    "availability_zone": true,
                    "ca_cert_identifier": true,
                    "cluster_identifier": true,
                    "db_parameter_group_name": true,
                    "db_subnet_group_name": true,
                    "dbi_resource_id": true,
                    "endpoint": true,
                    "engine_version_actual": true,
                    "id": true,
                    "identifier": true,
                    "identifier_prefix": true,
                    "kms_key_id": true,
                    "monitoring_role_arn": true,
                    "network_type": true,
                    "performance_insights_enabled": true,
                    "performance_insights_kms_key_id": true,
                    "performance_insights_retention_period": true,
                    "port": true,
                    "preferred_backup_window": true,
                    "preferred_maintenance_window": true,
                    "publicly_accessible": true,
                    "storage_encrypted": true,
                    "tags_all": true,
                    "writer": true
                },
                "before_sensitive": false,
                "after_sensitive": {
                    "tags_all": {}
                }
            }
        }
    ],
    "configuration": {
        "provider_config": {
            "aws": {
                "name": "aws",
                "full_name": "registry.terraform.io/hashicorp/aws",
                "version_constraint": "~\u003e 5.92"
            }
        },
        "root_module": {
            "resources": [
                {
                    "address": "aws_rds_cluster.positive",
                    "mode": "managed",
                    "type": "aws_rds_cluster",
                    "name": "positive",
                    "provider_config_key": "aws",
                    "expressions": {
                        "cluster_identifier": {
                            "constant_value": "example"
                        },
                        "database_name": {
                            "constant_value": "positive"
                        },
                        "engine": {
                            "constant_value": "aurora-postgresql"
                        },
                        "engine_mode": {
                            "constant_value": "provisioned"
                        },
                        "engine_version": {
                            "constant_value": "13.6"
                        },
                        "master_password": {
                            "constant_value": "must_be_eight_characters"
                        },
                        "master_username": {
                            "constant_value": "test"
                        },
                        "serverlessv2_scaling_configuration": [
                            {
                                "max_capacity": {
                                    "constant_value": 1
                                },
                                "min_capacity": {
                                    "constant_value": 0
                                },
                                "seconds_until_auto_pause": {
                                    "constant_value": 3600
                                }
                            }
                        ],
                        "storage_encrypted": {
                            "constant_value": false
                        }
                    },
                    "schema_version": 1
                },
                {
                    "address": "aws_rds_cluster_instance.positive",
                    "mode": "managed",
                    "type": "aws_rds_cluster_instance",
                    "name": "positive",
                    "provider_config_key": "aws",
                    "expressions": {
                        "cluster_identifier": {
                            "references": [
                                "aws_rds_cluster.positive.id",
                                "aws_rds_cluster.positive"
                            ]
                        },
                        "engine": {
                            "references": [
                                "aws_rds_cluster.positive.engine",
                                "aws_rds_cluster.positive"
                            ]
                        },
                        "engine_version": {
                            "references": [
                                "aws_rds_cluster.positive.engine_version",
                                "aws_rds_cluster.positive"
                            ]
                        },
                        "instance_class": {
                            "constant_value": "db.serverless"
                        }
                    },
                    "schema_version": 0
                }
            ]
        }
    },
    "relevant_attributes": [
        {
            "resource": "aws_rds_cluster.positive",
            "attribute": [
                "id"
            ]
        },
        {
            "resource": "aws_rds_cluster.positive",
            "attribute": [
                "engine_version"
            ]
        },
        {
            "resource": "aws_rds_cluster.positive",
            "attribute": [
                "engine"
            ]
        }
    ],
    "timestamp": "2025-08-11T18:58:33Z",
    "errored": false
}