{
    "format_version": "1.2",
    "terraform_version": "1.7.5",
    "planned_values": {
        "root_module": {
            "resources": [
                {
                    "address": "google_container_cluster.negative1",
                    "mode": "managed",
                    "type": "google_container_cluster",
                    "name": "negative1",
                    "provider_name": "registry.terraform.io/hashicorp/google",
                    "schema_version": 2,
                    "values": {
                        "allow_net_admin": null,
                        "binary_authorization": [],
                        "deletion_protection": true,
                        "description": null,
                        "disable_l4_lb_firewall_reconciliation": false,
                        "dns_config": [],
                        "effective_labels": {
                            "goog-terraform-provisioned": "true"
                        },
                        "enable_autopilot": null,
                        "enable_cilium_clusterwide_network_policy": false,
                        "enable_fqdn_network_policy": false,
                        "enable_k8s_beta_apis": [],
                        "enable_kubernetes_alpha": false,
                        "enable_l4_ilb_subsetting": false,
                        "enable_legacy_abac": false,
                        "enable_multi_networking": false,
                        "enable_shielded_nodes": true,
                        "enable_tpu": null,
                        "fleet": [],
                        "initial_node_count": 3,
                        "location": "us-central1-a",
                        "maintenance_policy": [],
                        "min_master_version": null,
                        "monitoring_service": "monitoring.googleapis.com/kubernetes",
                        "name": "marcellus-wallace",
                        "network": "default",
                        "network_policy": [],
                        "private_cluster_config": [],
                        "remove_default_node_pool": null,
                        "resource_labels": null,
                        "resource_usage_export_config": [],
                        "secret_manager_config": [],
                        "terraform_labels": {
                            "goog-terraform-provisioned": "true"
                        },
                        "timeouts": {
                            "create": "30m",
                            "delete": null,
                            "read": null,
                            "update": "40m"
                        },
                        "user_managed_keys_config": []
                    },
                    "sensitive_values": {
                        "addons_config": [],
                        "authenticator_groups_config": [],
                        "binary_authorization": [],
                        "cluster_autoscaling": [],
                        "confidential_nodes": [],
                        "control_plane_endpoints_config": [],
                        "cost_management_config": [],
                        "database_encryption": [],
                        "default_snat_status": [],
                        "dns_config": [],
                        "effective_labels": {},
                        "enable_k8s_beta_apis": [],
                        "enterprise_config": [],
                        "fleet": [],
                        "gateway_api_config": [],
                        "identity_service_config": [],
                        "ip_allocation_policy": [],
                        "logging_config": [],
                        "maintenance_policy": [],
                        "master_auth": [],
                        "master_authorized_networks_config": [],
                        "mesh_certificates": [],
                        "monitoring_config": [],
                        "network_policy": [],
                        "node_config": [],
                        "node_locations": [],
                        "node_pool": [],
                        "node_pool_auto_config": [],
                        "node_pool_defaults": [],
                        "notification_config": [],
                        "private_cluster_config": [],
                        "release_channel": [],
                        "resource_usage_export_config": [],
                        "secret_manager_config": [],
                        "security_posture_config": [],
                        "service_external_ips_config": [],
                        "terraform_labels": {},
                        "timeouts": {},
                        "user_managed_keys_config": [],
                        "vertical_pod_autoscaling": [],
                        "workload_identity_config": []
                    }
                },
                {
                    "address": "google_container_cluster.negative2",
                    "mode": "managed",
                    "type": "google_container_cluster",
                    "name": "negative2",
                    "provider_name": "registry.terraform.io/hashicorp/google",
                    "schema_version": 2,
                    "values": {
                        "allow_net_admin": null,
                        "binary_authorization": [],
                        "deletion_protection": true,
                        "description": null,
                        "disable_l4_lb_firewall_reconciliation": false,
                        "dns_config": [],
                        "effective_labels": {
                            "goog-terraform-provisioned": "true"
                        },
                        "enable_autopilot": null,
                        "enable_cilium_clusterwide_network_policy": false,
                        "enable_fqdn_network_policy": false,
                        "enable_k8s_beta_apis": [],
                        "enable_kubernetes_alpha": false,
                        "enable_l4_ilb_subsetting": false,
                        "enable_legacy_abac": false,
                        "enable_multi_networking": false,
                        "enable_shielded_nodes": true,
                        "enable_tpu": null,
                        "fleet": [],
                        "initial_node_count": 3,
                        "location": "us-central1-a",
                        "maintenance_policy": [],
                        "min_master_version": null,
                        "name": "marcellus-wallace",
                        "network": "default",
                        "network_policy": [],
                        "private_cluster_config": [],
                        "remove_default_node_pool": null,
                        "resource_labels": null,
                        "resource_usage_export_config": [],
                        "secret_manager_config": [],
                        "terraform_labels": {
                            "goog-terraform-provisioned": "true"
                        },
                        "timeouts": {
                            "create": "30m",
                            "delete": null,
                            "read": null,
                            "update": "40m"
                        },
                        "user_managed_keys_config": []
                    },
                    "sensitive_values": {
                        "addons_config": [],
                        "authenticator_groups_config": [],
                        "binary_authorization": [],
                        "cluster_autoscaling": [],
                        "confidential_nodes": [],
                        "control_plane_endpoints_config": [],
                        "cost_management_config": [],
                        "database_encryption": [],
                        "default_snat_status": [],
                        "dns_config": [],
                        "effective_labels": {},
                        "enable_k8s_beta_apis": [],
                        "enterprise_config": [],
                        "fleet": [],
                        "gateway_api_config": [],
                        "identity_service_config": [],
                        "ip_allocation_policy": [],
                        "logging_config": [],
                        "maintenance_policy": [],
                        "master_auth": [],
                        "master_authorized_networks_config": [],
                        "mesh_certificates": [],
                        "monitoring_config": [],
                        "network_policy": [],
                        "node_config": [],
                        "node_locations": [],
                        "node_pool": [],
                        "node_pool_auto_config": [],
                        "node_pool_defaults": [],
                        "notification_config": [],
                        "private_cluster_config": [],
                        "release_channel": [],
                        "resource_usage_export_config": [],
                        "secret_manager_config": [],
                        "security_posture_config": [],
                        "service_external_ips_config": [],
                        "terraform_labels": {},
                        "timeouts": {},
                        "user_managed_keys_config": [],
                        "vertical_pod_autoscaling": [],
                        "workload_identity_config": []
                    }
                }
            ]
        }
    },
    "resource_changes": [
        {
            "address": "google_container_cluster.negative1",
            "mode": "managed",
            "type": "google_container_cluster",
            "name": "negative1",
            "provider_name": "registry.terraform.io/hashicorp/google",
            "change": {
                "actions": [
                    "create"
                ],
                "before": null,
                "after": {
                    "allow_net_admin": null,
                    "binary_authorization": [],
                    "deletion_protection": true,
                    "description": null,
                    "disable_l4_lb_firewall_reconciliation": false,
                    "dns_config": [],
                    "effective_labels": {
                        "goog-terraform-provisioned": "true"
                    },
                    "enable_autopilot": null,
                    "enable_cilium_clusterwide_network_policy": false,
                    "enable_fqdn_network_policy": false,
                    "enable_k8s_beta_apis": [],
                    "enable_kubernetes_alpha": false,
                    "enable_l4_ilb_subsetting": false,
                    "enable_legacy_abac": false,
                    "enable_multi_networking": false,
                    "enable_shielded_nodes": true,
                    "enable_tpu": null,
                    "fleet": [],
                    "initial_node_count": 3,
                    "location": "us-central1-a",
                    "maintenance_policy": [],
                    "min_master_version": null,
                    "monitoring_service": "monitoring.googleapis.com/kubernetes",
                    "name": "marcellus-wallace",
                    "network": "default",
                    "network_policy": [],
                    "private_cluster_config": [],
                    "remove_default_node_pool": null,
                    "resource_labels": null,
                    "resource_usage_export_config": [],
                    "secret_manager_config": [],
                    "terraform_labels": {
                        "goog-terraform-provisioned": "true"
                    },
                    "timeouts": {
                        "create": "30m",
                        "delete": null,
                        "read": null,
                        "update": "40m"
                    },
                    "user_managed_keys_config": []
                },
                "after_unknown": {
                    "addons_config": true,
                    "authenticator_groups_config": true,
                    "binary_authorization": [],
                    "cluster_autoscaling": true,
                    "cluster_ipv4_cidr": true,
                    "confidential_nodes": true,
                    "control_plane_endpoints_config": true,
                    "cost_management_config": true,
                    "database_encryption": true,
                    "datapath_provider": true,
                    "default_max_pods_per_node": true,
                    "default_snat_status": true,
                    "dns_config": [],
                    "effective_labels": {},
                    "enable_intranode_visibility": true,
                    "enable_k8s_beta_apis": [],
                    "endpoint": true,
                    "enterprise_config": true,
                    "fleet": [],
                    "gateway_api_config": true,
                    "id": true,
                    "identity_service_config": true,
                    "ip_allocation_policy": true,
                    "label_fingerprint": true,
                    "logging_config": true,
                    "logging_service": true,
                    "maintenance_policy": [],
                    "master_auth": true,
                    "master_authorized_networks_config": true,
                    "master_version": true,
                    "mesh_certificates": true,
                    "monitoring_config": true,
                    "network_policy": [],
                    "networking_mode": true,
                    "node_config": true,
                    "node_locations": true,
                    "node_pool": true,
                    "node_pool_auto_config": true,
                    "node_pool_defaults": true,
                    "node_version": true,
                    "notification_config": true,
                    "operation": true,
                    "private_cluster_config": [],
                    "private_ipv6_google_access": true,
                    "project": true,
                    "release_channel": true,
                    "resource_usage_export_config": [],
                    "secret_manager_config": [],
                    "security_posture_config": true,
                    "self_link": true,
                    "service_external_ips_config": true,
                    "services_ipv4_cidr": true,
                    "subnetwork": true,
                    "terraform_labels": {},
                    "timeouts": {},
                    "tpu_ipv4_cidr_block": true,
                    "user_managed_keys_config": [],
                    "vertical_pod_autoscaling": true,
                    "workload_identity_config": true
                },
                "before_sensitive": false,
                "after_sensitive": {
                    "addons_config": [],
                    "authenticator_groups_config": [],
                    "binary_authorization": [],
                    "cluster_autoscaling": [],
                    "confidential_nodes": [],
                    "control_plane_endpoints_config": [],
                    "cost_management_config": [],
                    "database_encryption": [],
                    "default_snat_status": [],
                    "dns_config": [],
                    "effective_labels": {},
                    "enable_k8s_beta_apis": [],
                    "enterprise_config": [],
                    "fleet": [],
                    "gateway_api_config": [],
                    "identity_service_config": [],
                    "ip_allocation_policy": [],
                    "logging_config": [],
                    "maintenance_policy": [],
                    "master_auth": [],
                    "master_authorized_networks_config": [],
                    "mesh_certificates": [],
                    "monitoring_config": [],
                    "network_policy": [],
                    "node_config": [],
                    "node_locations": [],
                    "node_pool": [],
                    "node_pool_auto_config": [],
                    "node_pool_defaults": [],
                    "notification_config": [],
                    "private_cluster_config": [],
                    "release_channel": [],
                    "resource_usage_export_config": [],
                    "secret_manager_config": [],
                    "security_posture_config": [],
                    "service_external_ips_config": [],
                    "terraform_labels": {},
                    "timeouts": {},
                    "user_managed_keys_config": [],
                    "vertical_pod_autoscaling": [],
                    "workload_identity_config": []
                }
            }
        },
        {
            "address": "google_container_cluster.negative2",
            "mode": "managed",
            "type": "google_container_cluster",
            "name": "negative2",
            "provider_name": "registry.terraform.io/hashicorp/google",
            "change": {
                "actions": [
                    "create"
                ],
                "before": null,
                "after": {
                    "allow_net_admin": null,
                    "binary_authorization": [],
                    "deletion_protection": true,
                    "description": null,
                    "disable_l4_lb_firewall_reconciliation": false,
                    "dns_config": [],
                    "effective_labels": {
                        "goog-terraform-provisioned": "true"
                    },
                    "enable_autopilot": null,
                    "enable_cilium_clusterwide_network_policy": false,
                    "enable_fqdn_network_policy": false,
                    "enable_k8s_beta_apis": [],
                    "enable_kubernetes_alpha": false,
                    "enable_l4_ilb_subsetting": false,
                    "enable_legacy_abac": false,
                    "enable_multi_networking": false,
                    "enable_shielded_nodes": true,
                    "enable_tpu": null,
                    "fleet": [],
                    "initial_node_count": 3,
                    "location": "us-central1-a",
                    "maintenance_policy": [],
                    "min_master_version": null,
                    "name": "marcellus-wallace",
                    "network": "default",
                    "network_policy": [],
                    "private_cluster_config": [],
                    "remove_default_node_pool": null,
                    "resource_labels": null,
                    "resource_usage_export_config": [],
                    "secret_manager_config": [],
                    "terraform_labels": {
                        "goog-terraform-provisioned": "true"
                    },
                    "timeouts": {
                        "create": "30m",
                        "delete": null,
                        "read": null,
                        "update": "40m"
                    },
                    "user_managed_keys_config": []
                },
                "after_unknown": {
                    "addons_config": true,
                    "authenticator_groups_config": true,
                    "binary_authorization": [],
                    "cluster_autoscaling": true,
                    "cluster_ipv4_cidr": true,
                    "confidential_nodes": true,
                    "control_plane_endpoints_config": true,
                    "cost_management_config": true,
                    "database_encryption": true,
                    "datapath_provider": true,
                    "default_max_pods_per_node": true,
                    "default_snat_status": true,
                    "dns_config": [],
                    "effective_labels": {},
                    "enable_intranode_visibility": true,
                    "enable_k8s_beta_apis": [],
                    "endpoint": true,
                    "enterprise_config": true,
                    "fleet": [],
                    "gateway_api_config": true,
                    "id": true,
                    "identity_service_config": true,
                    "ip_allocation_policy": true,
                    "label_fingerprint": true,
                    "logging_config": true,
                    "logging_service": true,
                    "maintenance_policy": [],
                    "master_auth": true,
                    "master_authorized_networks_config": true,
                    "master_version": true,
                    "mesh_certificates": true,
                    "monitoring_config": true,
                    "monitoring_service": true,
                    "network_policy": [],
                    "networking_mode": true,
                    "node_config": true,
                    "node_locations": true,
                    "node_pool": true,
                    "node_pool_auto_config": true,
                    "node_pool_defaults": true,
                    "node_version": true,
                    "notification_config": true,
                    "operation": true,
                    "private_cluster_config": [],
                    "private_ipv6_google_access": true,
                    "project": true,
                    "release_channel": true,
                    "resource_usage_export_config": [],
                    "secret_manager_config": [],
                    "security_posture_config": true,
                    "self_link": true,
                    "service_external_ips_config": true,
                    "services_ipv4_cidr": true,
                    "subnetwork": true,
                    "terraform_labels": {},
                    "timeouts": {},
                    "tpu_ipv4_cidr_block": true,
                    "user_managed_keys_config": [],
                    "vertical_pod_autoscaling": true,
                    "workload_identity_config": true
                },
                "before_sensitive": false,
                "after_sensitive": {
                    "addons_config": [],
                    "authenticator_groups_config": [],
                    "binary_authorization": [],
                    "cluster_autoscaling": [],
                    "confidential_nodes": [],
                    "control_plane_endpoints_config": [],
                    "cost_management_config": [],
                    "database_encryption": [],
                    "default_snat_status": [],
                    "dns_config": [],
                    "effective_labels": {},
                    "enable_k8s_beta_apis": [],
                    "enterprise_config": [],
                    "fleet": [],
                    "gateway_api_config": [],
                    "identity_service_config": [],
                    "ip_allocation_policy": [],
                    "logging_config": [],
                    "maintenance_policy": [],
                    "master_auth": [],
                    "master_authorized_networks_config": [],
                    "mesh_certificates": [],
                    "monitoring_config": [],
                    "network_policy": [],
                    "node_config": [],
                    "node_locations": [],
                    "node_pool": [],
                    "node_pool_auto_config": [],
                    "node_pool_defaults": [],
                    "notification_config": [],
                    "private_cluster_config": [],
                    "release_channel": [],
                    "resource_usage_export_config": [],
                    "secret_manager_config": [],
                    "security_posture_config": [],
                    "service_external_ips_config": [],
                    "terraform_labels": {},
                    "timeouts": {},
                    "user_managed_keys_config": [],
                    "vertical_pod_autoscaling": [],
                    "workload_identity_config": []
                }
            }
        }
    ],
    "configuration": {
        "provider_config": {
            "google": {
                "name": "google",
                "full_name": "registry.terraform.io/hashicorp/google",
                "version_constraint": "6.35.0",
                "expressions": {
                    "project": {
                        "constant_value": "security-controls-sandbox"
                    },
                    "region": {
                        "constant_value": "us-central1"
                    }
                }
            }
        },
        "root_module": {
            "resources": [
                {
                    "address": "google_container_cluster.negative1",
                    "mode": "managed",
                    "type": "google_container_cluster",
                    "name": "negative1",
                    "provider_config_key": "google",
                    "expressions": {
                        "initial_node_count": {
                            "constant_value": 3
                        },
                        "location": {
                            "constant_value": "us-central1-a"
                        },
                        "monitoring_service": {
                            "constant_value": "monitoring.googleapis.com/kubernetes"
                        },
                        "name": {
                            "constant_value": "marcellus-wallace"
                        },
                        "timeouts": {
                            "create": {
                                "constant_value": "30m"
                            },
                            "update": {
                                "constant_value": "40m"
                            }
                        }
                    },
                    "schema_version": 2
                },
                {
                    "address": "google_container_cluster.negative2",
                    "mode": "managed",
                    "type": "google_container_cluster",
                    "name": "negative2",
                    "provider_config_key": "google",
                    "expressions": {
                        "initial_node_count": {
                            "constant_value": 3
                        },
                        "location": {
                            "constant_value": "us-central1-a"
                        },
                        "name": {
                            "constant_value": "marcellus-wallace"
                        },
                        "timeouts": {
                            "create": {
                                "constant_value": "30m"
                            },
                            "update": {
                                "constant_value": "40m"
                            }
                        }
                    },
                    "schema_version": 2
                }
            ]
        }
    },
    "timestamp": "2025-07-08T10:06:48Z",
    "errored": false
}