{
    "format_version": "1.2",
    "terraform_version": "1.7.5",
    "planned_values": {
        "root_module": {
            "resources": [
                {
                    "address": "aws_cloudtrail.tf_cloudtrail",
                    "mode": "managed",
                    "type": "aws_cloudtrail",
                    "name": "tf_cloudtrail",
                    "provider_name": "registry.terraform.io/hashicorp/aws",
                    "schema_version": 1,
                    "values": {
                        "advanced_event_selector": [],
                        "cloud_watch_logs_group_arn": null,
                        "cloud_watch_logs_role_arn": null,
                        "enable_log_file_validation": false,
                        "enable_logging": true,
                        "event_selector": [
                            {
                                "data_resource": [
                                    {
                                        "type": "AWS::S3::Object",
                                        "values": [
                                            "arn:aws:s3:::"
                                        ]
                                    }
                                ],
                                "exclude_management_event_sources": null,
                                "include_management_events": true,
                                "read_write_type": "All"
                            }
                        ],
                        "include_global_service_events": false,
                        "insight_selector": [],
                        "is_multi_region_trail": false,
                        "is_organization_trail": false,
                        "kms_key_id": null,
                        "name": "tf-trail-foobar",
                        "region": "us-east-1",
                        "s3_bucket_name": "cvs-s3-bucket",
                        "s3_key_prefix": "prefix",
                        "sns_topic_name": null,
                        "tags": null
                    },
                    "sensitive_values": {
                        "advanced_event_selector": [],
                        "event_selector": [
                            {
                                "data_resource": [
                                    {
                                        "values": [
                                            false
                                        ]
                                    }
                                ]
                            }
                        ],
                        "insight_selector": [],
                        "tags_all": {}
                    }
                },
                {
                    "address": "aws_s3_bucket.s3_bucket",
                    "mode": "managed",
                    "type": "aws_s3_bucket",
                    "name": "s3_bucket",
                    "provider_name": "registry.terraform.io/hashicorp/aws",
                    "schema_version": 0,
                    "values": {
                        "bucket": "cvs-s3-bucket",
                        "force_destroy": false,
                        "region": "us-east-1",
                        "tags": {
                            "Environment": "Dev",
                            "Name": "My bucket"
                        },
                        "tags_all": {
                            "Environment": "Dev",
                            "Name": "My bucket"
                        },
                        "timeouts": null
                    },
                    "sensitive_values": {
                        "cors_rule": [],
                        "grant": [],
                        "lifecycle_rule": [],
                        "logging": [],
                        "object_lock_configuration": [],
                        "replication_configuration": [],
                        "server_side_encryption_configuration": [],
                        "tags": {},
                        "tags_all": {},
                        "versioning": [],
                        "website": []
                    }
                }
            ]
        }
    },
    "resource_changes": [
        {
            "address": "aws_cloudtrail.tf_cloudtrail",
            "mode": "managed",
            "type": "aws_cloudtrail",
            "name": "tf_cloudtrail",
            "provider_name": "registry.terraform.io/hashicorp/aws",
            "change": {
                "actions": [
                    "create"
                ],
                "before": null,
                "after": {
                    "advanced_event_selector": [],
                    "cloud_watch_logs_group_arn": null,
                    "cloud_watch_logs_role_arn": null,
                    "enable_log_file_validation": false,
                    "enable_logging": true,
                    "event_selector": [
                        {
                            "data_resource": [
                                {
                                    "type": "AWS::S3::Object",
                                    "values": [
                                        "arn:aws:s3:::"
                                    ]
                                }
                            ],
                            "exclude_management_event_sources": null,
                            "include_management_events": true,
                            "read_write_type": "All"
                        }
                    ],
                    "include_global_service_events": false,
                    "insight_selector": [],
                    "is_multi_region_trail": false,
                    "is_organization_trail": false,
                    "kms_key_id": null,
                    "name": "tf-trail-foobar",
                    "region": "us-east-1",
                    "s3_bucket_name": "cvs-s3-bucket",
                    "s3_key_prefix": "prefix",
                    "sns_topic_name": null,
                    "tags": null
                },
                "after_unknown": {
                    "advanced_event_selector": [],
                    "arn": true,
                    "event_selector": [
                        {
                            "data_resource": [
                                {
                                    "values": [
                                        false
                                    ]
                                }
                            ]
                        }
                    ],
                    "home_region": true,
                    "id": true,
                    "insight_selector": [],
                    "sns_topic_arn": true,
                    "tags_all": true
                },
                "before_sensitive": false,
                "after_sensitive": {
                    "advanced_event_selector": [],
                    "event_selector": [
                        {
                            "data_resource": [
                                {
                                    "values": [
                                        false
                                    ]
                                }
                            ]
                        }
                    ],
                    "insight_selector": [],
                    "tags_all": {}
                }
            }
        },
        {
            "address": "aws_s3_bucket.s3_bucket",
            "mode": "managed",
            "type": "aws_s3_bucket",
            "name": "s3_bucket",
            "provider_name": "registry.terraform.io/hashicorp/aws",
            "change": {
                "actions": [
                    "create"
                ],
                "before": null,
                "after": {
                    "bucket": "cvs-s3-bucket",
                    "force_destroy": false,
                    "region": "us-east-1",
                    "tags": {
                        "Environment": "Dev",
                        "Name": "My bucket"
                    },
                    "tags_all": {
                        "Environment": "Dev",
                        "Name": "My bucket"
                    },
                    "timeouts": null
                },
                "after_unknown": {
                    "acceleration_status": true,
                    "acl": true,
                    "arn": true,
                    "bucket_domain_name": true,
                    "bucket_prefix": true,
                    "bucket_region": true,
                    "bucket_regional_domain_name": true,
                    "cors_rule": true,
                    "grant": true,
                    "hosted_zone_id": true,
                    "id": true,
                    "lifecycle_rule": true,
                    "logging": true,
                    "object_lock_configuration": true,
                    "object_lock_enabled": true,
                    "policy": true,
                    "replication_configuration": true,
                    "request_payer": true,
                    "server_side_encryption_configuration": true,
                    "tags": {},
                    "tags_all": {},
                    "versioning": true,
                    "website": true,
                    "website_domain": true,
                    "website_endpoint": true
                },
                "before_sensitive": false,
                "after_sensitive": {
                    "cors_rule": [],
                    "grant": [],
                    "lifecycle_rule": [],
                    "logging": [],
                    "object_lock_configuration": [],
                    "replication_configuration": [],
                    "server_side_encryption_configuration": [],
                    "tags": {},
                    "tags_all": {},
                    "versioning": [],
                    "website": []
                }
            }
        }
    ],
    "configuration": {
        "provider_config": {
            "aws": {
                "name": "aws",
                "full_name": "registry.terraform.io/hashicorp/aws",
                "version_constraint": "6.4.0",
                "expressions": {
                    "profile": {
                        "constant_value": "saurabh-eis-dev"
                    },
                    "region": {
                        "constant_value": "us-east-1"
                    }
                }
            }
        },
        "root_module": {
            "resources": [
                {
                    "address": "aws_cloudtrail.tf_cloudtrail",
                    "mode": "managed",
                    "type": "aws_cloudtrail",
                    "name": "tf_cloudtrail",
                    "provider_config_key": "aws",
                    "expressions": {
                        "event_selector": [
                            {
                                "data_resource": [
                                    {
                                        "type": {
                                            "constant_value": "AWS::S3::Object"
                                        },
                                        "values": {
                                            "constant_value": [
                                                "arn:aws:s3:::"
                                            ]
                                        }
                                    }
                                ],
                                "include_management_events": {
                                    "constant_value": true
                                },
                                "read_write_type": {
                                    "constant_value": "All"
                                }
                            }
                        ],
                        "include_global_service_events": {
                            "constant_value": false
                        },
                        "name": {
                            "constant_value": "tf-trail-foobar"
                        },
                        "s3_bucket_name": {
                            "constant_value": "cvs-s3-bucket"
                        },
                        "s3_key_prefix": {
                            "constant_value": "prefix"
                        }
                    },
                    "schema_version": 1
                },
                {
                    "address": "aws_s3_bucket.s3_bucket",
                    "mode": "managed",
                    "type": "aws_s3_bucket",
                    "name": "s3_bucket",
                    "provider_config_key": "aws",
                    "expressions": {
                        "bucket": {
                            "constant_value": "cvs-s3-bucket"
                        },
                        "tags": {
                            "constant_value": {
                                "Environment": "Dev",
                                "Name": "My bucket"
                            }
                        }
                    },
                    "schema_version": 0
                }
            ]
        }
    },
    "timestamp": "2025-07-22T14:25:18Z",
    "errored": false
}