{
    "format_version": "1.2",
    "terraform_version": "1.7.5",
    "planned_values": {
        "root_module": {
            "resources": [
                {
                    "address": "aws_cloudwatch_log_group.cloudwatch_log_group",
                    "mode": "managed",
                    "type": "aws_cloudwatch_log_group",
                    "name": "cloudwatch_log_group",
                    "provider_name": "registry.terraform.io/hashicorp/aws",
                    "schema_version": 0,
                    "values": {
                        "kms_key_id": null,
                        "name": "test-cloudwatch-log-group",
                        "region": "us-east-1",
                        "retention_in_days": 3,
                        "skip_destroy": false,
                        "tags": {
                            "Application": "serviceA",
                            "Environment": "production"
                        },
                        "tags_all": {
                            "Application": "serviceA",
                            "Environment": "production"
                        }
                    },
                    "sensitive_values": {
                        "tags": {},
                        "tags_all": {}
                    }
                }
            ]
        }
    },
    "resource_changes": [
        {
            "address": "aws_cloudwatch_log_group.cloudwatch_log_group",
            "mode": "managed",
            "type": "aws_cloudwatch_log_group",
            "name": "cloudwatch_log_group",
            "provider_name": "registry.terraform.io/hashicorp/aws",
            "change": {
                "actions": [
                    "create"
                ],
                "before": null,
                "after": {
                    "kms_key_id": null,
                    "name": "test-cloudwatch-log-group",
                    "region": "us-east-1",
                    "retention_in_days": 3,
                    "skip_destroy": false,
                    "tags": {
                        "Application": "serviceA",
                        "Environment": "production"
                    },
                    "tags_all": {
                        "Application": "serviceA",
                        "Environment": "production"
                    }
                },
                "after_unknown": {
                    "arn": true,
                    "id": true,
                    "log_group_class": true,
                    "name_prefix": true,
                    "tags": {},
                    "tags_all": {}
                },
                "before_sensitive": false,
                "after_sensitive": {
                    "tags": {},
                    "tags_all": {}
                }
            }
        }
    ],
    "configuration": {
        "provider_config": {
            "aws": {
                "name": "aws",
                "full_name": "registry.terraform.io/hashicorp/aws",
                "version_constraint": "6.4.0",
                "expressions": {
                    "profile": {
                        "constant_value": "saurabh-eis-dev"
                    },
                    "region": {
                        "constant_value": "us-east-1"
                    }
                }
            }
        },
        "root_module": {
            "resources": [
                {
                    "address": "aws_cloudwatch_log_group.cloudwatch_log_group",
                    "mode": "managed",
                    "type": "aws_cloudwatch_log_group",
                    "name": "cloudwatch_log_group",
                    "provider_config_key": "aws",
                    "expressions": {
                        "name": {
                            "constant_value": "test-cloudwatch-log-group"
                        },
                        "region": {
                            "constant_value": "us-east-1"
                        },
                        "retention_in_days": {
                            "constant_value": 3
                        },
                        "tags": {
                            "constant_value": {
                                "Application": "serviceA",
                                "Environment": "production"
                            }
                        }
                    },
                    "schema_version": 0
                }
            ]
        }
    },
    "timestamp": "2025-08-18T09:58:07Z",
    "errored": false
}