{
    "format_version": "1.2",
    "terraform_version": "1.7.5",
    "planned_values": {
        "root_module": {
            "resources": [
                {
                    "address": "azurerm_monitor_diagnostic_setting.cvs-recovery-vault-diagnostic-setting",
                    "mode": "managed",
                    "type": "azurerm_monitor_diagnostic_setting",
                    "name": "cvs-recovery-vault-diagnostic-setting",
                    "provider_name": "registry.terraform.io/hashicorp/azurerm",
                    "schema_version": 0,
                    "values": {
                        "enabled_log": [
                            {
                                "category": "allLogs",
                                "category_group": "",
                                "retention_policy": []
                            }
                        ],
                        "eventhub_authorization_rule_id": null,
                        "eventhub_name": null,
                        "log_analytics_workspace_id": null,
                        "metric": [
                            {
                                "category": "AllMetrics",
                                "enabled": true,
                                "retention_policy": []
                            }
                        ],
                        "name": "cvs-recovery-vault-diagnostic-setting",
                        "partner_solution_id": null,
                        "storage_account_id": "/subscriptions/ec8dc618-46dd-43e2-8506-3007f304d884/resourceGroups/security-poc-yogeshd-rg/providers/Microsoft.Storage/storageAccounts/securitypoccssstg01",
                        "target_resource_id": "",
                        "timeouts": null
                    },
                    "sensitive_values": {
                        "enabled_log": [
                            {
                                "retention_policy": []
                            }
                        ],
                        "metric": [
                            {
                                "retention_policy": []
                            }
                        ]
                    }
                },
                {
                    "address": "azurerm_private_endpoint.cvs-openai-conginitive-account-pvt-endpoint",
                    "mode": "managed",
                    "type": "azurerm_private_endpoint",
                    "name": "cvs-openai-conginitive-account-pvt-endpoint",
                    "provider_name": "registry.terraform.io/hashicorp/azurerm",
                    "schema_version": 0,
                    "values": {
                        "custom_network_interface_name": null,
                        "ip_configuration": [],
                        "location": "eastus2",
                        "name": "cvs-recovery-vault-endpoint",
                        "private_dns_zone_group": [],
                        "private_service_connection": [
                            {
                                "is_manual_connection": false,
                                "name": "example-privateserviceconnection",
                                "private_connection_resource_alias": null,
                                "private_connection_resource_id": "/subscriptions/ec8dc618-46dd-43e2-8506-3007f304d884/resourceGroups/security-poc-yogeshd-rg/providers/Microsoft.RecoveryServices/vaults/cvs-recovery-vault",
                                "request_message": null,
                                "subresource_names": null
                            }
                        ],
                        "resource_group_name": "security-poc-yogeshd-rg",
                        "subnet_id": "/subscriptions/ec8dc618-46dd-43e2-8506-3007f304d884/resourceGroups/security-poc-yogeshd-rg/providers/Microsoft.Network/virtualNetworks/security-poc-yogeshd-vnet-01/subnets/security-poc-pe-snet-01",
                        "tags": null,
                        "timeouts": null
                    },
                    "sensitive_values": {
                        "custom_dns_configs": [],
                        "ip_configuration": [],
                        "network_interface": [],
                        "private_dns_zone_configs": [],
                        "private_dns_zone_group": [],
                        "private_service_connection": [
                            {}
                        ]
                    }
                },
                {
                    "address": "azurerm_recovery_services_vault.cvs-recovery-vault",
                    "mode": "managed",
                    "type": "azurerm_recovery_services_vault",
                    "name": "cvs-recovery-vault",
                    "provider_name": "registry.terraform.io/hashicorp/azurerm",
                    "schema_version": 0,
                    "values": {
                        "classic_vmware_replication_enabled": null,
                        "cross_region_restore_enabled": false,
                        "encryption": [
                            {
                                "infrastructure_encryption_enabled": true,
                                "key_id": "https://security-poc-akv-01.vault.azure.net/keys/securitypoccsscmk/7e7b204cd4a240ca880991658dc3ad14",
                                "use_system_assigned_identity": false,
                                "user_assigned_identity_id": "/subscriptions/ec8dc618-46dd-43e2-8506-3007f304d884/resourceGroups/security-poc-yogeshd-rg/providers/Microsoft.ManagedIdentity/userAssignedIdentities/security-poc-css-mi"
                            }
                        ],
                        "identity": [
                            {
                                "identity_ids": [
                                    "/subscriptions/ec8dc618-46dd-43e2-8506-3007f304d884/resourceGroups/security-poc-yogeshd-rg/providers/Microsoft.ManagedIdentity/userAssignedIdentities/security-poc-css-mi"
                                ],
                                "type": "UserAssigned"
                            }
                        ],
                        "immutability": "Locked",
                        "location": "eastus2",
                        "monitoring": [],
                        "name": "cvs-recovery-vault",
                        "public_network_access_enabled": false,
                        "resource_group_name": "security-poc-yogeshd-rg",
                        "sku": "Standard",
                        "soft_delete_enabled": true,
                        "storage_mode_type": "GeoRedundant",
                        "tags": {
                            "costcenter": "02045",
                            "dataclassification": "confidential",
                            "environmenttype": "dev",
                            "itpmid": "12345",
                            "sharedemailaddress": "CloudSecurityServices@cvshealth.com"
                        },
                        "timeouts": null
                    },
                    "sensitive_values": {
                        "encryption": [
                            {}
                        ],
                        "identity": [
                            {
                                "identity_ids": [
                                    false
                                ]
                            }
                        ],
                        "monitoring": [],
                        "tags": {}
                    }
                }
            ]
        }
    },
    "resource_changes": [
        {
            "address": "azurerm_monitor_diagnostic_setting.cvs-recovery-vault-diagnostic-setting",
            "mode": "managed",
            "type": "azurerm_monitor_diagnostic_setting",
            "name": "cvs-recovery-vault-diagnostic-setting",
            "provider_name": "registry.terraform.io/hashicorp/azurerm",
            "change": {
                "actions": [
                    "create"
                ],
                "before": null,
                "after": {
                    "enabled_log": [
                        {
                            "category": "allLogs",
                            "category_group": "",
                            "retention_policy": []
                        }
                    ],
                    "eventhub_authorization_rule_id": null,
                    "eventhub_name": null,
                    "log_analytics_workspace_id": null,
                    "metric": [
                        {
                            "category": "AllMetrics",
                            "enabled": true,
                            "retention_policy": []
                        }
                    ],
                    "name": "cvs-recovery-vault-diagnostic-setting",
                    "partner_solution_id": null,
                    "storage_account_id": "/subscriptions/ec8dc618-46dd-43e2-8506-3007f304d884/resourceGroups/security-poc-yogeshd-rg/providers/Microsoft.Storage/storageAccounts/securitypoccssstg01",
                    "target_resource_id": "/subscriptions/ec8dc618-46dd-43e2-8506-3007f304d884/resourceGroups/security-poc-yogeshd-rg/providers/Microsoft.RecoveryServices/vaults/cvs-recovery-vault",
                    "timeouts": null
                },
                "after_unknown": {
                    "enabled_log": [
                        {
                            "retention_policy": []
                        }
                    ],
                    "id": true,
                    "log_analytics_destination_type": true,
                    "metric": [
                        {
                            "retention_policy": []
                        }
                    ]
                },
                "before_sensitive": false,
                "after_sensitive": {
                    "enabled_log": [
                        {
                            "retention_policy": []
                        }
                    ],
                    "metric": [
                        {
                            "retention_policy": []
                        }
                    ]
                }
            }
        },
        {
            "address": "azurerm_private_endpoint.cvs-openai-conginitive-account-pvt-endpoint",
            "mode": "managed",
            "type": "azurerm_private_endpoint",
            "name": "cvs-openai-conginitive-account-pvt-endpoint",
            "provider_name": "registry.terraform.io/hashicorp/azurerm",
            "change": {
                "actions": [
                    "create"
                ],
                "before": null,
                "after": {
                    "custom_network_interface_name": null,
                    "ip_configuration": [],
                    "location": "eastus2",
                    "name": "cvs-recovery-vault-endpoint",
                    "private_dns_zone_group": [],
                    "private_service_connection": [
                        {
                            "is_manual_connection": false,
                            "name": "example-privateserviceconnection",
                            "private_connection_resource_alias": null,
                            "private_connection_resource_id": "/subscriptions/ec8dc618-46dd-43e2-8506-3007f304d884/resourceGroups/security-poc-yogeshd-rg/providers/Microsoft.RecoveryServices/vaults/cvs-recovery-vault",
                            "request_message": null,
                            "subresource_names": null
                        }
                    ],
                    "resource_group_name": "security-poc-yogeshd-rg",
                    "subnet_id": "/subscriptions/ec8dc618-46dd-43e2-8506-3007f304d884/resourceGroups/security-poc-yogeshd-rg/providers/Microsoft.Network/virtualNetworks/security-poc-yogeshd-vnet-01/subnets/security-poc-pe-snet-01",
                    "tags": null,
                    "timeouts": null
                },
                "after_unknown": {
                    "custom_dns_configs": true,
                    "id": true,
                    "ip_configuration": [],
                    "network_interface": true,
                    "private_dns_zone_configs": true,
                    "private_dns_zone_group": [],
                    "private_service_connection": [
                        {
                            "private_ip_address": true
                        }
                    ]
                },
                "before_sensitive": false,
                "after_sensitive": {
                    "custom_dns_configs": [],
                    "ip_configuration": [],
                    "network_interface": [],
                    "private_dns_zone_configs": [],
                    "private_dns_zone_group": [],
                    "private_service_connection": [
                        {}
                    ]
                }
            }
        },
        {
            "address": "azurerm_recovery_services_vault.cvs-recovery-vault",
            "mode": "managed",
            "type": "azurerm_recovery_services_vault",
            "name": "cvs-recovery-vault",
            "provider_name": "registry.terraform.io/hashicorp/azurerm",
            "change": {
                "actions": [
                    "create"
                ],
                "before": null,
                "after": {
                    "classic_vmware_replication_enabled": null,
                    "cross_region_restore_enabled": false,
                    "encryption": [
                        {
                            "infrastructure_encryption_enabled": true,
                            "key_id": "https://security-poc-akv-01.vault.azure.net/keys/securitypoccsscmk/7e7b204cd4a240ca880991658dc3ad14",
                            "use_system_assigned_identity": false,
                            "user_assigned_identity_id": "/subscriptions/ec8dc618-46dd-43e2-8506-3007f304d884/resourceGroups/security-poc-yogeshd-rg/providers/Microsoft.ManagedIdentity/userAssignedIdentities/security-poc-css-mi"
                        }
                    ],
                    "identity": [
                        {
                            "identity_ids": [
                                "/subscriptions/ec8dc618-46dd-43e2-8506-3007f304d884/resourceGroups/security-poc-yogeshd-rg/providers/Microsoft.ManagedIdentity/userAssignedIdentities/security-poc-css-mi"
                            ],
                            "type": "UserAssigned"
                        }
                    ],
                    "immutability": "Locked",
                    "location": "eastus2",
                    "monitoring": [],
                    "name": "cvs-recovery-vault",
                    "public_network_access_enabled": false,
                    "resource_group_name": "security-poc-yogeshd-rg",
                    "sku": "Standard",
                    "soft_delete_enabled": true,
                    "storage_mode_type": "GeoRedundant",
                    "tags": {
                        "costcenter": "02045",
                        "dataclassification": "confidential",
                        "environmenttype": "dev",
                        "itpmid": "12345",
                        "sharedemailaddress": "CloudSecurityServices@cvshealth.com"
                    },
                    "timeouts": null
                },
                "after_unknown": {
                    "encryption": [
                        {}
                    ],
                    "id": true,
                    "identity": [
                        {
                            "identity_ids": [
                                false
                            ],
                            "principal_id": true,
                            "tenant_id": true
                        }
                    ],
                    "monitoring": [],
                    "tags": {}
                },
                "before_sensitive": false,
                "after_sensitive": {
                    "encryption": [
                        {}
                    ],
                    "identity": [
                        {
                            "identity_ids": [
                                false
                            ]
                        }
                    ],
                    "monitoring": [],
                    "tags": {}
                }
            }
        }
    ],
    "prior_state": {
        "format_version": "1.0",
        "terraform_version": "1.7.5",
        "values": {
            "root_module": {
                "resources": [
                    {
                        "address": "data.azurerm_key_vault.key_vault",
                        "mode": "data",
                        "type": "azurerm_key_vault",
                        "name": "key_vault",
                        "provider_name": "registry.terraform.io/hashicorp/azurerm",
                        "schema_version": 0,
                        "values": {
                            "access_policy": [
                                {
                                    "application_id": "",
                                    "certificate_permissions": [],
                                    "key_permissions": [
                                        "Get",
                                        "WrapKey",
                                        "UnwrapKey"
                                    ],
                                    "object_id": "6398c932-d085-438b-92f2-bf549e79835a",
                                    "secret_permissions": [],
                                    "storage_permissions": [],
                                    "tenant_id": "fabb61b8-3afe-4e75-b934-a47f782b8cd7"
                                },
                                {
                                    "application_id": "",
                                    "certificate_permissions": [],
                                    "key_permissions": [
                                        "Get",
                                        "WrapKey",
                                        "UnwrapKey"
                                    ],
                                    "object_id": "7b4b6789-a588-4838-b64e-26e3f05fa890",
                                    "secret_permissions": [],
                                    "storage_permissions": [],
                                    "tenant_id": "fabb61b8-3afe-4e75-b934-a47f782b8cd7"
                                },
                                {
                                    "application_id": "",
                                    "certificate_permissions": [],
                                    "key_permissions": [
                                        "Get",
                                        "WrapKey",
                                        "UnwrapKey"
                                    ],
                                    "object_id": "26097c96-5317-4df4-a018-4fee9229c8cf",
                                    "secret_permissions": [],
                                    "storage_permissions": [],
                                    "tenant_id": "fabb61b8-3afe-4e75-b934-a47f782b8cd7"
                                },
                                {
                                    "application_id": "",
                                    "certificate_permissions": [],
                                    "key_permissions": [
                                        "Get",
                                        "WrapKey",
                                        "UnwrapKey"
                                    ],
                                    "object_id": "8fea6a3b-2e89-45e7-8dc7-d2bf22f9d54e",
                                    "secret_permissions": [],
                                    "storage_permissions": [],
                                    "tenant_id": "fabb61b8-3afe-4e75-b934-a47f782b8cd7"
                                },
                                {
                                    "application_id": "",
                                    "certificate_permissions": [],
                                    "key_permissions": [
                                        "Get",
                                        "WrapKey",
                                        "UnwrapKey"
                                    ],
                                    "object_id": "6ca86747-f3a4-4f27-824d-80e33f51194d",
                                    "secret_permissions": [],
                                    "storage_permissions": [],
                                    "tenant_id": "fabb61b8-3afe-4e75-b934-a47f782b8cd7"
                                },
                                {
                                    "application_id": "",
                                    "certificate_permissions": [
                                        "Get",
                                        "List",
                                        "Update",
                                        "Create",
                                        "Import",
                                        "Delete",
                                        "Recover",
                                        "Backup",
                                        "Restore",
                                        "ManageContacts",
                                        "ManageIssuers",
                                        "GetIssuers",
                                        "ListIssuers",
                                        "SetIssuers",
                                        "DeleteIssuers",
                                        "Get",
                                        "List",
                                        "Update",
                                        "Create",
                                        "Import",
                                        "Delete",
                                        "Recover",
                                        "Backup",
                                        "Restore",
                                        "ManageContacts",
                                        "ManageIssuers",
                                        "GetIssuers",
                                        "ListIssuers",
                                        "SetIssuers",
                                        "DeleteIssuers"
                                    ],
                                    "key_permissions": [
                                        "Get",
                                        "List",
                                        "Update",
                                        "Create",
                                        "Import",
                                        "Delete",
                                        "Recover",
                                        "Backup",
                                        "Restore",
                                        "Decrypt",
                                        "Encrypt",
                                        "UnwrapKey",
                                        "WrapKey",
                                        "Verify",
                                        "Sign",
                                        "Release",
                                        "Rotate",
                                        "GetRotationPolicy",
                                        "SetRotationPolicy",
                                        "Get",
                                        "List",
                                        "Update",
                                        "Create",
                                        "Import",
                                        "Delete",
                                        "Recover",
                                        "Backup",
                                        "Restore",
                                        "Decrypt",
                                        "Encrypt",
                                        "UnwrapKey",
                                        "WrapKey",
                                        "Verify",
                                        "Sign",
                                        "Release",
                                        "Rotate",
                                        "GetRotationPolicy",
                                        "SetRotationPolicy"
                                    ],
                                    "object_id": "ee2ea2d5-3084-4b48-9879-5f6654b20b8c",
                                    "secret_permissions": [
                                        "Get",
                                        "List",
                                        "Set",
                                        "Delete",
                                        "Recover",
                                        "Backup",
                                        "Restore",
                                        "Get",
                                        "List",
                                        "Set",
                                        "Delete",
                                        "Recover",
                                        "Backup",
                                        "Restore"
                                    ],
                                    "storage_permissions": [],
                                    "tenant_id": "fabb61b8-3afe-4e75-b934-a47f782b8cd7"
                                },
                                {
                                    "application_id": "",
                                    "certificate_permissions": [
                                        "Get",
                                        "List",
                                        "Update",
                                        "Create",
                                        "Import",
                                        "Delete",
                                        "Recover",
                                        "Backup",
                                        "Restore",
                                        "ManageContacts",
                                        "ManageIssuers",
                                        "GetIssuers",
                                        "ListIssuers",
                                        "SetIssuers",
                                        "DeleteIssuers",
                                        "Get",
                                        "List",
                                        "Update",
                                        "Create",
                                        "Import",
                                        "Delete",
                                        "Recover",
                                        "Backup",
                                        "Restore",
                                        "ManageContacts",
                                        "ManageIssuers",
                                        "GetIssuers",
                                        "ListIssuers",
                                        "SetIssuers",
                                        "DeleteIssuers"
                                    ],
                                    "key_permissions": [
                                        "Get",
                                        "List",
                                        "Update",
                                        "Create",
                                        "Import",
                                        "Delete",
                                        "Recover",
                                        "Backup",
                                        "Restore",
                                        "Decrypt",
                                        "Encrypt",
                                        "UnwrapKey",
                                        "WrapKey",
                                        "Verify",
                                        "Sign",
                                        "Release",
                                        "Rotate",
                                        "GetRotationPolicy",
                                        "SetRotationPolicy",
                                        "Get",
                                        "List",
                                        "Update",
                                        "Create",
                                        "Import",
                                        "Delete",
                                        "Recover",
                                        "Backup",
                                        "Restore",
                                        "Decrypt",
                                        "Encrypt",
                                        "UnwrapKey",
                                        "WrapKey",
                                        "Verify",
                                        "Sign",
                                        "Release",
                                        "Rotate",
                                        "GetRotationPolicy",
                                        "SetRotationPolicy"
                                    ],
                                    "object_id": "8dcf5f70-cee1-4e3e-a70e-1db0ebb994aa",
                                    "secret_permissions": [
                                        "Get",
                                        "List",
                                        "Set",
                                        "Delete",
                                        "Recover",
                                        "Backup",
                                        "Restore",
                                        "Get",
                                        "List",
                                        "Set",
                                        "Delete",
                                        "Recover",
                                        "Backup",
                                        "Restore"
                                    ],
                                    "storage_permissions": [],
                                    "tenant_id": "fabb61b8-3afe-4e75-b934-a47f782b8cd7"
                                },
                                {
                                    "application_id": "",
                                    "certificate_permissions": [
                                        "Get",
                                        "List",
                                        "Update",
                                        "Create",
                                        "Import",
                                        "Delete",
                                        "Recover",
                                        "Backup",
                                        "Restore",
                                        "ManageContacts",
                                        "ManageIssuers",
                                        "GetIssuers",
                                        "ListIssuers",
                                        "SetIssuers",
                                        "DeleteIssuers",
                                        "all"
                                    ],
                                    "key_permissions": [
                                        "Get",
                                        "List",
                                        "Update",
                                        "Create",
                                        "Import",
                                        "Delete",
                                        "Recover",
                                        "Backup",
                                        "Restore",
                                        "Decrypt",
                                        "Encrypt",
                                        "UnwrapKey",
                                        "WrapKey",
                                        "Verify",
                                        "Sign",
                                        "Release",
                                        "Rotate",
                                        "GetRotationPolicy",
                                        "SetRotationPolicy",
                                        "all"
                                    ],
                                    "object_id": "352e6c63-b44d-4e93-8f25-dda6d21be0f7",
                                    "secret_permissions": [
                                        "Get",
                                        "List",
                                        "Set",
                                        "Delete",
                                        "Recover",
                                        "Backup",
                                        "Restore",
                                        "all"
                                    ],
                                    "storage_permissions": [],
                                    "tenant_id": "fabb61b8-3afe-4e75-b934-a47f782b8cd7"
                                },
                                {
                                    "application_id": "",
                                    "certificate_permissions": [],
                                    "key_permissions": [
                                        "Get",
                                        "WrapKey",
                                        "UnwrapKey"
                                    ],
                                    "object_id": "faff23ad-10a5-4250-8af6-09e642dc61c6",
                                    "secret_permissions": [],
                                    "storage_permissions": [],
                                    "tenant_id": "fabb61b8-3afe-4e75-b934-a47f782b8cd7"
                                },
                                {
                                    "application_id": "",
                                    "certificate_permissions": [],
                                    "key_permissions": [
                                        "Get",
                                        "WrapKey",
                                        "UnwrapKey"
                                    ],
                                    "object_id": "7b8a316d-376e-4fef-8a36-ff56c2076a98",
                                    "secret_permissions": [],
                                    "storage_permissions": [],
                                    "tenant_id": "fabb61b8-3afe-4e75-b934-a47f782b8cd7"
                                }
                            ],
                            "enable_rbac_authorization": true,
                            "enabled_for_deployment": true,
                            "enabled_for_disk_encryption": true,
                            "enabled_for_template_deployment": true,
                            "id": "/subscriptions/ec8dc618-46dd-43e2-8506-3007f304d884/resourceGroups/security-poc-yogeshd-rg/providers/Microsoft.KeyVault/vaults/security-poc-akv-01",
                            "location": "eastus2",
                            "name": "security-poc-akv-01",
                            "network_acls": [],
                            "public_network_access_enabled": true,
                            "purge_protection_enabled": true,
                            "resource_group_name": "security-poc-yogeshd-rg",
                            "sku_name": "premium",
                            "tags": {
                                "createdondate": "2024-07-31",
                                "dataclassification": "restrictedD",
                                "environmenttype": "NonProd",
                                "itpmid": "87DB880C626F02E3"
                            },
                            "tenant_id": "fabb61b8-3afe-4e75-b934-a47f782b8cd7",
                            "timeouts": null,
                            "vault_uri": "https://security-poc-akv-01.vault.azure.net/"
                        },
                        "sensitive_values": {
                            "access_policy": [
                                {
                                    "certificate_permissions": [],
                                    "key_permissions": [
                                        false,
                                        false,
                                        false
                                    ],
                                    "secret_permissions": [],
                                    "storage_permissions": []
                                },
                                {
                                    "certificate_permissions": [],
                                    "key_permissions": [
                                        false,
                                        false,
                                        false
                                    ],
                                    "secret_permissions": [],
                                    "storage_permissions": []
                                },
                                {
                                    "certificate_permissions": [],
                                    "key_permissions": [
                                        false,
                                        false,
                                        false
                                    ],
                                    "secret_permissions": [],
                                    "storage_permissions": []
                                },
                                {
                                    "certificate_permissions": [],
                                    "key_permissions": [
                                        false,
                                        false,
                                        false
                                    ],
                                    "secret_permissions": [],
                                    "storage_permissions": []
                                },
                                {
                                    "certificate_permissions": [],
                                    "key_permissions": [
                                        false,
                                        false,
                                        false
                                    ],
                                    "secret_permissions": [],
                                    "storage_permissions": []
                                },
                                {
                                    "certificate_permissions": [
                                        false,
                                        false,
                                        false,
                                        false,
                                        false,
                                        false,
                                        false,
                                        false,
                                        false,
                                        false,
                                        false,
                                        false,
                                        false,
                                        false,
                                        false,
                                        false,
                                        false,
                                        false,
                                        false,
                                        false,
                                        false,
                                        false,
                                        false,
                                        false,
                                        false,
                                        false,
                                        false,
                                        false,
                                        false,
                                        false
                                    ],
                                    "key_permissions": [
                                        false,
                                        false,
                                        false,
                                        false,
                                        false,
                                        false,
                                        false,
                                        false,
                                        false,
                                        false,
                                        false,
                                        false,
                                        false,
                                        false,
                                        false,
                                        false,
                                        false,
                                        false,
                                        false,
                                        false,
                                        false,
                                        false,
                                        false,
                                        false,
                                        false,
                                        false,
                                        false,
                                        false,
                                        false,
                                        false,
                                        false,
                                        false,
                                        false,
                                        false,
                                        false,
                                        false,
                                        false,
                                        false
                                    ],
                                    "secret_permissions": [
                                        false,
                                        false,
                                        false,
                                        false,
                                        false,
                                        false,
                                        false,
                                        false,
                                        false,
                                        false,
                                        false,
                                        false,
                                        false,
                                        false
                                    ],
                                    "storage_permissions": []
                                },
                                {
                                    "certificate_permissions": [
                                        false,
                                        false,
                                        false,
                                        false,
                                        false,
                                        false,
                                        false,
                                        false,
                                        false,
                                        false,
                                        false,
                                        false,
                                        false,
                                        false,
                                        false,
                                        false,
                                        false,
                                        false,
                                        false,
                                        false,
                                        false,
                                        false,
                                        false,
                                        false,
                                        false,
                                        false,
                                        false,
                                        false,
                                        false,
                                        false
                                    ],
                                    "key_permissions": [
                                        false,
                                        false,
                                        false,
                                        false,
                                        false,
                                        false,
                                        false,
                                        false,
                                        false,
                                        false,
                                        false,
                                        false,
                                        false,
                                        false,
                                        false,
                                        false,
                                        false,
                                        false,
                                        false,
                                        false,
                                        false,
                                        false,
                                        false,
                                        false,
                                        false,
                                        false,
                                        false,
                                        false,
                                        false,
                                        false,
                                        false,
                                        false,
                                        false,
                                        false,
                                        false,
                                        false,
                                        false,
                                        false
                                    ],
                                    "secret_permissions": [
                                        false,
                                        false,
                                        false,
                                        false,
                                        false,
                                        false,
                                        false,
                                        false,
                                        false,
                                        false,
                                        false,
                                        false,
                                        false,
                                        false
                                    ],
                                    "storage_permissions": []
                                },
                                {
                                    "certificate_permissions": [
                                        false,
                                        false,
                                        false,
                                        false,
                                        false,
                                        false,
                                        false,
                                        false,
                                        false,
                                        false,
                                        false,
                                        false,
                                        false,
                                        false,
                                        false,
                                        false
                                    ],
                                    "key_permissions": [
                                        false,
                                        false,
                                        false,
                                        false,
                                        false,
                                        false,
                                        false,
                                        false,
                                        false,
                                        false,
                                        false,
                                        false,
                                        false,
                                        false,
                                        false,
                                        false,
                                        false,
                                        false,
                                        false,
                                        false
                                    ],
                                    "secret_permissions": [
                                        false,
                                        false,
                                        false,
                                        false,
                                        false,
                                        false,
                                        false,
                                        false
                                    ],
                                    "storage_permissions": []
                                },
                                {
                                    "certificate_permissions": [],
                                    "key_permissions": [
                                        false,
                                        false,
                                        false
                                    ],
                                    "secret_permissions": [],
                                    "storage_permissions": []
                                },
                                {
                                    "certificate_permissions": [],
                                    "key_permissions": [
                                        false,
                                        false,
                                        false
                                    ],
                                    "secret_permissions": [],
                                    "storage_permissions": []
                                }
                            ],
                            "network_acls": [],
                            "tags": {}
                        }
                    },
                    {
                        "address": "data.azurerm_key_vault_key.key_vault_key",
                        "mode": "data",
                        "type": "azurerm_key_vault_key",
                        "name": "key_vault_key",
                        "provider_name": "registry.terraform.io/hashicorp/azurerm",
                        "schema_version": 0,
                        "values": {
                            "curve": "",
                            "e": "AQAB",
                            "id": "https://security-poc-akv-01.vault.azure.net/keys/securitypoccsscmk/7e7b204cd4a240ca880991658dc3ad14",
                            "key_opts": [
                                "sign",
                                "verify",
                                "wrapKey",
                                "unwrapKey",
                                "encrypt",
                                "decrypt"
                            ],
                            "key_size": null,
                            "key_type": "RSA-HSM",
                            "key_vault_id": "/subscriptions/ec8dc618-46dd-43e2-8506-3007f304d884/resourceGroups/security-poc-yogeshd-rg/providers/Microsoft.KeyVault/vaults/security-poc-akv-01",
                            "n": "mRiQ2SX6x7jUpaAl1vAeI6B0NyMsfeCcfmsRBZTLqEUXlUm0LyZo732xhCzWvoBt-KXHfVnUjLhgDjfy1UFMQ65FNXQcKlS-mjvGjQ5yXV8d-De1zgzTyDo96HAflYPApfVPBup20Tz9KEcw7BwkNddiMRuaYud_85-ngxj4EFf8ph60-5Sr5O2T5b8kfkRcjGBBvOgZUPXiDOdNfUqgcVRqLZwCB3fKvaR8WF4n7jsU5GaiV6K1c8YpOTi-jU2NcUx91Vll2-o-_AXOhUEaXvjR83LMHc5mWI-54FYbNiu8nxNYdyhBZfkux9WFVsfiI8UvyrXE_hiSaBH4yHjnNw",
                            "name": "securitypoccsscmk",
                            "public_key_openssh": "ssh-rsa AAAAB3NzaC1yc2EAAAADAQABAAABAQCZGJDZJfrHuNSloCXW8B4joHQ3Iyx94Jx+axEFlMuoRReVSbQvJmjvfbGELNa+gG34pcd9WdSMuGAON/LVQUxDrkU1dBwqVL6aO8aNDnJdXx34N7XODNPIOj3ocB+Vg8Cl9U8G6nbRPP0oRzDsHCQ112IxG5pi53/zn6eDGPgQV/ymHrT7lKvk7ZPlvyR+RFyMYEG86BlQ9eIM5019SqBxVGotnAIHd8q9pHxYXifuOxTkZqJXorVzxik5OL6NTY1xTH3VWWXb6j78Bc6FQRpe+NHzcswdzmZYj7ngVhs2K7yfE1h3KEFl+S7H1YVWx+IjxS/KtcT+GJJoEfjIeOc3\n",
                            "public_key_pem": "-----BEGIN PUBLIC KEY-----\nMIIBIjANBgkqhkiG9w0BAQEFAAOCAQ8AMIIBCgKCAQEAmRiQ2SX6x7jUpaAl1vAe\nI6B0NyMsfeCcfmsRBZTLqEUXlUm0LyZo732xhCzWvoBt+KXHfVnUjLhgDjfy1UFM\nQ65FNXQcKlS+mjvGjQ5yXV8d+De1zgzTyDo96HAflYPApfVPBup20Tz9KEcw7Bwk\nNddiMRuaYud/85+ngxj4EFf8ph60+5Sr5O2T5b8kfkRcjGBBvOgZUPXiDOdNfUqg\ncVRqLZwCB3fKvaR8WF4n7jsU5GaiV6K1c8YpOTi+jU2NcUx91Vll2+o+/AXOhUEa\nXvjR83LMHc5mWI+54FYbNiu8nxNYdyhBZfkux9WFVsfiI8UvyrXE/hiSaBH4yHjn\nNwIDAQAB\n-----END PUBLIC KEY-----\n",
                            "resource_id": "/subscriptions/ec8dc618-46dd-43e2-8506-3007f304d884/resourceGroups/security-poc-yogeshd-rg/providers/Microsoft.KeyVault/vaults/security-poc-akv-01/keys/securitypoccsscmk/versions/7e7b204cd4a240ca880991658dc3ad14",
                            "resource_versionless_id": "/subscriptions/ec8dc618-46dd-43e2-8506-3007f304d884/resourceGroups/security-poc-yogeshd-rg/providers/Microsoft.KeyVault/vaults/security-poc-akv-01/keys/securitypoccsscmk",
                            "tags": {},
                            "timeouts": null,
                            "version": "7e7b204cd4a240ca880991658dc3ad14",
                            "versionless_id": "https://security-poc-akv-01.vault.azure.net/keys/securitypoccsscmk",
                            "x": "",
                            "y": ""
                        },
                        "sensitive_values": {
                            "key_opts": [
                                false,
                                false,
                                false,
                                false,
                                false,
                                false
                            ],
                            "tags": {}
                        }
                    },
                    {
                        "address": "data.azurerm_resource_group.resource_group",
                        "mode": "data",
                        "type": "azurerm_resource_group",
                        "name": "resource_group",
                        "provider_name": "registry.terraform.io/hashicorp/azurerm",
                        "schema_version": 0,
                        "values": {
                            "id": "/subscriptions/ec8dc618-46dd-43e2-8506-3007f304d884/resourceGroups/security-poc-yogeshd-rg",
                            "location": "eastus2",
                            "managed_by": "",
                            "name": "security-poc-yogeshd-rg",
                            "tags": {
                                "createdondate": "2024-06-26",
                                "dataclassification": "restrictedD",
                                "environmentsubtype": "POC",
                                "environmenttype": "NonProd"
                            },
                            "timeouts": null
                        },
                        "sensitive_values": {
                            "tags": {}
                        }
                    },
                    {
                        "address": "data.azurerm_storage_account.storage_account",
                        "mode": "data",
                        "type": "azurerm_storage_account",
                        "name": "storage_account",
                        "provider_name": "registry.terraform.io/hashicorp/azurerm",
                        "schema_version": 0,
                        "values": {
                            "access_tier": "Hot",
                            "account_kind": "StorageV2",
                            "account_replication_type": "LRS",
                            "account_tier": "Standard",
                            "allow_nested_items_to_be_public": false,
                            "azure_files_authentication": [
                                {
                                    "active_directory": [
                                        {
                                            "domain_guid": "",
                                            "domain_name": "cvshaadds.com",
                                            "domain_sid": "",
                                            "forest_name": "",
                                            "netbios_domain_name": "",
                                            "storage_sid": ""
                                        }
                                    ],
                                    "default_share_level_permission": "",
                                    "directory_type": "AADDS"
                                }
                            ],
                            "custom_domain": [],
                            "dns_endpoint_type": "Standard",
                            "https_traffic_only_enabled": true,
                            "id": "/subscriptions/ec8dc618-46dd-43e2-8506-3007f304d884/resourceGroups/security-poc-yogeshd-rg/providers/Microsoft.Storage/storageAccounts/securitypoccssstg01",
                            "identity": [
                                {
                                    "identity_ids": [],
                                    "principal_id": "daf499e3-9303-4a35-a771-86620e88d45c",
                                    "tenant_id": "fabb61b8-3afe-4e75-b934-a47f782b8cd7",
                                    "type": "SystemAssigned"
                                }
                            ],
                            "infrastructure_encryption_enabled": false,
                            "is_hns_enabled": false,
                            "location": "eastus2",
                            "min_tls_version": "TLS1_2",
                            "name": "securitypoccssstg01",
                            "nfsv3_enabled": false,
                            "primary_access_key": "7cPFGpaZk9+rf53tEmnbopC036xD6DuuB5NC8NTV8clqMoHlV3suK0a8808dQX0X0iWA1b3U5qOG+AStSBUP5w==",
                            "primary_blob_connection_string": "DefaultEndpointsProtocol=https;BlobEndpoint=https://securitypoccssstg01.blob.core.windows.net/;AccountName=securitypoccssstg01;AccountKey=7cPFGpaZk9+rf53tEmnbopC036xD6DuuB5NC8NTV8clqMoHlV3suK0a8808dQX0X0iWA1b3U5qOG+AStSBUP5w==",
                            "primary_blob_endpoint": "https://securitypoccssstg01.blob.core.windows.net/",
                            "primary_blob_host": "securitypoccssstg01.blob.core.windows.net",
                            "primary_blob_internet_endpoint": "",
                            "primary_blob_internet_host": "",
                            "primary_blob_microsoft_endpoint": "",
                            "primary_blob_microsoft_host": "",
                            "primary_connection_string": "DefaultEndpointsProtocol=https;AccountName=securitypoccssstg01;AccountKey=7cPFGpaZk9+rf53tEmnbopC036xD6DuuB5NC8NTV8clqMoHlV3suK0a8808dQX0X0iWA1b3U5qOG+AStSBUP5w==;EndpointSuffix=core.windows.net",
                            "primary_dfs_endpoint": "https://securitypoccssstg01.dfs.core.windows.net/",
                            "primary_dfs_host": "securitypoccssstg01.dfs.core.windows.net",
                            "primary_dfs_internet_endpoint": "",
                            "primary_dfs_internet_host": "",
                            "primary_dfs_microsoft_endpoint": "",
                            "primary_dfs_microsoft_host": "",
                            "primary_file_endpoint": "https://securitypoccssstg01.file.core.windows.net/",
                            "primary_file_host": "securitypoccssstg01.file.core.windows.net",
                            "primary_file_internet_endpoint": "",
                            "primary_file_internet_host": "",
                            "primary_file_microsoft_endpoint": "",
                            "primary_file_microsoft_host": "",
                            "primary_location": "eastus2",
                            "primary_queue_endpoint": "https://securitypoccssstg01.queue.core.windows.net/",
                            "primary_queue_host": "securitypoccssstg01.queue.core.windows.net",
                            "primary_queue_microsoft_endpoint": "",
                            "primary_queue_microsoft_host": "",
                            "primary_table_endpoint": "https://securitypoccssstg01.table.core.windows.net/",
                            "primary_table_host": "securitypoccssstg01.table.core.windows.net",
                            "primary_table_microsoft_endpoint": "",
                            "primary_table_microsoft_host": "",
                            "primary_web_endpoint": "https://securitypoccssstg01.z20.web.core.windows.net/",
                            "primary_web_host": "securitypoccssstg01.z20.web.core.windows.net",
                            "primary_web_internet_endpoint": "",
                            "primary_web_internet_host": "",
                            "primary_web_microsoft_endpoint": "",
                            "primary_web_microsoft_host": "",
                            "queue_encryption_key_type": "Service",
                            "resource_group_name": "security-poc-yogeshd-rg",
                            "secondary_access_key": "/bn9pfZgKMjz5nO5b6/7uTFcx3qA6GMjzkfznaKGzsuu28WYnON8n2DdmWW+vPpmSJzppdF+qS1y+AStgzSKSg==",
                            "secondary_blob_connection_string": "",
                            "secondary_blob_endpoint": "",
                            "secondary_blob_host": "",
                            "secondary_blob_internet_endpoint": "",
                            "secondary_blob_internet_host": "",
                            "secondary_blob_microsoft_endpoint": "",
                            "secondary_blob_microsoft_host": "",
                            "secondary_connection_string": "DefaultEndpointsProtocol=https;AccountName=securitypoccssstg01;AccountKey=/bn9pfZgKMjz5nO5b6/7uTFcx3qA6GMjzkfznaKGzsuu28WYnON8n2DdmWW+vPpmSJzppdF+qS1y+AStgzSKSg==;EndpointSuffix=core.windows.net",
                            "secondary_dfs_endpoint": "",
                            "secondary_dfs_host": "",
                            "secondary_dfs_internet_endpoint": "",
                            "secondary_dfs_internet_host": "",
                            "secondary_dfs_microsoft_endpoint": "",
                            "secondary_dfs_microsoft_host": "",
                            "secondary_file_endpoint": "",
                            "secondary_file_host": "",
                            "secondary_file_internet_endpoint": "",
                            "secondary_file_internet_host": "",
                            "secondary_file_microsoft_endpoint": "",
                            "secondary_file_microsoft_host": "",
                            "secondary_location": "",
                            "secondary_queue_endpoint": "",
                            "secondary_queue_host": "",
                            "secondary_queue_microsoft_endpoint": "",
                            "secondary_queue_microsoft_host": "",
                            "secondary_table_endpoint": "",
                            "secondary_table_host": "",
                            "secondary_table_microsoft_endpoint": "",
                            "secondary_table_microsoft_host": "",
                            "secondary_web_endpoint": "",
                            "secondary_web_host": "",
                            "secondary_web_internet_endpoint": "",
                            "secondary_web_internet_host": "",
                            "secondary_web_microsoft_endpoint": "",
                            "secondary_web_microsoft_host": "",
                            "table_encryption_key_type": "Service",
                            "tags": {
                                "createdondate": "2024-07-31",
                                "dataclassification": "restrictedD",
                                "environmenttype": "NonProd",
                                "itpmid": "87DB880C626F02E3"
                            },
                            "timeouts": null
                        },
                        "sensitive_values": {
                            "azure_files_authentication": [
                                {
                                    "active_directory": [
                                        {}
                                    ]
                                }
                            ],
                            "custom_domain": [],
                            "identity": [
                                {
                                    "identity_ids": []
                                }
                            ],
                            "primary_access_key": true,
                            "primary_blob_connection_string": true,
                            "primary_connection_string": true,
                            "secondary_access_key": true,
                            "secondary_blob_connection_string": true,
                            "secondary_connection_string": true,
                            "tags": {}
                        }
                    },
                    {
                        "address": "data.azurerm_subnet.subnet",
                        "mode": "data",
                        "type": "azurerm_subnet",
                        "name": "subnet",
                        "provider_name": "registry.terraform.io/hashicorp/azurerm",
                        "schema_version": 0,
                        "values": {
                            "address_prefix": "",
                            "address_prefixes": [
                                "10.0.0.0/24"
                            ],
                            "default_outbound_access_enabled": true,
                            "id": "/subscriptions/ec8dc618-46dd-43e2-8506-3007f304d884/resourceGroups/security-poc-yogeshd-rg/providers/Microsoft.Network/virtualNetworks/security-poc-yogeshd-vnet-01/subnets/security-poc-pe-snet-01",
                            "name": "security-poc-pe-snet-01",
                            "network_security_group_id": "/subscriptions/ec8dc618-46dd-43e2-8506-3007f304d884/resourceGroups/security-poc-yogeshd-rg/providers/Microsoft.Network/networkSecurityGroups/security-poc-pe-nsg-01",
                            "private_endpoint_network_policies": "Disabled",
                            "private_link_service_network_policies_enabled": true,
                            "resource_group_name": "security-poc-yogeshd-rg",
                            "route_table_id": "",
                            "service_endpoints": [],
                            "timeouts": null,
                            "virtual_network_name": "security-poc-yogeshd-vnet-01"
                        },
                        "sensitive_values": {
                            "address_prefixes": [
                                false
                            ],
                            "service_endpoints": []
                        }
                    },
                    {
                        "address": "data.azurerm_user_assigned_identity.user_assigned_identity",
                        "mode": "data",
                        "type": "azurerm_user_assigned_identity",
                        "name": "user_assigned_identity",
                        "provider_name": "registry.terraform.io/hashicorp/azurerm",
                        "schema_version": 0,
                        "values": {
                            "client_id": "860e8e4f-6052-4dc5-b3f9-feef98bf1a12",
                            "id": "/subscriptions/ec8dc618-46dd-43e2-8506-3007f304d884/resourceGroups/security-poc-yogeshd-rg/providers/Microsoft.ManagedIdentity/userAssignedIdentities/security-poc-css-mi",
                            "location": "eastus2",
                            "name": "security-poc-css-mi",
                            "principal_id": "7e9254ab-e4e6-4fd3-845e-17810afb5f58",
                            "resource_group_name": "security-poc-yogeshd-rg",
                            "tags": {
                                "createdondate": "2024-07-31",
                                "dataclassification": "restrictedD",
                                "environmenttype": "NonProd",
                                "itpmid": "87DB880C626F02E3"
                            },
                            "tenant_id": "fabb61b8-3afe-4e75-b934-a47f782b8cd7",
                            "timeouts": null
                        },
                        "sensitive_values": {
                            "tags": {}
                        }
                    },
                    {
                        "address": "data.azurerm_virtual_network.vnet",
                        "mode": "data",
                        "type": "azurerm_virtual_network",
                        "name": "vnet",
                        "provider_name": "registry.terraform.io/hashicorp/azurerm",
                        "schema_version": 0,
                        "values": {
                            "address_space": [
                                "10.0.0.0/16"
                            ],
                            "dns_servers": null,
                            "guid": "cefa0287-1343-4146-a6a6-c76d1d6c0768",
                            "id": "/subscriptions/ec8dc618-46dd-43e2-8506-3007f304d884/resourceGroups/security-poc-yogeshd-rg/providers/Microsoft.Network/virtualNetworks/security-poc-yogeshd-vnet-01",
                            "location": "eastus2",
                            "name": "security-poc-yogeshd-vnet-01",
                            "resource_group_name": "security-poc-yogeshd-rg",
                            "subnets": [
                                "security-poc-pe-snet-01",
                                "security-poc-azureml-snet-01",
                                "security-poc-app-snet-01",
                                "security-poc-appgtwy-snet-01",
                                "security-poc-aks-snet-01"
                            ],
                            "tags": {
                                "createdondate": "2024-07-31",
                                "dataclassification": "restrictedD",
                                "environmenttype": "NonProd",
                                "itpmid": "87DB880C626F02E3"
                            },
                            "timeouts": null,
                            "vnet_peerings": {},
                            "vnet_peerings_addresses": []
                        },
                        "sensitive_values": {
                            "address_space": [
                                false
                            ],
                            "subnets": [
                                false,
                                false,
                                false,
                                false,
                                false
                            ],
                            "tags": {},
                            "vnet_peerings": {},
                            "vnet_peerings_addresses": []
                        }
                    }
                ]
            }
        }
    },
    "configuration": {
        "provider_config": {
            "azurerm": {
                "name": "azurerm",
                "full_name": "registry.terraform.io/hashicorp/azurerm",
                "version_constraint": "4.20.0",
                "expressions": {
                    "features": [
                        {}
                    ],
                    "subscription_id": {
                        "constant_value": "ec8dc618-46dd-43e2-8506-3007f304d884"
                    }
                }
            }
        },
        "root_module": {
            "resources": [
                {
                    "address": "azurerm_monitor_diagnostic_setting.cvs-recovery-vault-diagnostic-setting",
                    "mode": "managed",
                    "type": "azurerm_monitor_diagnostic_setting",
                    "name": "cvs-recovery-vault-diagnostic-setting",
                    "provider_config_key": "azurerm",
                    "expressions": {
                        "enabled_log": [
                            {
                                "category": {
                                    "constant_value": "allLogs"
                                }
                            }
                        ],
                        "metric": [
                            {
                                "category": {
                                    "constant_value": "AllMetrics"
                                }
                            }
                        ],
                        "name": {
                            "constant_value": "cvs-recovery-vault-diagnostic-setting"
                        },
                        "storage_account_id": {
                            "references": [
                                "data.azurerm_storage_account.storage_account.id",
                                "data.azurerm_storage_account.storage_account"
                            ]
                        },
                        "target_resource_id": {
                            "constant_value": "/subscriptions/ec8dc618-46dd-43e2-8506-3007f304d884/resourceGroups/security-poc-yogeshd-rg/providers/Microsoft.RecoveryServices/vaults/cvs-recovery-vault"
                        }
                    },
                    "schema_version": 0
                },
                {
                    "address": "azurerm_private_endpoint.cvs-openai-conginitive-account-pvt-endpoint",
                    "mode": "managed",
                    "type": "azurerm_private_endpoint",
                    "name": "cvs-openai-conginitive-account-pvt-endpoint",
                    "provider_config_key": "azurerm",
                    "expressions": {
                        "location": {
                            "references": [
                                "data.azurerm_resource_group.resource_group.location",
                                "data.azurerm_resource_group.resource_group"
                            ]
                        },
                        "name": {
                            "constant_value": "cvs-recovery-vault-endpoint"
                        },
                        "private_service_connection": [
                            {
                                "is_manual_connection": {
                                    "constant_value": false
                                },
                                "name": {
                                    "constant_value": "example-privateserviceconnection"
                                },
                                "private_connection_resource_id": {
                                    "constant_value": "/subscriptions/ec8dc618-46dd-43e2-8506-3007f304d884/resourceGroups/security-poc-yogeshd-rg/providers/Microsoft.RecoveryServices/vaults/cvs-recovery-vault"
                                }
                            }
                        ],
                        "resource_group_name": {
                            "references": [
                                "data.azurerm_resource_group.resource_group.name",
                                "data.azurerm_resource_group.resource_group"
                            ]
                        },
                        "subnet_id": {
                            "references": [
                                "data.azurerm_subnet.subnet.id",
                                "data.azurerm_subnet.subnet"
                            ]
                        }
                    },
                    "schema_version": 0
                },
                {
                    "address": "azurerm_recovery_services_vault.cvs-recovery-vault",
                    "mode": "managed",
                    "type": "azurerm_recovery_services_vault",
                    "name": "cvs-recovery-vault",
                    "provider_config_key": "azurerm",
                    "expressions": {
                        "encryption": [
                            {
                                "infrastructure_encryption_enabled": {
                                    "constant_value": true
                                },
                                "key_id": {
                                    "references": [
                                        "data.azurerm_key_vault_key.key_vault_key.id",
                                        "data.azurerm_key_vault_key.key_vault_key"
                                    ]
                                },
                                "use_system_assigned_identity": {
                                    "constant_value": false
                                },
                                "user_assigned_identity_id": {
                                    "references": [
                                        "data.azurerm_user_assigned_identity.user_assigned_identity.id",
                                        "data.azurerm_user_assigned_identity.user_assigned_identity"
                                    ]
                                }
                            }
                        ],
                        "identity": [
                            {
                                "identity_ids": {
                                    "references": [
                                        "data.azurerm_user_assigned_identity.user_assigned_identity.id",
                                        "data.azurerm_user_assigned_identity.user_assigned_identity"
                                    ]
                                },
                                "type": {
                                    "constant_value": "UserAssigned"
                                }
                            }
                        ],
                        "immutability": {
                            "constant_value": "Locked"
                        },
                        "location": {
                            "references": [
                                "data.azurerm_resource_group.resource_group.location",
                                "data.azurerm_resource_group.resource_group"
                            ]
                        },
                        "name": {
                            "constant_value": "cvs-recovery-vault"
                        },
                        "public_network_access_enabled": {
                            "constant_value": false
                        },
                        "resource_group_name": {
                            "references": [
                                "data.azurerm_resource_group.resource_group.name",
                                "data.azurerm_resource_group.resource_group"
                            ]
                        },
                        "sku": {
                            "constant_value": "Standard"
                        },
                        "soft_delete_enabled": {
                            "constant_value": true
                        },
                        "tags": {
                            "constant_value": {
                                "costcenter": "02045",
                                "dataclassification": "confidential",
                                "environmenttype": "dev",
                                "itpmid": "12345",
                                "sharedemailaddress": "CloudSecurityServices@cvshealth.com"
                            }
                        }
                    },
                    "schema_version": 0
                },
                {
                    "address": "data.azurerm_key_vault.key_vault",
                    "mode": "data",
                    "type": "azurerm_key_vault",
                    "name": "key_vault",
                    "provider_config_key": "azurerm",
                    "expressions": {
                        "name": {
                            "constant_value": "security-poc-akv-01"
                        },
                        "resource_group_name": {
                            "constant_value": "security-poc-yogeshd-rg"
                        }
                    },
                    "schema_version": 0
                },
                {
                    "address": "data.azurerm_key_vault_key.key_vault_key",
                    "mode": "data",
                    "type": "azurerm_key_vault_key",
                    "name": "key_vault_key",
                    "provider_config_key": "azurerm",
                    "expressions": {
                        "key_vault_id": {
                            "references": [
                                "data.azurerm_key_vault.key_vault.id",
                                "data.azurerm_key_vault.key_vault"
                            ]
                        },
                        "name": {
                            "constant_value": "securitypoccsscmk"
                        }
                    },
                    "schema_version": 0
                },
                {
                    "address": "data.azurerm_resource_group.resource_group",
                    "mode": "data",
                    "type": "azurerm_resource_group",
                    "name": "resource_group",
                    "provider_config_key": "azurerm",
                    "expressions": {
                        "name": {
                            "constant_value": "security-poc-yogeshd-rg"
                        }
                    },
                    "schema_version": 0
                },
                {
                    "address": "data.azurerm_storage_account.storage_account",
                    "mode": "data",
                    "type": "azurerm_storage_account",
                    "name": "storage_account",
                    "provider_config_key": "azurerm",
                    "expressions": {
                        "name": {
                            "constant_value": "securitypoccssstg01"
                        },
                        "resource_group_name": {
                            "constant_value": "security-poc-yogeshd-rg"
                        }
                    },
                    "schema_version": 0
                },
                {
                    "address": "data.azurerm_subnet.subnet",
                    "mode": "data",
                    "type": "azurerm_subnet",
                    "name": "subnet",
                    "provider_config_key": "azurerm",
                    "expressions": {
                        "name": {
                            "constant_value": "security-poc-pe-snet-01"
                        },
                        "resource_group_name": {
                            "references": [
                                "data.azurerm_resource_group.resource_group.name",
                                "data.azurerm_resource_group.resource_group"
                            ]
                        },
                        "virtual_network_name": {
                            "references": [
                                "data.azurerm_virtual_network.vnet.name",
                                "data.azurerm_virtual_network.vnet"
                            ]
                        }
                    },
                    "schema_version": 0
                },
                {
                    "address": "data.azurerm_user_assigned_identity.user_assigned_identity",
                    "mode": "data",
                    "type": "azurerm_user_assigned_identity",
                    "name": "user_assigned_identity",
                    "provider_config_key": "azurerm",
                    "expressions": {
                        "name": {
                            "constant_value": "security-poc-css-mi"
                        },
                        "resource_group_name": {
                            "constant_value": "security-poc-yogeshd-rg"
                        }
                    },
                    "schema_version": 0
                },
                {
                    "address": "data.azurerm_virtual_network.vnet",
                    "mode": "data",
                    "type": "azurerm_virtual_network",
                    "name": "vnet",
                    "provider_config_key": "azurerm",
                    "expressions": {
                        "name": {
                            "constant_value": "security-poc-yogeshd-vnet-01"
                        },
                        "resource_group_name": {
                            "references": [
                                "data.azurerm_resource_group.resource_group.name",
                                "data.azurerm_resource_group.resource_group"
                            ]
                        }
                    },
                    "schema_version": 0
                }
            ]
        }
    },
    "relevant_attributes": [
        {
            "resource": "data.azurerm_storage_account.storage_account",
            "attribute": [
                "id"
            ]
        },
        {
            "resource": "data.azurerm_resource_group.resource_group",
            "attribute": [
                "location"
            ]
        },
        {
            "resource": "data.azurerm_subnet.subnet",
            "attribute": [
                "id"
            ]
        },
        {
            "resource": "data.azurerm_resource_group.resource_group",
            "attribute": [
                "name"
            ]
        },
        {
            "resource": "data.azurerm_user_assigned_identity.user_assigned_identity",
            "attribute": [
                "id"
            ]
        },
        {
            "resource": "data.azurerm_key_vault_key.key_vault_key",
            "attribute": [
                "id"
            ]
        }
    ],
    "timestamp": "2025-03-22T20:24:18Z",
    "errored": false
}