{
    "format_version": "1.2",
    "terraform_version": "1.7.5",
    "planned_values": {
        "root_module": {
            "resources": [
                {
                    "address": "google_container_cluster.negative",
                    "mode": "managed",
                    "type": "google_container_cluster",
                    "name": "negative",
                    "provider_name": "registry.terraform.io/hashicorp/google",
                    "schema_version": 2,
                    "values": {
                        "allow_net_admin": null,
                        "binary_authorization": [],
                        "deletion_protection": true,
                        "description": null,
                        "dns_config": [],
                        "effective_labels": {
                            "goog-terraform-provisioned": "true"
                        },
                        "enable_autopilot": null,
                        "enable_cilium_clusterwide_network_policy": false,
                        "enable_fqdn_network_policy": false,
                        "enable_k8s_beta_apis": [],
                        "enable_kubernetes_alpha": false,
                        "enable_l4_ilb_subsetting": false,
                        "enable_legacy_abac": false,
                        "enable_multi_networking": false,
                        "enable_shielded_nodes": true,
                        "enable_tpu": null,
                        "fleet": [],
                        "initial_node_count": 1,
                        "location": "us-central1",
                        "maintenance_policy": [],
                        "min_master_version": null,
                        "name": "my-gke-cluster",
                        "network": "default",
                        "network_policy": [],
                        "private_cluster_config": [],
                        "release_channel": [
                            {
                                "channel": "UNSPECIFIED"
                            }
                        ],
                        "remove_default_node_pool": true,
                        "resource_labels": null,
                        "resource_usage_export_config": [],
                        "secret_manager_config": [],
                        "terraform_labels": {
                            "goog-terraform-provisioned": "true"
                        },
                        "timeouts": null,
                        "user_managed_keys_config": []
                    },
                    "sensitive_values": {
                        "addons_config": [],
                        "authenticator_groups_config": [],
                        "binary_authorization": [],
                        "cluster_autoscaling": [],
                        "confidential_nodes": [],
                        "control_plane_endpoints_config": [],
                        "cost_management_config": [],
                        "database_encryption": [],
                        "default_snat_status": [],
                        "dns_config": [],
                        "effective_labels": {},
                        "enable_k8s_beta_apis": [],
                        "enterprise_config": [],
                        "fleet": [],
                        "gateway_api_config": [],
                        "identity_service_config": [],
                        "ip_allocation_policy": [],
                        "logging_config": [],
                        "maintenance_policy": [],
                        "master_auth": [],
                        "master_authorized_networks_config": [],
                        "mesh_certificates": [],
                        "monitoring_config": [],
                        "network_policy": [],
                        "node_config": [],
                        "node_locations": [],
                        "node_pool": [],
                        "node_pool_auto_config": [],
                        "node_pool_defaults": [],
                        "notification_config": [],
                        "private_cluster_config": [],
                        "release_channel": [
                            {}
                        ],
                        "resource_usage_export_config": [],
                        "secret_manager_config": [],
                        "security_posture_config": [],
                        "service_external_ips_config": [],
                        "terraform_labels": {},
                        "user_managed_keys_config": [],
                        "vertical_pod_autoscaling": [],
                        "workload_identity_config": []
                    }
                },
                {
                    "address": "google_container_node_pool.primary_preemptible_nodes",
                    "mode": "managed",
                    "type": "google_container_node_pool",
                    "name": "primary_preemptible_nodes",
                    "provider_name": "registry.terraform.io/hashicorp/google",
                    "schema_version": 1,
                    "values": {
                        "autoscaling": [],
                        "cluster": "my-gke-cluster",
                        "location": "us-central1",
                        "name": "my-node-pool-1",
                        "node_config": [
                            {
                                "advanced_machine_features": [],
                                "boot_disk_kms_key": null,
                                "containerd_config": [],
                                "enable_confidential_storage": null,
                                "ephemeral_storage_local_ssd_config": [],
                                "fast_socket": [],
                                "gvnic": [],
                                "host_maintenance_policy": [],
                                "linux_node_config": [],
                                "local_nvme_ssd_block_config": [],
                                "local_ssd_encryption_mode": null,
                                "machine_type": "e2-medium",
                                "node_group": null,
                                "oauth_scopes": [
                                    "https://www.googleapis.com/auth/cloud-platform"
                                ],
                                "preemptible": true,
                                "reservation_affinity": [],
                                "resource_labels": null,
                                "resource_manager_tags": null,
                                "secondary_boot_disks": [],
                                "service_account": "service-account-id@security-controls-sandbox.iam.gserviceaccount.com",
                                "sole_tenant_config": [],
                                "spot": false,
                                "storage_pools": null,
                                "tags": null,
                                "taint": []
                            }
                        ],
                        "node_count": 1,
                        "placement_policy": [],
                        "project": "security-controls-sandbox",
                        "queued_provisioning": [],
                        "timeouts": null
                    },
                    "sensitive_values": {
                        "autoscaling": [],
                        "instance_group_urls": [],
                        "managed_instance_group_urls": [],
                        "management": [],
                        "network_config": [],
                        "node_config": [
                            {
                                "advanced_machine_features": [],
                                "confidential_nodes": [],
                                "containerd_config": [],
                                "effective_taints": [],
                                "ephemeral_storage_local_ssd_config": [],
                                "fast_socket": [],
                                "gcfs_config": [],
                                "guest_accelerator": [],
                                "gvnic": [],
                                "host_maintenance_policy": [],
                                "kubelet_config": [],
                                "labels": {},
                                "linux_node_config": [],
                                "local_nvme_ssd_block_config": [],
                                "metadata": {},
                                "oauth_scopes": [
                                    false
                                ],
                                "reservation_affinity": [],
                                "secondary_boot_disks": [],
                                "shielded_instance_config": [],
                                "sole_tenant_config": [],
                                "taint": [],
                                "workload_metadata_config": []
                            }
                        ],
                        "node_locations": [],
                        "placement_policy": [],
                        "queued_provisioning": [],
                        "upgrade_settings": []
                    }
                },
                {
                    "address": "google_service_account.default",
                    "mode": "managed",
                    "type": "google_service_account",
                    "name": "default",
                    "provider_name": "registry.terraform.io/hashicorp/google",
                    "schema_version": 0,
                    "values": {
                        "account_id": "service-account-id",
                        "create_ignore_already_exists": null,
                        "description": null,
                        "disabled": false,
                        "display_name": "Service Account",
                        "email": "service-account-id@security-controls-sandbox.iam.gserviceaccount.com",
                        "member": "serviceAccount:service-account-id@security-controls-sandbox.iam.gserviceaccount.com",
                        "project": "security-controls-sandbox",
                        "timeouts": null
                    },
                    "sensitive_values": {}
                }
            ]
        }
    },
    "resource_changes": [
        {
            "address": "google_container_cluster.negative",
            "mode": "managed",
            "type": "google_container_cluster",
            "name": "negative",
            "provider_name": "registry.terraform.io/hashicorp/google",
            "change": {
                "actions": [
                    "create"
                ],
                "before": null,
                "after": {
                    "allow_net_admin": null,
                    "binary_authorization": [],
                    "deletion_protection": true,
                    "description": null,
                    "dns_config": [],
                    "effective_labels": {
                        "goog-terraform-provisioned": "true"
                    },
                    "enable_autopilot": null,
                    "enable_cilium_clusterwide_network_policy": false,
                    "enable_fqdn_network_policy": false,
                    "enable_k8s_beta_apis": [],
                    "enable_kubernetes_alpha": false,
                    "enable_l4_ilb_subsetting": false,
                    "enable_legacy_abac": false,
                    "enable_multi_networking": false,
                    "enable_shielded_nodes": true,
                    "enable_tpu": null,
                    "fleet": [],
                    "initial_node_count": 1,
                    "location": "us-central1",
                    "maintenance_policy": [],
                    "min_master_version": null,
                    "name": "my-gke-cluster",
                    "network": "default",
                    "network_policy": [],
                    "private_cluster_config": [],
                    "release_channel": [
                        {
                            "channel": "UNSPECIFIED"
                        }
                    ],
                    "remove_default_node_pool": true,
                    "resource_labels": null,
                    "resource_usage_export_config": [],
                    "secret_manager_config": [],
                    "terraform_labels": {
                        "goog-terraform-provisioned": "true"
                    },
                    "timeouts": null,
                    "user_managed_keys_config": []
                },
                "after_unknown": {
                    "addons_config": true,
                    "authenticator_groups_config": true,
                    "binary_authorization": [],
                    "cluster_autoscaling": true,
                    "cluster_ipv4_cidr": true,
                    "confidential_nodes": true,
                    "control_plane_endpoints_config": true,
                    "cost_management_config": true,
                    "database_encryption": true,
                    "datapath_provider": true,
                    "default_max_pods_per_node": true,
                    "default_snat_status": true,
                    "dns_config": [],
                    "effective_labels": {},
                    "enable_intranode_visibility": true,
                    "enable_k8s_beta_apis": [],
                    "endpoint": true,
                    "enterprise_config": true,
                    "fleet": [],
                    "gateway_api_config": true,
                    "id": true,
                    "identity_service_config": true,
                    "ip_allocation_policy": true,
                    "label_fingerprint": true,
                    "logging_config": true,
                    "logging_service": true,
                    "maintenance_policy": [],
                    "master_auth": true,
                    "master_authorized_networks_config": true,
                    "master_version": true,
                    "mesh_certificates": true,
                    "monitoring_config": true,
                    "monitoring_service": true,
                    "network_policy": [],
                    "networking_mode": true,
                    "node_config": true,
                    "node_locations": true,
                    "node_pool": true,
                    "node_pool_auto_config": true,
                    "node_pool_defaults": true,
                    "node_version": true,
                    "notification_config": true,
                    "operation": true,
                    "private_cluster_config": [],
                    "private_ipv6_google_access": true,
                    "project": true,
                    "release_channel": [
                        {}
                    ],
                    "resource_usage_export_config": [],
                    "secret_manager_config": [],
                    "security_posture_config": true,
                    "self_link": true,
                    "service_external_ips_config": true,
                    "services_ipv4_cidr": true,
                    "subnetwork": true,
                    "terraform_labels": {},
                    "tpu_ipv4_cidr_block": true,
                    "user_managed_keys_config": [],
                    "vertical_pod_autoscaling": true,
                    "workload_identity_config": true
                },
                "before_sensitive": false,
                "after_sensitive": {
                    "addons_config": [],
                    "authenticator_groups_config": [],
                    "binary_authorization": [],
                    "cluster_autoscaling": [],
                    "confidential_nodes": [],
                    "control_plane_endpoints_config": [],
                    "cost_management_config": [],
                    "database_encryption": [],
                    "default_snat_status": [],
                    "dns_config": [],
                    "effective_labels": {},
                    "enable_k8s_beta_apis": [],
                    "enterprise_config": [],
                    "fleet": [],
                    "gateway_api_config": [],
                    "identity_service_config": [],
                    "ip_allocation_policy": [],
                    "logging_config": [],
                    "maintenance_policy": [],
                    "master_auth": [],
                    "master_authorized_networks_config": [],
                    "mesh_certificates": [],
                    "monitoring_config": [],
                    "network_policy": [],
                    "node_config": [],
                    "node_locations": [],
                    "node_pool": [],
                    "node_pool_auto_config": [],
                    "node_pool_defaults": [],
                    "notification_config": [],
                    "private_cluster_config": [],
                    "release_channel": [
                        {}
                    ],
                    "resource_usage_export_config": [],
                    "secret_manager_config": [],
                    "security_posture_config": [],
                    "service_external_ips_config": [],
                    "terraform_labels": {},
                    "user_managed_keys_config": [],
                    "vertical_pod_autoscaling": [],
                    "workload_identity_config": []
                }
            }
        },
        {
            "address": "google_container_node_pool.primary_preemptible_nodes",
            "mode": "managed",
            "type": "google_container_node_pool",
            "name": "primary_preemptible_nodes",
            "provider_name": "registry.terraform.io/hashicorp/google",
            "change": {
                "actions": [
                    "create"
                ],
                "before": null,
                "after": {
                    "autoscaling": [],
                    "cluster": "my-gke-cluster",
                    "location": "us-central1",
                    "name": "my-node-pool-1",
                    "node_config": [
                        {
                            "advanced_machine_features": [],
                            "boot_disk_kms_key": null,
                            "containerd_config": [],
                            "enable_confidential_storage": null,
                            "ephemeral_storage_local_ssd_config": [],
                            "fast_socket": [],
                            "gvnic": [],
                            "host_maintenance_policy": [],
                            "linux_node_config": [],
                            "local_nvme_ssd_block_config": [],
                            "local_ssd_encryption_mode": null,
                            "machine_type": "e2-medium",
                            "node_group": null,
                            "oauth_scopes": [
                                "https://www.googleapis.com/auth/cloud-platform"
                            ],
                            "preemptible": true,
                            "reservation_affinity": [],
                            "resource_labels": null,
                            "resource_manager_tags": null,
                            "secondary_boot_disks": [],
                            "service_account": "service-account-id@security-controls-sandbox.iam.gserviceaccount.com",
                            "sole_tenant_config": [],
                            "spot": false,
                            "storage_pools": null,
                            "tags": null,
                            "taint": []
                        }
                    ],
                    "node_count": 1,
                    "placement_policy": [],
                    "project": "security-controls-sandbox",
                    "queued_provisioning": [],
                    "timeouts": null
                },
                "after_unknown": {
                    "autoscaling": [],
                    "id": true,
                    "initial_node_count": true,
                    "instance_group_urls": true,
                    "managed_instance_group_urls": true,
                    "management": true,
                    "max_pods_per_node": true,
                    "name_prefix": true,
                    "network_config": true,
                    "node_config": [
                        {
                            "advanced_machine_features": [],
                            "confidential_nodes": true,
                            "containerd_config": [],
                            "disk_size_gb": true,
                            "disk_type": true,
                            "effective_taints": true,
                            "ephemeral_storage_local_ssd_config": [],
                            "fast_socket": [],
                            "gcfs_config": true,
                            "guest_accelerator": true,
                            "gvnic": [],
                            "host_maintenance_policy": [],
                            "image_type": true,
                            "kubelet_config": true,
                            "labels": true,
                            "linux_node_config": [],
                            "local_nvme_ssd_block_config": [],
                            "local_ssd_count": true,
                            "logging_variant": true,
                            "metadata": true,
                            "min_cpu_platform": true,
                            "oauth_scopes": [
                                false
                            ],
                            "reservation_affinity": [],
                            "secondary_boot_disks": [],
                            "shielded_instance_config": true,
                            "sole_tenant_config": [],
                            "taint": [],
                            "workload_metadata_config": true
                        }
                    ],
                    "node_locations": true,
                    "operation": true,
                    "placement_policy": [],
                    "queued_provisioning": [],
                    "upgrade_settings": true,
                    "version": true
                },
                "before_sensitive": false,
                "after_sensitive": {
                    "autoscaling": [],
                    "instance_group_urls": [],
                    "managed_instance_group_urls": [],
                    "management": [],
                    "network_config": [],
                    "node_config": [
                        {
                            "advanced_machine_features": [],
                            "confidential_nodes": [],
                            "containerd_config": [],
                            "effective_taints": [],
                            "ephemeral_storage_local_ssd_config": [],
                            "fast_socket": [],
                            "gcfs_config": [],
                            "guest_accelerator": [],
                            "gvnic": [],
                            "host_maintenance_policy": [],
                            "kubelet_config": [],
                            "labels": {},
                            "linux_node_config": [],
                            "local_nvme_ssd_block_config": [],
                            "metadata": {},
                            "oauth_scopes": [
                                false
                            ],
                            "reservation_affinity": [],
                            "secondary_boot_disks": [],
                            "shielded_instance_config": [],
                            "sole_tenant_config": [],
                            "taint": [],
                            "workload_metadata_config": []
                        }
                    ],
                    "node_locations": [],
                    "placement_policy": [],
                    "queued_provisioning": [],
                    "upgrade_settings": []
                }
            }
        },
        {
            "address": "google_service_account.default",
            "mode": "managed",
            "type": "google_service_account",
            "name": "default",
            "provider_name": "registry.terraform.io/hashicorp/google",
            "change": {
                "actions": [
                    "create"
                ],
                "before": null,
                "after": {
                    "account_id": "service-account-id",
                    "create_ignore_already_exists": null,
                    "description": null,
                    "disabled": false,
                    "display_name": "Service Account",
                    "email": "service-account-id@security-controls-sandbox.iam.gserviceaccount.com",
                    "member": "serviceAccount:service-account-id@security-controls-sandbox.iam.gserviceaccount.com",
                    "project": "security-controls-sandbox",
                    "timeouts": null
                },
                "after_unknown": {
                    "id": true,
                    "name": true,
                    "unique_id": true
                },
                "before_sensitive": false,
                "after_sensitive": {}
            }
        }
    ],
    "configuration": {
        "provider_config": {
            "google": {
                "name": "google",
                "full_name": "registry.terraform.io/hashicorp/google",
                "version_constraint": "6.15.0",
                "expressions": {
                    "project": {
                        "constant_value": "security-controls-sandbox"
                    },
                    "region": {
                        "constant_value": "us-central1"
                    },
                    "zone": {
                        "constant_value": "us-central1-c"
                    }
                }
            }
        },
        "root_module": {
            "resources": [
                {
                    "address": "google_container_cluster.negative",
                    "mode": "managed",
                    "type": "google_container_cluster",
                    "name": "negative",
                    "provider_config_key": "google",
                    "expressions": {
                        "initial_node_count": {
                            "constant_value": 1
                        },
                        "location": {
                            "constant_value": "us-central1"
                        },
                        "name": {
                            "constant_value": "my-gke-cluster"
                        },
                        "release_channel": [
                            {
                                "channel": {
                                    "constant_value": "STABLE"
                                }
                            }
                        ],
                        "remove_default_node_pool": {
                            "constant_value": true
                        }
                    },
                    "schema_version": 2
                },
                {
                    "address": "google_container_node_pool.primary_preemptible_nodes",
                    "mode": "managed",
                    "type": "google_container_node_pool",
                    "name": "primary_preemptible_nodes",
                    "provider_config_key": "google",
                    "expressions": {
                        "cluster": {
                            "references": [
                                "google_container_cluster.negative.name",
                                "google_container_cluster.negative"
                            ]
                        },
                        "location": {
                            "constant_value": "us-central1"
                        },
                        "name": {
                            "constant_value": "my-node-pool-1"
                        },
                        "node_config": [
                            {
                                "machine_type": {
                                    "constant_value": "e2-medium"
                                },
                                "oauth_scopes": {
                                    "constant_value": [
                                        "https://www.googleapis.com/auth/cloud-platform"
                                    ]
                                },
                                "preemptible": {
                                    "constant_value": true
                                },
                                "service_account": {
                                    "references": [
                                        "google_service_account.default.email",
                                        "google_service_account.default"
                                    ]
                                }
                            }
                        ],
                        "node_count": {
                            "constant_value": 1
                        }
                    },
                    "schema_version": 1
                },
                {
                    "address": "google_service_account.default",
                    "mode": "managed",
                    "type": "google_service_account",
                    "name": "default",
                    "provider_config_key": "google",
                    "expressions": {
                        "account_id": {
                            "constant_value": "service-account-id"
                        },
                        "display_name": {
                            "constant_value": "Service Account"
                        }
                    },
                    "schema_version": 0
                }
            ]
        }
    },
    "relevant_attributes": [
        {
            "resource": "google_container_cluster.negative",
            "attribute": [
                "name"
            ]
        },
        {
            "resource": "google_service_account.default",
            "attribute": [
                "email"
            ]
        }
    ],
    "timestamp": "2025-06-23T19:04:33Z",
    "errored": false
}