{
    "format_version": "1.2",
    "terraform_version": "1.7.5",
    "planned_values": {
        "root_module": {
            "resources": [
                {
                    "address": "google_compute_instance.default",
                    "mode": "managed",
                    "type": "google_compute_instance",
                    "name": "default",
                    "provider_name": "registry.terraform.io/hashicorp/google",
                    "schema_version": 6,
                    "values": {
                        "advanced_machine_features": [],
                        "allow_stopping_for_update": null,
                        "attached_disk": [],
                        "boot_disk": [
                            {
                                "auto_delete": true,
                                "disk_encryption_key_raw": null,
                                "disk_encryption_key_rsa": null,
                                "disk_encryption_service_account": null,
                                "initialize_params": [
                                    {
                                        "enable_confidential_compute": null,
                                        "image": "debian-cloud/debian-11",
                                        "labels": {
                                            "my_label": "value"
                                        },
                                        "resource_manager_tags": null,
                                        "source_image_encryption_key": [],
                                        "source_snapshot_encryption_key": [],
                                        "storage_pool": null
                                    }
                                ],
                                "interface": null,
                                "mode": "READ_WRITE"
                            }
                        ],
                        "can_ip_forward": false,
                        "deletion_protection": false,
                        "description": null,
                        "desired_status": null,
                        "effective_labels": {
                            "goog-terraform-provisioned": "true"
                        },
                        "enable_display": null,
                        "hostname": null,
                        "instance_encryption_key": [],
                        "key_revocation_action_type": null,
                        "labels": null,
                        "machine_type": "n2-standard-2",
                        "metadata": null,
                        "metadata_startup_script": "echo hi \u003e /test.txt",
                        "name": "my-instance",
                        "network_interface": [
                            {
                                "access_config": [
                                    {
                                        "public_ptr_domain_name": null
                                    }
                                ],
                                "alias_ip_range": [],
                                "ipv6_access_config": [],
                                "network": "default",
                                "nic_type": null,
                                "queue_count": null
                            }
                        ],
                        "network_performance_config": [],
                        "params": [],
                        "project": "security-controls-sandbox",
                        "resource_policies": null,
                        "scratch_disk": [
                            {
                                "interface": "NVME",
                                "size": 375
                            }
                        ],
                        "service_account": [
                            {
                                "email": "example-sa@my-sample-project.iam.gserviceaccount.com",
                                "scopes": [
                                    "https://www.googleapis.com/auth/compute.readonly",
                                    "https://www.googleapis.com/auth/devstorage.read_only",
                                    "https://www.googleapis.com/auth/userinfo.email"
                                ]
                            }
                        ],
                        "shielded_instance_config": [],
                        "tags": [
                            "bar",
                            "foo"
                        ],
                        "terraform_labels": {
                            "goog-terraform-provisioned": "true"
                        },
                        "timeouts": null,
                        "zone": "us-central1-a"
                    },
                    "sensitive_values": {
                        "advanced_machine_features": [],
                        "attached_disk": [],
                        "boot_disk": [
                            {
                                "guest_os_features": [],
                                "initialize_params": [
                                    {
                                        "labels": {},
                                        "resource_policies": [],
                                        "source_image_encryption_key": [],
                                        "source_snapshot_encryption_key": []
                                    }
                                ]
                            }
                        ],
                        "confidential_instance_config": [],
                        "effective_labels": {},
                        "guest_accelerator": [],
                        "instance_encryption_key": [],
                        "network_interface": [
                            {
                                "access_config": [
                                    {}
                                ],
                                "alias_ip_range": [],
                                "ipv6_access_config": []
                            }
                        ],
                        "network_performance_config": [],
                        "params": [],
                        "reservation_affinity": [],
                        "scheduling": [],
                        "scratch_disk": [
                            {}
                        ],
                        "service_account": [
                            {
                                "scopes": [
                                    false,
                                    false,
                                    false
                                ]
                            }
                        ],
                        "shielded_instance_config": [],
                        "tags": [
                            false,
                            false
                        ],
                        "terraform_labels": {}
                    }
                }
            ]
        }
    },
    "resource_changes": [
        {
            "address": "google_compute_instance.default",
            "mode": "managed",
            "type": "google_compute_instance",
            "name": "default",
            "provider_name": "registry.terraform.io/hashicorp/google",
            "change": {
                "actions": [
                    "create"
                ],
                "before": null,
                "after": {
                    "advanced_machine_features": [],
                    "allow_stopping_for_update": null,
                    "attached_disk": [],
                    "boot_disk": [
                        {
                            "auto_delete": true,
                            "disk_encryption_key_raw": null,
                            "disk_encryption_key_rsa": null,
                            "disk_encryption_service_account": null,
                            "initialize_params": [
                                {
                                    "enable_confidential_compute": null,
                                    "image": "debian-cloud/debian-11",
                                    "labels": {
                                        "my_label": "value"
                                    },
                                    "resource_manager_tags": null,
                                    "source_image_encryption_key": [],
                                    "source_snapshot_encryption_key": [],
                                    "storage_pool": null
                                }
                            ],
                            "interface": null,
                            "mode": "READ_WRITE"
                        }
                    ],
                    "can_ip_forward": false,
                    "deletion_protection": false,
                    "description": null,
                    "desired_status": null,
                    "effective_labels": {
                        "goog-terraform-provisioned": "true"
                    },
                    "enable_display": null,
                    "hostname": null,
                    "instance_encryption_key": [],
                    "key_revocation_action_type": null,
                    "labels": null,
                    "machine_type": "n2-standard-2",
                    "metadata": null,
                    "metadata_startup_script": "echo hi \u003e /test.txt",
                    "name": "my-instance",
                    "network_interface": [
                        {
                            "access_config": [
                                {
                                    "public_ptr_domain_name": null
                                }
                            ],
                            "alias_ip_range": [],
                            "ipv6_access_config": [],
                            "network": "default",
                            "nic_type": null,
                            "queue_count": null
                        }
                    ],
                    "network_performance_config": [],
                    "params": [],
                    "project": "security-controls-sandbox",
                    "resource_policies": null,
                    "scratch_disk": [
                        {
                            "interface": "NVME",
                            "size": 375
                        }
                    ],
                    "service_account": [
                        {
                            "email": "example-sa@my-sample-project.iam.gserviceaccount.com",
                            "scopes": [
                                "https://www.googleapis.com/auth/compute.readonly",
                                "https://www.googleapis.com/auth/devstorage.read_only",
                                "https://www.googleapis.com/auth/userinfo.email"
                            ]
                        }
                    ],
                    "shielded_instance_config": [],
                    "tags": [
                        "bar",
                        "foo"
                    ],
                    "terraform_labels": {
                        "goog-terraform-provisioned": "true"
                    },
                    "timeouts": null,
                    "zone": "us-central1-a"
                },
                "after_unknown": {
                    "advanced_machine_features": [],
                    "attached_disk": [],
                    "boot_disk": [
                        {
                            "device_name": true,
                            "disk_encryption_key_sha256": true,
                            "guest_os_features": true,
                            "initialize_params": [
                                {
                                    "architecture": true,
                                    "labels": {},
                                    "provisioned_iops": true,
                                    "provisioned_throughput": true,
                                    "resource_policies": true,
                                    "size": true,
                                    "snapshot": true,
                                    "source_image_encryption_key": [],
                                    "source_snapshot_encryption_key": [],
                                    "type": true
                                }
                            ],
                            "kms_key_self_link": true,
                            "source": true
                        }
                    ],
                    "confidential_instance_config": true,
                    "cpu_platform": true,
                    "creation_timestamp": true,
                    "current_status": true,
                    "effective_labels": {},
                    "guest_accelerator": true,
                    "id": true,
                    "instance_encryption_key": [],
                    "instance_id": true,
                    "label_fingerprint": true,
                    "metadata_fingerprint": true,
                    "min_cpu_platform": true,
                    "network_interface": [
                        {
                            "access_config": [
                                {
                                    "nat_ip": true,
                                    "network_tier": true
                                }
                            ],
                            "alias_ip_range": [],
                            "internal_ipv6_prefix_length": true,
                            "ipv6_access_config": [],
                            "ipv6_access_type": true,
                            "ipv6_address": true,
                            "name": true,
                            "network_attachment": true,
                            "network_ip": true,
                            "stack_type": true,
                            "subnetwork": true,
                            "subnetwork_project": true
                        }
                    ],
                    "network_performance_config": [],
                    "params": [],
                    "reservation_affinity": true,
                    "scheduling": true,
                    "scratch_disk": [
                        {
                            "device_name": true
                        }
                    ],
                    "self_link": true,
                    "service_account": [
                        {
                            "scopes": [
                                false,
                                false,
                                false
                            ]
                        }
                    ],
                    "shielded_instance_config": [],
                    "tags": [
                        false,
                        false
                    ],
                    "tags_fingerprint": true,
                    "terraform_labels": {}
                },
                "before_sensitive": false,
                "after_sensitive": {
                    "advanced_machine_features": [],
                    "attached_disk": [],
                    "boot_disk": [
                        {
                            "disk_encryption_key_raw": true,
                            "disk_encryption_key_rsa": true,
                            "guest_os_features": [],
                            "initialize_params": [
                                {
                                    "labels": {},
                                    "resource_policies": [],
                                    "source_image_encryption_key": [],
                                    "source_snapshot_encryption_key": []
                                }
                            ]
                        }
                    ],
                    "confidential_instance_config": [],
                    "effective_labels": {},
                    "guest_accelerator": [],
                    "instance_encryption_key": [],
                    "network_interface": [
                        {
                            "access_config": [
                                {}
                            ],
                            "alias_ip_range": [],
                            "ipv6_access_config": []
                        }
                    ],
                    "network_performance_config": [],
                    "params": [],
                    "reservation_affinity": [],
                    "scheduling": [],
                    "scratch_disk": [
                        {}
                    ],
                    "service_account": [
                        {
                            "scopes": [
                                false,
                                false,
                                false
                            ]
                        }
                    ],
                    "shielded_instance_config": [],
                    "tags": [
                        false,
                        false
                    ],
                    "terraform_labels": {}
                }
            }
        }
    ],
    "configuration": {
        "provider_config": {
            "google": {
                "name": "google",
                "full_name": "registry.terraform.io/hashicorp/google",
                "version_constraint": "6.35.0",
                "expressions": {
                    "project": {
                        "constant_value": "security-controls-sandbox"
                    },
                    "region": {
                        "constant_value": "us-central1"
                    }
                }
            }
        },
        "root_module": {
            "resources": [
                {
                    "address": "google_compute_instance.default",
                    "mode": "managed",
                    "type": "google_compute_instance",
                    "name": "default",
                    "provider_config_key": "google",
                    "expressions": {
                        "boot_disk": [
                            {
                                "initialize_params": [
                                    {
                                        "image": {
                                            "constant_value": "debian-cloud/debian-11"
                                        },
                                        "labels": {
                                            "constant_value": {
                                                "my_label": "value"
                                            }
                                        }
                                    }
                                ]
                            }
                        ],
                        "machine_type": {
                            "constant_value": "n2-standard-2"
                        },
                        "metadata_startup_script": {
                            "constant_value": "echo hi \u003e /test.txt"
                        },
                        "name": {
                            "constant_value": "my-instance"
                        },
                        "network_interface": [
                            {
                                "access_config": [
                                    {}
                                ],
                                "network": {
                                    "constant_value": "default"
                                }
                            }
                        ],
                        "scratch_disk": [
                            {
                                "interface": {
                                    "constant_value": "NVME"
                                }
                            }
                        ],
                        "service_account": [
                            {
                                "email": {
                                    "constant_value": "example-sa@my-sample-project.iam.gserviceaccount.com"
                                },
                                "scopes": {
                                    "constant_value": [
                                        "userinfo-email",
                                        "compute-ro",
                                        "storage-ro"
                                    ]
                                }
                            }
                        ],
                        "tags": {
                            "constant_value": [
                                "foo",
                                "bar"
                            ]
                        },
                        "zone": {
                            "constant_value": "us-central1-a"
                        }
                    },
                    "schema_version": 6
                }
            ]
        }
    },
    "timestamp": "2025-05-19T12:26:24Z",
    "errored": false
}