{
    "format_version": "1.2",
    "terraform_version": "1.7.5",
    "planned_values": {
        "root_module": {
            "resources": [
                {
                    "address": "aws_s3_bucket.s3_bucket",
                    "mode": "managed",
                    "type": "aws_s3_bucket",
                    "name": "s3_bucket",
                    "provider_name": "registry.terraform.io/hashicorp/aws",
                    "schema_version": 0,
                    "values": {
                        "bucket": "cvs-s3-bucket",
                        "cors_rule": [
                            {
                                "allowed_headers": null,
                                "allowed_methods": [
                                    "POST",
                                    "PUT"
                                ],
                                "allowed_origins": [
                                    "https://s3-website-test.hashicorp.com"
                                ],
                                "expose_headers": [
                                    "ETag"
                                ],
                                "max_age_seconds": 3000
                            }
                        ],
                        "force_destroy": false,
                        "region": "us-east-1",
                        "tags": {
                            "Environment": "Dev",
                            "Name": "My bucket"
                        },
                        "tags_all": {
                            "Environment": "Dev",
                            "Name": "My bucket"
                        },
                        "timeouts": null
                    },
                    "sensitive_values": {
                        "cors_rule": [
                            {
                                "allowed_methods": [
                                    false,
                                    false
                                ],
                                "allowed_origins": [
                                    false
                                ],
                                "expose_headers": [
                                    false
                                ]
                            }
                        ],
                        "grant": [],
                        "lifecycle_rule": [],
                        "logging": [],
                        "object_lock_configuration": [],
                        "replication_configuration": [],
                        "server_side_encryption_configuration": [],
                        "tags": {},
                        "tags_all": {},
                        "versioning": [],
                        "website": []
                    }
                },
                {
                    "address": "aws_s3_bucket_cors_configuration.bucket_conf",
                    "mode": "managed",
                    "type": "aws_s3_bucket_cors_configuration",
                    "name": "bucket_conf",
                    "provider_name": "registry.terraform.io/hashicorp/aws",
                    "schema_version": 0,
                    "values": {
                        "bucket": "cvs-s3-bucket",
                        "cors_rule": [
                            {
                                "allowed_headers": [],
                                "allowed_methods": [
                                    "POST",
                                    "PUT"
                                ],
                                "allowed_origins": [
                                    "https://s3-website-test.hashicorp.com"
                                ],
                                "expose_headers": [
                                    "ETag"
                                ],
                                "id": "",
                                "max_age_seconds": 3000
                            }
                        ],
                        "expected_bucket_owner": null,
                        "region": "us-east-1"
                    },
                    "sensitive_values": {
                        "cors_rule": [
                            {
                                "allowed_headers": [],
                                "allowed_methods": [
                                    false,
                                    false
                                ],
                                "allowed_origins": [
                                    false
                                ],
                                "expose_headers": [
                                    false
                                ]
                            }
                        ]
                    }
                },
                {
                    "address": "aws_s3_bucket_object.examplebucket_object",
                    "mode": "managed",
                    "type": "aws_s3_bucket_object",
                    "name": "examplebucket_object",
                    "provider_name": "registry.terraform.io/hashicorp/aws",
                    "schema_version": 0,
                    "values": {
                        "acl": "private",
                        "bucket": "cvs-s3-bucket",
                        "cache_control": null,
                        "content": null,
                        "content_base64": null,
                        "content_disposition": null,
                        "content_encoding": null,
                        "content_language": null,
                        "force_destroy": false,
                        "key": "someobject",
                        "metadata": null,
                        "object_lock_legal_hold_status": null,
                        "object_lock_mode": null,
                        "object_lock_retain_until_date": null,
                        "region": "us-east-1",
                        "server_side_encryption": "AES256",
                        "source": "index.html",
                        "source_hash": null,
                        "tags": null,
                        "website_redirect": null
                    },
                    "sensitive_values": {
                        "tags_all": {}
                    }
                }
            ]
        }
    },
    "resource_changes": [
        {
            "address": "aws_s3_bucket.s3_bucket",
            "mode": "managed",
            "type": "aws_s3_bucket",
            "name": "s3_bucket",
            "provider_name": "registry.terraform.io/hashicorp/aws",
            "change": {
                "actions": [
                    "create"
                ],
                "before": null,
                "after": {
                    "bucket": "cvs-s3-bucket",
                    "cors_rule": [
                        {
                            "allowed_headers": null,
                            "allowed_methods": [
                                "POST",
                                "PUT"
                            ],
                            "allowed_origins": [
                                "https://s3-website-test.hashicorp.com"
                            ],
                            "expose_headers": [
                                "ETag"
                            ],
                            "max_age_seconds": 3000
                        }
                    ],
                    "force_destroy": false,
                    "region": "us-east-1",
                    "tags": {
                        "Environment": "Dev",
                        "Name": "My bucket"
                    },
                    "tags_all": {
                        "Environment": "Dev",
                        "Name": "My bucket"
                    },
                    "timeouts": null
                },
                "after_unknown": {
                    "acceleration_status": true,
                    "acl": true,
                    "arn": true,
                    "bucket_domain_name": true,
                    "bucket_prefix": true,
                    "bucket_region": true,
                    "bucket_regional_domain_name": true,
                    "cors_rule": [
                        {
                            "allowed_methods": [
                                false,
                                false
                            ],
                            "allowed_origins": [
                                false
                            ],
                            "expose_headers": [
                                false
                            ]
                        }
                    ],
                    "grant": true,
                    "hosted_zone_id": true,
                    "id": true,
                    "lifecycle_rule": true,
                    "logging": true,
                    "object_lock_configuration": true,
                    "object_lock_enabled": true,
                    "policy": true,
                    "replication_configuration": true,
                    "request_payer": true,
                    "server_side_encryption_configuration": true,
                    "tags": {},
                    "tags_all": {},
                    "versioning": true,
                    "website": true,
                    "website_domain": true,
                    "website_endpoint": true
                },
                "before_sensitive": false,
                "after_sensitive": {
                    "cors_rule": [
                        {
                            "allowed_methods": [
                                false,
                                false
                            ],
                            "allowed_origins": [
                                false
                            ],
                            "expose_headers": [
                                false
                            ]
                        }
                    ],
                    "grant": [],
                    "lifecycle_rule": [],
                    "logging": [],
                    "object_lock_configuration": [],
                    "replication_configuration": [],
                    "server_side_encryption_configuration": [],
                    "tags": {},
                    "tags_all": {},
                    "versioning": [],
                    "website": []
                }
            }
        },
        {
            "address": "aws_s3_bucket_cors_configuration.bucket_conf",
            "mode": "managed",
            "type": "aws_s3_bucket_cors_configuration",
            "name": "bucket_conf",
            "provider_name": "registry.terraform.io/hashicorp/aws",
            "change": {
                "actions": [
                    "create"
                ],
                "before": null,
                "after": {
                    "bucket": "cvs-s3-bucket",
                    "cors_rule": [
                        {
                            "allowed_headers": [],
                            "allowed_methods": [
                                "POST",
                                "PUT"
                            ],
                            "allowed_origins": [
                                "https://s3-website-test.hashicorp.com"
                            ],
                            "expose_headers": [
                                "ETag"
                            ],
                            "id": "",
                            "max_age_seconds": 3000
                        }
                    ],
                    "expected_bucket_owner": null,
                    "region": "us-east-1"
                },
                "after_unknown": {
                    "cors_rule": [
                        {
                            "allowed_headers": [],
                            "allowed_methods": [
                                false,
                                false
                            ],
                            "allowed_origins": [
                                false
                            ],
                            "expose_headers": [
                                false
                            ]
                        }
                    ],
                    "id": true
                },
                "before_sensitive": false,
                "after_sensitive": {
                    "cors_rule": [
                        {
                            "allowed_headers": [],
                            "allowed_methods": [
                                false,
                                false
                            ],
                            "allowed_origins": [
                                false
                            ],
                            "expose_headers": [
                                false
                            ]
                        }
                    ]
                }
            }
        },
        {
            "address": "aws_s3_bucket_object.examplebucket_object",
            "mode": "managed",
            "type": "aws_s3_bucket_object",
            "name": "examplebucket_object",
            "provider_name": "registry.terraform.io/hashicorp/aws",
            "change": {
                "actions": [
                    "create"
                ],
                "before": null,
                "after": {
                    "acl": "private",
                    "bucket": "cvs-s3-bucket",
                    "cache_control": null,
                    "content": null,
                    "content_base64": null,
                    "content_disposition": null,
                    "content_encoding": null,
                    "content_language": null,
                    "force_destroy": false,
                    "key": "someobject",
                    "metadata": null,
                    "object_lock_legal_hold_status": null,
                    "object_lock_mode": null,
                    "object_lock_retain_until_date": null,
                    "region": "us-east-1",
                    "server_side_encryption": "AES256",
                    "source": "index.html",
                    "source_hash": null,
                    "tags": null,
                    "website_redirect": null
                },
                "after_unknown": {
                    "arn": true,
                    "bucket_key_enabled": true,
                    "content_type": true,
                    "etag": true,
                    "id": true,
                    "kms_key_id": true,
                    "storage_class": true,
                    "tags_all": true,
                    "version_id": true
                },
                "before_sensitive": false,
                "after_sensitive": {
                    "tags_all": {}
                }
            }
        }
    ],
    "configuration": {
        "provider_config": {
            "aws": {
                "name": "aws",
                "full_name": "registry.terraform.io/hashicorp/aws",
                "version_constraint": "6.4.0",
                "expressions": {
                    "profile": {
                        "constant_value": "saurabh-eis-dev"
                    },
                    "region": {
                        "constant_value": "us-east-1"
                    }
                }
            }
        },
        "root_module": {
            "resources": [
                {
                    "address": "aws_s3_bucket.s3_bucket",
                    "mode": "managed",
                    "type": "aws_s3_bucket",
                    "name": "s3_bucket",
                    "provider_config_key": "aws",
                    "expressions": {
                        "bucket": {
                            "constant_value": "cvs-s3-bucket"
                        },
                        "cors_rule": [
                            {
                                "allowed_methods": {
                                    "constant_value": [
                                        "POST",
                                        "PUT"
                                    ]
                                },
                                "allowed_origins": {
                                    "constant_value": [
                                        "https://s3-website-test.hashicorp.com"
                                    ]
                                },
                                "expose_headers": {
                                    "constant_value": [
                                        "ETag"
                                    ]
                                },
                                "max_age_seconds": {
                                    "constant_value": 3000
                                }
                            }
                        ],
                        "tags": {
                            "constant_value": {
                                "Environment": "Dev",
                                "Name": "My bucket"
                            }
                        }
                    },
                    "schema_version": 0
                },
                {
                    "address": "aws_s3_bucket_cors_configuration.bucket_conf",
                    "mode": "managed",
                    "type": "aws_s3_bucket_cors_configuration",
                    "name": "bucket_conf",
                    "provider_config_key": "aws",
                    "expressions": {
                        "bucket": {
                            "constant_value": "cvs-s3-bucket"
                        },
                        "cors_rule": [
                            {
                                "allowed_methods": {
                                    "constant_value": [
                                        "PUT",
                                        "POST"
                                    ]
                                },
                                "allowed_origins": {
                                    "constant_value": [
                                        "https://s3-website-test.hashicorp.com"
                                    ]
                                },
                                "expose_headers": {
                                    "constant_value": [
                                        "ETag"
                                    ]
                                },
                                "max_age_seconds": {
                                    "constant_value": 3000
                                }
                            }
                        ]
                    },
                    "schema_version": 0
                },
                {
                    "address": "aws_s3_bucket_object.examplebucket_object",
                    "mode": "managed",
                    "type": "aws_s3_bucket_object",
                    "name": "examplebucket_object",
                    "provider_config_key": "aws",
                    "expressions": {
                        "bucket": {
                            "constant_value": "cvs-s3-bucket"
                        },
                        "key": {
                            "constant_value": "someobject"
                        },
                        "server_side_encryption": {
                            "constant_value": "AES256"
                        },
                        "source": {
                            "constant_value": "index.html"
                        }
                    },
                    "schema_version": 0
                }
            ]
        }
    },
    "timestamp": "2025-07-22T12:50:09Z",
    "errored": false
}