{
    "format_version": "1.2",
    "terraform_version": "1.7.5",
    "planned_values": {
        "root_module": {
            "resources": [
                {
                    "address": "aws_s3_bucket.s3_bucket",
                    "mode": "managed",
                    "type": "aws_s3_bucket",
                    "name": "s3_bucket",
                    "provider_name": "registry.terraform.io/hashicorp/aws",
                    "schema_version": 0,
                    "values": {
                        "bucket": "cvs-s3-bucket",
                        "force_destroy": false,
                        "region": "us-east-1",
                        "tags": {
                            "Environment": "Dev",
                            "Name": "My bucket"
                        },
                        "tags_all": {
                            "Environment": "Dev",
                            "Name": "My bucket"
                        },
                        "timeouts": null
                    },
                    "sensitive_values": {
                        "cors_rule": [],
                        "grant": [],
                        "lifecycle_rule": [],
                        "logging": [],
                        "object_lock_configuration": [],
                        "replication_configuration": [],
                        "server_side_encryption_configuration": [],
                        "tags": {},
                        "tags_all": {},
                        "versioning": [],
                        "website": []
                    }
                },
                {
                    "address": "aws_s3_bucket_website_configuration.example",
                    "mode": "managed",
                    "type": "aws_s3_bucket_website_configuration",
                    "name": "example",
                    "provider_name": "registry.terraform.io/hashicorp/aws",
                    "schema_version": 0,
                    "values": {
                        "bucket": "cvs-s3-bucket",
                        "error_document": [
                            {
                                "key": "error.html"
                            }
                        ],
                        "expected_bucket_owner": null,
                        "index_document": [
                            {
                                "suffix": "index.html"
                            }
                        ],
                        "redirect_all_requests_to": [],
                        "region": "us-east-1",
                        "routing_rule": [
                            {
                                "condition": [
                                    {
                                        "http_error_code_returned_equals": null,
                                        "key_prefix_equals": "docs/"
                                    }
                                ],
                                "redirect": [
                                    {
                                        "host_name": null,
                                        "http_redirect_code": null,
                                        "protocol": null,
                                        "replace_key_prefix_with": "documents/",
                                        "replace_key_with": null
                                    }
                                ]
                            }
                        ]
                    },
                    "sensitive_values": {
                        "error_document": [
                            {}
                        ],
                        "index_document": [
                            {}
                        ],
                        "redirect_all_requests_to": [],
                        "routing_rule": [
                            {
                                "condition": [
                                    {}
                                ],
                                "redirect": [
                                    {}
                                ]
                            }
                        ]
                    }
                }
            ]
        }
    },
    "resource_changes": [
        {
            "address": "aws_s3_bucket.s3_bucket",
            "mode": "managed",
            "type": "aws_s3_bucket",
            "name": "s3_bucket",
            "provider_name": "registry.terraform.io/hashicorp/aws",
            "change": {
                "actions": [
                    "create"
                ],
                "before": null,
                "after": {
                    "bucket": "cvs-s3-bucket",
                    "force_destroy": false,
                    "region": "us-east-1",
                    "tags": {
                        "Environment": "Dev",
                        "Name": "My bucket"
                    },
                    "tags_all": {
                        "Environment": "Dev",
                        "Name": "My bucket"
                    },
                    "timeouts": null
                },
                "after_unknown": {
                    "acceleration_status": true,
                    "acl": true,
                    "arn": true,
                    "bucket_domain_name": true,
                    "bucket_prefix": true,
                    "bucket_region": true,
                    "bucket_regional_domain_name": true,
                    "cors_rule": true,
                    "grant": true,
                    "hosted_zone_id": true,
                    "id": true,
                    "lifecycle_rule": true,
                    "logging": true,
                    "object_lock_configuration": true,
                    "object_lock_enabled": true,
                    "policy": true,
                    "replication_configuration": true,
                    "request_payer": true,
                    "server_side_encryption_configuration": true,
                    "tags": {},
                    "tags_all": {},
                    "versioning": true,
                    "website": true,
                    "website_domain": true,
                    "website_endpoint": true
                },
                "before_sensitive": false,
                "after_sensitive": {
                    "cors_rule": [],
                    "grant": [],
                    "lifecycle_rule": [],
                    "logging": [],
                    "object_lock_configuration": [],
                    "replication_configuration": [],
                    "server_side_encryption_configuration": [],
                    "tags": {},
                    "tags_all": {},
                    "versioning": [],
                    "website": []
                }
            }
        },
        {
            "address": "aws_s3_bucket_website_configuration.example",
            "mode": "managed",
            "type": "aws_s3_bucket_website_configuration",
            "name": "example",
            "provider_name": "registry.terraform.io/hashicorp/aws",
            "change": {
                "actions": [
                    "create"
                ],
                "before": null,
                "after": {
                    "bucket": "cvs-s3-bucket",
                    "error_document": [
                        {
                            "key": "error.html"
                        }
                    ],
                    "expected_bucket_owner": null,
                    "index_document": [
                        {
                            "suffix": "index.html"
                        }
                    ],
                    "redirect_all_requests_to": [],
                    "region": "us-east-1",
                    "routing_rule": [
                        {
                            "condition": [
                                {
                                    "http_error_code_returned_equals": null,
                                    "key_prefix_equals": "docs/"
                                }
                            ],
                            "redirect": [
                                {
                                    "host_name": null,
                                    "http_redirect_code": null,
                                    "protocol": null,
                                    "replace_key_prefix_with": "documents/",
                                    "replace_key_with": null
                                }
                            ]
                        }
                    ]
                },
                "after_unknown": {
                    "error_document": [
                        {}
                    ],
                    "id": true,
                    "index_document": [
                        {}
                    ],
                    "redirect_all_requests_to": [],
                    "routing_rule": [
                        {
                            "condition": [
                                {}
                            ],
                            "redirect": [
                                {}
                            ]
                        }
                    ],
                    "routing_rules": true,
                    "website_domain": true,
                    "website_endpoint": true
                },
                "before_sensitive": false,
                "after_sensitive": {
                    "error_document": [
                        {}
                    ],
                    "index_document": [
                        {}
                    ],
                    "redirect_all_requests_to": [],
                    "routing_rule": [
                        {
                            "condition": [
                                {}
                            ],
                            "redirect": [
                                {}
                            ]
                        }
                    ]
                }
            }
        }
    ],
    "configuration": {
        "provider_config": {
            "aws": {
                "name": "aws",
                "full_name": "registry.terraform.io/hashicorp/aws",
                "version_constraint": "6.4.0",
                "expressions": {
                    "profile": {
                        "constant_value": "saurabh-eis-dev"
                    },
                    "region": {
                        "constant_value": "us-east-1"
                    }
                }
            }
        },
        "root_module": {
            "resources": [
                {
                    "address": "aws_s3_bucket.s3_bucket",
                    "mode": "managed",
                    "type": "aws_s3_bucket",
                    "name": "s3_bucket",
                    "provider_config_key": "aws",
                    "expressions": {
                        "bucket": {
                            "constant_value": "cvs-s3-bucket"
                        },
                        "tags": {
                            "constant_value": {
                                "Environment": "Dev",
                                "Name": "My bucket"
                            }
                        }
                    },
                    "schema_version": 0
                },
                {
                    "address": "aws_s3_bucket_website_configuration.example",
                    "mode": "managed",
                    "type": "aws_s3_bucket_website_configuration",
                    "name": "example",
                    "provider_config_key": "aws",
                    "expressions": {
                        "bucket": {
                            "constant_value": "cvs-s3-bucket"
                        },
                        "error_document": [
                            {
                                "key": {
                                    "constant_value": "error.html"
                                }
                            }
                        ],
                        "index_document": [
                            {
                                "suffix": {
                                    "constant_value": "index.html"
                                }
                            }
                        ],
                        "routing_rule": [
                            {
                                "condition": [
                                    {
                                        "key_prefix_equals": {
                                            "constant_value": "docs/"
                                        }
                                    }
                                ],
                                "redirect": [
                                    {
                                        "replace_key_prefix_with": {
                                            "constant_value": "documents/"
                                        }
                                    }
                                ]
                            }
                        ]
                    },
                    "schema_version": 0
                }
            ]
        }
    },
    "timestamp": "2025-07-22T10:10:51Z",
    "errored": false
}