{
    "format_version": "1.2",
    "terraform_version": "1.7.5",
    "planned_values": {
        "root_module": {
            "resources": [
                {
                    "address": "aws_db_instance.negative",
                    "mode": "managed",
                    "type": "aws_db_instance",
                    "name": "negative",
                    "provider_name": "registry.terraform.io/hashicorp/aws",
                    "schema_version": 2,
                    "values": {
                        "allocated_storage": 10,
                        "allow_major_version_upgrade": null,
                        "apply_immediately": false,
                        "auto_minor_version_upgrade": true,
                        "blue_green_update": [],
                        "copy_tags_to_snapshot": false,
                        "custom_iam_instance_profile": null,
                        "customer_owned_ip_enabled": null,
                        "db_name": "mydb",
                        "dedicated_log_volume": false,
                        "delete_automated_backups": true,
                        "deletion_protection": null,
                        "domain": null,
                        "domain_auth_secret_arn": null,
                        "domain_dns_ips": null,
                        "domain_iam_role_name": null,
                        "domain_ou": null,
                        "enabled_cloudwatch_logs_exports": [
                            "error",
                            "general"
                        ],
                        "engine": "mysql",
                        "engine_version": "8.0",
                        "final_snapshot_identifier": null,
                        "iam_database_authentication_enabled": null,
                        "instance_class": "db.t3.micro",
                        "manage_master_user_password": true,
                        "max_allocated_storage": null,
                        "monitoring_interval": 0,
                        "parameter_group_name": "default.mysql8.0",
                        "password": null,
                        "password_wo": null,
                        "password_wo_version": null,
                        "performance_insights_enabled": false,
                        "publicly_accessible": true,
                        "replicate_source_db": null,
                        "restore_to_point_in_time": [],
                        "s3_import": [],
                        "skip_final_snapshot": false,
                        "storage_encrypted": null,
                        "tags": null,
                        "timeouts": null,
                        "upgrade_storage_config": null,
                        "username": "foo"
                    },
                    "sensitive_values": {
                        "blue_green_update": [],
                        "enabled_cloudwatch_logs_exports": [
                            false,
                            false
                        ],
                        "listener_endpoint": [],
                        "master_user_secret": [],
                        "replicas": [],
                        "restore_to_point_in_time": [],
                        "s3_import": [],
                        "tags_all": {},
                        "vpc_security_group_ids": []
                    }
                }
            ]
        }
    },
    "resource_changes": [
        {
            "address": "aws_db_instance.negative",
            "mode": "managed",
            "type": "aws_db_instance",
            "name": "negative",
            "provider_name": "registry.terraform.io/hashicorp/aws",
            "change": {
                "actions": [
                    "create"
                ],
                "before": null,
                "after": {
                    "allocated_storage": 10,
                    "allow_major_version_upgrade": null,
                    "apply_immediately": false,
                    "auto_minor_version_upgrade": true,
                    "blue_green_update": [],
                    "copy_tags_to_snapshot": false,
                    "custom_iam_instance_profile": null,
                    "customer_owned_ip_enabled": null,
                    "db_name": "mydb",
                    "dedicated_log_volume": false,
                    "delete_automated_backups": true,
                    "deletion_protection": null,
                    "domain": null,
                    "domain_auth_secret_arn": null,
                    "domain_dns_ips": null,
                    "domain_iam_role_name": null,
                    "domain_ou": null,
                    "enabled_cloudwatch_logs_exports": [
                        "error",
                        "general"
                    ],
                    "engine": "mysql",
                    "engine_version": "8.0",
                    "final_snapshot_identifier": null,
                    "iam_database_authentication_enabled": null,
                    "instance_class": "db.t3.micro",
                    "manage_master_user_password": true,
                    "max_allocated_storage": null,
                    "monitoring_interval": 0,
                    "parameter_group_name": "default.mysql8.0",
                    "password": null,
                    "password_wo": null,
                    "password_wo_version": null,
                    "performance_insights_enabled": false,
                    "publicly_accessible": true,
                    "replicate_source_db": null,
                    "restore_to_point_in_time": [],
                    "s3_import": [],
                    "skip_final_snapshot": false,
                    "storage_encrypted": null,
                    "tags": null,
                    "timeouts": null,
                    "upgrade_storage_config": null,
                    "username": "foo"
                },
                "after_unknown": {
                    "address": true,
                    "arn": true,
                    "availability_zone": true,
                    "backup_retention_period": true,
                    "backup_target": true,
                    "backup_window": true,
                    "blue_green_update": [],
                    "ca_cert_identifier": true,
                    "character_set_name": true,
                    "database_insights_mode": true,
                    "db_subnet_group_name": true,
                    "domain_fqdn": true,
                    "enabled_cloudwatch_logs_exports": [
                        false,
                        false
                    ],
                    "endpoint": true,
                    "engine_lifecycle_support": true,
                    "engine_version_actual": true,
                    "hosted_zone_id": true,
                    "id": true,
                    "identifier": true,
                    "identifier_prefix": true,
                    "iops": true,
                    "kms_key_id": true,
                    "latest_restorable_time": true,
                    "license_model": true,
                    "listener_endpoint": true,
                    "maintenance_window": true,
                    "master_user_secret": true,
                    "master_user_secret_kms_key_id": true,
                    "monitoring_role_arn": true,
                    "multi_az": true,
                    "nchar_character_set_name": true,
                    "network_type": true,
                    "option_group_name": true,
                    "performance_insights_kms_key_id": true,
                    "performance_insights_retention_period": true,
                    "port": true,
                    "replica_mode": true,
                    "replicas": true,
                    "resource_id": true,
                    "restore_to_point_in_time": [],
                    "s3_import": [],
                    "snapshot_identifier": true,
                    "status": true,
                    "storage_throughput": true,
                    "storage_type": true,
                    "tags_all": true,
                    "timezone": true,
                    "vpc_security_group_ids": true
                },
                "before_sensitive": false,
                "after_sensitive": {
                    "blue_green_update": [],
                    "enabled_cloudwatch_logs_exports": [
                        false,
                        false
                    ],
                    "listener_endpoint": [],
                    "master_user_secret": [],
                    "password": true,
                    "password_wo": true,
                    "replicas": [],
                    "restore_to_point_in_time": [],
                    "s3_import": [],
                    "tags_all": {},
                    "vpc_security_group_ids": []
                }
            }
        }
    ],
    "configuration": {
        "provider_config": {
            "aws": {
                "name": "aws",
                "full_name": "registry.terraform.io/hashicorp/aws",
                "version_constraint": "~\u003e 5.92",
                "expressions": {
                    "region": {
                        "constant_value": "us-west-2"
                    }
                }
            }
        },
        "root_module": {
            "resources": [
                {
                    "address": "aws_db_instance.negative",
                    "mode": "managed",
                    "type": "aws_db_instance",
                    "name": "negative",
                    "provider_config_key": "aws",
                    "expressions": {
                        "allocated_storage": {
                            "constant_value": 10
                        },
                        "db_name": {
                            "constant_value": "mydb"
                        },
                        "enabled_cloudwatch_logs_exports": {
                            "constant_value": [
                                "general",
                                "error"
                            ]
                        },
                        "engine": {
                            "constant_value": "mysql"
                        },
                        "engine_version": {
                            "constant_value": "8.0"
                        },
                        "instance_class": {
                            "constant_value": "db.t3.micro"
                        },
                        "manage_master_user_password": {
                            "constant_value": true
                        },
                        "parameter_group_name": {
                            "constant_value": "default.mysql8.0"
                        },
                        "publicly_accessible": {
                            "constant_value": true
                        },
                        "username": {
                            "constant_value": "foo"
                        }
                    },
                    "schema_version": 2
                }
            ]
        }
    },
    "timestamp": "2025-08-12T14:32:25Z",
    "errored": false
}