{
  "format_version": "1.2",
  "terraform_version": "1.10.4",
  "planned_values": {
    "root_module": {
      "resources": [
        {
          "address": "google_project_iam_binding.project1",
          "mode": "managed",
          "type": "google_project_iam_binding",
          "name": "project1",
          "provider_name": "registry.terraform.io/hashicorp/google",
          "schema_version": 0,
          "values": {
            "condition": [
              {
                "description": "Expiring at midnight of 2019-12-31",
                "expression": "request.time < timestamp(\"2020-01-01T00:00:00Z\")",
                "title": "expires_after_2019_12_31"
              }
            ],
            "members": [
              "serviceAccount:jane@example.com"
            ],
            "project": "your-project-id",
            "role": "roles/container.admin"
          },
          "sensitive_values": {
            "condition": [
              {}
            ],
            "members": [
              false
            ]
          }
        },
        {
          "address": "google_project_iam_member.project2",
          "mode": "managed",
          "type": "google_project_iam_member",
          "name": "project2",
          "provider_name": "registry.terraform.io/hashicorp/google",
          "schema_version": 0,
          "values": {
            "condition": [],
            "member": "serviceAccount:jane@example.com",
            "project": "your-project-id",
            "role": "roles/editor"
          },
          "sensitive_values": {
            "condition": []
          }
        }
      ]
    }
  },
  "resource_changes": [
    {
      "address": "google_project_iam_binding.project1",
      "mode": "managed",
      "type": "google_project_iam_binding",
      "name": "project1",
      "provider_name": "registry.terraform.io/hashicorp/google",
      "change": {
        "actions": [
          "create"
        ],
        "before": null,
        "after": {
          "condition": [
            {
              "description": "Expiring at midnight of 2019-12-31",
              "expression": "request.time < timestamp(\"2020-01-01T00:00:00Z\")",
              "title": "expires_after_2019_12_31"
            }
          ],
          "members": [
            "serviceAccount:jane@example.com"
          ],
          "project": "your-project-id",
          "role": "roles/container.admin"
        },
        "after_unknown": {
          "condition": [
            {}
          ],
          "etag": true,
          "id": true,
          "members": [
            false
          ]
        },
        "before_sensitive": false,
        "after_sensitive": {
          "condition": [
            {}
          ],
          "members": [
            false
          ]
        }
      }
    },
    {
      "address": "google_project_iam_member.project2",
      "mode": "managed",
      "type": "google_project_iam_member",
      "name": "project2",
      "provider_name": "registry.terraform.io/hashicorp/google",
      "change": {
        "actions": [
          "create"
        ],
        "before": null,
        "after": {
          "condition": [],
          "member": "serviceAccount:jane@example.com",
          "project": "your-project-id",
          "role": "roles/editor"
        },
        "after_unknown": {
          "condition": [],
          "etag": true,
          "id": true
        },
        "before_sensitive": false,
        "after_sensitive": {
          "condition": []
        }
      }
    }
  ],
  "configuration": {
    "provider_config": {
      "google": {
        "name": "google",
        "full_name": "registry.terraform.io/hashicorp/google",
        "version_constraint": "6.15.0",
        "expressions": {
          "project": {
            "constant_value": "security-controls-sandbox"
          },
          "region": {
            "constant_value": "us-central1"
          },
          "zone": {
            "constant_value": "us-central1-c"
          }
        }
      }
    },
    "root_module": {
      "resources": [
        {
          "address": "google_project_iam_binding.project1",
          "mode": "managed",
          "type": "google_project_iam_binding",
          "name": "project1",
          "provider_config_key": "google",
          "expressions": {
            "condition": [
              {
                "description": {
                  "constant_value": "Expiring at midnight of 2019-12-31"
                },
                "expression": {
                  "constant_value": "request.time < timestamp(\"2020-01-01T00:00:00Z\")"
                },
                "title": {
                  "constant_value": "expires_after_2019_12_31"
                }
              }
            ],
            "members": {
              "constant_value": [
                "serviceAccount:jane@example.com"
              ]
            },
            "project": {
              "constant_value": "your-project-id"
            },
            "role": {
              "constant_value": "roles/container.admin"
            }
          },
          "schema_version": 0
        },
        {
          "address": "google_project_iam_member.project2",
          "mode": "managed",
          "type": "google_project_iam_member",
          "name": "project2",
          "provider_config_key": "google",
          "expressions": {
            "member": {
              "constant_value": "serviceAccount:jane@example.com"
            },
            "project": {
              "constant_value": "your-project-id"
            },
            "role": {
              "constant_value": "roles/editor"
            }
          },
          "schema_version": 0
        }
      ]
    }
  },
  "timestamp": "2025-06-02T15:50:31Z",
  "applyable": true,
  "complete": true,
  "errored": false
}
