{
    "format_version": "1.2",
    "terraform_version": "1.7.5",
    "planned_values": {
        "root_module": {
            "resources": [
                {
                    "address": "azurerm_managed_disk.positive",
                    "mode": "managed",
                    "type": "azurerm_managed_disk",
                    "name": "positive",
                    "provider_name": "registry.terraform.io/hashicorp/azurerm",
                    "schema_version": 1,
                    "values": {
                        "create_option": "Empty",
                        "disk_access_id": null,
                        "disk_encryption_set_id": null,
                        "disk_size_gb": 1,
                        "edge_zone": null,
                        "encryption_settings": [],
                        "gallery_image_reference_id": null,
                        "hyper_v_generation": null,
                        "image_reference_id": null,
                        "location": "westus2",
                        "name": "acctestmd",
                        "network_access_policy": null,
                        "on_demand_bursting_enabled": null,
                        "optimized_frequent_attach_enabled": false,
                        "os_type": null,
                        "performance_plus_enabled": false,
                        "public_network_access_enabled": true,
                        "resource_group_name": "example-resources",
                        "secure_vm_disk_encryption_set_id": null,
                        "security_type": null,
                        "source_resource_id": null,
                        "storage_account_id": null,
                        "storage_account_type": "Standard_LRS",
                        "tags": {
                            "environment": "staging"
                        },
                        "timeouts": null,
                        "trusted_launch_enabled": null,
                        "upload_size_bytes": null,
                        "zone": null
                    },
                    "sensitive_values": {
                        "encryption_settings": [],
                        "tags": {}
                    }
                },
                {
                    "address": "azurerm_resource_group.example",
                    "mode": "managed",
                    "type": "azurerm_resource_group",
                    "name": "example",
                    "provider_name": "registry.terraform.io/hashicorp/azurerm",
                    "schema_version": 0,
                    "values": {
                        "location": "westeurope",
                        "managed_by": null,
                        "name": "example-resources",
                        "tags": null,
                        "timeouts": null
                    },
                    "sensitive_values": {}
                }
            ]
        }
    },
    "resource_changes": [
        {
            "address": "azurerm_managed_disk.positive",
            "mode": "managed",
            "type": "azurerm_managed_disk",
            "name": "positive",
            "provider_name": "registry.terraform.io/hashicorp/azurerm",
            "change": {
                "actions": [
                    "create"
                ],
                "before": null,
                "after": {
                    "create_option": "Empty",
                    "disk_access_id": null,
                    "disk_encryption_set_id": null,
                    "disk_size_gb": 1,
                    "edge_zone": null,
                    "encryption_settings": [],
                    "gallery_image_reference_id": null,
                    "hyper_v_generation": null,
                    "image_reference_id": null,
                    "location": "westus2",
                    "name": "acctestmd",
                    "network_access_policy": null,
                    "on_demand_bursting_enabled": null,
                    "optimized_frequent_attach_enabled": false,
                    "os_type": null,
                    "performance_plus_enabled": false,
                    "public_network_access_enabled": true,
                    "resource_group_name": "example-resources",
                    "secure_vm_disk_encryption_set_id": null,
                    "security_type": null,
                    "source_resource_id": null,
                    "storage_account_id": null,
                    "storage_account_type": "Standard_LRS",
                    "tags": {
                        "environment": "staging"
                    },
                    "timeouts": null,
                    "trusted_launch_enabled": null,
                    "upload_size_bytes": null,
                    "zone": null
                },
                "after_unknown": {
                    "disk_iops_read_only": true,
                    "disk_iops_read_write": true,
                    "disk_mbps_read_only": true,
                    "disk_mbps_read_write": true,
                    "encryption_settings": [],
                    "id": true,
                    "logical_sector_size": true,
                    "max_shares": true,
                    "source_uri": true,
                    "tags": {},
                    "tier": true
                },
                "before_sensitive": false,
                "after_sensitive": {
                    "encryption_settings": [],
                    "tags": {}
                }
            }
        },
        {
            "address": "azurerm_resource_group.example",
            "mode": "managed",
            "type": "azurerm_resource_group",
            "name": "example",
            "provider_name": "registry.terraform.io/hashicorp/azurerm",
            "change": {
                "actions": [
                    "create"
                ],
                "before": null,
                "after": {
                    "location": "westeurope",
                    "managed_by": null,
                    "name": "example-resources",
                    "tags": null,
                    "timeouts": null
                },
                "after_unknown": {
                    "id": true
                },
                "before_sensitive": false,
                "after_sensitive": {}
            }
        }
    ],
    "configuration": {
        "provider_config": {
            "azurerm": {
                "name": "azurerm",
                "full_name": "registry.terraform.io/hashicorp/azurerm",
                "version_constraint": "3.117.0",
                "expressions": {
                    "features": [
                        {}
                    ]
                }
            }
        },
        "root_module": {
            "resources": [
                {
                    "address": "azurerm_managed_disk.positive",
                    "mode": "managed",
                    "type": "azurerm_managed_disk",
                    "name": "positive",
                    "provider_config_key": "azurerm",
                    "expressions": {
                        "create_option": {
                            "constant_value": "Empty"
                        },
                        "disk_size_gb": {
                            "constant_value": "1"
                        },
                        "location": {
                            "constant_value": "West US 2"
                        },
                        "name": {
                            "constant_value": "acctestmd"
                        },
                        "resource_group_name": {
                            "references": [
                                "azurerm_resource_group.example.name",
                                "azurerm_resource_group.example"
                            ]
                        },
                        "storage_account_type": {
                            "constant_value": "Standard_LRS"
                        },
                        "tags": {
                            "constant_value": {
                                "environment": "staging"
                            }
                        }
                    },
                    "schema_version": 1
                },
                {
                    "address": "azurerm_resource_group.example",
                    "mode": "managed",
                    "type": "azurerm_resource_group",
                    "name": "example",
                    "provider_config_key": "azurerm",
                    "expressions": {
                        "location": {
                            "constant_value": "West Europe"
                        },
                        "name": {
                            "constant_value": "example-resources"
                        }
                    },
                    "schema_version": 0
                }
            ]
        }
    },
    "relevant_attributes": [
        {
            "resource": "azurerm_resource_group.example",
            "attribute": [
                "name"
            ]
        }
    ],
    "timestamp": "2025-02-28T21:18:03Z",
    "errored": false
}