{
    "format_version": "1.2",
    "terraform_version": "1.7.5",
    "planned_values": {
        "root_module": {
            "resources": [
                {
                    "address": "google_container_node_pool.primary_preemptible_nodes",
                    "mode": "managed",
                    "type": "google_container_node_pool",
                    "name": "primary_preemptible_nodes",
                    "provider_name": "registry.terraform.io/hashicorp/google",
                    "schema_version": 1,
                    "values": {
                        "autoscaling": [],
                        "cluster": "projects/security-controls-sandbox/locations/us-central1/clusters/gcp-cluster",
                        "location": "us-central1",
                        "management": [
                            {
                                "auto_repair": true,
                                "auto_upgrade": true
                            }
                        ],
                        "name": "gcp-container-node-pool",
                        "node_count": 1,
                        "placement_policy": [],
                        "project": "security-controls-sandbox",
                        "queued_provisioning": [],
                        "timeouts": null
                    },
                    "sensitive_values": {
                        "autoscaling": [],
                        "instance_group_urls": [],
                        "managed_instance_group_urls": [],
                        "management": [
                            {}
                        ],
                        "network_config": [],
                        "node_config": [],
                        "node_locations": [],
                        "placement_policy": [],
                        "queued_provisioning": [],
                        "upgrade_settings": []
                    }
                }
            ]
        }
    },
    "resource_changes": [
        {
            "address": "google_container_node_pool.primary_preemptible_nodes",
            "mode": "managed",
            "type": "google_container_node_pool",
            "name": "primary_preemptible_nodes",
            "provider_name": "registry.terraform.io/hashicorp/google",
            "change": {
                "actions": [
                    "create"
                ],
                "before": null,
                "after": {
                    "autoscaling": [],
                    "cluster": "projects/security-controls-sandbox/locations/us-central1/clusters/gcp-cluster",
                    "location": "us-central1",
                    "management": [
                        {
                            "auto_repair": true,
                            "auto_upgrade": true
                        }
                    ],
                    "name": "gcp-container-node-pool",
                    "node_count": 1,
                    "placement_policy": [],
                    "project": "security-controls-sandbox",
                    "queued_provisioning": [],
                    "timeouts": null
                },
                "after_unknown": {
                    "autoscaling": [],
                    "id": true,
                    "initial_node_count": true,
                    "instance_group_urls": true,
                    "managed_instance_group_urls": true,
                    "management": [
                        {}
                    ],
                    "max_pods_per_node": true,
                    "name_prefix": true,
                    "network_config": true,
                    "node_config": true,
                    "node_locations": true,
                    "operation": true,
                    "placement_policy": [],
                    "queued_provisioning": [],
                    "upgrade_settings": true,
                    "version": true
                },
                "before_sensitive": false,
                "after_sensitive": {
                    "autoscaling": [],
                    "instance_group_urls": [],
                    "managed_instance_group_urls": [],
                    "management": [
                        {}
                    ],
                    "network_config": [],
                    "node_config": [],
                    "node_locations": [],
                    "placement_policy": [],
                    "queued_provisioning": [],
                    "upgrade_settings": []
                }
            }
        }
    ],
    "configuration": {
        "provider_config": {
            "google": {
                "name": "google",
                "full_name": "registry.terraform.io/hashicorp/google",
                "version_constraint": "6.35.0",
                "expressions": {
                    "project": {
                        "constant_value": "security-controls-sandbox"
                    },
                    "region": {
                        "constant_value": "us-central1"
                    }
                }
            }
        },
        "root_module": {
            "resources": [
                {
                    "address": "google_container_node_pool.primary_preemptible_nodes",
                    "mode": "managed",
                    "type": "google_container_node_pool",
                    "name": "primary_preemptible_nodes",
                    "provider_config_key": "google",
                    "expressions": {
                        "cluster": {
                            "constant_value": "projects/security-controls-sandbox/locations/us-central1/clusters/gcp-cluster"
                        },
                        "location": {
                            "constant_value": "us-central1"
                        },
                        "management": [
                            {
                                "auto_repair": {
                                    "constant_value": true
                                },
                                "auto_upgrade": {
                                    "constant_value": true
                                }
                            }
                        ],
                        "name": {
                            "constant_value": "gcp-container-node-pool"
                        },
                        "node_count": {
                            "constant_value": 1
                        }
                    },
                    "schema_version": 1
                }
            ]
        }
    },
    "timestamp": "2025-05-20T14:53:32Z",
    "errored": false
}