{
    "format_version": "1.2",
    "terraform_version": "1.7.5",
    "planned_values": {
        "root_module": {
            "resources": [
                {
                    "address": "azurerm_cosmosdb_account.cvs-cosmosdb-account",
                    "mode": "managed",
                    "type": "azurerm_cosmosdb_account",
                    "name": "cvs-cosmosdb-account",
                    "provider_name": "registry.terraform.io/hashicorp/azurerm",
                    "schema_version": 1,
                    "values": {
                        "access_key_metadata_writes_enabled": true,
                        "analytical_storage_enabled": false,
                        "automatic_failover_enabled": false,
                        "burst_capacity_enabled": false,
                        "capabilities": [
                            {
                                "name": "EnableMongo"
                            }
                        ],
                        "consistency_policy": [
                            {
                                "consistency_level": "Strong",
                                "max_interval_in_seconds": null,
                                "max_staleness_prefix": null
                            }
                        ],
                        "cors_rule": [],
                        "default_identity_type": "FirstPartyIdentity",
                        "free_tier_enabled": false,
                        "geo_location": [
                            {
                                "failover_priority": 0,
                                "location": "westus",
                                "zone_redundant": false
                            }
                        ],
                        "identity": [],
                        "ip_range_filter": [
                            "172.26.194.26"
                        ],
                        "is_virtual_network_filter_enabled": false,
                        "key_vault_key_id": null,
                        "kind": "MongoDB",
                        "local_authentication_disabled": false,
                        "location": "eastus2",
                        "managed_hsm_key_id": null,
                        "minimal_tls_version": "Tls12",
                        "multiple_write_locations_enabled": false,
                        "name": "cvs-cosmosdb-account",
                        "network_acl_bypass_for_azure_services": false,
                        "network_acl_bypass_ids": null,
                        "offer_type": "Standard",
                        "partition_merge_enabled": false,
                        "public_network_access_enabled": false,
                        "resource_group_name": "security-poc-yogeshd-rg",
                        "restore": [],
                        "tags": {
                            "costcenter": "02045",
                            "dataclassification": "confidential",
                            "environmenttype": "dev",
                            "itpmid": "12345",
                            "sharedemailaddress": "CloudSecurityServices@cvshealth.com"
                        },
                        "timeouts": null,
                        "virtual_network_rule": []
                    },
                    "sensitive_values": {
                        "analytical_storage": [],
                        "backup": [],
                        "capabilities": [
                            {}
                        ],
                        "capacity": [],
                        "consistency_policy": [
                            {}
                        ],
                        "cors_rule": [],
                        "geo_location": [
                            {}
                        ],
                        "identity": [],
                        "ip_range_filter": [
                            false
                        ],
                        "read_endpoints": [],
                        "restore": [],
                        "tags": {},
                        "virtual_network_rule": [],
                        "write_endpoints": []
                    }
                }
            ]
        }
    },
    "resource_changes": [
        {
            "address": "azurerm_cosmosdb_account.cvs-cosmosdb-account",
            "mode": "managed",
            "type": "azurerm_cosmosdb_account",
            "name": "cvs-cosmosdb-account",
            "provider_name": "registry.terraform.io/hashicorp/azurerm",
            "change": {
                "actions": [
                    "create"
                ],
                "before": null,
                "after": {
                    "access_key_metadata_writes_enabled": true,
                    "analytical_storage_enabled": false,
                    "automatic_failover_enabled": false,
                    "burst_capacity_enabled": false,
                    "capabilities": [
                        {
                            "name": "EnableMongo"
                        }
                    ],
                    "consistency_policy": [
                        {
                            "consistency_level": "Strong",
                            "max_interval_in_seconds": null,
                            "max_staleness_prefix": null
                        }
                    ],
                    "cors_rule": [],
                    "default_identity_type": "FirstPartyIdentity",
                    "free_tier_enabled": false,
                    "geo_location": [
                        {
                            "failover_priority": 0,
                            "location": "westus",
                            "zone_redundant": false
                        }
                    ],
                    "identity": [],
                    "ip_range_filter": [
                        "172.26.194.26"
                    ],
                    "is_virtual_network_filter_enabled": false,
                    "key_vault_key_id": null,
                    "kind": "MongoDB",
                    "local_authentication_disabled": false,
                    "location": "eastus2",
                    "managed_hsm_key_id": null,
                    "minimal_tls_version": "Tls12",
                    "multiple_write_locations_enabled": false,
                    "name": "cvs-cosmosdb-account",
                    "network_acl_bypass_for_azure_services": false,
                    "network_acl_bypass_ids": null,
                    "offer_type": "Standard",
                    "partition_merge_enabled": false,
                    "public_network_access_enabled": false,
                    "resource_group_name": "security-poc-yogeshd-rg",
                    "restore": [],
                    "tags": {
                        "costcenter": "02045",
                        "dataclassification": "confidential",
                        "environmenttype": "dev",
                        "itpmid": "12345",
                        "sharedemailaddress": "CloudSecurityServices@cvshealth.com"
                    },
                    "timeouts": null,
                    "virtual_network_rule": []
                },
                "after_unknown": {
                    "analytical_storage": true,
                    "backup": true,
                    "capabilities": [
                        {}
                    ],
                    "capacity": true,
                    "consistency_policy": [
                        {}
                    ],
                    "cors_rule": [],
                    "create_mode": true,
                    "endpoint": true,
                    "geo_location": [
                        {
                            "id": true
                        }
                    ],
                    "id": true,
                    "identity": [],
                    "ip_range_filter": [
                        false
                    ],
                    "mongo_server_version": true,
                    "primary_key": true,
                    "primary_mongodb_connection_string": true,
                    "primary_readonly_key": true,
                    "primary_readonly_mongodb_connection_string": true,
                    "primary_readonly_sql_connection_string": true,
                    "primary_sql_connection_string": true,
                    "read_endpoints": true,
                    "restore": [],
                    "secondary_key": true,
                    "secondary_mongodb_connection_string": true,
                    "secondary_readonly_key": true,
                    "secondary_readonly_mongodb_connection_string": true,
                    "secondary_readonly_sql_connection_string": true,
                    "secondary_sql_connection_string": true,
                    "tags": {},
                    "virtual_network_rule": [],
                    "write_endpoints": true
                },
                "before_sensitive": false,
                "after_sensitive": {
                    "analytical_storage": [],
                    "backup": [],
                    "capabilities": [
                        {}
                    ],
                    "capacity": [],
                    "consistency_policy": [
                        {}
                    ],
                    "cors_rule": [],
                    "geo_location": [
                        {}
                    ],
                    "identity": [],
                    "ip_range_filter": [
                        false
                    ],
                    "primary_key": true,
                    "primary_mongodb_connection_string": true,
                    "primary_readonly_key": true,
                    "primary_readonly_mongodb_connection_string": true,
                    "primary_readonly_sql_connection_string": true,
                    "primary_sql_connection_string": true,
                    "read_endpoints": [],
                    "restore": [],
                    "secondary_key": true,
                    "secondary_mongodb_connection_string": true,
                    "secondary_readonly_key": true,
                    "secondary_readonly_mongodb_connection_string": true,
                    "secondary_readonly_sql_connection_string": true,
                    "secondary_sql_connection_string": true,
                    "tags": {},
                    "virtual_network_rule": [],
                    "write_endpoints": []
                }
            }
        }
    ],
    "configuration": {
        "provider_config": {
            "azurerm": {
                "name": "azurerm",
                "full_name": "registry.terraform.io/hashicorp/azurerm",
                "version_constraint": "4.26.0",
                "expressions": {
                    "features": [
                        {}
                    ],
                    "subscription_id": {
                        "constant_value": "ec8dc618-46dd-43e2-8506-3007f304d884"
                    }
                }
            }
        },
        "root_module": {
            "resources": [
                {
                    "address": "azurerm_cosmosdb_account.cvs-cosmosdb-account",
                    "mode": "managed",
                    "type": "azurerm_cosmosdb_account",
                    "name": "cvs-cosmosdb-account",
                    "provider_config_key": "azurerm",
                    "expressions": {
                        "capabilities": [
                            {
                                "name": {
                                    "constant_value": "EnableMongo"
                                }
                            }
                        ],
                        "consistency_policy": [
                            {
                                "consistency_level": {
                                    "constant_value": "Strong"
                                }
                            }
                        ],
                        "geo_location": [
                            {
                                "failover_priority": {
                                    "constant_value": 0
                                },
                                "location": {
                                    "constant_value": "westus"
                                }
                            }
                        ],
                        "ip_range_filter": {
                            "constant_value": [
                                "172.26.194.26"
                            ]
                        },
                        "kind": {
                            "constant_value": "MongoDB"
                        },
                        "location": {
                            "constant_value": "eastus2"
                        },
                        "minimal_tls_version": {
                            "constant_value": "Tls12"
                        },
                        "name": {
                            "constant_value": "cvs-cosmosdb-account"
                        },
                        "offer_type": {
                            "constant_value": "Standard"
                        },
                        "public_network_access_enabled": {
                            "constant_value": false
                        },
                        "resource_group_name": {
                            "constant_value": "security-poc-yogeshd-rg"
                        },
                        "tags": {
                            "constant_value": {
                                "costcenter": "02045",
                                "dataclassification": "confidential",
                                "environmenttype": "dev",
                                "itpmid": "12345",
                                "sharedemailaddress": "CloudSecurityServices@cvshealth.com"
                            }
                        }
                    },
                    "schema_version": 1
                }
            ]
        }
    },
    "timestamp": "2025-04-21T07:46:57Z",
    "errored": false
}