{
    "format_version": "1.2",
    "terraform_version": "1.7.5",
    "planned_values": {
        "root_module": {
            "resources": [
                {
                    "address": "aws_api_gateway_stage.api_gateway_stage",
                    "mode": "managed",
                    "type": "aws_api_gateway_stage",
                    "name": "api_gateway_stage",
                    "provider_name": "registry.terraform.io/hashicorp/aws",
                    "schema_version": 0,
                    "values": {
                        "access_log_settings": [],
                        "cache_cluster_enabled": null,
                        "cache_cluster_size": null,
                        "canary_settings": [],
                        "client_certificate_id": null,
                        "deployment_id": "api-deployment-id-1234567890",
                        "description": null,
                        "documentation_version": null,
                        "region": "us-east-1",
                        "rest_api_id": "api-id-1234567890",
                        "stage_name": "prod",
                        "tags": null,
                        "variables": null,
                        "xray_tracing_enabled": null
                    },
                    "sensitive_values": {
                        "access_log_settings": [],
                        "canary_settings": [],
                        "tags_all": {}
                    }
                }
            ]
        }
    },
    "resource_changes": [
        {
            "address": "aws_api_gateway_stage.api_gateway_stage",
            "mode": "managed",
            "type": "aws_api_gateway_stage",
            "name": "api_gateway_stage",
            "provider_name": "registry.terraform.io/hashicorp/aws",
            "change": {
                "actions": [
                    "create"
                ],
                "before": null,
                "after": {
                    "access_log_settings": [],
                    "cache_cluster_enabled": null,
                    "cache_cluster_size": null,
                    "canary_settings": [],
                    "client_certificate_id": null,
                    "deployment_id": "api-deployment-id-1234567890",
                    "description": null,
                    "documentation_version": null,
                    "region": "us-east-1",
                    "rest_api_id": "api-id-1234567890",
                    "stage_name": "prod",
                    "tags": null,
                    "variables": null,
                    "xray_tracing_enabled": null
                },
                "after_unknown": {
                    "access_log_settings": [],
                    "arn": true,
                    "canary_settings": [],
                    "execution_arn": true,
                    "id": true,
                    "invoke_url": true,
                    "tags_all": true,
                    "web_acl_arn": true
                },
                "before_sensitive": false,
                "after_sensitive": {
                    "access_log_settings": [],
                    "canary_settings": [],
                    "tags_all": {}
                }
            }
        }
    ],
    "configuration": {
        "provider_config": {
            "aws": {
                "name": "aws",
                "full_name": "registry.terraform.io/hashicorp/aws",
                "version_constraint": "6.4.0",
                "expressions": {
                    "profile": {
                        "constant_value": "saurabh-eis-dev"
                    },
                    "region": {
                        "constant_value": "us-east-1"
                    }
                }
            }
        },
        "root_module": {
            "resources": [
                {
                    "address": "aws_api_gateway_stage.api_gateway_stage",
                    "mode": "managed",
                    "type": "aws_api_gateway_stage",
                    "name": "api_gateway_stage",
                    "provider_config_key": "aws",
                    "expressions": {
                        "deployment_id": {
                            "constant_value": "api-deployment-id-1234567890"
                        },
                        "rest_api_id": {
                            "constant_value": "api-id-1234567890"
                        },
                        "stage_name": {
                            "constant_value": "prod"
                        }
                    },
                    "schema_version": 0
                }
            ]
        }
    },
    "timestamp": "2025-08-07T12:16:07Z",
    "errored": false
}