{
    "format_version": "1.2",
    "terraform_version": "1.7.5",
    "planned_values": {
        "root_module": {
            "resources": [
                {
                    "address": "azurerm_key_vault.example",
                    "mode": "managed",
                    "type": "azurerm_key_vault",
                    "name": "example",
                    "provider_name": "registry.terraform.io/hashicorp/azurerm",
                    "schema_version": 2,
                    "values": {
                        "access_policy": [
                            {
                                "application_id": null,
                                "certificate_permissions": null,
                                "key_permissions": [
                                    "Get"
                                ],
                                "object_id": "3934304b-bbed-4260-9183-a09d07cf3155",
                                "secret_permissions": [
                                    "Get"
                                ],
                                "storage_permissions": [
                                    "Get"
                                ],
                                "tenant_id": "fabb61b8-3afe-4e75-b934-a47f782b8cd7"
                            }
                        ],
                        "enable_rbac_authorization": null,
                        "enabled_for_deployment": null,
                        "enabled_for_disk_encryption": true,
                        "enabled_for_template_deployment": null,
                        "location": "westeurope",
                        "name": "examplekeyvault",
                        "public_network_access_enabled": true,
                        "purge_protection_enabled": false,
                        "resource_group_name": "ExampleResourceGroup",
                        "sku_name": "standard",
                        "soft_delete_retention_days": 7,
                        "tags": null,
                        "tenant_id": "fabb61b8-3afe-4e75-b934-a47f782b8cd7",
                        "timeouts": null
                    },
                    "sensitive_values": {
                        "access_policy": [
                            {
                                "key_permissions": [
                                    false
                                ],
                                "secret_permissions": [
                                    false
                                ],
                                "storage_permissions": [
                                    false
                                ]
                            }
                        ],
                        "contact": [],
                        "network_acls": []
                    }
                },
                {
                    "address": "azurerm_key_vault_key.example",
                    "mode": "managed",
                    "type": "azurerm_key_vault_key",
                    "name": "example",
                    "provider_name": "registry.terraform.io/hashicorp/azurerm",
                    "schema_version": 0,
                    "values": {
                        "expiration_date": null,
                        "key_opts": [
                            "decrypt",
                            "encrypt",
                            "sign",
                            "unwrapKey",
                            "verify",
                            "wrapKey"
                        ],
                        "key_size": null,
                        "key_type": "RSA",
                        "name": "generated-certificate",
                        "not_before_date": null,
                        "rotation_policy": [],
                        "tags": null,
                        "timeouts": null
                    },
                    "sensitive_values": {
                        "key_opts": [
                            false,
                            false,
                            false,
                            false,
                            false,
                            false
                        ],
                        "rotation_policy": []
                    }
                },
                {
                    "address": "azurerm_mysql_flexible_server.negative",
                    "mode": "managed",
                    "type": "azurerm_mysql_flexible_server",
                    "name": "negative",
                    "provider_name": "registry.terraform.io/hashicorp/azurerm",
                    "schema_version": 0,
                    "values": {
                        "administrator_login": "sqladmin",
                        "administrator_password": "V@hS1YoE3!",
                        "backup_retention_days": 7,
                        "create_mode": null,
                        "customer_managed_key": [],
                        "delegated_subnet_id": null,
                        "geo_redundant_backup_enabled": false,
                        "high_availability": [],
                        "identity": [],
                        "location": "westeurope",
                        "maintenance_window": [],
                        "name": "example-mysql-fs",
                        "point_in_time_restore_time_in_utc": null,
                        "private_dns_zone_id": null,
                        "resource_group_name": "ExampleResourceGroup",
                        "sku_name": "GP_Standard_D2ds_v4",
                        "source_server_id": null,
                        "tags": null,
                        "timeouts": null,
                        "zone": null
                    },
                    "sensitive_values": {
                        "customer_managed_key": [],
                        "high_availability": [],
                        "identity": [],
                        "maintenance_window": [],
                        "storage": []
                    }
                },
                {
                    "address": "azurerm_resource_group.example",
                    "mode": "managed",
                    "type": "azurerm_resource_group",
                    "name": "example",
                    "provider_name": "registry.terraform.io/hashicorp/azurerm",
                    "schema_version": 0,
                    "values": {
                        "location": "westeurope",
                        "managed_by": null,
                        "name": "ExampleResourceGroup",
                        "tags": null,
                        "timeouts": null
                    },
                    "sensitive_values": {}
                }
            ]
        }
    },
    "resource_changes": [
        {
            "address": "azurerm_key_vault.example",
            "mode": "managed",
            "type": "azurerm_key_vault",
            "name": "example",
            "provider_name": "registry.terraform.io/hashicorp/azurerm",
            "change": {
                "actions": [
                    "create"
                ],
                "before": null,
                "after": {
                    "access_policy": [
                        {
                            "application_id": null,
                            "certificate_permissions": null,
                            "key_permissions": [
                                "Get"
                            ],
                            "object_id": "3934304b-bbed-4260-9183-a09d07cf3155",
                            "secret_permissions": [
                                "Get"
                            ],
                            "storage_permissions": [
                                "Get"
                            ],
                            "tenant_id": "fabb61b8-3afe-4e75-b934-a47f782b8cd7"
                        }
                    ],
                    "enable_rbac_authorization": null,
                    "enabled_for_deployment": null,
                    "enabled_for_disk_encryption": true,
                    "enabled_for_template_deployment": null,
                    "location": "westeurope",
                    "name": "examplekeyvault",
                    "public_network_access_enabled": true,
                    "purge_protection_enabled": false,
                    "resource_group_name": "ExampleResourceGroup",
                    "sku_name": "standard",
                    "soft_delete_retention_days": 7,
                    "tags": null,
                    "tenant_id": "fabb61b8-3afe-4e75-b934-a47f782b8cd7",
                    "timeouts": null
                },
                "after_unknown": {
                    "access_policy": [
                        {
                            "key_permissions": [
                                false
                            ],
                            "secret_permissions": [
                                false
                            ],
                            "storage_permissions": [
                                false
                            ]
                        }
                    ],
                    "contact": true,
                    "id": true,
                    "network_acls": true,
                    "vault_uri": true
                },
                "before_sensitive": false,
                "after_sensitive": {
                    "access_policy": [
                        {
                            "key_permissions": [
                                false
                            ],
                            "secret_permissions": [
                                false
                            ],
                            "storage_permissions": [
                                false
                            ]
                        }
                    ],
                    "contact": [],
                    "network_acls": []
                }
            }
        },
        {
            "address": "azurerm_key_vault_key.example",
            "mode": "managed",
            "type": "azurerm_key_vault_key",
            "name": "example",
            "provider_name": "registry.terraform.io/hashicorp/azurerm",
            "change": {
                "actions": [
                    "create"
                ],
                "before": null,
                "after": {
                    "expiration_date": null,
                    "key_opts": [
                        "decrypt",
                        "encrypt",
                        "sign",
                        "unwrapKey",
                        "verify",
                        "wrapKey"
                    ],
                    "key_size": null,
                    "key_type": "RSA",
                    "name": "generated-certificate",
                    "not_before_date": null,
                    "rotation_policy": [],
                    "tags": null,
                    "timeouts": null
                },
                "after_unknown": {
                    "curve": true,
                    "e": true,
                    "id": true,
                    "key_opts": [
                        false,
                        false,
                        false,
                        false,
                        false,
                        false
                    ],
                    "key_vault_id": true,
                    "n": true,
                    "public_key_openssh": true,
                    "public_key_pem": true,
                    "resource_id": true,
                    "resource_versionless_id": true,
                    "rotation_policy": [],
                    "version": true,
                    "versionless_id": true,
                    "x": true,
                    "y": true
                },
                "before_sensitive": false,
                "after_sensitive": {
                    "key_opts": [
                        false,
                        false,
                        false,
                        false,
                        false,
                        false
                    ],
                    "rotation_policy": []
                }
            }
        },
        {
            "address": "azurerm_mysql_flexible_server.negative",
            "mode": "managed",
            "type": "azurerm_mysql_flexible_server",
            "name": "negative",
            "provider_name": "registry.terraform.io/hashicorp/azurerm",
            "change": {
                "actions": [
                    "create"
                ],
                "before": null,
                "after": {
                    "administrator_login": "sqladmin",
                    "administrator_password": "V@hS1YoE3!",
                    "backup_retention_days": 7,
                    "create_mode": null,
                    "customer_managed_key": [],
                    "delegated_subnet_id": null,
                    "geo_redundant_backup_enabled": false,
                    "high_availability": [],
                    "identity": [],
                    "location": "westeurope",
                    "maintenance_window": [],
                    "name": "example-mysql-fs",
                    "point_in_time_restore_time_in_utc": null,
                    "private_dns_zone_id": null,
                    "resource_group_name": "ExampleResourceGroup",
                    "sku_name": "GP_Standard_D2ds_v4",
                    "source_server_id": null,
                    "tags": null,
                    "timeouts": null,
                    "zone": null
                },
                "after_unknown": {
                    "customer_managed_key": [],
                    "fqdn": true,
                    "high_availability": [],
                    "id": true,
                    "identity": [],
                    "maintenance_window": [],
                    "public_network_access_enabled": true,
                    "replica_capacity": true,
                    "replication_role": true,
                    "storage": true,
                    "version": true
                },
                "before_sensitive": false,
                "after_sensitive": {
                    "administrator_password": true,
                    "customer_managed_key": [],
                    "high_availability": [],
                    "identity": [],
                    "maintenance_window": [],
                    "storage": []
                }
            }
        },
        {
            "address": "azurerm_resource_group.example",
            "mode": "managed",
            "type": "azurerm_resource_group",
            "name": "example",
            "provider_name": "registry.terraform.io/hashicorp/azurerm",
            "change": {
                "actions": [
                    "create"
                ],
                "before": null,
                "after": {
                    "location": "westeurope",
                    "managed_by": null,
                    "name": "ExampleResourceGroup",
                    "tags": null,
                    "timeouts": null
                },
                "after_unknown": {
                    "id": true
                },
                "before_sensitive": false,
                "after_sensitive": {}
            }
        }
    ],
    "prior_state": {
        "format_version": "1.0",
        "terraform_version": "1.7.5",
        "values": {
            "root_module": {
                "resources": [
                    {
                        "address": "data.azurerm_client_config.current",
                        "mode": "data",
                        "type": "azurerm_client_config",
                        "name": "current",
                        "provider_name": "registry.terraform.io/hashicorp/azurerm",
                        "schema_version": 0,
                        "values": {
                            "client_id": "04b07795-8ddb-461a-bbee-02f9e1bf7b46",
                            "id": "Y2xpZW50Q29uZmlncy9jbGllbnRJZD0wNGIwNzc5NS04ZGRiLTQ2MWEtYmJlZS0wMmY5ZTFiZjdiNDY7b2JqZWN0SWQ9MzkzNDMwNGItYmJlZC00MjYwLTkxODMtYTA5ZDA3Y2YzMTU1O3N1YnNjcmlwdGlvbklkPWVjOGRjNjE4LTQ2ZGQtNDNlMi04NTA2LTMwMDdmMzA0ZDg4NDt0ZW5hbnRJZD1mYWJiNjFiOC0zYWZlLTRlNzUtYjkzNC1hNDdmNzgyYjhjZDc=",
                            "object_id": "3934304b-bbed-4260-9183-a09d07cf3155",
                            "subscription_id": "ec8dc618-46dd-43e2-8506-3007f304d884",
                            "tenant_id": "fabb61b8-3afe-4e75-b934-a47f782b8cd7",
                            "timeouts": null
                        },
                        "sensitive_values": {}
                    }
                ]
            }
        }
    },
    "configuration": {
        "provider_config": {
            "azurerm": {
                "name": "azurerm",
                "full_name": "registry.terraform.io/hashicorp/azurerm",
                "version_constraint": "3.117.0",
                "expressions": {
                    "features": [
                        {}
                    ]
                }
            }
        },
        "root_module": {
            "resources": [
                {
                    "address": "azurerm_key_vault.example",
                    "mode": "managed",
                    "type": "azurerm_key_vault",
                    "name": "example",
                    "provider_config_key": "azurerm",
                    "expressions": {
                        "access_policy": {
                            "references": [
                                "data.azurerm_client_config.current.object_id",
                                "data.azurerm_client_config.current",
                                "data.azurerm_client_config.current.tenant_id",
                                "data.azurerm_client_config.current"
                            ]
                        },
                        "enabled_for_disk_encryption": {
                            "constant_value": true
                        },
                        "location": {
                            "references": [
                                "azurerm_resource_group.example.location",
                                "azurerm_resource_group.example"
                            ]
                        },
                        "name": {
                            "constant_value": "examplekeyvault"
                        },
                        "purge_protection_enabled": {
                            "constant_value": false
                        },
                        "resource_group_name": {
                            "references": [
                                "azurerm_resource_group.example.name",
                                "azurerm_resource_group.example"
                            ]
                        },
                        "sku_name": {
                            "constant_value": "standard"
                        },
                        "soft_delete_retention_days": {
                            "constant_value": 7
                        },
                        "tenant_id": {
                            "references": [
                                "data.azurerm_client_config.current.tenant_id",
                                "data.azurerm_client_config.current"
                            ]
                        }
                    },
                    "schema_version": 2
                },
                {
                    "address": "azurerm_key_vault_key.example",
                    "mode": "managed",
                    "type": "azurerm_key_vault_key",
                    "name": "example",
                    "provider_config_key": "azurerm",
                    "expressions": {
                        "key_opts": {
                            "constant_value": [
                                "decrypt",
                                "encrypt",
                                "sign",
                                "unwrapKey",
                                "verify",
                                "wrapKey"
                            ]
                        },
                        "key_type": {
                            "constant_value": "RSA"
                        },
                        "key_vault_id": {
                            "references": [
                                "azurerm_key_vault.example.id",
                                "azurerm_key_vault.example"
                            ]
                        },
                        "name": {
                            "constant_value": "generated-certificate"
                        }
                    },
                    "schema_version": 0
                },
                {
                    "address": "azurerm_mysql_flexible_server.negative",
                    "mode": "managed",
                    "type": "azurerm_mysql_flexible_server",
                    "name": "negative",
                    "provider_config_key": "azurerm",
                    "expressions": {
                        "administrator_login": {
                            "constant_value": "sqladmin"
                        },
                        "administrator_password": {
                            "constant_value": "V@hS1YoE3!"
                        },
                        "backup_retention_days": {
                            "constant_value": 7
                        },
                        "location": {
                            "references": [
                                "azurerm_resource_group.example.location",
                                "azurerm_resource_group.example"
                            ]
                        },
                        "name": {
                            "constant_value": "example-mysql-fs"
                        },
                        "resource_group_name": {
                            "references": [
                                "azurerm_resource_group.example.name",
                                "azurerm_resource_group.example"
                            ]
                        },
                        "sku_name": {
                            "constant_value": "GP_Standard_D2ds_v4"
                        }
                    },
                    "schema_version": 0
                },
                {
                    "address": "azurerm_resource_group.example",
                    "mode": "managed",
                    "type": "azurerm_resource_group",
                    "name": "example",
                    "provider_config_key": "azurerm",
                    "expressions": {
                        "location": {
                            "constant_value": "West Europe"
                        },
                        "name": {
                            "constant_value": "ExampleResourceGroup"
                        }
                    },
                    "schema_version": 0
                },
                {
                    "address": "data.azurerm_client_config.current",
                    "mode": "data",
                    "type": "azurerm_client_config",
                    "name": "current",
                    "provider_config_key": "azurerm",
                    "schema_version": 0
                }
            ]
        }
    },
    "relevant_attributes": [
        {
            "resource": "azurerm_key_vault.example",
            "attribute": [
                "id"
            ]
        },
        {
            "resource": "azurerm_resource_group.example",
            "attribute": [
                "location"
            ]
        },
        {
            "resource": "azurerm_resource_group.example",
            "attribute": [
                "name"
            ]
        },
        {
            "resource": "data.azurerm_client_config.current",
            "attribute": [
                "tenant_id"
            ]
        },
        {
            "resource": "data.azurerm_client_config.current",
            "attribute": [
                "object_id"
            ]
        }
    ],
    "timestamp": "2025-02-11T21:34:27Z",
    "errored": false
}