{
    "format_version": "1.2",
    "terraform_version": "1.7.5",
    "planned_values": {
        "root_module": {
            "resources": [
                {
                    "address": "azurerm_data_factory.example",
                    "mode": "managed",
                    "type": "azurerm_data_factory",
                    "name": "example",
                    "provider_name": "registry.terraform.io/hashicorp/azurerm",
                    "schema_version": 2,
                    "values": {
                        "customer_managed_key_id": null,
                        "customer_managed_key_identity_id": null,
                        "github_configuration": [],
                        "global_parameter": [],
                        "identity": [],
                        "location": "eastus",
                        "managed_virtual_network_enabled": null,
                        "name": "test-azurerm-data-factory-service",
                        "public_network_enabled": false,
                        "purview_id": null,
                        "resource_group_name": "test-resource-group-1",
                        "tags": {
                            "costcenter": "02045",
                            "dataclassification": "confidential",
                            "environmenttype": "dev",
                            "itpmid": "12345",
                            "sharedemailaddress": "CloudSecurityServices@cvshealth.com"
                        },
                        "timeouts": null,
                        "vsts_configuration": []
                    },
                    "sensitive_values": {
                        "github_configuration": [],
                        "global_parameter": [],
                        "identity": [],
                        "tags": {},
                        "vsts_configuration": []
                    }
                },
                {
                    "address": "azurerm_resource_group.example",
                    "mode": "managed",
                    "type": "azurerm_resource_group",
                    "name": "example",
                    "provider_name": "registry.terraform.io/hashicorp/azurerm",
                    "schema_version": 0,
                    "values": {
                        "location": "eastus",
                        "managed_by": null,
                        "name": "test-resource-group-1",
                        "tags": null,
                        "timeouts": null
                    },
                    "sensitive_values": {}
                },
                {
                    "address": "azurerm_subnet.endpoint",
                    "mode": "managed",
                    "type": "azurerm_subnet",
                    "name": "endpoint",
                    "provider_name": "registry.terraform.io/hashicorp/azurerm",
                    "schema_version": 0,
                    "values": {
                        "address_prefixes": [
                            "10.0.1.0/24"
                        ],
                        "default_outbound_access_enabled": true,
                        "delegation": [],
                        "name": "endpoint",
                        "resource_group_name": "test-resource-group-1",
                        "service_endpoint_policy_ids": null,
                        "service_endpoints": null,
                        "timeouts": null,
                        "virtual_network_name": "virtnetname"
                    },
                    "sensitive_values": {
                        "address_prefixes": [
                            false
                        ],
                        "delegation": []
                    }
                },
                {
                    "address": "azurerm_virtual_network.example",
                    "mode": "managed",
                    "type": "azurerm_virtual_network",
                    "name": "example",
                    "provider_name": "registry.terraform.io/hashicorp/azurerm",
                    "schema_version": 0,
                    "values": {
                        "address_space": [
                            "10.0.0.0/16"
                        ],
                        "bgp_community": null,
                        "ddos_protection_plan": [],
                        "edge_zone": null,
                        "encryption": [],
                        "flow_timeout_in_minutes": null,
                        "location": "eastus",
                        "name": "virtnetname",
                        "resource_group_name": "test-resource-group-1",
                        "tags": null,
                        "timeouts": null
                    },
                    "sensitive_values": {
                        "address_space": [
                            false
                        ],
                        "ddos_protection_plan": [],
                        "dns_servers": [],
                        "encryption": [],
                        "subnet": []
                    }
                }
            ]
        }
    },
    "resource_changes": [
        {
            "address": "azurerm_data_factory.example",
            "mode": "managed",
            "type": "azurerm_data_factory",
            "name": "example",
            "provider_name": "registry.terraform.io/hashicorp/azurerm",
            "change": {
                "actions": [
                    "create"
                ],
                "before": null,
                "after": {
                    "customer_managed_key_id": null,
                    "customer_managed_key_identity_id": null,
                    "github_configuration": [],
                    "global_parameter": [],
                    "identity": [],
                    "location": "eastus",
                    "managed_virtual_network_enabled": null,
                    "name": "test-azurerm-data-factory-service",
                    "public_network_enabled": false,
                    "purview_id": null,
                    "resource_group_name": "test-resource-group-1",
                    "tags": {
                        "costcenter": "02045",
                        "dataclassification": "confidential",
                        "environmenttype": "dev",
                        "itpmid": "12345",
                        "sharedemailaddress": "CloudSecurityServices@cvshealth.com"
                    },
                    "timeouts": null,
                    "vsts_configuration": []
                },
                "after_unknown": {
                    "github_configuration": [],
                    "global_parameter": [],
                    "id": true,
                    "identity": [],
                    "tags": {},
                    "vsts_configuration": []
                },
                "before_sensitive": false,
                "after_sensitive": {
                    "github_configuration": [],
                    "global_parameter": [],
                    "identity": [],
                    "tags": {},
                    "vsts_configuration": []
                }
            }
        },
        {
            "address": "azurerm_resource_group.example",
            "mode": "managed",
            "type": "azurerm_resource_group",
            "name": "example",
            "provider_name": "registry.terraform.io/hashicorp/azurerm",
            "change": {
                "actions": [
                    "create"
                ],
                "before": null,
                "after": {
                    "location": "eastus",
                    "managed_by": null,
                    "name": "test-resource-group-1",
                    "tags": null,
                    "timeouts": null
                },
                "after_unknown": {
                    "id": true
                },
                "before_sensitive": false,
                "after_sensitive": {}
            }
        },
        {
            "address": "azurerm_subnet.endpoint",
            "mode": "managed",
            "type": "azurerm_subnet",
            "name": "endpoint",
            "provider_name": "registry.terraform.io/hashicorp/azurerm",
            "change": {
                "actions": [
                    "create"
                ],
                "before": null,
                "after": {
                    "address_prefixes": [
                        "10.0.1.0/24"
                    ],
                    "default_outbound_access_enabled": true,
                    "delegation": [],
                    "name": "endpoint",
                    "resource_group_name": "test-resource-group-1",
                    "service_endpoint_policy_ids": null,
                    "service_endpoints": null,
                    "timeouts": null,
                    "virtual_network_name": "virtnetname"
                },
                "after_unknown": {
                    "address_prefixes": [
                        false
                    ],
                    "delegation": [],
                    "enforce_private_link_endpoint_network_policies": true,
                    "enforce_private_link_service_network_policies": true,
                    "id": true,
                    "private_endpoint_network_policies": true,
                    "private_endpoint_network_policies_enabled": true,
                    "private_link_service_network_policies_enabled": true
                },
                "before_sensitive": false,
                "after_sensitive": {
                    "address_prefixes": [
                        false
                    ],
                    "delegation": []
                }
            }
        },
        {
            "address": "azurerm_virtual_network.example",
            "mode": "managed",
            "type": "azurerm_virtual_network",
            "name": "example",
            "provider_name": "registry.terraform.io/hashicorp/azurerm",
            "change": {
                "actions": [
                    "create"
                ],
                "before": null,
                "after": {
                    "address_space": [
                        "10.0.0.0/16"
                    ],
                    "bgp_community": null,
                    "ddos_protection_plan": [],
                    "edge_zone": null,
                    "encryption": [],
                    "flow_timeout_in_minutes": null,
                    "location": "eastus",
                    "name": "virtnetname",
                    "resource_group_name": "test-resource-group-1",
                    "tags": null,
                    "timeouts": null
                },
                "after_unknown": {
                    "address_space": [
                        false
                    ],
                    "ddos_protection_plan": [],
                    "dns_servers": true,
                    "encryption": [],
                    "guid": true,
                    "id": true,
                    "subnet": true
                },
                "before_sensitive": false,
                "after_sensitive": {
                    "address_space": [
                        false
                    ],
                    "ddos_protection_plan": [],
                    "dns_servers": [],
                    "encryption": [],
                    "subnet": []
                }
            }
        }
    ],
    "configuration": {
        "provider_config": {
            "azurerm": {
                "name": "azurerm",
                "full_name": "registry.terraform.io/hashicorp/azurerm",
                "version_constraint": "3.117.0",
                "expressions": {
                    "features": [
                        {}
                    ]
                }
            }
        },
        "root_module": {
            "resources": [
                {
                    "address": "azurerm_data_factory.example",
                    "mode": "managed",
                    "type": "azurerm_data_factory",
                    "name": "example",
                    "provider_config_key": "azurerm",
                    "expressions": {
                        "location": {
                            "references": [
                                "azurerm_resource_group.example.location",
                                "azurerm_resource_group.example"
                            ]
                        },
                        "name": {
                            "constant_value": "test-azurerm-data-factory-service"
                        },
                        "public_network_enabled": {
                            "constant_value": false
                        },
                        "resource_group_name": {
                            "references": [
                                "azurerm_resource_group.example.name",
                                "azurerm_resource_group.example"
                            ]
                        },
                        "tags": {
                            "constant_value": {
                                "costcenter": "02045",
                                "dataclassification": "confidential",
                                "environmenttype": "dev",
                                "itpmid": "12345",
                                "sharedemailaddress": "CloudSecurityServices@cvshealth.com"
                            }
                        }
                    },
                    "schema_version": 2
                },
                {
                    "address": "azurerm_resource_group.example",
                    "mode": "managed",
                    "type": "azurerm_resource_group",
                    "name": "example",
                    "provider_config_key": "azurerm",
                    "expressions": {
                        "location": {
                            "constant_value": "East US"
                        },
                        "name": {
                            "constant_value": "test-resource-group-1"
                        }
                    },
                    "schema_version": 0
                },
                {
                    "address": "azurerm_subnet.endpoint",
                    "mode": "managed",
                    "type": "azurerm_subnet",
                    "name": "endpoint",
                    "provider_config_key": "azurerm",
                    "expressions": {
                        "address_prefixes": {
                            "constant_value": [
                                "10.0.1.0/24"
                            ]
                        },
                        "name": {
                            "constant_value": "endpoint"
                        },
                        "resource_group_name": {
                            "references": [
                                "azurerm_resource_group.example.name",
                                "azurerm_resource_group.example"
                            ]
                        },
                        "virtual_network_name": {
                            "references": [
                                "azurerm_virtual_network.example.name",
                                "azurerm_virtual_network.example"
                            ]
                        }
                    },
                    "schema_version": 0
                },
                {
                    "address": "azurerm_virtual_network.example",
                    "mode": "managed",
                    "type": "azurerm_virtual_network",
                    "name": "example",
                    "provider_config_key": "azurerm",
                    "expressions": {
                        "address_space": {
                            "constant_value": [
                                "10.0.0.0/16"
                            ]
                        },
                        "location": {
                            "references": [
                                "azurerm_resource_group.example.location",
                                "azurerm_resource_group.example"
                            ]
                        },
                        "name": {
                            "constant_value": "virtnetname"
                        },
                        "resource_group_name": {
                            "references": [
                                "azurerm_resource_group.example.name",
                                "azurerm_resource_group.example"
                            ]
                        }
                    },
                    "schema_version": 0
                }
            ]
        }
    },
    "relevant_attributes": [
        {
            "resource": "azurerm_virtual_network.example",
            "attribute": [
                "name"
            ]
        },
        {
            "resource": "azurerm_resource_group.example",
            "attribute": [
                "name"
            ]
        },
        {
            "resource": "azurerm_resource_group.example",
            "attribute": [
                "location"
            ]
        }
    ],
    "timestamp": "2025-02-11T18:53:10Z",
    "errored": false
}