{
    "format_version": "1.2",
    "terraform_version": "1.7.5",
    "planned_values": {
        "root_module": {
            "resources": [
                {
                    "address": "aws_security_group.security_group",
                    "mode": "managed",
                    "type": "aws_security_group",
                    "name": "security_group",
                    "provider_name": "registry.terraform.io/hashicorp/aws",
                    "schema_version": 1,
                    "values": {
                        "description": "Allow TLS inbound traffic",
                        "egress": [
                            {
                                "cidr_blocks": [
                                    "0.0.0.0/0"
                                ],
                                "description": "",
                                "from_port": 0,
                                "ipv6_cidr_blocks": [],
                                "prefix_list_ids": [],
                                "protocol": "-1",
                                "security_groups": [],
                                "self": false,
                                "to_port": 0
                            }
                        ],
                        "ingress": [
                            {
                                "cidr_blocks": [
                                    "192.120.0.0/16",
                                    "0.0.0.0/0"
                                ],
                                "description": "TLS from VPC",
                                "from_port": 22,
                                "ipv6_cidr_blocks": [],
                                "prefix_list_ids": [],
                                "protocol": "tcp",
                                "security_groups": [],
                                "self": false,
                                "to_port": 22
                            }
                        ],
                        "name": "allow_tls",
                        "region": "us-east-1",
                        "revoke_rules_on_delete": false,
                        "tags": {
                            "Name": "allow_tls"
                        },
                        "tags_all": {
                            "Name": "allow_tls"
                        },
                        "timeouts": null,
                        "vpc_id": "vpc-12345678"
                    },
                    "sensitive_values": {
                        "egress": [
                            {
                                "cidr_blocks": [
                                    false
                                ],
                                "ipv6_cidr_blocks": [],
                                "prefix_list_ids": [],
                                "security_groups": []
                            }
                        ],
                        "ingress": [
                            {
                                "cidr_blocks": [
                                    false,
                                    false
                                ],
                                "ipv6_cidr_blocks": [],
                                "prefix_list_ids": [],
                                "security_groups": []
                            }
                        ],
                        "tags": {},
                        "tags_all": {}
                    }
                }
            ]
        }
    },
    "resource_changes": [
        {
            "address": "aws_security_group.security_group",
            "mode": "managed",
            "type": "aws_security_group",
            "name": "security_group",
            "provider_name": "registry.terraform.io/hashicorp/aws",
            "change": {
                "actions": [
                    "create"
                ],
                "before": null,
                "after": {
                    "description": "Allow TLS inbound traffic",
                    "egress": [
                        {
                            "cidr_blocks": [
                                "0.0.0.0/0"
                            ],
                            "description": "",
                            "from_port": 0,
                            "ipv6_cidr_blocks": [],
                            "prefix_list_ids": [],
                            "protocol": "-1",
                            "security_groups": [],
                            "self": false,
                            "to_port": 0
                        }
                    ],
                    "ingress": [
                        {
                            "cidr_blocks": [
                                "192.120.0.0/16",
                                "0.0.0.0/0"
                            ],
                            "description": "TLS from VPC",
                            "from_port": 22,
                            "ipv6_cidr_blocks": [],
                            "prefix_list_ids": [],
                            "protocol": "tcp",
                            "security_groups": [],
                            "self": false,
                            "to_port": 22
                        }
                    ],
                    "name": "allow_tls",
                    "region": "us-east-1",
                    "revoke_rules_on_delete": false,
                    "tags": {
                        "Name": "allow_tls"
                    },
                    "tags_all": {
                        "Name": "allow_tls"
                    },
                    "timeouts": null,
                    "vpc_id": "vpc-12345678"
                },
                "after_unknown": {
                    "arn": true,
                    "egress": [
                        {
                            "cidr_blocks": [
                                false
                            ],
                            "ipv6_cidr_blocks": [],
                            "prefix_list_ids": [],
                            "security_groups": []
                        }
                    ],
                    "id": true,
                    "ingress": [
                        {
                            "cidr_blocks": [
                                false,
                                false
                            ],
                            "ipv6_cidr_blocks": [],
                            "prefix_list_ids": [],
                            "security_groups": []
                        }
                    ],
                    "name_prefix": true,
                    "owner_id": true,
                    "tags": {},
                    "tags_all": {}
                },
                "before_sensitive": false,
                "after_sensitive": {
                    "egress": [
                        {
                            "cidr_blocks": [
                                false
                            ],
                            "ipv6_cidr_blocks": [],
                            "prefix_list_ids": [],
                            "security_groups": []
                        }
                    ],
                    "ingress": [
                        {
                            "cidr_blocks": [
                                false,
                                false
                            ],
                            "ipv6_cidr_blocks": [],
                            "prefix_list_ids": [],
                            "security_groups": []
                        }
                    ],
                    "tags": {},
                    "tags_all": {}
                }
            }
        }
    ],
    "configuration": {
        "provider_config": {
            "aws": {
                "name": "aws",
                "full_name": "registry.terraform.io/hashicorp/aws",
                "version_constraint": "6.4.0",
                "expressions": {
                    "profile": {
                        "constant_value": "saurabh-eis-dev"
                    },
                    "region": {
                        "constant_value": "us-east-1"
                    }
                }
            }
        },
        "root_module": {
            "resources": [
                {
                    "address": "aws_security_group.security_group",
                    "mode": "managed",
                    "type": "aws_security_group",
                    "name": "security_group",
                    "provider_config_key": "aws",
                    "expressions": {
                        "description": {
                            "constant_value": "Allow TLS inbound traffic"
                        },
                        "egress": {
                            "constant_value": [
                                {
                                    "cidr_blocks": [
                                        "0.0.0.0/0"
                                    ],
                                    "description": null,
                                    "from_port": 0,
                                    "ipv6_cidr_blocks": null,
                                    "prefix_list_ids": null,
                                    "protocol": "-1",
                                    "security_groups": null,
                                    "self": null,
                                    "to_port": 0
                                }
                            ]
                        },
                        "ingress": {
                            "constant_value": [
                                {
                                    "cidr_blocks": [
                                        "192.120.0.0/16",
                                        "0.0.0.0/0"
                                    ],
                                    "description": "TLS from VPC",
                                    "from_port": 22,
                                    "ipv6_cidr_blocks": null,
                                    "prefix_list_ids": null,
                                    "protocol": "tcp",
                                    "security_groups": null,
                                    "self": null,
                                    "to_port": 22
                                }
                            ]
                        },
                        "name": {
                            "constant_value": "allow_tls"
                        },
                        "tags": {
                            "constant_value": {
                                "Name": "allow_tls"
                            }
                        },
                        "vpc_id": {
                            "constant_value": "vpc-12345678"
                        }
                    },
                    "schema_version": 1
                }
            ]
        }
    },
    "timestamp": "2025-08-14T11:09:46Z",
    "errored": false
}