{
    "format_version": "1.2",
    "terraform_version": "1.7.5",
    "planned_values": {
        "root_module": {
            "resources": [
                {
                    "address": "google_kms_crypto_key.cryptokey",
                    "mode": "managed",
                    "type": "google_kms_crypto_key",
                    "name": "cryptokey",
                    "provider_name": "registry.terraform.io/hashicorp/google",
                    "schema_version": 1,
                    "values": {
                        "effective_labels": {
                            "goog-terraform-provisioned": "true"
                        },
                        "labels": null,
                        "name": "crypto-key-example",
                        "purpose": "ENCRYPT_DECRYPT",
                        "rotation_period": "7776000s",
                        "skip_initial_version_creation": null,
                        "terraform_labels": {
                            "goog-terraform-provisioned": "true"
                        },
                        "timeouts": null
                    },
                    "sensitive_values": {
                        "effective_labels": {},
                        "primary": [],
                        "terraform_labels": {},
                        "version_template": []
                    }
                },
                {
                    "address": "google_kms_crypto_key_version.example-key",
                    "mode": "managed",
                    "type": "google_kms_crypto_key_version",
                    "name": "example-key",
                    "provider_name": "registry.terraform.io/hashicorp/google",
                    "schema_version": 0,
                    "values": {
                        "external_protection_level_options": [],
                        "state": "ENABLED",
                        "timeouts": null
                    },
                    "sensitive_values": {
                        "attestation": [],
                        "external_protection_level_options": []
                    }
                },
                {
                    "address": "google_kms_key_ring.keyring",
                    "mode": "managed",
                    "type": "google_kms_key_ring",
                    "name": "keyring",
                    "provider_name": "registry.terraform.io/hashicorp/google",
                    "schema_version": 0,
                    "values": {
                        "location": "global",
                        "name": "keyring-example",
                        "project": "security-controls-sandbox",
                        "timeouts": null
                    },
                    "sensitive_values": {}
                }
            ]
        }
    },
    "resource_changes": [
        {
            "address": "google_kms_crypto_key.cryptokey",
            "mode": "managed",
            "type": "google_kms_crypto_key",
            "name": "cryptokey",
            "provider_name": "registry.terraform.io/hashicorp/google",
            "change": {
                "actions": [
                    "create"
                ],
                "before": null,
                "after": {
                    "effective_labels": {
                        "goog-terraform-provisioned": "true"
                    },
                    "labels": null,
                    "name": "crypto-key-example",
                    "purpose": "ENCRYPT_DECRYPT",
                    "rotation_period": "7776000s",
                    "skip_initial_version_creation": null,
                    "terraform_labels": {
                        "goog-terraform-provisioned": "true"
                    },
                    "timeouts": null
                },
                "after_unknown": {
                    "crypto_key_backend": true,
                    "destroy_scheduled_duration": true,
                    "effective_labels": {},
                    "id": true,
                    "import_only": true,
                    "key_ring": true,
                    "primary": true,
                    "terraform_labels": {},
                    "version_template": true
                },
                "before_sensitive": false,
                "after_sensitive": {
                    "effective_labels": {},
                    "primary": [],
                    "terraform_labels": {},
                    "version_template": []
                }
            }
        },
        {
            "address": "google_kms_crypto_key_version.example-key",
            "mode": "managed",
            "type": "google_kms_crypto_key_version",
            "name": "example-key",
            "provider_name": "registry.terraform.io/hashicorp/google",
            "change": {
                "actions": [
                    "create"
                ],
                "before": null,
                "after": {
                    "external_protection_level_options": [],
                    "state": "ENABLED",
                    "timeouts": null
                },
                "after_unknown": {
                    "algorithm": true,
                    "attestation": true,
                    "crypto_key": true,
                    "external_protection_level_options": [],
                    "generate_time": true,
                    "id": true,
                    "name": true,
                    "protection_level": true
                },
                "before_sensitive": false,
                "after_sensitive": {
                    "attestation": [],
                    "external_protection_level_options": []
                }
            }
        },
        {
            "address": "google_kms_key_ring.keyring",
            "mode": "managed",
            "type": "google_kms_key_ring",
            "name": "keyring",
            "provider_name": "registry.terraform.io/hashicorp/google",
            "change": {
                "actions": [
                    "create"
                ],
                "before": null,
                "after": {
                    "location": "global",
                    "name": "keyring-example",
                    "project": "security-controls-sandbox",
                    "timeouts": null
                },
                "after_unknown": {
                    "id": true
                },
                "before_sensitive": false,
                "after_sensitive": {}
            }
        }
    ],
    "configuration": {
        "provider_config": {
            "google": {
                "name": "google",
                "full_name": "registry.terraform.io/hashicorp/google",
                "version_constraint": "6.15.0",
                "expressions": {
                    "project": {
                        "constant_value": "security-controls-sandbox"
                    },
                    "region": {
                        "constant_value": "us-central1"
                    },
                    "zone": {
                        "constant_value": "us-central1-c"
                    }
                }
            }
        },
        "root_module": {
            "resources": [
                {
                    "address": "google_kms_crypto_key.cryptokey",
                    "mode": "managed",
                    "type": "google_kms_crypto_key",
                    "name": "cryptokey",
                    "provider_config_key": "google",
                    "expressions": {
                        "key_ring": {
                            "references": [
                                "google_kms_key_ring.keyring.id",
                                "google_kms_key_ring.keyring"
                            ]
                        },
                        "name": {
                            "constant_value": "crypto-key-example"
                        },
                        "rotation_period": {
                            "constant_value": "7776000s"
                        }
                    },
                    "schema_version": 1
                },
                {
                    "address": "google_kms_crypto_key_version.example-key",
                    "mode": "managed",
                    "type": "google_kms_crypto_key_version",
                    "name": "example-key",
                    "provider_config_key": "google",
                    "expressions": {
                        "crypto_key": {
                            "references": [
                                "google_kms_crypto_key.cryptokey.id",
                                "google_kms_crypto_key.cryptokey"
                            ]
                        },
                        "state": {
                            "constant_value": "ENABLED"
                        }
                    },
                    "schema_version": 0
                },
                {
                    "address": "google_kms_key_ring.keyring",
                    "mode": "managed",
                    "type": "google_kms_key_ring",
                    "name": "keyring",
                    "provider_config_key": "google",
                    "expressions": {
                        "location": {
                            "constant_value": "global"
                        },
                        "name": {
                            "constant_value": "keyring-example"
                        }
                    },
                    "schema_version": 0
                }
            ]
        }
    },
    "relevant_attributes": [
        {
            "resource": "google_kms_key_ring.keyring",
            "attribute": [
                "id"
            ]
        },
        {
            "resource": "google_kms_crypto_key.cryptokey",
            "attribute": [
                "id"
            ]
        }
    ],
    "timestamp": "2025-07-14T18:28:36Z",
    "errored": false
}