{
    "format_version": "1.2",
    "terraform_version": "1.7.5",
    "planned_values": {
        "root_module": {
            "resources": [
                {
                    "address": "azurerm_lb.negative",
                    "mode": "managed",
                    "type": "azurerm_lb",
                    "name": "negative",
                    "provider_name": "registry.terraform.io/hashicorp/azurerm",
                    "schema_version": 0,
                    "values": {
                        "edge_zone": null,
                        "frontend_ip_configuration": [
                            {
                                "name": "PrivateIPConfig",
                                "private_ip_address": "10.0.0.0",
                                "private_ip_address_allocation": "Dynamic",
                                "private_ip_address_version": "IPv4",
                                "zones": null
                            }
                        ],
                        "location": "westeurope",
                        "name": "TestLoadBalancer",
                        "resource_group_name": "LoadBalancerRG",
                        "sku": "Gateway",
                        "sku_tier": "Regional",
                        "tags": {
                            "costcenter": "02045",
                            "dataclassification": "confidential",
                            "environmenttype": "dev",
                            "itpmid": "12345",
                            "sharedemailaddress": "CloudSecurityServices@cvshealth.com"
                        },
                        "timeouts": null
                    },
                    "sensitive_values": {
                        "frontend_ip_configuration": [
                            {
                                "inbound_nat_rules": [],
                                "load_balancer_rules": [],
                                "outbound_rules": []
                            }
                        ],
                        "private_ip_addresses": [],
                        "tags": {}
                    }
                },
                {
                    "address": "azurerm_network_security_group.example",
                    "mode": "managed",
                    "type": "azurerm_network_security_group",
                    "name": "example",
                    "provider_name": "registry.terraform.io/hashicorp/azurerm",
                    "schema_version": 0,
                    "values": {
                        "location": "westeurope",
                        "name": "example-nsg",
                        "resource_group_name": "LoadBalancerRG",
                        "security_rule": [
                            {
                                "access": "Allow",
                                "description": "",
                                "destination_address_prefix": "*",
                                "destination_address_prefixes": [],
                                "destination_application_security_group_ids": [],
                                "destination_port_range": "*",
                                "destination_port_ranges": [],
                                "direction": "Inbound",
                                "name": "test123",
                                "priority": 100,
                                "protocol": "Tcp",
                                "source_address_prefix": "*",
                                "source_address_prefixes": [],
                                "source_application_security_group_ids": [],
                                "source_port_range": "*",
                                "source_port_ranges": []
                            }
                        ],
                        "tags": null,
                        "timeouts": null
                    },
                    "sensitive_values": {
                        "security_rule": [
                            {
                                "destination_address_prefixes": [],
                                "destination_application_security_group_ids": [],
                                "destination_port_ranges": [],
                                "source_address_prefixes": [],
                                "source_application_security_group_ids": [],
                                "source_port_ranges": []
                            }
                        ]
                    }
                },
                {
                    "address": "azurerm_resource_group.example",
                    "mode": "managed",
                    "type": "azurerm_resource_group",
                    "name": "example",
                    "provider_name": "registry.terraform.io/hashicorp/azurerm",
                    "schema_version": 0,
                    "values": {
                        "location": "westeurope",
                        "managed_by": null,
                        "name": "LoadBalancerRG",
                        "tags": null,
                        "timeouts": null
                    },
                    "sensitive_values": {}
                },
                {
                    "address": "azurerm_subnet.example",
                    "mode": "managed",
                    "type": "azurerm_subnet",
                    "name": "example",
                    "provider_name": "registry.terraform.io/hashicorp/azurerm",
                    "schema_version": 0,
                    "values": {
                        "address_prefixes": [
                            "10.0.2.0/24"
                        ],
                        "default_outbound_access_enabled": true,
                        "delegation": [],
                        "name": "frontend",
                        "resource_group_name": "LoadBalancerRG",
                        "service_endpoint_policy_ids": null,
                        "service_endpoints": null,
                        "timeouts": null,
                        "virtual_network_name": "example-network"
                    },
                    "sensitive_values": {
                        "address_prefixes": [
                            false
                        ],
                        "delegation": []
                    }
                },
                {
                    "address": "azurerm_subnet_network_security_group_association.example",
                    "mode": "managed",
                    "type": "azurerm_subnet_network_security_group_association",
                    "name": "example",
                    "provider_name": "registry.terraform.io/hashicorp/azurerm",
                    "schema_version": 0,
                    "values": {
                        "timeouts": null
                    },
                    "sensitive_values": {}
                },
                {
                    "address": "azurerm_virtual_network.example",
                    "mode": "managed",
                    "type": "azurerm_virtual_network",
                    "name": "example",
                    "provider_name": "registry.terraform.io/hashicorp/azurerm",
                    "schema_version": 0,
                    "values": {
                        "address_space": [
                            "10.0.0.0/16"
                        ],
                        "bgp_community": null,
                        "ddos_protection_plan": [],
                        "edge_zone": null,
                        "encryption": [],
                        "flow_timeout_in_minutes": null,
                        "location": "westeurope",
                        "name": "example-network",
                        "resource_group_name": "LoadBalancerRG",
                        "tags": null,
                        "timeouts": null
                    },
                    "sensitive_values": {
                        "address_space": [
                            false
                        ],
                        "ddos_protection_plan": [],
                        "dns_servers": [],
                        "encryption": [],
                        "subnet": []
                    }
                }
            ]
        }
    },
    "resource_changes": [
        {
            "address": "azurerm_lb.negative",
            "mode": "managed",
            "type": "azurerm_lb",
            "name": "negative",
            "provider_name": "registry.terraform.io/hashicorp/azurerm",
            "change": {
                "actions": [
                    "create"
                ],
                "before": null,
                "after": {
                    "edge_zone": null,
                    "frontend_ip_configuration": [
                        {
                            "name": "PrivateIPConfig",
                            "private_ip_address": "10.0.0.0",
                            "private_ip_address_allocation": "Dynamic",
                            "private_ip_address_version": "IPv4",
                            "zones": null
                        }
                    ],
                    "location": "westeurope",
                    "name": "TestLoadBalancer",
                    "resource_group_name": "LoadBalancerRG",
                    "sku": "Standard",
                    "sku_tier": "Regional",
                    "tags": {
                        "costcenter": "02045",
                        "dataclassification": "confidential",
                        "environmenttype": "dev",
                        "itpmid": "12345",
                        "sharedemailaddress": "CloudSecurityServices@cvshealth.com"
                    },
                    "timeouts": null
                },
                "after_unknown": {
                    "frontend_ip_configuration": [
                        {
                            "gateway_load_balancer_frontend_ip_configuration_id": true,
                            "id": true,
                            "inbound_nat_rules": true,
                            "load_balancer_rules": true,
                            "outbound_rules": true,
                            "public_ip_address_id": true,
                            "public_ip_prefix_id": true,
                            "subnet_id": true
                        }
                    ],
                    "id": true,
                    "private_ip_address": true,
                    "private_ip_addresses": true,
                    "tags": {}
                },
                "before_sensitive": false,
                "after_sensitive": {
                    "frontend_ip_configuration": [
                        {
                            "inbound_nat_rules": [],
                            "load_balancer_rules": [],
                            "outbound_rules": []
                        }
                    ],
                    "private_ip_addresses": [],
                    "tags": {}
                }
            }
        },
        {
            "address": "azurerm_network_security_group.example",
            "mode": "managed",
            "type": "azurerm_network_security_group",
            "name": "example",
            "provider_name": "registry.terraform.io/hashicorp/azurerm",
            "change": {
                "actions": [
                    "create"
                ],
                "before": null,
                "after": {
                    "location": "westeurope",
                    "name": "example-nsg",
                    "resource_group_name": "LoadBalancerRG",
                    "security_rule": [
                        {
                            "access": "Allow",
                            "description": "",
                            "destination_address_prefix": "*",
                            "destination_address_prefixes": [],
                            "destination_application_security_group_ids": [],
                            "destination_port_range": "*",
                            "destination_port_ranges": [],
                            "direction": "Inbound",
                            "name": "test123",
                            "priority": 100,
                            "protocol": "Tcp",
                            "source_address_prefix": "*",
                            "source_address_prefixes": [],
                            "source_application_security_group_ids": [],
                            "source_port_range": "*",
                            "source_port_ranges": []
                        }
                    ],
                    "tags": null,
                    "timeouts": null
                },
                "after_unknown": {
                    "id": true,
                    "security_rule": [
                        {
                            "destination_address_prefixes": [],
                            "destination_application_security_group_ids": [],
                            "destination_port_ranges": [],
                            "source_address_prefixes": [],
                            "source_application_security_group_ids": [],
                            "source_port_ranges": []
                        }
                    ]
                },
                "before_sensitive": false,
                "after_sensitive": {
                    "security_rule": [
                        {
                            "destination_address_prefixes": [],
                            "destination_application_security_group_ids": [],
                            "destination_port_ranges": [],
                            "source_address_prefixes": [],
                            "source_application_security_group_ids": [],
                            "source_port_ranges": []
                        }
                    ]
                }
            }
        },
        {
            "address": "azurerm_resource_group.example",
            "mode": "managed",
            "type": "azurerm_resource_group",
            "name": "example",
            "provider_name": "registry.terraform.io/hashicorp/azurerm",
            "change": {
                "actions": [
                    "create"
                ],
                "before": null,
                "after": {
                    "location": "westeurope",
                    "managed_by": null,
                    "name": "LoadBalancerRG",
                    "tags": null,
                    "timeouts": null
                },
                "after_unknown": {
                    "id": true
                },
                "before_sensitive": false,
                "after_sensitive": {}
            }
        },
        {
            "address": "azurerm_subnet.example",
            "mode": "managed",
            "type": "azurerm_subnet",
            "name": "example",
            "provider_name": "registry.terraform.io/hashicorp/azurerm",
            "change": {
                "actions": [
                    "create"
                ],
                "before": null,
                "after": {
                    "address_prefixes": [
                        "10.0.2.0/24"
                    ],
                    "default_outbound_access_enabled": true,
                    "delegation": [],
                    "name": "frontend",
                    "resource_group_name": "LoadBalancerRG",
                    "service_endpoint_policy_ids": null,
                    "service_endpoints": null,
                    "timeouts": null,
                    "virtual_network_name": "example-network"
                },
                "after_unknown": {
                    "address_prefixes": [
                        false
                    ],
                    "delegation": [],
                    "enforce_private_link_endpoint_network_policies": true,
                    "enforce_private_link_service_network_policies": true,
                    "id": true,
                    "private_endpoint_network_policies": true,
                    "private_endpoint_network_policies_enabled": true,
                    "private_link_service_network_policies_enabled": true
                },
                "before_sensitive": false,
                "after_sensitive": {
                    "address_prefixes": [
                        false
                    ],
                    "delegation": []
                }
            }
        },
        {
            "address": "azurerm_subnet_network_security_group_association.example",
            "mode": "managed",
            "type": "azurerm_subnet_network_security_group_association",
            "name": "example",
            "provider_name": "registry.terraform.io/hashicorp/azurerm",
            "change": {
                "actions": [
                    "create"
                ],
                "before": null,
                "after": {
                    "timeouts": null
                },
                "after_unknown": {
                    "id": true,
                    "network_security_group_id": true,
                    "subnet_id": true
                },
                "before_sensitive": false,
                "after_sensitive": {}
            }
        },
        {
            "address": "azurerm_virtual_network.example",
            "mode": "managed",
            "type": "azurerm_virtual_network",
            "name": "example",
            "provider_name": "registry.terraform.io/hashicorp/azurerm",
            "change": {
                "actions": [
                    "create"
                ],
                "before": null,
                "after": {
                    "address_space": [
                        "10.0.0.0/16"
                    ],
                    "bgp_community": null,
                    "ddos_protection_plan": [],
                    "edge_zone": null,
                    "encryption": [],
                    "flow_timeout_in_minutes": null,
                    "location": "westeurope",
                    "name": "example-network",
                    "resource_group_name": "LoadBalancerRG",
                    "tags": null,
                    "timeouts": null
                },
                "after_unknown": {
                    "address_space": [
                        false
                    ],
                    "ddos_protection_plan": [],
                    "dns_servers": true,
                    "encryption": [],
                    "guid": true,
                    "id": true,
                    "subnet": true
                },
                "before_sensitive": false,
                "after_sensitive": {
                    "address_space": [
                        false
                    ],
                    "ddos_protection_plan": [],
                    "dns_servers": [],
                    "encryption": [],
                    "subnet": []
                }
            }
        }
    ],
    "configuration": {
        "provider_config": {
            "azurerm": {
                "name": "azurerm",
                "full_name": "registry.terraform.io/hashicorp/azurerm",
                "version_constraint": "3.117.0",
                "expressions": {
                    "features": [
                        {}
                    ]
                }
            }
        },
        "root_module": {
            "resources": [
                {
                    "address": "azurerm_lb.negative",
                    "mode": "managed",
                    "type": "azurerm_lb",
                    "name": "negative",
                    "provider_config_key": "azurerm",
                    "expressions": {
                        "frontend_ip_configuration": [
                            {
                                "name": {
                                    "constant_value": "PrivateIPConfig"
                                },
                                "private_ip_address": {
                                    "constant_value": "10.0.0.0"
                                },
                                "private_ip_address_allocation": {
                                    "constant_value": "Dynamic"
                                },
                                "private_ip_address_version": {
                                    "constant_value": "IPv4"
                                },
                                "subnet_id": {
                                    "references": [
                                        "azurerm_subnet_network_security_group_association.example.subnet_id",
                                        "azurerm_subnet_network_security_group_association.example"
                                    ]
                                }
                            }
                        ],
                        "location": {
                            "references": [
                                "azurerm_resource_group.example.location",
                                "azurerm_resource_group.example"
                            ]
                        },
                        "name": {
                            "constant_value": "TestLoadBalancer"
                        },
                        "resource_group_name": {
                            "references": [
                                "azurerm_resource_group.example.name",
                                "azurerm_resource_group.example"
                            ]
                        },
                        "sku": {
                            "constant_value": "Standard"
                        },
                        "tags": {
                            "constant_value": {
                                "costcenter": "02045",
                                "dataclassification": "confidential",
                                "environmenttype": "dev",
                                "itpmid": "12345",
                                "sharedemailaddress": "CloudSecurityServices@cvshealth.com"
                            }
                        }
                    },
                    "schema_version": 0
                },
                {
                    "address": "azurerm_network_security_group.example",
                    "mode": "managed",
                    "type": "azurerm_network_security_group",
                    "name": "example",
                    "provider_config_key": "azurerm",
                    "expressions": {
                        "location": {
                            "references": [
                                "azurerm_resource_group.example.location",
                                "azurerm_resource_group.example"
                            ]
                        },
                        "name": {
                            "constant_value": "example-nsg"
                        },
                        "resource_group_name": {
                            "references": [
                                "azurerm_resource_group.example.name",
                                "azurerm_resource_group.example"
                            ]
                        },
                        "security_rule": {
                            "constant_value": [
                                {
                                    "access": "Allow",
                                    "description": null,
                                    "destination_address_prefix": "*",
                                    "destination_address_prefixes": null,
                                    "destination_application_security_group_ids": null,
                                    "destination_port_range": "*",
                                    "destination_port_ranges": null,
                                    "direction": "Inbound",
                                    "name": "test123",
                                    "priority": 100,
                                    "protocol": "Tcp",
                                    "source_address_prefix": "*",
                                    "source_address_prefixes": null,
                                    "source_application_security_group_ids": null,
                                    "source_port_range": "*",
                                    "source_port_ranges": null
                                }
                            ]
                        }
                    },
                    "schema_version": 0
                },
                {
                    "address": "azurerm_resource_group.example",
                    "mode": "managed",
                    "type": "azurerm_resource_group",
                    "name": "example",
                    "provider_config_key": "azurerm",
                    "expressions": {
                        "location": {
                            "constant_value": "West Europe"
                        },
                        "name": {
                            "constant_value": "LoadBalancerRG"
                        }
                    },
                    "schema_version": 0
                },
                {
                    "address": "azurerm_subnet.example",
                    "mode": "managed",
                    "type": "azurerm_subnet",
                    "name": "example",
                    "provider_config_key": "azurerm",
                    "expressions": {
                        "address_prefixes": {
                            "constant_value": [
                                "10.0.2.0/24"
                            ]
                        },
                        "name": {
                            "constant_value": "frontend"
                        },
                        "resource_group_name": {
                            "references": [
                                "azurerm_resource_group.example.name",
                                "azurerm_resource_group.example"
                            ]
                        },
                        "virtual_network_name": {
                            "references": [
                                "azurerm_virtual_network.example.name",
                                "azurerm_virtual_network.example"
                            ]
                        }
                    },
                    "schema_version": 0
                },
                {
                    "address": "azurerm_subnet_network_security_group_association.example",
                    "mode": "managed",
                    "type": "azurerm_subnet_network_security_group_association",
                    "name": "example",
                    "provider_config_key": "azurerm",
                    "expressions": {
                        "network_security_group_id": {
                            "references": [
                                "azurerm_network_security_group.example.id",
                                "azurerm_network_security_group.example"
                            ]
                        },
                        "subnet_id": {
                            "references": [
                                "azurerm_subnet.example.id",
                                "azurerm_subnet.example"
                            ]
                        }
                    },
                    "schema_version": 0
                },
                {
                    "address": "azurerm_virtual_network.example",
                    "mode": "managed",
                    "type": "azurerm_virtual_network",
                    "name": "example",
                    "provider_config_key": "azurerm",
                    "expressions": {
                        "address_space": {
                            "constant_value": [
                                "10.0.0.0/16"
                            ]
                        },
                        "location": {
                            "references": [
                                "azurerm_resource_group.example.location",
                                "azurerm_resource_group.example"
                            ]
                        },
                        "name": {
                            "constant_value": "example-network"
                        },
                        "resource_group_name": {
                            "references": [
                                "azurerm_resource_group.example.name",
                                "azurerm_resource_group.example"
                            ]
                        }
                    },
                    "schema_version": 0
                }
            ]
        }
    },
    "relevant_attributes": [
        {
            "resource": "azurerm_subnet_network_security_group_association.example",
            "attribute": [
                "subnet_id"
            ]
        },
        {
            "resource": "azurerm_resource_group.example",
            "attribute": [
                "name"
            ]
        },
        {
            "resource": "azurerm_resource_group.example",
            "attribute": [
                "location"
            ]
        },
        {
            "resource": "azurerm_virtual_network.example",
            "attribute": [
                "name"
            ]
        },
        {
            "resource": "azurerm_network_security_group.example",
            "attribute": [
                "id"
            ]
        },
        {
            "resource": "azurerm_subnet.example",
            "attribute": [
                "id"
            ]
        }
    ],
    "timestamp": "2025-02-10T16:55:25Z",
    "errored": false
}