{
    "format_version": "1.2",
    "terraform_version": "1.7.5",
    "planned_values": {
        "root_module": {
            "resources": [
                {
                    "address": "google_compute_disk.gcp_compute_disk",
                    "mode": "managed",
                    "type": "google_compute_disk",
                    "name": "gcp_compute_disk",
                    "provider_name": "registry.terraform.io/hashicorp/google",
                    "schema_version": 0,
                    "values": {
                        "architecture": null,
                        "async_primary_disk": [],
                        "create_snapshot_before_destroy": false,
                        "create_snapshot_before_destroy_prefix": null,
                        "description": null,
                        "disk_encryption_key": [
                            {
                                "kms_key_self_link": null,
                                "kms_key_service_account": "sample-service-account@gcp-sa-kms.iam.gserviceaccount.com",
                                "raw_key": null,
                                "rsa_encrypted_key": null
                            }
                        ],
                        "effective_labels": {
                            "environment": "dev",
                            "goog-terraform-provisioned": "true"
                        },
                        "image": "debian-11-bullseye-v20220719",
                        "labels": {
                            "environment": "dev"
                        },
                        "name": "gcp-compute-disk",
                        "params": [],
                        "physical_block_size_bytes": 4096,
                        "project": "security-controls-sandbox",
                        "snapshot": null,
                        "source_disk": null,
                        "source_image_encryption_key": [],
                        "source_instant_snapshot": null,
                        "source_snapshot_encryption_key": [],
                        "source_storage_object": null,
                        "storage_pool": null,
                        "terraform_labels": {
                            "environment": "dev",
                            "goog-terraform-provisioned": "true"
                        },
                        "timeouts": null,
                        "type": "pd-ssd",
                        "zone": "us-central1-a"
                    },
                    "sensitive_values": {
                        "async_primary_disk": [],
                        "disk_encryption_key": [
                            {}
                        ],
                        "effective_labels": {},
                        "guest_os_features": [],
                        "labels": {},
                        "licenses": [],
                        "params": [],
                        "source_image_encryption_key": [],
                        "source_snapshot_encryption_key": [],
                        "terraform_labels": {},
                        "users": []
                    }
                }
            ]
        }
    },
    "resource_changes": [
        {
            "address": "google_compute_disk.gcp_compute_disk",
            "mode": "managed",
            "type": "google_compute_disk",
            "name": "gcp_compute_disk",
            "provider_name": "registry.terraform.io/hashicorp/google",
            "change": {
                "actions": [
                    "create"
                ],
                "before": null,
                "after": {
                    "architecture": null,
                    "async_primary_disk": [],
                    "create_snapshot_before_destroy": false,
                    "create_snapshot_before_destroy_prefix": null,
                    "description": null,
                    "disk_encryption_key": [
                        {
                            "kms_key_self_link": null,
                            "kms_key_service_account": "sample-service-account@gcp-sa-kms.iam.gserviceaccount.com",
                            "raw_key": null,
                            "rsa_encrypted_key": null
                        }
                    ],
                    "effective_labels": {
                        "environment": "dev",
                        "goog-terraform-provisioned": "true"
                    },
                    "image": "debian-11-bullseye-v20220719",
                    "labels": {
                        "environment": "dev"
                    },
                    "name": "gcp-compute-disk",
                    "params": [],
                    "physical_block_size_bytes": 4096,
                    "project": "security-controls-sandbox",
                    "snapshot": null,
                    "source_disk": null,
                    "source_image_encryption_key": [],
                    "source_instant_snapshot": null,
                    "source_snapshot_encryption_key": [],
                    "source_storage_object": null,
                    "storage_pool": null,
                    "terraform_labels": {
                        "environment": "dev",
                        "goog-terraform-provisioned": "true"
                    },
                    "timeouts": null,
                    "type": "pd-ssd",
                    "zone": "us-central1-a"
                },
                "after_unknown": {
                    "access_mode": true,
                    "async_primary_disk": [],
                    "creation_timestamp": true,
                    "disk_encryption_key": [
                        {
                            "sha256": true
                        }
                    ],
                    "disk_id": true,
                    "effective_labels": {},
                    "enable_confidential_compute": true,
                    "guest_os_features": true,
                    "id": true,
                    "label_fingerprint": true,
                    "labels": {},
                    "last_attach_timestamp": true,
                    "last_detach_timestamp": true,
                    "licenses": true,
                    "params": [],
                    "provisioned_iops": true,
                    "provisioned_throughput": true,
                    "self_link": true,
                    "size": true,
                    "source_disk_id": true,
                    "source_image_encryption_key": [],
                    "source_image_id": true,
                    "source_instant_snapshot_id": true,
                    "source_snapshot_encryption_key": [],
                    "source_snapshot_id": true,
                    "terraform_labels": {},
                    "users": true
                },
                "before_sensitive": false,
                "after_sensitive": {
                    "async_primary_disk": [],
                    "disk_encryption_key": [
                        {
                            "raw_key": true,
                            "rsa_encrypted_key": true
                        }
                    ],
                    "effective_labels": {},
                    "guest_os_features": [],
                    "labels": {},
                    "licenses": [],
                    "params": [],
                    "source_image_encryption_key": [],
                    "source_snapshot_encryption_key": [],
                    "terraform_labels": {},
                    "users": []
                }
            }
        }
    ],
    "configuration": {
        "provider_config": {
            "google": {
                "name": "google",
                "full_name": "registry.terraform.io/hashicorp/google",
                "version_constraint": "6.35.0",
                "expressions": {
                    "project": {
                        "constant_value": "security-controls-sandbox"
                    },
                    "region": {
                        "constant_value": "us-central1"
                    }
                }
            }
        },
        "root_module": {
            "resources": [
                {
                    "address": "google_compute_disk.gcp_compute_disk",
                    "mode": "managed",
                    "type": "google_compute_disk",
                    "name": "gcp_compute_disk",
                    "provider_config_key": "google",
                    "expressions": {
                        "disk_encryption_key": [
                            {
                                "kms_key_service_account": {
                                    "constant_value": "sample-service-account@gcp-sa-kms.iam.gserviceaccount.com"
                                }
                            }
                        ],
                        "image": {
                            "constant_value": "debian-11-bullseye-v20220719"
                        },
                        "labels": {
                            "constant_value": {
                                "environment": "dev"
                            }
                        },
                        "name": {
                            "constant_value": "gcp-compute-disk"
                        },
                        "physical_block_size_bytes": {
                            "constant_value": 4096
                        },
                        "type": {
                            "constant_value": "pd-ssd"
                        },
                        "zone": {
                            "constant_value": "us-central1-a"
                        }
                    },
                    "schema_version": 0
                }
            ]
        }
    },
    "timestamp": "2025-05-16T14:05:22Z",
    "errored": false
}