{
    "format_version": "1.2",
    "terraform_version": "1.7.5",
    "planned_values": {
        "root_module": {
            "resources": [
                {
                    "address": "azurerm_recovery_services_vault.vault",
                    "mode": "managed",
                    "type": "azurerm_recovery_services_vault",
                    "name": "vault",
                    "provider_name": "registry.terraform.io/hashicorp/azurerm",
                    "schema_version": 0,
                    "values": {
                        "classic_vmware_replication_enabled": null,
                        "cross_region_restore_enabled": false,
                        "encryption": [],
                        "identity": [],
                        "location": "westeurope",
                        "monitoring": [],
                        "name": "example-recovery-vault",
                        "public_network_access_enabled": true,
                        "resource_group_name": "tfex-recovery_vault",
                        "sku": "Standard",
                        "soft_delete_enabled": true,
                        "storage_mode_type": "GeoRedundant",
                        "tags": null,
                        "timeouts": null
                    },
                    "sensitive_values": {
                        "encryption": [],
                        "identity": [],
                        "monitoring": []
                    }
                },
                {
                    "address": "azurerm_resource_group.example",
                    "mode": "managed",
                    "type": "azurerm_resource_group",
                    "name": "example",
                    "provider_name": "registry.terraform.io/hashicorp/azurerm",
                    "schema_version": 0,
                    "values": {
                        "location": "westeurope",
                        "managed_by": null,
                        "name": "tfex-recovery_vault",
                        "tags": null,
                        "timeouts": null
                    },
                    "sensitive_values": {}
                }
            ]
        }
    },
    "resource_changes": [
        {
            "address": "azurerm_recovery_services_vault.vault",
            "mode": "managed",
            "type": "azurerm_recovery_services_vault",
            "name": "vault",
            "provider_name": "registry.terraform.io/hashicorp/azurerm",
            "change": {
                "actions": [
                    "create"
                ],
                "before": null,
                "after": {
                    "classic_vmware_replication_enabled": null,
                    "cross_region_restore_enabled": false,
                    "encryption": [],
                    "identity": [],
                    "location": "westeurope",
                    "monitoring": [],
                    "name": "example-recovery-vault",
                    "public_network_access_enabled": true,
                    "resource_group_name": "tfex-recovery_vault",
                    "sku": "Standard",
                    "soft_delete_enabled": true,
                    "storage_mode_type": "GeoRedundant",
                    "tags": null,
                    "timeouts": null
                },
                "after_unknown": {
                    "encryption": [],
                    "id": true,
                    "identity": [],
                    "immutability": true,
                    "monitoring": []
                },
                "before_sensitive": false,
                "after_sensitive": {
                    "encryption": [],
                    "identity": [],
                    "monitoring": []
                }
            }
        },
        {
            "address": "azurerm_resource_group.example",
            "mode": "managed",
            "type": "azurerm_resource_group",
            "name": "example",
            "provider_name": "registry.terraform.io/hashicorp/azurerm",
            "change": {
                "actions": [
                    "create"
                ],
                "before": null,
                "after": {
                    "location": "westeurope",
                    "managed_by": null,
                    "name": "tfex-recovery_vault",
                    "tags": null,
                    "timeouts": null
                },
                "after_unknown": {
                    "id": true
                },
                "before_sensitive": false,
                "after_sensitive": {}
            }
        }
    ],
    "configuration": {
        "provider_config": {
            "azurerm": {
                "name": "azurerm",
                "full_name": "registry.terraform.io/hashicorp/azurerm",
                "version_constraint": "3.117.0",
                "expressions": {
                    "features": [
                        {}
                    ]
                }
            }
        },
        "root_module": {
            "resources": [
                {
                    "address": "azurerm_recovery_services_vault.vault",
                    "mode": "managed",
                    "type": "azurerm_recovery_services_vault",
                    "name": "vault",
                    "provider_config_key": "azurerm",
                    "expressions": {
                        "location": {
                            "references": [
                                "azurerm_resource_group.example.location",
                                "azurerm_resource_group.example"
                            ]
                        },
                        "name": {
                            "constant_value": "example-recovery-vault"
                        },
                        "resource_group_name": {
                            "references": [
                                "azurerm_resource_group.example.name",
                                "azurerm_resource_group.example"
                            ]
                        },
                        "sku": {
                            "constant_value": "Standard"
                        },
                        "soft_delete_enabled": {
                            "constant_value": true
                        }
                    },
                    "schema_version": 0
                },
                {
                    "address": "azurerm_resource_group.example",
                    "mode": "managed",
                    "type": "azurerm_resource_group",
                    "name": "example",
                    "provider_config_key": "azurerm",
                    "expressions": {
                        "location": {
                            "constant_value": "West Europe"
                        },
                        "name": {
                            "constant_value": "tfex-recovery_vault"
                        }
                    },
                    "schema_version": 0
                }
            ]
        }
    },
    "relevant_attributes": [
        {
            "resource": "azurerm_resource_group.example",
            "attribute": [
                "location"
            ]
        },
        {
            "resource": "azurerm_resource_group.example",
            "attribute": [
                "name"
            ]
        }
    ],
    "timestamp": "2025-02-11T20:32:18Z",
    "errored": false
}