{
    "format_version": "1.2",
    "terraform_version": "1.7.5",
    "planned_values": {
        "root_module": {
            "resources": [
                {
                    "address": "aws_cloudfront_distribution.negative1",
                    "mode": "managed",
                    "type": "aws_cloudfront_distribution",
                    "name": "negative1",
                    "provider_name": "registry.terraform.io/hashicorp/aws",
                    "schema_version": 1,
                    "values": {
                        "aliases": null,
                        "comment": null,
                        "custom_error_response": [],
                        "default_cache_behavior": [
                            {
                                "allowed_methods": [
                                    "DELETE",
                                    "GET",
                                    "HEAD",
                                    "OPTIONS",
                                    "PATCH",
                                    "POST",
                                    "PUT"
                                ],
                                "cache_policy_id": null,
                                "cached_methods": [
                                    "GET",
                                    "HEAD"
                                ],
                                "compress": false,
                                "default_ttl": 3600,
                                "field_level_encryption_id": null,
                                "forwarded_values": [
                                    {
                                        "cookies": [
                                            {
                                                "forward": "none"
                                            }
                                        ],
                                        "query_string": false
                                    }
                                ],
                                "function_association": [],
                                "lambda_function_association": [],
                                "max_ttl": 86400,
                                "min_ttl": 0,
                                "origin_request_policy_id": null,
                                "realtime_log_config_arn": null,
                                "response_headers_policy_id": null,
                                "smooth_streaming": null,
                                "target_origin_id": "myS3Origin",
                                "viewer_protocol_policy": "https-only"
                            }
                        ],
                        "default_root_object": null,
                        "enabled": true,
                        "http_version": "http2",
                        "is_ipv6_enabled": false,
                        "logging_config": [],
                        "ordered_cache_behavior": [],
                        "origin": [
                            {
                                "connection_attempts": 3,
                                "connection_timeout": 10,
                                "custom_header": [],
                                "custom_origin_config": [],
                                "domain_name": "mybucket",
                                "origin_access_control_id": "",
                                "origin_id": "myS3Origin",
                                "origin_path": "",
                                "origin_shield": [],
                                "s3_origin_config": [
                                    {
                                        "origin_access_identity": "origin-access-identity/cloudfront/ABCDEFG1234567"
                                    }
                                ],
                                "vpc_origin_config": []
                            }
                        ],
                        "origin_group": [],
                        "price_class": "PriceClass_All",
                        "restrictions": [
                            {
                                "geo_restriction": [
                                    {
                                        "locations": [
                                            "CA",
                                            "DE",
                                            "GB",
                                            "US"
                                        ],
                                        "restriction_type": "whitelist"
                                    }
                                ]
                            }
                        ],
                        "retain_on_delete": false,
                        "staging": false,
                        "tags": null,
                        "viewer_certificate": [
                            {
                                "acm_certificate_arn": null,
                                "cloudfront_default_certificate": false,
                                "iam_certificate_id": null,
                                "minimum_protocol_version": "SSLv3",
                                "ssl_support_method": null
                            }
                        ],
                        "wait_for_deployment": true,
                        "web_acl_id": null
                    },
                    "sensitive_values": {
                        "custom_error_response": [],
                        "default_cache_behavior": [
                            {
                                "allowed_methods": [
                                    false,
                                    false,
                                    false,
                                    false,
                                    false,
                                    false,
                                    false
                                ],
                                "cached_methods": [
                                    false,
                                    false
                                ],
                                "forwarded_values": [
                                    {
                                        "cookies": [
                                            {
                                                "whitelisted_names": []
                                            }
                                        ],
                                        "headers": [],
                                        "query_string_cache_keys": []
                                    }
                                ],
                                "function_association": [],
                                "grpc_config": [],
                                "lambda_function_association": [],
                                "trusted_key_groups": [],
                                "trusted_signers": []
                            }
                        ],
                        "logging_config": [],
                        "ordered_cache_behavior": [],
                        "origin": [
                            {
                                "custom_header": [],
                                "custom_origin_config": [],
                                "origin_shield": [],
                                "s3_origin_config": [
                                    {}
                                ],
                                "vpc_origin_config": []
                            }
                        ],
                        "origin_group": [],
                        "restrictions": [
                            {
                                "geo_restriction": [
                                    {
                                        "locations": [
                                            false,
                                            false,
                                            false,
                                            false
                                        ]
                                    }
                                ]
                            }
                        ],
                        "tags_all": {},
                        "trusted_key_groups": [],
                        "trusted_signers": [],
                        "viewer_certificate": [
                            {}
                        ]
                    }
                }
            ]
        }
    },
    "resource_changes": [
        {
            "address": "aws_cloudfront_distribution.negative1",
            "mode": "managed",
            "type": "aws_cloudfront_distribution",
            "name": "negative1",
            "provider_name": "registry.terraform.io/hashicorp/aws",
            "change": {
                "actions": [
                    "create"
                ],
                "before": null,
                "after": {
                    "aliases": null,
                    "comment": null,
                    "custom_error_response": [],
                    "default_cache_behavior": [
                        {
                            "allowed_methods": [
                                "DELETE",
                                "GET",
                                "HEAD",
                                "OPTIONS",
                                "PATCH",
                                "POST",
                                "PUT"
                            ],
                            "cache_policy_id": null,
                            "cached_methods": [
                                "GET",
                                "HEAD"
                            ],
                            "compress": false,
                            "default_ttl": 3600,
                            "field_level_encryption_id": null,
                            "forwarded_values": [
                                {
                                    "cookies": [
                                        {
                                            "forward": "none"
                                        }
                                    ],
                                    "query_string": false
                                }
                            ],
                            "function_association": [],
                            "lambda_function_association": [],
                            "max_ttl": 86400,
                            "min_ttl": 0,
                            "origin_request_policy_id": null,
                            "realtime_log_config_arn": null,
                            "response_headers_policy_id": null,
                            "smooth_streaming": null,
                            "target_origin_id": "myS3Origin",
                            "viewer_protocol_policy": "https-only"
                        }
                    ],
                    "default_root_object": null,
                    "enabled": true,
                    "http_version": "http2",
                    "is_ipv6_enabled": false,
                    "logging_config": [],
                    "ordered_cache_behavior": [],
                    "origin": [
                        {
                            "connection_attempts": 3,
                            "connection_timeout": 10,
                            "custom_header": [],
                            "custom_origin_config": [],
                            "domain_name": "mybucket",
                            "origin_access_control_id": "",
                            "origin_id": "myS3Origin",
                            "origin_path": "",
                            "origin_shield": [],
                            "s3_origin_config": [
                                {
                                    "origin_access_identity": "origin-access-identity/cloudfront/ABCDEFG1234567"
                                }
                            ],
                            "vpc_origin_config": []
                        }
                    ],
                    "origin_group": [],
                    "price_class": "PriceClass_All",
                    "restrictions": [
                        {
                            "geo_restriction": [
                                {
                                    "locations": [
                                        "CA",
                                        "DE",
                                        "GB",
                                        "US"
                                    ],
                                    "restriction_type": "whitelist"
                                }
                            ]
                        }
                    ],
                    "retain_on_delete": false,
                    "staging": false,
                    "tags": null,
                    "viewer_certificate": [
                        {
                            "acm_certificate_arn": null,
                            "cloudfront_default_certificate": false,
                            "iam_certificate_id": null,
                            "minimum_protocol_version": "SSLv3",
                            "ssl_support_method": null
                        }
                    ],
                    "wait_for_deployment": true,
                    "web_acl_id": null
                },
                "after_unknown": {
                    "arn": true,
                    "caller_reference": true,
                    "continuous_deployment_policy_id": true,
                    "custom_error_response": [],
                    "default_cache_behavior": [
                        {
                            "allowed_methods": [
                                false,
                                false,
                                false,
                                false,
                                false,
                                false,
                                false
                            ],
                            "cached_methods": [
                                false,
                                false
                            ],
                            "forwarded_values": [
                                {
                                    "cookies": [
                                        {
                                            "whitelisted_names": true
                                        }
                                    ],
                                    "headers": true,
                                    "query_string_cache_keys": true
                                }
                            ],
                            "function_association": [],
                            "grpc_config": true,
                            "lambda_function_association": [],
                            "trusted_key_groups": true,
                            "trusted_signers": true
                        }
                    ],
                    "domain_name": true,
                    "etag": true,
                    "hosted_zone_id": true,
                    "id": true,
                    "in_progress_validation_batches": true,
                    "last_modified_time": true,
                    "logging_config": [],
                    "ordered_cache_behavior": [],
                    "origin": [
                        {
                            "custom_header": [],
                            "custom_origin_config": [],
                            "origin_shield": [],
                            "s3_origin_config": [
                                {}
                            ],
                            "vpc_origin_config": []
                        }
                    ],
                    "origin_group": [],
                    "restrictions": [
                        {
                            "geo_restriction": [
                                {
                                    "locations": [
                                        false,
                                        false,
                                        false,
                                        false
                                    ]
                                }
                            ]
                        }
                    ],
                    "status": true,
                    "tags_all": true,
                    "trusted_key_groups": true,
                    "trusted_signers": true,
                    "viewer_certificate": [
                        {}
                    ]
                },
                "before_sensitive": false,
                "after_sensitive": {
                    "custom_error_response": [],
                    "default_cache_behavior": [
                        {
                            "allowed_methods": [
                                false,
                                false,
                                false,
                                false,
                                false,
                                false,
                                false
                            ],
                            "cached_methods": [
                                false,
                                false
                            ],
                            "forwarded_values": [
                                {
                                    "cookies": [
                                        {
                                            "whitelisted_names": []
                                        }
                                    ],
                                    "headers": [],
                                    "query_string_cache_keys": []
                                }
                            ],
                            "function_association": [],
                            "grpc_config": [],
                            "lambda_function_association": [],
                            "trusted_key_groups": [],
                            "trusted_signers": []
                        }
                    ],
                    "logging_config": [],
                    "ordered_cache_behavior": [],
                    "origin": [
                        {
                            "custom_header": [],
                            "custom_origin_config": [],
                            "origin_shield": [],
                            "s3_origin_config": [
                                {}
                            ],
                            "vpc_origin_config": []
                        }
                    ],
                    "origin_group": [],
                    "restrictions": [
                        {
                            "geo_restriction": [
                                {
                                    "locations": [
                                        false,
                                        false,
                                        false,
                                        false
                                    ]
                                }
                            ]
                        }
                    ],
                    "tags_all": {},
                    "trusted_key_groups": [],
                    "trusted_signers": [],
                    "viewer_certificate": [
                        {}
                    ]
                }
            }
        }
    ],
    "configuration": {
        "provider_config": {
            "aws": {
                "name": "aws",
                "full_name": "registry.terraform.io/hashicorp/aws",
                "version_constraint": "~\u003e 5.92"
            }
        },
        "root_module": {
            "resources": [
                {
                    "address": "aws_cloudfront_distribution.negative1",
                    "mode": "managed",
                    "type": "aws_cloudfront_distribution",
                    "name": "negative1",
                    "provider_config_key": "aws",
                    "expressions": {
                        "default_cache_behavior": [
                            {
                                "allowed_methods": {
                                    "constant_value": [
                                        "DELETE",
                                        "GET",
                                        "HEAD",
                                        "OPTIONS",
                                        "PATCH",
                                        "POST",
                                        "PUT"
                                    ]
                                },
                                "cached_methods": {
                                    "constant_value": [
                                        "GET",
                                        "HEAD"
                                    ]
                                },
                                "default_ttl": {
                                    "constant_value": 3600
                                },
                                "forwarded_values": [
                                    {
                                        "cookies": [
                                            {
                                                "forward": {
                                                    "constant_value": "none"
                                                }
                                            }
                                        ],
                                        "query_string": {
                                            "constant_value": false
                                        }
                                    }
                                ],
                                "max_ttl": {
                                    "constant_value": 86400
                                },
                                "min_ttl": {
                                    "constant_value": 0
                                },
                                "target_origin_id": {
                                    "constant_value": "myS3Origin"
                                },
                                "viewer_protocol_policy": {
                                    "constant_value": "https-only"
                                }
                            }
                        ],
                        "enabled": {
                            "constant_value": true
                        },
                        "origin": [
                            {
                                "domain_name": {
                                    "constant_value": "mybucket"
                                },
                                "origin_id": {
                                    "constant_value": "myS3Origin"
                                },
                                "s3_origin_config": [
                                    {
                                        "origin_access_identity": {
                                            "constant_value": "origin-access-identity/cloudfront/ABCDEFG1234567"
                                        }
                                    }
                                ]
                            }
                        ],
                        "restrictions": [
                            {
                                "geo_restriction": [
                                    {
                                        "locations": {
                                            "constant_value": [
                                                "US",
                                                "CA",
                                                "GB",
                                                "DE"
                                            ]
                                        },
                                        "restriction_type": {
                                            "constant_value": "whitelist"
                                        }
                                    }
                                ]
                            }
                        ],
                        "viewer_certificate": [
                            {
                                "cloudfront_default_certificate": {
                                    "constant_value": false
                                },
                                "minimum_protocol_version": {
                                    "constant_value": "SSLv3"
                                }
                            }
                        ]
                    },
                    "schema_version": 1
                }
            ]
        }
    },
    "timestamp": "2025-08-15T14:06:18Z",
    "errored": false
}