{
    "format_version": "1.2",
    "terraform_version": "1.7.5",
    "planned_values": {
        "root_module": {
            "resources": [
                {
                    "address": "azurerm_app_service_plan.positive",
                    "mode": "managed",
                    "type": "azurerm_app_service_plan",
                    "name": "positive",
                    "provider_name": "registry.terraform.io/hashicorp/azurerm",
                    "schema_version": 1,
                    "values": {
                        "app_service_environment_id": null,
                        "is_xenon": null,
                        "kind": "Windows",
                        "location": "westeurope",
                        "name": "api-appserviceplan-pro",
                        "per_site_scaling": null,
                        "reserved": null,
                        "resource_group_name": "api-rg-pro",
                        "sku": [
                            {
                                "size": "S1",
                                "tier": "Free"
                            }
                        ],
                        "tags": null,
                        "timeouts": null,
                        "zone_redundant": null
                    },
                    "sensitive_values": {
                        "sku": [
                            {}
                        ]
                    }
                },
                {
                    "address": "azurerm_resource_group.example",
                    "mode": "managed",
                    "type": "azurerm_resource_group",
                    "name": "example",
                    "provider_name": "registry.terraform.io/hashicorp/azurerm",
                    "schema_version": 0,
                    "values": {
                        "location": "westeurope",
                        "managed_by": null,
                        "name": "api-rg-pro",
                        "tags": null,
                        "timeouts": null
                    },
                    "sensitive_values": {}
                }
            ]
        }
    },
    "resource_changes": [
        {
            "address": "azurerm_app_service_plan.positive",
            "mode": "managed",
            "type": "azurerm_app_service_plan",
            "name": "positive",
            "provider_name": "registry.terraform.io/hashicorp/azurerm",
            "change": {
                "actions": [
                    "create"
                ],
                "before": null,
                "after": {
                    "app_service_environment_id": null,
                    "is_xenon": null,
                    "kind": "Windows",
                    "location": "westeurope",
                    "name": "api-appserviceplan-pro",
                    "per_site_scaling": null,
                    "reserved": null,
                    "resource_group_name": "api-rg-pro",
                    "sku": [
                        {
                            "size": "S1",
                            "tier": "Free"
                        }
                    ],
                    "tags": null,
                    "timeouts": null,
                    "zone_redundant": null
                },
                "after_unknown": {
                    "id": true,
                    "maximum_elastic_worker_count": true,
                    "maximum_number_of_workers": true,
                    "sku": [
                        {
                            "capacity": true
                        }
                    ]
                },
                "before_sensitive": false,
                "after_sensitive": {
                    "sku": [
                        {}
                    ]
                }
            }
        },
        {
            "address": "azurerm_resource_group.example",
            "mode": "managed",
            "type": "azurerm_resource_group",
            "name": "example",
            "provider_name": "registry.terraform.io/hashicorp/azurerm",
            "change": {
                "actions": [
                    "create"
                ],
                "before": null,
                "after": {
                    "location": "westeurope",
                    "managed_by": null,
                    "name": "api-rg-pro",
                    "tags": null,
                    "timeouts": null
                },
                "after_unknown": {
                    "id": true
                },
                "before_sensitive": false,
                "after_sensitive": {}
            }
        }
    ],
    "configuration": {
        "provider_config": {
            "azurerm": {
                "name": "azurerm",
                "full_name": "registry.terraform.io/hashicorp/azurerm",
                "version_constraint": "3.117.0",
                "expressions": {
                    "features": [
                        {}
                    ]
                }
            }
        },
        "root_module": {
            "resources": [
                {
                    "address": "azurerm_app_service_plan.positive",
                    "mode": "managed",
                    "type": "azurerm_app_service_plan",
                    "name": "positive",
                    "provider_config_key": "azurerm",
                    "expressions": {
                        "location": {
                            "references": [
                                "azurerm_resource_group.example.location",
                                "azurerm_resource_group.example"
                            ]
                        },
                        "name": {
                            "constant_value": "api-appserviceplan-pro"
                        },
                        "resource_group_name": {
                            "references": [
                                "azurerm_resource_group.example.name",
                                "azurerm_resource_group.example"
                            ]
                        },
                        "sku": [
                            {
                                "size": {
                                    "constant_value": "S1"
                                },
                                "tier": {
                                    "constant_value": "Free"
                                }
                            }
                        ]
                    },
                    "schema_version": 1
                },
                {
                    "address": "azurerm_resource_group.example",
                    "mode": "managed",
                    "type": "azurerm_resource_group",
                    "name": "example",
                    "provider_config_key": "azurerm",
                    "expressions": {
                        "location": {
                            "constant_value": "West Europe"
                        },
                        "name": {
                            "constant_value": "api-rg-pro"
                        }
                    },
                    "schema_version": 0
                }
            ]
        }
    },
    "relevant_attributes": [
        {
            "resource": "azurerm_resource_group.example",
            "attribute": [
                "name"
            ]
        },
        {
            "resource": "azurerm_resource_group.example",
            "attribute": [
                "location"
            ]
        }
    ],
    "timestamp": "2025-02-13T21:02:45Z",
    "errored": false
}