{
    "format_version": "1.2",
    "terraform_version": "1.7.5",
    "planned_values": {
        "root_module": {
            "resources": [
                {
                    "address": "aws_default_security_group.aws_default_sg",
                    "mode": "managed",
                    "type": "aws_default_security_group",
                    "name": "aws_default_sg",
                    "provider_name": "registry.terraform.io/hashicorp/aws",
                    "schema_version": 1,
                    "values": {
                        "region": "us-west-2",
                        "revoke_rules_on_delete": false,
                        "tags": null,
                        "vpc_id": "vpc-12345678"
                    },
                    "sensitive_values": {
                        "egress": [],
                        "ingress": [],
                        "tags_all": {}
                    }
                }
            ]
        }
    },
    "resource_changes": [
        {
            "address": "aws_default_security_group.aws_default_sg",
            "mode": "managed",
            "type": "aws_default_security_group",
            "name": "aws_default_sg",
            "provider_name": "registry.terraform.io/hashicorp/aws",
            "change": {
                "actions": [
                    "create"
                ],
                "before": null,
                "after": {
                    "region": "us-west-2",
                    "revoke_rules_on_delete": false,
                    "tags": null,
                    "vpc_id": "vpc-12345678"
                },
                "after_unknown": {
                    "arn": true,
                    "description": true,
                    "egress": true,
                    "id": true,
                    "ingress": true,
                    "name": true,
                    "name_prefix": true,
                    "owner_id": true,
                    "tags_all": true
                },
                "before_sensitive": false,
                "after_sensitive": {
                    "egress": [],
                    "ingress": [],
                    "tags_all": {}
                }
            }
        }
    ],
    "configuration": {
        "provider_config": {
            "aws": {
                "name": "aws",
                "full_name": "registry.terraform.io/hashicorp/aws",
                "version_constraint": "6.4.0",
                "expressions": {
                    "profile": {
                        "constant_value": "saurabh-eis-dev"
                    },
                    "region": {
                        "constant_value": "us-east-1"
                    }
                }
            }
        },
        "root_module": {
            "resources": [
                {
                    "address": "aws_default_security_group.aws_default_sg",
                    "mode": "managed",
                    "type": "aws_default_security_group",
                    "name": "aws_default_sg",
                    "provider_config_key": "aws",
                    "expressions": {
                        "region": {
                            "constant_value": "us-west-2"
                        },
                        "vpc_id": {
                            "constant_value": "vpc-12345678"
                        }
                    },
                    "schema_version": 1
                }
            ]
        }
    },
    "timestamp": "2025-08-14T10:38:53Z",
    "errored": false
}