{
    "format_version": "1.2",
    "terraform_version": "1.7.5",
    "planned_values": {
        "root_module": {
            "resources": [
                {
                    "address": "azurerm_storage_container.cvsstorageaccoutncontainer",
                    "mode": "managed",
                    "type": "azurerm_storage_container",
                    "name": "cvsstorageaccoutncontainer",
                    "provider_name": "registry.terraform.io/hashicorp/azurerm",
                    "schema_version": 1,
                    "values": {
                        "container_access_type": "private",
                        "encryption_scope_override_enabled": true,
                        "name": "cvsstorageaccoutncontainer",
                        "storage_account_id": "/subscriptions/ec8dc618-46dd-43e2-8506-3007f304d884/resourceGroups/security-poc-yogeshd-rg/providers/Microsoft.Storage/storageAccounts/securitypoccssstg01",
                        "storage_account_name": null,
                        "timeouts": null
                    },
                    "sensitive_values": {
                        "metadata": {}
                    }
                }
            ]
        }
    },
    "resource_changes": [
        {
            "address": "azurerm_storage_container.cvsstorageaccoutncontainer",
            "mode": "managed",
            "type": "azurerm_storage_container",
            "name": "cvsstorageaccoutncontainer",
            "provider_name": "registry.terraform.io/hashicorp/azurerm",
            "change": {
                "actions": [
                    "create"
                ],
                "before": null,
                "after": {
                    "container_access_type": "private",
                    "encryption_scope_override_enabled": true,
                    "name": "cvsstorageaccoutncontainer",
                    "storage_account_id": "/subscriptions/ec8dc618-46dd-43e2-8506-3007f304d884/resourceGroups/security-poc-yogeshd-rg/providers/Microsoft.Storage/storageAccounts/securitypoccssstg01",
                    "storage_account_name": null,
                    "timeouts": null
                },
                "after_unknown": {
                    "default_encryption_scope": true,
                    "has_immutability_policy": true,
                    "has_legal_hold": true,
                    "id": true,
                    "metadata": true,
                    "resource_manager_id": true
                },
                "before_sensitive": false,
                "after_sensitive": {
                    "metadata": {}
                }
            }
        }
    ],
    "prior_state": {
        "format_version": "1.0",
        "terraform_version": "1.7.5",
        "values": {
            "root_module": {
                "resources": [
                    {
                        "address": "data.azurerm_storage_account.storage_account",
                        "mode": "data",
                        "type": "azurerm_storage_account",
                        "name": "storage_account",
                        "provider_name": "registry.terraform.io/hashicorp/azurerm",
                        "schema_version": 0,
                        "values": {
                            "access_tier": "Hot",
                            "account_kind": "StorageV2",
                            "account_replication_type": "LRS",
                            "account_tier": "Standard",
                            "allow_nested_items_to_be_public": false,
                            "azure_files_authentication": [
                                {
                                    "active_directory": [
                                        {
                                            "domain_guid": "",
                                            "domain_name": "cvshaadds.com",
                                            "domain_sid": "",
                                            "forest_name": "",
                                            "netbios_domain_name": "",
                                            "storage_sid": ""
                                        }
                                    ],
                                    "default_share_level_permission": "",
                                    "directory_type": "AADDS"
                                }
                            ],
                            "custom_domain": [],
                            "dns_endpoint_type": "Standard",
                            "https_traffic_only_enabled": true,
                            "id": "/subscriptions/ec8dc618-46dd-43e2-8506-3007f304d884/resourceGroups/security-poc-yogeshd-rg/providers/Microsoft.Storage/storageAccounts/securitypoccssstg01",
                            "identity": [
                                {
                                    "identity_ids": [],
                                    "principal_id": "daf499e3-9303-4a35-a771-86620e88d45c",
                                    "tenant_id": "fabb61b8-3afe-4e75-b934-a47f782b8cd7",
                                    "type": "SystemAssigned"
                                }
                            ],
                            "infrastructure_encryption_enabled": false,
                            "is_hns_enabled": false,
                            "location": "eastus2",
                            "min_tls_version": "TLS1_2",
                            "name": "securitypoccssstg01",
                            "nfsv3_enabled": false,
                            "primary_access_key": "7cPFGpaZk9+rf53tEmnbopC036xD6DuuB5NC8NTV8clqMoHlV3suK0a8808dQX0X0iWA1b3U5qOG+AStSBUP5w==",
                            "primary_blob_connection_string": "DefaultEndpointsProtocol=https;BlobEndpoint=https://securitypoccssstg01.blob.core.windows.net/;AccountName=securitypoccssstg01;AccountKey=7cPFGpaZk9+rf53tEmnbopC036xD6DuuB5NC8NTV8clqMoHlV3suK0a8808dQX0X0iWA1b3U5qOG+AStSBUP5w==",
                            "primary_blob_endpoint": "https://securitypoccssstg01.blob.core.windows.net/",
                            "primary_blob_host": "securitypoccssstg01.blob.core.windows.net",
                            "primary_blob_internet_endpoint": "",
                            "primary_blob_internet_host": "",
                            "primary_blob_microsoft_endpoint": "",
                            "primary_blob_microsoft_host": "",
                            "primary_connection_string": "DefaultEndpointsProtocol=https;AccountName=securitypoccssstg01;AccountKey=7cPFGpaZk9+rf53tEmnbopC036xD6DuuB5NC8NTV8clqMoHlV3suK0a8808dQX0X0iWA1b3U5qOG+AStSBUP5w==;EndpointSuffix=core.windows.net",
                            "primary_dfs_endpoint": "https://securitypoccssstg01.dfs.core.windows.net/",
                            "primary_dfs_host": "securitypoccssstg01.dfs.core.windows.net",
                            "primary_dfs_internet_endpoint": "",
                            "primary_dfs_internet_host": "",
                            "primary_dfs_microsoft_endpoint": "",
                            "primary_dfs_microsoft_host": "",
                            "primary_file_endpoint": "https://securitypoccssstg01.file.core.windows.net/",
                            "primary_file_host": "securitypoccssstg01.file.core.windows.net",
                            "primary_file_internet_endpoint": "",
                            "primary_file_internet_host": "",
                            "primary_file_microsoft_endpoint": "",
                            "primary_file_microsoft_host": "",
                            "primary_location": "eastus2",
                            "primary_queue_endpoint": "https://securitypoccssstg01.queue.core.windows.net/",
                            "primary_queue_host": "securitypoccssstg01.queue.core.windows.net",
                            "primary_queue_microsoft_endpoint": "",
                            "primary_queue_microsoft_host": "",
                            "primary_table_endpoint": "https://securitypoccssstg01.table.core.windows.net/",
                            "primary_table_host": "securitypoccssstg01.table.core.windows.net",
                            "primary_table_microsoft_endpoint": "",
                            "primary_table_microsoft_host": "",
                            "primary_web_endpoint": "https://securitypoccssstg01.z20.web.core.windows.net/",
                            "primary_web_host": "securitypoccssstg01.z20.web.core.windows.net",
                            "primary_web_internet_endpoint": "",
                            "primary_web_internet_host": "",
                            "primary_web_microsoft_endpoint": "",
                            "primary_web_microsoft_host": "",
                            "queue_encryption_key_type": "Service",
                            "resource_group_name": "security-poc-yogeshd-rg",
                            "secondary_access_key": "/bn9pfZgKMjz5nO5b6/7uTFcx3qA6GMjzkfznaKGzsuu28WYnON8n2DdmWW+vPpmSJzppdF+qS1y+AStgzSKSg==",
                            "secondary_blob_connection_string": "",
                            "secondary_blob_endpoint": "",
                            "secondary_blob_host": "",
                            "secondary_blob_internet_endpoint": "",
                            "secondary_blob_internet_host": "",
                            "secondary_blob_microsoft_endpoint": "",
                            "secondary_blob_microsoft_host": "",
                            "secondary_connection_string": "DefaultEndpointsProtocol=https;AccountName=securitypoccssstg01;AccountKey=/bn9pfZgKMjz5nO5b6/7uTFcx3qA6GMjzkfznaKGzsuu28WYnON8n2DdmWW+vPpmSJzppdF+qS1y+AStgzSKSg==;EndpointSuffix=core.windows.net",
                            "secondary_dfs_endpoint": "",
                            "secondary_dfs_host": "",
                            "secondary_dfs_internet_endpoint": "",
                            "secondary_dfs_internet_host": "",
                            "secondary_dfs_microsoft_endpoint": "",
                            "secondary_dfs_microsoft_host": "",
                            "secondary_file_endpoint": "",
                            "secondary_file_host": "",
                            "secondary_file_internet_endpoint": "",
                            "secondary_file_internet_host": "",
                            "secondary_file_microsoft_endpoint": "",
                            "secondary_file_microsoft_host": "",
                            "secondary_location": "",
                            "secondary_queue_endpoint": "",
                            "secondary_queue_host": "",
                            "secondary_queue_microsoft_endpoint": "",
                            "secondary_queue_microsoft_host": "",
                            "secondary_table_endpoint": "",
                            "secondary_table_host": "",
                            "secondary_table_microsoft_endpoint": "",
                            "secondary_table_microsoft_host": "",
                            "secondary_web_endpoint": "",
                            "secondary_web_host": "",
                            "secondary_web_internet_endpoint": "",
                            "secondary_web_internet_host": "",
                            "secondary_web_microsoft_endpoint": "",
                            "secondary_web_microsoft_host": "",
                            "table_encryption_key_type": "Service",
                            "tags": {
                                "createdondate": "2024-07-31",
                                "dataclassification": "restrictedD",
                                "environmenttype": "NonProd",
                                "itpmid": "87DB880C626F02E3"
                            },
                            "timeouts": null
                        },
                        "sensitive_values": {
                            "azure_files_authentication": [
                                {
                                    "active_directory": [
                                        {}
                                    ]
                                }
                            ],
                            "custom_domain": [],
                            "identity": [
                                {
                                    "identity_ids": []
                                }
                            ],
                            "primary_access_key": true,
                            "primary_blob_connection_string": true,
                            "primary_connection_string": true,
                            "secondary_access_key": true,
                            "secondary_blob_connection_string": true,
                            "secondary_connection_string": true,
                            "tags": {}
                        }
                    }
                ]
            }
        }
    },
    "configuration": {
        "provider_config": {
            "azurerm": {
                "name": "azurerm",
                "full_name": "registry.terraform.io/hashicorp/azurerm",
                "version_constraint": "4.26.0",
                "expressions": {
                    "features": [
                        {}
                    ],
                    "subscription_id": {
                        "constant_value": "ec8dc618-46dd-43e2-8506-3007f304d884"
                    }
                }
            }
        },
        "root_module": {
            "resources": [
                {
                    "address": "azurerm_storage_container.cvsstorageaccoutncontainer",
                    "mode": "managed",
                    "type": "azurerm_storage_container",
                    "name": "cvsstorageaccoutncontainer",
                    "provider_config_key": "azurerm",
                    "expressions": {
                        "container_access_type": {
                            "constant_value": "private"
                        },
                        "name": {
                            "constant_value": "cvsstorageaccoutncontainer"
                        },
                        "storage_account_id": {
                            "references": [
                                "data.azurerm_storage_account.storage_account.id",
                                "data.azurerm_storage_account.storage_account"
                            ]
                        }
                    },
                    "schema_version": 1
                },
                {
                    "address": "data.azurerm_storage_account.storage_account",
                    "mode": "data",
                    "type": "azurerm_storage_account",
                    "name": "storage_account",
                    "provider_config_key": "azurerm",
                    "expressions": {
                        "name": {
                            "constant_value": "securitypoccssstg01"
                        },
                        "resource_group_name": {
                            "constant_value": "security-poc-yogeshd-rg"
                        }
                    },
                    "schema_version": 0
                }
            ]
        }
    },
    "relevant_attributes": [
        {
            "resource": "data.azurerm_storage_account.storage_account",
            "attribute": [
                "id"
            ]
        }
    ],
    "timestamp": "2025-04-06T19:50:25Z",
    "errored": false
}