{
    "format_version": "1.2",
    "terraform_version": "1.7.5",
    "planned_values": {
        "root_module": {
            "resources": [
                {
                    "address": "azurerm_key_vault.cvs-key-vault",
                    "mode": "managed",
                    "type": "azurerm_key_vault",
                    "name": "cvs-key-vault",
                    "provider_name": "registry.terraform.io/hashicorp/azurerm",
                    "schema_version": 2,
                    "values": {
                        "enable_rbac_authorization": true,
                        "enabled_for_deployment": null,
                        "enabled_for_disk_encryption": null,
                        "enabled_for_template_deployment": null,
                        "location": "eastus2",
                        "name": "cvs-key-vault",
                        "public_network_access_enabled": true,
                        "purge_protection_enabled": false,
                        "resource_group_name": "security-poc-yogeshd-rg",
                        "sku_name": "premium",
                        "soft_delete_retention_days": 7,
                        "tags": {
                            "dataclassification": "confidential",
                            "environmenttype": "dev",
                            "sharedemailaddress": "CloudSecurityServices@cvshealth.com"
                        },
                        "tenant_id": "fabb61b8-3afe-4e75-b934-a47f782b8cd7",
                        "timeouts": null
                    },
                    "sensitive_values": {
                        "access_policy": [],
                        "contact": [],
                        "network_acls": [],
                        "tags": {}
                    }
                }
            ]
        }
    },
    "resource_changes": [
        {
            "address": "azurerm_key_vault.cvs-key-vault",
            "mode": "managed",
            "type": "azurerm_key_vault",
            "name": "cvs-key-vault",
            "provider_name": "registry.terraform.io/hashicorp/azurerm",
            "change": {
                "actions": [
                    "create"
                ],
                "before": null,
                "after": {
                    "enable_rbac_authorization": true,
                    "enabled_for_deployment": null,
                    "enabled_for_disk_encryption": null,
                    "enabled_for_template_deployment": null,
                    "location": "eastus2",
                    "name": "cvs-key-vault",
                    "public_network_access_enabled": false,
                    "purge_protection_enabled": true,
                    "resource_group_name": "security-poc-yogeshd-rg",
                    "sku_name": "premium",
                    "soft_delete_retention_days": 7,
                    "tags": {
                        "costcenter": "02045",
                        "dataclassification": "confidential",
                        "environmenttype": "dev",
                        "itpmid": "12345",
                        "sharedemailaddress": "CloudSecurityServices@cvshealth.com"
                    },
                    "tenant_id": "fabb61b8-3afe-4e75-b934-a47f782b8cd7",
                    "timeouts": null
                },
                "after_unknown": {
                    "access_policy": true,
                    "contact": true,
                    "id": true,
                    "network_acls": true,
                    "tags": {},
                    "vault_uri": true
                },
                "before_sensitive": false,
                "after_sensitive": {
                    "access_policy": [],
                    "contact": [],
                    "network_acls": [],
                    "tags": {}
                }
            }
        }
    ],
    "prior_state": {
        "format_version": "1.0",
        "terraform_version": "1.7.5",
        "values": {
            "root_module": {
                "resources": [
                    {
                        "address": "data.azurerm_client_config.current",
                        "mode": "data",
                        "type": "azurerm_client_config",
                        "name": "current",
                        "provider_name": "registry.terraform.io/hashicorp/azurerm",
                        "schema_version": 0,
                        "values": {
                            "client_id": "04b07795-8ddb-461a-bbee-02f9e1bf7b46",
                            "id": "Y2xpZW50Q29uZmlncy9jbGllbnRJZD0wNGIwNzc5NS04ZGRiLTQ2MWEtYmJlZS0wMmY5ZTFiZjdiNDY7b2JqZWN0SWQ9ZWIwM2VjMzEtZDkyMy00N2FmLTkzYjUtNGRlOGI5ZTI2NDE0O3N1YnNjcmlwdGlvbklkPWVjOGRjNjE4LTQ2ZGQtNDNlMi04NTA2LTMwMDdmMzA0ZDg4NDt0ZW5hbnRJZD1mYWJiNjFiOC0zYWZlLTRlNzUtYjkzNC1hNDdmNzgyYjhjZDc=",
                            "object_id": "eb03ec31-d923-47af-93b5-4de8b9e26414",
                            "subscription_id": "ec8dc618-46dd-43e2-8506-3007f304d884",
                            "tenant_id": "fabb61b8-3afe-4e75-b934-a47f782b8cd7",
                            "timeouts": null
                        },
                        "sensitive_values": {}
                    },
                    {
                        "address": "data.azurerm_resource_group.resource_group",
                        "mode": "data",
                        "type": "azurerm_resource_group",
                        "name": "resource_group",
                        "provider_name": "registry.terraform.io/hashicorp/azurerm",
                        "schema_version": 0,
                        "values": {
                            "id": "/subscriptions/ec8dc618-46dd-43e2-8506-3007f304d884/resourceGroups/security-poc-yogeshd-rg",
                            "location": "eastus2",
                            "managed_by": "",
                            "name": "security-poc-yogeshd-rg",
                            "tags": {
                                "createdondate": "2024-06-26",
                                "dataclassification": "restrictedD",
                                "environmentsubtype": "POC",
                                "environmenttype": "NonProd"
                            },
                            "timeouts": null
                        },
                        "sensitive_values": {
                            "tags": {}
                        }
                    }
                ]
            }
        }
    },
    "configuration": {
        "provider_config": {
            "azurerm": {
                "name": "azurerm",
                "full_name": "registry.terraform.io/hashicorp/azurerm",
                "version_constraint": "4.20.0",
                "expressions": {
                    "features": [
                        {}
                    ],
                    "subscription_id": {
                        "constant_value": "ec8dc618-46dd-43e2-8506-3007f304d884"
                    }
                }
            }
        },
        "root_module": {
            "resources": [
                {
                    "address": "azurerm_key_vault.cvs-key-vault",
                    "mode": "managed",
                    "type": "azurerm_key_vault",
                    "name": "cvs-key-vault",
                    "provider_config_key": "azurerm",
                    "expressions": {
                        "enable_rbac_authorization": {
                            "constant_value": true
                        },
                        "location": {
                            "references": [
                                "data.azurerm_resource_group.resource_group.location",
                                "data.azurerm_resource_group.resource_group"
                            ]
                        },
                        "name": {
                            "constant_value": "cvs-key-vault"
                        },
                        "public_network_access_enabled": {
                            "constant_value": false
                        },
                        "purge_protection_enabled": {
                            "constant_value": true
                        },
                        "resource_group_name": {
                            "references": [
                                "data.azurerm_resource_group.resource_group.name",
                                "data.azurerm_resource_group.resource_group"
                            ]
                        },
                        "sku_name": {
                            "constant_value": "premium"
                        },
                        "soft_delete_retention_days": {
                            "constant_value": 7
                        },
                        "tags": {
                            "constant_value": {
                                "costcenter": "02045",
                                "dataclassification": "confidential",
                                "environmenttype": "dev",
                                "itpmid": "12345",
                                "sharedemailaddress": "CloudSecurityServices@cvshealth.com"
                            }
                        },
                        "tenant_id": {
                            "references": [
                                "data.azurerm_client_config.current.tenant_id",
                                "data.azurerm_client_config.current"
                            ]
                        }
                    },
                    "schema_version": 2
                },
                {
                    "address": "data.azurerm_client_config.current",
                    "mode": "data",
                    "type": "azurerm_client_config",
                    "name": "current",
                    "provider_config_key": "azurerm",
                    "schema_version": 0
                },
                {
                    "address": "data.azurerm_resource_group.resource_group",
                    "mode": "data",
                    "type": "azurerm_resource_group",
                    "name": "resource_group",
                    "provider_config_key": "azurerm",
                    "expressions": {
                        "name": {
                            "constant_value": "security-poc-yogeshd-rg"
                        }
                    },
                    "schema_version": 0
                }
            ]
        }
    },
    "relevant_attributes": [
        {
            "resource": "data.azurerm_resource_group.resource_group",
            "attribute": [
                "location"
            ]
        },
        {
            "resource": "data.azurerm_client_config.current",
            "attribute": [
                "tenant_id"
            ]
        },
        {
            "resource": "data.azurerm_resource_group.resource_group",
            "attribute": [
                "name"
            ]
        }
    ],
    "timestamp": "2025-03-23T05:43:40Z",
    "errored": false
}