{
  "format_version": "1.2",
  "terraform_version": "1.10.4",
  "planned_values": {
    "root_module": {
      "resources": [
        {
          "address": "google_compute_instance.positive1",
          "mode": "managed",
          "type": "google_compute_instance",
          "name": "positive1",
          "provider_name": "registry.terraform.io/hashicorp/google",
          "schema_version": 6,
          "values": {
            "advanced_machine_features": [],
            "allow_stopping_for_update": null,
            "attached_disk": [],
            "boot_disk": [
              {
                "auto_delete": true,
                "disk_encryption_key_raw": null,
                "initialize_params": [
                  {
                    "enable_confidential_compute": null,
                    "image": "debian-cloud/debian-9",
                    "resource_manager_tags": null,
                    "storage_pool": null
                  }
                ],
                "interface": null,
                "mode": "READ_WRITE"
              }
            ],
            "can_ip_forward": false,
            "deletion_protection": false,
            "description": null,
            "desired_status": null,
            "effective_labels": {
              "goog-terraform-provisioned": "true"
            },
            "enable_display": null,
            "hostname": null,
            "key_revocation_action_type": null,
            "labels": null,
            "machine_type": "e2-medium",
            "metadata": {
              "serial-port-enable": "true"
            },
            "metadata_startup_script": "echo hi > /test.txt",
            "name": "test",
            "network_interface": [
              {
                "access_config": [
                  {
                    "public_ptr_domain_name": null
                  }
                ],
                "alias_ip_range": [],
                "ipv6_access_config": [],
                "network": "default",
                "nic_type": null,
                "queue_count": null
              }
            ],
            "network_performance_config": [],
            "params": [],
            "project": "security-controls-sandbox",
            "resource_policies": null,
            "scratch_disk": [
              {
                "interface": "SCSI",
                "size": 375
              }
            ],
            "service_account": [
              {
                "scopes": [
                  "https://www.googleapis.com/auth/compute.readonly",
                  "https://www.googleapis.com/auth/devstorage.read_only",
                  "https://www.googleapis.com/auth/userinfo.email"
                ]
              }
            ],
            "shielded_instance_config": [],
            "tags": [
              "bar",
              "foo"
            ],
            "terraform_labels": {
              "goog-terraform-provisioned": "true"
            },
            "timeouts": null,
            "zone": "us-central1-a"
          },
          "sensitive_values": {
            "advanced_machine_features": [],
            "attached_disk": [],
            "boot_disk": [
              {
                "disk_encryption_key_raw": true,
                "initialize_params": [
                  {
                    "labels": {},
                    "resource_policies": []
                  }
                ]
              }
            ],
            "confidential_instance_config": [],
            "effective_labels": {},
            "guest_accelerator": [],
            "metadata": {},
            "network_interface": [
              {
                "access_config": [
                  {}
                ],
                "alias_ip_range": [],
                "ipv6_access_config": []
              }
            ],
            "network_performance_config": [],
            "params": [],
            "reservation_affinity": [],
            "scheduling": [],
            "scratch_disk": [
              {}
            ],
            "service_account": [
              {
                "scopes": [
                  false,
                  false,
                  false
                ]
              }
            ],
            "shielded_instance_config": [],
            "tags": [
              false,
              false
            ],
            "terraform_labels": {}
          }
        },
        {
          "address": "google_compute_project_metadata.positive2",
          "mode": "managed",
          "type": "google_compute_project_metadata",
          "name": "positive2",
          "provider_name": "registry.terraform.io/hashicorp/google",
          "schema_version": 0,
          "values": {
            "metadata": {
              "serial-port-enable": "TRUE"
            },
            "project": "security-controls-sandbox",
            "timeouts": null
          },
          "sensitive_values": {
            "metadata": {}
          }
        },
        {
          "address": "google_compute_project_metadata_item.positive3",
          "mode": "managed",
          "type": "google_compute_project_metadata_item",
          "name": "positive3",
          "provider_name": "registry.terraform.io/hashicorp/google",
          "schema_version": 0,
          "values": {
            "key": "serial-port-enable",
            "project": "security-controls-sandbox",
            "timeouts": null,
            "value": "TRUE"
          },
          "sensitive_values": {}
        }
      ]
    }
  },
  "resource_changes": [
    {
      "address": "google_compute_instance.positive1",
      "mode": "managed",
      "type": "google_compute_instance",
      "name": "positive1",
      "provider_name": "registry.terraform.io/hashicorp/google",
      "change": {
        "actions": [
          "create"
        ],
        "before": null,
        "after": {
          "advanced_machine_features": [],
          "allow_stopping_for_update": null,
          "attached_disk": [],
          "boot_disk": [
            {
              "auto_delete": true,
              "disk_encryption_key_raw": null,
              "initialize_params": [
                {
                  "enable_confidential_compute": null,
                  "image": "debian-cloud/debian-9",
                  "resource_manager_tags": null,
                  "storage_pool": null
                }
              ],
              "interface": null,
              "mode": "READ_WRITE"
            }
          ],
          "can_ip_forward": false,
          "deletion_protection": false,
          "description": null,
          "desired_status": null,
          "effective_labels": {
            "goog-terraform-provisioned": "true"
          },
          "enable_display": null,
          "hostname": null,
          "key_revocation_action_type": null,
          "labels": null,
          "machine_type": "e2-medium",
          "metadata": {
            "serial-port-enable": "true"
          },
          "metadata_startup_script": "echo hi > /test.txt",
          "name": "test",
          "network_interface": [
            {
              "access_config": [
                {
                  "public_ptr_domain_name": null
                }
              ],
              "alias_ip_range": [],
              "ipv6_access_config": [],
              "network": "default",
              "nic_type": null,
              "queue_count": null
            }
          ],
          "network_performance_config": [],
          "params": [],
          "project": "security-controls-sandbox",
          "resource_policies": null,
          "scratch_disk": [
            {
              "interface": "SCSI",
              "size": 375
            }
          ],
          "service_account": [
            {
              "scopes": [
                "https://www.googleapis.com/auth/compute.readonly",
                "https://www.googleapis.com/auth/devstorage.read_only",
                "https://www.googleapis.com/auth/userinfo.email"
              ]
            }
          ],
          "shielded_instance_config": [],
          "tags": [
            "bar",
            "foo"
          ],
          "terraform_labels": {
            "goog-terraform-provisioned": "true"
          },
          "timeouts": null,
          "zone": "us-central1-a"
        },
        "after_unknown": {
          "advanced_machine_features": [],
          "attached_disk": [],
          "boot_disk": [
            {
              "device_name": true,
              "disk_encryption_key_sha256": true,
              "initialize_params": [
                {
                  "labels": true,
                  "provisioned_iops": true,
                  "provisioned_throughput": true,
                  "resource_policies": true,
                  "size": true,
                  "type": true
                }
              ],
              "kms_key_self_link": true,
              "source": true
            }
          ],
          "confidential_instance_config": true,
          "cpu_platform": true,
          "creation_timestamp": true,
          "current_status": true,
          "effective_labels": {},
          "guest_accelerator": true,
          "id": true,
          "instance_id": true,
          "label_fingerprint": true,
          "metadata": {},
          "metadata_fingerprint": true,
          "min_cpu_platform": true,
          "network_interface": [
            {
              "access_config": [
                {
                  "nat_ip": true,
                  "network_tier": true
                }
              ],
              "alias_ip_range": [],
              "internal_ipv6_prefix_length": true,
              "ipv6_access_config": [],
              "ipv6_access_type": true,
              "ipv6_address": true,
              "name": true,
              "network_ip": true,
              "stack_type": true,
              "subnetwork": true,
              "subnetwork_project": true
            }
          ],
          "network_performance_config": [],
          "params": [],
          "reservation_affinity": true,
          "scheduling": true,
          "scratch_disk": [
            {
              "device_name": true
            }
          ],
          "self_link": true,
          "service_account": [
            {
              "email": true,
              "scopes": [
                false,
                false,
                false
              ]
            }
          ],
          "shielded_instance_config": [],
          "tags": [
            false,
            false
          ],
          "tags_fingerprint": true,
          "terraform_labels": {}
        },
        "before_sensitive": false,
        "after_sensitive": {
          "advanced_machine_features": [],
          "attached_disk": [],
          "boot_disk": [
            {
              "disk_encryption_key_raw": true,
              "initialize_params": [
                {
                  "labels": {},
                  "resource_policies": []
                }
              ]
            }
          ],
          "confidential_instance_config": [],
          "effective_labels": {},
          "guest_accelerator": [],
          "metadata": {},
          "network_interface": [
            {
              "access_config": [
                {}
              ],
              "alias_ip_range": [],
              "ipv6_access_config": []
            }
          ],
          "network_performance_config": [],
          "params": [],
          "reservation_affinity": [],
          "scheduling": [],
          "scratch_disk": [
            {}
          ],
          "service_account": [
            {
              "scopes": [
                false,
                false,
                false
              ]
            }
          ],
          "shielded_instance_config": [],
          "tags": [
            false,
            false
          ],
          "terraform_labels": {}
        }
      }
    },
    {
      "address": "google_compute_project_metadata.positive2",
      "mode": "managed",
      "type": "google_compute_project_metadata",
      "name": "positive2",
      "provider_name": "registry.terraform.io/hashicorp/google",
      "change": {
        "actions": [
          "create"
        ],
        "before": null,
        "after": {
          "metadata": {
            "serial-port-enable": "TRUE"
          },
          "project": "security-controls-sandbox",
          "timeouts": null
        },
        "after_unknown": {
          "id": true,
          "metadata": {}
        },
        "before_sensitive": false,
        "after_sensitive": {
          "metadata": {}
        }
      }
    },
    {
      "address": "google_compute_project_metadata_item.positive3",
      "mode": "managed",
      "type": "google_compute_project_metadata_item",
      "name": "positive3",
      "provider_name": "registry.terraform.io/hashicorp/google",
      "change": {
        "actions": [
          "create"
        ],
        "before": null,
        "after": {
          "key": "serial-port-enable",
          "project": "security-controls-sandbox",
          "timeouts": null,
          "value": "TRUE"
        },
        "after_unknown": {
          "id": true
        },
        "before_sensitive": false,
        "after_sensitive": {}
      }
    }
  ],
  "configuration": {
    "provider_config": {
      "google": {
        "name": "google",
        "full_name": "registry.terraform.io/hashicorp/google",
        "version_constraint": "6.15.0",
        "expressions": {
          "project": {
            "constant_value": "security-controls-sandbox"
          },
          "region": {
            "constant_value": "us-central1"
          },
          "zone": {
            "constant_value": "us-central1-c"
          }
        }
      }
    },
    "root_module": {
      "resources": [
        {
          "address": "google_compute_instance.positive1",
          "mode": "managed",
          "type": "google_compute_instance",
          "name": "positive1",
          "provider_config_key": "google",
          "expressions": {
            "boot_disk": [
              {
                "initialize_params": [
                  {
                    "image": {
                      "constant_value": "debian-cloud/debian-9"
                    }
                  }
                ]
              }
            ],
            "machine_type": {
              "constant_value": "e2-medium"
            },
            "metadata": {
              "constant_value": {
                "serial-port-enable": true
              }
            },
            "metadata_startup_script": {
              "constant_value": "echo hi > /test.txt"
            },
            "name": {
              "constant_value": "test"
            },
            "network_interface": [
              {
                "access_config": [
                  {}
                ],
                "network": {
                  "constant_value": "default"
                }
              }
            ],
            "scratch_disk": [
              {
                "interface": {
                  "constant_value": "SCSI"
                }
              }
            ],
            "service_account": [
              {
                "scopes": {
                  "constant_value": [
                    "userinfo-email",
                    "compute-ro",
                    "storage-ro"
                  ]
                }
              }
            ],
            "tags": {
              "constant_value": [
                "foo",
                "bar"
              ]
            },
            "zone": {
              "constant_value": "us-central1-a"
            }
          },
          "schema_version": 6
        },
        {
          "address": "google_compute_project_metadata.positive2",
          "mode": "managed",
          "type": "google_compute_project_metadata",
          "name": "positive2",
          "provider_config_key": "google",
          "expressions": {
            "metadata": {
              "constant_value": {
                "serial-port-enable": "TRUE"
              }
            }
          },
          "schema_version": 0
        },
        {
          "address": "google_compute_project_metadata_item.positive3",
          "mode": "managed",
          "type": "google_compute_project_metadata_item",
          "name": "positive3",
          "provider_config_key": "google",
          "expressions": {
            "key": {
              "constant_value": "serial-port-enable"
            },
            "value": {
              "constant_value": "TRUE"
            }
          },
          "schema_version": 0
        }
      ]
    }
  },
  "timestamp": "2025-05-28T19:36:05Z",
  "applyable": true,
  "complete": true,
  "errored": false
}
