{
    "format_version": "1.2",
    "terraform_version": "1.7.5",
    "planned_values": {
        "root_module": {
            "resources": [
                {
                    "address": "azurerm_app_service.cvs-app-service",
                    "mode": "managed",
                    "type": "azurerm_app_service",
                    "name": "cvs-app-service",
                    "provider_name": "registry.terraform.io/hashicorp/azurerm",
                    "schema_version": 0,
                    "values": {
                        "app_service_plan_id": "/subscriptions/ec8dc618-46dd-43e2-8506-3007f304d884/resourceGroups/security-poc-suhasu-rg/providers/Microsoft.Web/serverFarms/ASP-securitypocsuhasurg-8c6d",
                        "app_settings": {
                            "SOME_KEY": "some-value"
                        },
                        "backup": [],
                        "client_affinity_enabled": false,
                        "client_cert_enabled": false,
                        "connection_string": [
                            {
                                "name": "Database",
                                "type": "SQLServer",
                                "value": "Server=some-server.mydomain.com;Integrated Security=SSPI"
                            }
                        ],
                        "enabled": true,
                        "https_only": true,
                        "identity": [
                            {
                                "identity_ids": [
                                    "/subscriptions/ec8dc618-46dd-43e2-8506-3007f304d884/resourceGroups/security-poc-yogeshd-rg/providers/Microsoft.ManagedIdentity/userAssignedIdentities/security-poc-css-mi"
                                ],
                                "type": "UserAssigned"
                            }
                        ],
                        "location": "eastus2",
                        "name": "cvs-app-service",
                        "resource_group_name": "security-poc-yogeshd-rg",
                        "site_config": [
                            {
                                "acr_use_managed_identity_credentials": false,
                                "acr_user_managed_identity_client_id": null,
                                "always_on": false,
                                "app_command_line": null,
                                "auto_swap_slot_name": null,
                                "default_documents": null,
                                "dotnet_framework_version": "v4.0",
                                "health_check_path": null,
                                "http2_enabled": false,
                                "java_container": null,
                                "java_container_version": null,
                                "java_version": null,
                                "min_tls_version": "1.2",
                                "php_version": null,
                                "python_version": null,
                                "remote_debugging_enabled": false,
                                "scm_type": "LocalGit",
                                "scm_use_main_ip_restriction": false,
                                "use_32_bit_worker_process": null
                            }
                        ],
                        "tags": {
                            "costcenter": "02045",
                            "dataclassification": "confidential",
                            "environmenttype": "dev",
                            "itpmid": "12345",
                            "sharedemailaddress": "CloudSecurityServices@cvshealth.com"
                        },
                        "timeouts": null
                    },
                    "sensitive_values": {
                        "app_settings": {},
                        "auth_settings": [],
                        "backup": [],
                        "connection_string": [
                            {}
                        ],
                        "identity": [
                            {
                                "identity_ids": [
                                    false
                                ]
                            }
                        ],
                        "logs": [],
                        "outbound_ip_address_list": [],
                        "possible_outbound_ip_address_list": [],
                        "site_config": [
                            {
                                "cors": [],
                                "ip_restriction": [],
                                "scm_ip_restriction": []
                            }
                        ],
                        "site_credential": [],
                        "source_control": [],
                        "storage_account": [],
                        "tags": {}
                    }
                }
            ]
        }
    },
    "resource_changes": [
        {
            "address": "azurerm_app_service.cvs-app-service",
            "mode": "managed",
            "type": "azurerm_app_service",
            "name": "cvs-app-service",
            "provider_name": "registry.terraform.io/hashicorp/azurerm",
            "change": {
                "actions": [
                    "create"
                ],
                "before": null,
                "after": {
                    "app_service_plan_id": "/subscriptions/ec8dc618-46dd-43e2-8506-3007f304d884/resourceGroups/security-poc-suhasu-rg/providers/Microsoft.Web/serverFarms/ASP-securitypocsuhasurg-8c6d",
                    "app_settings": {
                        "SOME_KEY": "some-value"
                    },
                    "backup": [],
                    "client_affinity_enabled": false,
                    "client_cert_enabled": false,
                    "connection_string": [
                        {
                            "name": "Database",
                            "type": "SQLServer",
                            "value": "Server=some-server.mydomain.com;Integrated Security=SSPI"
                        }
                    ],
                    "enabled": true,
                    "https_only": true,
                    "identity": [
                        {
                            "identity_ids": [
                                "/subscriptions/ec8dc618-46dd-43e2-8506-3007f304d884/resourceGroups/security-poc-yogeshd-rg/providers/Microsoft.ManagedIdentity/userAssignedIdentities/security-poc-css-mi"
                            ],
                            "type": "UserAssigned"
                        }
                    ],
                    "location": "eastus2",
                    "name": "cvs-app-service",
                    "resource_group_name": "security-poc-yogeshd-rg",
                    "site_config": [
                        {
                            "acr_use_managed_identity_credentials": false,
                            "acr_user_managed_identity_client_id": null,
                            "always_on": false,
                            "app_command_line": null,
                            "auto_swap_slot_name": null,
                            "default_documents": null,
                            "dotnet_framework_version": "v4.0",
                            "health_check_path": null,
                            "http2_enabled": false,
                            "java_container": null,
                            "java_container_version": null,
                            "java_version": null,
                            "min_tls_version": "1.2",
                            "php_version": null,
                            "python_version": null,
                            "remote_debugging_enabled": false,
                            "scm_type": "LocalGit",
                            "scm_use_main_ip_restriction": false,
                            "use_32_bit_worker_process": null
                        }
                    ],
                    "tags": {
                        "costcenter": "02045",
                        "dataclassification": "confidential",
                        "environmenttype": "dev",
                        "itpmid": "12345",
                        "sharedemailaddress": "CloudSecurityServices@cvshealth.com"
                    },
                    "timeouts": null
                },
                "after_unknown": {
                    "app_settings": {},
                    "auth_settings": true,
                    "backup": [],
                    "client_cert_mode": true,
                    "connection_string": [
                        {}
                    ],
                    "custom_domain_verification_id": true,
                    "default_site_hostname": true,
                    "id": true,
                    "identity": [
                        {
                            "identity_ids": [
                                false
                            ],
                            "principal_id": true,
                            "tenant_id": true
                        }
                    ],
                    "key_vault_reference_identity_id": true,
                    "logs": true,
                    "outbound_ip_address_list": true,
                    "outbound_ip_addresses": true,
                    "possible_outbound_ip_address_list": true,
                    "possible_outbound_ip_addresses": true,
                    "site_config": [
                        {
                            "cors": true,
                            "ftps_state": true,
                            "ip_restriction": true,
                            "linux_fx_version": true,
                            "local_mysql_enabled": true,
                            "managed_pipeline_mode": true,
                            "number_of_workers": true,
                            "remote_debugging_version": true,
                            "scm_ip_restriction": true,
                            "vnet_route_all_enabled": true,
                            "websockets_enabled": true,
                            "windows_fx_version": true
                        }
                    ],
                    "site_credential": true,
                    "source_control": true,
                    "storage_account": true,
                    "tags": {}
                },
                "before_sensitive": false,
                "after_sensitive": {
                    "app_settings": {},
                    "auth_settings": [],
                    "backup": [],
                    "connection_string": true,
                    "identity": [
                        {
                            "identity_ids": [
                                false
                            ]
                        }
                    ],
                    "logs": [],
                    "outbound_ip_address_list": [],
                    "possible_outbound_ip_address_list": [],
                    "site_config": [
                        {
                            "cors": [],
                            "ip_restriction": [],
                            "scm_ip_restriction": []
                        }
                    ],
                    "site_credential": [],
                    "source_control": [],
                    "storage_account": [],
                    "tags": {}
                }
            }
        }
    ],
    "prior_state": {
        "format_version": "1.0",
        "terraform_version": "1.7.5",
        "values": {
            "root_module": {
                "resources": [
                    {
                        "address": "data.azurerm_app_service_plan.windows_app_service_plan",
                        "mode": "data",
                        "type": "azurerm_app_service_plan",
                        "name": "windows_app_service_plan",
                        "provider_name": "registry.terraform.io/hashicorp/azurerm",
                        "schema_version": 0,
                        "values": {
                            "app_service_environment_id": null,
                            "id": "/subscriptions/ec8dc618-46dd-43e2-8506-3007f304d884/resourceGroups/security-poc-suhasu-rg/providers/Microsoft.Web/serverFarms/ASP-securitypocsuhasurg-8c6d",
                            "is_xenon": false,
                            "kind": "elastic",
                            "location": "eastus2",
                            "maximum_elastic_worker_count": 20,
                            "maximum_number_of_workers": 20,
                            "name": "ASP-securitypocsuhasurg-8c6d",
                            "per_site_scaling": false,
                            "reserved": false,
                            "resource_group_name": "security-poc-suhasu-rg",
                            "sku": [
                                {
                                    "capacity": 1,
                                    "size": "WS1",
                                    "tier": "WorkflowStandard"
                                }
                            ],
                            "tags": {
                                "createdondate": "2024-09-25",
                                "dataclassification": "restrictedD",
                                "environmenttype": "NonProd",
                                "itpmid": "87DB880C626F02E3"
                            },
                            "timeouts": null,
                            "zone_redundant": false
                        },
                        "sensitive_values": {
                            "sku": [
                                {}
                            ],
                            "tags": {}
                        }
                    },
                    {
                        "address": "data.azurerm_resource_group.resource_group",
                        "mode": "data",
                        "type": "azurerm_resource_group",
                        "name": "resource_group",
                        "provider_name": "registry.terraform.io/hashicorp/azurerm",
                        "schema_version": 0,
                        "values": {
                            "id": "/subscriptions/ec8dc618-46dd-43e2-8506-3007f304d884/resourceGroups/security-poc-yogeshd-rg",
                            "location": "eastus2",
                            "managed_by": "",
                            "name": "security-poc-yogeshd-rg",
                            "tags": {
                                "createdondate": "2024-06-26",
                                "dataclassification": "restrictedD",
                                "environmentsubtype": "POC",
                                "environmenttype": "NonProd"
                            },
                            "timeouts": null
                        },
                        "sensitive_values": {
                            "tags": {}
                        }
                    },
                    {
                        "address": "data.azurerm_user_assigned_identity.user_assigned_identity",
                        "mode": "data",
                        "type": "azurerm_user_assigned_identity",
                        "name": "user_assigned_identity",
                        "provider_name": "registry.terraform.io/hashicorp/azurerm",
                        "schema_version": 0,
                        "values": {
                            "client_id": "860e8e4f-6052-4dc5-b3f9-feef98bf1a12",
                            "id": "/subscriptions/ec8dc618-46dd-43e2-8506-3007f304d884/resourceGroups/security-poc-yogeshd-rg/providers/Microsoft.ManagedIdentity/userAssignedIdentities/security-poc-css-mi",
                            "location": "eastus2",
                            "name": "security-poc-css-mi",
                            "principal_id": "7e9254ab-e4e6-4fd3-845e-17810afb5f58",
                            "resource_group_name": "security-poc-yogeshd-rg",
                            "tags": {
                                "createdondate": "2024-07-31",
                                "dataclassification": "restrictedD",
                                "environmenttype": "NonProd",
                                "itpmid": "87DB880C626F02E3"
                            },
                            "tenant_id": "fabb61b8-3afe-4e75-b934-a47f782b8cd7",
                            "timeouts": null
                        },
                        "sensitive_values": {
                            "tags": {}
                        }
                    }
                ]
            }
        }
    },
    "configuration": {
        "provider_config": {
            "azurerm": {
                "name": "azurerm",
                "full_name": "registry.terraform.io/hashicorp/azurerm",
                "version_constraint": "4.20.0",
                "expressions": {
                    "features": [
                        {}
                    ],
                    "subscription_id": {
                        "constant_value": "ec8dc618-46dd-43e2-8506-3007f304d884"
                    }
                }
            }
        },
        "root_module": {
            "resources": [
                {
                    "address": "azurerm_app_service.cvs-app-service",
                    "mode": "managed",
                    "type": "azurerm_app_service",
                    "name": "cvs-app-service",
                    "provider_config_key": "azurerm",
                    "expressions": {
                        "app_service_plan_id": {
                            "references": [
                                "data.azurerm_app_service_plan.windows_app_service_plan.id",
                                "data.azurerm_app_service_plan.windows_app_service_plan"
                            ]
                        },
                        "app_settings": {
                            "constant_value": {
                                "SOME_KEY": "some-value"
                            }
                        },
                        "connection_string": [
                            {
                                "name": {
                                    "constant_value": "Database"
                                },
                                "type": {
                                    "constant_value": "SQLServer"
                                },
                                "value": {
                                    "constant_value": "Server=some-server.mydomain.com;Integrated Security=SSPI"
                                }
                            }
                        ],
                        "https_only": {
                            "constant_value": true
                        },
                        "identity": [
                            {
                                "identity_ids": {
                                    "references": [
                                        "data.azurerm_user_assigned_identity.user_assigned_identity.id",
                                        "data.azurerm_user_assigned_identity.user_assigned_identity"
                                    ]
                                },
                                "type": {
                                    "constant_value": "UserAssigned"
                                }
                            }
                        ],
                        "location": {
                            "references": [
                                "data.azurerm_resource_group.resource_group.location",
                                "data.azurerm_resource_group.resource_group"
                            ]
                        },
                        "name": {
                            "constant_value": "cvs-app-service"
                        },
                        "resource_group_name": {
                            "references": [
                                "data.azurerm_resource_group.resource_group.name",
                                "data.azurerm_resource_group.resource_group"
                            ]
                        },
                        "site_config": [
                            {
                                "dotnet_framework_version": {
                                    "constant_value": "v4.0"
                                },
                                "min_tls_version": {
                                    "constant_value": "1.2"
                                },
                                "scm_type": {
                                    "constant_value": "LocalGit"
                                }
                            }
                        ],
                        "tags": {
                            "constant_value": {
                                "costcenter": "02045",
                                "dataclassification": "confidential",
                                "environmenttype": "dev",
                                "itpmid": "12345",
                                "sharedemailaddress": "CloudSecurityServices@cvshealth.com"
                            }
                        }
                    },
                    "schema_version": 0
                },
                {
                    "address": "data.azurerm_app_service_plan.windows_app_service_plan",
                    "mode": "data",
                    "type": "azurerm_app_service_plan",
                    "name": "windows_app_service_plan",
                    "provider_config_key": "azurerm",
                    "expressions": {
                        "name": {
                            "constant_value": "ASP-securitypocsuhasurg-8c6d"
                        },
                        "resource_group_name": {
                            "constant_value": "security-poc-suhasu-rg"
                        }
                    },
                    "schema_version": 0
                },
                {
                    "address": "data.azurerm_resource_group.resource_group",
                    "mode": "data",
                    "type": "azurerm_resource_group",
                    "name": "resource_group",
                    "provider_config_key": "azurerm",
                    "expressions": {
                        "name": {
                            "constant_value": "security-poc-yogeshd-rg"
                        }
                    },
                    "schema_version": 0
                },
                {
                    "address": "data.azurerm_user_assigned_identity.user_assigned_identity",
                    "mode": "data",
                    "type": "azurerm_user_assigned_identity",
                    "name": "user_assigned_identity",
                    "provider_config_key": "azurerm",
                    "expressions": {
                        "name": {
                            "constant_value": "security-poc-css-mi"
                        },
                        "resource_group_name": {
                            "constant_value": "security-poc-yogeshd-rg"
                        }
                    },
                    "schema_version": 0
                }
            ]
        }
    },
    "relevant_attributes": [
        {
            "resource": "data.azurerm_resource_group.resource_group",
            "attribute": [
                "location"
            ]
        },
        {
            "resource": "data.azurerm_app_service_plan.windows_app_service_plan",
            "attribute": [
                "id"
            ]
        },
        {
            "resource": "data.azurerm_resource_group.resource_group",
            "attribute": [
                "name"
            ]
        },
        {
            "resource": "data.azurerm_user_assigned_identity.user_assigned_identity",
            "attribute": [
                "id"
            ]
        }
    ],
    "timestamp": "2025-03-23T03:59:12Z",
    "errored": false
}