{
    "format_version": "1.2",
    "terraform_version": "1.7.5",
    "planned_values": {
        "root_module": {
            "resources": [
                {
                    "address": "azurerm_mssql_server.negativeexample",
                    "mode": "managed",
                    "type": "azurerm_mssql_server",
                    "name": "negativeexample",
                    "provider_name": "registry.terraform.io/hashicorp/azurerm",
                    "schema_version": 0,
                    "values": {
                        "administrator_login_password": null,
                        "azuread_administrator": [
                            {
                                "azuread_authentication_only": false,
                                "login_username": "AzureADAdmin",
                                "object_id": "00000000-0000-0000-0000-000000000000"
                            }
                        ],
                        "connection_policy": "Default",
                        "identity": [],
                        "location": "eastus",
                        "minimum_tls_version": "1.2",
                        "name": "mysqlserver",
                        "outbound_network_restriction_enabled": false,
                        "public_network_access_enabled": false,
                        "resource_group_name": "ExampleResourceGroup",
                        "tags": {
                            "costcenter": "02045",
                            "dataclassification": "confidential",
                            "environmenttype": "dev",
                            "itpmid": "12345",
                            "sharedemailaddress": "CloudSecurityServices@cvshealth.com"
                        },
                        "timeouts": null,
                        "transparent_data_encryption_key_vault_key_id": null,
                        "version": "12.0"
                    },
                    "sensitive_values": {
                        "azuread_administrator": [
                            {}
                        ],
                        "identity": [],
                        "restorable_dropped_database_ids": [],
                        "tags": {}
                    }
                },
                {
                    "address": "azurerm_resource_group.example",
                    "mode": "managed",
                    "type": "azurerm_resource_group",
                    "name": "example",
                    "provider_name": "registry.terraform.io/hashicorp/azurerm",
                    "schema_version": 0,
                    "values": {
                        "location": "eastus",
                        "managed_by": null,
                        "name": "ExampleResourceGroup",
                        "tags": null,
                        "timeouts": null
                    },
                    "sensitive_values": {}
                },
                {
                    "address": "azurerm_subnet.endpoint",
                    "mode": "managed",
                    "type": "azurerm_subnet",
                    "name": "endpoint",
                    "provider_name": "registry.terraform.io/hashicorp/azurerm",
                    "schema_version": 0,
                    "values": {
                        "address_prefixes": [
                            "10.0.2.0/24"
                        ],
                        "default_outbound_access_enabled": true,
                        "delegation": [],
                        "name": "endpoint",
                        "resource_group_name": "ExampleResourceGroup",
                        "service_endpoint_policy_ids": null,
                        "service_endpoints": null,
                        "timeouts": null,
                        "virtual_network_name": "example-network"
                    },
                    "sensitive_values": {
                        "address_prefixes": [
                            false
                        ],
                        "delegation": []
                    }
                },
                {
                    "address": "azurerm_virtual_network.example",
                    "mode": "managed",
                    "type": "azurerm_virtual_network",
                    "name": "example",
                    "provider_name": "registry.terraform.io/hashicorp/azurerm",
                    "schema_version": 0,
                    "values": {
                        "address_space": [
                            "10.0.0.0/16"
                        ],
                        "bgp_community": null,
                        "ddos_protection_plan": [],
                        "edge_zone": null,
                        "encryption": [],
                        "flow_timeout_in_minutes": null,
                        "location": "eastus",
                        "name": "example-network",
                        "resource_group_name": "ExampleResourceGroup",
                        "tags": null,
                        "timeouts": null
                    },
                    "sensitive_values": {
                        "address_space": [
                            false
                        ],
                        "ddos_protection_plan": [],
                        "dns_servers": [],
                        "encryption": [],
                        "subnet": []
                    }
                }
            ]
        }
    },
    "resource_changes": [
        {
            "address": "azurerm_mssql_server.negativeexample",
            "mode": "managed",
            "type": "azurerm_mssql_server",
            "name": "negativeexample",
            "provider_name": "registry.terraform.io/hashicorp/azurerm",
            "change": {
                "actions": [
                    "create"
                ],
                "before": null,
                "after": {
                    "administrator_login_password": null,
                    "azuread_administrator": [
                        {
                            "azuread_authentication_only": false,
                            "login_username": "AzureADAdmin",
                            "object_id": "00000000-0000-0000-0000-000000000000"
                        }
                    ],
                    "connection_policy": "Default",
                    "identity": [],
                    "location": "eastus",
                    "minimum_tls_version": "1.2",
                    "name": "mysqlserver",
                    "outbound_network_restriction_enabled": false,
                    "public_network_access_enabled": false,
                    "resource_group_name": "ExampleResourceGroup",
                    "tags": {
                        "costcenter": "02045",
                        "dataclassification": "confidential",
                        "environmenttype": "dev",
                        "itpmid": "12345",
                        "sharedemailaddress": "CloudSecurityServices@cvshealth.com"
                    },
                    "timeouts": null,
                    "transparent_data_encryption_key_vault_key_id": null,
                    "version": "12.0"
                },
                "after_unknown": {
                    "administrator_login": true,
                    "azuread_administrator": [
                        {
                            "tenant_id": true
                        }
                    ],
                    "fully_qualified_domain_name": true,
                    "id": true,
                    "identity": [],
                    "primary_user_assigned_identity_id": true,
                    "restorable_dropped_database_ids": true,
                    "tags": {}
                },
                "before_sensitive": false,
                "after_sensitive": {
                    "administrator_login_password": true,
                    "azuread_administrator": [
                        {}
                    ],
                    "identity": [],
                    "restorable_dropped_database_ids": [],
                    "tags": {}
                }
            }
        },
        {
            "address": "azurerm_resource_group.example",
            "mode": "managed",
            "type": "azurerm_resource_group",
            "name": "example",
            "provider_name": "registry.terraform.io/hashicorp/azurerm",
            "change": {
                "actions": [
                    "create"
                ],
                "before": null,
                "after": {
                    "location": "eastus",
                    "managed_by": null,
                    "name": "ExampleResourceGroup",
                    "tags": null,
                    "timeouts": null
                },
                "after_unknown": {
                    "id": true
                },
                "before_sensitive": false,
                "after_sensitive": {}
            }
        },
        {
            "address": "azurerm_subnet.endpoint",
            "mode": "managed",
            "type": "azurerm_subnet",
            "name": "endpoint",
            "provider_name": "registry.terraform.io/hashicorp/azurerm",
            "change": {
                "actions": [
                    "create"
                ],
                "before": null,
                "after": {
                    "address_prefixes": [
                        "10.0.2.0/24"
                    ],
                    "default_outbound_access_enabled": true,
                    "delegation": [],
                    "name": "endpoint",
                    "resource_group_name": "ExampleResourceGroup",
                    "service_endpoint_policy_ids": null,
                    "service_endpoints": null,
                    "timeouts": null,
                    "virtual_network_name": "example-network"
                },
                "after_unknown": {
                    "address_prefixes": [
                        false
                    ],
                    "delegation": [],
                    "enforce_private_link_endpoint_network_policies": true,
                    "enforce_private_link_service_network_policies": true,
                    "id": true,
                    "private_endpoint_network_policies": true,
                    "private_endpoint_network_policies_enabled": true,
                    "private_link_service_network_policies_enabled": true
                },
                "before_sensitive": false,
                "after_sensitive": {
                    "address_prefixes": [
                        false
                    ],
                    "delegation": []
                }
            }
        },
        {
            "address": "azurerm_virtual_network.example",
            "mode": "managed",
            "type": "azurerm_virtual_network",
            "name": "example",
            "provider_name": "registry.terraform.io/hashicorp/azurerm",
            "change": {
                "actions": [
                    "create"
                ],
                "before": null,
                "after": {
                    "address_space": [
                        "10.0.0.0/16"
                    ],
                    "bgp_community": null,
                    "ddos_protection_plan": [],
                    "edge_zone": null,
                    "encryption": [],
                    "flow_timeout_in_minutes": null,
                    "location": "eastus",
                    "name": "example-network",
                    "resource_group_name": "ExampleResourceGroup",
                    "tags": null,
                    "timeouts": null
                },
                "after_unknown": {
                    "address_space": [
                        false
                    ],
                    "ddos_protection_plan": [],
                    "dns_servers": true,
                    "encryption": [],
                    "guid": true,
                    "id": true,
                    "subnet": true
                },
                "before_sensitive": false,
                "after_sensitive": {
                    "address_space": [
                        false
                    ],
                    "ddos_protection_plan": [],
                    "dns_servers": [],
                    "encryption": [],
                    "subnet": []
                }
            }
        }
    ],
    "configuration": {
        "provider_config": {
            "azurerm": {
                "name": "azurerm",
                "full_name": "registry.terraform.io/hashicorp/azurerm",
                "version_constraint": "3.117.0",
                "expressions": {
                    "features": [
                        {}
                    ]
                }
            }
        },
        "root_module": {
            "resources": [
                {
                    "address": "azurerm_mssql_server.negativeexample",
                    "mode": "managed",
                    "type": "azurerm_mssql_server",
                    "name": "negativeexample",
                    "provider_config_key": "azurerm",
                    "expressions": {
                        "azuread_administrator": [
                            {
                                "azuread_authentication_only": {
                                    "constant_value": false
                                },
                                "login_username": {
                                    "constant_value": "AzureADAdmin"
                                },
                                "object_id": {
                                    "constant_value": "00000000-0000-0000-0000-000000000000"
                                }
                            }
                        ],
                        "location": {
                            "references": [
                                "azurerm_resource_group.example.location",
                                "azurerm_resource_group.example"
                            ]
                        },
                        "name": {
                            "constant_value": "mysqlserver"
                        },
                        "public_network_access_enabled": {
                            "constant_value": false
                        },
                        "resource_group_name": {
                            "references": [
                                "azurerm_resource_group.example.name",
                                "azurerm_resource_group.example"
                            ]
                        },
                        "tags": {
                            "constant_value": {
                                "costcenter": "02045",
                                "dataclassification": "confidential",
                                "environmenttype": "dev",
                                "itpmid": "12345",
                                "sharedemailaddress": "CloudSecurityServices@cvshealth.com"
                            }
                        },
                        "version": {
                            "constant_value": "12.0"
                        }
                    },
                    "schema_version": 0
                },
                {
                    "address": "azurerm_resource_group.example",
                    "mode": "managed",
                    "type": "azurerm_resource_group",
                    "name": "example",
                    "provider_config_key": "azurerm",
                    "expressions": {
                        "location": {
                            "constant_value": "East US"
                        },
                        "name": {
                            "constant_value": "ExampleResourceGroup"
                        }
                    },
                    "schema_version": 0
                },
                {
                    "address": "azurerm_subnet.endpoint",
                    "mode": "managed",
                    "type": "azurerm_subnet",
                    "name": "endpoint",
                    "provider_config_key": "azurerm",
                    "expressions": {
                        "address_prefixes": {
                            "constant_value": [
                                "10.0.2.0/24"
                            ]
                        },
                        "name": {
                            "constant_value": "endpoint"
                        },
                        "resource_group_name": {
                            "references": [
                                "azurerm_resource_group.example.name",
                                "azurerm_resource_group.example"
                            ]
                        },
                        "virtual_network_name": {
                            "references": [
                                "azurerm_virtual_network.example.name",
                                "azurerm_virtual_network.example"
                            ]
                        }
                    },
                    "schema_version": 0
                },
                {
                    "address": "azurerm_virtual_network.example",
                    "mode": "managed",
                    "type": "azurerm_virtual_network",
                    "name": "example",
                    "provider_config_key": "azurerm",
                    "expressions": {
                        "address_space": {
                            "constant_value": [
                                "10.0.0.0/16"
                            ]
                        },
                        "location": {
                            "references": [
                                "azurerm_resource_group.example.location",
                                "azurerm_resource_group.example"
                            ]
                        },
                        "name": {
                            "constant_value": "example-network"
                        },
                        "resource_group_name": {
                            "references": [
                                "azurerm_resource_group.example.name",
                                "azurerm_resource_group.example"
                            ]
                        }
                    },
                    "schema_version": 0
                }
            ]
        }
    },
    "relevant_attributes": [
        {
            "resource": "azurerm_resource_group.example",
            "attribute": [
                "name"
            ]
        },
        {
            "resource": "azurerm_resource_group.example",
            "attribute": [
                "location"
            ]
        },
        {
            "resource": "azurerm_virtual_network.example",
            "attribute": [
                "name"
            ]
        }
    ],
    "timestamp": "2025-02-12T17:47:12Z",
    "errored": false
}