{
    "format_version": "1.2",
    "terraform_version": "1.7.5",
    "planned_values": {
        "root_module": {
            "resources": [
                {
                    "address": "azurerm_eventgrid_domain.event_grid_domain",
                    "mode": "managed",
                    "type": "azurerm_eventgrid_domain",
                    "name": "event_grid_domain",
                    "provider_name": "registry.terraform.io/hashicorp/azurerm",
                    "schema_version": 0,
                    "values": {
                        "auto_create_topic_with_first_subscription": true,
                        "auto_delete_topic_with_last_subscription": true,
                        "identity": [
                            {
                                "identity_ids": [
                                    "/subscriptions/ec8dc618-46dd-43e2-8506-3007f304d884/resourceGroups/security-poc-yogeshd-rg/providers/Microsoft.ManagedIdentity/userAssignedIdentities/security-poc-css-mi"
                                ],
                                "type": "UserAssigned"
                            }
                        ],
                        "inbound_ip_rule": null,
                        "input_mapping_default_values": [],
                        "input_mapping_fields": [],
                        "input_schema": "EventGridSchema",
                        "local_auth_enabled": true,
                        "location": "eastus2",
                        "name": "my-eventgrid-domain",
                        "public_network_access_enabled": false,
                        "resource_group_name": "security-poc-yogeshd-rg",
                        "tags": {
                            "costcenter": "190294",
                            "dataclassification": "Restricted",
                            "environmenttype": "NonProd",
                            "itpmid": "ITPMID123456",
                            "sharedemailaddress": "CloudSecurityServices@cvshealth.com"
                        },
                        "timeouts": null
                    },
                    "sensitive_values": {
                        "identity": [
                            {
                                "identity_ids": [
                                    false
                                ]
                            }
                        ],
                        "input_mapping_default_values": [],
                        "input_mapping_fields": [],
                        "tags": {}
                    }
                }
            ]
        }
    },
    "resource_changes": [
        {
            "address": "azurerm_eventgrid_domain.event_grid_domain",
            "mode": "managed",
            "type": "azurerm_eventgrid_domain",
            "name": "event_grid_domain",
            "provider_name": "registry.terraform.io/hashicorp/azurerm",
            "change": {
                "actions": [
                    "create"
                ],
                "before": null,
                "after": {
                    "auto_create_topic_with_first_subscription": true,
                    "auto_delete_topic_with_last_subscription": true,
                    "identity": [
                        {
                            "identity_ids": [
                                "/subscriptions/ec8dc618-46dd-43e2-8506-3007f304d884/resourceGroups/security-poc-yogeshd-rg/providers/Microsoft.ManagedIdentity/userAssignedIdentities/security-poc-css-mi"
                            ],
                            "type": "UserAssigned"
                        }
                    ],
                    "inbound_ip_rule": null,
                    "input_mapping_default_values": [],
                    "input_mapping_fields": [],
                    "input_schema": "EventGridSchema",
                    "local_auth_enabled": true,
                    "location": "eastus2",
                    "name": "my-eventgrid-domain",
                    "public_network_access_enabled": false,
                    "resource_group_name": "security-poc-yogeshd-rg",
                    "tags": {
                        "costcenter": "190294",
                        "dataclassification": "Restricted",
                        "environmenttype": "NonProd",
                        "itpmid": "ITPMID123456",
                        "sharedemailaddress": "CloudSecurityServices@cvshealth.com"
                    },
                    "timeouts": null
                },
                "after_unknown": {
                    "endpoint": true,
                    "id": true,
                    "identity": [
                        {
                            "identity_ids": [
                                false
                            ],
                            "principal_id": true,
                            "tenant_id": true
                        }
                    ],
                    "input_mapping_default_values": [],
                    "input_mapping_fields": [],
                    "primary_access_key": true,
                    "secondary_access_key": true,
                    "tags": {}
                },
                "before_sensitive": false,
                "after_sensitive": {
                    "identity": [
                        {
                            "identity_ids": [
                                false
                            ]
                        }
                    ],
                    "input_mapping_default_values": [],
                    "input_mapping_fields": [],
                    "primary_access_key": true,
                    "secondary_access_key": true,
                    "tags": {}
                }
            }
        }
    ],
    "configuration": {
        "provider_config": {
            "azurerm": {
                "name": "azurerm",
                "full_name": "registry.terraform.io/hashicorp/azurerm",
                "version_constraint": "4.27.0",
                "expressions": {
                    "features": [
                        {}
                    ],
                    "subscription_id": {
                        "constant_value": "ec8dc618-46dd-43e2-8506-3007f304d884"
                    }
                }
            }
        },
        "root_module": {
            "resources": [
                {
                    "address": "azurerm_eventgrid_domain.event_grid_domain",
                    "mode": "managed",
                    "type": "azurerm_eventgrid_domain",
                    "name": "event_grid_domain",
                    "provider_config_key": "azurerm",
                    "expressions": {
                        "identity": [
                            {
                                "identity_ids": {
                                    "constant_value": [
                                        "/subscriptions/ec8dc618-46dd-43e2-8506-3007f304d884/resourceGroups/security-poc-yogeshd-rg/providers/Microsoft.ManagedIdentity/userAssignedIdentities/security-poc-css-mi"
                                    ]
                                },
                                "type": {
                                    "constant_value": "UserAssigned"
                                }
                            }
                        ],
                        "local_auth_enabled": {
                            "constant_value": true
                        },
                        "location": {
                            "constant_value": "eastus2"
                        },
                        "name": {
                            "constant_value": "my-eventgrid-domain"
                        },
                        "public_network_access_enabled": {
                            "constant_value": false
                        },
                        "resource_group_name": {
                            "constant_value": "security-poc-yogeshd-rg"
                        },
                        "tags": {
                            "constant_value": {
                                "costcenter": "190294",
                                "dataclassification": "Restricted",
                                "environmenttype": "NonProd",
                                "itpmid": "ITPMID123456",
                                "sharedemailaddress": "CloudSecurityServices@cvshealth.com"
                            }
                        }
                    },
                    "schema_version": 0
                }
            ]
        }
    },
    "timestamp": "2025-07-17T14:48:02Z",
    "errored": false
}