{
    "format_version": "1.2",
    "terraform_version": "1.7.5",
    "planned_values": {
        "root_module": {
            "resources": [
                {
                    "address": "azurerm_search_service.search_service",
                    "mode": "managed",
                    "type": "azurerm_search_service",
                    "name": "search_service",
                    "provider_name": "registry.terraform.io/hashicorp/azurerm",
                    "schema_version": 0,
                    "values": {
                        "allowed_ips": null,
                        "authentication_failure_mode": null,
                        "customer_managed_key_enforcement_enabled": true,
                        "hosting_mode": "default",
                        "identity": [],
                        "local_authentication_enabled": false,
                        "location": "eastus2",
                        "name": "example-resource",
                        "network_rule_bypass_option": "None",
                        "partition_count": 1,
                        "public_network_access_enabled": false,
                        "replica_count": 1,
                        "resource_group_name": "security-poc-kartik-rg",
                        "semantic_search_sku": null,
                        "sku": "standard",
                        "tags": {
                            "costcenter": "02045",
                            "dataclassification": "confidential",
                            "environmenttype": "dev",
                            "itpmid": "12345",
                            "sharedemailaddress": "CloudSecurityServices@cvshealth.com"
                        },
                        "timeouts": null
                    },
                    "sensitive_values": {
                        "identity": [],
                        "query_keys": [],
                        "tags": {}
                    }
                }
            ]
        }
    },
    "resource_changes": [
        {
            "address": "azurerm_search_service.search_service",
            "mode": "managed",
            "type": "azurerm_search_service",
            "name": "search_service",
            "provider_name": "registry.terraform.io/hashicorp/azurerm",
            "change": {
                "actions": [
                    "create"
                ],
                "before": null,
                "after": {
                    "allowed_ips": null,
                    "authentication_failure_mode": null,
                    "customer_managed_key_enforcement_enabled": true,
                    "hosting_mode": "default",
                    "identity": [],
                    "local_authentication_enabled": false,
                    "location": "eastus2",
                    "name": "example-resource",
                    "network_rule_bypass_option": "None",
                    "partition_count": 1,
                    "public_network_access_enabled": false,
                    "replica_count": 1,
                    "resource_group_name": "security-poc-kartik-rg",
                    "semantic_search_sku": null,
                    "sku": "standard",
                    "tags": {
                        "costcenter": "02045",
                        "dataclassification": "confidential",
                        "environmenttype": "dev",
                        "itpmid": "12345",
                        "sharedemailaddress": "CloudSecurityServices@cvshealth.com"
                    },
                    "timeouts": null
                },
                "after_unknown": {
                    "customer_managed_key_encryption_compliance_status": true,
                    "id": true,
                    "identity": [],
                    "primary_key": true,
                    "query_keys": true,
                    "secondary_key": true,
                    "tags": {}
                },
                "before_sensitive": false,
                "after_sensitive": {
                    "identity": [],
                    "primary_key": true,
                    "query_keys": [],
                    "secondary_key": true,
                    "tags": {}
                }
            }
        }
    ],
    "configuration": {
        "provider_config": {
            "azurerm": {
                "name": "azurerm",
                "full_name": "registry.terraform.io/hashicorp/azurerm",
                "version_constraint": "4.27.0",
                "expressions": {
                    "features": [
                        {}
                    ],
                    "subscription_id": {
                        "constant_value": "ec8dc618-46dd-43e2-8506-3007f304d884"
                    }
                }
            }
        },
        "root_module": {
            "resources": [
                {
                    "address": "azurerm_search_service.search_service",
                    "mode": "managed",
                    "type": "azurerm_search_service",
                    "name": "search_service",
                    "provider_config_key": "azurerm",
                    "expressions": {
                        "customer_managed_key_enforcement_enabled": {
                            "constant_value": true
                        },
                        "local_authentication_enabled": {
                            "constant_value": false
                        },
                        "location": {
                            "constant_value": "eastus2"
                        },
                        "name": {
                            "constant_value": "example-resource"
                        },
                        "public_network_access_enabled": {
                            "constant_value": false
                        },
                        "resource_group_name": {
                            "constant_value": "security-poc-kartik-rg"
                        },
                        "sku": {
                            "constant_value": "standard"
                        },
                        "tags": {
                            "constant_value": {
                                "costcenter": "02045",
                                "dataclassification": "confidential",
                                "environmenttype": "dev",
                                "itpmid": "12345",
                                "sharedemailaddress": "CloudSecurityServices@cvshealth.com"
                            }
                        }
                    },
                    "schema_version": 0
                }
            ]
        }
    },
    "timestamp": "2025-05-16T10:45:18Z",
    "errored": false
}