{
    "format_version": "1.2",
    "terraform_version": "1.7.5",
    "planned_values": {
        "root_module": {
            "resources": [
                {
                    "address": "google_composer_environment.test1",
                    "mode": "managed",
                    "type": "google_composer_environment",
                    "name": "test1",
                    "provider_name": "registry.terraform.io/hashicorp/google",
                    "schema_version": 0,
                    "values": {
                        "config": [
                            {
                                "master_authorized_networks_config": [],
                                "recovery_config": [],
                                "software_config": [
                                    {
                                        "airflow_config_overrides": null,
                                        "env_variables": null,
                                        "image_version": "composer-3-airflow-2",
                                        "pypi_packages": null
                                    }
                                ]
                            }
                        ],
                        "effective_labels": {
                            "goog-terraform-provisioned": "true"
                        },
                        "labels": null,
                        "name": "example-composer-env",
                        "project": "security-controls-sandbox",
                        "region": "us-central1",
                        "terraform_labels": {
                            "goog-terraform-provisioned": "true"
                        },
                        "timeouts": null
                    },
                    "sensitive_values": {
                        "config": [
                            {
                                "data_retention_config": [],
                                "database_config": [],
                                "encryption_config": [],
                                "maintenance_window": [],
                                "master_authorized_networks_config": [],
                                "node_config": [],
                                "private_environment_config": [],
                                "recovery_config": [],
                                "software_config": [
                                    {
                                        "cloud_data_lineage_integration": []
                                    }
                                ],
                                "web_server_config": [],
                                "web_server_network_access_control": [],
                                "workloads_config": []
                            }
                        ],
                        "effective_labels": {},
                        "storage_config": [],
                        "terraform_labels": {}
                    }
                },
                {
                    "address": "google_composer_environment.test2",
                    "mode": "managed",
                    "type": "google_composer_environment",
                    "name": "test2",
                    "provider_name": "registry.terraform.io/hashicorp/google",
                    "schema_version": 0,
                    "values": {
                        "config": [
                            {
                                "master_authorized_networks_config": [],
                                "recovery_config": [],
                                "software_config": [
                                    {
                                        "airflow_config_overrides": null,
                                        "env_variables": null,
                                        "image_version": "composer-2-airflow-2",
                                        "pypi_packages": null
                                    }
                                ]
                            }
                        ],
                        "effective_labels": {
                            "goog-terraform-provisioned": "true"
                        },
                        "labels": null,
                        "name": "example-composer-env",
                        "project": "security-controls-sandbox",
                        "region": "us-east4",
                        "terraform_labels": {
                            "goog-terraform-provisioned": "true"
                        },
                        "timeouts": null
                    },
                    "sensitive_values": {
                        "config": [
                            {
                                "data_retention_config": [],
                                "database_config": [],
                                "encryption_config": [],
                                "maintenance_window": [],
                                "master_authorized_networks_config": [],
                                "node_config": [],
                                "private_environment_config": [],
                                "recovery_config": [],
                                "software_config": [
                                    {
                                        "cloud_data_lineage_integration": []
                                    }
                                ],
                                "web_server_config": [],
                                "web_server_network_access_control": [],
                                "workloads_config": []
                            }
                        ],
                        "effective_labels": {},
                        "storage_config": [],
                        "terraform_labels": {}
                    }
                },
                {
                    "address": "google_composer_environment.test3",
                    "mode": "managed",
                    "type": "google_composer_environment",
                    "name": "test3",
                    "provider_name": "registry.terraform.io/hashicorp/google",
                    "schema_version": 0,
                    "values": {
                        "config": [
                            {
                                "master_authorized_networks_config": [],
                                "recovery_config": [],
                                "software_config": [
                                    {
                                        "airflow_config_overrides": null,
                                        "env_variables": null,
                                        "image_version": "composer-3-airflow-2",
                                        "pypi_packages": null
                                    }
                                ]
                            }
                        ],
                        "effective_labels": {
                            "goog-terraform-provisioned": "true"
                        },
                        "labels": null,
                        "name": "example-composer-env",
                        "project": "security-controls-sandbox",
                        "region": "us-west2",
                        "terraform_labels": {
                            "goog-terraform-provisioned": "true"
                        },
                        "timeouts": null
                    },
                    "sensitive_values": {
                        "config": [
                            {
                                "data_retention_config": [],
                                "database_config": [],
                                "encryption_config": [],
                                "maintenance_window": [],
                                "master_authorized_networks_config": [],
                                "node_config": [],
                                "private_environment_config": [],
                                "recovery_config": [],
                                "software_config": [
                                    {
                                        "cloud_data_lineage_integration": []
                                    }
                                ],
                                "web_server_config": [],
                                "web_server_network_access_control": [],
                                "workloads_config": []
                            }
                        ],
                        "effective_labels": {},
                        "storage_config": [],
                        "terraform_labels": {}
                    }
                }
            ]
        }
    },
    "resource_changes": [
        {
            "address": "google_composer_environment.test1",
            "mode": "managed",
            "type": "google_composer_environment",
            "name": "test1",
            "provider_name": "registry.terraform.io/hashicorp/google",
            "change": {
                "actions": [
                    "create"
                ],
                "before": null,
                "after": {
                    "config": [
                        {
                            "master_authorized_networks_config": [],
                            "recovery_config": [],
                            "software_config": [
                                {
                                    "airflow_config_overrides": null,
                                    "env_variables": null,
                                    "image_version": "composer-3-airflow-2",
                                    "pypi_packages": null
                                }
                            ]
                        }
                    ],
                    "effective_labels": {
                        "goog-terraform-provisioned": "true"
                    },
                    "labels": null,
                    "name": "example-composer-env",
                    "project": "security-controls-sandbox",
                    "region": "us-central1",
                    "terraform_labels": {
                        "goog-terraform-provisioned": "true"
                    },
                    "timeouts": null
                },
                "after_unknown": {
                    "config": [
                        {
                            "airflow_uri": true,
                            "dag_gcs_prefix": true,
                            "data_retention_config": true,
                            "database_config": true,
                            "enable_private_builds_only": true,
                            "enable_private_environment": true,
                            "encryption_config": true,
                            "environment_size": true,
                            "gke_cluster": true,
                            "maintenance_window": true,
                            "master_authorized_networks_config": [],
                            "node_config": true,
                            "node_count": true,
                            "private_environment_config": true,
                            "recovery_config": [],
                            "resilience_mode": true,
                            "software_config": [
                                {
                                    "cloud_data_lineage_integration": true,
                                    "python_version": true,
                                    "scheduler_count": true,
                                    "web_server_plugins_mode": true
                                }
                            ],
                            "web_server_config": true,
                            "web_server_network_access_control": true,
                            "workloads_config": true
                        }
                    ],
                    "effective_labels": {},
                    "id": true,
                    "storage_config": true,
                    "terraform_labels": {}
                },
                "before_sensitive": false,
                "after_sensitive": {
                    "config": [
                        {
                            "data_retention_config": [],
                            "database_config": [],
                            "encryption_config": [],
                            "maintenance_window": [],
                            "master_authorized_networks_config": [],
                            "node_config": [],
                            "private_environment_config": [],
                            "recovery_config": [],
                            "software_config": [
                                {
                                    "cloud_data_lineage_integration": []
                                }
                            ],
                            "web_server_config": [],
                            "web_server_network_access_control": [],
                            "workloads_config": []
                        }
                    ],
                    "effective_labels": {},
                    "storage_config": [],
                    "terraform_labels": {}
                }
            }
        },
        {
            "address": "google_composer_environment.test2",
            "mode": "managed",
            "type": "google_composer_environment",
            "name": "test2",
            "provider_name": "registry.terraform.io/hashicorp/google",
            "change": {
                "actions": [
                    "create"
                ],
                "before": null,
                "after": {
                    "config": [
                        {
                            "master_authorized_networks_config": [],
                            "recovery_config": [],
                            "software_config": [
                                {
                                    "airflow_config_overrides": null,
                                    "env_variables": null,
                                    "image_version": "composer-2-airflow-2",
                                    "pypi_packages": null
                                }
                            ]
                        }
                    ],
                    "effective_labels": {
                        "goog-terraform-provisioned": "true"
                    },
                    "labels": null,
                    "name": "example-composer-env",
                    "project": "security-controls-sandbox",
                    "region": "us-east4",
                    "terraform_labels": {
                        "goog-terraform-provisioned": "true"
                    },
                    "timeouts": null
                },
                "after_unknown": {
                    "config": [
                        {
                            "airflow_uri": true,
                            "dag_gcs_prefix": true,
                            "data_retention_config": true,
                            "database_config": true,
                            "enable_private_builds_only": true,
                            "enable_private_environment": true,
                            "encryption_config": true,
                            "environment_size": true,
                            "gke_cluster": true,
                            "maintenance_window": true,
                            "master_authorized_networks_config": [],
                            "node_config": true,
                            "node_count": true,
                            "private_environment_config": true,
                            "recovery_config": [],
                            "resilience_mode": true,
                            "software_config": [
                                {
                                    "cloud_data_lineage_integration": true,
                                    "python_version": true,
                                    "scheduler_count": true,
                                    "web_server_plugins_mode": true
                                }
                            ],
                            "web_server_config": true,
                            "web_server_network_access_control": true,
                            "workloads_config": true
                        }
                    ],
                    "effective_labels": {},
                    "id": true,
                    "storage_config": true,
                    "terraform_labels": {}
                },
                "before_sensitive": false,
                "after_sensitive": {
                    "config": [
                        {
                            "data_retention_config": [],
                            "database_config": [],
                            "encryption_config": [],
                            "maintenance_window": [],
                            "master_authorized_networks_config": [],
                            "node_config": [],
                            "private_environment_config": [],
                            "recovery_config": [],
                            "software_config": [
                                {
                                    "cloud_data_lineage_integration": []
                                }
                            ],
                            "web_server_config": [],
                            "web_server_network_access_control": [],
                            "workloads_config": []
                        }
                    ],
                    "effective_labels": {},
                    "storage_config": [],
                    "terraform_labels": {}
                }
            }
        },
        {
            "address": "google_composer_environment.test3",
            "mode": "managed",
            "type": "google_composer_environment",
            "name": "test3",
            "provider_name": "registry.terraform.io/hashicorp/google",
            "change": {
                "actions": [
                    "create"
                ],
                "before": null,
                "after": {
                    "config": [
                        {
                            "master_authorized_networks_config": [],
                            "recovery_config": [],
                            "software_config": [
                                {
                                    "airflow_config_overrides": null,
                                    "env_variables": null,
                                    "image_version": "composer-3-airflow-2",
                                    "pypi_packages": null
                                }
                            ]
                        }
                    ],
                    "effective_labels": {
                        "goog-terraform-provisioned": "true"
                    },
                    "labels": null,
                    "name": "example-composer-env",
                    "project": "security-controls-sandbox",
                    "region": "us-west2",
                    "terraform_labels": {
                        "goog-terraform-provisioned": "true"
                    },
                    "timeouts": null
                },
                "after_unknown": {
                    "config": [
                        {
                            "airflow_uri": true,
                            "dag_gcs_prefix": true,
                            "data_retention_config": true,
                            "database_config": true,
                            "enable_private_builds_only": true,
                            "enable_private_environment": true,
                            "encryption_config": true,
                            "environment_size": true,
                            "gke_cluster": true,
                            "maintenance_window": true,
                            "master_authorized_networks_config": [],
                            "node_config": true,
                            "node_count": true,
                            "private_environment_config": true,
                            "recovery_config": [],
                            "resilience_mode": true,
                            "software_config": [
                                {
                                    "cloud_data_lineage_integration": true,
                                    "python_version": true,
                                    "scheduler_count": true,
                                    "web_server_plugins_mode": true
                                }
                            ],
                            "web_server_config": true,
                            "web_server_network_access_control": true,
                            "workloads_config": true
                        }
                    ],
                    "effective_labels": {},
                    "id": true,
                    "storage_config": true,
                    "terraform_labels": {}
                },
                "before_sensitive": false,
                "after_sensitive": {
                    "config": [
                        {
                            "data_retention_config": [],
                            "database_config": [],
                            "encryption_config": [],
                            "maintenance_window": [],
                            "master_authorized_networks_config": [],
                            "node_config": [],
                            "private_environment_config": [],
                            "recovery_config": [],
                            "software_config": [
                                {
                                    "cloud_data_lineage_integration": []
                                }
                            ],
                            "web_server_config": [],
                            "web_server_network_access_control": [],
                            "workloads_config": []
                        }
                    ],
                    "effective_labels": {},
                    "storage_config": [],
                    "terraform_labels": {}
                }
            }
        }
    ],
    "configuration": {
        "provider_config": {
            "google": {
                "name": "google",
                "full_name": "registry.terraform.io/hashicorp/google",
                "version_constraint": "6.15.0",
                "expressions": {
                    "project": {
                        "constant_value": "security-controls-sandbox"
                    },
                    "region": {
                        "constant_value": "us-central1"
                    },
                    "zone": {
                        "constant_value": "us-central1-c"
                    }
                }
            }
        },
        "root_module": {
            "resources": [
                {
                    "address": "google_composer_environment.test1",
                    "mode": "managed",
                    "type": "google_composer_environment",
                    "name": "test1",
                    "provider_config_key": "google",
                    "expressions": {
                        "config": [
                            {
                                "software_config": [
                                    {
                                        "image_version": {
                                            "constant_value": "composer-3-airflow-2"
                                        }
                                    }
                                ]
                            }
                        ],
                        "name": {
                            "constant_value": "example-composer-env"
                        },
                        "region": {
                            "constant_value": "us-central1"
                        }
                    },
                    "schema_version": 0
                },
                {
                    "address": "google_composer_environment.test2",
                    "mode": "managed",
                    "type": "google_composer_environment",
                    "name": "test2",
                    "provider_config_key": "google",
                    "expressions": {
                        "config": [
                            {
                                "software_config": [
                                    {
                                        "image_version": {
                                            "constant_value": "composer-2-airflow-2"
                                        }
                                    }
                                ]
                            }
                        ],
                        "name": {
                            "constant_value": "example-composer-env"
                        },
                        "region": {
                            "constant_value": "us-east4"
                        }
                    },
                    "schema_version": 0
                },
                {
                    "address": "google_composer_environment.test3",
                    "mode": "managed",
                    "type": "google_composer_environment",
                    "name": "test3",
                    "provider_config_key": "google",
                    "expressions": {
                        "config": [
                            {
                                "software_config": [
                                    {
                                        "image_version": {
                                            "constant_value": "composer-3-airflow-2"
                                        }
                                    }
                                ]
                            }
                        ],
                        "name": {
                            "constant_value": "example-composer-env"
                        },
                        "region": {
                            "constant_value": "us-west2"
                        }
                    },
                    "schema_version": 0
                }
            ]
        }
    },
    "timestamp": "2025-06-05T14:48:46Z",
    "errored": false
}