{
    "format_version": "1.2",
    "terraform_version": "1.7.5",
    "planned_values": {
        "root_module": {
            "resources": [
                {
                    "address": "aws_iam_role.iam_for_lambda",
                    "mode": "managed",
                    "type": "aws_iam_role",
                    "name": "iam_for_lambda",
                    "provider_name": "registry.terraform.io/hashicorp/aws",
                    "schema_version": 0,
                    "values": {
                        "assume_role_policy": "{\"Statement\":[{\"Action\":\"sts:AssumeRole\",\"Effect\":\"Allow\",\"Principal\":{\"Service\":\"lambda.amazonaws.com\"},\"Sid\":\"\"}],\"Version\":\"2012-10-17\"}",
                        "description": null,
                        "force_detach_policies": false,
                        "max_session_duration": 3600,
                        "name": "iam_for_lambda",
                        "path": "/",
                        "permissions_boundary": null,
                        "tags": null
                    },
                    "sensitive_values": {
                        "inline_policy": [],
                        "managed_policy_arns": [],
                        "tags_all": {}
                    }
                },
                {
                    "address": "aws_lambda_function.test_lambda",
                    "mode": "managed",
                    "type": "aws_lambda_function",
                    "name": "test_lambda",
                    "provider_name": "registry.terraform.io/hashicorp/aws",
                    "schema_version": 0,
                    "values": {
                        "code_signing_config_arn": null,
                        "dead_letter_config": [],
                        "description": null,
                        "environment": [
                            {
                                "variables": {
                                    "foo": "bar"
                                }
                            }
                        ],
                        "file_system_config": [],
                        "filename": "lambda_function_payload.zip",
                        "function_name": "lambda_function_name",
                        "handler": "exports.test",
                        "image_config": [],
                        "image_uri": null,
                        "kms_key_arn": null,
                        "layers": null,
                        "memory_size": 128,
                        "package_type": "Zip",
                        "publish": false,
                        "region": "us-east-1",
                        "replace_security_groups_on_destroy": null,
                        "replacement_security_group_ids": null,
                        "reserved_concurrent_executions": -1,
                        "runtime": "nodejs12.x",
                        "s3_bucket": null,
                        "s3_key": null,
                        "s3_object_version": null,
                        "skip_destroy": false,
                        "snap_start": [],
                        "source_code_hash": "lambda_function_payload.zip",
                        "tags": null,
                        "timeout": 3,
                        "timeouts": null,
                        "tracing_config": [
                            {
                                "mode": "Active"
                            }
                        ],
                        "vpc_config": []
                    },
                    "sensitive_values": {
                        "architectures": [],
                        "dead_letter_config": [],
                        "environment": [
                            {
                                "variables": {}
                            }
                        ],
                        "ephemeral_storage": [],
                        "file_system_config": [],
                        "image_config": [],
                        "logging_config": [],
                        "snap_start": [],
                        "tags_all": {},
                        "tracing_config": [
                            {}
                        ],
                        "vpc_config": []
                    }
                }
            ]
        }
    },
    "resource_changes": [
        {
            "address": "aws_iam_role.iam_for_lambda",
            "mode": "managed",
            "type": "aws_iam_role",
            "name": "iam_for_lambda",
            "provider_name": "registry.terraform.io/hashicorp/aws",
            "change": {
                "actions": [
                    "create"
                ],
                "before": null,
                "after": {
                    "assume_role_policy": "{\"Statement\":[{\"Action\":\"sts:AssumeRole\",\"Effect\":\"Allow\",\"Principal\":{\"Service\":\"lambda.amazonaws.com\"},\"Sid\":\"\"}],\"Version\":\"2012-10-17\"}",
                    "description": null,
                    "force_detach_policies": false,
                    "max_session_duration": 3600,
                    "name": "iam_for_lambda",
                    "path": "/",
                    "permissions_boundary": null,
                    "tags": null
                },
                "after_unknown": {
                    "arn": true,
                    "create_date": true,
                    "id": true,
                    "inline_policy": true,
                    "managed_policy_arns": true,
                    "name_prefix": true,
                    "tags_all": true,
                    "unique_id": true
                },
                "before_sensitive": false,
                "after_sensitive": {
                    "inline_policy": [],
                    "managed_policy_arns": [],
                    "tags_all": {}
                }
            }
        },
        {
            "address": "aws_lambda_function.test_lambda",
            "mode": "managed",
            "type": "aws_lambda_function",
            "name": "test_lambda",
            "provider_name": "registry.terraform.io/hashicorp/aws",
            "change": {
                "actions": [
                    "create"
                ],
                "before": null,
                "after": {
                    "code_signing_config_arn": null,
                    "dead_letter_config": [],
                    "description": null,
                    "environment": [
                        {
                            "variables": {
                                "foo": "bar"
                            }
                        }
                    ],
                    "file_system_config": [],
                    "filename": "lambda_function_payload.zip",
                    "function_name": "lambda_function_name",
                    "handler": "exports.test",
                    "image_config": [],
                    "image_uri": null,
                    "kms_key_arn": null,
                    "layers": null,
                    "memory_size": 128,
                    "package_type": "Zip",
                    "publish": false,
                    "region": "us-east-1",
                    "replace_security_groups_on_destroy": null,
                    "replacement_security_group_ids": null,
                    "reserved_concurrent_executions": -1,
                    "runtime": "nodejs12.x",
                    "s3_bucket": null,
                    "s3_key": null,
                    "s3_object_version": null,
                    "skip_destroy": false,
                    "snap_start": [],
                    "source_code_hash": "lambda_function_payload.zip",
                    "tags": null,
                    "timeout": 3,
                    "timeouts": null,
                    "tracing_config": [
                        {
                            "mode": "Active"
                        }
                    ],
                    "vpc_config": []
                },
                "after_unknown": {
                    "architectures": true,
                    "arn": true,
                    "code_sha256": true,
                    "dead_letter_config": [],
                    "environment": [
                        {
                            "variables": {}
                        }
                    ],
                    "ephemeral_storage": true,
                    "file_system_config": [],
                    "id": true,
                    "image_config": [],
                    "invoke_arn": true,
                    "last_modified": true,
                    "logging_config": true,
                    "qualified_arn": true,
                    "qualified_invoke_arn": true,
                    "role": true,
                    "signing_job_arn": true,
                    "signing_profile_version_arn": true,
                    "snap_start": [],
                    "source_code_size": true,
                    "tags_all": true,
                    "tracing_config": [
                        {}
                    ],
                    "version": true,
                    "vpc_config": []
                },
                "before_sensitive": false,
                "after_sensitive": {
                    "architectures": [],
                    "dead_letter_config": [],
                    "environment": [
                        {
                            "variables": {}
                        }
                    ],
                    "ephemeral_storage": [],
                    "file_system_config": [],
                    "image_config": [],
                    "logging_config": [],
                    "snap_start": [],
                    "tags_all": {},
                    "tracing_config": [
                        {}
                    ],
                    "vpc_config": []
                }
            }
        }
    ],
    "configuration": {
        "provider_config": {
            "aws": {
                "name": "aws",
                "full_name": "registry.terraform.io/hashicorp/aws",
                "version_constraint": "6.4.0",
                "expressions": {
                    "profile": {
                        "constant_value": "saurabh-eis-dev"
                    },
                    "region": {
                        "constant_value": "us-east-1"
                    }
                }
            }
        },
        "root_module": {
            "resources": [
                {
                    "address": "aws_iam_role.iam_for_lambda",
                    "mode": "managed",
                    "type": "aws_iam_role",
                    "name": "iam_for_lambda",
                    "provider_config_key": "aws",
                    "expressions": {
                        "assume_role_policy": {
                            "constant_value": "{\r\n  \"Version\": \"2012-10-17\",\r\n  \"Statement\": [\r\n    {\r\n      \"Action\": \"sts:AssumeRole\",\r\n      \"Principal\": {\r\n        \"Service\": \"lambda.amazonaws.com\"\r\n      },\r\n      \"Effect\": \"Allow\",\r\n      \"Sid\": \"\"\r\n    }\r\n  ]\r\n}\r\n"
                        },
                        "name": {
                            "constant_value": "iam_for_lambda"
                        }
                    },
                    "schema_version": 0
                },
                {
                    "address": "aws_lambda_function.test_lambda",
                    "mode": "managed",
                    "type": "aws_lambda_function",
                    "name": "test_lambda",
                    "provider_config_key": "aws",
                    "expressions": {
                        "environment": [
                            {
                                "variables": {
                                    "constant_value": {
                                        "foo": "bar"
                                    }
                                }
                            }
                        ],
                        "filename": {
                            "constant_value": "lambda_function_payload.zip"
                        },
                        "function_name": {
                            "constant_value": "lambda_function_name"
                        },
                        "handler": {
                            "constant_value": "exports.test"
                        },
                        "role": {
                            "references": [
                                "aws_iam_role.iam_for_lambda.arn",
                                "aws_iam_role.iam_for_lambda"
                            ]
                        },
                        "runtime": {
                            "constant_value": "nodejs12.x"
                        },
                        "source_code_hash": {
                            "constant_value": "lambda_function_payload.zip"
                        },
                        "tracing_config": [
                            {
                                "mode": {
                                    "constant_value": "Active"
                                }
                            }
                        ]
                    },
                    "schema_version": 0
                }
            ]
        }
    },
    "relevant_attributes": [
        {
            "resource": "aws_iam_role.iam_for_lambda",
            "attribute": [
                "arn"
            ]
        }
    ],
    "timestamp": "2025-07-28T13:08:26Z",
    "errored": false
}