{
    "format_version": "1.2",
    "terraform_version": "1.7.5",
    "planned_values": {
        "root_module": {
            "resources": [
                {
                    "address": "azurerm_kubernetes_cluster.aks_cluster",
                    "mode": "managed",
                    "type": "azurerm_kubernetes_cluster",
                    "name": "aks_cluster",
                    "provider_name": "registry.terraform.io/hashicorp/azurerm",
                    "schema_version": 2,
                    "values": {
                        "aci_connector_linux": [],
                        "automatic_channel_upgrade": "stable",
                        "azure_active_directory_role_based_access_control": [
                            {
                                "admin_group_object_ids": [
                                    "3fa85f64-5717-4562-b3fc-2c963f66afa6"
                                ],
                                "azure_rbac_enabled": true,
                                "client_app_id": null,
                                "managed": null,
                                "server_app_id": null,
                                "server_app_secret": null
                            }
                        ],
                        "azure_policy_enabled": true,
                        "confidential_computing": [],
                        "cost_analysis_enabled": null,
                        "custom_ca_trust_certificates_base64": null,
                        "default_node_pool": [
                            {
                                "capacity_reservation_group_id": null,
                                "custom_ca_trust_enabled": null,
                                "enable_auto_scaling": null,
                                "enable_host_encryption": null,
                                "enable_node_public_ip": null,
                                "fips_enabled": null,
                                "gpu_instance": null,
                                "host_group_id": null,
                                "kubelet_config": [],
                                "linux_os_config": [],
                                "max_count": null,
                                "message_of_the_day": null,
                                "min_count": null,
                                "name": "default",
                                "node_count": 3,
                                "node_network_profile": [],
                                "node_public_ip_prefix_id": null,
                                "node_taints": null,
                                "only_critical_addons_enabled": null,
                                "os_disk_type": "Managed",
                                "pod_subnet_id": null,
                                "proximity_placement_group_id": null,
                                "scale_down_mode": "Delete",
                                "snapshot_id": null,
                                "tags": null,
                                "temporary_name_for_rotation": null,
                                "type": "VirtualMachineScaleSets",
                                "ultra_ssd_enabled": false,
                                "upgrade_settings": [],
                                "vm_size": "Standard_DS2_v2",
                                "vnet_subnet_id": null,
                                "zones": null
                            }
                        ],
                        "disk_encryption_set_id": null,
                        "dns_prefix": "exampleaks1",
                        "dns_prefix_private_cluster": null,
                        "edge_zone": null,
                        "enable_pod_security_policy": null,
                        "http_application_routing_enabled": null,
                        "http_proxy_config": [],
                        "identity": [
                            {
                                "identity_ids": [
                                    "/subscriptions/ec8dc618-46dd-43e2-8506-3007f304d884/resourceGroups/security-poc-yogeshd-rg/providers/Microsoft.ManagedIdentity/userAssignedIdentities/security-poc-css-mi"
                                ],
                                "type": "UserAssigned"
                            }
                        ],
                        "image_cleaner_enabled": false,
                        "image_cleaner_interval_hours": 48,
                        "ingress_application_gateway": [],
                        "key_management_service": [
                            {
                                "key_vault_key_id": "https://security-poc-akv-01.vault.azure.net/keys/securitypoccsscmk/7e7b204cd4a240ca880991658dc3ad14",
                                "key_vault_network_access": "Private"
                            }
                        ],
                        "key_vault_secrets_provider": [],
                        "linux_profile": [],
                        "local_account_disabled": true,
                        "location": "eastus2",
                        "maintenance_window": [],
                        "maintenance_window_auto_upgrade": [],
                        "maintenance_window_node_os": [],
                        "microsoft_defender": [],
                        "monitor_metrics": [],
                        "name": "cvs-aks-cluster",
                        "network_profile": [
                            {
                                "ip_versions": [
                                    "IPv4"
                                ],
                                "load_balancer_sku": "standard",
                                "network_plugin": "azure",
                                "network_plugin_mode": null,
                                "network_policy": "azure",
                                "outbound_type": "loadBalancer"
                            }
                        ],
                        "node_os_channel_upgrade": "NodeImage",
                        "oidc_issuer_enabled": null,
                        "oms_agent": [],
                        "open_service_mesh_enabled": null,
                        "private_cluster_enabled": true,
                        "private_cluster_public_fqdn_enabled": false,
                        "public_network_access_enabled": true,
                        "resource_group_name": "security-poc-yogeshd-rg",
                        "role_based_access_control_enabled": true,
                        "run_command_enabled": true,
                        "service_mesh_profile": [],
                        "service_principal": [],
                        "sku_tier": "Free",
                        "storage_profile": [],
                        "support_plan": "KubernetesOfficial",
                        "tags": {
                            "costcenter": "190294",
                            "dataclassification": "Restricted",
                            "environmenttype": "NonProd",
                            "itpmid": "ITPMID123456",
                            "sharedemailaddress": "CloudSecurityServices@cvshealth.com"
                        },
                        "timeouts": null,
                        "web_app_routing": [],
                        "workload_autoscaler_profile": [],
                        "workload_identity_enabled": false
                    },
                    "sensitive_values": {
                        "aci_connector_linux": [],
                        "api_server_access_profile": [],
                        "api_server_authorized_ip_ranges": [],
                        "auto_scaler_profile": [],
                        "azure_active_directory_role_based_access_control": [
                            {
                                "admin_group_object_ids": [
                                    false
                                ]
                            }
                        ],
                        "confidential_computing": [],
                        "default_node_pool": [
                            {
                                "kubelet_config": [],
                                "linux_os_config": [],
                                "node_labels": {},
                                "node_network_profile": [],
                                "upgrade_settings": []
                            }
                        ],
                        "http_proxy_config": [],
                        "identity": [
                            {
                                "identity_ids": [
                                    false
                                ]
                            }
                        ],
                        "ingress_application_gateway": [],
                        "key_management_service": [
                            {}
                        ],
                        "key_vault_secrets_provider": [],
                        "kube_admin_config": [],
                        "kube_config": [],
                        "kubelet_identity": [],
                        "linux_profile": [],
                        "maintenance_window": [],
                        "maintenance_window_auto_upgrade": [],
                        "maintenance_window_node_os": [],
                        "microsoft_defender": [],
                        "monitor_metrics": [],
                        "network_profile": [
                            {
                                "ip_versions": [
                                    false
                                ],
                                "load_balancer_profile": [],
                                "nat_gateway_profile": [],
                                "outbound_ip_address_ids": [],
                                "outbound_ip_prefix_ids": [],
                                "pod_cidrs": [],
                                "service_cidrs": []
                            }
                        ],
                        "oms_agent": [],
                        "service_mesh_profile": [],
                        "service_principal": [],
                        "storage_profile": [],
                        "tags": {},
                        "web_app_routing": [],
                        "windows_profile": [],
                        "workload_autoscaler_profile": []
                    }
                }
            ]
        }
    },
    "resource_changes": [
        {
            "address": "azurerm_kubernetes_cluster.aks_cluster",
            "mode": "managed",
            "type": "azurerm_kubernetes_cluster",
            "name": "aks_cluster",
            "provider_name": "registry.terraform.io/hashicorp/azurerm",
            "change": {
                "actions": [
                    "create"
                ],
                "before": null,
                "after": {
                    "aci_connector_linux": [],
                    "automatic_channel_upgrade": "stable",
                    "azure_active_directory_role_based_access_control": [
                        {
                            "admin_group_object_ids": [
                                "3fa85f64-5717-4562-b3fc-2c963f66afa6"
                            ],
                            "azure_rbac_enabled": true,
                            "client_app_id": null,
                            "managed": null,
                            "server_app_id": null,
                            "server_app_secret": null
                        }
                    ],
                    "azure_policy_enabled": true,
                    "confidential_computing": [],
                    "cost_analysis_enabled": null,
                    "custom_ca_trust_certificates_base64": null,
                    "default_node_pool": [
                        {
                            "capacity_reservation_group_id": null,
                            "custom_ca_trust_enabled": null,
                            "enable_auto_scaling": null,
                            "enable_host_encryption": null,
                            "enable_node_public_ip": null,
                            "fips_enabled": null,
                            "gpu_instance": null,
                            "host_group_id": null,
                            "kubelet_config": [],
                            "linux_os_config": [],
                            "max_count": null,
                            "message_of_the_day": null,
                            "min_count": null,
                            "name": "default",
                            "node_count": 3,
                            "node_network_profile": [],
                            "node_public_ip_prefix_id": null,
                            "node_taints": null,
                            "only_critical_addons_enabled": null,
                            "os_disk_type": "Managed",
                            "pod_subnet_id": null,
                            "proximity_placement_group_id": null,
                            "scale_down_mode": "Delete",
                            "snapshot_id": null,
                            "tags": null,
                            "temporary_name_for_rotation": null,
                            "type": "VirtualMachineScaleSets",
                            "ultra_ssd_enabled": false,
                            "upgrade_settings": [],
                            "vm_size": "Standard_DS2_v2",
                            "vnet_subnet_id": null,
                            "zones": null
                        }
                    ],
                    "disk_encryption_set_id": null,
                    "dns_prefix": "exampleaks1",
                    "dns_prefix_private_cluster": null,
                    "edge_zone": null,
                    "enable_pod_security_policy": null,
                    "http_application_routing_enabled": null,
                    "http_proxy_config": [],
                    "identity": [
                        {
                            "identity_ids": [
                                "/subscriptions/ec8dc618-46dd-43e2-8506-3007f304d884/resourceGroups/security-poc-yogeshd-rg/providers/Microsoft.ManagedIdentity/userAssignedIdentities/security-poc-css-mi"
                            ],
                            "type": "UserAssigned"
                        }
                    ],
                    "image_cleaner_enabled": false,
                    "image_cleaner_interval_hours": 48,
                    "ingress_application_gateway": [],
                    "key_management_service": [
                        {
                            "key_vault_key_id": "https://security-poc-akv-01.vault.azure.net/keys/securitypoccsscmk/7e7b204cd4a240ca880991658dc3ad14",
                            "key_vault_network_access": "Private"
                        }
                    ],
                    "key_vault_secrets_provider": [],
                    "linux_profile": [],
                    "local_account_disabled": true,
                    "location": "eastus2",
                    "maintenance_window": [],
                    "maintenance_window_auto_upgrade": [],
                    "maintenance_window_node_os": [],
                    "microsoft_defender": [],
                    "monitor_metrics": [],
                    "name": "cvs-aks-cluster",
                    "network_profile": [
                        {
                            "ip_versions": [
                                "IPv4"
                            ],
                            "load_balancer_sku": "standard",
                            "network_plugin": "azure",
                            "network_plugin_mode": null,
                            "network_policy": "azure",
                            "outbound_type": "loadBalancer"
                        }
                    ],
                    "node_os_channel_upgrade": "NodeImage",
                    "oidc_issuer_enabled": null,
                    "oms_agent": [],
                    "open_service_mesh_enabled": null,
                    "private_cluster_enabled": true,
                    "private_cluster_public_fqdn_enabled": false,
                    "public_network_access_enabled": true,
                    "resource_group_name": "security-poc-yogeshd-rg",
                    "role_based_access_control_enabled": true,
                    "run_command_enabled": true,
                    "service_mesh_profile": [],
                    "service_principal": [],
                    "sku_tier": "Free",
                    "storage_profile": [],
                    "support_plan": "KubernetesOfficial",
                    "tags": {
                        "costcenter": "190294",
                        "dataclassification": "Restricted",
                        "environmenttype": "NonProd",
                        "itpmid": "ITPMID123456",
                        "sharedemailaddress": "CloudSecurityServices@cvshealth.com"
                    },
                    "timeouts": null,
                    "web_app_routing": [],
                    "workload_autoscaler_profile": [],
                    "workload_identity_enabled": false
                },
                "after_unknown": {
                    "aci_connector_linux": [],
                    "api_server_access_profile": true,
                    "api_server_authorized_ip_ranges": true,
                    "auto_scaler_profile": true,
                    "azure_active_directory_role_based_access_control": [
                        {
                            "admin_group_object_ids": [
                                false
                            ],
                            "tenant_id": true
                        }
                    ],
                    "confidential_computing": [],
                    "current_kubernetes_version": true,
                    "default_node_pool": [
                        {
                            "kubelet_config": [],
                            "kubelet_disk_type": true,
                            "linux_os_config": [],
                            "max_pods": true,
                            "node_labels": true,
                            "node_network_profile": [],
                            "orchestrator_version": true,
                            "os_disk_size_gb": true,
                            "os_sku": true,
                            "upgrade_settings": [],
                            "workload_runtime": true
                        }
                    ],
                    "fqdn": true,
                    "http_application_routing_zone_name": true,
                    "http_proxy_config": [],
                    "id": true,
                    "identity": [
                        {
                            "identity_ids": [
                                false
                            ],
                            "principal_id": true,
                            "tenant_id": true
                        }
                    ],
                    "ingress_application_gateway": [],
                    "key_management_service": [
                        {}
                    ],
                    "key_vault_secrets_provider": [],
                    "kube_admin_config": true,
                    "kube_admin_config_raw": true,
                    "kube_config": true,
                    "kube_config_raw": true,
                    "kubelet_identity": true,
                    "kubernetes_version": true,
                    "linux_profile": [],
                    "maintenance_window": [],
                    "maintenance_window_auto_upgrade": [],
                    "maintenance_window_node_os": [],
                    "microsoft_defender": [],
                    "monitor_metrics": [],
                    "network_profile": [
                        {
                            "dns_service_ip": true,
                            "docker_bridge_cidr": true,
                            "ebpf_data_plane": true,
                            "ip_versions": [
                                false
                            ],
                            "load_balancer_profile": true,
                            "nat_gateway_profile": true,
                            "network_data_plane": true,
                            "network_mode": true,
                            "outbound_ip_address_ids": true,
                            "outbound_ip_prefix_ids": true,
                            "pod_cidr": true,
                            "pod_cidrs": true,
                            "service_cidr": true,
                            "service_cidrs": true
                        }
                    ],
                    "node_resource_group": true,
                    "node_resource_group_id": true,
                    "oidc_issuer_url": true,
                    "oms_agent": [],
                    "portal_fqdn": true,
                    "private_dns_zone_id": true,
                    "private_fqdn": true,
                    "service_mesh_profile": [],
                    "service_principal": [],
                    "storage_profile": [],
                    "tags": {},
                    "web_app_routing": [],
                    "windows_profile": true,
                    "workload_autoscaler_profile": []
                },
                "before_sensitive": false,
                "after_sensitive": {
                    "aci_connector_linux": [],
                    "api_server_access_profile": [],
                    "api_server_authorized_ip_ranges": [],
                    "auto_scaler_profile": [],
                    "azure_active_directory_role_based_access_control": [
                        {
                            "admin_group_object_ids": [
                                false
                            ],
                            "server_app_secret": true
                        }
                    ],
                    "confidential_computing": [],
                    "default_node_pool": [
                        {
                            "kubelet_config": [],
                            "linux_os_config": [],
                            "node_labels": {},
                            "node_network_profile": [],
                            "upgrade_settings": []
                        }
                    ],
                    "http_proxy_config": [],
                    "identity": [
                        {
                            "identity_ids": [
                                false
                            ]
                        }
                    ],
                    "ingress_application_gateway": [],
                    "key_management_service": [
                        {}
                    ],
                    "key_vault_secrets_provider": [],
                    "kube_admin_config": true,
                    "kube_admin_config_raw": true,
                    "kube_config": true,
                    "kube_config_raw": true,
                    "kubelet_identity": [],
                    "linux_profile": [],
                    "maintenance_window": [],
                    "maintenance_window_auto_upgrade": [],
                    "maintenance_window_node_os": [],
                    "microsoft_defender": [],
                    "monitor_metrics": [],
                    "network_profile": [
                        {
                            "ip_versions": [
                                false
                            ],
                            "load_balancer_profile": [],
                            "nat_gateway_profile": [],
                            "outbound_ip_address_ids": [],
                            "outbound_ip_prefix_ids": [],
                            "pod_cidrs": [],
                            "service_cidrs": []
                        }
                    ],
                    "oms_agent": [],
                    "service_mesh_profile": [],
                    "service_principal": [],
                    "storage_profile": [],
                    "tags": {},
                    "web_app_routing": [],
                    "windows_profile": [],
                    "workload_autoscaler_profile": []
                }
            }
        }
    ],
    "configuration": {
        "provider_config": {
            "azurerm": {
                "name": "azurerm",
                "full_name": "registry.terraform.io/hashicorp/azurerm",
                "version_constraint": "3.117.0",
                "expressions": {
                    "features": [
                        {}
                    ],
                    "subscription_id": {
                        "constant_value": "ec8dc618-46dd-43e2-8506-3007f304d884"
                    }
                }
            }
        },
        "root_module": {
            "resources": [
                {
                    "address": "azurerm_kubernetes_cluster.aks_cluster",
                    "mode": "managed",
                    "type": "azurerm_kubernetes_cluster",
                    "name": "aks_cluster",
                    "provider_config_key": "azurerm",
                    "expressions": {
                        "automatic_channel_upgrade": {
                            "constant_value": "stable"
                        },
                        "azure_active_directory_role_based_access_control": [
                            {
                                "admin_group_object_ids": {
                                    "constant_value": [
                                        "3fa85f64-5717-4562-b3fc-2c963f66afa6"
                                    ]
                                },
                                "azure_rbac_enabled": {
                                    "constant_value": true
                                }
                            }
                        ],
                        "azure_policy_enabled": {
                            "constant_value": true
                        },
                        "default_node_pool": [
                            {
                                "name": {
                                    "constant_value": "default"
                                },
                                "node_count": {
                                    "constant_value": 3
                                },
                                "vm_size": {
                                    "constant_value": "Standard_DS2_v2"
                                }
                            }
                        ],
                        "dns_prefix": {
                            "constant_value": "exampleaks1"
                        },
                        "identity": [
                            {
                                "identity_ids": {
                                    "constant_value": [
                                        "/subscriptions/ec8dc618-46dd-43e2-8506-3007f304d884/resourceGroups/security-poc-yogeshd-rg/providers/Microsoft.ManagedIdentity/userAssignedIdentities/security-poc-css-mi"
                                    ]
                                },
                                "type": {
                                    "constant_value": "UserAssigned"
                                }
                            }
                        ],
                        "key_management_service": [
                            {
                                "key_vault_key_id": {
                                    "constant_value": "https://security-poc-akv-01.vault.azure.net/keys/securitypoccsscmk/7e7b204cd4a240ca880991658dc3ad14"
                                },
                                "key_vault_network_access": {
                                    "constant_value": "Private"
                                }
                            }
                        ],
                        "local_account_disabled": {
                            "constant_value": true
                        },
                        "location": {
                            "constant_value": "eastus2"
                        },
                        "name": {
                            "constant_value": "cvs-aks-cluster"
                        },
                        "network_profile": [
                            {
                                "ip_versions": {
                                    "constant_value": [
                                        "IPv4"
                                    ]
                                },
                                "network_plugin": {
                                    "constant_value": "azure"
                                },
                                "network_policy": {
                                    "constant_value": "azure"
                                }
                            }
                        ],
                        "node_os_channel_upgrade": {
                            "constant_value": "NodeImage"
                        },
                        "private_cluster_enabled": {
                            "constant_value": true
                        },
                        "private_cluster_public_fqdn_enabled": {
                            "constant_value": false
                        },
                        "resource_group_name": {
                            "constant_value": "security-poc-yogeshd-rg"
                        },
                        "role_based_access_control_enabled": {
                            "constant_value": true
                        },
                        "sku_tier": {
                            "constant_value": "Free"
                        },
                        "tags": {
                            "constant_value": {
                                "costcenter": "190294",
                                "dataclassification": "Restricted",
                                "environmenttype": "NonProd",
                                "itpmid": "ITPMID123456",
                                "sharedemailaddress": "CloudSecurityServices@cvshealth.com"
                            }
                        }
                    },
                    "schema_version": 2
                }
            ]
        }
    },
    "timestamp": "2025-07-03T09:13:04Z",
    "errored": false
}