{
    "format_version": "1.2",
    "terraform_version": "1.10.4",
    "planned_values": {
      "root_module": {
        "resources": [
          {
            "address": "google_dataproc_cluster.mycluster",
            "mode": "managed",
            "type": "google_dataproc_cluster",
            "name": "mycluster",
            "provider_name": "registry.terraform.io/hashicorp/google",
            "schema_version": 1,
            "values": {
              "cluster_config": [
                {
                  "autoscaling_config": [],
                  "encryption_config": [],
                  "endpoint_config": [
                    {
                      "enable_http_port_access": false
                    }
                  ],
                  "gce_cluster_config": [
                    {
                      "internal_ip_only": false,
                      "metadata": null,
                      "service_account": "service-account-id@security-controls-sandbox.iam.gserviceaccount.com",
                      "service_account_scopes": [
                        "https://www.googleapis.com/auth/cloud-platform"
                      ],
                      "subnetwork": null,
                      "tags": [
                        "bar",
                        "foo"
                      ]
                    }
                  ],
                  "initialization_action": [
                    {
                      "script": "gs://dataproc-initialization-actions/stackdriver/stackdriver.sh",
                      "timeout_sec": 500
                    }
                  ],
                  "lifecycle_config": [],
                  "master_config": [
                    {
                      "accelerators": [],
                      "disk_config": [
                        {
                          "boot_disk_size_gb": 30,
                          "boot_disk_type": "pd-ssd",
                          "local_ssd_interface": null
                        }
                      ],
                      "machine_type": "e2-medium",
                      "num_instances": 1
                    }
                  ],
                  "metastore_config": [],
                  "preemptible_worker_config": [
                    {
                      "num_instances": 0,
                      "preemptibility": "PREEMPTIBLE"
                    }
                  ],
                  "security_config": [],
                  "software_config": [
                    {
                      "image_version": "2.0.35-debian10",
                      "optional_components": null,
                      "override_properties": {
                        "dataproc:dataproc.allow.zero.workers": "true"
                      }
                    }
                  ],
                  "staging_bucket": "dataproc-staging-bucket",
                  "worker_config": [
                    {
                      "accelerators": [],
                      "disk_config": [
                        {
                          "boot_disk_size_gb": 30,
                          "boot_disk_type": "pd-standard",
                          "local_ssd_interface": null,
                          "num_local_ssds": 1
                        }
                      ],
                      "machine_type": "e2-medium",
                      "min_cpu_platform": "Intel Skylake",
                      "num_instances": 2
                    }
                  ]
                }
              ],
              "effective_labels": {
                "foo": "bar"
              },
              "graceful_decommission_timeout": "120s",
              "labels": {
                "foo": "bar"
              },
              "name": "mycluster",
              "project": "security-controls-sandbox",
              "region": "us-central1",
              "terraform_labels": {
                "foo": "bar"
              },
              "timeouts": null
            },
            "sensitive_values": {
              "cluster_config": [
                {
                  "autoscaling_config": [],
                  "auxiliary_node_groups": [],
                  "dataproc_metric_config": [],
                  "encryption_config": [],
                  "endpoint_config": [
                    {
                      "http_ports": {}
                    }
                  ],
                  "gce_cluster_config": [
                    {
                      "confidential_instance_config": [],
                      "node_group_affinity": [],
                      "reservation_affinity": [],
                      "service_account_scopes": [
                        false
                      ],
                      "shielded_instance_config": [],
                      "tags": [
                        false,
                        false
                      ]
                    }
                  ],
                  "initialization_action": [
                    {}
                  ],
                  "lifecycle_config": [],
                  "master_config": [
                    {
                      "accelerators": [],
                      "disk_config": [
                        {}
                      ],
                      "instance_names": []
                    }
                  ],
                  "metastore_config": [],
                  "preemptible_worker_config": [
                    {
                      "disk_config": [],
                      "instance_flexibility_policy": [],
                      "instance_names": []
                    }
                  ],
                  "security_config": [],
                  "software_config": [
                    {
                      "override_properties": {},
                      "properties": {}
                    }
                  ],
                  "worker_config": [
                    {
                      "accelerators": [],
                      "disk_config": [
                        {}
                      ],
                      "instance_names": []
                    }
                  ]
                }
              ],
              "effective_labels": {},
              "labels": {},
              "terraform_labels": {},
              "virtual_cluster_config": []
            }
          },
          {
            "address": "google_service_account.default",
            "mode": "managed",
            "type": "google_service_account",
            "name": "default",
            "provider_name": "registry.terraform.io/hashicorp/google",
            "schema_version": 0,
            "values": {
              "account_id": "service-account-id",
              "create_ignore_already_exists": null,
              "description": null,
              "disabled": false,
              "display_name": "Service Account",
              "email": "service-account-id@security-controls-sandbox.iam.gserviceaccount.com",
              "member": "serviceAccount:service-account-id@security-controls-sandbox.iam.gserviceaccount.com",
              "project": "security-controls-sandbox",
              "timeouts": null
            },
            "sensitive_values": {}
          }
        ]
      }
    },
    "resource_changes": [
      {
        "address": "google_dataproc_cluster.mycluster",
        "mode": "managed",
        "type": "google_dataproc_cluster",
        "name": "mycluster",
        "provider_name": "registry.terraform.io/hashicorp/google",
        "change": {
          "actions": [
            "create"
          ],
          "before": null,
          "after": {
            "cluster_config": [
              {
                "autoscaling_config": [],
                "encryption_config": [],
                "endpoint_config": [
                  {
                    "enable_http_port_access": false
                  }
                ],
                "gce_cluster_config": [
                  {
                    "internal_ip_only": false,
                    "metadata": null,
                    "service_account": "service-account-id@security-controls-sandbox.iam.gserviceaccount.com",
                    "service_account_scopes": [
                      "https://www.googleapis.com/auth/cloud-platform"
                    ],
                    "subnetwork": null,
                    "tags": [
                      "bar",
                      "foo"
                    ]
                  }
                ],
                "initialization_action": [
                  {
                    "script": "gs://dataproc-initialization-actions/stackdriver/stackdriver.sh",
                    "timeout_sec": 500
                  }
                ],
                "lifecycle_config": [],
                "master_config": [
                  {
                    "accelerators": [],
                    "disk_config": [
                      {
                        "boot_disk_size_gb": 30,
                        "boot_disk_type": "pd-ssd",
                        "local_ssd_interface": null
                      }
                    ],
                    "machine_type": "e2-medium",
                    "num_instances": 1
                  }
                ],
                "metastore_config": [],
                "preemptible_worker_config": [
                  {
                    "num_instances": 0,
                    "preemptibility": "PREEMPTIBLE"
                  }
                ],
                "security_config": [],
                "software_config": [
                  {
                    "image_version": "2.0.35-debian10",
                    "optional_components": null,
                    "override_properties": {
                      "dataproc:dataproc.allow.zero.workers": "true"
                    }
                  }
                ],
                "staging_bucket": "dataproc-staging-bucket",
                "worker_config": [
                  {
                    "accelerators": [],
                    "disk_config": [
                      {
                        "boot_disk_size_gb": 30,
                        "boot_disk_type": "pd-standard",
                        "local_ssd_interface": null,
                        "num_local_ssds": 1
                      }
                    ],
                    "machine_type": "e2-medium",
                    "min_cpu_platform": "Intel Skylake",
                    "num_instances": 2
                  }
                ]
              }
            ],
            "effective_labels": {
              "foo": "bar"
            },
            "graceful_decommission_timeout": "120s",
            "labels": {
              "foo": "bar"
            },
            "name": "mycluster",
            "project": "security-controls-sandbox",
            "region": "us-central1",
            "terraform_labels": {
              "foo": "bar"
            },
            "timeouts": null
          },
          "after_unknown": {
            "cluster_config": [
              {
                "autoscaling_config": [],
                "auxiliary_node_groups": true,
                "bucket": true,
                "dataproc_metric_config": true,
                "encryption_config": [],
                "endpoint_config": [
                  {
                    "http_ports": true
                  }
                ],
                "gce_cluster_config": [
                  {
                    "confidential_instance_config": true,
                    "network": true,
                    "node_group_affinity": true,
                    "reservation_affinity": true,
                    "service_account_scopes": [
                      false
                    ],
                    "shielded_instance_config": true,
                    "tags": [
                      false,
                      false
                    ],
                    "zone": true
                  }
                ],
                "initialization_action": [
                  {}
                ],
                "lifecycle_config": [],
                "master_config": [
                  {
                    "accelerators": [],
                    "disk_config": [
                      {
                        "num_local_ssds": true
                      }
                    ],
                    "image_uri": true,
                    "instance_names": true,
                    "min_cpu_platform": true
                  }
                ],
                "metastore_config": [],
                "preemptible_worker_config": [
                  {
                    "disk_config": true,
                    "instance_flexibility_policy": true,
                    "instance_names": true
                  }
                ],
                "security_config": [],
                "software_config": [
                  {
                    "override_properties": {},
                    "properties": true
                  }
                ],
                "temp_bucket": true,
                "worker_config": [
                  {
                    "accelerators": [],
                    "disk_config": [
                      {}
                    ],
                    "image_uri": true,
                    "instance_names": true,
                    "min_num_instances": true
                  }
                ]
              }
            ],
            "effective_labels": {},
            "id": true,
            "labels": {},
            "terraform_labels": {},
            "virtual_cluster_config": true
          },
          "before_sensitive": false,
          "after_sensitive": {
            "cluster_config": [
              {
                "autoscaling_config": [],
                "auxiliary_node_groups": [],
                "dataproc_metric_config": [],
                "encryption_config": [],
                "endpoint_config": [
                  {
                    "http_ports": {}
                  }
                ],
                "gce_cluster_config": [
                  {
                    "confidential_instance_config": [],
                    "node_group_affinity": [],
                    "reservation_affinity": [],
                    "service_account_scopes": [
                      false
                    ],
                    "shielded_instance_config": [],
                    "tags": [
                      false,
                      false
                    ]
                  }
                ],
                "initialization_action": [
                  {}
                ],
                "lifecycle_config": [],
                "master_config": [
                  {
                    "accelerators": [],
                    "disk_config": [
                      {}
                    ],
                    "instance_names": []
                  }
                ],
                "metastore_config": [],
                "preemptible_worker_config": [
                  {
                    "disk_config": [],
                    "instance_flexibility_policy": [],
                    "instance_names": []
                  }
                ],
                "security_config": [],
                "software_config": [
                  {
                    "override_properties": {},
                    "properties": {}
                  }
                ],
                "worker_config": [
                  {
                    "accelerators": [],
                    "disk_config": [
                      {}
                    ],
                    "instance_names": []
                  }
                ]
              }
            ],
            "effective_labels": {},
            "labels": {},
            "terraform_labels": {},
            "virtual_cluster_config": []
          }
        }
      },
      {
        "address": "google_service_account.default",
        "mode": "managed",
        "type": "google_service_account",
        "name": "default",
        "provider_name": "registry.terraform.io/hashicorp/google",
        "change": {
          "actions": [
            "create"
          ],
          "before": null,
          "after": {
            "account_id": "service-account-id",
            "create_ignore_already_exists": null,
            "description": null,
            "disabled": false,
            "display_name": "Service Account",
            "email": "service-account-id@security-controls-sandbox.iam.gserviceaccount.com",
            "member": "serviceAccount:service-account-id@security-controls-sandbox.iam.gserviceaccount.com",
            "project": "security-controls-sandbox",
            "timeouts": null
          },
          "after_unknown": {
            "id": true,
            "name": true,
            "unique_id": true
          },
          "before_sensitive": false,
          "after_sensitive": {}
        }
      }
    ],
    "configuration": {
      "provider_config": {
        "google": {
          "name": "google",
          "full_name": "registry.terraform.io/hashicorp/google",
          "version_constraint": "6.15.0",
          "expressions": {
            "project": {
              "constant_value": "security-controls-sandbox"
            },
            "region": {
              "constant_value": "us-central1"
            },
            "zone": {
              "constant_value": "us-central1-c"
            }
          }
        }
      },
      "root_module": {
        "resources": [
          {
            "address": "google_dataproc_cluster.mycluster",
            "mode": "managed",
            "type": "google_dataproc_cluster",
            "name": "mycluster",
            "provider_config_key": "google",
            "expressions": {
              "cluster_config": [
                {
                  "endpoint_config": [
                    {
                      "enable_http_port_access": {
                        "constant_value": false
                      }
                    }
                  ],
                  "gce_cluster_config": [
                    {
                      "service_account": {
                        "references": [
                          "google_service_account.default.email",
                          "google_service_account.default"
                        ]
                      },
                      "service_account_scopes": {
                        "constant_value": [
                          "cloud-platform"
                        ]
                      },
                      "tags": {
                        "constant_value": [
                          "foo",
                          "bar"
                        ]
                      }
                    }
                  ],
                  "initialization_action": [
                    {
                      "script": {
                        "constant_value": "gs://dataproc-initialization-actions/stackdriver/stackdriver.sh"
                      },
                      "timeout_sec": {
                        "constant_value": 500
                      }
                    }
                  ],
                  "master_config": [
                    {
                      "disk_config": [
                        {
                          "boot_disk_size_gb": {
                            "constant_value": 30
                          },
                          "boot_disk_type": {
                            "constant_value": "pd-ssd"
                          }
                        }
                      ],
                      "machine_type": {
                        "constant_value": "e2-medium"
                      },
                      "num_instances": {
                        "constant_value": 1
                      }
                    }
                  ],
                  "preemptible_worker_config": [
                    {
                      "num_instances": {
                        "constant_value": 0
                      }
                    }
                  ],
                  "software_config": [
                    {
                      "image_version": {
                        "constant_value": "2.0.35-debian10"
                      },
                      "override_properties": {
                        "constant_value": {
                          "dataproc:dataproc.allow.zero.workers": "true"
                        }
                      }
                    }
                  ],
                  "staging_bucket": {
                    "constant_value": "dataproc-staging-bucket"
                  },
                  "worker_config": [
                    {
                      "disk_config": [
                        {
                          "boot_disk_size_gb": {
                            "constant_value": 30
                          },
                          "num_local_ssds": {
                            "constant_value": 1
                          }
                        }
                      ],
                      "machine_type": {
                        "constant_value": "e2-medium"
                      },
                      "min_cpu_platform": {
                        "constant_value": "Intel Skylake"
                      },
                      "num_instances": {
                        "constant_value": 2
                      }
                    }
                  ]
                }
              ],
              "graceful_decommission_timeout": {
                "constant_value": "120s"
              },
              "labels": {
                "constant_value": {
                  "foo": "bar"
                }
              },
              "name": {
                "constant_value": "mycluster"
              },
              "region": {
                "constant_value": "us-central1"
              }
            },
            "schema_version": 1
          },
          {
            "address": "google_service_account.default",
            "mode": "managed",
            "type": "google_service_account",
            "name": "default",
            "provider_config_key": "google",
            "expressions": {
              "account_id": {
                "constant_value": "service-account-id"
              },
              "display_name": {
                "constant_value": "Service Account"
              }
            },
            "schema_version": 0
          }
        ]
      }
    },
    "relevant_attributes": [
      {
        "resource": "google_service_account.default",
        "attribute": [
          "email"
        ]
      }
    ],
    "timestamp": "2025-01-15T20:21:06Z",
    "applyable": true,
    "complete": true,
    "errored": false
  }
  