{
  "format_version": "1.2",
  "terraform_version": "1.10.4",
  "planned_values": {
    "root_module": {
      "resources": [
        {
          "address": "google_dataproc_cluster.negative",
          "mode": "managed",
          "type": "google_dataproc_cluster",
          "name": "negative",
          "provider_name": "registry.terraform.io/hashicorp/google",
          "schema_version": 1,
          "values": {
            "cluster_config": [
              {
                "autoscaling_config": [],
                "encryption_config": [
                  {
                    "kms_key_name": "projects/test/locations/nam3/keyRings/gkr-nonprod-nam3/test/gk-hcb-nonprod-sde-dbaas-nam3"
                  }
                ],
                "initialization_action": [],
                "lifecycle_config": [],
                "metastore_config": [],
                "security_config": [],
                "staging_bucket": "dataproc-staging-bucket"
              }
            ],
            "graceful_decommission_timeout": "0s",
            "labels": null,
            "name": "mydataproccluster",
            "project": "security-controls-sandbox",
            "region": "us-central1",
            "timeouts": null
          },
          "sensitive_values": {
            "cluster_config": [
              {
                "autoscaling_config": [],
                "auxiliary_node_groups": [],
                "dataproc_metric_config": [],
                "encryption_config": [
                  {}
                ],
                "endpoint_config": [],
                "gce_cluster_config": [],
                "initialization_action": [],
                "lifecycle_config": [],
                "master_config": [],
                "metastore_config": [],
                "preemptible_worker_config": [],
                "security_config": [],
                "software_config": [],
                "worker_config": []
              }
            ],
            "effective_labels": {},
            "terraform_labels": {},
            "virtual_cluster_config": []
          }
        }
      ]
    }
  },
  "resource_changes": [
    {
      "address": "google_dataproc_cluster.negative",
      "mode": "managed",
      "type": "google_dataproc_cluster",
      "name": "negative",
      "provider_name": "registry.terraform.io/hashicorp/google",
      "change": {
        "actions": [
          "create"
        ],
        "before": null,
        "after": {
          "cluster_config": [
            {
              "autoscaling_config": [],
              "encryption_config": [
                {
                  "kms_key_name": "projects/test/locations/nam3/keyRings/gkr-nonprod-nam3/test/gk-hcb-nonprod-sde-dbaas-nam3"
                }
              ],
              "initialization_action": [],
              "lifecycle_config": [],
              "metastore_config": [],
              "security_config": [],
              "staging_bucket": "dataproc-staging-bucket"
            }
          ],
          "graceful_decommission_timeout": "0s",
          "labels": null,
          "name": "mydataproccluster",
          "project": "security-controls-sandbox",
          "region": "us-central1",
          "timeouts": null
        },
        "after_unknown": {
          "cluster_config": [
            {
              "autoscaling_config": [],
              "auxiliary_node_groups": true,
              "bucket": true,
              "dataproc_metric_config": true,
              "encryption_config": [
                {}
              ],
              "endpoint_config": true,
              "gce_cluster_config": true,
              "initialization_action": [],
              "lifecycle_config": [],
              "master_config": true,
              "metastore_config": [],
              "preemptible_worker_config": true,
              "security_config": [],
              "software_config": true,
              "temp_bucket": true,
              "worker_config": true
            }
          ],
          "effective_labels": true,
          "id": true,
          "terraform_labels": true,
          "virtual_cluster_config": true
        },
        "before_sensitive": false,
        "after_sensitive": {
          "cluster_config": [
            {
              "autoscaling_config": [],
              "auxiliary_node_groups": [],
              "dataproc_metric_config": [],
              "encryption_config": [
                {}
              ],
              "endpoint_config": [],
              "gce_cluster_config": [],
              "initialization_action": [],
              "lifecycle_config": [],
              "master_config": [],
              "metastore_config": [],
              "preemptible_worker_config": [],
              "security_config": [],
              "software_config": [],
              "worker_config": []
            }
          ],
          "effective_labels": {},
          "terraform_labels": {},
          "virtual_cluster_config": []
        }
      }
    }
  ],
  "configuration": {
    "provider_config": {
      "google": {
        "name": "google",
        "full_name": "registry.terraform.io/hashicorp/google",
        "version_constraint": "6.15.0",
        "expressions": {
          "project": {
            "constant_value": "security-controls-sandbox"
          },
          "region": {
            "constant_value": "us-central1"
          },
          "zone": {
            "constant_value": "us-central1-c"
          }
        }
      }
    },
    "root_module": {
      "resources": [
        {
          "address": "google_dataproc_cluster.negative",
          "mode": "managed",
          "type": "google_dataproc_cluster",
          "name": "negative",
          "provider_config_key": "google",
          "expressions": {
            "cluster_config": [
              {
                "encryption_config": [
                  {
                    "kms_key_name": {
                      "constant_value": "projects/test/locations/nam3/keyRings/gkr-nonprod-nam3/test/gk-hcb-nonprod-sde-dbaas-nam3"
                    }
                  }
                ],
                "staging_bucket": {
                  "constant_value": "dataproc-staging-bucket"
                }
              }
            ],
            "name": {
              "constant_value": "mydataproccluster"
            },
            "region": {
              "constant_value": "us-central1"
            }
          },
          "schema_version": 1
        }
      ]
    }
  },
  "timestamp": "2025-01-14T15:40:49Z",
  "applyable": true,
  "complete": true,
  "errored": false
}
