{
    "format_version": "1.2",
    "terraform_version": "1.7.5",
    "planned_values": {
        "root_module": {
            "resources": [
                {
                    "address": "google_datastream_stream.negative",
                    "mode": "managed",
                    "type": "google_datastream_stream",
                    "name": "negative",
                    "provider_name": "registry.terraform.io/hashicorp/google",
                    "schema_version": 0,
                    "values": {
                        "backfill_all": [
                            {
                                "mysql_excluded_objects": [
                                    {
                                        "mysql_databases": [
                                            {
                                                "database": "XXXXXXXXXXX",
                                                "mysql_tables": [
                                                    {
                                                        "mysql_columns": [
                                                            {
                                                                "collation": null,
                                                                "column": "excludedColumn",
                                                                "data_type": "VARCHAR",
                                                                "nullable": false,
                                                                "ordinal_position": null,
                                                                "primary_key": false
                                                            }
                                                        ],
                                                        "table": "excludedTable"
                                                    }
                                                ]
                                            }
                                        ]
                                    }
                                ],
                                "oracle_excluded_objects": [],
                                "postgresql_excluded_objects": [],
                                "salesforce_excluded_objects": [],
                                "sql_server_excluded_objects": []
                            }
                        ],
                        "backfill_none": [],
                        "create_without_validation": false,
                        "customer_managed_encryption_key": null,
                        "desired_state": "NOT_STARTED",
                        "destination_config": [
                            {
                                "bigquery_destination_config": [],
                                "destination_connection_profile": "test-connection-profile",
                                "gcs_destination_config": [
                                    {
                                        "avro_file_format": [],
                                        "file_rotation_interval": "60s",
                                        "file_rotation_mb": 200,
                                        "json_file_format": [
                                            {
                                                "compression": "GZIP",
                                                "schema_file_format": "NO_SCHEMA_FILE"
                                            }
                                        ],
                                        "path": "mydata"
                                    }
                                ]
                            }
                        ],
                        "display_name": "my stream",
                        "effective_labels": {
                            "goog-terraform-provisioned": "true"
                        },
                        "labels": null,
                        "location": "us-central1",
                        "project": "security-controls-sandbox",
                        "source_config": [
                            {
                                "mysql_source_config": [
                                    {
                                        "binary_log_position": [],
                                        "exclude_objects": [
                                            {
                                                "mysql_databases": [
                                                    {
                                                        "database": "my-database",
                                                        "mysql_tables": [
                                                            {
                                                                "mysql_columns": [
                                                                    {
                                                                        "collation": "utf8mb4",
                                                                        "column": "excludedColumn",
                                                                        "data_type": "VARCHAR",
                                                                        "nullable": false,
                                                                        "ordinal_position": 0,
                                                                        "primary_key": false
                                                                    }
                                                                ],
                                                                "table": "excludedTable"
                                                            }
                                                        ]
                                                    }
                                                ]
                                            }
                                        ],
                                        "gtid": [],
                                        "include_objects": [
                                            {
                                                "mysql_databases": [
                                                    {
                                                        "database": "my-database",
                                                        "mysql_tables": [
                                                            {
                                                                "mysql_columns": [
                                                                    {
                                                                        "collation": "utf8mb4",
                                                                        "column": "includedColumn",
                                                                        "data_type": "VARCHAR",
                                                                        "nullable": false,
                                                                        "ordinal_position": 0,
                                                                        "primary_key": false
                                                                    }
                                                                ],
                                                                "table": "includedTable"
                                                            },
                                                            {
                                                                "mysql_columns": [],
                                                                "table": "includedTable_2"
                                                            }
                                                        ]
                                                    }
                                                ]
                                            }
                                        ],
                                        "max_concurrent_cdc_tasks": 5
                                    }
                                ],
                                "oracle_source_config": [],
                                "postgresql_source_config": [],
                                "salesforce_source_config": [],
                                "source_connection_profile": "test-connection-profile",
                                "sql_server_source_config": []
                            }
                        ],
                        "stream_id": "my-stream",
                        "terraform_labels": {
                            "goog-terraform-provisioned": "true"
                        },
                        "timeouts": null
                    },
                    "sensitive_values": {
                        "backfill_all": [
                            {
                                "mysql_excluded_objects": [
                                    {
                                        "mysql_databases": [
                                            {
                                                "mysql_tables": [
                                                    {
                                                        "mysql_columns": [
                                                            {}
                                                        ]
                                                    }
                                                ]
                                            }
                                        ]
                                    }
                                ],
                                "oracle_excluded_objects": [],
                                "postgresql_excluded_objects": [],
                                "salesforce_excluded_objects": [],
                                "sql_server_excluded_objects": []
                            }
                        ],
                        "backfill_none": [],
                        "destination_config": [
                            {
                                "bigquery_destination_config": [],
                                "gcs_destination_config": [
                                    {
                                        "avro_file_format": [],
                                        "json_file_format": [
                                            {}
                                        ]
                                    }
                                ]
                            }
                        ],
                        "effective_labels": {},
                        "source_config": [
                            {
                                "mysql_source_config": [
                                    {
                                        "binary_log_position": [],
                                        "exclude_objects": [
                                            {
                                                "mysql_databases": [
                                                    {
                                                        "mysql_tables": [
                                                            {
                                                                "mysql_columns": [
                                                                    {}
                                                                ]
                                                            }
                                                        ]
                                                    }
                                                ]
                                            }
                                        ],
                                        "gtid": [],
                                        "include_objects": [
                                            {
                                                "mysql_databases": [
                                                    {
                                                        "mysql_tables": [
                                                            {
                                                                "mysql_columns": [
                                                                    {}
                                                                ]
                                                            },
                                                            {
                                                                "mysql_columns": []
                                                            }
                                                        ]
                                                    }
                                                ]
                                            }
                                        ]
                                    }
                                ],
                                "oracle_source_config": [],
                                "postgresql_source_config": [],
                                "salesforce_source_config": [],
                                "sql_server_source_config": []
                            }
                        ],
                        "terraform_labels": {}
                    }
                }
            ]
        }
    },
    "resource_changes": [
        {
            "address": "google_datastream_stream.negative",
            "mode": "managed",
            "type": "google_datastream_stream",
            "name": "negative",
            "provider_name": "registry.terraform.io/hashicorp/google",
            "change": {
                "actions": [
                    "create"
                ],
                "before": null,
                "after": {
                    "backfill_all": [
                        {
                            "mysql_excluded_objects": [
                                {
                                    "mysql_databases": [
                                        {
                                            "database": "XXXXXXXXXXX",
                                            "mysql_tables": [
                                                {
                                                    "mysql_columns": [
                                                        {
                                                            "collation": null,
                                                            "column": "excludedColumn",
                                                            "data_type": "VARCHAR",
                                                            "nullable": false,
                                                            "ordinal_position": null,
                                                            "primary_key": false
                                                        }
                                                    ],
                                                    "table": "excludedTable"
                                                }
                                            ]
                                        }
                                    ]
                                }
                            ],
                            "oracle_excluded_objects": [],
                            "postgresql_excluded_objects": [],
                            "salesforce_excluded_objects": [],
                            "sql_server_excluded_objects": []
                        }
                    ],
                    "backfill_none": [],
                    "create_without_validation": false,
                    "customer_managed_encryption_key": null,
                    "desired_state": "NOT_STARTED",
                    "destination_config": [
                        {
                            "bigquery_destination_config": [],
                            "destination_connection_profile": "test-connection-profile",
                            "gcs_destination_config": [
                                {
                                    "avro_file_format": [],
                                    "file_rotation_interval": "60s",
                                    "file_rotation_mb": 200,
                                    "json_file_format": [
                                        {
                                            "compression": "GZIP",
                                            "schema_file_format": "NO_SCHEMA_FILE"
                                        }
                                    ],
                                    "path": "mydata"
                                }
                            ]
                        }
                    ],
                    "display_name": "my stream",
                    "effective_labels": {
                        "goog-terraform-provisioned": "true"
                    },
                    "labels": null,
                    "location": "us-central1",
                    "project": "security-controls-sandbox",
                    "source_config": [
                        {
                            "mysql_source_config": [
                                {
                                    "binary_log_position": [],
                                    "exclude_objects": [
                                        {
                                            "mysql_databases": [
                                                {
                                                    "database": "my-database",
                                                    "mysql_tables": [
                                                        {
                                                            "mysql_columns": [
                                                                {
                                                                    "collation": "utf8mb4",
                                                                    "column": "excludedColumn",
                                                                    "data_type": "VARCHAR",
                                                                    "nullable": false,
                                                                    "ordinal_position": 0,
                                                                    "primary_key": false
                                                                }
                                                            ],
                                                            "table": "excludedTable"
                                                        }
                                                    ]
                                                }
                                            ]
                                        }
                                    ],
                                    "gtid": [],
                                    "include_objects": [
                                        {
                                            "mysql_databases": [
                                                {
                                                    "database": "my-database",
                                                    "mysql_tables": [
                                                        {
                                                            "mysql_columns": [
                                                                {
                                                                    "collation": "utf8mb4",
                                                                    "column": "includedColumn",
                                                                    "data_type": "VARCHAR",
                                                                    "nullable": false,
                                                                    "ordinal_position": 0,
                                                                    "primary_key": false
                                                                }
                                                            ],
                                                            "table": "includedTable"
                                                        },
                                                        {
                                                            "mysql_columns": [],
                                                            "table": "includedTable_2"
                                                        }
                                                    ]
                                                }
                                            ]
                                        }
                                    ],
                                    "max_concurrent_cdc_tasks": 5
                                }
                            ],
                            "oracle_source_config": [],
                            "postgresql_source_config": [],
                            "salesforce_source_config": [],
                            "source_connection_profile": "test-connection-profile",
                            "sql_server_source_config": []
                        }
                    ],
                    "stream_id": "my-stream",
                    "terraform_labels": {
                        "goog-terraform-provisioned": "true"
                    },
                    "timeouts": null
                },
                "after_unknown": {
                    "backfill_all": [
                        {
                            "mysql_excluded_objects": [
                                {
                                    "mysql_databases": [
                                        {
                                            "mysql_tables": [
                                                {
                                                    "mysql_columns": [
                                                        {
                                                            "length": true
                                                        }
                                                    ]
                                                }
                                            ]
                                        }
                                    ]
                                }
                            ],
                            "oracle_excluded_objects": [],
                            "postgresql_excluded_objects": [],
                            "salesforce_excluded_objects": [],
                            "sql_server_excluded_objects": []
                        }
                    ],
                    "backfill_none": [],
                    "destination_config": [
                        {
                            "bigquery_destination_config": [],
                            "gcs_destination_config": [
                                {
                                    "avro_file_format": [],
                                    "json_file_format": [
                                        {}
                                    ]
                                }
                            ]
                        }
                    ],
                    "effective_labels": {},
                    "id": true,
                    "name": true,
                    "source_config": [
                        {
                            "mysql_source_config": [
                                {
                                    "binary_log_position": [],
                                    "exclude_objects": [
                                        {
                                            "mysql_databases": [
                                                {
                                                    "mysql_tables": [
                                                        {
                                                            "mysql_columns": [
                                                                {
                                                                    "length": true
                                                                }
                                                            ]
                                                        }
                                                    ]
                                                }
                                            ]
                                        }
                                    ],
                                    "gtid": [],
                                    "include_objects": [
                                        {
                                            "mysql_databases": [
                                                {
                                                    "mysql_tables": [
                                                        {
                                                            "mysql_columns": [
                                                                {
                                                                    "length": true
                                                                }
                                                            ]
                                                        },
                                                        {
                                                            "mysql_columns": []
                                                        }
                                                    ]
                                                }
                                            ]
                                        }
                                    ],
                                    "max_concurrent_backfill_tasks": true
                                }
                            ],
                            "oracle_source_config": [],
                            "postgresql_source_config": [],
                            "salesforce_source_config": [],
                            "sql_server_source_config": []
                        }
                    ],
                    "state": true,
                    "terraform_labels": {}
                },
                "before_sensitive": false,
                "after_sensitive": {
                    "backfill_all": [
                        {
                            "mysql_excluded_objects": [
                                {
                                    "mysql_databases": [
                                        {
                                            "mysql_tables": [
                                                {
                                                    "mysql_columns": [
                                                        {}
                                                    ]
                                                }
                                            ]
                                        }
                                    ]
                                }
                            ],
                            "oracle_excluded_objects": [],
                            "postgresql_excluded_objects": [],
                            "salesforce_excluded_objects": [],
                            "sql_server_excluded_objects": []
                        }
                    ],
                    "backfill_none": [],
                    "destination_config": [
                        {
                            "bigquery_destination_config": [],
                            "gcs_destination_config": [
                                {
                                    "avro_file_format": [],
                                    "json_file_format": [
                                        {}
                                    ]
                                }
                            ]
                        }
                    ],
                    "effective_labels": {},
                    "source_config": [
                        {
                            "mysql_source_config": [
                                {
                                    "binary_log_position": [],
                                    "exclude_objects": [
                                        {
                                            "mysql_databases": [
                                                {
                                                    "mysql_tables": [
                                                        {
                                                            "mysql_columns": [
                                                                {}
                                                            ]
                                                        }
                                                    ]
                                                }
                                            ]
                                        }
                                    ],
                                    "gtid": [],
                                    "include_objects": [
                                        {
                                            "mysql_databases": [
                                                {
                                                    "mysql_tables": [
                                                        {
                                                            "mysql_columns": [
                                                                {}
                                                            ]
                                                        },
                                                        {
                                                            "mysql_columns": []
                                                        }
                                                    ]
                                                }
                                            ]
                                        }
                                    ]
                                }
                            ],
                            "oracle_source_config": [],
                            "postgresql_source_config": [],
                            "salesforce_source_config": [],
                            "sql_server_source_config": []
                        }
                    ],
                    "terraform_labels": {}
                }
            }
        }
    ],
    "configuration": {
        "provider_config": {
            "google": {
                "name": "google",
                "full_name": "registry.terraform.io/hashicorp/google",
                "version_constraint": "6.35.0",
                "expressions": {
                    "project": {
                        "constant_value": "security-controls-sandbox"
                    },
                    "region": {
                        "constant_value": "us-central1"
                    }
                }
            }
        },
        "root_module": {
            "resources": [
                {
                    "address": "google_datastream_stream.negative",
                    "mode": "managed",
                    "type": "google_datastream_stream",
                    "name": "negative",
                    "provider_config_key": "google",
                    "expressions": {
                        "backfill_all": [
                            {
                                "mysql_excluded_objects": [
                                    {
                                        "mysql_databases": [
                                            {
                                                "database": {
                                                    "constant_value": "XXXXXXXXXXX"
                                                },
                                                "mysql_tables": [
                                                    {
                                                        "mysql_columns": [
                                                            {
                                                                "column": {
                                                                    "constant_value": "excludedColumn"
                                                                },
                                                                "data_type": {
                                                                    "constant_value": "VARCHAR"
                                                                },
                                                                "nullable": {
                                                                    "constant_value": false
                                                                },
                                                                "primary_key": {
                                                                    "constant_value": false
                                                                }
                                                            }
                                                        ],
                                                        "table": {
                                                            "constant_value": "excludedTable"
                                                        }
                                                    }
                                                ]
                                            }
                                        ]
                                    }
                                ]
                            }
                        ],
                        "desired_state": {
                            "constant_value": "NOT_STARTED"
                        },
                        "destination_config": [
                            {
                                "destination_connection_profile": {
                                    "constant_value": "test-connection-profile"
                                },
                                "gcs_destination_config": [
                                    {
                                        "file_rotation_interval": {
                                            "constant_value": "60s"
                                        },
                                        "file_rotation_mb": {
                                            "constant_value": 200
                                        },
                                        "json_file_format": [
                                            {
                                                "compression": {
                                                    "constant_value": "GZIP"
                                                },
                                                "schema_file_format": {
                                                    "constant_value": "NO_SCHEMA_FILE"
                                                }
                                            }
                                        ],
                                        "path": {
                                            "constant_value": "mydata"
                                        }
                                    }
                                ]
                            }
                        ],
                        "display_name": {
                            "constant_value": "my stream"
                        },
                        "location": {
                            "constant_value": "us-central1"
                        },
                        "source_config": [
                            {
                                "mysql_source_config": [
                                    {
                                        "exclude_objects": [
                                            {
                                                "mysql_databases": [
                                                    {
                                                        "database": {
                                                            "constant_value": "my-database"
                                                        },
                                                        "mysql_tables": [
                                                            {
                                                                "mysql_columns": [
                                                                    {
                                                                        "collation": {
                                                                            "constant_value": "utf8mb4"
                                                                        },
                                                                        "column": {
                                                                            "constant_value": "excludedColumn"
                                                                        },
                                                                        "data_type": {
                                                                            "constant_value": "VARCHAR"
                                                                        },
                                                                        "nullable": {
                                                                            "constant_value": false
                                                                        },
                                                                        "ordinal_position": {
                                                                            "constant_value": 0
                                                                        },
                                                                        "primary_key": {
                                                                            "constant_value": false
                                                                        }
                                                                    }
                                                                ],
                                                                "table": {
                                                                    "constant_value": "excludedTable"
                                                                }
                                                            }
                                                        ]
                                                    }
                                                ]
                                            }
                                        ],
                                        "include_objects": [
                                            {
                                                "mysql_databases": [
                                                    {
                                                        "database": {
                                                            "constant_value": "my-database"
                                                        },
                                                        "mysql_tables": [
                                                            {
                                                                "mysql_columns": [
                                                                    {
                                                                        "collation": {
                                                                            "constant_value": "utf8mb4"
                                                                        },
                                                                        "column": {
                                                                            "constant_value": "includedColumn"
                                                                        },
                                                                        "data_type": {
                                                                            "constant_value": "VARCHAR"
                                                                        },
                                                                        "nullable": {
                                                                            "constant_value": false
                                                                        },
                                                                        "ordinal_position": {
                                                                            "constant_value": 0
                                                                        },
                                                                        "primary_key": {
                                                                            "constant_value": false
                                                                        }
                                                                    }
                                                                ],
                                                                "table": {
                                                                    "constant_value": "includedTable"
                                                                }
                                                            },
                                                            {
                                                                "table": {
                                                                    "constant_value": "includedTable_2"
                                                                }
                                                            }
                                                        ]
                                                    }
                                                ]
                                            }
                                        ],
                                        "max_concurrent_cdc_tasks": {
                                            "constant_value": 5
                                        }
                                    }
                                ],
                                "source_connection_profile": {
                                    "constant_value": "test-connection-profile"
                                }
                            }
                        ],
                        "stream_id": {
                            "constant_value": "my-stream"
                        }
                    },
                    "schema_version": 0
                }
            ]
        }
    },
    "timestamp": "2025-07-10T17:22:26Z",
    "errored": false
}