{
  "format_version": "1.2",
  "terraform_version": "1.9.8",
  "variables": {
    "additional_disks": {
      "value": [
        {
          "disk_name": "appvg",
          "disk_size": 15,
          "labels": {
            "vg_name": "app_vg"
          }
        }
      ]
    },
    "allow_stopping_for_update": {
      "value": true
    },
    "boot_disk": {
      "value": {
        "disk_image_name": "v-gcp-cvs-rhel-9-20250616-180316",
        "disk_image_project": "sysadm-prod"
      }
    },
    "description": {
      "value": "Test VM for Taxi automation development"
    },
    "instance_name": {
      "value": "egc1sptadl10v"
    },
    "labels": {
      "value": {
        "costcenter": "190320",
        "cvsappid": "apm0016360",
        "environmentsubtype": "lab",
        "environmenttype": "nonprod",
        "itpmid": "16627",
        "managed_by": "taxi",
        "sharedemailaddress": "sean_taylor_at_cvshealth_com",
        "taxi_resource_id": "taxi-spt-rhel9-uu6xyetmagp",
        "ttl_hour": "120"
      }
    },
    "line_of_business": {
      "value": "retail"
    },
    "machine_type": {
      "value": "n2d-standard-2"
    },
    "members": {
      "value": []
    },
    "metadata": {
      "value": {}
    },
    "network": {
      "value": "vpc-cvs-hub-nonprod-1"
    },
    "network_ip": {
      "value": ""
    },
    "network_project": {
      "value": "vpc-equinix-cvs"
    },
    "os_type": {
      "value": "linux"
    },
    "project": {
      "value": "corp-dev-broc-eqx-vpc"
    },
    "service_account": {
      "value": null
    },
    "subnet": {
      "value": "sn-cvs-use4-corp-dev-broc-eqx-vpc-testing"
    },
    "tags": {
      "value": []
    },
    "zone": {
      "value": "us-east4-c"
    }
  },
  "planned_values": {
    "outputs": {
      "compute_instance_hostname": {
        "sensitive": false,
        "type": "string",
        "value": "egc1sptadl10v.corp.cvscaremark.com"
      },
      "compute_instance_ip": {
        "sensitive": false
      },
      "compute_instance_line_of_business": {
        "sensitive": false,
        "type": "string",
        "value": "retail"
      },
      "compute_instance_name": {
        "sensitive": false,
        "type": "string",
        "value": "egc1sptadl10v"
      },
      "compute_instance_os_type": {
        "sensitive": false,
        "type": "string",
        "value": "linux"
      },
      "compute_instance_project_id": {
        "sensitive": false,
        "type": "string",
        "value": "corp-dev-broc-eqx-vpc"
      },
      "compute_instance_tags": {
        "sensitive": false,
        "type": "dynamic",
        "value": null
      },
      "compute_instance_zone": {
        "sensitive": false,
        "type": "string",
        "value": "us-east4-c"
      },
      "google_resource_id": {
        "sensitive": false
      },
      "is_secure_hub_vpc": {
        "sensitive": false,
        "type": "bool",
        "value": false
      }
    },
    "root_module": {
      "child_modules": [
        {
          "resources": [
            {
              "address": "module.taxi-spt-rhel9-uu6xyetmagp.random_string.disk_suffix",
              "mode": "managed",
              "type": "random_string",
              "name": "disk_suffix",
              "provider_name": "registry.terraform.io/hashicorp/random",
              "schema_version": 2,
              "values": {
                "keepers": null,
                "length": 5,
                "lower": true,
                "min_lower": 0,
                "min_numeric": 0,
                "min_special": 0,
                "min_upper": 0,
                "number": true,
                "numeric": true,
                "override_special": null,
                "special": false,
                "upper": false
              },
              "sensitive_values": {}
            }
          ],
          "address": "module.taxi-spt-rhel9-uu6xyetmagp",
          "child_modules": [
            {
              "resources": [
                {
                  "address": "module.taxi-spt-rhel9-uu6xyetmagp.module.compute-disk[\"appvg\"].google_compute_disk.compute_disk",
                  "mode": "managed",
                  "type": "google_compute_disk",
                  "name": "compute_disk",
                  "provider_name": "registry.terraform.io/hashicorp/google",
                  "schema_version": 0,
                  "values": {
                    "architecture": null,
                    "async_primary_disk": [],
                    "create_snapshot_before_destroy": true,
                    "description": "Compute Disk for egc1sptadl10v",
                    "disk_encryption_key": [
                      {
                        "kms_key_self_link": "projects/cvs-key-vault-nonprod/locations/us-east4/keyRings/gkr-nonprod-us-east4/cryptoKeys/gk-corp-dev-broc-eqx-vpc-us-east4",
                        "kms_key_service_account": null,
                        "raw_key": null,
                        "rsa_encrypted_key": null
                      }
                    ],
                    "effective_labels": {
                      "costcenter": "190320",
                      "cvsappid": "apm0016360",
                      "environmentsubtype": "lab",
                      "environmenttype": "nonprod",
                      "goog-terraform-provisioned": "true",
                      "itpmid": "16627",
                      "managed_by": "taxi",
                      "sharedemailaddress": "sean_taylor_at_cvshealth_com",
                      "taxi_resource_id": "taxi-spt-rhel9-uu6xyetmagp",
                      "ttl_hour": "120",
                      "vg_name": "app_vg"
                    },
                    "guest_os_features": [
                      {
                        "type": "MULTI_IP_SUBNET"
                      },
                      {
                        "type": "UEFI_COMPATIBLE"
                      }
                    ],
                    "image": "",
                    "labels": {
                      "costcenter": "190320",
                      "cvsappid": "apm0016360",
                      "environmentsubtype": "lab",
                      "environmenttype": "nonprod",
                      "itpmid": "16627",
                      "managed_by": "taxi",
                      "sharedemailaddress": "sean_taylor_at_cvshealth_com",
                      "taxi_resource_id": "taxi-spt-rhel9-uu6xyetmagp",
                      "ttl_hour": "120",
                      "vg_name": "app_vg"
                    },
                    "licenses": [],
                    "params": [],
                    "physical_block_size_bytes": 4096,
                    "project": "corp-dev-broc-eqx-vpc",
                    "size": 15,
                    "snapshot": "",
                    "source_disk": null,
                    "source_image_encryption_key": [],
                    "source_instant_snapshot": null,
                    "source_snapshot_encryption_key": [],
                    "source_storage_object": null,
                    "storage_pool": null,
                    "terraform_labels": {
                      "costcenter": "190320",
                      "cvsappid": "apm0016360",
                      "environmentsubtype": "lab",
                      "environmenttype": "nonprod",
                      "goog-terraform-provisioned": "true",
                      "itpmid": "16627",
                      "managed_by": "taxi",
                      "sharedemailaddress": "sean_taylor_at_cvshealth_com",
                      "taxi_resource_id": "taxi-spt-rhel9-uu6xyetmagp",
                      "ttl_hour": "120",
                      "vg_name": "app_vg"
                    },
                    "timeouts": null,
                    "type": "pd-standard",
                    "zone": "us-east4-c"
                  },
                  "sensitive_values": {
                    "async_primary_disk": [],
                    "disk_encryption_key": [
                      {
                        "raw_key": true,
                        "rsa_encrypted_key": true
                      }
                    ],
                    "effective_labels": {},
                    "guest_os_features": [
                      {},
                      {}
                    ],
                    "labels": {},
                    "licenses": [],
                    "params": [],
                    "source_image_encryption_key": [],
                    "source_snapshot_encryption_key": [],
                    "terraform_labels": {},
                    "users": []
                  }
                }
              ],
              "address": "module.taxi-spt-rhel9-uu6xyetmagp.module.compute-disk[\"appvg\"]"
            },
            {
              "resources": [
                {
                  "address": "module.taxi-spt-rhel9-uu6xyetmagp.module.compute-instance.google_compute_instance.compute_instance",
                  "mode": "managed",
                  "type": "google_compute_instance",
                  "name": "compute_instance",
                  "provider_name": "registry.terraform.io/hashicorp/google",
                  "schema_version": 6,
                  "values": {
                    "advanced_machine_features": [],
                    "allow_stopping_for_update": true,
                    "attached_disk": [
                      {
                        "disk_encryption_key_raw": null,
                        "disk_encryption_key_rsa": null,
                        "disk_encryption_service_account": null,
                        "force_attach": null,
                        "kms_key_self_link": "projects/cvs-key-vault-nonprod/locations/us-east4/keyRings/gkr-nonprod-us-east4/cryptoKeys/gk-corp-dev-broc-eqx-vpc-us-east4",
                        "mode": "READ_WRITE"
                      }
                    ],
                    "boot_disk": [
                      {
                        "auto_delete": true,
                        "disk_encryption_key_raw": null,
                        "disk_encryption_key_rsa": null,
                        "disk_encryption_service_account": null,
                        "force_attach": null,
                        "initialize_params": [
                          {
                            "enable_confidential_compute": null,
                            "image": "https://www.googleapis.com/compute/v1/projects/sysadm-prod/global/images/v-gcp-cvs-rhel-9-20250616-180316",
                            "resource_manager_tags": null,
                            "source_image_encryption_key": [],
                            "source_snapshot_encryption_key": [],
                            "storage_pool": null,
                            "type": "pd-balanced"
                          }
                        ],
                        "interface": null,
                        "kms_key_self_link": "projects/cvs-key-vault-nonprod/locations/us-east4/keyRings/gkr-nonprod-us-east4/cryptoKeys/gk-corp-dev-broc-eqx-vpc-us-east4",
                        "mode": "READ_WRITE"
                      }
                    ],
                    "can_ip_forward": false,
                    "deletion_protection": false,
                    "description": "Test VM for Taxi automation development",
                    "desired_status": null,
                    "effective_labels": {
                      "costcenter": "190320",
                      "cvsappid": "apm0016360",
                      "environmentsubtype": "lab",
                      "environmenttype": "nonprod",
                      "goog-terraform-provisioned": "true",
                      "itpmid": "16627",
                      "managed_by": "taxi",
                      "sharedemailaddress": "sean_taylor_at_cvshealth_com",
                      "taxi_resource_id": "taxi-spt-rhel9-uu6xyetmagp",
                      "ttl_hour": "120"
                    },
                    "enable_display": null,
                    "hostname": "egc1sptadl10v.corp.cvscaremark.com",
                    "instance_encryption_key": [],
                    "key_revocation_action_type": null,
                    "labels": {
                      "costcenter": "190320",
                      "cvsappid": "apm0016360",
                      "environmentsubtype": "lab",
                      "environmenttype": "nonprod",
                      "itpmid": "16627",
                      "managed_by": "taxi",
                      "sharedemailaddress": "sean_taylor_at_cvshealth_com",
                      "taxi_resource_id": "taxi-spt-rhel9-uu6xyetmagp",
                      "ttl_hour": "120"
                    },
                    "machine_type": "n2d-standard-2",
                    "metadata": {
                      "block-project-ssh-keys": "true",
                      "enable-guest-attributes": "true",
                      "enable-osconfig": "true",
                      "enable-oslogin": "true"
                    },
                    "metadata_startup_script": null,
                    "name": "egc1sptadl10v",
                    "network_interface": [
                      {
                        "access_config": [],
                        "alias_ip_range": [],
                        "ipv6_access_config": [],
                        "network": "projects/vpc-equinix-cvs/global/networks/vpc-cvs-hub-nonprod-1",
                        "nic_type": null,
                        "queue_count": null,
                        "subnetwork": "projects/vpc-equinix-cvs/regions/us-east4/subnetworks/sn-cvs-use4-corp-dev-broc-eqx-vpc-testing",
                        "subnetwork_project": "vpc-equinix-cvs"
                      }
                    ],
                    "network_performance_config": [],
                    "params": [],
                    "project": "corp-dev-broc-eqx-vpc",
                    "resource_policies": null,
                    "scratch_disk": [],
                    "service_account": [],
                    "shielded_instance_config": [],
                    "tags": null,
                    "terraform_labels": {
                      "costcenter": "190320",
                      "cvsappid": "apm0016360",
                      "environmentsubtype": "lab",
                      "environmenttype": "nonprod",
                      "goog-terraform-provisioned": "true",
                      "itpmid": "16627",
                      "managed_by": "taxi",
                      "sharedemailaddress": "sean_taylor_at_cvshealth_com",
                      "taxi_resource_id": "taxi-spt-rhel9-uu6xyetmagp",
                      "ttl_hour": "120"
                    },
                    "timeouts": null,
                    "zone": "us-east4-c"
                  },
                  "sensitive_values": {
                    "advanced_machine_features": [],
                    "attached_disk": [
                      {
                        "disk_encryption_key_raw": true,
                        "disk_encryption_key_rsa": true
                      }
                    ],
                    "boot_disk": [
                      {
                        "disk_encryption_key_raw": true,
                        "disk_encryption_key_rsa": true,
                        "guest_os_features": [],
                        "initialize_params": [
                          {
                            "labels": {},
                            "resource_policies": [],
                            "source_image_encryption_key": [],
                            "source_snapshot_encryption_key": []
                          }
                        ]
                      }
                    ],
                    "confidential_instance_config": [],
                    "effective_labels": {},
                    "guest_accelerator": [],
                    "instance_encryption_key": [],
                    "labels": {},
                    "metadata": {},
                    "network_interface": [
                      {
                        "access_config": [],
                        "alias_ip_range": [],
                        "ipv6_access_config": []
                      }
                    ],
                    "network_performance_config": [],
                    "params": [],
                    "reservation_affinity": [],
                    "scheduling": [],
                    "scratch_disk": [],
                    "service_account": [],
                    "shielded_instance_config": [],
                    "terraform_labels": {}
                  }
                }
              ],
              "address": "module.taxi-spt-rhel9-uu6xyetmagp.module.compute-instance"
            }
          ]
        }
      ]
    }
  },
  "resource_changes": [
    {
      "address": "module.taxi-spt-rhel9-uu6xyetmagp.random_string.disk_suffix",
      "module_address": "module.taxi-spt-rhel9-uu6xyetmagp",
      "mode": "managed",
      "type": "random_string",
      "name": "disk_suffix",
      "provider_name": "registry.terraform.io/hashicorp/random",
      "change": {
        "actions": [
          "create"
        ],
        "before": null,
        "after": {
          "keepers": null,
          "length": 5,
          "lower": true,
          "min_lower": 0,
          "min_numeric": 0,
          "min_special": 0,
          "min_upper": 0,
          "number": true,
          "numeric": true,
          "override_special": null,
          "special": false,
          "upper": false
        },
        "after_unknown": {
          "id": true,
          "result": true
        },
        "before_sensitive": false,
        "after_sensitive": {}
      }
    },
    {
      "address": "module.taxi-spt-rhel9-uu6xyetmagp.module.compute-disk[\"appvg\"].google_compute_disk.compute_disk",
      "module_address": "module.taxi-spt-rhel9-uu6xyetmagp.module.compute-disk[\"appvg\"]",
      "mode": "managed",
      "type": "google_compute_disk",
      "name": "compute_disk",
      "provider_name": "registry.terraform.io/hashicorp/google",
      "change": {
        "actions": [
          "create"
        ],
        "before": null,
        "after": {
          "architecture": null,
          "async_primary_disk": [],
          "create_snapshot_before_destroy": true,
          "description": "Compute Disk for egc1sptadl10v",
          "disk_encryption_key": [
            {
              "kms_key_self_link": "projects/cvs-key-vault-nonprod/locations/us-east4/keyRings/gkr-nonprod-us-east4/cryptoKeys/gk-corp-dev-broc-eqx-vpc-us-east4",
              "kms_key_service_account": null,
              "raw_key": null,
              "rsa_encrypted_key": null
            }
          ],
          "effective_labels": {
            "costcenter": "190320",
            "cvsappid": "apm0016360",
            "environmentsubtype": "lab",
            "environmenttype": "nonprod",
            "goog-terraform-provisioned": "true",
            "itpmid": "16627",
            "managed_by": "taxi",
            "sharedemailaddress": "sean_taylor_at_cvshealth_com",
            "taxi_resource_id": "taxi-spt-rhel9-uu6xyetmagp",
            "ttl_hour": "120",
            "vg_name": "app_vg"
          },
          "guest_os_features": [
            {
              "type": "MULTI_IP_SUBNET"
            },
            {
              "type": "UEFI_COMPATIBLE"
            }
          ],
          "image": "",
          "labels": {
            "costcenter": "190320",
            "cvsappid": "apm0016360",
            "environmentsubtype": "lab",
            "environmenttype": "nonprod",
            "itpmid": "16627",
            "managed_by": "taxi",
            "sharedemailaddress": "sean_taylor_at_cvshealth_com",
            "taxi_resource_id": "taxi-spt-rhel9-uu6xyetmagp",
            "ttl_hour": "120",
            "vg_name": "app_vg"
          },
          "licenses": [],
          "params": [],
          "physical_block_size_bytes": 4096,
          "project": "corp-dev-broc-eqx-vpc",
          "size": 15,
          "snapshot": "",
          "source_disk": null,
          "source_image_encryption_key": [],
          "source_instant_snapshot": null,
          "source_snapshot_encryption_key": [],
          "source_storage_object": null,
          "storage_pool": null,
          "terraform_labels": {
            "costcenter": "190320",
            "cvsappid": "apm0016360",
            "environmentsubtype": "lab",
            "environmenttype": "nonprod",
            "goog-terraform-provisioned": "true",
            "itpmid": "16627",
            "managed_by": "taxi",
            "sharedemailaddress": "sean_taylor_at_cvshealth_com",
            "taxi_resource_id": "taxi-spt-rhel9-uu6xyetmagp",
            "ttl_hour": "120",
            "vg_name": "app_vg"
          },
          "timeouts": null,
          "type": "pd-standard",
          "zone": "us-east4-c"
        },
        "after_unknown": {
          "access_mode": true,
          "async_primary_disk": [],
          "create_snapshot_before_destroy_prefix": true,
          "creation_timestamp": true,
          "disk_encryption_key": [
            {
              "sha256": true
            }
          ],
          "disk_id": true,
          "effective_labels": {},
          "enable_confidential_compute": true,
          "guest_os_features": [
            {},
            {}
          ],
          "id": true,
          "label_fingerprint": true,
          "labels": {},
          "last_attach_timestamp": true,
          "last_detach_timestamp": true,
          "licenses": [],
          "name": true,
          "params": [],
          "provisioned_iops": true,
          "provisioned_throughput": true,
          "self_link": true,
          "source_disk_id": true,
          "source_image_encryption_key": [],
          "source_image_id": true,
          "source_instant_snapshot_id": true,
          "source_snapshot_encryption_key": [],
          "source_snapshot_id": true,
          "terraform_labels": {},
          "users": true
        },
        "before_sensitive": false,
        "after_sensitive": {
          "async_primary_disk": [],
          "disk_encryption_key": [
            {
              "raw_key": true,
              "rsa_encrypted_key": true
            }
          ],
          "effective_labels": {},
          "guest_os_features": [
            {},
            {}
          ],
          "labels": {},
          "licenses": [],
          "params": [],
          "source_image_encryption_key": [],
          "source_snapshot_encryption_key": [],
          "terraform_labels": {},
          "users": []
        }
      }
    },
    {
      "address": "module.taxi-spt-rhel9-uu6xyetmagp.module.compute-instance.google_compute_instance.compute_instance",
      "module_address": "module.taxi-spt-rhel9-uu6xyetmagp.module.compute-instance",
      "mode": "managed",
      "type": "google_compute_instance",
      "name": "compute_instance",
      "provider_name": "registry.terraform.io/hashicorp/google",
      "change": {
        "actions": [
          "create"
        ],
        "before": null,
        "after": {
          "advanced_machine_features": [],
          "allow_stopping_for_update": true,
          "attached_disk": [
            {
              "disk_encryption_key_raw": null,
              "disk_encryption_key_rsa": null,
              "disk_encryption_service_account": null,
              "force_attach": null,
              "kms_key_self_link": "projects/cvs-key-vault-nonprod/locations/us-east4/keyRings/gkr-nonprod-us-east4/cryptoKeys/gk-corp-dev-broc-eqx-vpc-us-east4",
              "mode": "READ_WRITE"
            }
          ],
          "boot_disk": [
            {
              "auto_delete": true,
              "disk_encryption_key_raw": null,
              "disk_encryption_key_rsa": null,
              "disk_encryption_service_account": null,
              "force_attach": null,
              "initialize_params": [
                {
                  "enable_confidential_compute": null,
                  "image": "https://www.googleapis.com/compute/v1/projects/sysadm-prod/global/images/v-gcp-cvs-rhel-9-20250616-180316",
                  "resource_manager_tags": null,
                  "source_image_encryption_key": [],
                  "source_snapshot_encryption_key": [],
                  "storage_pool": null,
                  "type": "pd-balanced"
                }
              ],
              "interface": null,
              "kms_key_self_link": "projects/cvs-key-vault-nonprod/locations/us-east4/keyRings/gkr-nonprod-us-east4/cryptoKeys/gk-corp-dev-broc-eqx-vpc-us-east4",
              "mode": "READ_WRITE"
            }
          ],
          "can_ip_forward": false,
          "deletion_protection": false,
          "description": "Test VM for Taxi automation development",
          "desired_status": null,
          "effective_labels": {
            "costcenter": "190320",
            "cvsappid": "apm0016360",
            "environmentsubtype": "lab",
            "environmenttype": "nonprod",
            "goog-terraform-provisioned": "true",
            "itpmid": "16627",
            "managed_by": "taxi",
            "sharedemailaddress": "sean_taylor_at_cvshealth_com",
            "taxi_resource_id": "taxi-spt-rhel9-uu6xyetmagp",
            "ttl_hour": "120"
          },
          "enable_display": null,
          "hostname": "egc1sptadl10v.corp.cvscaremark.com",
          "instance_encryption_key": [],
          "key_revocation_action_type": null,
          "labels": {
            "costcenter": "190320",
            "cvsappid": "apm0016360",
            "environmentsubtype": "lab",
            "environmenttype": "nonprod",
            "itpmid": "16627",
            "managed_by": "taxi",
            "sharedemailaddress": "sean_taylor_at_cvshealth_com",
            "taxi_resource_id": "taxi-spt-rhel9-uu6xyetmagp",
            "ttl_hour": "120"
          },
          "machine_type": "n2d-standard-2",
          "metadata": {
            "block-project-ssh-keys": "true",
            "enable-guest-attributes": "true",
            "enable-osconfig": "true",
            "enable-oslogin": "true"
          },
          "metadata_startup_script": null,
          "name": "egc1sptadl10v",
          "network_interface": [
            {
              "access_config": [],
              "alias_ip_range": [],
              "ipv6_access_config": [],
              "network": "projects/vpc-equinix-cvs/global/networks/vpc-cvs-hub-nonprod-1",
              "nic_type": null,
              "queue_count": null,
              "subnetwork": "projects/vpc-equinix-cvs/regions/us-east4/subnetworks/sn-cvs-use4-corp-dev-broc-eqx-vpc-testing",
              "subnetwork_project": "vpc-equinix-cvs"
            }
          ],
          "network_performance_config": [],
          "params": [],
          "project": "corp-dev-broc-eqx-vpc",
          "resource_policies": null,
          "scratch_disk": [],
          "service_account": [],
          "shielded_instance_config": [],
          "tags": null,
          "terraform_labels": {
            "costcenter": "190320",
            "cvsappid": "apm0016360",
            "environmentsubtype": "lab",
            "environmenttype": "nonprod",
            "goog-terraform-provisioned": "true",
            "itpmid": "16627",
            "managed_by": "taxi",
            "sharedemailaddress": "sean_taylor_at_cvshealth_com",
            "taxi_resource_id": "taxi-spt-rhel9-uu6xyetmagp",
            "ttl_hour": "120"
          },
          "timeouts": null,
          "zone": "us-east4-c"
        },
        "after_unknown": {
          "advanced_machine_features": [],
          "attached_disk": [
            {
              "device_name": true,
              "disk_encryption_key_sha256": true,
              "source": true
            }
          ],
          "boot_disk": [
            {
              "device_name": true,
              "disk_encryption_key_sha256": true,
              "guest_os_features": true,
              "initialize_params": [
                {
                  "architecture": true,
                  "labels": true,
                  "provisioned_iops": true,
                  "provisioned_throughput": true,
                  "resource_policies": true,
                  "size": true,
                  "snapshot": true,
                  "source_image_encryption_key": [],
                  "source_snapshot_encryption_key": []
                }
              ],
              "source": true
            }
          ],
          "confidential_instance_config": true,
          "cpu_platform": true,
          "creation_timestamp": true,
          "current_status": true,
          "effective_labels": {},
          "guest_accelerator": true,
          "id": true,
          "instance_encryption_key": [],
          "instance_id": true,
          "label_fingerprint": true,
          "labels": {},
          "metadata": {},
          "metadata_fingerprint": true,
          "min_cpu_platform": true,
          "network_interface": [
            {
              "access_config": [],
              "alias_ip_range": [],
              "internal_ipv6_prefix_length": true,
              "ipv6_access_config": [],
              "ipv6_access_type": true,
              "ipv6_address": true,
              "name": true,
              "network_attachment": true,
              "network_ip": true,
              "stack_type": true
            }
          ],
          "network_performance_config": [],
          "params": [],
          "reservation_affinity": true,
          "scheduling": true,
          "scratch_disk": [],
          "self_link": true,
          "service_account": [],
          "shielded_instance_config": [],
          "tags_fingerprint": true,
          "terraform_labels": {}
        },
        "before_sensitive": false,
        "after_sensitive": {
          "advanced_machine_features": [],
          "attached_disk": [
            {
              "disk_encryption_key_raw": true,
              "disk_encryption_key_rsa": true
            }
          ],
          "boot_disk": [
            {
              "disk_encryption_key_raw": true,
              "disk_encryption_key_rsa": true,
              "guest_os_features": [],
              "initialize_params": [
                {
                  "labels": {},
                  "resource_policies": [],
                  "source_image_encryption_key": [],
                  "source_snapshot_encryption_key": []
                }
              ]
            }
          ],
          "confidential_instance_config": [],
          "effective_labels": {},
          "guest_accelerator": [],
          "instance_encryption_key": [],
          "labels": {},
          "metadata": {},
          "network_interface": [
            {
              "access_config": [],
              "alias_ip_range": [],
              "ipv6_access_config": []
            }
          ],
          "network_performance_config": [],
          "params": [],
          "reservation_affinity": [],
          "scheduling": [],
          "scratch_disk": [],
          "service_account": [],
          "shielded_instance_config": [],
          "terraform_labels": {}
        }
      }
    }
  ],
  "output_changes": {
    "compute_instance_hostname": {
      "actions": [
        "create"
      ],
      "before": null,
      "after": "egc1sptadl10v.corp.cvscaremark.com",
      "after_unknown": false,
      "before_sensitive": false,
      "after_sensitive": false
    },
    "compute_instance_ip": {
      "actions": [
        "create"
      ],
      "before": null,
      "after_unknown": true,
      "before_sensitive": false,
      "after_sensitive": false
    },
    "compute_instance_line_of_business": {
      "actions": [
        "create"
      ],
      "before": null,
      "after": "retail",
      "after_unknown": false,
      "before_sensitive": false,
      "after_sensitive": false
    },
    "compute_instance_name": {
      "actions": [
        "create"
      ],
      "before": null,
      "after": "egc1sptadl10v",
      "after_unknown": false,
      "before_sensitive": false,
      "after_sensitive": false
    },
    "compute_instance_os_type": {
      "actions": [
        "create"
      ],
      "before": null,
      "after": "linux",
      "after_unknown": false,
      "before_sensitive": false,
      "after_sensitive": false
    },
    "compute_instance_project_id": {
      "actions": [
        "create"
      ],
      "before": null,
      "after": "corp-dev-broc-eqx-vpc",
      "after_unknown": false,
      "before_sensitive": false,
      "after_sensitive": false
    },
    "compute_instance_tags": {
      "actions": [
        "no-op"
      ],
      "before": null,
      "after": null,
      "after_unknown": false,
      "before_sensitive": false,
      "after_sensitive": false
    },
    "compute_instance_zone": {
      "actions": [
        "create"
      ],
      "before": null,
      "after": "us-east4-c",
      "after_unknown": false,
      "before_sensitive": false,
      "after_sensitive": false
    },
    "google_resource_id": {
      "actions": [
        "create"
      ],
      "before": null,
      "after_unknown": true,
      "before_sensitive": false,
      "after_sensitive": false
    },
    "is_secure_hub_vpc": {
      "actions": [
        "create"
      ],
      "before": null,
      "after": false,
      "after_unknown": false,
      "before_sensitive": false,
      "after_sensitive": false
    }
  },
  "prior_state": {
    "format_version": "1.0",
    "terraform_version": "1.9.8",
    "values": {
      "outputs": {
        "compute_instance_hostname": {
          "sensitive": false,
          "value": "egc1sptadl10v.corp.cvscaremark.com",
          "type": "string"
        },
        "compute_instance_line_of_business": {
          "sensitive": false,
          "value": "retail",
          "type": "string"
        },
        "compute_instance_name": {
          "sensitive": false,
          "value": "egc1sptadl10v",
          "type": "string"
        },
        "compute_instance_os_type": {
          "sensitive": false,
          "value": "linux",
          "type": "string"
        },
        "compute_instance_project_id": {
          "sensitive": false,
          "value": "corp-dev-broc-eqx-vpc",
          "type": "string"
        },
        "compute_instance_zone": {
          "sensitive": false,
          "value": "us-east4-c",
          "type": "string"
        },
        "is_secure_hub_vpc": {
          "sensitive": false,
          "value": false,
          "type": "bool"
        }
      },
      "root_module": {
        "child_modules": [
          {
            "address": "module.taxi-spt-rhel9-uu6xyetmagp",
            "child_modules": [
              {
                "resources": [
                  {
                    "address": "module.taxi-spt-rhel9-uu6xyetmagp.module.utilities_cmek.data.google_project.cvs_key_vault_project",
                    "mode": "data",
                    "type": "google_project",
                    "name": "cvs_key_vault_project",
                    "provider_name": "registry.terraform.io/hashicorp/google",
                    "schema_version": 0,
                    "values": {
                      "auto_create_network": null,
                      "billing_account": "01A50B-BB4DEF-E3C31B",
                      "deletion_policy": "PREVENT",
                      "effective_labels": {
                        "applicationname": "broccoli-automation-framework",
                        "businessunit": "commercial",
                        "costcenter": "190320",
                        "cvsappid": "apm0015867",
                        "dataclassification": "confidential",
                        "edpcategory": "na",
                        "environmentsubtype": "dev",
                        "environmenttype": "nonprod",
                        "itpmid": "apm0015867",
                        "migration": "no",
                        "reportingsegment": "corporate_other",
                        "resourceowner": "sean_taylor_at_cvshealth_dot_com",
                        "responsible_svp": "alan_rosa",
                        "sharedemailaddress": "broccoli-automation_at_cvshealth_dot_com"
                      },
                      "folder_id": "364192934930",
                      "id": "projects/corp-dev-broc-eqx-vpc",
                      "labels": {
                        "applicationname": "broccoli-automation-framework",
                        "businessunit": "commercial",
                        "costcenter": "190320",
                        "cvsappid": "apm0015867",
                        "dataclassification": "confidential",
                        "edpcategory": "na",
                        "environmentsubtype": "dev",
                        "environmenttype": "nonprod",
                        "itpmid": "apm0015867",
                        "migration": "no",
                        "reportingsegment": "corporate_other",
                        "resourceowner": "sean_taylor_at_cvshealth_dot_com",
                        "responsible_svp": "alan_rosa",
                        "sharedemailaddress": "broccoli-automation_at_cvshealth_dot_com"
                      },
                      "name": "corp-dev-broc-eqx-vpc",
                      "number": "872123636668",
                      "org_id": "",
                      "project_id": "corp-dev-broc-eqx-vpc",
                      "tags": null,
                      "terraform_labels": {
                        "applicationname": "broccoli-automation-framework",
                        "businessunit": "commercial",
                        "costcenter": "190320",
                        "cvsappid": "apm0015867",
                        "dataclassification": "confidential",
                        "edpcategory": "na",
                        "environmentsubtype": "dev",
                        "environmenttype": "nonprod",
                        "itpmid": "apm0015867",
                        "migration": "no",
                        "reportingsegment": "corporate_other",
                        "resourceowner": "sean_taylor_at_cvshealth_dot_com",
                        "responsible_svp": "alan_rosa",
                        "sharedemailaddress": "broccoli-automation_at_cvshealth_dot_com"
                      }
                    },
                    "sensitive_values": {
                      "effective_labels": {},
                      "labels": {},
                      "terraform_labels": {}
                    }
                  }
                ],
                "address": "module.taxi-spt-rhel9-uu6xyetmagp.module.utilities_cmek",
                "child_modules": [
                  {
                    "address": "module.taxi-spt-rhel9-uu6xyetmagp.module.utilities_cmek.module.validations",
                    "child_modules": [
                      {
                        "resources": [
                          {
                            "address": "module.taxi-spt-rhel9-uu6xyetmagp.module.utilities_cmek.module.validations.module.cmek[0].data.google_kms_crypto_key.kms_crypto_key",
                            "mode": "data",
                            "type": "google_kms_crypto_key",
                            "name": "kms_crypto_key",
                            "provider_name": "registry.terraform.io/hashicorp/google",
                            "schema_version": 0,
                            "values": {
                              "crypto_key_backend": "",
                              "destroy_scheduled_duration": "2592000s",
                              "effective_labels": {},
                              "id": "projects/cvs-key-vault-nonprod/locations/us-east4/keyRings/gkr-nonprod-us-east4/cryptoKeys/gk-corp-dev-broc-eqx-vpc-us-east4",
                              "import_only": false,
                              "key_ring": "projects/cvs-key-vault-nonprod/locations/us-east4/keyRings/gkr-nonprod-us-east4",
                              "labels": {},
                              "name": "gk-corp-dev-broc-eqx-vpc-us-east4",
                              "primary": [
                                {
                                  "name": "projects/cvs-key-vault-nonprod/locations/us-east4/keyRings/gkr-nonprod-us-east4/cryptoKeys/gk-corp-dev-broc-eqx-vpc-us-east4/cryptoKeyVersions/3",
                                  "state": "ENABLED"
                                }
                              ],
                              "purpose": "ENCRYPT_DECRYPT",
                              "rotation_period": "7776000s",
                              "skip_initial_version_creation": null,
                              "terraform_labels": {},
                              "version_template": [
                                {
                                  "algorithm": "GOOGLE_SYMMETRIC_ENCRYPTION",
                                  "protection_level": "HSM"
                                }
                              ]
                            },
                            "sensitive_values": {
                              "effective_labels": {},
                              "labels": {},
                              "primary": [
                                {}
                              ],
                              "terraform_labels": {},
                              "version_template": [
                                {}
                              ]
                            }
                          }
                        ],
                        "address": "module.taxi-spt-rhel9-uu6xyetmagp.module.utilities_cmek.module.validations.module.cmek[0]"
                      }
                    ]
                  }
                ]
              },
              {
                "resources": [
                  {
                    "address": "module.taxi-spt-rhel9-uu6xyetmagp.module.utilities_env_vars.data.external.env_check",
                    "mode": "data",
                    "type": "external",
                    "name": "env_check",
                    "provider_name": "registry.terraform.io/hashicorp/external",
                    "schema_version": 0,
                    "values": {
                      "id": "-",
                      "program": [
                        "bash",
                        ".terraform/modules/taxi-spt-rhel9-uu6xyetmagp.utilities_env_vars/modules/env_vars/scripts/env_check.sh"
                      ],
                      "query": null,
                      "result": {
                        "automation_service_account": "cloud-eng-auto-np@css-dev-iam.iam.gserviceaccount.com"
                      },
                      "working_dir": null
                    },
                    "sensitive_values": {
                      "program": [
                        false,
                        false
                      ],
                      "result": {}
                    }
                  }
                ],
                "address": "module.taxi-spt-rhel9-uu6xyetmagp.module.utilities_env_vars"
              },
              {
                "address": "module.taxi-spt-rhel9-uu6xyetmagp.module.validations",
                "child_modules": [
                  {
                    "resources": [
                      {
                        "address": "module.taxi-spt-rhel9-uu6xyetmagp.module.validations.module.api-enbaled[0].data.google_project_service.project_service",
                        "mode": "data",
                        "type": "google_project_service",
                        "name": "project_service",
                        "provider_name": "registry.terraform.io/hashicorp/google",
                        "schema_version": 0,
                        "values": {
                          "disable_dependent_services": null,
                          "disable_on_destroy": null,
                          "id": "corp-dev-broc-eqx-vpc/compute.googleapis.com",
                          "project": "corp-dev-broc-eqx-vpc",
                          "service": "compute.googleapis.com"
                        },
                        "sensitive_values": {}
                      }
                    ],
                    "address": "module.taxi-spt-rhel9-uu6xyetmagp.module.validations.module.api-enbaled[0]"
                  },
                  {
                    "resources": [
                      {
                        "address": "module.taxi-spt-rhel9-uu6xyetmagp.module.validations.module.network[0].data.google_compute_network.compute_network[0]",
                        "mode": "data",
                        "type": "google_compute_network",
                        "name": "compute_network",
                        "index": 0,
                        "provider_name": "registry.terraform.io/hashicorp/google",
                        "schema_version": 0,
                        "values": {
                          "description": "",
                          "gateway_ipv4": "",
                          "id": "projects/vpc-equinix-cvs/global/networks/vpc-cvs-hub-nonprod-1",
                          "internal_ipv6_range": "",
                          "name": "vpc-cvs-hub-nonprod-1",
                          "network_id": 363751627240407400,
                          "network_profile": "",
                          "numeric_id": "363751627240407400",
                          "project": "vpc-equinix-cvs",
                          "self_link": "https://www.googleapis.com/compute/v1/projects/vpc-equinix-cvs/global/networks/vpc-cvs-hub-nonprod-1",
                          "subnetworks_self_links": [
                            "https://www.googleapis.com/compute/v1/projects/vpc-equinix-cvs/regions/us-east4/subnetworks/sn-cvs-use4-cloudeng-gke-np",
                            "https://www.googleapis.com/compute/v1/projects/vpc-equinix-cvs/regions/us-east4/subnetworks/sn-cvs-use4-retail-qa-migration-node",
                            "https://www.googleapis.com/compute/v1/projects/vpc-equinix-cvs/regions/us-east4/subnetworks/sn-cvs-us-east4-pharmacy-pt-accounts-composer-nodes",
                            "https://www.googleapis.com/compute/v1/projects/vpc-equinix-cvs/regions/us-east4/subnetworks/sn-cvs-use4-digital-security-sbx-gke",
                            "https://www.googleapis.com/compute/v1/projects/vpc-equinix-cvs/regions/us-east4/subnetworks/sn-cvs-use4-digital-qa-data-content-nodes",
                            "https://www.googleapis.com/compute/v1/projects/vpc-equinix-cvs/regions/us-east4/subnetworks/sn-cvs-use4-dis-ss-qa1-gkekafka",
                            "https://www.googleapis.com/compute/v1/projects/vpc-equinix-cvs/regions/us-east4/subnetworks/sn-cvs-use4-dig-dfp-gke-qa-node",
                            "https://www.googleapis.com/compute/v1/projects/vpc-equinix-cvs/regions/us-east4/subnetworks/sn-cvs-us-east4-retail-dev-omni-io-nodes",
                            "https://www.googleapis.com/compute/v1/projects/vpc-equinix-cvs/regions/us-east4/subnetworks/sn-cvs-us-east4-digital-test-ciam-nodes",
                            "https://www.googleapis.com/compute/v1/projects/vpc-equinix-cvs/regions/us-east4/subnetworks/sn-cvs-us-east4-digital-poc-security-eng-nodes",
                            "https://www.googleapis.com/compute/v1/projects/vpc-equinix-cvs/regions/us-east4/subnetworks/sn-cvs-use4-dig-eligibility-gke-uat",
                            "https://www.googleapis.com/compute/v1/projects/vpc-equinix-cvs/regions/us-east4/subnetworks/sn-cvs-use4-digital-vault-non-prod-nodes",
                            "https://www.googleapis.com/compute/v1/projects/vpc-equinix-cvs/regions/us-east4/subnetworks/sn-cvs-use4-dig-pbm-rx-sit-gke",
                            "https://www.googleapis.com/compute/v1/projects/vpc-equinix-cvs/regions/us-east4/subnetworks/sn-cvs-us-east4-pharmacy-pt-accounts-psc",
                            "https://www.googleapis.com/compute/v1/projects/vpc-equinix-cvs/regions/us-east4/subnetworks/sn-cvs-use4-firewall-dev",
                            "https://www.googleapis.com/compute/v1/projects/vpc-equinix-cvs/regions/us-east4/subnetworks/sn-aa-use4-pbm-np-ssoe-dp-1",
                            "https://www.googleapis.com/compute/v1/projects/vpc-equinix-cvs/regions/us-east4/subnetworks/sn-cvs-use4-ret-ere-dev",
                            "https://www.googleapis.com/compute/v1/projects/vpc-equinix-cvs/regions/us-east4/subnetworks/sn-cvs-use4-css-dev-cloud-sec-engg-vm",
                            "https://www.googleapis.com/compute/v1/projects/vpc-equinix-cvs/regions/us-east4/subnetworks/sn-cvs-us-east4-digital-pbm-rx-sit-composer-01",
                            "https://www.googleapis.com/compute/v1/projects/vpc-equinix-cvs/regions/us-east4/subnetworks/sn-cvs-use4-caplab-nonprod-gcp-use4-ctl-001",
                            "https://www.googleapis.com/compute/v1/projects/vpc-equinix-cvs/regions/us-east4/subnetworks/sn-cvs-use4-digital-mfe-dev-vm-02",
                            "https://www.googleapis.com/compute/v1/projects/vpc-equinix-cvs/regions/us-west2/subnetworks/sn-cvs-usw2-cap-dev-gcp-usw2-topics-001",
                            "https://www.googleapis.com/compute/v1/projects/vpc-equinix-cvs/regions/us-west2/subnetworks/sn-cvs-usw2-dig-biometric-connect-dev",
                            "https://www.googleapis.com/compute/v1/projects/vpc-equinix-cvs/regions/us-west2/subnetworks/sn-cvs-usw2-dig-ret-rx-ice-pt-gke",
                            "https://www.googleapis.com/compute/v1/projects/vpc-equinix-cvs/regions/us-east4/subnetworks/sn-cvs-use4-dig-ohs-gke-pt",
                            "https://www.googleapis.com/compute/v1/projects/vpc-equinix-cvs/regions/us-east4/subnetworks/sn-cvs-us-east4-digital-test-green-ciam-nodes",
                            "https://www.googleapis.com/compute/v1/projects/vpc-equinix-cvs/regions/us-east4/subnetworks/sn-cvs-use4-dig-pbm-rx-dev-gke",
                            "https://www.googleapis.com/compute/v1/projects/vpc-equinix-cvs/regions/us-east4/subnetworks/sn-cvs-use4-dig-capability-gke-qa",
                            "https://www.googleapis.com/compute/v1/projects/vpc-equinix-cvs/regions/us-east4/subnetworks/sn-cvs-use4-dig-hss-gke-test-nodes",
                            "https://www.googleapis.com/compute/v1/projects/vpc-equinix-cvs/regions/us-east4/subnetworks/sn-cvs-use4-dig-subscr-composer-nodes",
                            "https://www.googleapis.com/compute/v1/projects/vpc-equinix-cvs/regions/us-east4/subnetworks/sn-cvs-use4-dig-attain-dev",
                            "https://www.googleapis.com/compute/v1/projects/vpc-equinix-cvs/regions/us-east4/subnetworks/sn-cvs-use4-digital-dev-foundation-nodes",
                            "https://www.googleapis.com/compute/v1/projects/vpc-equinix-cvs/regions/us-east4/subnetworks/sn-cvs-use4-dig-sub-gke-pt",
                            "https://www.googleapis.com/compute/v1/projects/vpc-equinix-cvs/regions/us-east4/subnetworks/sn-cvs-us-east4-pcw-poc-glint-genai-poc-vertex01",
                            "https://www.googleapis.com/compute/v1/projects/vpc-equinix-cvs/regions/us-east4/subnetworks/sn-cvs-use4-dig-imagenation-gke-qa-nodes",
                            "https://www.googleapis.com/compute/v1/projects/vpc-equinix-cvs/regions/us-east4/subnetworks/sn-cvs-use4-dig-pbm-rx-sit-dataproc",
                            "https://www.googleapis.com/compute/v1/projects/vpc-equinix-cvs/regions/us-east4/subnetworks/sn-cvs-use4-dig-mfe-pt",
                            "https://www.googleapis.com/compute/v1/projects/vpc-equinix-cvs/regions/us-west2/subnetworks/sn-cvs-usw2-dig-spec-rx-cq-pt-dr",
                            "https://www.googleapis.com/compute/v1/projects/vpc-equinix-cvs/regions/us-east4/subnetworks/sn-cvs-use4-dataglobe-qa-composer-2",
                            "https://www.googleapis.com/compute/v1/projects/vpc-equinix-cvs/regions/us-east4/subnetworks/sn-cvs-use4-digital-pbm-rx-sit-dataflow-02",
                            "https://www.googleapis.com/compute/v1/projects/vpc-equinix-cvs/regions/us-west2/subnetworks/sn-cvs-usw2-dig-dev-devex-cse-vm-01",
                            "https://www.googleapis.com/compute/v1/projects/vpc-equinix-cvs/regions/us-east4/subnetworks/sn-cvs-us-east4-digital-qa-rx-nextgen-composer-01",
                            "https://www.googleapis.com/compute/v1/projects/vpc-equinix-cvs/regions/us-west2/subnetworks/sn-cvs-usw2-pcw-sit-specialty-sprx-nodes",
                            "https://www.googleapis.com/compute/v1/projects/vpc-equinix-cvs/regions/us-east4/subnetworks/sn-cvs-use4-dig-avs-qa-gke",
                            "https://www.googleapis.com/compute/v1/projects/vpc-equinix-cvs/regions/us-east4/subnetworks/sn-cvs-use4-dig-ertl-dev-vm-1",
                            "https://www.googleapis.com/compute/v1/projects/vpc-equinix-cvs/regions/us-east4/subnetworks/sn-cvs-use4-ret-ere-kf-dev",
                            "https://www.googleapis.com/compute/v1/projects/vpc-equinix-cvs/regions/us-east4/subnetworks/sn-cvs-use4-cap-dev-useast4-test-001",
                            "https://www.googleapis.com/compute/v1/projects/vpc-equinix-cvs/regions/us-east4/subnetworks/sn-cvs-use4-retail-dev-migration-node",
                            "https://www.googleapis.com/compute/v1/projects/vpc-equinix-cvs/regions/us-east4/subnetworks/sn-cvs-us-east4-digital-dev-rx-nextgen-composer-01",
                            "https://www.googleapis.com/compute/v1/projects/vpc-equinix-cvs/regions/us-east4/subnetworks/sn-cvs-use4-pcw-nonprod-openplatform-nodes",
                            "https://www.googleapis.com/compute/v1/projects/vpc-equinix-cvs/regions/us-east4/subnetworks/sn-cvs-use4-caplab-nonprod-gcp-use4-general-001",
                            "https://www.googleapis.com/compute/v1/projects/vpc-equinix-cvs/regions/us-east4/subnetworks/sn-cvs-use4-dig-ss-rx-qa-vpc",
                            "https://www.googleapis.com/compute/v1/projects/vpc-equinix-cvs/regions/us-west2/subnetworks/sn-cvs-usw2-dig-ss-gke-pt-dr",
                            "https://www.googleapis.com/compute/v1/projects/vpc-equinix-cvs/regions/us-east4/subnetworks/sn-cvs-use4-cap-dev-useast4-control-002",
                            "https://www.googleapis.com/compute/v1/projects/vpc-equinix-cvs/regions/us-east4/subnetworks/sn-cvs-us-east4-digital-msg-qa-composer",
                            "https://www.googleapis.com/compute/v1/projects/vpc-equinix-cvs/regions/us-east4/subnetworks/sn-cvs-use4-digital-av-scan-pt-nodes",
                            "https://www.googleapis.com/compute/v1/projects/vpc-equinix-cvs/regions/us-east4/subnetworks/sn-cvs-use4-pricingpromo-qa-gke-node",
                            "https://www.googleapis.com/compute/v1/projects/vpc-equinix-cvs/regions/us-east4/subnetworks/sn-cvs-use4-digital-qa-superapp-prz-node",
                            "https://www.googleapis.com/compute/v1/projects/vpc-equinix-cvs/regions/us-east4/subnetworks/sn-cvs-use4-digital-pbm-rx-dev-pbm-psc",
                            "https://www.googleapis.com/compute/v1/projects/vpc-equinix-cvs/regions/us-east4/subnetworks/sn-cvs-use4-dig-apigee-gke-dev-psc",
                            "https://www.googleapis.com/compute/v1/projects/vpc-equinix-cvs/regions/us-east4/subnetworks/sn-cvs-use4-dig-pbm-rx-sit-nodes",
                            "https://www.googleapis.com/compute/v1/projects/vpc-equinix-cvs/regions/us-west2/subnetworks/sn-cvs-usw2-dig-retail-connect-pt",
                            "https://www.googleapis.com/compute/v1/projects/vpc-equinix-cvs/regions/us-west2/subnetworks/sn-cvs-usw2-pcw-sit-specialty-sprx-psc",
                            "https://www.googleapis.com/compute/v1/projects/vpc-equinix-cvs/regions/us-east4/subnetworks/sn-cvs-use4-dig-msg-qa-retail-qa-rocm-gke-node",
                            "https://www.googleapis.com/compute/v1/projects/vpc-equinix-cvs/regions/us-west4/subnetworks/sn-cvs-usw4-dig-account-db-dev",
                            "https://www.googleapis.com/compute/v1/projects/vpc-equinix-cvs/regions/us-east4/subnetworks/sn-cvs-use4-pbm-qa-rebates-composer-1",
                            "https://www.googleapis.com/compute/v1/projects/vpc-equinix-cvs/regions/us-west2/subnetworks/sn-cvs-usw2-lb-proxy-only-np",
                            "https://www.googleapis.com/compute/v1/projects/vpc-equinix-cvs/regions/us-east4/subnetworks/sn-cvs-us-east4-pbm-np-ssoe-composer-01",
                            "https://www.googleapis.com/compute/v1/projects/vpc-equinix-cvs/regions/us-east4/subnetworks/sn-cvs-us-east4-pharmacy-pt-accounts-composer-mstr",
                            "https://www.googleapis.com/compute/v1/projects/vpc-equinix-cvs/regions/us-east4/subnetworks/sn-cvs-use4-retail-qa-gke-nodes",
                            "https://www.googleapis.com/compute/v1/projects/vpc-equinix-cvs/regions/us-east4/subnetworks/sn-cvs-us-east4-pcw-poc-scai-gpt-genai-poc-vertex01",
                            "https://www.googleapis.com/compute/v1/projects/vpc-equinix-cvs/regions/us-east4/subnetworks/sn-cvs-use4-corp-dev-broc-eqx-vpc-testing",
                            "https://www.googleapis.com/compute/v1/projects/vpc-equinix-cvs/regions/us-east4/subnetworks/sn-cvs-use4-cap-dev-gcp-appidentity-001-nodes",
                            "https://www.googleapis.com/compute/v1/projects/vpc-equinix-cvs/regions/us-east4/subnetworks/sn-cvs-us-east4-digital-pt-ciam-nodes",
                            "https://www.googleapis.com/compute/v1/projects/vpc-equinix-cvs/regions/us-east4/subnetworks/sn-cvs-use4-dig-gke-pt-ui-nodes",
                            "https://www.googleapis.com/compute/v1/projects/vpc-equinix-cvs/regions/us-east4/subnetworks/sn-cvs-use4-digital-retail-rx-dev-imz-psc",
                            "https://www.googleapis.com/compute/v1/projects/vpc-equinix-cvs/regions/us-east4/subnetworks/sn-cvs-us-east4-digital-dev-champs-nodes",
                            "https://www.googleapis.com/compute/v1/projects/vpc-equinix-cvs/regions/us-east4/subnetworks/sn-cvs-use4-rancher-vm-nodes",
                            "https://www.googleapis.com/compute/v1/projects/vpc-equinix-cvs/regions/us-east4/subnetworks/sn-cvs-use4-dig-avs-gke-pt",
                            "https://www.googleapis.com/compute/v1/projects/vpc-equinix-cvs/regions/us-west2/subnetworks/sn-cvs-nb-usw2-dig-msg-gke-lab",
                            "https://www.googleapis.com/compute/v1/projects/vpc-equinix-cvs/regions/us-east4/subnetworks/sn-cvs-us-east4-digital-pt-payments-nodes",
                            "https://www.googleapis.com/compute/v1/projects/vpc-equinix-cvs/regions/us-east4/subnetworks/sn-cvs-use4-dig-ohs-gke-qa",
                            "https://www.googleapis.com/compute/v1/projects/vpc-equinix-cvs/regions/us-east4/subnetworks/sn-cvs-use4-retail-nonprod-pvt-nodes",
                            "https://www.googleapis.com/compute/v1/projects/vpc-equinix-cvs/regions/us-east4/subnetworks/sn-cvs-use4-dig-bab-gke-qa-nodes",
                            "https://www.googleapis.com/compute/v1/projects/vpc-equinix-cvs/regions/us-east4/subnetworks/gke-us-east4-pbm-ssoe-sit-compo-cedbe581-gke-41e7793a-pe-subnet",
                            "https://www.googleapis.com/compute/v1/projects/vpc-equinix-cvs/regions/us-east4/subnetworks/sn-cvs-use4-dig-subscr-gke-dev",
                            "https://www.googleapis.com/compute/v1/projects/vpc-equinix-cvs/regions/us-east4/subnetworks/sn-cvs-use4-digital-ecomretail-pt-ecomm-psc",
                            "https://www.googleapis.com/compute/v1/projects/vpc-equinix-cvs/regions/us-east4/subnetworks/sn-cvs-use4-retail-dev-rocm-node",
                            "https://www.googleapis.com/compute/v1/projects/vpc-equinix-cvs/regions/us-east4/subnetworks/sn-cvs-use4-pbm-mac-lp-lab",
                            "https://www.googleapis.com/compute/v1/projects/vpc-equinix-cvs/regions/us-east4/subnetworks/sn-cvs-use4-dig-eligibility-gke-dev",
                            "https://www.googleapis.com/compute/v1/projects/vpc-equinix-cvs/regions/us-east4/subnetworks/sn-cvs-use4-retail-pt-pvc-nodes",
                            "https://www.googleapis.com/compute/v1/projects/vpc-equinix-cvs/regions/us-east4/subnetworks/sn-cvs-us-east4-digital-dev-ciam-nodes",
                            "https://www.googleapis.com/compute/v1/projects/vpc-equinix-cvs/regions/us-west2/subnetworks/sn-cvs-us-west2-dig-msg-qa-vm",
                            "https://www.googleapis.com/compute/v1/projects/vpc-equinix-cvs/regions/us-east4/subnetworks/sn-cvs-use4-pbm-dev-rebates-composer-1",
                            "https://www.googleapis.com/compute/v1/projects/vpc-equinix-cvs/regions/us-east4/subnetworks/sn-cvs-use4-caplab-dev-gcp-use4-control-001",
                            "https://www.googleapis.com/compute/v1/projects/vpc-equinix-cvs/regions/us-east4/subnetworks/sn-cvs-use4-dig-dfp-vpcconn-qa-1",
                            "https://www.googleapis.com/compute/v1/projects/vpc-equinix-cvs/regions/us-east4/subnetworks/sn-cvs-us-east4-digital-dev-rx-nextgen-nodes",
                            "https://www.googleapis.com/compute/v1/projects/vpc-equinix-cvs/regions/us-east4/subnetworks/sn-cvs-us-east4-digital-dev-passkey-security-psc",
                            "https://www.googleapis.com/compute/v1/projects/vpc-equinix-cvs/regions/us-west2/subnetworks/sn-cvs-us-west2-digital-pharmacy-connect-np-mongodb",
                            "https://www.googleapis.com/compute/v1/projects/vpc-equinix-cvs/regions/us-east4/subnetworks/sn-cvs-us-east4-pbm-np-ssoe-composer",
                            "https://www.googleapis.com/compute/v1/projects/vpc-equinix-cvs/regions/us-east4/subnetworks/sn-cvs-use4-retail-dev-rxcmoddev1-nodes",
                            "https://www.googleapis.com/compute/v1/projects/vpc-equinix-cvs/regions/us-east4/subnetworks/sn-cvs-use4-pbm-epa-psot-vpcconn-uat",
                            "https://www.googleapis.com/compute/v1/projects/vpc-equinix-cvs/regions/us-east4/subnetworks/sn-cvs-use4-dig-ret-rx-ice-qa-gke",
                            "https://www.googleapis.com/compute/v1/projects/vpc-equinix-cvs/regions/us-east4/subnetworks/sn-cvs-us-east4-digital-sandbox-sec-new-nodes",
                            "https://www.googleapis.com/compute/v1/projects/vpc-equinix-cvs/regions/us-east4/subnetworks/sn-cvs-use4-iaaslab-dev-gcp-psc",
                            "https://www.googleapis.com/compute/v1/projects/vpc-equinix-cvs/regions/us-east4/subnetworks/sn-cvs-use4-cvshlt-wlt-test-nodes",
                            "https://www.googleapis.com/compute/v1/projects/vpc-equinix-cvs/regions/us-east4/subnetworks/sn-cvs-use4-dig-shsvc-gke-np",
                            "https://www.googleapis.com/compute/v1/projects/vpc-equinix-cvs/regions/us-east4/subnetworks/sn-cvs-use4-dig-dfp-gke-qa2",
                            "https://www.googleapis.com/compute/v1/projects/vpc-equinix-cvs/regions/us-east4/subnetworks/sn-cvs-use4-digital-qa-security-cred-nodes",
                            "https://www.googleapis.com/compute/v1/projects/vpc-equinix-cvs/regions/us-east4/subnetworks/sn-cvs-use4-dig-spec-rx-gke-dev",
                            "https://www.googleapis.com/compute/v1/projects/vpc-equinix-cvs/regions/us-east4/subnetworks/sn-cvs-use4-dig-ret-rx-vpcconn-np-1",
                            "https://www.googleapis.com/compute/v1/projects/vpc-equinix-cvs/regions/us-east4/subnetworks/sn-cvs-use4-dig-spec-rx-cq-gke-dev",
                            "https://www.googleapis.com/compute/v1/projects/vpc-equinix-cvs/regions/us-east4/subnetworks/sn-cvs-us-east4-retail-test-omni-io-nodes",
                            "https://www.googleapis.com/compute/v1/projects/vpc-equinix-cvs/regions/us-east4/subnetworks/sn-cvs-us-east4-retail-dev-rxcmoddev0-compute",
                            "https://www.googleapis.com/compute/v1/projects/vpc-equinix-cvs/regions/us-east4/subnetworks/sn-cvs-us-east4-retail-poc-mm-vms-01",
                            "https://www.googleapis.com/compute/v1/projects/vpc-equinix-cvs/regions/us-east4/subnetworks/sn-cvs-use4-dig-spec-rx-cq-pt",
                            "https://www.googleapis.com/compute/v1/projects/vpc-equinix-cvs/regions/us-west2/subnetworks/sn-cvs-usw2-dig-ertl-gke-pt-nodes",
                            "https://www.googleapis.com/compute/v1/projects/vpc-equinix-cvs/regions/us-east4/subnetworks/sn-cvs-use4-dataglobe-dev-composer-2",
                            "https://www.googleapis.com/compute/v1/projects/vpc-equinix-cvs/regions/us-east4/subnetworks/sn-cvs-use4-digital-rx-sre-pt-nodes",
                            "https://www.googleapis.com/compute/v1/projects/vpc-equinix-cvs/regions/us-east4/subnetworks/sn-cvs-use4-cvs-sec-cntrls",
                            "https://www.googleapis.com/compute/v1/projects/vpc-equinix-cvs/regions/us-east4/subnetworks/sn-cvs-use4-retail-pt-pvt-nodes",
                            "https://www.googleapis.com/compute/v1/projects/vpc-equinix-cvs/regions/us-east4/subnetworks/sn-cvs-use4-cap-dev-useast4-control-psc",
                            "https://www.googleapis.com/compute/v1/projects/vpc-equinix-cvs/regions/us-west2/subnetworks/sn-cvs-usw2-cvs-ent-snd-qa-vm",
                            "https://www.googleapis.com/compute/v1/projects/vpc-equinix-cvs/regions/us-east4/subnetworks/sn-cvs-use4-dig-ertl-gke-dev",
                            "https://www.googleapis.com/compute/v1/projects/vpc-equinix-cvs/regions/us-east4/subnetworks/sn-cvs-use4-caplab-nonprod-gcp-use4-ctl-002",
                            "https://www.googleapis.com/compute/v1/projects/vpc-equinix-cvs/regions/us-east4/subnetworks/sn-cvs-use4-dig-msg-gke-dev",
                            "https://www.googleapis.com/compute/v1/projects/vpc-equinix-cvs/regions/us-east4/subnetworks/sn-cvs-us-east4-digital-dfp-nonprod-nodes-pv",
                            "https://www.googleapis.com/compute/v1/projects/vpc-equinix-cvs/regions/us-east4/subnetworks/sn-cvs-use4-dig-msg-vpcconn-qa-1",
                            "https://www.googleapis.com/compute/v1/projects/vpc-equinix-cvs/regions/us-east4/subnetworks/sn-cvs-use4-dis-ss-pt2-gkekafka",
                            "https://www.googleapis.com/compute/v1/projects/vpc-equinix-cvs/regions/us-east4/subnetworks/sn-cvs-use4-dig-ertl-pt-vm-1",
                            "https://www.googleapis.com/compute/v1/projects/vpc-equinix-cvs/regions/us-east4/subnetworks/sn-cvs-use4-dig-health4life-np",
                            "https://www.googleapis.com/compute/v1/projects/vpc-equinix-cvs/regions/us-east4/subnetworks/sn-cvs-use4-caplab-dev-gcp-use4-topics-001",
                            "https://www.googleapis.com/compute/v1/projects/vpc-equinix-cvs/regions/us-east4/subnetworks/sn-cvs-use4-dig-ohs-gke-dev",
                            "https://www.googleapis.com/compute/v1/projects/vpc-equinix-cvs/regions/us-east4/subnetworks/sn-cvs-use4-digital-pbm-rx-pt-pbm-psc",
                            "https://www.googleapis.com/compute/v1/projects/vpc-equinix-cvs/regions/us-east4/subnetworks/sn-cvs-use4-dis-ss-pt1-gkekafka",
                            "https://www.googleapis.com/compute/v1/projects/vpc-equinix-cvs/regions/us-east4/subnetworks/sn-cvs-us-east4-pharmacy-qa-accounts-composer-mstr",
                            "https://www.googleapis.com/compute/v1/projects/vpc-equinix-cvs/regions/us-east4/subnetworks/sn-cvs-us-east4-digital-dev-dfp-lynx-nodes",
                            "https://www.googleapis.com/compute/v1/projects/vpc-equinix-cvs/regions/us-east4/subnetworks/sn-cvs-use4-compute-test-cluster",
                            "https://www.googleapis.com/compute/v1/projects/vpc-equinix-cvs/regions/us-east4/subnetworks/sn-cvs-use4-dig-security-sbx",
                            "https://www.googleapis.com/compute/v1/projects/vpc-equinix-cvs/regions/us-east4/subnetworks/sn-cvs-use4-pbm-dev-careassist-genai-poc-node",
                            "https://www.googleapis.com/compute/v1/projects/vpc-equinix-cvs/regions/us-east4/subnetworks/sn-cvs-use4-dig-dfp-gke-dev2",
                            "https://www.googleapis.com/compute/v1/projects/vpc-equinix-cvs/regions/us-east4/subnetworks/sn-cvs-use4-dig-dfp-gke-qa",
                            "https://www.googleapis.com/compute/v1/projects/vpc-equinix-cvs/regions/us-east4/subnetworks/sn-cvs-use4-dig-account-gke-qa-nodes",
                            "https://www.googleapis.com/compute/v1/projects/vpc-equinix-cvs/regions/us-east4/subnetworks/sn-cvs-us-east4-digital-msg-qa-dataflow",
                            "https://www.googleapis.com/compute/v1/projects/vpc-equinix-cvs/regions/us-east4/subnetworks/sn-cvs-use4-digital-retail-rx-qa-vms",
                            "https://www.googleapis.com/compute/v1/projects/vpc-equinix-cvs/regions/us-west2/subnetworks/sn-cvs-usw2-dig-spec-rx-gke-pt",
                            "https://www.googleapis.com/compute/v1/projects/vpc-equinix-cvs/regions/us-east4/subnetworks/sn-cvs-use4-dig-pbm-rx-sit-new-nodes-1",
                            "https://www.googleapis.com/compute/v1/projects/vpc-equinix-cvs/regions/us-east4/subnetworks/sn-cvs-use4-digital-mfe-pt1-gke",
                            "https://www.googleapis.com/compute/v1/projects/vpc-equinix-cvs/regions/us-east4/subnetworks/sn-cvs-use4-pbm-dev-rebates-composer",
                            "https://www.googleapis.com/compute/v1/projects/vpc-equinix-cvs/regions/us-east4/subnetworks/sn-cvs-us-east4-digital-pt-rx-nextgen-nodes",
                            "https://www.googleapis.com/compute/v1/projects/vpc-equinix-cvs/regions/us-east4/subnetworks/sn-cvs-use4-caplab-nonprod-gcp-appidentity-001-nodes",
                            "https://www.googleapis.com/compute/v1/projects/vpc-equinix-cvs/regions/us-east4/subnetworks/sn-cvs-use4-pbm-qa-rebates-composer",
                            "https://www.googleapis.com/compute/v1/projects/vpc-equinix-cvs/regions/us-east4/subnetworks/sn-cvs-use4-cap-dev-useast4-control-001",
                            "https://www.googleapis.com/compute/v1/projects/vpc-equinix-cvs/regions/us-east4/subnetworks/sn-cvs-use4-dig-hshz-gke-dev-nodes",
                            "https://www.googleapis.com/compute/v1/projects/vpc-equinix-cvs/regions/us-west2/subnetworks/sn-cvs-usw2-digital-vault-nprod",
                            "https://www.googleapis.com/compute/v1/projects/vpc-equinix-cvs/regions/us-east4/subnetworks/sn-cvs-use4-caplab-dev-gcp-use4-control-002",
                            "https://www.googleapis.com/compute/v1/projects/vpc-equinix-cvs/regions/us-east4/subnetworks/sn-cvs-use4-dig-ret-rx-qa",
                            "https://www.googleapis.com/compute/v1/projects/vpc-equinix-cvs/regions/us-east4/subnetworks/sn-cvs-use4-dig-avs-gke-pt-psc",
                            "https://www.googleapis.com/compute/v1/projects/vpc-equinix-cvs/regions/us-west2/subnetworks/sn-cvs-usw2-cloudeng-interhub-np",
                            "https://www.googleapis.com/compute/v1/projects/vpc-equinix-cvs/regions/us-east4/subnetworks/sn-cvs-use4-dig-dfp-gke-dev",
                            "https://www.googleapis.com/compute/v1/projects/vpc-equinix-cvs/regions/us-east4/subnetworks/sn-cvs-use4-caplab-dev-gcp-use4-traffic-nodes",
                            "https://www.googleapis.com/compute/v1/projects/vpc-equinix-cvs/regions/us-west2/subnetworks/sn-cvs-usw2-caplab-dev-gcp-usw2-general-002",
                            "https://www.googleapis.com/compute/v1/projects/vpc-equinix-cvs/regions/us-east4/subnetworks/sn-cvs-use4-dig-ret-rx-gke-qa",
                            "https://www.googleapis.com/compute/v1/projects/vpc-equinix-cvs/regions/us-east4/subnetworks/sn-cvs-use4-digital-qa-superapp-search-prz-nodes",
                            "https://www.googleapis.com/compute/v1/projects/vpc-equinix-cvs/regions/us-east4/subnetworks/sn-cvs-use4-retail-dev-planoapp-nodes",
                            "https://www.googleapis.com/compute/v1/projects/vpc-equinix-cvs/regions/us-east4/subnetworks/sn-cvs-use4-dig-gke-test-util-nodes",
                            "https://www.googleapis.com/compute/v1/projects/vpc-equinix-cvs/regions/us-east4/subnetworks/sn-cvs-use4-digital-qa-superapp-search-prz-notebook",
                            "https://www.googleapis.com/compute/v1/projects/vpc-equinix-cvs/regions/us-west2/subnetworks/sn-cvs-usw2-digital-minuteclinic-test-vm",
                            "https://www.googleapis.com/compute/v1/projects/vpc-equinix-cvs/regions/us-west2/subnetworks/sn-vc-cvs-usw2-vpcconn-nonprod-1",
                            "https://www.googleapis.com/compute/v1/projects/vpc-equinix-cvs/regions/us-east4/subnetworks/sn-cvs-use4-dig-ss-gke-pt",
                            "https://www.googleapis.com/compute/v1/projects/vpc-equinix-cvs/regions/us-east4/subnetworks/sn-cvs-use4-dig-account-gke-pt-nodes",
                            "https://www.googleapis.com/compute/v1/projects/vpc-equinix-cvs/regions/us-east4/subnetworks/sn-cvs-use4-dig-bell-clc-pt",
                            "https://www.googleapis.com/compute/v1/projects/vpc-equinix-cvs/regions/us-east4/subnetworks/sn-cvs-use4-digital-attain-conn-np-qa",
                            "https://www.googleapis.com/compute/v1/projects/vpc-equinix-cvs/regions/us-east4/subnetworks/sn-cvs-use4-dig-ste-gke-dev",
                            "https://www.googleapis.com/compute/v1/projects/vpc-equinix-cvs/regions/us-east4/subnetworks/sn-cvs-use4-dig-ret-rx-ice-ui-gke-qa",
                            "https://www.googleapis.com/compute/v1/projects/vpc-equinix-cvs/regions/us-east4/subnetworks/sn-cvs-use4-dig-spec-rx-cq-iris-dev",
                            "https://www.googleapis.com/compute/v1/projects/vpc-equinix-cvs/regions/us-east4/subnetworks/sn-cvs-use4-dig-pbm-rx-pt-gke",
                            "https://www.googleapis.com/compute/v1/projects/vpc-equinix-cvs/regions/us-east4/subnetworks/sn-cvs-us-east4-ent-dev-accounts-nodes",
                            "https://www.googleapis.com/compute/v1/projects/vpc-equinix-cvs/regions/us-east4/subnetworks/sn-cvs-use4-rebates-gke",
                            "https://www.googleapis.com/compute/v1/projects/vpc-equinix-cvs/regions/us-west2/subnetworks/sn-cvs-usw2-zia-nonprod-1",
                            "https://www.googleapis.com/compute/v1/projects/vpc-equinix-cvs/regions/us-east4/subnetworks/sn-cvs-use4-gke-observability-np-centel-nr",
                            "https://www.googleapis.com/compute/v1/projects/vpc-equinix-cvs/regions/us-east4/subnetworks/sn-cvs-use4-digital-dev-slack-app",
                            "https://www.googleapis.com/compute/v1/projects/vpc-equinix-cvs/regions/us-east4/subnetworks/sn-cvs-us-east4-retail-pcw-gke-node",
                            "https://www.googleapis.com/compute/v1/projects/vpc-equinix-cvs/regions/us-east4/subnetworks/sn-cvs-use4-dig-shsvc-gke-qa",
                            "https://www.googleapis.com/compute/v1/projects/vpc-equinix-cvs/regions/us-east4/subnetworks/sn-cvs-use4-dig-evpc-gke-dev-nodes",
                            "https://www.googleapis.com/compute/v1/projects/vpc-equinix-cvs/regions/us-east4/subnetworks/sn-cvs-us-east4-pbm-np-ssoe-nodes",
                            "https://www.googleapis.com/compute/v1/projects/vpc-equinix-cvs/regions/us-east4/subnetworks/sn-cvs-use4-dig-apigee-gke-dev-nodes",
                            "https://www.googleapis.com/compute/v1/projects/vpc-equinix-cvs/regions/us-east4/subnetworks/sn-cvs-use4-gke-observability-np",
                            "https://www.googleapis.com/compute/v1/projects/vpc-equinix-cvs/regions/us-west2/subnetworks/sn-cvs-usw2-cloudeng-test-10-117-0-0-16",
                            "https://www.googleapis.com/compute/v1/projects/vpc-equinix-cvs/regions/us-east4/subnetworks/sn-cvs-use4-mfe-pt-gke",
                            "https://www.googleapis.com/compute/v1/projects/vpc-equinix-cvs/regions/us-east4/subnetworks/sn-cvs-us-east4-pharmacy-pt-accounts-nodes",
                            "https://www.googleapis.com/compute/v1/projects/vpc-equinix-cvs/regions/us-east4/subnetworks/sn-cvs-use4-dig-specialty-rx-dev-services",
                            "https://www.googleapis.com/compute/v1/projects/vpc-equinix-cvs/regions/us-east4/subnetworks/sn-cvs-us-east4-digital-dev-security-rba-nodes",
                            "https://www.googleapis.com/compute/v1/projects/vpc-equinix-cvs/regions/us-east4/subnetworks/sn-cvs-use4-iaaslab-nonprod-gcp-psc",
                            "https://www.googleapis.com/compute/v1/projects/vpc-equinix-cvs/regions/us-east4/subnetworks/sn-cvs-us-east4-digital-retail-rx-qa-vertex-01",
                            "https://www.googleapis.com/compute/v1/projects/vpc-equinix-cvs/regions/us-east4/subnetworks/sn-cvs-us-east4-digital-dfp-non-prod-nodes",
                            "https://www.googleapis.com/compute/v1/projects/vpc-equinix-cvs/regions/us-east4/subnetworks/sn-cvs-use4-dig-retail-connect-np",
                            "https://www.googleapis.com/compute/v1/projects/vpc-equinix-cvs/regions/us-west2/subnetworks/sn-cvs-usw2-dig-ss-gke-pt",
                            "https://www.googleapis.com/compute/v1/projects/vpc-equinix-cvs/regions/us-east4/subnetworks/sn-cvs-use4-dig-spec-rx-cq-iris-qa",
                            "https://www.googleapis.com/compute/v1/projects/vpc-equinix-cvs/regions/us-east4/subnetworks/sn-cvs-us-east4-retail-dev-rxdp-nodes",
                            "https://www.googleapis.com/compute/v1/projects/vpc-equinix-cvs/regions/us-east4/subnetworks/sn-cvs-use4-digital-pbm-rx-pt-ui-psc",
                            "https://www.googleapis.com/compute/v1/projects/vpc-equinix-cvs/regions/us-east4/subnetworks/sn-cvs-us-east4-pharmacy-qa-accounts-composer-nodes",
                            "https://www.googleapis.com/compute/v1/projects/vpc-equinix-cvs/regions/us-east4/subnetworks/sn-cvs-us-east4-digital-test-iot-nodes",
                            "https://www.googleapis.com/compute/v1/projects/vpc-equinix-cvs/regions/us-east4/subnetworks/sn-cvs-use4-dig-subscr-gke-qa",
                            "https://www.googleapis.com/compute/v1/projects/vpc-equinix-cvs/regions/us-east4/subnetworks/sn-cvs-use4-dig-bab-gke-pt-nodes",
                            "https://www.googleapis.com/compute/v1/projects/vpc-equinix-cvs/regions/us-east4/subnetworks/sn-cvs-use4-dig-spec-rx-gke-qa",
                            "https://www.googleapis.com/compute/v1/projects/vpc-equinix-cvs/regions/us-west2/subnetworks/sn-cvs-usw2-digital-dfp-dev-west-psc",
                            "https://www.googleapis.com/compute/v1/projects/vpc-equinix-cvs/regions/us-east4/subnetworks/sn-cvs-use4-hcb-dev-ymcra-nodes",
                            "https://www.googleapis.com/compute/v1/projects/vpc-equinix-cvs/regions/us-east4/subnetworks/sn-cvs-use4-dig-pbm-rx-pt-new-nodes",
                            "https://www.googleapis.com/compute/v1/projects/vpc-equinix-cvs/regions/us-east4/subnetworks/sn-aa-use4-dataglobe-dev-composer",
                            "https://www.googleapis.com/compute/v1/projects/vpc-equinix-cvs/regions/us-east4/subnetworks/sn-cvs-use4-pbm-mac-lp-lab-gke",
                            "https://www.googleapis.com/compute/v1/projects/vpc-equinix-cvs/regions/us-east4/subnetworks/sn-cvs-use4-gke-observability-np-psc",
                            "https://www.googleapis.com/compute/v1/projects/vpc-equinix-cvs/regions/us-east4/subnetworks/sn-cvs-use4-dig-ste-gke-pt",
                            "https://www.googleapis.com/compute/v1/projects/vpc-equinix-cvs/regions/us-east4/subnetworks/sn-cvs-use4-digital-qa-security-cred-psc",
                            "https://www.googleapis.com/compute/v1/projects/vpc-equinix-cvs/regions/us-east4/subnetworks/sn-cvs-us-east4-digital-qa-champs-nodes",
                            "https://www.googleapis.com/compute/v1/projects/vpc-equinix-cvs/regions/us-east4/subnetworks/sn-cvs-use4-dis-ss-dev-gkekafka",
                            "https://www.googleapis.com/compute/v1/projects/vpc-equinix-cvs/regions/us-east4/subnetworks/sn-cvs-use4-paloalto-nonprod-inside",
                            "https://www.googleapis.com/compute/v1/projects/vpc-equinix-cvs/regions/us-west2/subnetworks/sn-cvs-usw2-pbm-edw-poc-vm",
                            "https://www.googleapis.com/compute/v1/projects/vpc-equinix-cvs/regions/us-east4/subnetworks/sn-cvs-use4-dig-bell-clc-dev",
                            "https://www.googleapis.com/compute/v1/projects/vpc-equinix-cvs/regions/us-east4/subnetworks/sn-cvs-us-east4-ab-pbm-dev-careassist-genai-poc-vertex-01",
                            "https://www.googleapis.com/compute/v1/projects/vpc-equinix-cvs/regions/us-west2/subnetworks/sn-usw2-services",
                            "https://www.googleapis.com/compute/v1/projects/vpc-equinix-cvs/regions/us-east4/subnetworks/sn-cvs-use4-fim-poc",
                            "https://www.googleapis.com/compute/v1/projects/vpc-equinix-cvs/regions/us-east4/subnetworks/sn-cvs-use4-dig-msg-vpcconn-dev-1",
                            "https://www.googleapis.com/compute/v1/projects/vpc-equinix-cvs/regions/us-east4/subnetworks/sn-cvs-use4-digital-dev-data-content-gke",
                            "https://www.googleapis.com/compute/v1/projects/vpc-equinix-cvs/regions/us-east4/subnetworks/sn-cvs-use4-dig-spec-rx-cq-qa",
                            "https://www.googleapis.com/compute/v1/projects/vpc-equinix-cvs/regions/us-east4/subnetworks/sn-use4-services",
                            "https://www.googleapis.com/compute/v1/projects/vpc-equinix-cvs/regions/us-east4/subnetworks/sn-cvs-use4-dig-mc-gke-np",
                            "https://www.googleapis.com/compute/v1/projects/vpc-equinix-cvs/regions/us-east4/subnetworks/sn-cvs-us-east4-digital-retail-rx-qa-dataflow",
                            "https://www.googleapis.com/compute/v1/projects/vpc-equinix-cvs/regions/us-east4/subnetworks/sn-cvs-use4-digital-fs-qa-gke-nodes",
                            "https://www.googleapis.com/compute/v1/projects/vpc-equinix-cvs/regions/us-east4/subnetworks/sn-aa-use4-ent-nonprod-digital-specialty-rx-qa-psc",
                            "https://www.googleapis.com/compute/v1/projects/vpc-equinix-cvs/regions/us-east4/subnetworks/sn-cvs-use4-dig-invc-qa-nodes",
                            "https://www.googleapis.com/compute/v1/projects/vpc-equinix-cvs/regions/us-east4/subnetworks/ssn-cvs-use4-dig-ciam-dev-gke",
                            "https://www.googleapis.com/compute/v1/projects/vpc-equinix-cvs/regions/us-east4/subnetworks/sn-cvs-use4-caplab-nonprod-gcp-use4-general-002",
                            "https://www.googleapis.com/compute/v1/projects/vpc-equinix-cvs/regions/us-east4/subnetworks/sn-cvs-use4-digital-ecomretail-dev-ecomm-psc",
                            "https://www.googleapis.com/compute/v1/projects/vpc-equinix-cvs/regions/us-east4/subnetworks/sn-cvs-us-east4-digital-nonprod-cdn-nodes",
                            "https://www.googleapis.com/compute/v1/projects/vpc-equinix-cvs/regions/us-east4/subnetworks/sn-cvs-use4-digital-messaging-qa-msg-psc",
                            "https://www.googleapis.com/compute/v1/projects/vpc-equinix-cvs/regions/us-east4/subnetworks/sn-cvs-use4-dig-invc-dev-nodes",
                            "https://www.googleapis.com/compute/v1/projects/vpc-equinix-cvs/regions/us-east4/subnetworks/sn-cvs-use4-digital-attain-stg-nodes",
                            "https://www.googleapis.com/compute/v1/projects/vpc-equinix-cvs/regions/us-east4/subnetworks/sn-cvs-use4-caplab-dev-gcp-use4-general-001",
                            "https://www.googleapis.com/compute/v1/projects/vpc-equinix-cvs/regions/us-east4/subnetworks/sn-cvs-use4-snowflake-dev-vpcconn",
                            "https://www.googleapis.com/compute/v1/projects/vpc-equinix-cvs/regions/us-east4/subnetworks/sn-cvs-use4-lb-proxy-only-np",
                            "https://www.googleapis.com/compute/v1/projects/vpc-equinix-cvs/regions/us-east4/subnetworks/sn-cvs-use4-caplab-dev-gcp-appidentity-001-nodes",
                            "https://www.googleapis.com/compute/v1/projects/vpc-equinix-cvs/regions/us-east4/subnetworks/sn-cvs-use4-cvshlt-wlt-stage-nodes",
                            "https://www.googleapis.com/compute/v1/projects/vpc-equinix-cvs/regions/us-east4/subnetworks/sn-cvs-use4-dg-observability-dev-psc",
                            "https://www.googleapis.com/compute/v1/projects/vpc-equinix-cvs/regions/us-east4/subnetworks/sn-cvs-us-east4-digital-qa-rx-nextgen-nodes",
                            "https://www.googleapis.com/compute/v1/projects/vpc-equinix-cvs/regions/us-east4/subnetworks/sn-cvs-use4-pbm-epa-sandbox",
                            "https://www.googleapis.com/compute/v1/projects/vpc-equinix-cvs/regions/us-east4/subnetworks/sn-cvs-use4-ftd-nonprod-inside-1",
                            "https://www.googleapis.com/compute/v1/projects/vpc-equinix-cvs/regions/us-east4/subnetworks/sn-cvs-use4-dig-ertl-gke-qa",
                            "https://www.googleapis.com/compute/v1/projects/vpc-equinix-cvs/regions/us-east4/subnetworks/sn-cvs-use4-dig-dfp-dev-psc-nr",
                            "https://www.googleapis.com/compute/v1/projects/vpc-equinix-cvs/regions/us-west2/subnetworks/sn-cvs-usw2-paloalto-nonprod-inside",
                            "https://www.googleapis.com/compute/v1/projects/vpc-equinix-cvs/regions/us-east4/subnetworks/sn-cvs-use4-pbm-qa-rebates-dataproc",
                            "https://www.googleapis.com/compute/v1/projects/vpc-equinix-cvs/regions/us-east4/subnetworks/sn-cvs-use4-digital-qa-rx-nemo-psc-ccai",
                            "https://www.googleapis.com/compute/v1/projects/vpc-equinix-cvs/regions/us-east4/subnetworks/sn-cvs-use4-dig-ertl-pt-vm",
                            "https://www.googleapis.com/compute/v1/projects/vpc-equinix-cvs/regions/us-east4/subnetworks/sn-cvs-use4-dig-bell-clc-qa",
                            "https://www.googleapis.com/compute/v1/projects/vpc-equinix-cvs/regions/us-west2/subnetworks/sn-usw2-fw",
                            "https://www.googleapis.com/compute/v1/projects/vpc-equinix-cvs/regions/us-east4/subnetworks/sn-cvs-us-east4-digital-dfp-non-prod-mig",
                            "https://www.googleapis.com/compute/v1/projects/vpc-equinix-cvs/regions/us-east4/subnetworks/sn-cvs-use4-digital-qa-rx-nemo-psc",
                            "https://www.googleapis.com/compute/v1/projects/vpc-equinix-cvs/regions/us-east4/subnetworks/sn-cvs-use4-digital-qa-rx-nemo-gke-nodes-01",
                            "https://www.googleapis.com/compute/v1/projects/vpc-equinix-cvs/regions/us-east4/subnetworks/sn-cvs-use4-cloudeng-zscaler-prod",
                            "https://www.googleapis.com/compute/v1/projects/vpc-equinix-cvs/regions/us-east4/subnetworks/snsn-cvs-us-east4-ent-dev-accounts-df-nodes",
                            "https://www.googleapis.com/compute/v1/projects/vpc-equinix-cvs/regions/us-east4/subnetworks/sn-cvs-us-east4-digital-qa-payments-nodes",
                            "https://www.googleapis.com/compute/v1/projects/vpc-equinix-cvs/regions/us-east4/subnetworks/sn-cvs-us-east4-retail-dev-omni-io-mem-2",
                            "https://www.googleapis.com/compute/v1/projects/vpc-equinix-cvs/regions/us-west2/subnetworks/sn-cvs-usw2-caplab-dev-gcp-usw2-general-001",
                            "https://www.googleapis.com/compute/v1/projects/vpc-equinix-cvs/regions/us-east4/subnetworks/sn-cvs-use4-dig-spec-rx-gke-pt",
                            "https://www.googleapis.com/compute/v1/projects/vpc-equinix-cvs/regions/us-east4/subnetworks/sn-cvs-use4-digital-dfp-dev-terratest",
                            "https://www.googleapis.com/compute/v1/projects/vpc-equinix-cvs/regions/us-east4/subnetworks/sn-cvs-use4-dig-shsvcs-df-qa",
                            "https://www.googleapis.com/compute/v1/projects/vpc-equinix-cvs/regions/us-east4/subnetworks/sn-cvs-use4-dig-specialty-rx-dev-vpcconn",
                            "https://www.googleapis.com/compute/v1/projects/vpc-equinix-cvs/regions/us-east4/subnetworks/sn-cvs-use4-dig-pharmacy-connect-pt",
                            "https://www.googleapis.com/compute/v1/projects/vpc-equinix-cvs/regions/us-west2/subnetworks/sn-cvs-usw2-dig-pbm-rx-pt-gke",
                            "https://www.googleapis.com/compute/v1/projects/vpc-equinix-cvs/regions/us-east4/subnetworks/sn-cvs-use4-digital-dfp-qa-psc",
                            "https://www.googleapis.com/compute/v1/projects/vpc-equinix-cvs/regions/us-east4/subnetworks/sn-cvs-use4-dis-ss-dfe-qa-streamsets-nodes",
                            "https://www.googleapis.com/compute/v1/projects/vpc-equinix-cvs/regions/us-east4/subnetworks/sn-cvs-us-east4-pharmacy-qa-accounts-nodes",
                            "https://www.googleapis.com/compute/v1/projects/vpc-equinix-cvs/regions/us-east4/subnetworks/sn-cvs-use4-digital-mfe-qa1-gke",
                            "https://www.googleapis.com/compute/v1/projects/vpc-equinix-cvs/regions/us-east4/subnetworks/sn-cvs-use4-dig-pbm-rx-dev-dataproc",
                            "https://www.googleapis.com/compute/v1/projects/vpc-equinix-cvs/regions/us-west2/subnetworks/sn-cvs-usw2-cap-dev-gcp-usw2-general-001",
                            "https://www.googleapis.com/compute/v1/projects/vpc-equinix-cvs/regions/us-east4/subnetworks/sn-cvs-use4-cap-dev-useast4-general-001",
                            "https://www.googleapis.com/compute/v1/projects/vpc-equinix-cvs/regions/us-east4/subnetworks/sn-cvs-use4-dig-ret-rx-ice-dev-gke",
                            "https://www.googleapis.com/compute/v1/projects/vpc-equinix-cvs/regions/us-east4/subnetworks/sn-cvs-use4-dig-bab-gke-dev-nodes",
                            "https://www.googleapis.com/compute/v1/projects/vpc-equinix-cvs/regions/us-east4/subnetworks/sn-cvs-use4-gke-av-malware-qa-nodes",
                            "https://www.googleapis.com/compute/v1/projects/vpc-equinix-cvs/regions/us-east4/subnetworks/sn-cvs-use4-dig-ret-rx-vpcconn-pt-1",
                            "https://www.googleapis.com/compute/v1/projects/vpc-equinix-cvs/regions/us-east4/subnetworks/sn-cvs-us-east4-retail-dev-scdcpilot-vertex",
                            "https://www.googleapis.com/compute/v1/projects/vpc-equinix-cvs/regions/us-east4/subnetworks/sn-cvs-use4-dataglobe-qa-composer",
                            "https://www.googleapis.com/compute/v1/projects/vpc-equinix-cvs/regions/us-east4/subnetworks/sn-cvs-us-east4-digital-qa-retail-rx-imz-nodes",
                            "https://www.googleapis.com/compute/v1/projects/vpc-equinix-cvs/regions/us-east4/subnetworks/sn-cvs-use4-caplab-dev-gcp-use4-general-002",
                            "https://www.googleapis.com/compute/v1/projects/vpc-equinix-cvs/regions/us-east4/subnetworks/sn-cvs-use4-vault-nprod-psc",
                            "https://www.googleapis.com/compute/v1/projects/vpc-equinix-cvs/regions/us-east4/subnetworks/sn-cvs-us-east4-pbm-np-ssoe-composer-02",
                            "https://www.googleapis.com/compute/v1/projects/vpc-equinix-cvs/regions/us-east4/subnetworks/sn-cvs-use4-digital-pbm-sdk-test-nodes",
                            "https://www.googleapis.com/compute/v1/projects/vpc-equinix-cvs/regions/us-east4/subnetworks/sn-cvs-us-east4-digtal-minuteclinic-test-psc",
                            "https://www.googleapis.com/compute/v1/projects/vpc-equinix-cvs/regions/us-west2/subnetworks/sn-cvs-usw2-caplab-dev-gcp-usw2-general-003",
                            "https://www.googleapis.com/compute/v1/projects/vpc-equinix-cvs/regions/us-west2/subnetworks/sn-cvs-usw2-dig-ohs-pt-vm",
                            "https://www.googleapis.com/compute/v1/projects/vpc-equinix-cvs/regions/us-east4/subnetworks/sn-cvs-use4-retail-dev-ad-logistics",
                            "https://www.googleapis.com/compute/v1/projects/vpc-equinix-cvs/regions/us-east4/subnetworks/sn-cvs-use4-dig-rx-dev-vpc",
                            "https://www.googleapis.com/compute/v1/projects/vpc-equinix-cvs/regions/us-east4/subnetworks/sn-cvs-us-east4-retail-preprod-omni-io-nodes",
                            "https://www.googleapis.com/compute/v1/projects/vpc-equinix-cvs/regions/us-east4/subnetworks/sn-cvs-us-east4-digital-dev-np-cred-security-vm",
                            "https://www.googleapis.com/compute/v1/projects/vpc-equinix-cvs/regions/us-east4/subnetworks/sn-cvs-use4-pbm-np-ssop-nodes",
                            "https://www.googleapis.com/compute/v1/projects/vpc-equinix-cvs/regions/us-west2/subnetworks/sn-cvs-usw2-dig-ste-gke-pt",
                            "https://www.googleapis.com/compute/v1/projects/vpc-equinix-cvs/regions/us-east4/subnetworks/sn-cvs-use4-dis-ss-dfe-dev-gkekafka",
                            "https://www.googleapis.com/compute/v1/projects/vpc-equinix-cvs/regions/us-east4/subnetworks/sn-cvs-use4-pcw-mor-non-prod-nodes",
                            "https://www.googleapis.com/compute/v1/projects/vpc-equinix-cvs/regions/us-east4/subnetworks/sn-cvs-use4-digital-strimzi-qa",
                            "https://www.googleapis.com/compute/v1/projects/vpc-equinix-cvs/regions/us-west2/subnetworks/sn-cvs-usw2-dig-msg-pt-gke",
                            "https://www.googleapis.com/compute/v1/projects/vpc-equinix-cvs/regions/us-west2/subnetworks/sn-cvs-us-west2-digital-dev-rx-nextgen-nodes",
                            "https://www.googleapis.com/compute/v1/projects/vpc-equinix-cvs/regions/us-east4/subnetworks/sn-cvs-use4-dig-msg-pt-gke",
                            "https://www.googleapis.com/compute/v1/projects/vpc-equinix-cvs/regions/us-east4/subnetworks/sn-cvs-use4-dig-ret-rx-gke-pt",
                            "https://www.googleapis.com/compute/v1/projects/vpc-equinix-cvs/regions/us-west2/subnetworks/sn-cvs-usw2-pbm-edw-poc-nodes",
                            "https://www.googleapis.com/compute/v1/projects/vpc-equinix-cvs/regions/us-east4/subnetworks/sn-cvs-use4-pbm-mac-lp-lab-ai",
                            "https://www.googleapis.com/compute/v1/projects/vpc-equinix-cvs/regions/us-west2/subnetworks/sn-cvs-usw2-dig-avs-gke-pt",
                            "https://www.googleapis.com/compute/v1/projects/vpc-equinix-cvs/regions/us-east4/subnetworks/sn-cvs-use4-cloudeng-interhub-np",
                            "https://www.googleapis.com/compute/v1/projects/vpc-equinix-cvs/regions/us-east4/subnetworks/sn-cvs-use4-specialty-nonprod2",
                            "https://www.googleapis.com/compute/v1/projects/vpc-equinix-cvs/regions/us-east4/subnetworks/sn-cvs-use4-digital-mfe-qa-gke",
                            "https://www.googleapis.com/compute/v1/projects/vpc-equinix-cvs/regions/us-east4/subnetworks/sn-cvs-use4-dig-pbm-rx-dev-nodes",
                            "https://www.googleapis.com/compute/v1/projects/vpc-equinix-cvs/regions/us-east4/subnetworks/sn-cvs-us-east4-digital-dev-passkey-security-nodes",
                            "https://www.googleapis.com/compute/v1/projects/vpc-equinix-cvs/regions/us-east4/subnetworks/sn-cvs-us-east4-hcb-nonprod-mer-fileexchange-vms-01",
                            "https://www.googleapis.com/compute/v1/projects/vpc-equinix-cvs/regions/us-east4/subnetworks/sn-cvs-use4-pcw-dev-dxp-nodes",
                            "https://www.googleapis.com/compute/v1/projects/vpc-equinix-cvs/regions/us-east4/subnetworks/sn-cvs-use4-cap-dev-gcp-useast4-topics-001",
                            "https://www.googleapis.com/compute/v1/projects/vpc-equinix-cvs/regions/us-west2/subnetworks/sn-cvs-usw2-dig-ret-rx-gke-pt",
                            "https://www.googleapis.com/compute/v1/projects/vpc-equinix-cvs/regions/us-east4/subnetworks/sn-cvs-use4-dig-hss-mongodb-nodes-01",
                            "https://www.googleapis.com/compute/v1/projects/vpc-equinix-cvs/regions/us-east4/subnetworks/sn-cvs-use4-dig-ertl-qa-vm-1",
                            "https://www.googleapis.com/compute/v1/projects/vpc-equinix-cvs/regions/us-east4/subnetworks/sn-cvs-us-east4-digital-pt-rx-nextgen-dataflow",
                            "https://www.googleapis.com/compute/v1/projects/vpc-equinix-cvs/regions/us-east4/subnetworks/sn-cvs-use4-pbm-mac-lp-lab-dataproc",
                            "https://www.googleapis.com/compute/v1/projects/vpc-equinix-cvs/regions/us-east4/subnetworks/sn-cvs-use4-dis-ss-qa2-gkekafka",
                            "https://www.googleapis.com/compute/v1/projects/vpc-equinix-cvs/regions/us-east4/subnetworks/sn-cvs-us-east4-ets-nonprod-epa-node",
                            "https://www.googleapis.com/compute/v1/projects/vpc-equinix-cvs/regions/us-west2/subnetworks/sn-cvs-usw2-lb-proxy-only-global-np",
                            "https://www.googleapis.com/compute/v1/projects/vpc-equinix-cvs/regions/us-east4/subnetworks/sn-cvs-use4-digital-mfe-qa-vm-02",
                            "https://www.googleapis.com/compute/v1/projects/vpc-equinix-cvs/regions/us-east4/subnetworks/sn-cvs-use4-innovation-lab",
                            "https://www.googleapis.com/compute/v1/projects/vpc-equinix-cvs/regions/us-east4/subnetworks/sn-cvs-use4-dig-pharmacy-connect-qa",
                            "https://www.googleapis.com/compute/v1/projects/vpc-equinix-cvs/regions/us-east4/subnetworks/sn-cvs-use4-dig-dfp-np",
                            "https://www.googleapis.com/compute/v1/projects/vpc-equinix-cvs/regions/us-east4/subnetworks/sn-cvs-us-east4-pcw-poc-rxmod-ai-poc-vertex-01",
                            "https://www.googleapis.com/compute/v1/projects/vpc-equinix-cvs/regions/us-east4/subnetworks/sn-cvs-use4-dig-ertl-gke-pt-nodes",
                            "https://www.googleapis.com/compute/v1/projects/vpc-equinix-cvs/regions/us-east1/subnetworks/sn-priv-use1-dig-msg-lab-dialogflow-test",
                            "https://www.googleapis.com/compute/v1/projects/vpc-equinix-cvs/regions/us-east4/subnetworks/sn-cvs-us-east4-digital-retail-rx-qa-composer",
                            "https://www.googleapis.com/compute/v1/projects/vpc-equinix-cvs/regions/us-east4/subnetworks/sn-cvs-use4-digital-pbm-rx-qa-pbm-sit-new-psc",
                            "https://www.googleapis.com/compute/v1/projects/vpc-equinix-cvs/regions/us-east4/subnetworks/sn-cvs-use4-dig-apigee-istio-dev-nodes",
                            "https://www.googleapis.com/compute/v1/projects/vpc-equinix-cvs/regions/us-east4/subnetworks/sn-cvs-use4-digital-pbm-rx-sit-dataflow",
                            "https://www.googleapis.com/compute/v1/projects/vpc-equinix-cvs/regions/us-east4/subnetworks/sn-cvs-use4-cvshlt-wlt-dev-nodes",
                            "https://www.googleapis.com/compute/v1/projects/vpc-equinix-cvs/regions/us-east4/subnetworks/sn-cvs-use4-dataglobe-nonprod",
                            "https://www.googleapis.com/compute/v1/projects/vpc-equinix-cvs/regions/us-east4/subnetworks/sn-cvs-use4-dig-poc-connect-np",
                            "https://www.googleapis.com/compute/v1/projects/vpc-equinix-cvs/regions/us-east4/subnetworks/sn-cvs-us-east4-digital-dev-rx-nextgen-mig",
                            "https://www.googleapis.com/compute/v1/projects/vpc-equinix-cvs/regions/us-east4/subnetworks/sn-cvs-use4-ret-ere-dev-vm",
                            "https://www.googleapis.com/compute/v1/projects/vpc-equinix-cvs/regions/us-east4/subnetworks/sn-cvs-use4-digital-attain-conn-np-dev",
                            "https://www.googleapis.com/compute/v1/projects/vpc-equinix-cvs/regions/us-east4/subnetworks/sn-cvs-use4-digital-ecomretail-np-psc",
                            "https://www.googleapis.com/compute/v1/projects/vpc-equinix-cvs/regions/us-east4/subnetworks/sn-cvs-use4-retail-nonprod-omni-lgs-vm",
                            "https://www.googleapis.com/compute/v1/projects/vpc-equinix-cvs/regions/us-east4/subnetworks/sn-cvs-us-east4-digital-dev-payments-nodes",
                            "https://www.googleapis.com/compute/v1/projects/vpc-equinix-cvs/regions/us-central1/subnetworks/sn-cvs-usc1-dig-account-db-dev",
                            "https://www.googleapis.com/compute/v1/projects/vpc-equinix-cvs/regions/us-east4/subnetworks/sn-cvs-use4-dig-specialty-rx-qa-services",
                            "https://www.googleapis.com/compute/v1/projects/vpc-equinix-cvs/regions/us-east4/subnetworks/sn-cvs-use4-dig-retail-connect-pt",
                            "https://www.googleapis.com/compute/v1/projects/vpc-equinix-cvs/regions/us-east4/subnetworks/sn-cvs-use4-dg-observability-dev",
                            "https://www.googleapis.com/compute/v1/projects/vpc-equinix-cvs/regions/us-east4/subnetworks/sn-cvs-use4-digital-ecomretail-qa-psc",
                            "https://www.googleapis.com/compute/v1/projects/vpc-equinix-cvs/regions/us-east4/subnetworks/sn-cvs-use4-rtl-payerag-dev-1",
                            "https://www.googleapis.com/compute/v1/projects/vpc-equinix-cvs/regions/us-east4/subnetworks/sn-cvs-nb-use4-dig-msg-gke-lab",
                            "https://www.googleapis.com/compute/v1/projects/vpc-equinix-cvs/regions/us-east4/subnetworks/sn-cvs-use4-dig-account-gke-dev-nodes",
                            "https://www.googleapis.com/compute/v1/projects/vpc-equinix-cvs/regions/us-east4/subnetworks/sn-cvs-use4-dig-evpc-gke-test-nodes",
                            "https://www.googleapis.com/compute/v1/projects/vpc-equinix-cvs/regions/us-east4/subnetworks/sn-cvs-us-east4-digital-pt-rx-nextgen-composer-01",
                            "https://www.googleapis.com/compute/v1/projects/vpc-equinix-cvs/regions/us-west2/subnetworks/sn-cvs-usw2-dig-hss-mongodb-nodes",
                            "https://www.googleapis.com/compute/v1/projects/vpc-equinix-cvs/regions/us-east4/subnetworks/sn-cvs-use4-zia-nonprod-1",
                            "https://www.googleapis.com/compute/v1/projects/vpc-equinix-cvs/regions/us-east4/subnetworks/sn-cvs-use4-dig-msg-vpcconn-pt-1",
                            "https://www.googleapis.com/compute/v1/projects/vpc-equinix-cvs/regions/us-east4/subnetworks/sn-cvs-use4-caplab-dev-gcp-use4-topics",
                            "https://www.googleapis.com/compute/v1/projects/vpc-equinix-cvs/regions/us-east4/subnetworks/sn-cvs-us-east4-retail-nonprod-tools-omni-io-vms",
                            "https://www.googleapis.com/compute/v1/projects/vpc-equinix-cvs/regions/us-east4/subnetworks/sn-cvs-use4-dig-ss-rx-pt-vpc",
                            "https://www.googleapis.com/compute/v1/projects/vpc-equinix-cvs/regions/us-west2/subnetworks/sn-cvs-usw2-dig-spec-rx-cq-iris-pt-dr-arb",
                            "https://www.googleapis.com/compute/v1/projects/vpc-equinix-cvs/regions/us-east4/subnetworks/sn-cvs-use4-dig-ertl-qa-vm",
                            "https://www.googleapis.com/compute/v1/projects/vpc-equinix-cvs/regions/us-east4/subnetworks/sn-cvs-use4-dig-specialty-rx-dev-vc",
                            "https://www.googleapis.com/compute/v1/projects/vpc-equinix-cvs/regions/us-east4/subnetworks/sn-cvs-use4-dig-dfp-gke-dev3",
                            "https://www.googleapis.com/compute/v1/projects/vpc-equinix-cvs/regions/us-east4/subnetworks/sn-cvs-us-east4-pbm-np-ssoe-qa-composer",
                            "https://www.googleapis.com/compute/v1/projects/vpc-equinix-cvs/regions/us-west2/subnetworks/sn-cvs-usw2-digital-unicorn-west-psc",
                            "https://www.googleapis.com/compute/v1/projects/vpc-equinix-cvs/regions/us-east4/subnetworks/sn-cvs-nb-use4-dig-ret-rx-gke-dev",
                            "https://www.googleapis.com/compute/v1/projects/vpc-equinix-cvs/regions/us-east4/subnetworks/sn-cvs-use4-dig-eligibility-gke-qa-node",
                            "https://www.googleapis.com/compute/v1/projects/vpc-equinix-cvs/regions/us-east4/subnetworks/sn-cvs-use4-cvs-ent-snd-qa-vm",
                            "https://www.googleapis.com/compute/v1/projects/vpc-equinix-cvs/regions/us-east4/subnetworks/sn-cvs-use4-dig-spl-rx-dev-dp",
                            "https://www.googleapis.com/compute/v1/projects/vpc-equinix-cvs/regions/us-east4/subnetworks/sn-cvs-use4-ab-pharmacy-dev-spclty-opt-ai-poc",
                            "https://www.googleapis.com/compute/v1/projects/vpc-equinix-cvs/regions/us-east4/subnetworks/sn-cvs-use4-dig-msg-gke-qa",
                            "https://www.googleapis.com/compute/v1/projects/vpc-equinix-cvs/regions/us-east4/subnetworks/sn-cvs-use4-pbm-dev-rebates-dataproc",
                            "https://www.googleapis.com/compute/v1/projects/vpc-equinix-cvs/regions/us-east4/subnetworks/sn-cvs-use4-digital-rx-sre-qa-nodes",
                            "https://www.googleapis.com/compute/v1/projects/vpc-equinix-cvs/regions/us-east4/subnetworks/sn-cvs-use4-dig-retail-connect-qa",
                            "https://www.googleapis.com/compute/v1/projects/vpc-equinix-cvs/regions/us-east4/subnetworks/sn-cvs-use4-digital-pbm-rx-pt-vm-01",
                            "https://www.googleapis.com/compute/v1/projects/vpc-equinix-cvs/regions/us-east4/subnetworks/sn-vc-cvs-use4-vpcconn-nonprod-1",
                            "https://www.googleapis.com/compute/v1/projects/vpc-equinix-cvs/regions/us-east4/subnetworks/sn-cvs-use4-digital-av-scan-qa-psc",
                            "https://www.googleapis.com/compute/v1/projects/vpc-equinix-cvs/regions/us-east4/subnetworks/sn-cvs-use4-lb-proxy-only-global-np",
                            "https://www.googleapis.com/compute/v1/projects/vpc-equinix-cvs/regions/us-east4/subnetworks/sn-cvs-use4-dig-pharmacy-connect-np",
                            "https://www.googleapis.com/compute/v1/projects/vpc-equinix-cvs/regions/us-west2/subnetworks/sn-cvs-usw2-pcw-dev-specialty-sprx-psc",
                            "https://www.googleapis.com/compute/v1/projects/vpc-equinix-cvs/regions/us-east4/subnetworks/sn-cvs-use4-dig-ertl-dev-vm",
                            "https://www.googleapis.com/compute/v1/projects/vpc-equinix-cvs/regions/us-west2/subnetworks/sn-cvs-usw2-dig-ertl-pt-vm",
                            "https://www.googleapis.com/compute/v1/projects/vpc-equinix-cvs/regions/us-east4/subnetworks/sn-cvs-us-east4-digital-dev-iot-nodes",
                            "https://www.googleapis.com/compute/v1/projects/vpc-equinix-cvs/regions/us-east4/subnetworks/sn-cvs-use4-digital-retail-rx-np-psc",
                            "https://www.googleapis.com/compute/v1/projects/vpc-equinix-cvs/regions/us-east4/subnetworks/sn-cvs-use4-dig-ret-rx-vpcconn-qa-1",
                            "https://www.googleapis.com/compute/v1/projects/vpc-equinix-cvs/regions/us-east4/subnetworks/sn-cvs-use4-digital-dev-docs-rx",
                            "https://www.googleapis.com/compute/v1/projects/vpc-equinix-cvs/regions/us-east4/subnetworks/sn-cvs-use4-smrt-cmp-dev",
                            "https://www.googleapis.com/compute/v1/projects/vpc-equinix-cvs/regions/us-east4/subnetworks/sn-cvs-use4-digital-mfe-qa-vm",
                            "https://www.googleapis.com/compute/v1/projects/vpc-equinix-cvs/regions/us-west2/subnetworks/sn-cvs-usw2-caplab-nonprod-gcp-usw2-general-001",
                            "https://www.googleapis.com/compute/v1/projects/vpc-equinix-cvs/regions/us-east4/subnetworks/sn-cvs-use4-dig-spec-rx-cq-iris-qa-arb",
                            "https://www.googleapis.com/compute/v1/projects/vpc-equinix-cvs/regions/us-east4/subnetworks/sn-cvs-use4-cap-dev-gcp-useast4-general-002",
                            "https://www.googleapis.com/compute/v1/projects/vpc-equinix-cvs/regions/us-east4/subnetworks/sn-cvs-us-east4-pbm-nonprod-zdp-nodes",
                            "https://www.googleapis.com/compute/v1/projects/vpc-equinix-cvs/regions/us-east4/subnetworks/sn-cvs-use4-gke-devex-qa-nodes",
                            "https://www.googleapis.com/compute/v1/projects/vpc-equinix-cvs/regions/us-east4/subnetworks/sn-cvs-use4-pcw-qa-pharmacy-docai-gke-nodes",
                            "https://www.googleapis.com/compute/v1/projects/vpc-equinix-cvs/regions/us-east4/subnetworks/sn-cvs-use4-pbm-epa-psot-vpcconn-dev",
                            "https://www.googleapis.com/compute/v1/projects/vpc-equinix-cvs/regions/us-east4/subnetworks/sn-cvs-use4-dig-biometric-connect-dev",
                            "https://www.googleapis.com/compute/v1/projects/vpc-equinix-cvs/regions/us-east4/subnetworks/gke-us-east4-gms-lab-cpsr-v6-590b4a48-gke-93679d69-pe-subnet",
                            "https://www.googleapis.com/compute/v1/projects/vpc-equinix-cvs/regions/us-west2/subnetworks/sn-cvs-usw2-dig-ret-rx-vpcconn-pt-1",
                            "https://www.googleapis.com/compute/v1/projects/vpc-equinix-cvs/regions/us-east4/subnetworks/sn-use4-f5client",
                            "https://www.googleapis.com/compute/v1/projects/vpc-equinix-cvs/regions/us-east4/subnetworks/sn-cvs-use4-digital-vault-nprod",
                            "https://www.googleapis.com/compute/v1/projects/vpc-equinix-cvs/regions/us-east4/subnetworks/sn-cvs-use4-pbm-dev-rebates-gke",
                            "https://www.googleapis.com/compute/v1/projects/vpc-equinix-cvs/regions/us-west2/subnetworks/sn-cvs-usw2-dig-ohs-gke-pt",
                            "https://www.googleapis.com/compute/v1/projects/vpc-equinix-cvs/regions/us-east4/subnetworks/sn-cvs-use4-digital-messaging-pt-msg-psc",
                            "https://www.googleapis.com/compute/v1/projects/vpc-equinix-cvs/regions/us-west2/subnetworks/sn-cvs-usw2-rancher-vm-nodes",
                            "https://www.googleapis.com/compute/v1/projects/vpc-equinix-cvs/regions/us-east4/subnetworks/sn-cvs-us-east4-pbm-np-ssoe-psc",
                            "https://www.googleapis.com/compute/v1/projects/vpc-equinix-cvs/regions/us-east4/subnetworks/sn-use4-fw",
                            "https://www.googleapis.com/compute/v1/projects/vpc-equinix-cvs/regions/us-east4/subnetworks/sn-cvs-use4-hcb-dev-cie-vm",
                            "https://www.googleapis.com/compute/v1/projects/vpc-equinix-cvs/regions/us-east4/subnetworks/sn-cvs-us-east4-digital-msg-qa-psc",
                            "https://www.googleapis.com/compute/v1/projects/vpc-equinix-cvs/regions/us-east4/subnetworks/sn-cvs-use4-cloudeng-vm-np",
                            "https://www.googleapis.com/compute/v1/projects/vpc-equinix-cvs/regions/us-west2/subnetworks/sn-cvs-west2-pbm-epa-sandbox",
                            "https://www.googleapis.com/compute/v1/projects/vpc-equinix-cvs/regions/us-west2/subnetworks/sn-vc-cvs-usw2-vpcconn-nonprod-0",
                            "https://www.googleapis.com/compute/v1/projects/vpc-equinix-cvs/regions/us-west2/subnetworks/sn-cvs-us-west2-dig-msg-dev-vm",
                            "https://www.googleapis.com/compute/v1/projects/vpc-equinix-cvs/regions/us-east4/subnetworks/sn-cvs-use4-digital-apigee-istio-np-psc",
                            "https://www.googleapis.com/compute/v1/projects/vpc-equinix-cvs/regions/us-east4/subnetworks/sn-cvs-use4-digital-qa-security-passkey-nodes",
                            "https://www.googleapis.com/compute/v1/projects/vpc-equinix-cvs/regions/us-east4/subnetworks/sn-cvs-us-east4-digital-dev-rx-nextgen-dataflow",
                            "https://www.googleapis.com/compute/v1/projects/vpc-equinix-cvs/regions/us-east4/subnetworks/sn-cvs-us-east4-ets-nonprod-epa-vms-01",
                            "https://www.googleapis.com/compute/v1/projects/vpc-equinix-cvs/regions/us-east4/subnetworks/sn-aa-use4-gke-oms-non-prod-node",
                            "https://www.googleapis.com/compute/v1/projects/vpc-equinix-cvs/regions/us-east4/subnetworks/sn-cvs-us-east4-hcb-nonprod-clearscreen-sql",
                            "https://www.googleapis.com/compute/v1/projects/vpc-equinix-cvs/regions/us-east4/subnetworks/sn-cvs-use4-digital-mfe-dev-vm",
                            "https://www.googleapis.com/compute/v1/projects/vpc-equinix-cvs/regions/us-east4/subnetworks/sn-cvs-use4-pbm-np-ssop-vms",
                            "https://www.googleapis.com/compute/v1/projects/vpc-equinix-cvs/regions/us-east4/subnetworks/sn-cvs-use4-digital-health4life-nonprod-h4l-np-psc",
                            "https://www.googleapis.com/compute/v1/projects/vpc-equinix-cvs/regions/us-east4/subnetworks/sn-cvs-us-east4-digital-dev-np-cred-security-nodes",
                            "https://www.googleapis.com/compute/v1/projects/vpc-equinix-cvs/regions/us-east4/subnetworks/sn-cvs-use4-digital-pbm-rx-qa-pbm-sit-ui-psc",
                            "https://www.googleapis.com/compute/v1/projects/vpc-equinix-cvs/regions/us-east4/subnetworks/sn-cvs-use4-dig-apigee-dev-tools",
                            "https://www.googleapis.com/compute/v1/projects/vpc-equinix-cvs/regions/us-east4/subnetworks/sn-cvs-use4-dig-dfp-np-centel-nr",
                            "https://www.googleapis.com/compute/v1/projects/vpc-equinix-cvs/regions/us-east4/subnetworks/sn-cvs-use4-cloudeng-zscaler-np",
                            "https://www.googleapis.com/compute/v1/projects/vpc-equinix-cvs/regions/us-east4/subnetworks/sn-vc-cvs-use4-vpcconn-nonprod-0",
                            "https://www.googleapis.com/compute/v1/projects/vpc-equinix-cvs/regions/us-west2/subnetworks/sn-cvs-usw2-pcw-dev-specialty-sprx-nodes",
                            "https://www.googleapis.com/compute/v1/projects/vpc-equinix-cvs/regions/us-east4/subnetworks/sn-cvs-use4-digital-attain-conn-np-stg",
                            "https://www.googleapis.com/compute/v1/projects/vpc-equinix-cvs/regions/us-east4/subnetworks/sn-cvs-use4-pbm-epa-psot-nonprod",
                            "https://www.googleapis.com/compute/v1/projects/vpc-equinix-cvs/regions/us-east4/subnetworks/sn-cvs-use4-dig-dfp-vpcconn-dev-1",
                            "https://www.googleapis.com/compute/v1/projects/vpc-equinix-cvs/regions/us-east4/subnetworks/sn-cvs-us-east4-dataglobe-dev-vertex-01",
                            "https://www.googleapis.com/compute/v1/projects/vpc-equinix-cvs/regions/us-east4/subnetworks/sn-cvs-use4-digital-mfe-pt-vm-02",
                            "https://www.googleapis.com/compute/v1/projects/vpc-equinix-cvs/regions/us-east4/subnetworks/sn-cvs-us-east4-digital-pharmacy-connect-np-mongodb",
                            "https://www.googleapis.com/compute/v1/projects/vpc-equinix-cvs/regions/us-west2/subnetworks/sn-cvs-usw2-dig-tools-nonprod-1",
                            "https://www.googleapis.com/compute/v1/projects/vpc-equinix-cvs/regions/us-east4/subnetworks/sn-cvs-use4-dig-ohs-pt-vm",
                            "https://www.googleapis.com/compute/v1/projects/vpc-equinix-cvs/regions/us-east4/subnetworks/sn-cvs-use4-digital-messaging-dev-msg-psc",
                            "https://www.googleapis.com/compute/v1/projects/vpc-equinix-cvs/regions/us-east4/subnetworks/sn-cvs-use4-dig-spec-rx-cq-iris-pt",
                            "https://www.googleapis.com/compute/v1/projects/vpc-equinix-cvs/regions/us-west2/subnetworks/sn-usw2-f5client",
                            "https://www.googleapis.com/compute/v1/projects/vpc-equinix-cvs/regions/us-east4/subnetworks/sn-cvs-use4-cloudeng-test-10-117-0-0-16",
                            "https://www.googleapis.com/compute/v1/projects/vpc-equinix-cvs/regions/us-east4/subnetworks/sn-cvs-use4-dig-ss-rx-dev-vpc",
                            "https://www.googleapis.com/compute/v1/projects/vpc-equinix-cvs/regions/us-east4/subnetworks/sn-cvs-use4-dig-dev-devex-cse-vm-01",
                            "https://www.googleapis.com/compute/v1/projects/vpc-equinix-cvs/regions/us-east4/subnetworks/sn-cvs-use4-css-test-cloud-sec-engg-vm",
                            "https://www.googleapis.com/compute/v1/projects/vpc-equinix-cvs/regions/us-west2/subnetworks/sn-cvs-usw2-ftd-nonprod-inside-1",
                            "https://www.googleapis.com/compute/v1/projects/vpc-equinix-cvs/regions/us-east4/subnetworks/sn-cvs-use4-vpcconn-zscaler-nonprod-1",
                            "https://www.googleapis.com/compute/v1/projects/vpc-equinix-cvs/regions/us-east4/subnetworks/sn-cvs-use4-digital-retail-rx-qa-nodes",
                            "https://www.googleapis.com/compute/v1/projects/vpc-equinix-cvs/regions/us-east4/subnetworks/sn-cvs-use4-pbm-mcdh-poc",
                            "https://www.googleapis.com/compute/v1/projects/vpc-equinix-cvs/regions/us-east4/subnetworks/sn-cvs-use4-dig-ret-rx-pt",
                            "https://www.googleapis.com/compute/v1/projects/vpc-equinix-cvs/regions/us-east4/subnetworks/aet-useast4-conn--cvs--use4--hub--np--1-sbnt",
                            "https://www.googleapis.com/compute/v1/projects/vpc-equinix-cvs/regions/us-east4/subnetworks/sn-cvs-use4-dig-ret-rx-ice-pt-gke",
                            "https://www.googleapis.com/compute/v1/projects/vpc-equinix-cvs/regions/us-east4/subnetworks/sn-cvs-use4-digital-pcw-nonprod-sec-vm",
                            "https://www.googleapis.com/compute/v1/projects/vpc-equinix-cvs/regions/us-east4/subnetworks/sn-cvs-us-east4-digital-qa-rx-nextgen-dataflow",
                            "https://www.googleapis.com/compute/v1/projects/vpc-equinix-cvs/regions/us-east4/subnetworks/sn-aa-us-east4-digital-vault-non-prod-nodes",
                            "https://www.googleapis.com/compute/v1/projects/vpc-equinix-cvs/regions/us-west2/subnetworks/sn-cvs-usw2-vpc-connector-nonprod-1",
                            "https://www.googleapis.com/compute/v1/projects/vpc-equinix-cvs/regions/us-west2/subnetworks/sn-cvs-usw2-dig-spec-rx-cq-iris-pt-dr",
                            "https://www.googleapis.com/compute/v1/projects/vpc-equinix-cvs/regions/us-west2/subnetworks/sn-cvs-usw2-dig-health4life-np-psc",
                            "https://www.googleapis.com/compute/v1/projects/vpc-equinix-cvs/regions/us-east4/subnetworks/sn-cvs-use4-ftd-nonprod",
                            "https://www.googleapis.com/compute/v1/projects/vpc-equinix-cvs/regions/us-east4/subnetworks/sn-cvs-use4-digital-dfp-qa-vms",
                            "https://www.googleapis.com/compute/v1/projects/vpc-equinix-cvs/regions/us-east4/subnetworks/sn-cvs-use4-dig-spec-rx-cq-iris-pt-arb",
                            "https://www.googleapis.com/compute/v1/projects/vpc-equinix-cvs/regions/us-east4/subnetworks/sn-cvs-us-east4-digital-dev-security-rba-mstr",
                            "https://www.googleapis.com/compute/v1/projects/vpc-equinix-cvs/regions/us-east4/subnetworks/sn-cvs-us-east4-pharmacy-qa-accounts-dataflow",
                            "https://www.googleapis.com/compute/v1/projects/vpc-equinix-cvs/regions/us-east4/subnetworks/sn-cvs-use4-dig-retail-rx-df-dev",
                            "https://www.googleapis.com/compute/v1/projects/vpc-equinix-cvs/regions/us-east4/subnetworks/sn-cvs-use4-vpc-connector-nonprod-2",
                            "https://www.googleapis.com/compute/v1/projects/vpc-equinix-cvs/regions/us-east4/subnetworks/sn-cvs-use4-dataglobe-qa-vpcconn",
                            "https://www.googleapis.com/compute/v1/projects/vpc-equinix-cvs/regions/us-east4/subnetworks/sn-cvs-use4-mfe-pt-vm",
                            "https://www.googleapis.com/compute/v1/projects/vpc-equinix-cvs/regions/us-east4/subnetworks/sn-cvs-use4-digital-av-scan-pt-psc",
                            "https://www.googleapis.com/compute/v1/projects/vpc-equinix-cvs/regions/us-west2/subnetworks/sn-cvs-usw2-digital-mfe-pt-vm",
                            "https://www.googleapis.com/compute/v1/projects/vpc-equinix-cvs/regions/us-east4/subnetworks/sn-cvs-use4-digital-retail-rx-pt-imz-psc",
                            "https://www.googleapis.com/compute/v1/projects/vpc-equinix-cvs/regions/us-east4/subnetworks/sn-cvs-us-east4-pharmacy-pt-accounts-dataflow",
                            "https://www.googleapis.com/compute/v1/projects/vpc-equinix-cvs/regions/us-west2/subnetworks/sn-cvs-usw2-cloudeng-zscaler-prod",
                            "https://www.googleapis.com/compute/v1/projects/vpc-equinix-cvs/regions/us-east4/subnetworks/sn-cvs-use4-digital-pbm-rx-dev-pbm-ui-psc",
                            "https://www.googleapis.com/compute/v1/projects/vpc-equinix-cvs/regions/us-west2/subnetworks/sn-cvs-usw2-cloudeng-zscaler-np",
                            "https://www.googleapis.com/compute/v1/projects/vpc-equinix-cvs/regions/us-east4/subnetworks/sn-cvs-use4-dig-specialty-rx-pt-services",
                            "https://www.googleapis.com/compute/v1/projects/vpc-equinix-cvs/regions/us-east4/subnetworks/sn-cvs-us-east4-pharmacy-qa-accounts-psc"
                          ]
                        },
                        "sensitive_values": {
                          "subnetworks_self_links": [
                            false,
                            false,
                            false,
                            false,
                            false,
                            false,
                            false,
                            false,
                            false,
                            false,
                            false,
                            false,
                            false,
                            false,
                            false,
                            false,
                            false,
                            false,
                            false,
                            false,
                            false,
                            false,
                            false,
                            false,
                            false,
                            false,
                            false,
                            false,
                            false,
                            false,
                            false,
                            false,
                            false,
                            false,
                            false,
                            false,
                            false,
                            false,
                            false,
                            false,
                            false,
                            false,
                            false,
                            false,
                            false,
                            false,
                            false,
                            false,
                            false,
                            false,
                            false,
                            false,
                            false,
                            false,
                            false,
                            false,
                            false,
                            false,
                            false,
                            false,
                            false,
                            false,
                            false,
                            false,
                            false,
                            false,
                            false,
                            false,
                            false,
                            false,
                            false,
                            false,
                            false,
                            false,
                            false,
                            false,
                            false,
                            false,
                            false,
                            false,
                            false,
                            false,
                            false,
                            false,
                            false,
                            false,
                            false,
                            false,
                            false,
                            false,
                            false,
                            false,
                            false,
                            false,
                            false,
                            false,
                            false,
                            false,
                            false,
                            false,
                            false,
                            false,
                            false,
                            false,
                            false,
                            false,
                            false,
                            false,
                            false,
                            false,
                            false,
                            false,
                            false,
                            false,
                            false,
                            false,
                            false,
                            false,
                            false,
                            false,
                            false,
                            false,
                            false,
                            false,
                            false,
                            false,
                            false,
                            false,
                            false,
                            false,
                            false,
                            false,
                            false,
                            false,
                            false,
                            false,
                            false,
                            false,
                            false,
                            false,
                            false,
                            false,
                            false,
                            false,
                            false,
                            false,
                            false,
                            false,
                            false,
                            false,
                            false,
                            false,
                            false,
                            false,
                            false,
                            false,
                            false,
                            false,
                            false,
                            false,
                            false,
                            false,
                            false,
                            false,
                            false,
                            false,
                            false,
                            false,
                            false,
                            false,
                            false,
                            false,
                            false,
                            false,
                            false,
                            false,
                            false,
                            false,
                            false,
                            false,
                            false,
                            false,
                            false,
                            false,
                            false,
                            false,
                            false,
                            false,
                            false,
                            false,
                            false,
                            false,
                            false,
                            false,
                            false,
                            false,
                            false,
                            false,
                            false,
                            false,
                            false,
                            false,
                            false,
                            false,
                            false,
                            false,
                            false,
                            false,
                            false,
                            false,
                            false,
                            false,
                            false,
                            false,
                            false,
                            false,
                            false,
                            false,
                            false,
                            false,
                            false,
                            false,
                            false,
                            false,
                            false,
                            false,
                            false,
                            false,
                            false,
                            false,
                            false,
                            false,
                            false,
                            false,
                            false,
                            false,
                            false,
                            false,
                            false,
                            false,
                            false,
                            false,
                            false,
                            false,
                            false,
                            false,
                            false,
                            false,
                            false,
                            false,
                            false,
                            false,
                            false,
                            false,
                            false,
                            false,
                            false,
                            false,
                            false,
                            false,
                            false,
                            false,
                            false,
                            false,
                            false,
                            false,
                            false,
                            false,
                            false,
                            false,
                            false,
                            false,
                            false,
                            false,
                            false,
                            false,
                            false,
                            false,
                            false,
                            false,
                            false,
                            false,
                            false,
                            false,
                            false,
                            false,
                            false,
                            false,
                            false,
                            false,
                            false,
                            false,
                            false,
                            false,
                            false,
                            false,
                            false,
                            false,
                            false,
                            false,
                            false,
                            false,
                            false,
                            false,
                            false,
                            false,
                            false,
                            false,
                            false,
                            false,
                            false,
                            false,
                            false,
                            false,
                            false,
                            false,
                            false,
                            false,
                            false,
                            false,
                            false,
                            false,
                            false,
                            false,
                            false,
                            false,
                            false,
                            false,
                            false,
                            false,
                            false,
                            false,
                            false,
                            false,
                            false,
                            false,
                            false,
                            false,
                            false,
                            false,
                            false,
                            false,
                            false,
                            false,
                            false,
                            false,
                            false,
                            false,
                            false,
                            false,
                            false,
                            false,
                            false,
                            false,
                            false,
                            false,
                            false,
                            false,
                            false,
                            false,
                            false,
                            false,
                            false,
                            false,
                            false,
                            false,
                            false,
                            false,
                            false,
                            false,
                            false,
                            false,
                            false,
                            false,
                            false,
                            false,
                            false,
                            false,
                            false,
                            false,
                            false,
                            false,
                            false,
                            false,
                            false,
                            false,
                            false,
                            false,
                            false,
                            false,
                            false,
                            false,
                            false,
                            false,
                            false,
                            false,
                            false,
                            false,
                            false,
                            false,
                            false,
                            false,
                            false,
                            false,
                            false,
                            false,
                            false,
                            false,
                            false,
                            false,
                            false,
                            false,
                            false,
                            false,
                            false,
                            false,
                            false,
                            false,
                            false,
                            false,
                            false,
                            false,
                            false,
                            false,
                            false,
                            false,
                            false,
                            false,
                            false,
                            false,
                            false,
                            false,
                            false,
                            false,
                            false,
                            false,
                            false,
                            false,
                            false,
                            false,
                            false,
                            false,
                            false,
                            false,
                            false,
                            false,
                            false,
                            false,
                            false,
                            false,
                            false,
                            false,
                            false,
                            false,
                            false,
                            false,
                            false,
                            false,
                            false,
                            false,
                            false,
                            false,
                            false,
                            false,
                            false,
                            false,
                            false,
                            false,
                            false,
                            false,
                            false,
                            false,
                            false
                          ]
                        }
                      },
                      {
                        "address": "module.taxi-spt-rhel9-uu6xyetmagp.module.validations.module.network[0].data.google_compute_subnetwork.compute_subnetwork[0]",
                        "mode": "data",
                        "type": "google_compute_subnetwork",
                        "name": "compute_subnetwork",
                        "index": 0,
                        "provider_name": "registry.terraform.io/hashicorp/google",
                        "schema_version": 0,
                        "values": {
                          "description": "",
                          "external_ipv6_prefix": "",
                          "gateway_address": "10.117.87.161",
                          "id": "projects/vpc-equinix-cvs/regions/us-east4/subnetworks/sn-cvs-use4-corp-dev-broc-eqx-vpc-testing",
                          "internal_ipv6_prefix": "",
                          "ip_cidr_range": "10.117.87.160/27",
                          "ipv6_access_type": "",
                          "name": "sn-cvs-use4-corp-dev-broc-eqx-vpc-testing",
                          "network": "https://www.googleapis.com/compute/v1/projects/vpc-equinix-cvs/global/networks/vpc-cvs-hub-nonprod-1",
                          "private_ip_google_access": true,
                          "project": "vpc-equinix-cvs",
                          "region": "us-east4",
                          "secondary_ip_range": [
                            {
                              "ip_cidr_range": "100.64.2.128/26",
                              "range_name": "sn-cvs-use4-corp-dev-broc-eqx-vpc-testing-svcs"
                            },
                            {
                              "ip_cidr_range": "100.64.74.0/23",
                              "range_name": "sn-cvs-use4-corp-dev-broc-eqx-vpc-testing-pods"
                            }
                          ],
                          "self_link": "https://www.googleapis.com/compute/v1/projects/vpc-equinix-cvs/regions/us-east4/subnetworks/sn-cvs-use4-corp-dev-broc-eqx-vpc-testing",
                          "stack_type": "IPV4_ONLY",
                          "subnetwork_id": 7641725495419945252
                        },
                        "sensitive_values": {
                          "secondary_ip_range": [
                            {},
                            {}
                          ]
                        }
                      }
                    ],
                    "address": "module.taxi-spt-rhel9-uu6xyetmagp.module.validations.module.network[0]"
                  },
                  {
                    "resources": [
                      {
                        "address": "module.taxi-spt-rhel9-uu6xyetmagp.module.validations.module.project[0].data.google_project.project",
                        "mode": "data",
                        "type": "google_project",
                        "name": "project",
                        "provider_name": "registry.terraform.io/hashicorp/google",
                        "schema_version": 0,
                        "values": {
                          "auto_create_network": null,
                          "billing_account": "01A50B-BB4DEF-E3C31B",
                          "deletion_policy": "PREVENT",
                          "effective_labels": {
                            "applicationname": "broccoli-automation-framework",
                            "businessunit": "commercial",
                            "costcenter": "190320",
                            "cvsappid": "apm0015867",
                            "dataclassification": "confidential",
                            "edpcategory": "na",
                            "environmentsubtype": "dev",
                            "environmenttype": "nonprod",
                            "itpmid": "apm0015867",
                            "migration": "no",
                            "reportingsegment": "corporate_other",
                            "resourceowner": "sean_taylor_at_cvshealth_dot_com",
                            "responsible_svp": "alan_rosa",
                            "sharedemailaddress": "broccoli-automation_at_cvshealth_dot_com"
                          },
                          "folder_id": "364192934930",
                          "id": "projects/corp-dev-broc-eqx-vpc",
                          "labels": {
                            "applicationname": "broccoli-automation-framework",
                            "businessunit": "commercial",
                            "costcenter": "190320",
                            "cvsappid": "apm0015867",
                            "dataclassification": "confidential",
                            "edpcategory": "na",
                            "environmentsubtype": "dev",
                            "environmenttype": "nonprod",
                            "itpmid": "apm0015867",
                            "migration": "no",
                            "reportingsegment": "corporate_other",
                            "resourceowner": "sean_taylor_at_cvshealth_dot_com",
                            "responsible_svp": "alan_rosa",
                            "sharedemailaddress": "broccoli-automation_at_cvshealth_dot_com"
                          },
                          "name": "corp-dev-broc-eqx-vpc",
                          "number": "872123636668",
                          "org_id": "",
                          "project_id": "corp-dev-broc-eqx-vpc",
                          "tags": null,
                          "terraform_labels": {
                            "applicationname": "broccoli-automation-framework",
                            "businessunit": "commercial",
                            "costcenter": "190320",
                            "cvsappid": "apm0015867",
                            "dataclassification": "confidential",
                            "edpcategory": "na",
                            "environmentsubtype": "dev",
                            "environmenttype": "nonprod",
                            "itpmid": "apm0015867",
                            "migration": "no",
                            "reportingsegment": "corporate_other",
                            "resourceowner": "sean_taylor_at_cvshealth_dot_com",
                            "responsible_svp": "alan_rosa",
                            "sharedemailaddress": "broccoli-automation_at_cvshealth_dot_com"
                          }
                        },
                        "sensitive_values": {
                          "effective_labels": {},
                          "labels": {},
                          "terraform_labels": {}
                        }
                      }
                    ],
                    "address": "module.taxi-spt-rhel9-uu6xyetmagp.module.validations.module.project[0]"
                  }
                ]
              }
            ]
          }
        ]
      }
    }
  },
  "configuration": {
    "provider_config": {
      "module.taxi-spt-rhel9-uu6xyetmagp.module.utilities_env_vars:external": {
        "name": "external",
        "full_name": "registry.terraform.io/hashicorp/external",
        "module_address": "module.taxi-spt-rhel9-uu6xyetmagp.module.utilities_env_vars"
      },
      "module.taxi-spt-rhel9-uu6xyetmagp:google": {
        "name": "google",
        "full_name": "registry.terraform.io/hashicorp/google",
        "module_address": "module.taxi-spt-rhel9-uu6xyetmagp"
      },
      "module.taxi-spt-rhel9-uu6xyetmagp:random": {
        "name": "random",
        "full_name": "registry.terraform.io/hashicorp/random",
        "module_address": "module.taxi-spt-rhel9-uu6xyetmagp"
      }
    },
    "root_module": {
      "outputs": {
        "compute_instance_hostname": {
          "expression": {
            "references": [
              "module.taxi-spt-rhel9-uu6xyetmagp.compute_instance_hostname",
              "module.taxi-spt-rhel9-uu6xyetmagp"
            ]
          },
          "description": "Compute Instance Hostname"
        },
        "compute_instance_ip": {
          "expression": {
            "references": [
              "module.taxi-spt-rhel9-uu6xyetmagp.compute_instance_ip",
              "module.taxi-spt-rhel9-uu6xyetmagp"
            ]
          },
          "description": "Compute Instance Internal IP"
        },
        "compute_instance_line_of_business": {
          "expression": {
            "references": [
              "module.taxi-spt-rhel9-uu6xyetmagp.compute_instance_line_of_business",
              "module.taxi-spt-rhel9-uu6xyetmagp"
            ]
          },
          "description": "Line of Business designated"
        },
        "compute_instance_name": {
          "expression": {
            "references": [
              "module.taxi-spt-rhel9-uu6xyetmagp.compute_instance_name",
              "module.taxi-spt-rhel9-uu6xyetmagp"
            ]
          },
          "description": "Compute Instance Name"
        },
        "compute_instance_os_type": {
          "expression": {
            "references": [
              "module.taxi-spt-rhel9-uu6xyetmagp.compute_instance_os_type",
              "module.taxi-spt-rhel9-uu6xyetmagp"
            ]
          },
          "description": "Type of Operating System to be installed (linux or windows)"
        },
        "compute_instance_project_id": {
          "expression": {
            "references": [
              "module.taxi-spt-rhel9-uu6xyetmagp.compute_instance_project_id",
              "module.taxi-spt-rhel9-uu6xyetmagp"
            ]
          },
          "description": "The project ID where the compute resource is being created"
        },
        "compute_instance_tags": {
          "expression": {
            "references": [
              "module.taxi-spt-rhel9-uu6xyetmagp.compute_instance_tags",
              "module.taxi-spt-rhel9-uu6xyetmagp"
            ]
          },
          "description": "Networking tags assigned to the Compute Instance"
        },
        "compute_instance_zone": {
          "expression": {
            "references": [
              "module.taxi-spt-rhel9-uu6xyetmagp.compute_instance_zone",
              "module.taxi-spt-rhel9-uu6xyetmagp"
            ]
          },
          "description": "The zone that the machine should be created in"
        },
        "google_resource_id": {
          "expression": {
            "references": [
              "module.taxi-spt-rhel9-uu6xyetmagp.google_resource_id",
              "module.taxi-spt-rhel9-uu6xyetmagp"
            ]
          },
          "description": "The unique ID of the compute instance"
        },
        "is_secure_hub_vpc": {
          "expression": {
            "references": [
              "module.taxi-spt-rhel9-uu6xyetmagp.is_secure_hub_vpc",
              "module.taxi-spt-rhel9-uu6xyetmagp"
            ]
          },
          "description": "Boolean to determine if the VPC is Secure Hub VPC"
        }
      },
      "module_calls": {
        "taxi-spt-rhel9-uu6xyetmagp": {
          "source": "git::https://github.com/cvs-health-enterprise-code/taxi-tf-gcp-compute-instance?ref=v1",
          "expressions": {
            "additional_disks": {
              "references": [
                "var.additional_disks"
              ]
            },
            "allow_stopping_for_update": {
              "references": [
                "var.allow_stopping_for_update"
              ]
            },
            "boot_disk": {
              "references": [
                "var.boot_disk"
              ]
            },
            "description": {
              "references": [
                "var.description"
              ]
            },
            "instance_name": {
              "references": [
                "var.instance_name"
              ]
            },
            "labels": {
              "references": [
                "var.labels"
              ]
            },
            "line_of_business": {
              "references": [
                "var.line_of_business"
              ]
            },
            "machine_type": {
              "references": [
                "var.machine_type"
              ]
            },
            "members": {
              "references": [
                "var.members"
              ]
            },
            "metadata": {
              "references": [
                "var.metadata"
              ]
            },
            "network": {
              "references": [
                "var.network"
              ]
            },
            "network_ip": {
              "references": [
                "var.network_ip"
              ]
            },
            "network_project": {
              "references": [
                "var.network_project"
              ]
            },
            "os_type": {
              "references": [
                "var.os_type"
              ]
            },
            "project": {
              "references": [
                "var.project"
              ]
            },
            "service_account": {
              "references": [
                "var.service_account"
              ]
            },
            "subnet": {
              "references": [
                "var.subnet"
              ]
            },
            "tags": {
              "references": [
                "var.tags"
              ]
            },
            "zone": {
              "references": [
                "var.zone"
              ]
            }
          },
          "module": {
            "outputs": {
              "compute_instance_hostname": {
                "expression": {
                  "references": [
                    "local.hostname"
                  ]
                },
                "description": "Compute Instance Hostname"
              },
              "compute_instance_ip": {
                "expression": {
                  "references": [
                    "module.compute-instance.compute_instance_ip",
                    "module.compute-instance"
                  ]
                },
                "description": "Compute Instance Internal IP"
              },
              "compute_instance_line_of_business": {
                "expression": {
                  "references": [
                    "var.line_of_business"
                  ]
                },
                "description": "Line of Business designated"
              },
              "compute_instance_name": {
                "expression": {
                  "references": [
                    "module.compute-instance.compute_instance_name",
                    "module.compute-instance"
                  ]
                },
                "description": "Compute Instance Name"
              },
              "compute_instance_os_type": {
                "expression": {
                  "references": [
                    "var.os_type"
                  ]
                },
                "description": "Type of Operating System to be installed (linux or windows)"
              },
              "compute_instance_project_id": {
                "expression": {
                  "references": [
                    "var.project"
                  ]
                },
                "description": "The project ID where the compute resource is being created"
              },
              "compute_instance_tags": {
                "expression": {
                  "references": [
                    "module.compute-instance.compute_instance_tags",
                    "module.compute-instance"
                  ]
                },
                "description": "Networking tags assigned to the Compute Instance"
              },
              "compute_instance_zone": {
                "expression": {
                  "references": [
                    "var.zone"
                  ]
                },
                "description": "The zone that the machine should be created in"
              },
              "google_resource_id": {
                "expression": {
                  "references": [
                    "module.compute-instance.compute_instance_id",
                    "module.compute-instance"
                  ]
                },
                "description": "The unique ID of the compute instance"
              },
              "is_secure_hub_vpc": {
                "expression": {
                  "references": [
                    "local.is_secure_hub_vpc"
                  ]
                },
                "description": "Boolean to determine if the VPC is Secure Hub VPC"
              }
            },
            "resources": [
              {
                "address": "random_string.disk_suffix",
                "mode": "managed",
                "type": "random_string",
                "name": "disk_suffix",
                "provider_config_key": "module.taxi-spt-rhel9-uu6xyetmagp:random",
                "expressions": {
                  "length": {
                    "constant_value": 5
                  },
                  "special": {
                    "constant_value": false
                  },
                  "upper": {
                    "constant_value": false
                  }
                },
                "schema_version": 2
              }
            ],
            "module_calls": {
              "compute-disk": {
                "source": "./modules/compute_disk",
                "expressions": {
                  "description": {
                    "references": [
                      "local.compute_disk_description"
                    ]
                  },
                  "disk_name": {
                    "references": [
                      "each.value.disk_name",
                      "each.value"
                    ]
                  },
                  "guest_os_features": {
                    "references": [
                      "each.value.guest_os_features",
                      "each.value"
                    ]
                  },
                  "image": {
                    "references": [
                      "each.value.image",
                      "each.value"
                    ]
                  },
                  "kms_key_self_link": {
                    "references": [
                      "local.kms_key_self_link"
                    ]
                  },
                  "labels": {
                    "references": [
                      "each.value.labels",
                      "each.value"
                    ]
                  },
                  "licenses": {
                    "references": [
                      "each.value.licenses",
                      "each.value"
                    ]
                  },
                  "physical_block_size_bytes": {
                    "references": [
                      "each.value.physical_block_size_bytes",
                      "each.value"
                    ]
                  },
                  "project": {
                    "references": [
                      "var.project"
                    ]
                  },
                  "size": {
                    "references": [
                      "each.value.disk_size",
                      "each.value"
                    ]
                  },
                  "snapshot": {
                    "references": [
                      "each.value.snapshot",
                      "each.value"
                    ]
                  },
                  "type": {
                    "references": [
                      "each.value.disk_type",
                      "each.value"
                    ]
                  },
                  "zone": {
                    "references": [
                      "var.zone"
                    ]
                  }
                },
                "for_each_expression": {
                  "references": [
                    "local.additional_disks_config_map"
                  ]
                },
                "module": {
                  "outputs": {
                    "compute_disk_id": {
                      "expression": {
                        "references": [
                          "google_compute_disk.compute_disk.id",
                          "google_compute_disk.compute_disk"
                        ]
                      },
                      "description": "The ID of the compute disk"
                    }
                  },
                  "resources": [
                    {
                      "address": "google_compute_disk.compute_disk",
                      "mode": "managed",
                      "type": "google_compute_disk",
                      "name": "compute_disk",
                      "provider_config_key": "module.taxi-spt-rhel9-uu6xyetmagp:google",
                      "expressions": {
                        "create_snapshot_before_destroy": {
                          "references": [
                            "var.create_snapshot_before_destroy"
                          ]
                        },
                        "create_snapshot_before_destroy_prefix": {
                          "references": [
                            "local.final_snapshot_prefix"
                          ]
                        },
                        "description": {
                          "references": [
                            "var.description"
                          ]
                        },
                        "disk_encryption_key": [
                          {
                            "kms_key_self_link": {
                              "references": [
                                "var.kms_key_self_link"
                              ]
                            }
                          }
                        ],
                        "image": {
                          "references": [
                            "var.image"
                          ]
                        },
                        "labels": {
                          "references": [
                            "var.labels"
                          ]
                        },
                        "licenses": {
                          "references": [
                            "var.licenses"
                          ]
                        },
                        "name": {
                          "references": [
                            "var.disk_name"
                          ]
                        },
                        "physical_block_size_bytes": {
                          "references": [
                            "var.physical_block_size_bytes"
                          ]
                        },
                        "project": {
                          "references": [
                            "var.project"
                          ]
                        },
                        "size": {
                          "references": [
                            "var.size"
                          ]
                        },
                        "snapshot": {
                          "references": [
                            "var.snapshot"
                          ]
                        },
                        "type": {
                          "references": [
                            "var.type"
                          ]
                        },
                        "zone": {
                          "references": [
                            "var.zone"
                          ]
                        }
                      },
                      "schema_version": 0
                    }
                  ],
                  "variables": {
                    "create_snapshot_before_destroy": {
                      "default": true,
                      "description": "Whether a final snapshot should be created before the disk is destroyed."
                    },
                    "description": {
                      "description": "An optional description of this resource"
                    },
                    "disk_name": {
                      "description": "Name of the resource"
                    },
                    "guest_os_features": {
                      "description": "A list of features to enable on the guest operating system. Applicable only for bootable disks."
                    },
                    "image": {
                      "description": "The image from which to initialize this disk. This can be one of: the image's self_link, projects/{project}/global/images/{image}, projects/{project}/global/images/family/{family}, global/images/{image}, global/images/family/{family}, family/{family}, {project}/{family}, {project}/{image}, {family}, or {image}"
                    },
                    "kms_key_self_link": {
                      "description": "Encrypts the disk using a customer-supplied encryption key"
                    },
                    "labels": {
                      "description": "Labels to apply to this disk. A list of key->value pairs"
                    },
                    "licenses": {
                      "description": "Any applicable license URI"
                    },
                    "physical_block_size_bytes": {
                      "description": "Physical block size of the persistent disk, in bytes. If not present in a request, a default value is used. Currently supported sizes are 4096 and 16384"
                    },
                    "project": {
                      "description": "The ID of the project in which the resource belongs. If it is not provided, the provider project is used."
                    },
                    "size": {
                      "description": "Size of the persistent disk, specified in GB"
                    },
                    "snapshot": {
                      "description": "The source snapshot used to create this disk. You can provide this as a partial or full URL to the resource"
                    },
                    "type": {
                      "description": "URL of the disk type resource describing which disk type to use to create the disk. Eg: pd-standard, pd-ssd etc."
                    },
                    "zone": {
                      "description": "A reference to the zone where the disk resides"
                    }
                  }
                }
              },
              "compute-instance": {
                "source": "./modules/compute_instance",
                "expressions": {
                  "allow_stopping_for_update": {
                    "references": [
                      "var.allow_stopping_for_update"
                    ]
                  },
                  "attached_disks": {
                    "references": [
                      "local.attached_disks_config"
                    ]
                  },
                  "boot_disk": {
                    "references": [
                      "local.boot_disk"
                    ]
                  },
                  "description": {
                    "references": [
                      "local.compute_instance_description"
                    ]
                  },
                  "hostname": {
                    "references": [
                      "local.hostname"
                    ]
                  },
                  "instance_name": {
                    "references": [
                      "var.instance_name"
                    ]
                  },
                  "labels": {
                    "references": [
                      "var.labels"
                    ]
                  },
                  "machine_type": {
                    "references": [
                      "var.machine_type"
                    ]
                  },
                  "metadata": {
                    "references": [
                      "local.metadata"
                    ]
                  },
                  "network": {
                    "references": [
                      "module.validations.compute_network_id",
                      "module.validations"
                    ]
                  },
                  "network_ip": {
                    "references": [
                      "var.network_ip"
                    ]
                  },
                  "network_project": {
                    "references": [
                      "var.network_project"
                    ]
                  },
                  "project": {
                    "references": [
                      "var.project"
                    ]
                  },
                  "service_account": {
                    "references": [
                      "var.service_account"
                    ]
                  },
                  "subnet": {
                    "references": [
                      "module.validations.compute_subnetwork_id",
                      "module.validations"
                    ]
                  },
                  "tags": {
                    "references": [
                      "local.combined_network_tags"
                    ]
                  },
                  "zone": {
                    "references": [
                      "var.zone"
                    ]
                  }
                },
                "module": {
                  "outputs": {
                    "compute_instance_id": {
                      "expression": {
                        "references": [
                          "google_compute_instance.compute_instance.id",
                          "google_compute_instance.compute_instance"
                        ]
                      },
                      "description": "The unique ID of the compute instance"
                    },
                    "compute_instance_ip": {
                      "expression": {
                        "references": [
                          "google_compute_instance.compute_instance.network_interface[0].network_ip",
                          "google_compute_instance.compute_instance.network_interface[0]",
                          "google_compute_instance.compute_instance.network_interface",
                          "google_compute_instance.compute_instance"
                        ]
                      },
                      "description": "Compute Instance Internal IP"
                    },
                    "compute_instance_name": {
                      "expression": {
                        "references": [
                          "google_compute_instance.compute_instance.name",
                          "google_compute_instance.compute_instance"
                        ]
                      },
                      "description": "The unique ID of the compute instance"
                    },
                    "compute_instance_tags": {
                      "expression": {
                        "references": [
                          "google_compute_instance.compute_instance.tags",
                          "google_compute_instance.compute_instance"
                        ]
                      },
                      "description": "Networking tags assigned to the Compute Instance"
                    }
                  },
                  "resources": [
                    {
                      "address": "google_compute_instance.compute_instance",
                      "mode": "managed",
                      "type": "google_compute_instance",
                      "name": "compute_instance",
                      "provider_config_key": "module.taxi-spt-rhel9-uu6xyetmagp:google",
                      "expressions": {
                        "allow_stopping_for_update": {
                          "references": [
                            "var.allow_stopping_for_update"
                          ]
                        },
                        "boot_disk": [
                          {
                            "auto_delete": {
                              "references": [
                                "var.boot_disk.auto_delete",
                                "var.boot_disk"
                              ]
                            },
                            "initialize_params": [
                              {
                                "image": {
                                  "references": [
                                    "var.boot_disk.disk_image",
                                    "var.boot_disk"
                                  ]
                                },
                                "size": {
                                  "references": [
                                    "var.boot_disk.disk_size",
                                    "var.boot_disk"
                                  ]
                                },
                                "type": {
                                  "references": [
                                    "var.boot_disk.disk_type",
                                    "var.boot_disk"
                                  ]
                                }
                              }
                            ],
                            "kms_key_self_link": {
                              "references": [
                                "var.boot_disk.kms_key_self_link",
                                "var.boot_disk"
                              ]
                            }
                          }
                        ],
                        "description": {
                          "references": [
                            "var.description"
                          ]
                        },
                        "hostname": {
                          "references": [
                            "var.hostname"
                          ]
                        },
                        "labels": {
                          "references": [
                            "var.labels"
                          ]
                        },
                        "machine_type": {
                          "references": [
                            "var.machine_type"
                          ]
                        },
                        "metadata": {
                          "references": [
                            "local.metadata_consolidated"
                          ]
                        },
                        "name": {
                          "references": [
                            "var.instance_name"
                          ]
                        },
                        "network_interface": [
                          {
                            "network": {
                              "references": [
                                "var.network"
                              ]
                            },
                            "network_ip": {
                              "references": [
                                "var.network_ip"
                              ]
                            },
                            "subnetwork": {
                              "references": [
                                "var.subnet"
                              ]
                            },
                            "subnetwork_project": {
                              "references": [
                                "var.network_project"
                              ]
                            }
                          }
                        ],
                        "project": {
                          "references": [
                            "var.project"
                          ]
                        },
                        "tags": {
                          "references": [
                            "var.tags"
                          ]
                        },
                        "zone": {
                          "references": [
                            "var.zone"
                          ]
                        }
                      },
                      "schema_version": 6
                    }
                  ],
                  "variables": {
                    "allow_stopping_for_update": {
                      "description": "If true, allows Terraform to stop the instance to update its properties. If you try to update a property that requires stopping the instance without setting this field, the update will fail."
                    },
                    "attached_disks": {
                      "default": [],
                      "description": "A list of disks attached to the instance"
                    },
                    "boot_disk": {
                      "description": "Parameters for a new disk that will be created alongside the new instance. Either initialize_params or source must be set. Whether the disk will be auto-deleted when the instance is deleted. The self_link of the encryption key that is stored in Google Cloud KMS to encrypt this disk. Only one of kms_key_self_link and disk_encryption_key_raw may be set"
                    },
                    "description": {
                      "description": "A brief description of this compute instance resource"
                    },
                    "hostname": {
                      "description": "A custom hostname for the instance"
                    },
                    "instance_name": {
                      "description": "A unique name for the resource, required by GCE. Changing this forces a new resource to be created."
                    },
                    "labels": {
                      "description": " map of key/value label pairs to assign to the instance. Note: This field is non-authoritative, and will only manage the labels present in your configuration"
                    },
                    "machine_type": {
                      "description": "The machine type to create"
                    },
                    "metadata": {
                      "description": "A list of key/value metadata to assign to the compute instance. This will be merged with any default metadata set in the provider configuration"
                    },
                    "network": {
                      "description": "The name or self_link of the network to attach this interface to. Either network or subnetwork must be provided. If network isn't provided it will be inferred from the subnetwork"
                    },
                    "network_ip": {
                      "default": "",
                      "description": "The private IP address to assign to the instance. If empty, the address will be automatically assigned."
                    },
                    "network_project": {
                      "description": "The project in which the subnetwork belongs. If the subnetwork is a self_link, this field is ignored in favor of the project defined in the subnetwork self_link. If the subnetwork is a name and this field is not provided, the provider project is used"
                    },
                    "project": {
                      "description": "The ID of the project in which the resource belongs. If it is not provided, the provider project is used"
                    },
                    "service_account": {
                      "default": null,
                      "description": "Service account to attach to the instance. It supports the service account e-mail address(required) and a list of service scopes(required). To allow full access to all Cloud APIs, use the cloud-platform scope"
                    },
                    "shielded_instance_config": {
                      "default": {
                        "enable_integrity_monitoring": true,
                        "enable_secure_boot": false,
                        "enable_vtpm": true,
                        "enabled": false
                      },
                      "description": "Enable Shielded VM on this instance. Shielded VM provides verifiable integrity to prevent against malware and rootkits. Pass true to provision argument block. Passing false will remove argument block."
                    },
                    "subnet": {
                      "description": "The name or self_link of the subnetwork to attach this interface to. Either network or subnetwork must be provided. If network isn't provided it will be inferred from the subnetwork. The subnetwork must exist in the same region this instance will be created in"
                    },
                    "tags": {
                      "description": "A list of network tags to attach to the instance"
                    },
                    "zone": {
                      "description": "The zone that the machine should be created in. If it is not provided, the provider zone is used"
                    }
                  }
                },
                "depends_on": [
                  "module.compute-disk",
                  "module.service-account-iam-member"
                ]
              },
              "compute-instance-iam-member": {
                "source": "./modules/compute_instance_iam_member",
                "expressions": {
                  "instance_name": {
                    "references": [
                      "var.instance_name"
                    ]
                  },
                  "member": {
                    "references": [
                      "each.value.member",
                      "each.value"
                    ]
                  },
                  "project": {
                    "references": [
                      "var.project"
                    ]
                  },
                  "role": {
                    "references": [
                      "each.value.role",
                      "each.value"
                    ]
                  },
                  "zone": {
                    "references": [
                      "var.zone"
                    ]
                  }
                },
                "for_each_expression": {
                  "references": [
                    "var.members"
                  ]
                },
                "module": {
                  "resources": [
                    {
                      "address": "google_compute_instance_iam_member.compute_instance_iam_member",
                      "mode": "managed",
                      "type": "google_compute_instance_iam_member",
                      "name": "compute_instance_iam_member",
                      "provider_config_key": "module.taxi-spt-rhel9-uu6xyetmagp:google",
                      "expressions": {
                        "instance_name": {
                          "references": [
                            "var.instance_name"
                          ]
                        },
                        "member": {
                          "references": [
                            "var.member"
                          ]
                        },
                        "project": {
                          "references": [
                            "var.project"
                          ]
                        },
                        "role": {
                          "references": [
                            "var.role"
                          ]
                        },
                        "zone": {
                          "references": [
                            "var.zone"
                          ]
                        }
                      },
                      "schema_version": 0
                    }
                  ],
                  "variables": {
                    "instance_name": {
                      "description": "Used to find the parent resource to bind the IAM policy to"
                    },
                    "member": {
                      "description": "Identities that will be granted the privilege in role"
                    },
                    "project": {
                      "description": "The ID of the project in which the resource belongs. If it is not provided, the project will be parsed from the identifier of the parent resource"
                    },
                    "role": {
                      "description": "The role that should be applied"
                    },
                    "zone": {
                      "description": "A reference to the zone where the machine resides. Used to find the parent resource to bind the IAM policy to. If not specified, the value will be parsed from the identifier of the parent resource. If no zone is provided in the parent identifier and no zone is specified, it is taken from the provider configuration"
                    }
                  }
                },
                "depends_on": [
                  "module.compute-instance"
                ]
              },
              "service-account-iam-member": {
                "source": "git::https://github.com/cvs-health-enterprise-code/taxi-tf-gcp-service-account.git//modules/service_account_iam_member?ref=v1",
                "expressions": {
                  "member": {
                    "references": [
                      "module.utilities_env_vars.automation_service_account",
                      "module.utilities_env_vars"
                    ]
                  },
                  "project": {
                    "references": [
                      "var.project"
                    ]
                  },
                  "role": {
                    "constant_value": "roles/iam.serviceAccountUser"
                  },
                  "service_account_id": {
                    "references": [
                      "var.service_account.email",
                      "var.service_account"
                    ]
                  }
                },
                "count_expression": {
                  "references": [
                    "var.service_account"
                  ]
                },
                "module": {
                  "resources": [
                    {
                      "address": "google_service_account_iam_member.iam_member",
                      "mode": "managed",
                      "type": "google_service_account_iam_member",
                      "name": "iam_member",
                      "provider_config_key": "module.taxi-spt-rhel9-uu6xyetmagp:google",
                      "expressions": {
                        "member": {
                          "references": [
                            "var.member"
                          ]
                        },
                        "role": {
                          "references": [
                            "var.role"
                          ]
                        },
                        "service_account_id": {
                          "references": [
                            "var.project",
                            "var.service_account_id"
                          ]
                        }
                      },
                      "schema_version": 0
                    }
                  ],
                  "variables": {
                    "member": {
                      "description": "Identity that will be granted the privilege in role. Format: type:member; e.g. group:group-name@cvshealth.com OR serviceAccount:serviceaccount-name@test-project-id.iam.gserviceaccount.com"
                    },
                    "project": {
                      "description": "The service account project name"
                    },
                    "role": {
                      "description": "The role that should be applied to the principal. Role format: roles/role.name"
                    },
                    "service_account_id": {
                      "description": "Email of the service account to apply the IAM policy to"
                    }
                  }
                }
              },
              "utilities_cmek": {
                "source": "git::https://github.com/cvs-health-enterprise-code/taxi-tf-gcp-utilities.git//modules/cmek?ref=v1",
                "expressions": {
                  "project": {
                    "references": [
                      "var.project"
                    ]
                  },
                  "region": {
                    "references": [
                      "local.vpc_subnet_region"
                    ]
                  }
                },
                "module": {
                  "outputs": {
                    "cmek": {
                      "expression": {
                        "references": [
                          "local.cmek_structure"
                        ]
                      },
                      "description": "This output will present the CMEK string, which will be passed to the resources."
                    }
                  },
                  "resources": [
                    {
                      "address": "data.google_project.cvs_key_vault_project",
                      "mode": "data",
                      "type": "google_project",
                      "name": "cvs_key_vault_project",
                      "provider_config_key": "module.taxi-spt-rhel9-uu6xyetmagp:google",
                      "expressions": {
                        "project_id": {
                          "references": [
                            "var.project"
                          ]
                        }
                      },
                      "schema_version": 0
                    }
                  ],
                  "module_calls": {
                    "validations": {
                      "source": "git::https://github.com/cvs-health-enterprise-code/taxi-tf-gcp-validations.git?ref=v1",
                      "expressions": {
                        "cmek_validation": {
                          "references": [
                            "local.cmek_structure"
                          ]
                        },
                        "labels_validation": {
                          "constant_value": {
                            "enabled": false
                          }
                        },
                        "region_validation": {
                          "constant_value": {
                            "enabled": false
                          }
                        }
                      },
                      "module": {
                        "outputs": {
                          "compute_network_id": {
                            "expression": {
                              "references": [
                                "var.network_validation.enabled",
                                "var.network_validation",
                                "module.network[0].compute_network_id",
                                "module.network[0]"
                              ]
                            },
                            "description": "The ID of the network"
                          },
                          "compute_subnetwork_id": {
                            "expression": {
                              "references": [
                                "var.network_validation.enabled",
                                "var.network_validation",
                                "module.network[0].compute_subnetwork_id",
                                "module.network[0]"
                              ]
                            },
                            "description": "The ID of the subnetwork"
                          },
                          "required_labels_names": {
                            "expression": {
                              "references": [
                                "var.labels_validation.enabled",
                                "var.labels_validation",
                                "module.labels[0].required_labels_names",
                                "module.labels[0]"
                              ]
                            },
                            "description": "A list of string of required labels names"
                          }
                        },
                        "module_calls": {
                          "api-enbaled": {
                            "source": "./modules/api_enabled",
                            "expressions": {
                              "project": {
                                "references": [
                                  "var.api_enabled_validation.project",
                                  "var.api_enabled_validation"
                                ]
                              },
                              "service": {
                                "references": [
                                  "var.api_enabled_validation.service",
                                  "var.api_enabled_validation"
                                ]
                              }
                            },
                            "count_expression": {
                              "references": [
                                "var.api_enabled_validation.enabled",
                                "var.api_enabled_validation"
                              ]
                            },
                            "module": {
                              "resources": [
                                {
                                  "address": "data.google_project_service.project_service",
                                  "mode": "data",
                                  "type": "google_project_service",
                                  "name": "project_service",
                                  "provider_config_key": "module.taxi-spt-rhel9-uu6xyetmagp:google",
                                  "expressions": {
                                    "project": {
                                      "references": [
                                        "var.project"
                                      ]
                                    },
                                    "service": {
                                      "references": [
                                        "var.service"
                                      ]
                                    }
                                  },
                                  "schema_version": 0
                                }
                              ],
                              "variables": {
                                "project": {
                                  "description": "The project name to validate if the service is enabled"
                                },
                                "service": {
                                  "description": "The service name to validate if it is enabled"
                                }
                              }
                            }
                          },
                          "cmek": {
                            "source": "./modules/cmek",
                            "expressions": {
                              "cmek": {
                                "references": [
                                  "var.cmek_validation.cmek",
                                  "var.cmek_validation"
                                ]
                              }
                            },
                            "count_expression": {
                              "references": [
                                "var.cmek_validation.enabled",
                                "var.cmek_validation"
                              ]
                            },
                            "module": {
                              "resources": [
                                {
                                  "address": "data.google_kms_crypto_key.kms_crypto_key",
                                  "mode": "data",
                                  "type": "google_kms_crypto_key",
                                  "name": "kms_crypto_key",
                                  "provider_config_key": "module.taxi-spt-rhel9-uu6xyetmagp:google",
                                  "expressions": {
                                    "key_ring": {
                                      "references": [
                                        "local.key_ring"
                                      ]
                                    },
                                    "name": {
                                      "references": [
                                        "local.key_name"
                                      ]
                                    }
                                  },
                                  "schema_version": 0
                                }
                              ],
                              "variables": {
                                "cmek": {
                                  "description": "This will accept variables from different modules, to then validate that this cmek exists"
                                }
                              }
                            }
                          },
                          "labels": {
                            "source": "./modules/labels",
                            "expressions": {
                              "labels": {
                                "references": [
                                  "var.labels_validation.labels",
                                  "var.labels_validation"
                                ]
                              }
                            },
                            "count_expression": {
                              "references": [
                                "var.labels_validation.enabled",
                                "var.labels_validation"
                              ]
                            },
                            "module": {
                              "outputs": {
                                "required_labels_names": {
                                  "expression": {
                                    "references": [
                                      "local.required_labels"
                                    ]
                                  },
                                  "description": "A list of string of required labels names"
                                }
                              },
                              "variables": {
                                "labels": {
                                  "description": "This will accept variables from different modules, to then validate correct labels are being passed. Additional labels can be passed but are not required for validation."
                                }
                              }
                            }
                          },
                          "network": {
                            "source": "./modules/network",
                            "expressions": {
                              "network": {
                                "references": [
                                  "var.network_validation.network",
                                  "var.network_validation"
                                ]
                              },
                              "network_project": {
                                "references": [
                                  "var.network_validation.network_project",
                                  "var.network_validation"
                                ]
                              },
                              "region": {
                                "references": [
                                  "var.network_validation.region",
                                  "var.network_validation"
                                ]
                              },
                              "subnet": {
                                "references": [
                                  "var.network_validation.subnet",
                                  "var.network_validation"
                                ]
                              },
                              "subnet_min_size": {
                                "references": [
                                  "var.network_validation.subnet_min_size",
                                  "var.network_validation"
                                ]
                              },
                              "subnet_secondary_ranges": {
                                "references": [
                                  "var.network_validation.subnet_secondary_ranges",
                                  "var.network_validation"
                                ]
                              }
                            },
                            "count_expression": {
                              "references": [
                                "var.network_validation.enabled",
                                "var.network_validation"
                              ]
                            },
                            "module": {
                              "outputs": {
                                "compute_network_id": {
                                  "expression": {
                                    "references": [
                                      "var.network",
                                      "data.google_compute_network.compute_network[0].id",
                                      "data.google_compute_network.compute_network[0]",
                                      "data.google_compute_network.compute_network"
                                    ]
                                  },
                                  "description": "The ID of the network"
                                },
                                "compute_subnetwork_id": {
                                  "expression": {
                                    "references": [
                                      "var.subnet",
                                      "data.google_compute_subnetwork.compute_subnetwork[0].id",
                                      "data.google_compute_subnetwork.compute_subnetwork[0]",
                                      "data.google_compute_subnetwork.compute_subnetwork"
                                    ]
                                  },
                                  "description": "The ID of the subnetwork"
                                }
                              },
                              "resources": [
                                {
                                  "address": "data.google_compute_network.compute_network",
                                  "mode": "data",
                                  "type": "google_compute_network",
                                  "name": "compute_network",
                                  "provider_config_key": "module.taxi-spt-rhel9-uu6xyetmagp:google",
                                  "expressions": {
                                    "name": {
                                      "references": [
                                        "var.network"
                                      ]
                                    },
                                    "project": {
                                      "references": [
                                        "var.network_project"
                                      ]
                                    }
                                  },
                                  "schema_version": 0,
                                  "count_expression": {
                                    "references": [
                                      "var.network"
                                    ]
                                  }
                                },
                                {
                                  "address": "data.google_compute_subnetwork.compute_subnetwork",
                                  "mode": "data",
                                  "type": "google_compute_subnetwork",
                                  "name": "compute_subnetwork",
                                  "provider_config_key": "module.taxi-spt-rhel9-uu6xyetmagp:google",
                                  "expressions": {
                                    "name": {
                                      "references": [
                                        "var.subnet"
                                      ]
                                    },
                                    "project": {
                                      "references": [
                                        "var.network_project"
                                      ]
                                    },
                                    "region": {
                                      "references": [
                                        "var.region"
                                      ]
                                    }
                                  },
                                  "schema_version": 0,
                                  "count_expression": {
                                    "references": [
                                      "var.subnet"
                                    ]
                                  }
                                }
                              ],
                              "variables": {
                                "network": {
                                  "default": "",
                                  "description": "VPC network name to validate if it exists or if a subnet belongs to it"
                                },
                                "network_project": {
                                  "description": "VPC network project name to check if a VPC network belongs to or a subnet belongs to"
                                },
                                "region": {
                                  "default": "",
                                  "description": "Region to validate if the subnet exists in"
                                },
                                "subnet": {
                                  "default": "",
                                  "description": "Subnet name to validate if this subnet exists"
                                },
                                "subnet_min_size": {
                                  "default": 0,
                                  "description": "Subnet min size to validate against the subnet size"
                                },
                                "subnet_secondary_ranges": {
                                  "default": [],
                                  "description": "Subnet secondary range names to check if they exist in a subnet"
                                }
                              }
                            }
                          },
                          "project": {
                            "source": "./modules/project",
                            "expressions": {
                              "project": {
                                "references": [
                                  "var.project_validation.project",
                                  "var.project_validation"
                                ]
                              }
                            },
                            "count_expression": {
                              "references": [
                                "var.project_validation.enabled",
                                "var.project_validation"
                              ]
                            },
                            "module": {
                              "resources": [
                                {
                                  "address": "data.google_project.project",
                                  "mode": "data",
                                  "type": "google_project",
                                  "name": "project",
                                  "provider_config_key": "module.taxi-spt-rhel9-uu6xyetmagp:google",
                                  "expressions": {
                                    "project_id": {
                                      "references": [
                                        "var.project"
                                      ]
                                    }
                                  },
                                  "schema_version": 0
                                }
                              ],
                              "variables": {
                                "project": {
                                  "description": "Project ID to check if it exists"
                                }
                              }
                            }
                          },
                          "region": {
                            "source": "./modules/region",
                            "expressions": {
                              "region": {
                                "references": [
                                  "var.region_validation.region",
                                  "var.region_validation"
                                ]
                              }
                            },
                            "count_expression": {
                              "references": [
                                "var.region_validation.enabled",
                                "var.region_validation"
                              ]
                            },
                            "module": {
                              "variables": {
                                "region": {
                                  "description": "Only the following regions are allowed: us-east1, us-east4, us-west2, us-central1, and us"
                                }
                              }
                            }
                          }
                        },
                        "variables": {
                          "api_enabled_validation": {
                            "default": {
                              "enabled": false,
                              "project": "",
                              "service": ""
                            },
                            "description": "This will accept variables from different modules, to then validate if API is enabled."
                          },
                          "cmek_validation": {
                            "default": {
                              "cmek": "",
                              "enabled": false
                            },
                            "description": "This will accept variables from different modules, to then validate correct labels are being passed. Additional labels can be passed but are not required for validation."
                          },
                          "labels_validation": {
                            "description": "This will accept variables from different modules, to then validate correct labels are being passed. Additional labels can be passed but are not required for validation."
                          },
                          "network_validation": {
                            "default": {
                              "enabled": false,
                              "network": "",
                              "network_project": "",
                              "region": "",
                              "subnet": "",
                              "subnet_min_size": 0,
                              "subnet_secondary_ranges": []
                            },
                            "description": "This will accept variables from different modules, to then validate network and subnet."
                          },
                          "project_validation": {
                            "default": {
                              "enabled": false,
                              "project": ""
                            },
                            "description": "Validate if the project exists"
                          },
                          "region_validation": {
                            "description": "Only the following regions are allowed: us-east1, us-east4, us-west2, us-central1, and us"
                          }
                        }
                      }
                    }
                  },
                  "variables": {
                    "dynamic_cmek": {
                      "default": "",
                      "description": "To use additional CVS Key Vault Project, other than the default ones (cvs-key-vault-prod & cvs-key-vault-nonprod). Note: If you pass something other than the default Prod/NonProd, make sure you match environment types (e.g. Pass lab but region/project is prod)."
                    },
                    "project": {
                      "description": "The project passed for the resource, to get the correct CMEK from the CVS Key Vault Projects"
                    },
                    "region": {
                      "description": "The region passed for the resource, to get the correct CMEK from the CVS Key Vault Projects"
                    }
                  }
                }
              },
              "utilities_env_vars": {
                "source": "git::https://github.com/cvs-health-enterprise-code/taxi-tf-gcp-utilities.git//modules/env_vars?ref=v1",
                "module": {
                  "outputs": {
                    "automation_service_account": {
                      "expression": {
                        "references": [
                          "data.external.env_check.result[\"automation_service_account\"]",
                          "data.external.env_check.result",
                          "data.external.env_check"
                        ]
                      },
                      "description": "This output will get automation service account."
                    }
                  },
                  "resources": [
                    {
                      "address": "data.external.env_check",
                      "mode": "data",
                      "type": "external",
                      "name": "env_check",
                      "provider_config_key": "module.taxi-spt-rhel9-uu6xyetmagp.module.utilities_env_vars:external",
                      "expressions": {
                        "program": {
                          "references": [
                            "path.module"
                          ]
                        }
                      },
                      "schema_version": 0
                    }
                  ]
                }
              },
              "validations": {
                "source": "git::https://github.com/cvs-health-enterprise-code/taxi-tf-gcp-validations.git?ref=main",
                "expressions": {
                  "api_enabled_validation": {
                    "references": [
                      "var.project"
                    ]
                  },
                  "cmek_validation": {
                    "references": [
                      "local.validate_kms_key_name",
                      "var.boot_disk.kms_key_self_link",
                      "var.boot_disk"
                    ]
                  },
                  "labels_validation": {
                    "references": [
                      "var.labels"
                    ]
                  },
                  "network_validation": {
                    "references": [
                      "var.network_project",
                      "var.network",
                      "local.vpc_subnet_region",
                      "var.subnet"
                    ]
                  },
                  "project_validation": {
                    "references": [
                      "var.project"
                    ]
                  },
                  "region_validation": {
                    "references": [
                      "local.vpc_subnet_region"
                    ]
                  }
                },
                "module": {
                  "outputs": {
                    "compute_network_id": {
                      "expression": {
                        "references": [
                          "var.network_validation.enabled",
                          "var.network_validation",
                          "module.network[0].compute_network_id",
                          "module.network[0]"
                        ]
                      },
                      "description": "The ID of the network"
                    },
                    "compute_subnetwork_id": {
                      "expression": {
                        "references": [
                          "var.network_validation.enabled",
                          "var.network_validation",
                          "module.network[0].compute_subnetwork_id",
                          "module.network[0]"
                        ]
                      },
                      "description": "The ID of the subnetwork"
                    },
                    "required_labels_names": {
                      "expression": {
                        "references": [
                          "var.labels_validation.enabled",
                          "var.labels_validation",
                          "module.labels[0].required_labels_names",
                          "module.labels[0]"
                        ]
                      },
                      "description": "A list of string of required labels names"
                    }
                  },
                  "module_calls": {
                    "api-enbaled": {
                      "source": "./modules/api_enabled",
                      "expressions": {
                        "project": {
                          "references": [
                            "var.api_enabled_validation.project",
                            "var.api_enabled_validation"
                          ]
                        },
                        "service": {
                          "references": [
                            "var.api_enabled_validation.service",
                            "var.api_enabled_validation"
                          ]
                        }
                      },
                      "count_expression": {
                        "references": [
                          "var.api_enabled_validation.enabled",
                          "var.api_enabled_validation"
                        ]
                      },
                      "module": {
                        "resources": [
                          {
                            "address": "data.google_project_service.project_service",
                            "mode": "data",
                            "type": "google_project_service",
                            "name": "project_service",
                            "provider_config_key": "module.taxi-spt-rhel9-uu6xyetmagp:google",
                            "expressions": {
                              "project": {
                                "references": [
                                  "var.project"
                                ]
                              },
                              "service": {
                                "references": [
                                  "var.service"
                                ]
                              }
                            },
                            "schema_version": 0
                          }
                        ],
                        "variables": {
                          "project": {
                            "description": "The project name to validate if the service is enabled"
                          },
                          "service": {
                            "description": "The service name to validate if it is enabled"
                          }
                        }
                      }
                    },
                    "cmek": {
                      "source": "./modules/cmek",
                      "expressions": {
                        "cmek": {
                          "references": [
                            "var.cmek_validation.cmek",
                            "var.cmek_validation"
                          ]
                        }
                      },
                      "count_expression": {
                        "references": [
                          "var.cmek_validation.enabled",
                          "var.cmek_validation"
                        ]
                      },
                      "module": {
                        "resources": [
                          {
                            "address": "data.google_kms_crypto_key.kms_crypto_key",
                            "mode": "data",
                            "type": "google_kms_crypto_key",
                            "name": "kms_crypto_key",
                            "provider_config_key": "module.taxi-spt-rhel9-uu6xyetmagp:google",
                            "expressions": {
                              "key_ring": {
                                "references": [
                                  "local.key_ring"
                                ]
                              },
                              "name": {
                                "references": [
                                  "local.key_name"
                                ]
                              }
                            },
                            "schema_version": 0
                          }
                        ],
                        "variables": {
                          "cmek": {
                            "description": "This will accept variables from different modules, to then validate that this cmek exists"
                          }
                        }
                      }
                    },
                    "labels": {
                      "source": "./modules/labels",
                      "expressions": {
                        "labels": {
                          "references": [
                            "var.labels_validation.labels",
                            "var.labels_validation"
                          ]
                        }
                      },
                      "count_expression": {
                        "references": [
                          "var.labels_validation.enabled",
                          "var.labels_validation"
                        ]
                      },
                      "module": {
                        "outputs": {
                          "required_labels_names": {
                            "expression": {
                              "references": [
                                "local.required_labels"
                              ]
                            },
                            "description": "A list of string of required labels names"
                          }
                        },
                        "variables": {
                          "labels": {
                            "description": "This will accept variables from different modules, to then validate correct labels are being passed. Additional labels can be passed but are not required for validation."
                          }
                        }
                      }
                    },
                    "network": {
                      "source": "./modules/network",
                      "expressions": {
                        "network": {
                          "references": [
                            "var.network_validation.network",
                            "var.network_validation"
                          ]
                        },
                        "network_project": {
                          "references": [
                            "var.network_validation.network_project",
                            "var.network_validation"
                          ]
                        },
                        "region": {
                          "references": [
                            "var.network_validation.region",
                            "var.network_validation"
                          ]
                        },
                        "subnet": {
                          "references": [
                            "var.network_validation.subnet",
                            "var.network_validation"
                          ]
                        },
                        "subnet_min_size": {
                          "references": [
                            "var.network_validation.subnet_min_size",
                            "var.network_validation"
                          ]
                        },
                        "subnet_secondary_ranges": {
                          "references": [
                            "var.network_validation.subnet_secondary_ranges",
                            "var.network_validation"
                          ]
                        }
                      },
                      "count_expression": {
                        "references": [
                          "var.network_validation.enabled",
                          "var.network_validation"
                        ]
                      },
                      "module": {
                        "outputs": {
                          "compute_network_id": {
                            "expression": {
                              "references": [
                                "var.network",
                                "data.google_compute_network.compute_network[0].id",
                                "data.google_compute_network.compute_network[0]",
                                "data.google_compute_network.compute_network"
                              ]
                            },
                            "description": "The ID of the network"
                          },
                          "compute_subnetwork_id": {
                            "expression": {
                              "references": [
                                "var.subnet",
                                "data.google_compute_subnetwork.compute_subnetwork[0].id",
                                "data.google_compute_subnetwork.compute_subnetwork[0]",
                                "data.google_compute_subnetwork.compute_subnetwork"
                              ]
                            },
                            "description": "The ID of the subnetwork"
                          }
                        },
                        "resources": [
                          {
                            "address": "data.google_compute_network.compute_network",
                            "mode": "data",
                            "type": "google_compute_network",
                            "name": "compute_network",
                            "provider_config_key": "module.taxi-spt-rhel9-uu6xyetmagp:google",
                            "expressions": {
                              "name": {
                                "references": [
                                  "var.network"
                                ]
                              },
                              "project": {
                                "references": [
                                  "var.network_project"
                                ]
                              }
                            },
                            "schema_version": 0,
                            "count_expression": {
                              "references": [
                                "var.network"
                              ]
                            }
                          },
                          {
                            "address": "data.google_compute_subnetwork.compute_subnetwork",
                            "mode": "data",
                            "type": "google_compute_subnetwork",
                            "name": "compute_subnetwork",
                            "provider_config_key": "module.taxi-spt-rhel9-uu6xyetmagp:google",
                            "expressions": {
                              "name": {
                                "references": [
                                  "var.subnet"
                                ]
                              },
                              "project": {
                                "references": [
                                  "var.network_project"
                                ]
                              },
                              "region": {
                                "references": [
                                  "var.region"
                                ]
                              }
                            },
                            "schema_version": 0,
                            "count_expression": {
                              "references": [
                                "var.subnet"
                              ]
                            }
                          }
                        ],
                        "variables": {
                          "network": {
                            "default": "",
                            "description": "VPC network name to validate if it exists or if a subnet belongs to it"
                          },
                          "network_project": {
                            "description": "VPC network project name to check if a VPC network belongs to or a subnet belongs to"
                          },
                          "region": {
                            "default": "",
                            "description": "Region to validate if the subnet exists in"
                          },
                          "subnet": {
                            "default": "",
                            "description": "Subnet name to validate if this subnet exists"
                          },
                          "subnet_min_size": {
                            "default": 0,
                            "description": "Subnet min size to validate against the subnet size"
                          },
                          "subnet_secondary_ranges": {
                            "default": [],
                            "description": "Subnet secondary range names to check if they exist in a subnet"
                          }
                        }
                      }
                    },
                    "project": {
                      "source": "./modules/project",
                      "expressions": {
                        "project": {
                          "references": [
                            "var.project_validation.project",
                            "var.project_validation"
                          ]
                        }
                      },
                      "count_expression": {
                        "references": [
                          "var.project_validation.enabled",
                          "var.project_validation"
                        ]
                      },
                      "module": {
                        "resources": [
                          {
                            "address": "data.google_project.project",
                            "mode": "data",
                            "type": "google_project",
                            "name": "project",
                            "provider_config_key": "module.taxi-spt-rhel9-uu6xyetmagp:google",
                            "expressions": {
                              "project_id": {
                                "references": [
                                  "var.project"
                                ]
                              }
                            },
                            "schema_version": 0
                          }
                        ],
                        "variables": {
                          "project": {
                            "description": "Project ID to check if it exists"
                          }
                        }
                      }
                    },
                    "region": {
                      "source": "./modules/region",
                      "expressions": {
                        "region": {
                          "references": [
                            "var.region_validation.region",
                            "var.region_validation"
                          ]
                        }
                      },
                      "count_expression": {
                        "references": [
                          "var.region_validation.enabled",
                          "var.region_validation"
                        ]
                      },
                      "module": {
                        "variables": {
                          "region": {
                            "description": "Only the following regions are allowed: us-east1, us-east4, us-west2, us-central1, and us"
                          }
                        }
                      }
                    }
                  },
                  "variables": {
                    "api_enabled_validation": {
                      "default": {
                        "enabled": false,
                        "project": "",
                        "service": ""
                      },
                      "description": "This will accept variables from different modules, to then validate if API is enabled."
                    },
                    "cmek_validation": {
                      "default": {
                        "cmek": "",
                        "enabled": false
                      },
                      "description": "This will accept variables from different modules, to then validate correct labels are being passed. Additional labels can be passed but are not required for validation."
                    },
                    "labels_validation": {
                      "description": "This will accept variables from different modules, to then validate correct labels are being passed. Additional labels can be passed but are not required for validation."
                    },
                    "network_validation": {
                      "default": {
                        "enabled": false,
                        "network": "",
                        "network_project": "",
                        "region": "",
                        "subnet": "",
                        "subnet_min_size": 0,
                        "subnet_secondary_ranges": []
                      },
                      "description": "This will accept variables from different modules, to then validate network and subnet."
                    },
                    "project_validation": {
                      "default": {
                        "enabled": false,
                        "project": ""
                      },
                      "description": "Validate if the project exists"
                    },
                    "region_validation": {
                      "description": "Only the following regions are allowed: us-east1, us-east4, us-west2, us-central1, and us"
                    }
                  }
                }
              }
            },
            "variables": {
              "additional_disks": {
                "default": [],
                "description": "Additional disks specifying disk name suffix, size and type for each disk. Linux requires 'vg_name' label for each disk, Min required 'vg_name' label as 'app_vg' having min size of 15 GB. Windows requires 'drive_letter' and 'volume_label' labels for each disk, Min required drive letters: 'e' having a min size of 20 GB and 'volume_label' as 'app', 'p' having a min size of 30 GB and 'volume_label' as 'pagefile'."
              },
              "allow_stopping_for_update": {
                "default": true,
                "description": "If true, allows Terraform to stop the instance to update its properties. If you try to update a property that requires stopping the instance without setting this field, the update will fail."
              },
              "boot_disk": {
                "description": "Parameters for a new disk that will be created alongside the new instance.  Whether the disk will be auto-deleted when the instance is deleted. The self_link of the encryption key that is stored in Google Cloud KMS to encrypt this disk. The disk image name, size and the project the image exists in."
              },
              "description": {
                "default": "",
                "description": "A brief description of this compute instance resource"
              },
              "instance_name": {
                "description": "The name of the compute instance."
              },
              "labels": {
                "description": "Map of key/value label pairs to assign to the instance. Note: This field is non-authoritative, and will only manage the labels present in your configuration"
              },
              "line_of_business": {
                "description": "Line of Business"
              },
              "machine_type": {
                "description": "The machine type to create."
              },
              "members": {
                "default": [],
                "description": "A Map which is listing strings. Mappings are as follows ( Type:Principal : [ roles/role.name, ], Type:Principal : [ roles/role.name, roles/role.name, roles/role.name, ], etc. ). One principal per map, roles can be as much as needed. Listing by Principal allows a quick view of the roles for that principal"
              },
              "metadata": {
                "default": {},
                "description": "A list of key/value metadata to assign to the compute instance. This will be merged with any default metadata set in the provider configuration"
              },
              "network": {
                "description": "The name of the network to attach this interface to."
              },
              "network_ip": {
                "default": "",
                "description": "The private IP address to assign to the instance. If empty, the address will be automatically assigned."
              },
              "network_project": {
                "description": "The project in which the subnetwork belongs."
              },
              "os_type": {
                "description": "Type of Operating System to be installed (linux or windows)"
              },
              "project": {
                "description": "The ID of the project in which the resource belongs. If it is not provided, the provider project is used"
              },
              "service_account": {
                "default": null,
                "description": "Service account to attach to the instance. It supports the service account e-mail address(required) and a list of service scopes(required). Both OAuth2 URLs and gcloud short names are supported for scopes. To allow full access to all Cloud APIs, use the cloud-platform scope"
              },
              "subnet": {
                "description": "The name of the subnetwork to attach this interface to. Either network or subnetwork must be provided. If network isn't provided it will be inferred from the subnetwork. The subnetwork must exist in the same region this instance will be created in"
              },
              "tags": {
                "default": [],
                "description": "A list of network tags to attach to the instance"
              },
              "zone": {
                "description": "The zone that the machine should be created in. If it is not provided, the provider zone is used"
              }
            }
          }
        }
      },
      "variables": {
        "additional_disks": {
          "default": [],
          "description": "Additional disks specifying disk name suffix, size and type for each disk. Linux requires 'vg_name' label for each disk, Min required 'vg_name' label as 'app_vg' having min size of 15 GB. Windows requires 'drive_letter' and 'volume_label' labels for each disk, Min required drive letters: 'e' having a min size of 20 GB and 'volume_label' as 'app', 'p' having a min size of 30 GB and 'volume_label' as 'pagefile'."
        },
        "allow_stopping_for_update": {
          "default": true,
          "description": "If true, allows Terraform to stop the instance to update its properties. If you try to update a property that requires stopping the instance without setting this field, the update will fail."
        },
        "boot_disk": {
          "description": "Parameters for a new disk that will be created alongside the new instance.  Whether the disk will be auto-deleted when the instance is deleted. The self_link of the encryption key that is stored in Google Cloud KMS to encrypt this disk. The disk image name, size and the project the image exists in."
        },
        "description": {
          "default": "",
          "description": "A brief description of this compute instance resource"
        },
        "instance_name": {
          "description": "The name of the compute instance."
        },
        "labels": {
          "description": "Map of key/value label pairs to assign to the instance. Note: This field is non-authoritative, and will only manage the labels present in your configuration"
        },
        "line_of_business": {
          "description": "Line of Business"
        },
        "machine_type": {
          "description": "The machine type to create."
        },
        "members": {
          "default": [],
          "description": "A Map which is listing strings. Mappings are as follows ( Type:Principal : [ roles/role.name, ], Type:Principal : [ roles/role.name, roles/role.name, roles/role.name, ], etc. ). One principal per map, roles can be as much as needed. Listing by Principal allows a quick view of the roles for that principal"
        },
        "metadata": {
          "default": {},
          "description": "A list of key/value metadata to assign to the compute instance. This will be merged with any default metadata set in the provider configuration"
        },
        "network": {
          "description": "The name of the network to attach this interface to."
        },
        "network_ip": {
          "default": "",
          "description": "The private IP address to assign to the instance. If empty, the address will be automatically assigned."
        },
        "network_project": {
          "description": "The project in which the subnetwork belongs."
        },
        "os_type": {
          "description": "Type of Operating System to be installed (linux or windows)"
        },
        "project": {
          "description": "The ID of the project in which the resource belongs. If it is not provided, the provider project is used"
        },
        "service_account": {
          "default": null,
          "description": "Service account to attach to the instance. It supports the service account e-mail address(required) and a list of service scopes(required). Both OAuth2 URLs and gcloud short names are supported for scopes. To allow full access to all Cloud APIs, use the cloud-platform scope"
        },
        "subnet": {
          "description": "The name of the subnetwork to attach this interface to. Either network or subnetwork must be provided. If network isn't provided it will be inferred from the subnetwork. The subnetwork must exist in the same region this instance will be created in"
        },
        "tags": {
          "default": [],
          "description": "A list of network tags to attach to the instance"
        },
        "zone": {
          "description": "The zone that the machine should be created in. If it is not provided, the provider zone is used"
        }
      }
    }
  },
  "relevant_attributes": [
    {
      "resource": "module.taxi-spt-rhel9-uu6xyetmagp.random_string.disk_suffix",
      "attribute": [
        "result"
      ]
    },
    {
      "resource": "module.taxi-spt-rhel9-uu6xyetmagp.module.compute-disk.google_compute_disk.compute_disk",
      "attribute": [
        "id"
      ]
    },
    {
      "resource": "module.taxi-spt-rhel9-uu6xyetmagp.module.validations.module.network[0].data.google_compute_network.compute_network[0]",
      "attribute": [
        "id"
      ]
    },
    {
      "resource": "module.taxi-spt-rhel9-uu6xyetmagp.module.validations.module.network[0].data.google_compute_subnetwork.compute_subnetwork[0]",
      "attribute": [
        "id"
      ]
    },
    {
      "resource": "module.taxi-spt-rhel9-uu6xyetmagp.module.compute-disk[\"appvg\"].google_compute_disk.compute_disk",
      "attribute": [
        "id"
      ]
    },
    {
      "resource": "module.taxi-spt-rhel9-uu6xyetmagp.module.compute-instance.google_compute_instance.compute_instance",
      "attribute": [
        "name"
      ]
    },
    {
      "resource": "module.taxi-spt-rhel9-uu6xyetmagp.module.compute-instance.google_compute_instance.compute_instance",
      "attribute": [
        "network_interface",
        0,
        "network_ip"
      ]
    },
    {
      "resource": "module.taxi-spt-rhel9-uu6xyetmagp.module.utilities_env_vars.data.external.env_check",
      "attribute": [
        "result",
        "automation_service_account"
      ]
    },
    {
      "resource": "module.taxi-spt-rhel9-uu6xyetmagp.module.compute-instance.google_compute_instance.compute_instance",
      "attribute": [
        "id"
      ]
    },
    {
      "resource": "module.taxi-spt-rhel9-uu6xyetmagp.module.utilities_cmek.data.google_project.cvs_key_vault_project",
      "attribute": [
        "labels",
        "environmenttype"
      ]
    },
    {
      "resource": "module.taxi-spt-rhel9-uu6xyetmagp.module.utilities_cmek.module.validations.module.network[0].data.google_compute_subnetwork.compute_subnetwork[0]",
      "attribute": [
        "id"
      ]
    },
    {
      "resource": "module.taxi-spt-rhel9-uu6xyetmagp.module.utilities_cmek.module.validations.module.network[0].data.google_compute_network.compute_network[0]",
      "attribute": [
        "id"
      ]
    }
  ],
  "checks": [
    {
      "address": {
        "kind": "var",
        "module": "module.taxi-spt-rhel9-uu6xyetmagp.module.compute-instance",
        "name": "boot_disk",
        "to_display": "module.taxi-spt-rhel9-uu6xyetmagp.module.compute-instance.var.boot_disk"
      },
      "status": "pass",
      "instances": [
        {
          "address": {
            "module": "module.taxi-spt-rhel9-uu6xyetmagp.module.compute-instance",
            "to_display": "module.taxi-spt-rhel9-uu6xyetmagp.module.compute-instance.var.boot_disk"
          },
          "status": "pass"
        }
      ]
    },
    {
      "address": {
        "kind": "var",
        "module": "module.taxi-spt-rhel9-uu6xyetmagp.module.compute-instance",
        "name": "instance_name",
        "to_display": "module.taxi-spt-rhel9-uu6xyetmagp.module.compute-instance.var.instance_name"
      },
      "status": "pass",
      "instances": [
        {
          "address": {
            "module": "module.taxi-spt-rhel9-uu6xyetmagp.module.compute-instance",
            "to_display": "module.taxi-spt-rhel9-uu6xyetmagp.module.compute-instance.var.instance_name"
          },
          "status": "pass"
        }
      ]
    },
    {
      "address": {
        "kind": "resource",
        "mode": "data",
        "module": "module.taxi-spt-rhel9-uu6xyetmagp.module.utilities_cmek.module.validations.module.api-enbaled",
        "name": "project_service",
        "to_display": "module.taxi-spt-rhel9-uu6xyetmagp.module.utilities_cmek.module.validations.module.api-enbaled.data.google_project_service.project_service",
        "type": "google_project_service"
      },
      "status": "pass"
    },
    {
      "address": {
        "kind": "resource",
        "mode": "data",
        "module": "module.taxi-spt-rhel9-uu6xyetmagp.module.utilities_cmek.module.validations.module.cmek",
        "name": "kms_crypto_key",
        "to_display": "module.taxi-spt-rhel9-uu6xyetmagp.module.utilities_cmek.module.validations.module.cmek.data.google_kms_crypto_key.kms_crypto_key",
        "type": "google_kms_crypto_key"
      },
      "status": "pass",
      "instances": [
        {
          "address": {
            "module": "module.taxi-spt-rhel9-uu6xyetmagp.module.utilities_cmek.module.validations.module.cmek[0]",
            "to_display": "module.taxi-spt-rhel9-uu6xyetmagp.module.utilities_cmek.module.validations.module.cmek[0].data.google_kms_crypto_key.kms_crypto_key"
          },
          "status": "pass"
        }
      ]
    },
    {
      "address": {
        "kind": "var",
        "module": "module.taxi-spt-rhel9-uu6xyetmagp.module.utilities_cmek.module.validations.module.labels",
        "name": "labels",
        "to_display": "module.taxi-spt-rhel9-uu6xyetmagp.module.utilities_cmek.module.validations.module.labels.var.labels"
      },
      "status": "pass"
    },
    {
      "address": {
        "kind": "resource",
        "mode": "data",
        "module": "module.taxi-spt-rhel9-uu6xyetmagp.module.utilities_cmek.module.validations.module.network",
        "name": "compute_network",
        "to_display": "module.taxi-spt-rhel9-uu6xyetmagp.module.utilities_cmek.module.validations.module.network.data.google_compute_network.compute_network",
        "type": "google_compute_network"
      },
      "status": "pass"
    },
    {
      "address": {
        "kind": "resource",
        "mode": "data",
        "module": "module.taxi-spt-rhel9-uu6xyetmagp.module.utilities_cmek.module.validations.module.network",
        "name": "compute_subnetwork",
        "to_display": "module.taxi-spt-rhel9-uu6xyetmagp.module.utilities_cmek.module.validations.module.network.data.google_compute_subnetwork.compute_subnetwork",
        "type": "google_compute_subnetwork"
      },
      "status": "pass"
    },
    {
      "address": {
        "kind": "var",
        "module": "module.taxi-spt-rhel9-uu6xyetmagp.module.utilities_cmek.module.validations.module.region",
        "name": "region",
        "to_display": "module.taxi-spt-rhel9-uu6xyetmagp.module.utilities_cmek.module.validations.module.region.var.region"
      },
      "status": "pass"
    },
    {
      "address": {
        "kind": "resource",
        "mode": "data",
        "module": "module.taxi-spt-rhel9-uu6xyetmagp.module.validations.module.api-enbaled",
        "name": "project_service",
        "to_display": "module.taxi-spt-rhel9-uu6xyetmagp.module.validations.module.api-enbaled.data.google_project_service.project_service",
        "type": "google_project_service"
      },
      "status": "pass",
      "instances": [
        {
          "address": {
            "module": "module.taxi-spt-rhel9-uu6xyetmagp.module.validations.module.api-enbaled[0]",
            "to_display": "module.taxi-spt-rhel9-uu6xyetmagp.module.validations.module.api-enbaled[0].data.google_project_service.project_service"
          },
          "status": "pass"
        }
      ]
    },
    {
      "address": {
        "kind": "resource",
        "mode": "data",
        "module": "module.taxi-spt-rhel9-uu6xyetmagp.module.validations.module.cmek",
        "name": "kms_crypto_key",
        "to_display": "module.taxi-spt-rhel9-uu6xyetmagp.module.validations.module.cmek.data.google_kms_crypto_key.kms_crypto_key",
        "type": "google_kms_crypto_key"
      },
      "status": "pass"
    },
    {
      "address": {
        "kind": "var",
        "module": "module.taxi-spt-rhel9-uu6xyetmagp.module.validations.module.labels",
        "name": "labels",
        "to_display": "module.taxi-spt-rhel9-uu6xyetmagp.module.validations.module.labels.var.labels"
      },
      "status": "pass",
      "instances": [
        {
          "address": {
            "module": "module.taxi-spt-rhel9-uu6xyetmagp.module.validations.module.labels[0]",
            "to_display": "module.taxi-spt-rhel9-uu6xyetmagp.module.validations.module.labels[0].var.labels"
          },
          "status": "pass"
        }
      ]
    },
    {
      "address": {
        "kind": "resource",
        "mode": "data",
        "module": "module.taxi-spt-rhel9-uu6xyetmagp.module.validations.module.network",
        "name": "compute_network",
        "to_display": "module.taxi-spt-rhel9-uu6xyetmagp.module.validations.module.network.data.google_compute_network.compute_network",
        "type": "google_compute_network"
      },
      "status": "pass",
      "instances": [
        {
          "address": {
            "instance_key": 0,
            "module": "module.taxi-spt-rhel9-uu6xyetmagp.module.validations.module.network[0]",
            "to_display": "module.taxi-spt-rhel9-uu6xyetmagp.module.validations.module.network[0].data.google_compute_network.compute_network[0]"
          },
          "status": "pass"
        }
      ]
    },
    {
      "address": {
        "kind": "resource",
        "mode": "data",
        "module": "module.taxi-spt-rhel9-uu6xyetmagp.module.validations.module.network",
        "name": "compute_subnetwork",
        "to_display": "module.taxi-spt-rhel9-uu6xyetmagp.module.validations.module.network.data.google_compute_subnetwork.compute_subnetwork",
        "type": "google_compute_subnetwork"
      },
      "status": "pass",
      "instances": [
        {
          "address": {
            "instance_key": 0,
            "module": "module.taxi-spt-rhel9-uu6xyetmagp.module.validations.module.network[0]",
            "to_display": "module.taxi-spt-rhel9-uu6xyetmagp.module.validations.module.network[0].data.google_compute_subnetwork.compute_subnetwork[0]"
          },
          "status": "pass"
        }
      ]
    },
    {
      "address": {
        "kind": "var",
        "module": "module.taxi-spt-rhel9-uu6xyetmagp.module.validations.module.region",
        "name": "region",
        "to_display": "module.taxi-spt-rhel9-uu6xyetmagp.module.validations.module.region.var.region"
      },
      "status": "pass",
      "instances": [
        {
          "address": {
            "module": "module.taxi-spt-rhel9-uu6xyetmagp.module.validations.module.region[0]",
            "to_display": "module.taxi-spt-rhel9-uu6xyetmagp.module.validations.module.region[0].var.region"
          },
          "status": "pass"
        }
      ]
    },
    {
      "address": {
        "kind": "var",
        "module": "module.taxi-spt-rhel9-uu6xyetmagp",
        "name": "additional_disks",
        "to_display": "module.taxi-spt-rhel9-uu6xyetmagp.var.additional_disks"
      },
      "status": "pass",
      "instances": [
        {
          "address": {
            "module": "module.taxi-spt-rhel9-uu6xyetmagp",
            "to_display": "module.taxi-spt-rhel9-uu6xyetmagp.var.additional_disks"
          },
          "status": "pass"
        }
      ]
    },
    {
      "address": {
        "kind": "var",
        "module": "module.taxi-spt-rhel9-uu6xyetmagp",
        "name": "description",
        "to_display": "module.taxi-spt-rhel9-uu6xyetmagp.var.description"
      },
      "status": "pass",
      "instances": [
        {
          "address": {
            "module": "module.taxi-spt-rhel9-uu6xyetmagp",
            "to_display": "module.taxi-spt-rhel9-uu6xyetmagp.var.description"
          },
          "status": "pass"
        }
      ]
    },
    {
      "address": {
        "kind": "var",
        "module": "module.taxi-spt-rhel9-uu6xyetmagp",
        "name": "line_of_business",
        "to_display": "module.taxi-spt-rhel9-uu6xyetmagp.var.line_of_business"
      },
      "status": "pass",
      "instances": [
        {
          "address": {
            "module": "module.taxi-spt-rhel9-uu6xyetmagp",
            "to_display": "module.taxi-spt-rhel9-uu6xyetmagp.var.line_of_business"
          },
          "status": "pass"
        }
      ]
    },
    {
      "address": {
        "kind": "var",
        "module": "module.taxi-spt-rhel9-uu6xyetmagp",
        "name": "machine_type",
        "to_display": "module.taxi-spt-rhel9-uu6xyetmagp.var.machine_type"
      },
      "status": "pass",
      "instances": [
        {
          "address": {
            "module": "module.taxi-spt-rhel9-uu6xyetmagp",
            "to_display": "module.taxi-spt-rhel9-uu6xyetmagp.var.machine_type"
          },
          "status": "pass"
        }
      ]
    },
    {
      "address": {
        "kind": "var",
        "module": "module.taxi-spt-rhel9-uu6xyetmagp",
        "name": "os_type",
        "to_display": "module.taxi-spt-rhel9-uu6xyetmagp.var.os_type"
      },
      "status": "pass",
      "instances": [
        {
          "address": {
            "module": "module.taxi-spt-rhel9-uu6xyetmagp",
            "to_display": "module.taxi-spt-rhel9-uu6xyetmagp.var.os_type"
          },
          "status": "pass"
        }
      ]
    },
    {
      "address": {
        "kind": "var",
        "module": "module.taxi-spt-rhel9-uu6xyetmagp",
        "name": "zone",
        "to_display": "module.taxi-spt-rhel9-uu6xyetmagp.var.zone"
      },
      "status": "pass",
      "instances": [
        {
          "address": {
            "module": "module.taxi-spt-rhel9-uu6xyetmagp",
            "to_display": "module.taxi-spt-rhel9-uu6xyetmagp.var.zone"
          },
          "status": "pass"
        }
      ]
    },
    {
      "address": {
        "kind": "var",
        "name": "additional_disks",
        "to_display": "var.additional_disks"
      },
      "status": "pass",
      "instances": [
        {
          "address": {
            "to_display": "var.additional_disks"
          },
          "status": "pass"
        }
      ]
    },
    {
      "address": {
        "kind": "var",
        "name": "description",
        "to_display": "var.description"
      },
      "status": "pass",
      "instances": [
        {
          "address": {
            "to_display": "var.description"
          },
          "status": "pass"
        }
      ]
    },
    {
      "address": {
        "kind": "var",
        "name": "line_of_business",
        "to_display": "var.line_of_business"
      },
      "status": "pass",
      "instances": [
        {
          "address": {
            "to_display": "var.line_of_business"
          },
          "status": "pass"
        }
      ]
    },
    {
      "address": {
        "kind": "var",
        "name": "machine_type",
        "to_display": "var.machine_type"
      },
      "status": "pass",
      "instances": [
        {
          "address": {
            "to_display": "var.machine_type"
          },
          "status": "pass"
        }
      ]
    },
    {
      "address": {
        "kind": "var",
        "name": "os_type",
        "to_display": "var.os_type"
      },
      "status": "pass",
      "instances": [
        {
          "address": {
            "to_display": "var.os_type"
          },
          "status": "pass"
        }
      ]
    },
    {
      "address": {
        "kind": "var",
        "name": "zone",
        "to_display": "var.zone"
      },
      "status": "pass",
      "instances": [
        {
          "address": {
            "to_display": "var.zone"
          },
          "status": "pass"
        }
      ]
    }
  ],
  "timestamp": "2025-07-09T22:20:38Z",
  "applyable": true,
  "complete": true,
  "errored": false
}
