{
    "format_version": "1.2",
    "terraform_version": "1.7.5",
    "planned_values": {
        "root_module": {
            "resources": [
                {
                    "address": "aws_api_gateway_rest_api.api_gate_rest_api",
                    "mode": "managed",
                    "type": "aws_api_gateway_rest_api",
                    "name": "api_gate_rest_api",
                    "provider_name": "registry.terraform.io/hashicorp/aws",
                    "schema_version": 0,
                    "values": {
                        "body": null,
                        "endpoint_configuration": [
                            {
                                "types": [
                                    "PRIVATE"
                                ]
                            }
                        ],
                        "fail_on_warnings": null,
                        "name": "api_gateway_rest-api-example",
                        "parameters": null,
                        "put_rest_api_mode": null,
                        "region": "us-east-1",
                        "tags": null
                    },
                    "sensitive_values": {
                        "binary_media_types": [],
                        "endpoint_configuration": [
                            {
                                "types": [
                                    false
                                ],
                                "vpc_endpoint_ids": []
                            }
                        ],
                        "tags_all": {}
                    }
                }
            ]
        }
    },
    "resource_changes": [
        {
            "address": "aws_api_gateway_rest_api.api_gate_rest_api",
            "mode": "managed",
            "type": "aws_api_gateway_rest_api",
            "name": "api_gate_rest_api",
            "provider_name": "registry.terraform.io/hashicorp/aws",
            "change": {
                "actions": [
                    "create"
                ],
                "before": null,
                "after": {
                    "body": null,
                    "endpoint_configuration": [
                        {
                            "types": [
                                "PRIVATE"
                            ]
                        }
                    ],
                    "fail_on_warnings": null,
                    "name": "api_gateway_rest-api-example",
                    "parameters": null,
                    "put_rest_api_mode": null,
                    "region": "us-east-1",
                    "tags": null
                },
                "after_unknown": {
                    "api_key_source": true,
                    "arn": true,
                    "binary_media_types": true,
                    "created_date": true,
                    "description": true,
                    "disable_execute_api_endpoint": true,
                    "endpoint_configuration": [
                        {
                            "ip_address_type": true,
                            "types": [
                                false
                            ],
                            "vpc_endpoint_ids": true
                        }
                    ],
                    "execution_arn": true,
                    "id": true,
                    "minimum_compression_size": true,
                    "policy": true,
                    "root_resource_id": true,
                    "tags_all": true
                },
                "before_sensitive": false,
                "after_sensitive": {
                    "binary_media_types": [],
                    "endpoint_configuration": [
                        {
                            "types": [
                                false
                            ],
                            "vpc_endpoint_ids": []
                        }
                    ],
                    "tags_all": {}
                }
            }
        }
    ],
    "configuration": {
        "provider_config": {
            "aws": {
                "name": "aws",
                "full_name": "registry.terraform.io/hashicorp/aws",
                "version_constraint": "6.4.0",
                "expressions": {
                    "profile": {
                        "constant_value": "saurabh-eis-dev"
                    },
                    "region": {
                        "constant_value": "us-east-1"
                    }
                }
            }
        },
        "root_module": {
            "resources": [
                {
                    "address": "aws_api_gateway_rest_api.api_gate_rest_api",
                    "mode": "managed",
                    "type": "aws_api_gateway_rest_api",
                    "name": "api_gate_rest_api",
                    "provider_config_key": "aws",
                    "expressions": {
                        "endpoint_configuration": [
                            {
                                "types": {
                                    "constant_value": [
                                        "PRIVATE"
                                    ]
                                }
                            }
                        ],
                        "name": {
                            "constant_value": "api_gateway_rest-api-example"
                        }
                    },
                    "schema_version": 0
                }
            ]
        }
    },
    "timestamp": "2025-08-07T08:58:26Z",
    "errored": false
}